{
  "version": 4,
  "terraform_version": "1.0.7",
  "serial": 258,
  "lineage": "70fe86f9-3c36-9f14-0f1e-99f83fd959ca",
  "outputs": {
    "ec2_global_kubernetes_ips": {
      "value": "3.71.152.185",
      "type": "string"
    }
  },
  "resources": [
    {
      "mode": "data",
      "type": "http",
      "name": "MyPublicIp",
      "provider": "provider[\"registry.terraform.io/hashicorp/http\"]",
      "instances": [
        {
          "schema_version": 0,
          "attributes": {
            "body": "87.68.246.121\n",
            "ca_cert_pem": null,
            "id": "https://ipv4.icanhazip.com",
            "insecure": null,
            "method": null,
            "request_body": null,
            "request_headers": null,
            "request_timeout_ms": null,
            "response_body": "87.68.246.121\n",
            "response_body_base64": "ODcuNjguMjQ2LjEyMQo=",
            "response_headers": {
              "Access-Control-Allow-Methods": "GET",
              "Access-Control-Allow-Origin": "*",
              "Alt-Svc": "h3=\":443\"; ma=86400",
              "Cf-Ray": "863ace60799f7d9a-TLV",
              "Content-Length": "14",
              "Content-Type": "text/plain",
              "Date": "Wed, 13 Mar 2024 08:55:38 GMT",
              "Server": "cloudflare",
              "Set-Cookie": "__cf_bm=hvJaDXsB7_cL0xd06ISgZsxj5YoRcQ84_lb5K823q1c-1710320138-1.0.1.1-0v6.AfC5s2R1BbxAWWM8U1DQRZRv27Ms.x40cCNKZAq4hFrode4A4FJpEvdy1tXH_cFiIdhBSmPx0i9TfYuy_g; path=/; expires=Wed, 13-Mar-24 09:25:38 GMT; domain=.icanhazip.com; HttpOnly; Secure; SameSite=None",
              "Vary": "Accept-Encoding"
            },
            "retry": null,
            "status_code": 200,
            "url": "https://ipv4.icanhazip.com"
          },
          "sensitive_attributes": []
        }
      ]
    },
    {
      "mode": "managed",
      "type": "aws_eip",
      "name": "kubernetes-cluster-ec2-elastic-ip",
      "provider": "provider[\"registry.terraform.io/hashicorp/aws\"]",
      "instances": [
        {
          "schema_version": 0,
          "attributes": {
            "address": null,
            "allocation_id": "eipalloc-010f073187602ccf5",
            "associate_with_private_ip": null,
            "association_id": "eipassoc-028fe197736216edd",
            "carrier_ip": "",
            "customer_owned_ip": "",
            "customer_owned_ipv4_pool": "",
            "domain": "vpc",
            "id": "eipalloc-010f073187602ccf5",
            "instance": "i-03083415fd06ade88",
            "network_border_group": "eu-central-1",
            "network_interface": "eni-008590a9987f85ff5",
            "private_dns": "ip-10-0-1-13.eu-central-1.compute.internal",
            "private_ip": "10.0.1.13",
            "public_dns": "ec2-3-71-152-185.eu-central-1.compute.amazonaws.com",
            "public_ip": "3.71.152.185",
            "public_ipv4_pool": "amazon",
            "tags": {
              "kubernetes.io/cluster/kubernetes": "owned"
            },
            "tags_all": {
              "kubernetes.io/cluster/kubernetes": "owned"
            },
            "timeouts": null,
            "vpc": true
          },
          "sensitive_attributes": [],
          "private": "eyJlMmJmYjczMC1lY2FhLTExZTYtOGY4OC0zNDM2M2JjN2M0YzAiOnsiZGVsZXRlIjoxODAwMDAwMDAwMDAsInJlYWQiOjkwMDAwMDAwMDAwMCwidXBkYXRlIjozMDAwMDAwMDAwMDB9fQ==",
          "dependencies": [
            "aws_instance.kubernetes-cluster-ec2",
            "aws_key_pair.kubernets-ec2-key-pair",
            "aws_security_group.kubernetes-cluster-security-group",
            "aws_subnet.kubernetes-vpc-public-subnet",
            "aws_vpc.kubernetes-vpc",
            "tls_private_key.kubernetes-managment-key-pair",
            "aws_iam_instance_profile.kubernetes-cluster-ec2-instance-profile",
            "aws_iam_role.kubernetes-master-node-role1"
          ]
        }
      ]
    },
    {
      "mode": "managed",
      "type": "aws_iam_instance_profile",
      "name": "kubernetes-cluster-ec2-instance-profile",
      "provider": "provider[\"registry.terraform.io/hashicorp/aws\"]",
      "instances": [
        {
          "schema_version": 0,
          "attributes": {
            "arn": "arn:aws:iam::750353367788:instance-profile/kubernetes-cluster-ec2-instance-profile",
            "create_date": "2024-03-11T17:55:36Z",
            "id": "kubernetes-cluster-ec2-instance-profile",
            "name": "kubernetes-cluster-ec2-instance-profile",
            "name_prefix": "",
            "path": "/",
            "role": "kubernetes-master-node-role1",
            "tags": {},
            "tags_all": {},
            "unique_id": "AIPA25NELYLWDIZU6QRJL"
          },
          "sensitive_attributes": [],
          "private": "bnVsbA==",
          "dependencies": [
            "aws_iam_role.kubernetes-master-node-role1"
          ]
        }
      ]
    },
    {
      "mode": "managed",
      "type": "aws_iam_policy",
      "name": "kubernetes-master-node-policy1",
      "provider": "provider[\"registry.terraform.io/hashicorp/aws\"]",
      "instances": [
        {
          "schema_version": 0,
          "attributes": {
            "arn": "arn:aws:iam::750353367788:policy/kubernetes-master-node-policy1",
            "description": "",
            "id": "arn:aws:iam::750353367788:policy/kubernetes-master-node-policy1",
            "name": "kubernetes-master-node-policy1",
            "name_prefix": "",
            "path": "/",
            "policy": "{\"Statement\":[{\"Action\":[\"autoscaling:DescribeAutoScalingGroups\",\"autoscaling:DescribeLaunchConfigurations\",\"autoscaling:DescribeTags\",\"ec2:DescribeInstances\",\"ec2:DescribeRegions\",\"ec2:DescribeRouteTables\",\"ec2:DescribeSecurityGroups\",\"ec2:DescribeSubnets\",\"ec2:DescribeVolumes\",\"ec2:CreateSecurityGroup\",\"ec2:CreateTags\",\"ec2:CreateVolume\",\"ec2:ModifyInstanceAttribute\",\"ec2:ModifyVolume\",\"ec2:AttachVolume\",\"ec2:AuthorizeSecurityGroupIngress\",\"ec2:CreateRoute\",\"ec2:DeleteRoute\",\"ec2:DeleteSecurityGroup\",\"ec2:DeleteVolume\",\"ec2:DetachVolume\",\"ec2:RevokeSecurityGroupIngress\",\"ec2:DescribeVpcs\",\"elasticloadbalancing:AddTags\",\"elasticloadbalancing:AttachLoadBalancerToSubnets\",\"elasticloadbalancing:ApplySecurityGroupsToLoadBalancer\",\"elasticloadbalancing:CreateLoadBalancer\",\"elasticloadbalancing:CreateLoadBalancerPolicy\",\"elasticloadbalancing:CreateLoadBalancerListeners\",\"elasticloadbalancing:ConfigureHealthCheck\",\"elasticloadbalancing:DeleteLoadBalancer\",\"elasticloadbalancing:DeleteLoadBalancerListeners\",\"elasticloadbalancing:DescribeLoadBalancers\",\"elasticloadbalancing:DescribeLoadBalancerAttributes\",\"elasticloadbalancing:DetachLoadBalancerFromSubnets\",\"elasticloadbalancing:DeregisterInstancesFromLoadBalancer\",\"elasticloadbalancing:ModifyLoadBalancerAttributes\",\"elasticloadbalancing:RegisterInstancesWithLoadBalancer\",\"elasticloadbalancing:SetLoadBalancerPoliciesForBackendServer\",\"elasticloadbalancing:AddTags\",\"elasticloadbalancing:CreateListener\",\"elasticloadbalancing:CreateTargetGroup\",\"elasticloadbalancing:DeleteListener\",\"elasticloadbalancing:DeleteTargetGroup\",\"elasticloadbalancing:DescribeListeners\",\"elasticloadbalancing:DescribeLoadBalancerPolicies\",\"elasticloadbalancing:DescribeTargetGroups\",\"elasticloadbalancing:DescribeTargetHealth\",\"elasticloadbalancing:ModifyListener\",\"elasticloadbalancing:ModifyTargetGroup\",\"elasticloadbalancing:RegisterTargets\",\"elasticloadbalancing:SetLoadBalancerPoliciesOfListener\",\"iam:CreateServiceLinkedRole\",\"kms:DescribeKey\"],\"Effect\":\"Allow\",\"Resource\":[\"*\"]}],\"Version\":\"2012-10-17\"}",
            "policy_id": "ANPA25NELYLWEITTBMPKR",
            "tags": {
              "kubernetes.io/cluster/kubernetes": "owned"
            },
            "tags_all": {
              "kubernetes.io/cluster/kubernetes": "owned"
            }
          },
          "sensitive_attributes": [],
          "private": "bnVsbA=="
        }
      ]
    },
    {
      "mode": "managed",
      "type": "aws_iam_policy",
      "name": "kubernetes-worker-node-policy1",
      "provider": "provider[\"registry.terraform.io/hashicorp/aws\"]",
      "instances": [
        {
          "schema_version": 0,
          "attributes": {
            "arn": "arn:aws:iam::750353367788:policy/kubernetes-worker-node-policy1",
            "description": "",
            "id": "arn:aws:iam::750353367788:policy/kubernetes-worker-node-policy1",
            "name": "kubernetes-worker-node-policy1",
            "name_prefix": "",
            "path": "/",
            "policy": "{\"Statement\":[{\"Action\":[\"ec2:DescribeInstances\",\"ec2:DescribeRegions\",\"ecr:GetAuthorizationToken\",\"ecr:BatchCheckLayerAvailability\",\"ecr:GetDownloadUrlForLayer\",\"ecr:GetRepositoryPolicy\",\"ecr:DescribeRepositories\",\"ecr:ListImages\",\"ecr:BatchGetImage\"],\"Effect\":\"Allow\",\"Resource\":\"*\"}],\"Version\":\"2012-10-17\"}",
            "policy_id": "ANPA25NELYLWEBMLKDCTG",
            "tags": {
              "kubernetes.io/cluster/kubernetes": "owned"
            },
            "tags_all": {
              "kubernetes.io/cluster/kubernetes": "owned"
            }
          },
          "sensitive_attributes": [],
          "private": "bnVsbA=="
        }
      ]
    },
    {
      "mode": "managed",
      "type": "aws_iam_policy_attachment",
      "name": "kubernetes-master-node-role-policy-attachment-master-policy",
      "provider": "provider[\"registry.terraform.io/hashicorp/aws\"]",
      "instances": [
        {
          "schema_version": 0,
          "attributes": {
            "groups": [],
            "id": "kubernetes-master-node-role-policy-attachment-master-policy",
            "name": "kubernetes-master-node-role-policy-attachment-master-policy",
            "policy_arn": "arn:aws:iam::750353367788:policy/kubernetes-master-node-policy1",
            "roles": [
              "kubernetes-master-node-role1"
            ],
            "users": []
          },
          "sensitive_attributes": [],
          "private": "bnVsbA==",
          "dependencies": [
            "aws_iam_policy.kubernetes-master-node-policy1",
            "aws_iam_role.kubernetes-master-node-role1"
          ]
        }
      ]
    },
    {
      "mode": "managed",
      "type": "aws_iam_policy_attachment",
      "name": "kubernetes-master-node-role-policy-attachment-worker-policy",
      "provider": "provider[\"registry.terraform.io/hashicorp/aws\"]",
      "instances": [
        {
          "schema_version": 0,
          "attributes": {
            "groups": [],
            "id": "kubernetes-master-node-role-policy-attachment-worker-policy",
            "name": "kubernetes-master-node-role-policy-attachment-worker-policy",
            "policy_arn": "arn:aws:iam::750353367788:policy/kubernetes-worker-node-policy1",
            "roles": [
              "kubernetes-master-node-role1"
            ],
            "users": []
          },
          "sensitive_attributes": [],
          "private": "bnVsbA==",
          "dependencies": [
            "aws_iam_policy.kubernetes-worker-node-policy1",
            "aws_iam_role.kubernetes-master-node-role1"
          ]
        }
      ]
    },
    {
      "mode": "managed",
      "type": "aws_iam_role",
      "name": "kubernetes-master-node-role1",
      "provider": "provider[\"registry.terraform.io/hashicorp/aws\"]",
      "instances": [
        {
          "schema_version": 0,
          "attributes": {
            "arn": "arn:aws:iam::750353367788:role/kubernetes-master-node-role1",
            "assume_role_policy": "{\"Statement\":[{\"Action\":\"sts:AssumeRole\",\"Effect\":\"Allow\",\"Principal\":{\"Service\":\"ec2.amazonaws.com\"}}],\"Version\":\"2012-10-17\"}",
            "create_date": "2024-03-11T17:55:36Z",
            "description": "",
            "force_detach_policies": false,
            "id": "kubernetes-master-node-role1",
            "inline_policy": [],
            "managed_policy_arns": [
              "arn:aws:iam::750353367788:policy/kubernetes-master-node-policy1",
              "arn:aws:iam::750353367788:policy/kubernetes-worker-node-policy1"
            ],
            "max_session_duration": 3600,
            "name": "kubernetes-master-node-role1",
            "name_prefix": "",
            "path": "/",
            "permissions_boundary": "",
            "tags": {
              "kubernetes.io/cluster/kubernetes": "owned"
            },
            "tags_all": {
              "kubernetes.io/cluster/kubernetes": "owned"
            },
            "unique_id": "AROA25NELYLWA3YXN3KXW"
          },
          "sensitive_attributes": [],
          "private": "bnVsbA=="
        }
      ]
    },
    {
      "mode": "managed",
      "type": "aws_instance",
      "name": "kubernetes-cluster-ec2",
      "provider": "provider[\"registry.terraform.io/hashicorp/aws\"]",
      "instances": [
        {
          "schema_version": 1,
          "attributes": {
            "ami": "ami-0faab6bdbac9486fb",
            "arn": "arn:aws:ec2:eu-central-1:750353367788:instance/i-03083415fd06ade88",
            "associate_public_ip_address": true,
            "availability_zone": "eu-central-1b",
            "capacity_reservation_specification": [
              {
                "capacity_reservation_preference": "open",
                "capacity_reservation_target": []
              }
            ],
            "cpu_core_count": 1,
            "cpu_options": [
              {
                "amd_sev_snp": "",
                "core_count": 1,
                "threads_per_core": 2
              }
            ],
            "cpu_threads_per_core": 2,
            "credit_specification": [
              {
                "cpu_credits": "unlimited"
              }
            ],
            "disable_api_stop": false,
            "disable_api_termination": false,
            "ebs_block_device": [],
            "ebs_optimized": false,
            "enclave_options": [
              {
                "enabled": false
              }
            ],
            "ephemeral_block_device": [],
            "get_password_data": false,
            "hibernation": false,
            "host_id": "",
            "host_resource_group_arn": null,
            "iam_instance_profile": "kubernetes-cluster-ec2-instance-profile",
            "id": "i-03083415fd06ade88",
            "instance_initiated_shutdown_behavior": "stop",
            "instance_lifecycle": "",
            "instance_market_options": [],
            "instance_state": "running",
            "instance_type": "t3.medium",
            "ipv6_address_count": 0,
            "ipv6_addresses": [],
            "key_name": "kubernetes-managment-key-pair",
            "launch_template": [],
            "maintenance_options": [
              {
                "auto_recovery": "default"
              }
            ],
            "metadata_options": [
              {
                "http_endpoint": "enabled",
                "http_protocol_ipv6": "disabled",
                "http_put_response_hop_limit": 1,
                "http_tokens": "optional",
                "instance_metadata_tags": "disabled"
              }
            ],
            "monitoring": false,
            "network_interface": [],
            "outpost_arn": "",
            "password_data": "",
            "placement_group": "",
            "placement_partition_number": 0,
            "primary_network_interface_id": "eni-008590a9987f85ff5",
            "private_dns": "ip-10-0-1-13.eu-central-1.compute.internal",
            "private_dns_name_options": [
              {
                "enable_resource_name_dns_a_record": false,
                "enable_resource_name_dns_aaaa_record": false,
                "hostname_type": "ip-name"
              }
            ],
            "private_ip": "10.0.1.13",
            "public_dns": "",
            "public_ip": "3.71.152.185",
            "root_block_device": [
              {
                "delete_on_termination": true,
                "device_name": "/dev/sda1",
                "encrypted": false,
                "iops": 100,
                "kms_key_id": "",
                "tags": {},
                "tags_all": {},
                "throughput": 0,
                "volume_id": "vol-07a22958e4e19b671",
                "volume_size": 8,
                "volume_type": "gp2"
              }
            ],
            "secondary_private_ips": [],
            "security_groups": [],
            "source_dest_check": true,
            "spot_instance_request_id": "",
            "subnet_id": "subnet-0a5e732af6600c9e2",
            "tags": {
              "kubernetes.io/cluster/kubernetes": "owned"
            },
            "tags_all": {
              "kubernetes.io/cluster/kubernetes": "owned"
            },
            "tenancy": "default",
            "timeouts": null,
            "user_data": null,
            "user_data_base64": null,
            "user_data_replace_on_change": false,
            "volume_tags": null,
            "vpc_security_group_ids": [
              "sg-06c2abdcf5a5f6f76"
            ]
          },
          "sensitive_attributes": [],
          "private": "eyJlMmJmYjczMC1lY2FhLTExZTYtOGY4OC0zNDM2M2JjN2M0YzAiOnsiY3JlYXRlIjo2MDAwMDAwMDAwMDAsImRlbGV0ZSI6MTIwMDAwMDAwMDAwMCwicmVhZCI6OTAwMDAwMDAwMDAwLCJ1cGRhdGUiOjYwMDAwMDAwMDAwMH0sInNjaGVtYV92ZXJzaW9uIjoiMSJ9",
          "dependencies": [
            "aws_iam_role.kubernetes-master-node-role1",
            "aws_key_pair.kubernets-ec2-key-pair",
            "aws_security_group.kubernetes-cluster-security-group",
            "aws_subnet.kubernetes-vpc-public-subnet",
            "aws_vpc.kubernetes-vpc",
            "tls_private_key.kubernetes-managment-key-pair",
            "aws_iam_instance_profile.kubernetes-cluster-ec2-instance-profile"
          ]
        }
      ]
    },
    {
      "mode": "managed",
      "type": "aws_internet_gateway",
      "name": "kubernetes-vpc-internet-gateway",
      "provider": "provider[\"registry.terraform.io/hashicorp/aws\"]",
      "instances": [
        {
          "schema_version": 0,
          "attributes": {
            "arn": "arn:aws:ec2:eu-central-1:750353367788:internet-gateway/igw-0fd8b95d317fb4211",
            "id": "igw-0fd8b95d317fb4211",
            "owner_id": "750353367788",
            "tags": {
              "kubernetes.io/cluster/kubernetes": "owned"
            },
            "tags_all": {
              "kubernetes.io/cluster/kubernetes": "owned"
            },
            "timeouts": null,
            "vpc_id": "vpc-0e4c3f676fffe2707"
          },
          "sensitive_attributes": [],
          "private": "eyJlMmJmYjczMC1lY2FhLTExZTYtOGY4OC0zNDM2M2JjN2M0YzAiOnsiY3JlYXRlIjoxMjAwMDAwMDAwMDAwLCJkZWxldGUiOjEyMDAwMDAwMDAwMDAsInVwZGF0ZSI6MTIwMDAwMDAwMDAwMH19",
          "dependencies": [
            "aws_vpc.kubernetes-vpc"
          ]
        }
      ]
    },
    {
      "mode": "managed",
      "type": "aws_key_pair",
      "name": "kubernets-ec2-key-pair",
      "provider": "provider[\"registry.terraform.io/hashicorp/aws\"]",
      "instances": [
        {
          "schema_version": 1,
          "attributes": {
            "arn": "arn:aws:ec2:eu-central-1:750353367788:key-pair/kubernetes-managment-key-pair",
            "fingerprint": "b4:db:78:6b:5f:ca:99:5a:3e:a9:6a:8c:9b:2b:22:fc",
            "id": "kubernetes-managment-key-pair",
            "key_name": "kubernetes-managment-key-pair",
            "key_name_prefix": "",
            "key_pair_id": "key-045d0a499f86ea245",
            "key_type": "rsa",
            "public_key": "ssh-rsa AAAAB3NzaC1yc2EAAAADAQABAAABAQCjt4yRjacyy5vSQbmI7E9FJytiKSgmkMEVS+ngQyv4JVxl498InZycgXY87HzGu4kurWkDMVRjvMOUNlUW8RsL2JG11Ahs3llFlzq0+XQzD8imSCWql/B5dd/GrSnwtzWQbi0jV6/goK2k52uDBIGDPZOG0oOu/UZYpbtNvRqctJ/nNRBv5+fCfYvH7eWtHeAn3M8RgIMPYnf7U3R+4oAyRBrIj1sodyD70JTs5AlxbMC52ATxtQb+B4hzC9VIbfKxVi67+n5HkYVNkoFr1oYPl4y7uoOUezGgWUcItuL2Dl86O+dRKk3dPGPDRUiqfXQhf5au0T/zz8Pb4NmYJH2n",
            "tags": {},
            "tags_all": {}
          },
          "sensitive_attributes": [],
          "private": "eyJzY2hlbWFfdmVyc2lvbiI6IjEifQ==",
          "dependencies": [
            "tls_private_key.kubernetes-managment-key-pair"
          ]
        }
      ]
    },
    {
      "mode": "managed",
      "type": "aws_route_table",
      "name": "kubernetes-vpc-route-table",
      "provider": "provider[\"registry.terraform.io/hashicorp/aws\"]",
      "instances": [
        {
          "schema_version": 0,
          "attributes": {
            "arn": "arn:aws:ec2:eu-central-1:750353367788:route-table/rtb-05a1bb5c1407824e9",
            "id": "rtb-05a1bb5c1407824e9",
            "owner_id": "750353367788",
            "propagating_vgws": [],
            "route": [
              {
                "carrier_gateway_id": "",
                "cidr_block": "0.0.0.0/0",
                "core_network_arn": "",
                "destination_prefix_list_id": "",
                "egress_only_gateway_id": "",
                "gateway_id": "igw-0fd8b95d317fb4211",
                "ipv6_cidr_block": "",
                "local_gateway_id": "",
                "nat_gateway_id": "",
                "network_interface_id": "",
                "transit_gateway_id": "",
                "vpc_endpoint_id": "",
                "vpc_peering_connection_id": ""
              }
            ],
            "tags": {
              "kubernetes.io/cluster/kubernetes": "owned"
            },
            "tags_all": {
              "kubernetes.io/cluster/kubernetes": "owned"
            },
            "timeouts": null,
            "vpc_id": "vpc-0e4c3f676fffe2707"
          },
          "sensitive_attributes": [],
          "private": "eyJlMmJmYjczMC1lY2FhLTExZTYtOGY4OC0zNDM2M2JjN2M0YzAiOnsiY3JlYXRlIjozMDAwMDAwMDAwMDAsImRlbGV0ZSI6MzAwMDAwMDAwMDAwLCJ1cGRhdGUiOjEyMDAwMDAwMDAwMH19",
          "dependencies": [
            "aws_internet_gateway.kubernetes-vpc-internet-gateway",
            "aws_vpc.kubernetes-vpc"
          ]
        }
      ]
    },
    {
      "mode": "managed",
      "type": "aws_route_table_association",
      "name": "kubernetes-vpc-route-table-associate-to-public-subnets",
      "provider": "provider[\"registry.terraform.io/hashicorp/aws\"]",
      "instances": [
        {
          "schema_version": 0,
          "attributes": {
            "gateway_id": "",
            "id": "rtbassoc-0ccefc739b0611ed8",
            "route_table_id": "rtb-05a1bb5c1407824e9",
            "subnet_id": "subnet-0a5e732af6600c9e2",
            "timeouts": null
          },
          "sensitive_attributes": [],
          "private": "eyJlMmJmYjczMC1lY2FhLTExZTYtOGY4OC0zNDM2M2JjN2M0YzAiOnsiY3JlYXRlIjozMDAwMDAwMDAwMDAsImRlbGV0ZSI6MzAwMDAwMDAwMDAwLCJ1cGRhdGUiOjEyMDAwMDAwMDAwMH19",
          "dependencies": [
            "aws_internet_gateway.kubernetes-vpc-internet-gateway",
            "aws_route_table.kubernetes-vpc-route-table",
            "aws_subnet.kubernetes-vpc-public-subnet",
            "aws_vpc.kubernetes-vpc"
          ]
        }
      ]
    },
    {
      "mode": "managed",
      "type": "aws_security_group",
      "name": "kubernetes-cluster-security-group",
      "provider": "provider[\"registry.terraform.io/hashicorp/aws\"]",
      "instances": [
        {
          "schema_version": 1,
          "attributes": {
            "arn": "arn:aws:ec2:eu-central-1:750353367788:security-group/sg-06c2abdcf5a5f6f76",
            "description": "Allow the Kuberntes cluster to communicate internally and to be managed externally",
            "egress": [
              {
                "cidr_blocks": [
                  "0.0.0.0/0"
                ],
                "description": "",
                "from_port": 0,
                "ipv6_cidr_blocks": [],
                "prefix_list_ids": [],
                "protocol": "-1",
                "security_groups": [],
                "self": false,
                "to_port": 0
              }
            ],
            "id": "sg-06c2abdcf5a5f6f76",
            "ingress": [
              {
                "cidr_blocks": [
                  "87.68.246.54/32",
                  "10.0.0.0/16"
                ],
                "description": "",
                "from_port": 0,
                "ipv6_cidr_blocks": [],
                "prefix_list_ids": [],
                "protocol": "-1",
                "security_groups": [],
                "self": false,
                "to_port": 0
              }
            ],
            "name": "kubernetes-cluster-security-group",
            "name_prefix": "",
            "owner_id": "750353367788",
            "revoke_rules_on_delete": false,
            "tags": {
              "kubernetes.io/cluster/kubernetes": "owned"
            },
            "tags_all": {
              "kubernetes.io/cluster/kubernetes": "owned"
            },
            "timeouts": null,
            "vpc_id": "vpc-0e4c3f676fffe2707"
          },
          "sensitive_attributes": [],
          "private": "eyJlMmJmYjczMC1lY2FhLTExZTYtOGY4OC0zNDM2M2JjN2M0YzAiOnsiY3JlYXRlIjo2MDAwMDAwMDAwMDAsImRlbGV0ZSI6OTAwMDAwMDAwMDAwfSwic2NoZW1hX3ZlcnNpb24iOiIxIn0=",
          "dependencies": [
            "aws_vpc.kubernetes-vpc"
          ]
        }
      ]
    },
    {
      "mode": "managed",
      "type": "aws_subnet",
      "name": "kubernetes-vpc-public-subnet",
      "provider": "provider[\"registry.terraform.io/hashicorp/aws\"]",
      "instances": [
        {
          "schema_version": 1,
          "attributes": {
            "arn": "arn:aws:ec2:eu-central-1:750353367788:subnet/subnet-0a5e732af6600c9e2",
            "assign_ipv6_address_on_creation": false,
            "availability_zone": "eu-central-1b",
            "availability_zone_id": "euc1-az3",
            "cidr_block": "10.0.1.0/24",
            "customer_owned_ipv4_pool": "",
            "enable_dns64": false,
            "enable_lni_at_device_index": 0,
            "enable_resource_name_dns_a_record_on_launch": false,
            "enable_resource_name_dns_aaaa_record_on_launch": false,
            "id": "subnet-0a5e732af6600c9e2",
            "ipv6_cidr_block": "",
            "ipv6_cidr_block_association_id": "",
            "ipv6_native": false,
            "map_customer_owned_ip_on_launch": false,
            "map_public_ip_on_launch": false,
            "outpost_arn": "",
            "owner_id": "750353367788",
            "private_dns_hostname_type_on_launch": "ip-name",
            "tags": {
              "kubernetes.io/cluster/kubernetes": "owned"
            },
            "tags_all": {
              "kubernetes.io/cluster/kubernetes": "owned"
            },
            "timeouts": null,
            "vpc_id": "vpc-0e4c3f676fffe2707"
          },
          "sensitive_attributes": [],
          "private": "eyJlMmJmYjczMC1lY2FhLTExZTYtOGY4OC0zNDM2M2JjN2M0YzAiOnsiY3JlYXRlIjo2MDAwMDAwMDAwMDAsImRlbGV0ZSI6MTIwMDAwMDAwMDAwMH0sInNjaGVtYV92ZXJzaW9uIjoiMSJ9",
          "dependencies": [
            "aws_vpc.kubernetes-vpc"
          ]
        }
      ]
    },
    {
      "mode": "managed",
      "type": "aws_vpc",
      "name": "kubernetes-vpc",
      "provider": "provider[\"registry.terraform.io/hashicorp/aws\"]",
      "instances": [
        {
          "schema_version": 1,
          "attributes": {
            "arn": "arn:aws:ec2:eu-central-1:750353367788:vpc/vpc-0e4c3f676fffe2707",
            "assign_generated_ipv6_cidr_block": false,
            "cidr_block": "10.0.0.0/16",
            "default_network_acl_id": "acl-05b12c3478709b368",
            "default_route_table_id": "rtb-02ca80f94deb07c31",
            "default_security_group_id": "sg-01883bce04ad5215c",
            "dhcp_options_id": "dopt-0e9da1acacc25594b",
            "enable_dns_hostnames": false,
            "enable_dns_support": true,
            "enable_network_address_usage_metrics": false,
            "id": "vpc-0e4c3f676fffe2707",
            "instance_tenancy": "default",
            "ipv4_ipam_pool_id": null,
            "ipv4_netmask_length": null,
            "ipv6_association_id": "",
            "ipv6_cidr_block": "",
            "ipv6_cidr_block_network_border_group": "",
            "ipv6_ipam_pool_id": "",
            "ipv6_netmask_length": 0,
            "main_route_table_id": "rtb-02ca80f94deb07c31",
            "owner_id": "750353367788",
            "tags": {
              "kubernetes.io/cluster/kubernetes": "owned"
            },
            "tags_all": {
              "kubernetes.io/cluster/kubernetes": "owned"
            }
          },
          "sensitive_attributes": [],
          "private": "eyJzY2hlbWFfdmVyc2lvbiI6IjEifQ=="
        }
      ]
    },
    {
      "mode": "managed",
      "type": "aws_vpc_security_group_egress_rule",
      "name": "OutboundSecurityGroupAllowAllPublicTraffic",
      "provider": "provider[\"registry.terraform.io/hashicorp/aws\"]",
      "instances": [
        {
          "schema_version": 0,
          "attributes": {
            "arn": "arn:aws:ec2:eu-central-1:750353367788:security-group-rule/sgr-016945c3eeec42d36",
            "cidr_ipv4": "0.0.0.0/0",
            "cidr_ipv6": null,
            "description": null,
            "from_port": null,
            "id": "sgr-016945c3eeec42d36",
            "ip_protocol": "-1",
            "prefix_list_id": null,
            "referenced_security_group_id": null,
            "security_group_id": "sg-06c2abdcf5a5f6f76",
            "security_group_rule_id": "sgr-016945c3eeec42d36",
            "tags": null,
            "tags_all": {},
            "to_port": null
          },
          "sensitive_attributes": [],
          "dependencies": [
            "aws_security_group.kubernetes-cluster-security-group",
            "aws_vpc.kubernetes-vpc"
          ]
        }
      ]
    },
    {
      "mode": "managed",
      "type": "aws_vpc_security_group_ingress_rule",
      "name": "InboundSecurityGroupAllowAllPrivateTraffic",
      "provider": "provider[\"registry.terraform.io/hashicorp/aws\"]",
      "instances": [
        {
          "schema_version": 0,
          "attributes": {
            "arn": "arn:aws:ec2:eu-central-1:750353367788:security-group-rule/sgr-06a01ba313925e754",
            "cidr_ipv4": "10.0.0.0/16",
            "cidr_ipv6": null,
            "description": null,
            "from_port": null,
            "id": "sgr-06a01ba313925e754",
            "ip_protocol": "-1",
            "prefix_list_id": null,
            "referenced_security_group_id": null,
            "security_group_id": "sg-06c2abdcf5a5f6f76",
            "security_group_rule_id": "sgr-06a01ba313925e754",
            "tags": null,
            "tags_all": {},
            "to_port": null
          },
          "sensitive_attributes": [],
          "dependencies": [
            "aws_security_group.kubernetes-cluster-security-group",
            "aws_vpc.kubernetes-vpc"
          ]
        }
      ]
    },
    {
      "mode": "managed",
      "type": "aws_vpc_security_group_ingress_rule",
      "name": "InboundSecurityGroupAllowAllPublicTraffic",
      "provider": "provider[\"registry.terraform.io/hashicorp/aws\"]",
      "instances": [
        {
          "index_key": 0,
          "schema_version": 0,
          "attributes": {
            "arn": "arn:aws:ec2:eu-central-1:750353367788:security-group-rule/sgr-015c74a84d2a14fb0",
            "cidr_ipv4": "87.68.246.121/32",
            "cidr_ipv6": null,
            "description": null,
            "from_port": null,
            "id": "sgr-015c74a84d2a14fb0",
            "ip_protocol": "-1",
            "prefix_list_id": null,
            "referenced_security_group_id": null,
            "security_group_id": "sg-06c2abdcf5a5f6f76",
            "security_group_rule_id": "sgr-015c74a84d2a14fb0",
            "tags": null,
            "tags_all": {},
            "to_port": null
          },
          "sensitive_attributes": [],
          "dependencies": [
            "aws_security_group.kubernetes-cluster-security-group",
            "data.http.MyPublicIp"
          ]
        }
      ]
    },
    {
      "mode": "managed",
      "type": "local_file",
      "name": "kubernetes-ec2-generated-public-key-file",
      "provider": "provider[\"registry.terraform.io/hashicorp/local\"]",
      "instances": [
        {
          "schema_version": 0,
          "attributes": {
            "content": "-----BEGIN RSA PRIVATE KEY-----\nMIIEpAIBAAKCAQEAo7eMkY2nMsub0kG5iOxPRScrYikoJpDBFUvp4EMr+CVcZePf\nCJ2cnIF2POx8xruJLq1pAzFUY7zDlDZVFvEbC9iRtdQIbN5ZRZc6tPl0Mw/Ipkgl\nqpfweXXfxq0p8Lc1kG4tI1ev4KCtpOdrgwSBgz2ThtKDrv1GWKW7Tb0anLSf5zUQ\nb+fnwn2Lx+3lrR3gJ9zPEYCDD2J3+1N0fuKAMkQayI9bKHcg+9CU7OQJcWzAudgE\n8bUG/geIcwvVSG3ysVYuu/p+R5GFTZKBa9aGD5eMu7qDlHsxoFlHCLbi9g5fOjvn\nUSpN3Txjw0VIqn10IX+WrtE/88/D2+DZmCR9pwIDAQABAoIBAHBHZ35DWdG6VelC\n7g17k3nnvRcbBtA8Ik+KuqD1MGiEpvOx7boo7clf+EkcHw7ketaqUwS/hhLI2JED\nGiQbwuLC6lt7STPw4eSaLMcE9a43OvLfNAXlIiUKtCe7hrHx1Chzhz1f290AFVas\n58z5ACGTz2N9aJZQWTheoTBVarThCpzSq3H95E6g0u6BfGWM4WBpzS3TM2gf2deP\neMiizh07gPYkHZoakbA5WMCU8JXEU+WL/tum/p/+pwCdySZAZATc2lOgT7A+yWh9\nZyG6atSMtlpKPF2GOxLwinj+DTRh8bt+O/cYDLYoEKO6HbyLciofxlHzcYTxVHus\nlQyJLmECgYEAyiSASiDkGO/p3U/ZixHqAYDj3GUhA8Ye+NW/uZFgCbVnRP8Bgnku\nX2mgijOzSe+3P2auwyZMzc2id1AHu4JRJw6McwZtz0jGBq16zj5eZ3+9y6zqEyxV\nssMLcuTh4QQtP7iEIky/AsZrHQg0/Nfz1oTe8yCrzFbrM7FyogonFmkCgYEAz1Yp\nQCurxelXiYTepkYUFRK9f5CcI2UtS4BWLiPn978Mk1fQ1GCi/S2PpQ4di/2TDEdH\nznse/HeMxZfGHBj3EMCGsBNmaYbubyYEZ6stKRUE7C4gPmwqDHntXoajdCRB2OII\nYOm9gaoU6gc+z34NRiOsZ1pfno5xkdt7Uw8CEY8CgYEAmeSsHsNnpGySWUD/V9ct\nljNwRkxflCXzUnI44qgAu6N1mZuipJhpa45ZAJ5XssRjeEtOZZf1BQG23Kr7GBAg\nhGGZH8EXPKYkzNSqF/Z3nMgt0LA2DJ7GJ7BCORhztwGdCVQKlKplCVHSHmovHQez\nxe+mZObMpGbP7az8nsyn8XECgYEApmBvrazdpG1A73uN50Oo7dgh9HGoucaA+Gs9\nvLzXcjj+8GWxkBsT77JV6I9RKnsLOvkgKBMopFOSxSSrtvRZnjnAWx7WOawrPUn2\nkvILxUG2t4e0HCNUArr8vbOxCovlwxJuwsYOajR/n+S8hGiUYkpSGIWu4V9Qx0im\nx9ntQQUCgYBl5ghM3TJ4Jec+KoDmHPiLZYaWa8TIRdoNVCGoq/V3EoqyCmcjEfW0\nXQG+0JwHUxKM6rLYT4yfh1RnBm30yJQlnF4prCNVIhWU/TDd0h2SO154KVCY/yBn\n6ujaMRVwp1YVAgktSM5epSvEdX92IWjhBZ8jjbQQqoxm+/Uy8jHESQ==\n-----END RSA PRIVATE KEY-----\n",
            "content_base64": null,
            "content_base64sha256": "pKAIYdifAhMqOtIT1IQyyQYrp3lgKMe/p8UAo5N+4gM=",
            "content_base64sha512": "RtgWFWvivJNOx/WjdKRMomOIMvBC/E7lmHZ/p5Hfeg8WJ+YTr5D+QvmmtokbXful8ByTfVX7g5ACHKhZJAIUvw==",
            "content_md5": "2270229615ebc3dc85992ab13d56a56a",
            "content_sha1": "2a24c3b40da3a8f7d2aca1e40dea8723286604bf",
            "content_sha256": "a4a00861d89f02132a3ad213d48432c9062ba7796028c7bfa7c500a3937ee203",
            "content_sha512": "46d816156be2bc934ec7f5a374a44ca2638832f042fc4ee598767fa791df7a0f1627e613af90fe42f9a6b6891b5dfba5f01c937d55fb8390021ca859240214bf",
            "directory_permission": "0777",
            "file_permission": "0777",
            "filename": "/Terraform/SSHPEMfile/kubernetes-managment-key-pair-private.pem",
            "id": "2a24c3b40da3a8f7d2aca1e40dea8723286604bf",
            "sensitive_content": null,
            "source": null
          },
          "sensitive_attributes": [
            [
              {
                "type": "get_attr",
                "value": "content"
              }
            ]
          ],
          "dependencies": [
            "tls_private_key.kubernetes-managment-key-pair"
          ]
        }
      ]
    },
    {
      "mode": "managed",
      "type": "tls_private_key",
      "name": "kubernetes-managment-key-pair",
      "provider": "provider[\"registry.terraform.io/hashicorp/tls\"]",
      "instances": [
        {
          "schema_version": 1,
          "attributes": {
            "algorithm": "RSA",
            "ecdsa_curve": "P224",
            "id": "0f9a9a38c0a556fb1499e619ad2330143f2550d8",
            "private_key_openssh": "-----BEGIN OPENSSH PRIVATE KEY-----\nb3BlbnNzaC1rZXktdjEAAAAABG5vbmUAAAAEbm9uZQAAAAAAAAABAAABFwAAAAdz\nc2gtcnNhAAAAAwEAAQAAAQEAo7eMkY2nMsub0kG5iOxPRScrYikoJpDBFUvp4EMr\n+CVcZePfCJ2cnIF2POx8xruJLq1pAzFUY7zDlDZVFvEbC9iRtdQIbN5ZRZc6tPl0\nMw/IpkglqpfweXXfxq0p8Lc1kG4tI1ev4KCtpOdrgwSBgz2ThtKDrv1GWKW7Tb0a\nnLSf5zUQb+fnwn2Lx+3lrR3gJ9zPEYCDD2J3+1N0fuKAMkQayI9bKHcg+9CU7OQJ\ncWzAudgE8bUG/geIcwvVSG3ysVYuu/p+R5GFTZKBa9aGD5eMu7qDlHsxoFlHCLbi\n9g5fOjvnUSpN3Txjw0VIqn10IX+WrtE/88/D2+DZmCR9pwAAA7jd6umv3erprwAA\nAAdzc2gtcnNhAAABAQCjt4yRjacyy5vSQbmI7E9FJytiKSgmkMEVS+ngQyv4JVxl\n498InZycgXY87HzGu4kurWkDMVRjvMOUNlUW8RsL2JG11Ahs3llFlzq0+XQzD8im\nSCWql/B5dd/GrSnwtzWQbi0jV6/goK2k52uDBIGDPZOG0oOu/UZYpbtNvRqctJ/n\nNRBv5+fCfYvH7eWtHeAn3M8RgIMPYnf7U3R+4oAyRBrIj1sodyD70JTs5AlxbMC5\n2ATxtQb+B4hzC9VIbfKxVi67+n5HkYVNkoFr1oYPl4y7uoOUezGgWUcItuL2Dl86\nO+dRKk3dPGPDRUiqfXQhf5au0T/zz8Pb4NmYJH2nAAAAAwEAAQAAAQBwR2d+Q1nR\nulXpQu4Ne5N5570XGwbQPCJPirqg9TBohKbzse26KO3JX/hJHB8O5HrWqlMEv4YS\nyNiRAxokG8Liwupbe0kz8OHkmizHBPWuNzry3zQF5SIlCrQnu4ax8dQoc4c9X9vd\nABVWrOfM+QAhk89jfWiWUFk4XqEwVWq04Qqc0qtx/eROoNLugXxljOFgac0t0zNo\nH9nXj3jIos4dO4D2JB2aGpGwOVjAlPCVxFPli/7bpv6f/qcAnckmQGQE3NpToE+w\nPslofWchumrUjLZaSjxdhjsS8Ip4/g00YfG7fjv3GAy2KBCjuh28i3IqH8ZR83GE\n8VR7rJUMiS5hAAAAgGXmCEzdMngl5z4qgOYc+ItlhpZrxMhF2g1UIair9XcSirIK\nZyMR9bRdAb7QnAdTEozqsthPjJ+HVGcGbfTIlCWcXimsI1UiFZT9MN3SHZI7Xngp\nUJj/IGfq6NoxFXCnVhUCCS1Izl6lK8R1f3YhaOEFnyONtBCqjGb79TLyMcRJAAAA\ngQDKJIBKIOQY7+ndT9mLEeoBgOPcZSEDxh741b+5kWAJtWdE/wGCeS5faaCKM7NJ\n77c/Zq7DJkzNzaJ3UAe7glEnDoxzBm3PSMYGrXrOPl5nf73LrOoTLFWywwty5OHh\nBC0/uIQiTL8CxmsdCDT81/PWhN7zIKvMVuszsXKiCicWaQAAAIEAz1YpQCurxelX\niYTepkYUFRK9f5CcI2UtS4BWLiPn978Mk1fQ1GCi/S2PpQ4di/2TDEdHznse/HeM\nxZfGHBj3EMCGsBNmaYbubyYEZ6stKRUE7C4gPmwqDHntXoajdCRB2OIIYOm9gaoU\n6gc+z34NRiOsZ1pfno5xkdt7Uw8CEY8AAAAAAQID\n-----END OPENSSH PRIVATE KEY-----\n",
            "private_key_pem": "-----BEGIN RSA PRIVATE KEY-----\nMIIEpAIBAAKCAQEAo7eMkY2nMsub0kG5iOxPRScrYikoJpDBFUvp4EMr+CVcZePf\nCJ2cnIF2POx8xruJLq1pAzFUY7zDlDZVFvEbC9iRtdQIbN5ZRZc6tPl0Mw/Ipkgl\nqpfweXXfxq0p8Lc1kG4tI1ev4KCtpOdrgwSBgz2ThtKDrv1GWKW7Tb0anLSf5zUQ\nb+fnwn2Lx+3lrR3gJ9zPEYCDD2J3+1N0fuKAMkQayI9bKHcg+9CU7OQJcWzAudgE\n8bUG/geIcwvVSG3ysVYuu/p+R5GFTZKBa9aGD5eMu7qDlHsxoFlHCLbi9g5fOjvn\nUSpN3Txjw0VIqn10IX+WrtE/88/D2+DZmCR9pwIDAQABAoIBAHBHZ35DWdG6VelC\n7g17k3nnvRcbBtA8Ik+KuqD1MGiEpvOx7boo7clf+EkcHw7ketaqUwS/hhLI2JED\nGiQbwuLC6lt7STPw4eSaLMcE9a43OvLfNAXlIiUKtCe7hrHx1Chzhz1f290AFVas\n58z5ACGTz2N9aJZQWTheoTBVarThCpzSq3H95E6g0u6BfGWM4WBpzS3TM2gf2deP\neMiizh07gPYkHZoakbA5WMCU8JXEU+WL/tum/p/+pwCdySZAZATc2lOgT7A+yWh9\nZyG6atSMtlpKPF2GOxLwinj+DTRh8bt+O/cYDLYoEKO6HbyLciofxlHzcYTxVHus\nlQyJLmECgYEAyiSASiDkGO/p3U/ZixHqAYDj3GUhA8Ye+NW/uZFgCbVnRP8Bgnku\nX2mgijOzSe+3P2auwyZMzc2id1AHu4JRJw6McwZtz0jGBq16zj5eZ3+9y6zqEyxV\nssMLcuTh4QQtP7iEIky/AsZrHQg0/Nfz1oTe8yCrzFbrM7FyogonFmkCgYEAz1Yp\nQCurxelXiYTepkYUFRK9f5CcI2UtS4BWLiPn978Mk1fQ1GCi/S2PpQ4di/2TDEdH\nznse/HeMxZfGHBj3EMCGsBNmaYbubyYEZ6stKRUE7C4gPmwqDHntXoajdCRB2OII\nYOm9gaoU6gc+z34NRiOsZ1pfno5xkdt7Uw8CEY8CgYEAmeSsHsNnpGySWUD/V9ct\nljNwRkxflCXzUnI44qgAu6N1mZuipJhpa45ZAJ5XssRjeEtOZZf1BQG23Kr7GBAg\nhGGZH8EXPKYkzNSqF/Z3nMgt0LA2DJ7GJ7BCORhztwGdCVQKlKplCVHSHmovHQez\nxe+mZObMpGbP7az8nsyn8XECgYEApmBvrazdpG1A73uN50Oo7dgh9HGoucaA+Gs9\nvLzXcjj+8GWxkBsT77JV6I9RKnsLOvkgKBMopFOSxSSrtvRZnjnAWx7WOawrPUn2\nkvILxUG2t4e0HCNUArr8vbOxCovlwxJuwsYOajR/n+S8hGiUYkpSGIWu4V9Qx0im\nx9ntQQUCgYBl5ghM3TJ4Jec+KoDmHPiLZYaWa8TIRdoNVCGoq/V3EoqyCmcjEfW0\nXQG+0JwHUxKM6rLYT4yfh1RnBm30yJQlnF4prCNVIhWU/TDd0h2SO154KVCY/yBn\n6ujaMRVwp1YVAgktSM5epSvEdX92IWjhBZ8jjbQQqoxm+/Uy8jHESQ==\n-----END RSA PRIVATE KEY-----\n",
            "private_key_pem_pkcs8": "-----BEGIN PRIVATE KEY-----\nMIIEvgIBADANBgkqhkiG9w0BAQEFAASCBKgwggSkAgEAAoIBAQCjt4yRjacyy5vS\nQbmI7E9FJytiKSgmkMEVS+ngQyv4JVxl498InZycgXY87HzGu4kurWkDMVRjvMOU\nNlUW8RsL2JG11Ahs3llFlzq0+XQzD8imSCWql/B5dd/GrSnwtzWQbi0jV6/goK2k\n52uDBIGDPZOG0oOu/UZYpbtNvRqctJ/nNRBv5+fCfYvH7eWtHeAn3M8RgIMPYnf7\nU3R+4oAyRBrIj1sodyD70JTs5AlxbMC52ATxtQb+B4hzC9VIbfKxVi67+n5HkYVN\nkoFr1oYPl4y7uoOUezGgWUcItuL2Dl86O+dRKk3dPGPDRUiqfXQhf5au0T/zz8Pb\n4NmYJH2nAgMBAAECggEAcEdnfkNZ0bpV6ULuDXuTeee9FxsG0DwiT4q6oPUwaISm\n87HtuijtyV/4SRwfDuR61qpTBL+GEsjYkQMaJBvC4sLqW3tJM/Dh5JosxwT1rjc6\n8t80BeUiJQq0J7uGsfHUKHOHPV/b3QAVVqznzPkAIZPPY31ollBZOF6hMFVqtOEK\nnNKrcf3kTqDS7oF8ZYzhYGnNLdMzaB/Z1494yKLOHTuA9iQdmhqRsDlYwJTwlcRT\n5Yv+26b+n/6nAJ3JJkBkBNzaU6BPsD7JaH1nIbpq1Iy2Wko8XYY7EvCKeP4NNGHx\nu3479xgMtigQo7odvItyKh/GUfNxhPFUe6yVDIkuYQKBgQDKJIBKIOQY7+ndT9mL\nEeoBgOPcZSEDxh741b+5kWAJtWdE/wGCeS5faaCKM7NJ77c/Zq7DJkzNzaJ3UAe7\nglEnDoxzBm3PSMYGrXrOPl5nf73LrOoTLFWywwty5OHhBC0/uIQiTL8CxmsdCDT8\n1/PWhN7zIKvMVuszsXKiCicWaQKBgQDPVilAK6vF6VeJhN6mRhQVEr1/kJwjZS1L\ngFYuI+f3vwyTV9DUYKL9LY+lDh2L/ZMMR0fOex78d4zFl8YcGPcQwIawE2Zphu5v\nJgRnqy0pFQTsLiA+bCoMee1ehqN0JEHY4ghg6b2BqhTqBz7Pfg1GI6xnWl+ejnGR\n23tTDwIRjwKBgQCZ5Kwew2ekbJJZQP9X1y2WM3BGTF+UJfNScjjiqAC7o3WZm6Kk\nmGlrjlkAnleyxGN4S05ll/UFAbbcqvsYECCEYZkfwRc8piTM1KoX9necyC3QsDYM\nnsYnsEI5GHO3AZ0JVAqUqmUJUdIeai8dB7PF76Zk5sykZs/trPyezKfxcQKBgQCm\nYG+trN2kbUDve43nQ6jt2CH0cai5xoD4az28vNdyOP7wZbGQGxPvslXoj1Eqews6\n+SAoEyikU5LFJKu29FmeOcBbHtY5rCs9SfaS8gvFQba3h7QcI1QCuvy9s7EKi+XD\nEm7Cxg5qNH+f5LyEaJRiSlIYha7hX1DHSKbH2e1BBQKBgGXmCEzdMngl5z4qgOYc\n+ItlhpZrxMhF2g1UIair9XcSirIKZyMR9bRdAb7QnAdTEozqsthPjJ+HVGcGbfTI\nlCWcXimsI1UiFZT9MN3SHZI7XngpUJj/IGfq6NoxFXCnVhUCCS1Izl6lK8R1f3Yh\naOEFnyONtBCqjGb79TLyMcRJ\n-----END PRIVATE KEY-----\n",
            "public_key_fingerprint_md5": "63:35:be:f8:35:a5:6e:4d:ca:64:20:54:03:dd:f7:95",
            "public_key_fingerprint_sha256": "SHA256:lsXtQ1HjGSfbYjpdDF4o2aPHYT58vubvpxz9vpxZsEo",
            "public_key_openssh": "ssh-rsa AAAAB3NzaC1yc2EAAAADAQABAAABAQCjt4yRjacyy5vSQbmI7E9FJytiKSgmkMEVS+ngQyv4JVxl498InZycgXY87HzGu4kurWkDMVRjvMOUNlUW8RsL2JG11Ahs3llFlzq0+XQzD8imSCWql/B5dd/GrSnwtzWQbi0jV6/goK2k52uDBIGDPZOG0oOu/UZYpbtNvRqctJ/nNRBv5+fCfYvH7eWtHeAn3M8RgIMPYnf7U3R+4oAyRBrIj1sodyD70JTs5AlxbMC52ATxtQb+B4hzC9VIbfKxVi67+n5HkYVNkoFr1oYPl4y7uoOUezGgWUcItuL2Dl86O+dRKk3dPGPDRUiqfXQhf5au0T/zz8Pb4NmYJH2n\n",
            "public_key_pem": "-----BEGIN PUBLIC KEY-----\nMIIBIjANBgkqhkiG9w0BAQEFAAOCAQ8AMIIBCgKCAQEAo7eMkY2nMsub0kG5iOxP\nRScrYikoJpDBFUvp4EMr+CVcZePfCJ2cnIF2POx8xruJLq1pAzFUY7zDlDZVFvEb\nC9iRtdQIbN5ZRZc6tPl0Mw/IpkglqpfweXXfxq0p8Lc1kG4tI1ev4KCtpOdrgwSB\ngz2ThtKDrv1GWKW7Tb0anLSf5zUQb+fnwn2Lx+3lrR3gJ9zPEYCDD2J3+1N0fuKA\nMkQayI9bKHcg+9CU7OQJcWzAudgE8bUG/geIcwvVSG3ysVYuu/p+R5GFTZKBa9aG\nD5eMu7qDlHsxoFlHCLbi9g5fOjvnUSpN3Txjw0VIqn10IX+WrtE/88/D2+DZmCR9\npwIDAQAB\n-----END PUBLIC KEY-----\n",
            "rsa_bits": 2048
          },
          "sensitive_attributes": []
        }
      ]
    }
  ]
}
