{
  "version": 4,
  "terraform_version": "1.0.7",
  "serial": 714,
  "lineage": "c9aac03b-45a8-3223-2cb3-7f0a98ce4c38",
  "outputs": {
    "ec2_global_kubernetes_ips": {
      "value": "3.68.53.249",
      "type": "string"
    }
  },
  "resources": [
    {
      "mode": "data",
      "type": "http",
      "name": "MyPublicIp",
      "provider": "provider[\"registry.terraform.io/hashicorp/http\"]",
      "instances": [
        {
          "schema_version": 0,
          "attributes": {
            "body": "147.235.201.113\n",
            "ca_cert_pem": null,
            "id": "https://ipv4.icanhazip.com",
            "insecure": null,
            "method": null,
            "request_body": null,
            "request_headers": null,
            "request_timeout_ms": null,
            "response_body": "147.235.201.113\n",
            "response_body_base64": "MTQ3LjIzNS4yMDEuMTEzCg==",
            "response_headers": {
              "Access-Control-Allow-Methods": "GET",
              "Access-Control-Allow-Origin": "*",
              "Alt-Svc": "h3=\":443\"; ma=86400",
              "Cf-Ray": "861d8d1b6ab2e3ed-TLV",
              "Content-Length": "16",
              "Content-Type": "text/plain",
              "Date": "Sat, 09 Mar 2024 19:42:57 GMT",
              "Server": "cloudflare",
              "Set-Cookie": "__cf_bm=Pr.3PM3Kysvyuu3wf_F4Dzs7N_B1lotyQiOLlCLu8S8-1710013377-1.0.1.1-2dJrEMNz0lQrv48FKCs0gSYorgiy1VoZYTFav1Wczy_f_mMx6s4v4XDudrAIlPs0HQiVMrKWAuiKRpk__iDwuw; path=/; expires=Sat, 09-Mar-24 20:12:57 GMT; domain=.icanhazip.com; HttpOnly; Secure; SameSite=None",
              "Vary": "Accept-Encoding"
            },
            "retry": null,
            "status_code": 200,
            "url": "https://ipv4.icanhazip.com"
          },
          "sensitive_attributes": []
        }
      ]
    },
    {
      "mode": "managed",
      "type": "aws_eip",
      "name": "kubernetes-cluster-ec2-elastic-ip",
      "provider": "provider[\"registry.terraform.io/hashicorp/aws\"]",
      "instances": [
        {
          "schema_version": 0,
          "attributes": {
            "address": null,
            "allocation_id": "eipalloc-0e272e314d8d0bdf9",
            "associate_with_private_ip": null,
            "association_id": "eipassoc-0f67ddf6fac0b0180",
            "carrier_ip": "",
            "customer_owned_ip": "",
            "customer_owned_ipv4_pool": "",
            "domain": "vpc",
            "id": "eipalloc-0e272e314d8d0bdf9",
            "instance": "i-068e20dfe295fef4e",
            "network_border_group": "eu-central-1",
            "network_interface": "eni-0f7a6b9be397d4f7a",
            "private_dns": "ip-10-0-1-146.eu-central-1.compute.internal",
            "private_ip": "10.0.1.146",
            "public_dns": "ec2-3-68-53-249.eu-central-1.compute.amazonaws.com",
            "public_ip": "3.68.53.249",
            "public_ipv4_pool": "amazon",
            "tags": {
              "kubernetes.io/cluster/kubernetes": "owned"
            },
            "tags_all": {
              "kubernetes.io/cluster/kubernetes": "owned"
            },
            "timeouts": null,
            "vpc": true
          },
          "sensitive_attributes": [],
          "private": "eyJlMmJmYjczMC1lY2FhLTExZTYtOGY4OC0zNDM2M2JjN2M0YzAiOnsiZGVsZXRlIjoxODAwMDAwMDAwMDAsInJlYWQiOjkwMDAwMDAwMDAwMCwidXBkYXRlIjozMDAwMDAwMDAwMDB9fQ==",
          "dependencies": [
            "aws_key_pair.kubernets-ec2-key-pair",
            "aws_security_group.kubernetes-cluster-security-group",
            "aws_subnet.kubernetes-vpc-public-subnet",
            "aws_vpc.kubernetes-vpc",
            "tls_private_key.kubernetes-managment-key-pair",
            "aws_iam_instance_profile.kubernetes-cluster-ec2-instance-profile",
            "aws_iam_role.kubernetes-master-node-role1",
            "aws_instance.kubernetes-cluster-ec2"
          ]
        }
      ]
    },
    {
      "mode": "managed",
      "type": "aws_iam_instance_profile",
      "name": "kubernetes-cluster-ec2-instance-profile",
      "provider": "provider[\"registry.terraform.io/hashicorp/aws\"]",
      "instances": [
        {
          "schema_version": 0,
          "attributes": {
            "arn": "arn:aws:iam::750353367788:instance-profile/kubernetes-cluster-ec2-instance-profile",
            "create_date": "2024-03-09T19:39:30Z",
            "id": "kubernetes-cluster-ec2-instance-profile",
            "name": "kubernetes-cluster-ec2-instance-profile",
            "name_prefix": "",
            "path": "/",
            "role": "kubernetes-master-node-role1",
            "tags": {},
            "tags_all": {},
            "unique_id": "AIPA25NELYLWLRMM2Y7FI"
          },
          "sensitive_attributes": [],
          "private": "bnVsbA==",
          "dependencies": [
            "aws_iam_role.kubernetes-master-node-role1"
          ]
        }
      ]
    },
    {
      "mode": "managed",
      "type": "aws_iam_policy",
      "name": "kubernetes-master-node-policy1",
      "provider": "provider[\"registry.terraform.io/hashicorp/aws\"]",
      "instances": [
        {
          "schema_version": 0,
          "attributes": {
            "arn": "arn:aws:iam::750353367788:policy/kubernetes-master-node-policy1",
            "description": "",
            "id": "arn:aws:iam::750353367788:policy/kubernetes-master-node-policy1",
            "name": "kubernetes-master-node-policy1",
            "name_prefix": "",
            "path": "/",
            "policy": "{\"Statement\":[{\"Action\":[\"autoscaling:DescribeAutoScalingGroups\",\"autoscaling:DescribeLaunchConfigurations\",\"autoscaling:DescribeTags\",\"ec2:DescribeInstances\",\"ec2:DescribeRegions\",\"ec2:DescribeRouteTables\",\"ec2:DescribeSecurityGroups\",\"ec2:DescribeSubnets\",\"ec2:DescribeVolumes\",\"ec2:CreateSecurityGroup\",\"ec2:CreateTags\",\"ec2:CreateVolume\",\"ec2:ModifyInstanceAttribute\",\"ec2:ModifyVolume\",\"ec2:AttachVolume\",\"ec2:AuthorizeSecurityGroupIngress\",\"ec2:CreateRoute\",\"ec2:DeleteRoute\",\"ec2:DeleteSecurityGroup\",\"ec2:DeleteVolume\",\"ec2:DetachVolume\",\"ec2:RevokeSecurityGroupIngress\",\"ec2:DescribeVpcs\",\"elasticloadbalancing:AddTags\",\"elasticloadbalancing:AttachLoadBalancerToSubnets\",\"elasticloadbalancing:ApplySecurityGroupsToLoadBalancer\",\"elasticloadbalancing:CreateLoadBalancer\",\"elasticloadbalancing:CreateLoadBalancerPolicy\",\"elasticloadbalancing:CreateLoadBalancerListeners\",\"elasticloadbalancing:ConfigureHealthCheck\",\"elasticloadbalancing:DeleteLoadBalancer\",\"elasticloadbalancing:DeleteLoadBalancerListeners\",\"elasticloadbalancing:DescribeLoadBalancers\",\"elasticloadbalancing:DescribeLoadBalancerAttributes\",\"elasticloadbalancing:DetachLoadBalancerFromSubnets\",\"elasticloadbalancing:DeregisterInstancesFromLoadBalancer\",\"elasticloadbalancing:ModifyLoadBalancerAttributes\",\"elasticloadbalancing:RegisterInstancesWithLoadBalancer\",\"elasticloadbalancing:SetLoadBalancerPoliciesForBackendServer\",\"elasticloadbalancing:AddTags\",\"elasticloadbalancing:CreateListener\",\"elasticloadbalancing:CreateTargetGroup\",\"elasticloadbalancing:DeleteListener\",\"elasticloadbalancing:DeleteTargetGroup\",\"elasticloadbalancing:DescribeListeners\",\"elasticloadbalancing:DescribeLoadBalancerPolicies\",\"elasticloadbalancing:DescribeTargetGroups\",\"elasticloadbalancing:DescribeTargetHealth\",\"elasticloadbalancing:ModifyListener\",\"elasticloadbalancing:ModifyTargetGroup\",\"elasticloadbalancing:RegisterTargets\",\"elasticloadbalancing:SetLoadBalancerPoliciesOfListener\",\"iam:CreateServiceLinkedRole\",\"kms:DescribeKey\"],\"Effect\":\"Allow\",\"Resource\":[\"*\"]}],\"Version\":\"2012-10-17\"}",
            "policy_id": "ANPA25NELYLWJWPL3WNVV",
            "tags": {
              "kubernetes.io/cluster/kubernetes": "owned"
            },
            "tags_all": {
              "kubernetes.io/cluster/kubernetes": "owned"
            }
          },
          "sensitive_attributes": [],
          "private": "bnVsbA=="
        }
      ]
    },
    {
      "mode": "managed",
      "type": "aws_iam_policy",
      "name": "kubernetes-worker-node-policy1",
      "provider": "provider[\"registry.terraform.io/hashicorp/aws\"]",
      "instances": [
        {
          "schema_version": 0,
          "attributes": {
            "arn": "arn:aws:iam::750353367788:policy/kubernetes-worker-node-policy1",
            "description": "",
            "id": "arn:aws:iam::750353367788:policy/kubernetes-worker-node-policy1",
            "name": "kubernetes-worker-node-policy1",
            "name_prefix": "",
            "path": "/",
            "policy": "{\"Statement\":[{\"Action\":[\"ec2:DescribeInstances\",\"ec2:DescribeRegions\",\"ecr:GetAuthorizationToken\",\"ecr:BatchCheckLayerAvailability\",\"ecr:GetDownloadUrlForLayer\",\"ecr:GetRepositoryPolicy\",\"ecr:DescribeRepositories\",\"ecr:ListImages\",\"ecr:BatchGetImage\"],\"Effect\":\"Allow\",\"Resource\":\"*\"}],\"Version\":\"2012-10-17\"}",
            "policy_id": "ANPA25NELYLWIHUO7572G",
            "tags": {
              "kubernetes.io/cluster/kubernetes": "owned"
            },
            "tags_all": {
              "kubernetes.io/cluster/kubernetes": "owned"
            }
          },
          "sensitive_attributes": [],
          "private": "bnVsbA=="
        }
      ]
    },
    {
      "mode": "managed",
      "type": "aws_iam_policy_attachment",
      "name": "kubernetes-master-node-role-policy-attachment-master-policy",
      "provider": "provider[\"registry.terraform.io/hashicorp/aws\"]",
      "instances": [
        {
          "schema_version": 0,
          "attributes": {
            "groups": [],
            "id": "kubernetes-master-node-role-policy-attachment-master-policy",
            "name": "kubernetes-master-node-role-policy-attachment-master-policy",
            "policy_arn": "arn:aws:iam::750353367788:policy/kubernetes-master-node-policy1",
            "roles": [
              "kubernetes-master-node-role1"
            ],
            "users": []
          },
          "sensitive_attributes": [],
          "private": "bnVsbA==",
          "dependencies": [
            "aws_iam_policy.kubernetes-master-node-policy1",
            "aws_iam_role.kubernetes-master-node-role1"
          ]
        }
      ]
    },
    {
      "mode": "managed",
      "type": "aws_iam_policy_attachment",
      "name": "kubernetes-master-node-role-policy-attachment-worker-policy",
      "provider": "provider[\"registry.terraform.io/hashicorp/aws\"]",
      "instances": [
        {
          "schema_version": 0,
          "attributes": {
            "groups": [],
            "id": "kubernetes-master-node-role-policy-attachment-worker-policy",
            "name": "kubernetes-master-node-role-policy-attachment-worker-policy",
            "policy_arn": "arn:aws:iam::750353367788:policy/kubernetes-worker-node-policy1",
            "roles": [
              "kubernetes-master-node-role1"
            ],
            "users": []
          },
          "sensitive_attributes": [],
          "private": "bnVsbA==",
          "dependencies": [
            "aws_iam_policy.kubernetes-worker-node-policy1",
            "aws_iam_role.kubernetes-master-node-role1"
          ]
        }
      ]
    },
    {
      "mode": "managed",
      "type": "aws_iam_role",
      "name": "kubernetes-master-node-role1",
      "provider": "provider[\"registry.terraform.io/hashicorp/aws\"]",
      "instances": [
        {
          "schema_version": 0,
          "attributes": {
            "arn": "arn:aws:iam::750353367788:role/kubernetes-master-node-role1",
            "assume_role_policy": "{\"Statement\":[{\"Action\":\"sts:AssumeRole\",\"Effect\":\"Allow\",\"Principal\":{\"Service\":\"ec2.amazonaws.com\"}}],\"Version\":\"2012-10-17\"}",
            "create_date": "2024-03-09T19:39:29Z",
            "description": "",
            "force_detach_policies": false,
            "id": "kubernetes-master-node-role1",
            "inline_policy": [],
            "managed_policy_arns": [
              "arn:aws:iam::750353367788:policy/kubernetes-master-node-policy1",
              "arn:aws:iam::750353367788:policy/kubernetes-worker-node-policy1"
            ],
            "max_session_duration": 3600,
            "name": "kubernetes-master-node-role1",
            "name_prefix": "",
            "path": "/",
            "permissions_boundary": "",
            "tags": {
              "kubernetes.io/cluster/kubernetes": "owned"
            },
            "tags_all": {
              "kubernetes.io/cluster/kubernetes": "owned"
            },
            "unique_id": "AROA25NELYLWDPGUSGJTV"
          },
          "sensitive_attributes": [],
          "private": "bnVsbA=="
        }
      ]
    },
    {
      "mode": "managed",
      "type": "aws_instance",
      "name": "kubernetes-cluster-ec2",
      "provider": "provider[\"registry.terraform.io/hashicorp/aws\"]",
      "instances": [
        {
          "schema_version": 1,
          "attributes": {
            "ami": "ami-0faab6bdbac9486fb",
            "arn": "arn:aws:ec2:eu-central-1:750353367788:instance/i-068e20dfe295fef4e",
            "associate_public_ip_address": true,
            "availability_zone": "eu-central-1b",
            "capacity_reservation_specification": [
              {
                "capacity_reservation_preference": "open",
                "capacity_reservation_target": []
              }
            ],
            "cpu_core_count": 1,
            "cpu_options": [
              {
                "amd_sev_snp": "",
                "core_count": 1,
                "threads_per_core": 2
              }
            ],
            "cpu_threads_per_core": 2,
            "credit_specification": [
              {
                "cpu_credits": "unlimited"
              }
            ],
            "disable_api_stop": false,
            "disable_api_termination": false,
            "ebs_block_device": [],
            "ebs_optimized": false,
            "enclave_options": [
              {
                "enabled": false
              }
            ],
            "ephemeral_block_device": [],
            "get_password_data": false,
            "hibernation": false,
            "host_id": "",
            "host_resource_group_arn": null,
            "iam_instance_profile": "kubernetes-cluster-ec2-instance-profile",
            "id": "i-068e20dfe295fef4e",
            "instance_initiated_shutdown_behavior": "stop",
            "instance_lifecycle": "",
            "instance_market_options": [],
            "instance_state": "running",
            "instance_type": "t3.medium",
            "ipv6_address_count": 0,
            "ipv6_addresses": [],
            "key_name": "kubernetes-managment-key-pair",
            "launch_template": [],
            "maintenance_options": [
              {
                "auto_recovery": "default"
              }
            ],
            "metadata_options": [
              {
                "http_endpoint": "enabled",
                "http_protocol_ipv6": "disabled",
                "http_put_response_hop_limit": 1,
                "http_tokens": "optional",
                "instance_metadata_tags": "disabled"
              }
            ],
            "monitoring": false,
            "network_interface": [],
            "outpost_arn": "",
            "password_data": "",
            "placement_group": "",
            "placement_partition_number": 0,
            "primary_network_interface_id": "eni-0f7a6b9be397d4f7a",
            "private_dns": "ip-10-0-1-146.eu-central-1.compute.internal",
            "private_dns_name_options": [
              {
                "enable_resource_name_dns_a_record": false,
                "enable_resource_name_dns_aaaa_record": false,
                "hostname_type": "ip-name"
              }
            ],
            "private_ip": "10.0.1.146",
            "public_dns": "",
            "public_ip": "3.68.53.249",
            "root_block_device": [
              {
                "delete_on_termination": true,
                "device_name": "/dev/sda1",
                "encrypted": false,
                "iops": 100,
                "kms_key_id": "",
                "tags": {},
                "throughput": 0,
                "volume_id": "vol-09637533630c7c953",
                "volume_size": 8,
                "volume_type": "gp2"
              }
            ],
            "secondary_private_ips": [],
            "security_groups": [],
            "source_dest_check": true,
            "spot_instance_request_id": "",
            "subnet_id": "subnet-0d6fdb021b33086f9",
            "tags": {
              "kubernetes.io/cluster/kubernetes": "owned"
            },
            "tags_all": {
              "kubernetes.io/cluster/kubernetes": "owned"
            },
            "tenancy": "default",
            "timeouts": null,
            "user_data": null,
            "user_data_base64": null,
            "user_data_replace_on_change": false,
            "volume_tags": null,
            "vpc_security_group_ids": [
              "sg-089be6bd8a29f59d4"
            ]
          },
          "sensitive_attributes": [],
          "private": "eyJlMmJmYjczMC1lY2FhLTExZTYtOGY4OC0zNDM2M2JjN2M0YzAiOnsiY3JlYXRlIjo2MDAwMDAwMDAwMDAsImRlbGV0ZSI6MTIwMDAwMDAwMDAwMCwidXBkYXRlIjo2MDAwMDAwMDAwMDB9LCJzY2hlbWFfdmVyc2lvbiI6IjEifQ==",
          "dependencies": [
            "aws_key_pair.kubernets-ec2-key-pair",
            "aws_security_group.kubernetes-cluster-security-group",
            "aws_subnet.kubernetes-vpc-public-subnet",
            "aws_vpc.kubernetes-vpc",
            "tls_private_key.kubernetes-managment-key-pair",
            "aws_iam_instance_profile.kubernetes-cluster-ec2-instance-profile",
            "aws_iam_role.kubernetes-master-node-role1"
          ]
        }
      ]
    },
    {
      "mode": "managed",
      "type": "aws_internet_gateway",
      "name": "kubernetes-vpc-internet-gateway",
      "provider": "provider[\"registry.terraform.io/hashicorp/aws\"]",
      "instances": [
        {
          "schema_version": 0,
          "attributes": {
            "arn": "arn:aws:ec2:eu-central-1:750353367788:internet-gateway/igw-0fe074afa7caf3b03",
            "id": "igw-0fe074afa7caf3b03",
            "owner_id": "750353367788",
            "tags": {
              "kubernetes.io/cluster/kubernetes": "owned"
            },
            "tags_all": {
              "kubernetes.io/cluster/kubernetes": "owned"
            },
            "timeouts": null,
            "vpc_id": "vpc-07ae034f7d1664d29"
          },
          "sensitive_attributes": [],
          "private": "eyJlMmJmYjczMC1lY2FhLTExZTYtOGY4OC0zNDM2M2JjN2M0YzAiOnsiY3JlYXRlIjoxMjAwMDAwMDAwMDAwLCJkZWxldGUiOjEyMDAwMDAwMDAwMDAsInVwZGF0ZSI6MTIwMDAwMDAwMDAwMH19",
          "dependencies": [
            "aws_vpc.kubernetes-vpc"
          ]
        }
      ]
    },
    {
      "mode": "managed",
      "type": "aws_key_pair",
      "name": "kubernets-ec2-key-pair",
      "provider": "provider[\"registry.terraform.io/hashicorp/aws\"]",
      "instances": [
        {
          "schema_version": 1,
          "attributes": {
            "arn": "arn:aws:ec2:eu-central-1:750353367788:key-pair/kubernetes-managment-key-pair",
            "fingerprint": "e7:12:2b:60:d5:ab:5c:31:78:20:f4:b0:27:5c:99:32",
            "id": "kubernetes-managment-key-pair",
            "key_name": "kubernetes-managment-key-pair",
            "key_name_prefix": "",
            "key_pair_id": "key-0360dd21f956797b0",
            "key_type": "rsa",
            "public_key": "ssh-rsa AAAAB3NzaC1yc2EAAAADAQABAAABAQDYAiLu7m69iCQ6hcw/sQYtA36x8IPPAcwKJMuf85IXx1AQ7qZf7g+B0D/kp6lldmIxxVJLn9iyqAW4nsh1AGgXUS4LgJaPrnCc3BN9cw8pwk5ChHpOMljOBJpoltlyhgd6cazFMBr7tqi5nHDXvRzBat/Udhb4odVjnxgKGPdISSLoS4l/HpPWwppghkUGnmJ+c0ItqDEjf6VqXhPhgJOS4YJxeXrWQUjXgptyzueSaP2KMhorgVZz+38vM90aTC7YhpI+JBQZNdT7wT/SIA8njcwf/uWBI1DU8ffLzkLACEvykr9VpePSoaOZ/y+9fWASKrEeYl8x5tkUVTULpB/r",
            "tags": {},
            "tags_all": {}
          },
          "sensitive_attributes": [],
          "private": "eyJzY2hlbWFfdmVyc2lvbiI6IjEifQ==",
          "dependencies": [
            "tls_private_key.kubernetes-managment-key-pair"
          ]
        }
      ]
    },
    {
      "mode": "managed",
      "type": "aws_route_table",
      "name": "kubernetes-vpc-route-table",
      "provider": "provider[\"registry.terraform.io/hashicorp/aws\"]",
      "instances": [
        {
          "schema_version": 0,
          "attributes": {
            "arn": "arn:aws:ec2:eu-central-1:750353367788:route-table/rtb-0653497e02d1a332b",
            "id": "rtb-0653497e02d1a332b",
            "owner_id": "750353367788",
            "propagating_vgws": [],
            "route": [
              {
                "carrier_gateway_id": "",
                "cidr_block": "0.0.0.0/0",
                "core_network_arn": "",
                "destination_prefix_list_id": "",
                "egress_only_gateway_id": "",
                "gateway_id": "igw-0fe074afa7caf3b03",
                "ipv6_cidr_block": "",
                "local_gateway_id": "",
                "nat_gateway_id": "",
                "network_interface_id": "",
                "transit_gateway_id": "",
                "vpc_endpoint_id": "",
                "vpc_peering_connection_id": ""
              }
            ],
            "tags": {
              "kubernetes.io/cluster/kubernetes": "owned"
            },
            "tags_all": {
              "kubernetes.io/cluster/kubernetes": "owned"
            },
            "timeouts": null,
            "vpc_id": "vpc-07ae034f7d1664d29"
          },
          "sensitive_attributes": [],
          "private": "eyJlMmJmYjczMC1lY2FhLTExZTYtOGY4OC0zNDM2M2JjN2M0YzAiOnsiY3JlYXRlIjozMDAwMDAwMDAwMDAsImRlbGV0ZSI6MzAwMDAwMDAwMDAwLCJ1cGRhdGUiOjEyMDAwMDAwMDAwMH19",
          "dependencies": [
            "aws_vpc.kubernetes-vpc",
            "aws_internet_gateway.kubernetes-vpc-internet-gateway"
          ]
        }
      ]
    },
    {
      "mode": "managed",
      "type": "aws_route_table_association",
      "name": "kubernetes-vpc-route-table-associate-to-public-subnets",
      "provider": "provider[\"registry.terraform.io/hashicorp/aws\"]",
      "instances": [
        {
          "schema_version": 0,
          "attributes": {
            "gateway_id": "",
            "id": "rtbassoc-0cc956166bfdfe44d",
            "route_table_id": "rtb-0653497e02d1a332b",
            "subnet_id": "subnet-0d6fdb021b33086f9",
            "timeouts": null
          },
          "sensitive_attributes": [],
          "private": "eyJlMmJmYjczMC1lY2FhLTExZTYtOGY4OC0zNDM2M2JjN2M0YzAiOnsiY3JlYXRlIjozMDAwMDAwMDAwMDAsImRlbGV0ZSI6MzAwMDAwMDAwMDAwLCJ1cGRhdGUiOjEyMDAwMDAwMDAwMH19",
          "dependencies": [
            "aws_internet_gateway.kubernetes-vpc-internet-gateway",
            "aws_route_table.kubernetes-vpc-route-table",
            "aws_subnet.kubernetes-vpc-public-subnet",
            "aws_vpc.kubernetes-vpc"
          ]
        }
      ]
    },
    {
      "mode": "managed",
      "type": "aws_security_group",
      "name": "kubernetes-cluster-security-group",
      "provider": "provider[\"registry.terraform.io/hashicorp/aws\"]",
      "instances": [
        {
          "schema_version": 1,
          "attributes": {
            "arn": "arn:aws:ec2:eu-central-1:750353367788:security-group/sg-089be6bd8a29f59d4",
            "description": "Allow the Kuberntes cluster to communicate internally and to be managed externally",
            "egress": [
              {
                "cidr_blocks": [
                  "0.0.0.0/0"
                ],
                "description": "",
                "from_port": 0,
                "ipv6_cidr_blocks": [],
                "prefix_list_ids": [],
                "protocol": "-1",
                "security_groups": [],
                "self": false,
                "to_port": 0
              }
            ],
            "id": "sg-089be6bd8a29f59d4",
            "ingress": [
              {
                "cidr_blocks": [
                  "147.235.201.113/32",
                  "10.0.0.0/16"
                ],
                "description": "",
                "from_port": 0,
                "ipv6_cidr_blocks": [],
                "prefix_list_ids": [],
                "protocol": "-1",
                "security_groups": [],
                "self": false,
                "to_port": 0
              }
            ],
            "name": "kubernetes-cluster-security-group",
            "name_prefix": "",
            "owner_id": "750353367788",
            "revoke_rules_on_delete": false,
            "tags": {
              "kubernetes.io/cluster/kubernetes": "owned"
            },
            "tags_all": {
              "kubernetes.io/cluster/kubernetes": "owned"
            },
            "timeouts": null,
            "vpc_id": "vpc-07ae034f7d1664d29"
          },
          "sensitive_attributes": [],
          "private": "eyJlMmJmYjczMC1lY2FhLTExZTYtOGY4OC0zNDM2M2JjN2M0YzAiOnsiY3JlYXRlIjo2MDAwMDAwMDAwMDAsImRlbGV0ZSI6OTAwMDAwMDAwMDAwfSwic2NoZW1hX3ZlcnNpb24iOiIxIn0=",
          "dependencies": [
            "aws_vpc.kubernetes-vpc"
          ]
        }
      ]
    },
    {
      "mode": "managed",
      "type": "aws_subnet",
      "name": "kubernetes-vpc-public-subnet",
      "provider": "provider[\"registry.terraform.io/hashicorp/aws\"]",
      "instances": [
        {
          "schema_version": 1,
          "attributes": {
            "arn": "arn:aws:ec2:eu-central-1:750353367788:subnet/subnet-0d6fdb021b33086f9",
            "assign_ipv6_address_on_creation": false,
            "availability_zone": "eu-central-1b",
            "availability_zone_id": "euc1-az3",
            "cidr_block": "10.0.1.0/24",
            "customer_owned_ipv4_pool": "",
            "enable_dns64": false,
            "enable_lni_at_device_index": 0,
            "enable_resource_name_dns_a_record_on_launch": false,
            "enable_resource_name_dns_aaaa_record_on_launch": false,
            "id": "subnet-0d6fdb021b33086f9",
            "ipv6_cidr_block": "",
            "ipv6_cidr_block_association_id": "",
            "ipv6_native": false,
            "map_customer_owned_ip_on_launch": false,
            "map_public_ip_on_launch": false,
            "outpost_arn": "",
            "owner_id": "750353367788",
            "private_dns_hostname_type_on_launch": "ip-name",
            "tags": {
              "kubernetes.io/cluster/kubernetes": "owned"
            },
            "tags_all": {
              "kubernetes.io/cluster/kubernetes": "owned"
            },
            "timeouts": null,
            "vpc_id": "vpc-07ae034f7d1664d29"
          },
          "sensitive_attributes": [],
          "private": "eyJlMmJmYjczMC1lY2FhLTExZTYtOGY4OC0zNDM2M2JjN2M0YzAiOnsiY3JlYXRlIjo2MDAwMDAwMDAwMDAsImRlbGV0ZSI6MTIwMDAwMDAwMDAwMH0sInNjaGVtYV92ZXJzaW9uIjoiMSJ9",
          "dependencies": [
            "aws_vpc.kubernetes-vpc"
          ]
        }
      ]
    },
    {
      "mode": "managed",
      "type": "aws_vpc",
      "name": "kubernetes-vpc",
      "provider": "provider[\"registry.terraform.io/hashicorp/aws\"]",
      "instances": [
        {
          "schema_version": 1,
          "attributes": {
            "arn": "arn:aws:ec2:eu-central-1:750353367788:vpc/vpc-07ae034f7d1664d29",
            "assign_generated_ipv6_cidr_block": false,
            "cidr_block": "10.0.0.0/16",
            "default_network_acl_id": "acl-057529c5eb3d1ef07",
            "default_route_table_id": "rtb-01ed40a4e31820b40",
            "default_security_group_id": "sg-07db351d6fd216358",
            "dhcp_options_id": "dopt-0e9da1acacc25594b",
            "enable_dns_hostnames": false,
            "enable_dns_support": true,
            "enable_network_address_usage_metrics": false,
            "id": "vpc-07ae034f7d1664d29",
            "instance_tenancy": "default",
            "ipv4_ipam_pool_id": null,
            "ipv4_netmask_length": null,
            "ipv6_association_id": "",
            "ipv6_cidr_block": "",
            "ipv6_cidr_block_network_border_group": "",
            "ipv6_ipam_pool_id": "",
            "ipv6_netmask_length": 0,
            "main_route_table_id": "rtb-01ed40a4e31820b40",
            "owner_id": "750353367788",
            "tags": {
              "kubernetes.io/cluster/kubernetes": "owned"
            },
            "tags_all": {
              "kubernetes.io/cluster/kubernetes": "owned"
            }
          },
          "sensitive_attributes": [],
          "private": "eyJzY2hlbWFfdmVyc2lvbiI6IjEifQ=="
        }
      ]
    },
    {
      "mode": "managed",
      "type": "aws_vpc_security_group_egress_rule",
      "name": "OutboundSecurityGroupAllowAllPublicTraffic",
      "provider": "provider[\"registry.terraform.io/hashicorp/aws\"]",
      "instances": [
        {
          "schema_version": 0,
          "attributes": {
            "arn": "arn:aws:ec2:eu-central-1:750353367788:security-group-rule/sgr-0c2bf3693823b0f1c",
            "cidr_ipv4": "0.0.0.0/0",
            "cidr_ipv6": null,
            "description": null,
            "from_port": null,
            "id": "sgr-0c2bf3693823b0f1c",
            "ip_protocol": "-1",
            "prefix_list_id": null,
            "referenced_security_group_id": null,
            "security_group_id": "sg-089be6bd8a29f59d4",
            "security_group_rule_id": "sgr-0c2bf3693823b0f1c",
            "tags": null,
            "tags_all": {},
            "to_port": null
          },
          "sensitive_attributes": [],
          "dependencies": [
            "aws_security_group.kubernetes-cluster-security-group",
            "aws_vpc.kubernetes-vpc"
          ]
        }
      ]
    },
    {
      "mode": "managed",
      "type": "aws_vpc_security_group_ingress_rule",
      "name": "InboundSecurityGroupAllowAllPrivateTraffic",
      "provider": "provider[\"registry.terraform.io/hashicorp/aws\"]",
      "instances": [
        {
          "schema_version": 0,
          "attributes": {
            "arn": "arn:aws:ec2:eu-central-1:750353367788:security-group-rule/sgr-03a9c907bbf5dff0a",
            "cidr_ipv4": "10.0.0.0/16",
            "cidr_ipv6": null,
            "description": null,
            "from_port": null,
            "id": "sgr-03a9c907bbf5dff0a",
            "ip_protocol": "-1",
            "prefix_list_id": null,
            "referenced_security_group_id": null,
            "security_group_id": "sg-089be6bd8a29f59d4",
            "security_group_rule_id": "sgr-03a9c907bbf5dff0a",
            "tags": null,
            "tags_all": {},
            "to_port": null
          },
          "sensitive_attributes": [],
          "dependencies": [
            "aws_security_group.kubernetes-cluster-security-group",
            "aws_vpc.kubernetes-vpc"
          ]
        }
      ]
    },
    {
      "mode": "managed",
      "type": "aws_vpc_security_group_ingress_rule",
      "name": "InboundSecurityGroupAllowAllPublicTraffic",
      "provider": "provider[\"registry.terraform.io/hashicorp/aws\"]",
      "instances": [
        {
          "index_key": 0,
          "schema_version": 0,
          "attributes": {
            "arn": "arn:aws:ec2:eu-central-1:750353367788:security-group-rule/sgr-0f560f6a9bf96172b",
            "cidr_ipv4": "147.235.201.113/32",
            "cidr_ipv6": null,
            "description": null,
            "from_port": null,
            "id": "sgr-0f560f6a9bf96172b",
            "ip_protocol": "-1",
            "prefix_list_id": null,
            "referenced_security_group_id": null,
            "security_group_id": "sg-089be6bd8a29f59d4",
            "security_group_rule_id": "sgr-0f560f6a9bf96172b",
            "tags": null,
            "tags_all": {},
            "to_port": null
          },
          "sensitive_attributes": [],
          "dependencies": [
            "aws_vpc.kubernetes-vpc",
            "data.http.MyPublicIp",
            "aws_security_group.kubernetes-cluster-security-group"
          ]
        }
      ]
    },
    {
      "mode": "managed",
      "type": "local_file",
      "name": "kubernetes-ec2-generated-public-key-file",
      "provider": "provider[\"registry.terraform.io/hashicorp/local\"]",
      "instances": [
        {
          "schema_version": 0,
          "attributes": {
            "content": "-----BEGIN RSA PRIVATE KEY-----\nMIIEpAIBAAKCAQEA2AIi7u5uvYgkOoXMP7EGLQN+sfCDzwHMCiTLn/OSF8dQEO6m\nX+4PgdA/5KepZXZiMcVSS5/YsqgFuJ7IdQBoF1EuC4CWj65wnNwTfXMPKcJOQoR6\nTjJYzgSaaJbZcoYHenGsxTAa+7aouZxw170cwWrf1HYW+KHVY58YChj3SEki6EuJ\nfx6T1sKaYIZFBp5ifnNCLagxI3+lal4T4YCTkuGCcXl61kFI14Kbcs7nkmj9ijIa\nK4FWc/t/LzPdGkwu2IaSPiQUGTXU+8E/0iAPJ43MH/7lgSNQ1PH3y85CwAhL8pK/\nVaXj0qGjmf8vvX1gEiqxHmJfMebZFFU1C6Qf6wIDAQABAoIBAQCHaW900UvizQHJ\nHi9YjiUM+u/lpJ08nCfJBCASeaLP/UaYFsN9x8M44c/sC58J2BjekpBwkBhMh0Bu\n6DtJ/aNDWsS+uTGpiPVXoC8nqYWL7B8bW+lANBevrvsNLePLA3KUs8ZXJz0DJxLG\nqOeklwz7w3/ltNHZs7oN5aIwUk5SpT95suhGyeVwo9Tw2FJ5u8dZZWNF8Mu8hEUR\nvS1bptH22BQ38XsTBADLa+E7wIV7ZWnApbxxNBXtV08jDF15ipVWy9lza0IPMxCg\nSp3/FXR7bscrl4lpMVT5t4SKJ6S6dhGPDG3wvTztygXTaDL0PbQdNKyxGijKI6cS\nfj3+kZ6hAoGBAPXE8kl9Lm2bK83y8NKsu3wKzz/WUyy0wBJLaaW1ydJUTkTTyrhw\ndBkRsZnOvw/JRDbPzxREFD29meVbFbaf4/1f1LXd9PyvKOqCxpqUZThsztIPdhbb\nF0oHIEx9OdQmUryqLUsVzTKjL5d4ei0El7hdJbOyb+eoJ2MBwjQ8bBHVAoGBAOEA\nCmbBMgxlJ7/2KZPWPuo1P/uXPPrHVIOONDfHvYyX6rtPbxVRiymlFhfZ1o8Bre3M\nAvtkeCS9+bzCE1RtWJ9Ui/lXtIc8Qc6Po+TQI9k9x2j2y5+pS4VTr4iNPS2b6PqZ\n1lsrA8BYc/GtVWo7LHBIHoaYZQ7nKY61pbfszoq/AoGAF02TQ5CRBGeAIcj1OKSU\nKlDEEeN6g3Sn+ZQY8lNoTX8c5L3ILPDMsUvSMSk/SHnm8+OEWQGTgb8mhm66glRq\nw62Ad7YR8puRH5tCxYloh48ZlSVOJyCi9qvyTg5Zm1n+4lCodsQcbr62VoBf5UDY\nOezrFDzJC4gQI/0Ysuc/v/kCgYEAwmrbkgB8M5OwrkGRman2AUB0Afyj93oHwAk/\ne7d/RR37+VBhBwXH/vskRQW5TSbBWIoBRaKB4hW51u3H8BrwCfTvYkvztStPHaKm\nls93On8UcNFYD6UkmZc/RPnuFBv1S51kSLC5dBm6TeldtgZdlsPqhJjoMeFy2lqB\nUJUxv1cCgYAZ18DWfjA+ZspC5kk4Ievd6jlN3GNXRTAIbKr/YRu9fHUI+aFz7GHP\nyCKPyxoh/z2dQTd1GqDee9IaFj2bQI3SEZ9JHK0O36f9vVoyqprfM8waH17F9oeh\ngiMjM4tCrXWPpf8Dz8l0LAfbWiIk/ojptNXJ17Ss8FPrHBblnkBP5Q==\n-----END RSA PRIVATE KEY-----\n",
            "content_base64": null,
            "content_base64sha256": "EOiqG3XwmpkIyLE58ngeNFRLMDDSRJFCt8RdrjZqE7c=",
            "content_base64sha512": "AgGjilQHEkYhYPNKH0nNC7BX3BeFEQaS8AYMRYgSgQNbDYXsqV5NOEumYvmHDL3BiEQ/9uEbsPKybJ7Eb7WKMA==",
            "content_md5": "a9683e92d4b214738b9f8a39ff33aac9",
            "content_sha1": "0701ec638c525871540941c784e73f474824bb83",
            "content_sha256": "10e8aa1b75f09a9908c8b139f2781e34544b3030d2449142b7c45dae366a13b7",
            "content_sha512": "0201a38a540712462160f34a1f49cd0bb057dc1785110692f0060c45881281035b0d85eca95e4d384ba662f9870cbdc188443ff6e11bb0f2b26c9ec46fb58a30",
            "directory_permission": "0777",
            "file_permission": "0777",
            "filename": "/Terraform/PrivateFiles/kubernetes-managment-key-pair-private.pem",
            "id": "0701ec638c525871540941c784e73f474824bb83",
            "sensitive_content": null,
            "source": null
          },
          "sensitive_attributes": [
            [
              {
                "type": "get_attr",
                "value": "content"
              }
            ]
          ],
          "dependencies": [
            "tls_private_key.kubernetes-managment-key-pair"
          ]
        }
      ]
    },
    {
      "mode": "managed",
      "type": "tls_private_key",
      "name": "kubernetes-managment-key-pair",
      "provider": "provider[\"registry.terraform.io/hashicorp/tls\"]",
      "instances": [
        {
          "schema_version": 1,
          "attributes": {
            "algorithm": "RSA",
            "ecdsa_curve": "P224",
            "id": "b93a4fa7ec6c7a9f273b189fc5a9ae7fc9547a6a",
            "private_key_openssh": "-----BEGIN OPENSSH PRIVATE KEY-----\nb3BlbnNzaC1rZXktdjEAAAAABG5vbmUAAAAEbm9uZQAAAAAAAAABAAABFwAAAAdz\nc2gtcnNhAAAAAwEAAQAAAQEA2AIi7u5uvYgkOoXMP7EGLQN+sfCDzwHMCiTLn/OS\nF8dQEO6mX+4PgdA/5KepZXZiMcVSS5/YsqgFuJ7IdQBoF1EuC4CWj65wnNwTfXMP\nKcJOQoR6TjJYzgSaaJbZcoYHenGsxTAa+7aouZxw170cwWrf1HYW+KHVY58YChj3\nSEki6EuJfx6T1sKaYIZFBp5ifnNCLagxI3+lal4T4YCTkuGCcXl61kFI14Kbcs7n\nkmj9ijIaK4FWc/t/LzPdGkwu2IaSPiQUGTXU+8E/0iAPJ43MH/7lgSNQ1PH3y85C\nwAhL8pK/VaXj0qGjmf8vvX1gEiqxHmJfMebZFFU1C6Qf6wAAA7jj5Foz4+RaMwAA\nAAdzc2gtcnNhAAABAQDYAiLu7m69iCQ6hcw/sQYtA36x8IPPAcwKJMuf85IXx1AQ\n7qZf7g+B0D/kp6lldmIxxVJLn9iyqAW4nsh1AGgXUS4LgJaPrnCc3BN9cw8pwk5C\nhHpOMljOBJpoltlyhgd6cazFMBr7tqi5nHDXvRzBat/Udhb4odVjnxgKGPdISSLo\nS4l/HpPWwppghkUGnmJ+c0ItqDEjf6VqXhPhgJOS4YJxeXrWQUjXgptyzueSaP2K\nMhorgVZz+38vM90aTC7YhpI+JBQZNdT7wT/SIA8njcwf/uWBI1DU8ffLzkLACEvy\nkr9VpePSoaOZ/y+9fWASKrEeYl8x5tkUVTULpB/rAAAAAwEAAQAAAQEAh2lvdNFL\n4s0ByR4vWI4lDPrv5aSdPJwnyQQgEnmiz/1GmBbDfcfDOOHP7AufCdgY3pKQcJAY\nTIdAbug7Sf2jQ1rEvrkxqYj1V6AvJ6mFi+wfG1vpQDQXr677DS3jywNylLPGVyc9\nAycSxqjnpJcM+8N/5bTR2bO6DeWiMFJOUqU/ebLoRsnlcKPU8NhSebvHWWVjRfDL\nvIRFEb0tW6bR9tgUN/F7EwQAy2vhO8CFe2VpwKW8cTQV7VdPIwxdeYqVVsvZc2tC\nDzMQoEqd/xV0e27HK5eJaTFU+beEiiekunYRjwxt8L087coF02gy9D20HTSssRoo\nyiOnEn49/pGeoQAAAIAZ18DWfjA+ZspC5kk4Ievd6jlN3GNXRTAIbKr/YRu9fHUI\n+aFz7GHPyCKPyxoh/z2dQTd1GqDee9IaFj2bQI3SEZ9JHK0O36f9vVoyqprfM8wa\nH17F9oehgiMjM4tCrXWPpf8Dz8l0LAfbWiIk/ojptNXJ17Ss8FPrHBblnkBP5QAA\nAIEA9cTySX0ubZsrzfLw0qy7fArPP9ZTLLTAEktppbXJ0lRORNPKuHB0GRGxmc6/\nD8lENs/PFEQUPb2Z5VsVtp/j/V/Utd30/K8o6oLGmpRlOGzO0g92FtsXSgcgTH05\n1CZSvKotSxXNMqMvl3h6LQSXuF0ls7Jv56gnYwHCNDxsEdUAAACBAOEACmbBMgxl\nJ7/2KZPWPuo1P/uXPPrHVIOONDfHvYyX6rtPbxVRiymlFhfZ1o8Bre3MAvtkeCS9\n+bzCE1RtWJ9Ui/lXtIc8Qc6Po+TQI9k9x2j2y5+pS4VTr4iNPS2b6PqZ1lsrA8BY\nc/GtVWo7LHBIHoaYZQ7nKY61pbfszoq/AAAAAAEC\n-----END OPENSSH PRIVATE KEY-----\n",
            "private_key_pem": "-----BEGIN RSA PRIVATE KEY-----\nMIIEpAIBAAKCAQEA2AIi7u5uvYgkOoXMP7EGLQN+sfCDzwHMCiTLn/OSF8dQEO6m\nX+4PgdA/5KepZXZiMcVSS5/YsqgFuJ7IdQBoF1EuC4CWj65wnNwTfXMPKcJOQoR6\nTjJYzgSaaJbZcoYHenGsxTAa+7aouZxw170cwWrf1HYW+KHVY58YChj3SEki6EuJ\nfx6T1sKaYIZFBp5ifnNCLagxI3+lal4T4YCTkuGCcXl61kFI14Kbcs7nkmj9ijIa\nK4FWc/t/LzPdGkwu2IaSPiQUGTXU+8E/0iAPJ43MH/7lgSNQ1PH3y85CwAhL8pK/\nVaXj0qGjmf8vvX1gEiqxHmJfMebZFFU1C6Qf6wIDAQABAoIBAQCHaW900UvizQHJ\nHi9YjiUM+u/lpJ08nCfJBCASeaLP/UaYFsN9x8M44c/sC58J2BjekpBwkBhMh0Bu\n6DtJ/aNDWsS+uTGpiPVXoC8nqYWL7B8bW+lANBevrvsNLePLA3KUs8ZXJz0DJxLG\nqOeklwz7w3/ltNHZs7oN5aIwUk5SpT95suhGyeVwo9Tw2FJ5u8dZZWNF8Mu8hEUR\nvS1bptH22BQ38XsTBADLa+E7wIV7ZWnApbxxNBXtV08jDF15ipVWy9lza0IPMxCg\nSp3/FXR7bscrl4lpMVT5t4SKJ6S6dhGPDG3wvTztygXTaDL0PbQdNKyxGijKI6cS\nfj3+kZ6hAoGBAPXE8kl9Lm2bK83y8NKsu3wKzz/WUyy0wBJLaaW1ydJUTkTTyrhw\ndBkRsZnOvw/JRDbPzxREFD29meVbFbaf4/1f1LXd9PyvKOqCxpqUZThsztIPdhbb\nF0oHIEx9OdQmUryqLUsVzTKjL5d4ei0El7hdJbOyb+eoJ2MBwjQ8bBHVAoGBAOEA\nCmbBMgxlJ7/2KZPWPuo1P/uXPPrHVIOONDfHvYyX6rtPbxVRiymlFhfZ1o8Bre3M\nAvtkeCS9+bzCE1RtWJ9Ui/lXtIc8Qc6Po+TQI9k9x2j2y5+pS4VTr4iNPS2b6PqZ\n1lsrA8BYc/GtVWo7LHBIHoaYZQ7nKY61pbfszoq/AoGAF02TQ5CRBGeAIcj1OKSU\nKlDEEeN6g3Sn+ZQY8lNoTX8c5L3ILPDMsUvSMSk/SHnm8+OEWQGTgb8mhm66glRq\nw62Ad7YR8puRH5tCxYloh48ZlSVOJyCi9qvyTg5Zm1n+4lCodsQcbr62VoBf5UDY\nOezrFDzJC4gQI/0Ysuc/v/kCgYEAwmrbkgB8M5OwrkGRman2AUB0Afyj93oHwAk/\ne7d/RR37+VBhBwXH/vskRQW5TSbBWIoBRaKB4hW51u3H8BrwCfTvYkvztStPHaKm\nls93On8UcNFYD6UkmZc/RPnuFBv1S51kSLC5dBm6TeldtgZdlsPqhJjoMeFy2lqB\nUJUxv1cCgYAZ18DWfjA+ZspC5kk4Ievd6jlN3GNXRTAIbKr/YRu9fHUI+aFz7GHP\nyCKPyxoh/z2dQTd1GqDee9IaFj2bQI3SEZ9JHK0O36f9vVoyqprfM8waH17F9oeh\ngiMjM4tCrXWPpf8Dz8l0LAfbWiIk/ojptNXJ17Ss8FPrHBblnkBP5Q==\n-----END RSA PRIVATE KEY-----\n",
            "private_key_pem_pkcs8": "-----BEGIN PRIVATE KEY-----\nMIIEvgIBADANBgkqhkiG9w0BAQEFAASCBKgwggSkAgEAAoIBAQDYAiLu7m69iCQ6\nhcw/sQYtA36x8IPPAcwKJMuf85IXx1AQ7qZf7g+B0D/kp6lldmIxxVJLn9iyqAW4\nnsh1AGgXUS4LgJaPrnCc3BN9cw8pwk5ChHpOMljOBJpoltlyhgd6cazFMBr7tqi5\nnHDXvRzBat/Udhb4odVjnxgKGPdISSLoS4l/HpPWwppghkUGnmJ+c0ItqDEjf6Vq\nXhPhgJOS4YJxeXrWQUjXgptyzueSaP2KMhorgVZz+38vM90aTC7YhpI+JBQZNdT7\nwT/SIA8njcwf/uWBI1DU8ffLzkLACEvykr9VpePSoaOZ/y+9fWASKrEeYl8x5tkU\nVTULpB/rAgMBAAECggEBAIdpb3TRS+LNAckeL1iOJQz67+WknTycJ8kEIBJ5os/9\nRpgWw33Hwzjhz+wLnwnYGN6SkHCQGEyHQG7oO0n9o0NaxL65MamI9VegLyephYvs\nHxtb6UA0F6+u+w0t48sDcpSzxlcnPQMnEsao56SXDPvDf+W00dmzug3lojBSTlKl\nP3my6EbJ5XCj1PDYUnm7x1llY0Xwy7yERRG9LVum0fbYFDfxexMEAMtr4TvAhXtl\nacClvHE0Fe1XTyMMXXmKlVbL2XNrQg8zEKBKnf8VdHtuxyuXiWkxVPm3hIonpLp2\nEY8MbfC9PO3KBdNoMvQ9tB00rLEaKMojpxJ+Pf6RnqECgYEA9cTySX0ubZsrzfLw\n0qy7fArPP9ZTLLTAEktppbXJ0lRORNPKuHB0GRGxmc6/D8lENs/PFEQUPb2Z5VsV\ntp/j/V/Utd30/K8o6oLGmpRlOGzO0g92FtsXSgcgTH051CZSvKotSxXNMqMvl3h6\nLQSXuF0ls7Jv56gnYwHCNDxsEdUCgYEA4QAKZsEyDGUnv/Ypk9Y+6jU/+5c8+sdU\ng440N8e9jJfqu09vFVGLKaUWF9nWjwGt7cwC+2R4JL35vMITVG1Yn1SL+Ve0hzxB\nzo+j5NAj2T3HaPbLn6lLhVOviI09LZvo+pnWWysDwFhz8a1VajsscEgehphlDucp\njrWlt+zOir8CgYAXTZNDkJEEZ4AhyPU4pJQqUMQR43qDdKf5lBjyU2hNfxzkvcgs\n8MyxS9IxKT9Ieebz44RZAZOBvyaGbrqCVGrDrYB3thHym5Efm0LFiWiHjxmVJU4n\nIKL2q/JODlmbWf7iUKh2xBxuvrZWgF/lQNg57OsUPMkLiBAj/Riy5z+/+QKBgQDC\natuSAHwzk7CuQZGZqfYBQHQB/KP3egfACT97t39FHfv5UGEHBcf++yRFBblNJsFY\nigFFooHiFbnW7cfwGvAJ9O9iS/O1K08doqaWz3c6fxRw0VgPpSSZlz9E+e4UG/VL\nnWRIsLl0GbpN6V22Bl2Ww+qEmOgx4XLaWoFQlTG/VwKBgBnXwNZ+MD5mykLmSTgh\n693qOU3cY1dFMAhsqv9hG718dQj5oXPsYc/IIo/LGiH/PZ1BN3UaoN570hoWPZtA\njdIRn0kcrQ7fp/29WjKqmt8zzBofXsX2h6GCIyMzi0KtdY+l/wPPyXQsB9taIiT+\niOm01cnXtKzwU+scFuWeQE/l\n-----END PRIVATE KEY-----\n",
            "public_key_fingerprint_md5": "a1:ed:87:40:21:c9:b5:02:d9:04:2b:f6:f7:5a:04:a2",
            "public_key_fingerprint_sha256": "SHA256:aoIrg0tVd1MKsdUL2P5ka+Gv9IVsb9iZxSaif4yF5Co",
            "public_key_openssh": "ssh-rsa AAAAB3NzaC1yc2EAAAADAQABAAABAQDYAiLu7m69iCQ6hcw/sQYtA36x8IPPAcwKJMuf85IXx1AQ7qZf7g+B0D/kp6lldmIxxVJLn9iyqAW4nsh1AGgXUS4LgJaPrnCc3BN9cw8pwk5ChHpOMljOBJpoltlyhgd6cazFMBr7tqi5nHDXvRzBat/Udhb4odVjnxgKGPdISSLoS4l/HpPWwppghkUGnmJ+c0ItqDEjf6VqXhPhgJOS4YJxeXrWQUjXgptyzueSaP2KMhorgVZz+38vM90aTC7YhpI+JBQZNdT7wT/SIA8njcwf/uWBI1DU8ffLzkLACEvykr9VpePSoaOZ/y+9fWASKrEeYl8x5tkUVTULpB/r\n",
            "public_key_pem": "-----BEGIN PUBLIC KEY-----\nMIIBIjANBgkqhkiG9w0BAQEFAAOCAQ8AMIIBCgKCAQEA2AIi7u5uvYgkOoXMP7EG\nLQN+sfCDzwHMCiTLn/OSF8dQEO6mX+4PgdA/5KepZXZiMcVSS5/YsqgFuJ7IdQBo\nF1EuC4CWj65wnNwTfXMPKcJOQoR6TjJYzgSaaJbZcoYHenGsxTAa+7aouZxw170c\nwWrf1HYW+KHVY58YChj3SEki6EuJfx6T1sKaYIZFBp5ifnNCLagxI3+lal4T4YCT\nkuGCcXl61kFI14Kbcs7nkmj9ijIaK4FWc/t/LzPdGkwu2IaSPiQUGTXU+8E/0iAP\nJ43MH/7lgSNQ1PH3y85CwAhL8pK/VaXj0qGjmf8vvX1gEiqxHmJfMebZFFU1C6Qf\n6wIDAQAB\n-----END PUBLIC KEY-----\n",
            "rsa_bits": 2048
          },
          "sensitive_attributes": []
        }
      ]
    }
  ]
}
