{
  "version": 4,
  "terraform_version": "1.0.7",
  "serial": 455,
  "lineage": "c9aac03b-45a8-3223-2cb3-7f0a98ce4c38",
  "outputs": {
    "ec2_global_kubernetes_ips": {
      "value": "",
      "type": "string"
    }
  },
  "resources": [
    {
      "mode": "data",
      "type": "http",
      "name": "MyPublicIp",
      "provider": "provider[\"registry.terraform.io/hashicorp/http\"]",
      "instances": [
        {
          "schema_version": 0,
          "attributes": {
            "body": "87.68.246.54\n",
            "ca_cert_pem": null,
            "id": "https://ipv4.icanhazip.com",
            "insecure": null,
            "method": null,
            "request_body": null,
            "request_headers": null,
            "request_timeout_ms": null,
            "response_body": "87.68.246.54\n",
            "response_body_base64": "ODcuNjguMjQ2LjU0Cg==",
            "response_headers": {
              "Access-Control-Allow-Methods": "GET",
              "Access-Control-Allow-Origin": "*",
              "Alt-Svc": "h3=\":443\"; ma=86400",
              "Cf-Ray": "860bcee80cc97d9a-TLV",
              "Content-Length": "13",
              "Content-Type": "text/plain",
              "Date": "Thu, 07 Mar 2024 16:02:09 GMT",
              "Server": "cloudflare",
              "Set-Cookie": "__cf_bm=6lDg.Hso2sEHRwODZ2N16wvjZSvvs.h0rcZ7A8VqD1s-1709827329-1.0.1.1-EpwJSbQbzjk8Xgeipwip87QZQq9KQ3wiEmyhVZZcORah86XRSCVLEkqpp17ARkzq8eVBsEsjM3Jeci8jfJ2Hig; path=/; expires=Thu, 07-Mar-24 16:32:09 GMT; domain=.icanhazip.com; HttpOnly; Secure; SameSite=None",
              "Vary": "Accept-Encoding"
            },
            "retry": null,
            "status_code": 200,
            "url": "https://ipv4.icanhazip.com"
          },
          "sensitive_attributes": []
        }
      ]
    },
    {
      "mode": "managed",
      "type": "aws_eip",
      "name": "kubernetes-cluster-ec2-elastic-ip",
      "provider": "provider[\"registry.terraform.io/hashicorp/aws\"]",
      "instances": [
        {
          "schema_version": 0,
          "attributes": {
            "address": null,
            "allocation_id": "eipalloc-0a59fb12eb036c4f4",
            "associate_with_private_ip": null,
            "association_id": "eipassoc-04b8a5f61dd32d725",
            "carrier_ip": "",
            "customer_owned_ip": "",
            "customer_owned_ipv4_pool": "",
            "domain": "vpc",
            "id": "eipalloc-0a59fb12eb036c4f4",
            "instance": "i-02f309f36d64fc058",
            "network_border_group": "eu-central-1",
            "network_interface": "eni-07ec550ec146da5aa",
            "private_dns": "ip-10-0-1-150.eu-central-1.compute.internal",
            "private_ip": "10.0.1.150",
            "public_dns": "ec2-3-72-244-180.eu-central-1.compute.amazonaws.com",
            "public_ip": "3.72.244.180",
            "public_ipv4_pool": "amazon",
            "tags": {
              "kubernetes.io/cluster/kubernetes": "owned"
            },
            "tags_all": {
              "kubernetes.io/cluster/kubernetes": "owned"
            },
            "timeouts": null,
            "vpc": true
          },
          "sensitive_attributes": [],
          "private": "eyJlMmJmYjczMC1lY2FhLTExZTYtOGY4OC0zNDM2M2JjN2M0YzAiOnsiZGVsZXRlIjoxODAwMDAwMDAwMDAsInJlYWQiOjkwMDAwMDAwMDAwMCwidXBkYXRlIjozMDAwMDAwMDAwMDB9fQ==",
          "dependencies": [
            "aws_iam_instance_profile.kubernetes-cluster-ec2-instance-profile",
            "aws_iam_role.kubernetes-master-node-role1",
            "aws_instance.kubernetes-cluster-ec2",
            "aws_key_pair.kubernets-ec2-key-pair",
            "aws_security_group.kubernetes-cluster-security-group",
            "aws_subnet.kubernetes-vpc-public-subnet",
            "aws_vpc.kubernetes-vpc",
            "tls_private_key.kubernetes-managment-key-pair"
          ]
        }
      ]
    },
    {
      "mode": "managed",
      "type": "aws_iam_instance_profile",
      "name": "kubernetes-cluster-ec2-instance-profile",
      "provider": "provider[\"registry.terraform.io/hashicorp/aws\"]",
      "instances": [
        {
          "schema_version": 0,
          "attributes": {
            "arn": "arn:aws:iam::750353367788:instance-profile/kubernetes-cluster-ec2-instance-profile",
            "create_date": "2024-03-07T16:02:24Z",
            "id": "kubernetes-cluster-ec2-instance-profile",
            "name": "kubernetes-cluster-ec2-instance-profile",
            "name_prefix": "",
            "path": "/",
            "role": "kubernetes-master-node-role1",
            "tags": null,
            "tags_all": {},
            "unique_id": "AIPA25NELYLWLU7HRJKMK"
          },
          "sensitive_attributes": [],
          "private": "bnVsbA==",
          "dependencies": [
            "aws_iam_role.kubernetes-master-node-role1"
          ]
        }
      ]
    },
    {
      "mode": "managed",
      "type": "aws_iam_policy",
      "name": "kubernetes-master-node-policy1",
      "provider": "provider[\"registry.terraform.io/hashicorp/aws\"]",
      "instances": [
        {
          "schema_version": 0,
          "attributes": {
            "arn": "arn:aws:iam::750353367788:policy/kubernetes-master-node-policy1",
            "description": "",
            "id": "arn:aws:iam::750353367788:policy/kubernetes-master-node-policy1",
            "name": "kubernetes-master-node-policy1",
            "name_prefix": "",
            "path": "/",
            "policy": "{\"Statement\":[{\"Action\":[\"autoscaling:DescribeAutoScalingGroups\",\"autoscaling:DescribeLaunchConfigurations\",\"autoscaling:DescribeTags\",\"ec2:DescribeInstances\",\"ec2:DescribeRegions\",\"ec2:DescribeRouteTables\",\"ec2:DescribeSecurityGroups\",\"ec2:DescribeSubnets\",\"ec2:DescribeVolumes\",\"ec2:CreateSecurityGroup\",\"ec2:CreateTags\",\"ec2:CreateVolume\",\"ec2:ModifyInstanceAttribute\",\"ec2:ModifyVolume\",\"ec2:AttachVolume\",\"ec2:AuthorizeSecurityGroupIngress\",\"ec2:CreateRoute\",\"ec2:DeleteRoute\",\"ec2:DeleteSecurityGroup\",\"ec2:DeleteVolume\",\"ec2:DetachVolume\",\"ec2:RevokeSecurityGroupIngress\",\"ec2:DescribeVpcs\",\"elasticloadbalancing:AddTags\",\"elasticloadbalancing:AttachLoadBalancerToSubnets\",\"elasticloadbalancing:ApplySecurityGroupsToLoadBalancer\",\"elasticloadbalancing:CreateLoadBalancer\",\"elasticloadbalancing:CreateLoadBalancerPolicy\",\"elasticloadbalancing:CreateLoadBalancerListeners\",\"elasticloadbalancing:ConfigureHealthCheck\",\"elasticloadbalancing:DeleteLoadBalancer\",\"elasticloadbalancing:DeleteLoadBalancerListeners\",\"elasticloadbalancing:DescribeLoadBalancers\",\"elasticloadbalancing:DescribeLoadBalancerAttributes\",\"elasticloadbalancing:DetachLoadBalancerFromSubnets\",\"elasticloadbalancing:DeregisterInstancesFromLoadBalancer\",\"elasticloadbalancing:ModifyLoadBalancerAttributes\",\"elasticloadbalancing:RegisterInstancesWithLoadBalancer\",\"elasticloadbalancing:SetLoadBalancerPoliciesForBackendServer\",\"elasticloadbalancing:AddTags\",\"elasticloadbalancing:CreateListener\",\"elasticloadbalancing:CreateTargetGroup\",\"elasticloadbalancing:DeleteListener\",\"elasticloadbalancing:DeleteTargetGroup\",\"elasticloadbalancing:DescribeListeners\",\"elasticloadbalancing:DescribeLoadBalancerPolicies\",\"elasticloadbalancing:DescribeTargetGroups\",\"elasticloadbalancing:DescribeTargetHealth\",\"elasticloadbalancing:ModifyListener\",\"elasticloadbalancing:ModifyTargetGroup\",\"elasticloadbalancing:RegisterTargets\",\"elasticloadbalancing:SetLoadBalancerPoliciesOfListener\",\"iam:CreateServiceLinkedRole\",\"kms:DescribeKey\"],\"Effect\":\"Allow\",\"Resource\":[\"*\"]}],\"Version\":\"2012-10-17\"}",
            "policy_id": "ANPA25NELYLWCTN3LJI4Z",
            "tags": {
              "kubernetes.io/cluster/kubernetes": "owned"
            },
            "tags_all": {
              "kubernetes.io/cluster/kubernetes": "owned"
            }
          },
          "sensitive_attributes": [],
          "private": "bnVsbA=="
        }
      ]
    },
    {
      "mode": "managed",
      "type": "aws_iam_policy",
      "name": "kubernetes-worker-node-policy1",
      "provider": "provider[\"registry.terraform.io/hashicorp/aws\"]",
      "instances": [
        {
          "schema_version": 0,
          "attributes": {
            "arn": "arn:aws:iam::750353367788:policy/kubernetes-worker-node-policy1",
            "description": "",
            "id": "arn:aws:iam::750353367788:policy/kubernetes-worker-node-policy1",
            "name": "kubernetes-worker-node-policy1",
            "name_prefix": "",
            "path": "/",
            "policy": "{\"Statement\":[{\"Action\":[\"ec2:DescribeInstances\",\"ec2:DescribeRegions\",\"ecr:GetAuthorizationToken\",\"ecr:BatchCheckLayerAvailability\",\"ecr:GetDownloadUrlForLayer\",\"ecr:GetRepositoryPolicy\",\"ecr:DescribeRepositories\",\"ecr:ListImages\",\"ecr:BatchGetImage\"],\"Effect\":\"Allow\",\"Resource\":\"*\"}],\"Version\":\"2012-10-17\"}",
            "policy_id": "ANPA25NELYLWKMFINF2BW",
            "tags": {
              "kubernetes.io/cluster/kubernetes": "owned"
            },
            "tags_all": {
              "kubernetes.io/cluster/kubernetes": "owned"
            }
          },
          "sensitive_attributes": [],
          "private": "bnVsbA=="
        }
      ]
    },
    {
      "mode": "managed",
      "type": "aws_iam_policy_attachment",
      "name": "kubernetes-master-node-role-policy-attachment-master-policy",
      "provider": "provider[\"registry.terraform.io/hashicorp/aws\"]",
      "instances": [
        {
          "schema_version": 0,
          "attributes": {
            "groups": null,
            "id": "kubernetes-master-node-role-policy-attachment-master-policy",
            "name": "kubernetes-master-node-role-policy-attachment-master-policy",
            "policy_arn": "arn:aws:iam::750353367788:policy/kubernetes-master-node-policy1",
            "roles": [
              "kubernetes-master-node-role1"
            ],
            "users": null
          },
          "sensitive_attributes": [],
          "private": "bnVsbA==",
          "dependencies": [
            "aws_iam_policy.kubernetes-master-node-policy1",
            "aws_iam_role.kubernetes-master-node-role1"
          ]
        }
      ]
    },
    {
      "mode": "managed",
      "type": "aws_iam_policy_attachment",
      "name": "kubernetes-master-node-role-policy-attachment-worker-policy",
      "provider": "provider[\"registry.terraform.io/hashicorp/aws\"]",
      "instances": [
        {
          "schema_version": 0,
          "attributes": {
            "groups": null,
            "id": "kubernetes-master-node-role-policy-attachment-worker-policy",
            "name": "kubernetes-master-node-role-policy-attachment-worker-policy",
            "policy_arn": "arn:aws:iam::750353367788:policy/kubernetes-worker-node-policy1",
            "roles": [
              "kubernetes-master-node-role1"
            ],
            "users": null
          },
          "sensitive_attributes": [],
          "private": "bnVsbA==",
          "dependencies": [
            "aws_iam_policy.kubernetes-worker-node-policy1",
            "aws_iam_role.kubernetes-master-node-role1"
          ]
        }
      ]
    },
    {
      "mode": "managed",
      "type": "aws_iam_role",
      "name": "kubernetes-master-node-role1",
      "provider": "provider[\"registry.terraform.io/hashicorp/aws\"]",
      "instances": [
        {
          "schema_version": 0,
          "attributes": {
            "arn": "arn:aws:iam::750353367788:role/kubernetes-master-node-role1",
            "assume_role_policy": "{\"Statement\":[{\"Action\":\"sts:AssumeRole\",\"Effect\":\"Allow\",\"Principal\":{\"Service\":\"ec2.amazonaws.com\"}}],\"Version\":\"2012-10-17\"}",
            "create_date": "2024-03-07T16:02:23Z",
            "description": "",
            "force_detach_policies": false,
            "id": "kubernetes-master-node-role1",
            "inline_policy": [],
            "managed_policy_arns": [],
            "max_session_duration": 3600,
            "name": "kubernetes-master-node-role1",
            "name_prefix": "",
            "path": "/",
            "permissions_boundary": "",
            "tags": {
              "kubernetes.io/cluster/kubernetes": "owned"
            },
            "tags_all": {
              "kubernetes.io/cluster/kubernetes": "owned"
            },
            "unique_id": "AROA25NELYLWPF27URAC5"
          },
          "sensitive_attributes": [],
          "private": "bnVsbA=="
        }
      ]
    },
    {
      "mode": "managed",
      "type": "aws_instance",
      "name": "kubernetes-cluster-ec2",
      "provider": "provider[\"registry.terraform.io/hashicorp/aws\"]",
      "instances": [
        {
          "schema_version": 1,
          "attributes": {
            "ami": "ami-0faab6bdbac9486fb",
            "arn": "arn:aws:ec2:eu-central-1:750353367788:instance/i-02f309f36d64fc058",
            "associate_public_ip_address": false,
            "availability_zone": "eu-central-1a",
            "capacity_reservation_specification": [
              {
                "capacity_reservation_preference": "open",
                "capacity_reservation_target": []
              }
            ],
            "cpu_core_count": 1,
            "cpu_options": [
              {
                "amd_sev_snp": "",
                "core_count": 1,
                "threads_per_core": 2
              }
            ],
            "cpu_threads_per_core": 2,
            "credit_specification": [
              {
                "cpu_credits": "unlimited"
              }
            ],
            "disable_api_stop": false,
            "disable_api_termination": false,
            "ebs_block_device": [],
            "ebs_optimized": false,
            "enclave_options": [
              {
                "enabled": false
              }
            ],
            "ephemeral_block_device": [],
            "get_password_data": false,
            "hibernation": false,
            "host_id": "",
            "host_resource_group_arn": null,
            "iam_instance_profile": "kubernetes-cluster-ec2-instance-profile",
            "id": "i-02f309f36d64fc058",
            "instance_initiated_shutdown_behavior": "stop",
            "instance_lifecycle": "",
            "instance_market_options": [],
            "instance_state": "running",
            "instance_type": "t3.medium",
            "ipv6_address_count": 0,
            "ipv6_addresses": [],
            "key_name": "kubernetes-managment-key-pair",
            "launch_template": [],
            "maintenance_options": [
              {
                "auto_recovery": "default"
              }
            ],
            "metadata_options": [
              {
                "http_endpoint": "enabled",
                "http_protocol_ipv6": "disabled",
                "http_put_response_hop_limit": 1,
                "http_tokens": "optional",
                "instance_metadata_tags": "disabled"
              }
            ],
            "monitoring": false,
            "network_interface": [],
            "outpost_arn": "",
            "password_data": "",
            "placement_group": "",
            "placement_partition_number": 0,
            "primary_network_interface_id": "eni-07ec550ec146da5aa",
            "private_dns": "ip-10-0-1-150.eu-central-1.compute.internal",
            "private_dns_name_options": [
              {
                "enable_resource_name_dns_a_record": false,
                "enable_resource_name_dns_aaaa_record": false,
                "hostname_type": "ip-name"
              }
            ],
            "private_ip": "10.0.1.150",
            "public_dns": "",
            "public_ip": "",
            "root_block_device": [
              {
                "delete_on_termination": true,
                "device_name": "/dev/sda1",
                "encrypted": false,
                "iops": 100,
                "kms_key_id": "",
                "tags": {},
                "throughput": 0,
                "volume_id": "vol-00cd87e8b8c543b14",
                "volume_size": 8,
                "volume_type": "gp2"
              }
            ],
            "secondary_private_ips": [],
            "security_groups": [],
            "source_dest_check": true,
            "spot_instance_request_id": "",
            "subnet_id": "subnet-052de62aa479e4af7",
            "tags": {
              "kubernetes.io/cluster/kubernetes": "owned"
            },
            "tags_all": {
              "kubernetes.io/cluster/kubernetes": "owned"
            },
            "tenancy": "default",
            "timeouts": null,
            "user_data": null,
            "user_data_base64": null,
            "user_data_replace_on_change": false,
            "volume_tags": null,
            "vpc_security_group_ids": [
              "sg-07ffad75e08fdfc32"
            ]
          },
          "sensitive_attributes": [],
          "private": "eyJlMmJmYjczMC1lY2FhLTExZTYtOGY4OC0zNDM2M2JjN2M0YzAiOnsiY3JlYXRlIjo2MDAwMDAwMDAwMDAsImRlbGV0ZSI6MTIwMDAwMDAwMDAwMCwidXBkYXRlIjo2MDAwMDAwMDAwMDB9LCJzY2hlbWFfdmVyc2lvbiI6IjEifQ==",
          "dependencies": [
            "aws_iam_instance_profile.kubernetes-cluster-ec2-instance-profile",
            "aws_iam_role.kubernetes-master-node-role1",
            "aws_key_pair.kubernets-ec2-key-pair",
            "aws_security_group.kubernetes-cluster-security-group",
            "aws_subnet.kubernetes-vpc-public-subnet",
            "aws_vpc.kubernetes-vpc",
            "tls_private_key.kubernetes-managment-key-pair"
          ]
        }
      ]
    },
    {
      "mode": "managed",
      "type": "aws_internet_gateway",
      "name": "kubernetes-vpc-internet-gateway",
      "provider": "provider[\"registry.terraform.io/hashicorp/aws\"]",
      "instances": [
        {
          "schema_version": 0,
          "attributes": {
            "arn": "arn:aws:ec2:eu-central-1:750353367788:internet-gateway/igw-0713a118876d96330",
            "id": "igw-0713a118876d96330",
            "owner_id": "750353367788",
            "tags": {
              "kubernetes.io/cluster/kubernetes": "owned"
            },
            "tags_all": {
              "kubernetes.io/cluster/kubernetes": "owned"
            },
            "timeouts": null,
            "vpc_id": "vpc-0b64fcc0141906df3"
          },
          "sensitive_attributes": [],
          "private": "eyJlMmJmYjczMC1lY2FhLTExZTYtOGY4OC0zNDM2M2JjN2M0YzAiOnsiY3JlYXRlIjoxMjAwMDAwMDAwMDAwLCJkZWxldGUiOjEyMDAwMDAwMDAwMDAsInVwZGF0ZSI6MTIwMDAwMDAwMDAwMH19",
          "dependencies": [
            "aws_vpc.kubernetes-vpc"
          ]
        }
      ]
    },
    {
      "mode": "managed",
      "type": "aws_key_pair",
      "name": "kubernets-ec2-key-pair",
      "provider": "provider[\"registry.terraform.io/hashicorp/aws\"]",
      "instances": [
        {
          "schema_version": 1,
          "attributes": {
            "arn": "arn:aws:ec2:eu-central-1:750353367788:key-pair/kubernetes-managment-key-pair",
            "fingerprint": "7f:2f:07:04:82:46:de:8b:6a:22:8b:86:c4:7b:0e:fc",
            "id": "kubernetes-managment-key-pair",
            "key_name": "kubernetes-managment-key-pair",
            "key_name_prefix": "",
            "key_pair_id": "key-088c695f112850a06",
            "key_type": "rsa",
            "public_key": "ssh-rsa AAAAB3NzaC1yc2EAAAADAQABAAABAQC6VvjahV1T5i5ig+yd1Eaq5Jk14q2h3Fz6ia8hHZzumgv9w/6N3frHIRGWRZ70YX2Is6yYaY5A3BwQ+p5bKzM1sCYvfel7j2+Ts2JKy3JnvCPDZouQjLDbDIa7+CY9QK60+YhXLJ9kPw0fzDcvoJdrST7PSUbvOz6mzNgqW1HiO376tBZYONTcGX0UhyXeuiXSkCAYRfXMYhcXaTsu4ykagMFwgjVd8CEzahEJQ+I5WtsIh2/iZN7SyeV8kGf/hSjZJeNjrSoA393auNBbl1sImzjlR/4wUf2jd/up6KA8FBmjdt85oP81B6LtIfLI0Y+9c2m1SnTJfks3vdml8heD",
            "tags": null,
            "tags_all": {}
          },
          "sensitive_attributes": [],
          "private": "eyJzY2hlbWFfdmVyc2lvbiI6IjEifQ==",
          "dependencies": [
            "tls_private_key.kubernetes-managment-key-pair"
          ]
        }
      ]
    },
    {
      "mode": "managed",
      "type": "aws_route_table",
      "name": "kubernetes-vpc-route-table",
      "provider": "provider[\"registry.terraform.io/hashicorp/aws\"]",
      "instances": [
        {
          "schema_version": 0,
          "attributes": {
            "arn": "arn:aws:ec2:eu-central-1:750353367788:route-table/rtb-0bb02acdc15bf718f",
            "id": "rtb-0bb02acdc15bf718f",
            "owner_id": "750353367788",
            "propagating_vgws": [],
            "route": [
              {
                "carrier_gateway_id": "",
                "cidr_block": "0.0.0.0/0",
                "core_network_arn": "",
                "destination_prefix_list_id": "",
                "egress_only_gateway_id": "",
                "gateway_id": "igw-0713a118876d96330",
                "ipv6_cidr_block": "",
                "local_gateway_id": "",
                "nat_gateway_id": "",
                "network_interface_id": "",
                "transit_gateway_id": "",
                "vpc_endpoint_id": "",
                "vpc_peering_connection_id": ""
              }
            ],
            "tags": {
              "kubernetes.io/cluster/kubernetes": "owned"
            },
            "tags_all": {
              "kubernetes.io/cluster/kubernetes": "owned"
            },
            "timeouts": null,
            "vpc_id": "vpc-0b64fcc0141906df3"
          },
          "sensitive_attributes": [],
          "private": "eyJlMmJmYjczMC1lY2FhLTExZTYtOGY4OC0zNDM2M2JjN2M0YzAiOnsiY3JlYXRlIjozMDAwMDAwMDAwMDAsImRlbGV0ZSI6MzAwMDAwMDAwMDAwLCJ1cGRhdGUiOjEyMDAwMDAwMDAwMH19",
          "dependencies": [
            "aws_internet_gateway.kubernetes-vpc-internet-gateway",
            "aws_vpc.kubernetes-vpc"
          ]
        }
      ]
    },
    {
      "mode": "managed",
      "type": "aws_route_table_association",
      "name": "kubernetes-vpc-route-table-associate-to-public-subnets",
      "provider": "provider[\"registry.terraform.io/hashicorp/aws\"]",
      "instances": [
        {
          "schema_version": 0,
          "attributes": {
            "gateway_id": "",
            "id": "rtbassoc-0e5ff5cd1704cba60",
            "route_table_id": "rtb-0bb02acdc15bf718f",
            "subnet_id": "subnet-052de62aa479e4af7",
            "timeouts": null
          },
          "sensitive_attributes": [],
          "private": "eyJlMmJmYjczMC1lY2FhLTExZTYtOGY4OC0zNDM2M2JjN2M0YzAiOnsiY3JlYXRlIjozMDAwMDAwMDAwMDAsImRlbGV0ZSI6MzAwMDAwMDAwMDAwLCJ1cGRhdGUiOjEyMDAwMDAwMDAwMH19",
          "dependencies": [
            "aws_internet_gateway.kubernetes-vpc-internet-gateway",
            "aws_route_table.kubernetes-vpc-route-table",
            "aws_subnet.kubernetes-vpc-public-subnet",
            "aws_vpc.kubernetes-vpc"
          ]
        }
      ]
    },
    {
      "mode": "managed",
      "type": "aws_security_group",
      "name": "kubernetes-cluster-security-group",
      "provider": "provider[\"registry.terraform.io/hashicorp/aws\"]",
      "instances": [
        {
          "schema_version": 1,
          "attributes": {
            "arn": "arn:aws:ec2:eu-central-1:750353367788:security-group/sg-07ffad75e08fdfc32",
            "description": "Allow the Kuberntes cluster to communicate internally and to be managed externally",
            "egress": [],
            "id": "sg-07ffad75e08fdfc32",
            "ingress": [],
            "name": "kubernetes-cluster-security-group",
            "name_prefix": "",
            "owner_id": "750353367788",
            "revoke_rules_on_delete": false,
            "tags": {
              "kubernetes.io/cluster/kubernetes": "owned"
            },
            "tags_all": {
              "kubernetes.io/cluster/kubernetes": "owned"
            },
            "timeouts": null,
            "vpc_id": "vpc-0b64fcc0141906df3"
          },
          "sensitive_attributes": [],
          "private": "eyJlMmJmYjczMC1lY2FhLTExZTYtOGY4OC0zNDM2M2JjN2M0YzAiOnsiY3JlYXRlIjo2MDAwMDAwMDAwMDAsImRlbGV0ZSI6OTAwMDAwMDAwMDAwfSwic2NoZW1hX3ZlcnNpb24iOiIxIn0=",
          "dependencies": [
            "aws_vpc.kubernetes-vpc"
          ]
        }
      ]
    },
    {
      "mode": "managed",
      "type": "aws_subnet",
      "name": "kubernetes-vpc-public-subnet",
      "provider": "provider[\"registry.terraform.io/hashicorp/aws\"]",
      "instances": [
        {
          "schema_version": 1,
          "attributes": {
            "arn": "arn:aws:ec2:eu-central-1:750353367788:subnet/subnet-052de62aa479e4af7",
            "assign_ipv6_address_on_creation": false,
            "availability_zone": "eu-central-1a",
            "availability_zone_id": "euc1-az2",
            "cidr_block": "10.0.1.0/24",
            "customer_owned_ipv4_pool": "",
            "enable_dns64": false,
            "enable_lni_at_device_index": 0,
            "enable_resource_name_dns_a_record_on_launch": false,
            "enable_resource_name_dns_aaaa_record_on_launch": false,
            "id": "subnet-052de62aa479e4af7",
            "ipv6_cidr_block": "",
            "ipv6_cidr_block_association_id": "",
            "ipv6_native": false,
            "map_customer_owned_ip_on_launch": false,
            "map_public_ip_on_launch": false,
            "outpost_arn": "",
            "owner_id": "750353367788",
            "private_dns_hostname_type_on_launch": "ip-name",
            "tags": {
              "kubernetes.io/cluster/kubernetes": "owned"
            },
            "tags_all": {
              "kubernetes.io/cluster/kubernetes": "owned"
            },
            "timeouts": null,
            "vpc_id": "vpc-0b64fcc0141906df3"
          },
          "sensitive_attributes": [],
          "private": "eyJlMmJmYjczMC1lY2FhLTExZTYtOGY4OC0zNDM2M2JjN2M0YzAiOnsiY3JlYXRlIjo2MDAwMDAwMDAwMDAsImRlbGV0ZSI6MTIwMDAwMDAwMDAwMH0sInNjaGVtYV92ZXJzaW9uIjoiMSJ9",
          "dependencies": [
            "aws_vpc.kubernetes-vpc"
          ]
        }
      ]
    },
    {
      "mode": "managed",
      "type": "aws_vpc",
      "name": "kubernetes-vpc",
      "provider": "provider[\"registry.terraform.io/hashicorp/aws\"]",
      "instances": [
        {
          "schema_version": 1,
          "attributes": {
            "arn": "arn:aws:ec2:eu-central-1:750353367788:vpc/vpc-0b64fcc0141906df3",
            "assign_generated_ipv6_cidr_block": false,
            "cidr_block": "10.0.0.0/16",
            "default_network_acl_id": "acl-042dcd390f91e3d20",
            "default_route_table_id": "rtb-0e271aa9b0f5f2f17",
            "default_security_group_id": "sg-0dec06614e673bec9",
            "dhcp_options_id": "dopt-0e9da1acacc25594b",
            "enable_dns_hostnames": false,
            "enable_dns_support": true,
            "enable_network_address_usage_metrics": false,
            "id": "vpc-0b64fcc0141906df3",
            "instance_tenancy": "default",
            "ipv4_ipam_pool_id": null,
            "ipv4_netmask_length": null,
            "ipv6_association_id": "",
            "ipv6_cidr_block": "",
            "ipv6_cidr_block_network_border_group": "",
            "ipv6_ipam_pool_id": "",
            "ipv6_netmask_length": 0,
            "main_route_table_id": "rtb-0e271aa9b0f5f2f17",
            "owner_id": "750353367788",
            "tags": {
              "kubernetes.io/cluster/kubernetes": "owned"
            },
            "tags_all": {
              "kubernetes.io/cluster/kubernetes": "owned"
            }
          },
          "sensitive_attributes": [],
          "private": "eyJzY2hlbWFfdmVyc2lvbiI6IjEifQ=="
        }
      ]
    },
    {
      "mode": "managed",
      "type": "aws_vpc_security_group_egress_rule",
      "name": "OutboundSecurityGroupAllowAllPublicTraffic",
      "provider": "provider[\"registry.terraform.io/hashicorp/aws\"]",
      "instances": [
        {
          "schema_version": 0,
          "attributes": {
            "arn": "arn:aws:ec2:eu-central-1:750353367788:security-group-rule/sgr-038b13114497de370",
            "cidr_ipv4": "0.0.0.0/0",
            "cidr_ipv6": null,
            "description": null,
            "from_port": null,
            "id": "sgr-038b13114497de370",
            "ip_protocol": "-1",
            "prefix_list_id": null,
            "referenced_security_group_id": null,
            "security_group_id": "sg-07ffad75e08fdfc32",
            "security_group_rule_id": "sgr-038b13114497de370",
            "tags": null,
            "tags_all": {},
            "to_port": null
          },
          "sensitive_attributes": [],
          "dependencies": [
            "aws_security_group.kubernetes-cluster-security-group",
            "aws_vpc.kubernetes-vpc"
          ]
        }
      ]
    },
    {
      "mode": "managed",
      "type": "aws_vpc_security_group_ingress_rule",
      "name": "InboundSecurityGroupAllowAllPrivateTraffic",
      "provider": "provider[\"registry.terraform.io/hashicorp/aws\"]",
      "instances": [
        {
          "schema_version": 0,
          "attributes": {
            "arn": "arn:aws:ec2:eu-central-1:750353367788:security-group-rule/sgr-07a9dc42364b91513",
            "cidr_ipv4": "10.0.0.0/16",
            "cidr_ipv6": null,
            "description": null,
            "from_port": null,
            "id": "sgr-07a9dc42364b91513",
            "ip_protocol": "-1",
            "prefix_list_id": null,
            "referenced_security_group_id": null,
            "security_group_id": "sg-07ffad75e08fdfc32",
            "security_group_rule_id": "sgr-07a9dc42364b91513",
            "tags": null,
            "tags_all": {},
            "to_port": null
          },
          "sensitive_attributes": [],
          "dependencies": [
            "aws_security_group.kubernetes-cluster-security-group",
            "aws_vpc.kubernetes-vpc"
          ]
        }
      ]
    },
    {
      "mode": "managed",
      "type": "aws_vpc_security_group_ingress_rule",
      "name": "InboundSecurityGroupAllowAllPublicTraffic",
      "provider": "provider[\"registry.terraform.io/hashicorp/aws\"]",
      "instances": [
        {
          "index_key": 0,
          "schema_version": 0,
          "attributes": {
            "arn": "arn:aws:ec2:eu-central-1:750353367788:security-group-rule/sgr-033bd4f443e69b2f6",
            "cidr_ipv4": "87.68.246.54/32",
            "cidr_ipv6": null,
            "description": null,
            "from_port": null,
            "id": "sgr-033bd4f443e69b2f6",
            "ip_protocol": "-1",
            "prefix_list_id": null,
            "referenced_security_group_id": null,
            "security_group_id": "sg-07ffad75e08fdfc32",
            "security_group_rule_id": "sgr-033bd4f443e69b2f6",
            "tags": null,
            "tags_all": {},
            "to_port": null
          },
          "sensitive_attributes": [],
          "dependencies": [
            "aws_security_group.kubernetes-cluster-security-group",
            "aws_vpc.kubernetes-vpc",
            "data.http.MyPublicIp"
          ]
        }
      ]
    },
    {
      "mode": "managed",
      "type": "tls_private_key",
      "name": "kubernetes-managment-key-pair",
      "provider": "provider[\"registry.terraform.io/hashicorp/tls\"]",
      "instances": [
        {
          "schema_version": 1,
          "attributes": {
            "algorithm": "RSA",
            "ecdsa_curve": "P224",
            "id": "341ee6cce3ddbb8a52e1291e5c9bc2bfb649454c",
            "private_key_openssh": "-----BEGIN OPENSSH PRIVATE KEY-----\nb3BlbnNzaC1rZXktdjEAAAAABG5vbmUAAAAEbm9uZQAAAAAAAAABAAABFwAAAAdz\nc2gtcnNhAAAAAwEAAQAAAQEAulb42oVdU+YuYoPsndRGquSZNeKtodxc+omvIR2c\n7poL/cP+jd36xyERlkWe9GF9iLOsmGmOQNwcEPqeWyszNbAmL33pe49vk7NiSsty\nZ7wjw2aLkIyw2wyGu/gmPUCutPmIVyyfZD8NH8w3L6CXa0k+z0lG7zs+pszYKltR\n4jt++rQWWDjU3Bl9FIcl3rol0pAgGEX1zGIXF2k7LuMpGoDBcII1XfAhM2oRCUPi\nOVrbCIdv4mTe0snlfJBn/4Uo2SXjY60qAN/d2rjQW5dbCJs45Uf+MFH9o3f7qeig\nPBQZo3bfOaD/NQei7SHyyNGPvXNptUp0yX5LN73ZpfIXgwAAA7hJwcNKScHDSgAA\nAAdzc2gtcnNhAAABAQC6VvjahV1T5i5ig+yd1Eaq5Jk14q2h3Fz6ia8hHZzumgv9\nw/6N3frHIRGWRZ70YX2Is6yYaY5A3BwQ+p5bKzM1sCYvfel7j2+Ts2JKy3JnvCPD\nZouQjLDbDIa7+CY9QK60+YhXLJ9kPw0fzDcvoJdrST7PSUbvOz6mzNgqW1HiO376\ntBZYONTcGX0UhyXeuiXSkCAYRfXMYhcXaTsu4ykagMFwgjVd8CEzahEJQ+I5WtsI\nh2/iZN7SyeV8kGf/hSjZJeNjrSoA393auNBbl1sImzjlR/4wUf2jd/up6KA8FBmj\ndt85oP81B6LtIfLI0Y+9c2m1SnTJfks3vdml8heDAAAAAwEAAQAAAQEAq9bKtRIp\n59YsznLkgQQiizQ2ygeZodvK7syL8VkSwMLU7heRpxifTIWFZ3QayzkggDFZqFAn\nfE6/nzTPVjn3hrpD7KYL7ANxnN7fdSQ7A8jvniHx8MKd0dOyaKPF99SviHtZrTKc\nZuDyZHF6LvTEzo6EWrozrSiQdVgQvLbsQ1iRpeQgxjmzR4zrx16AzifBMfRK1n8Y\n4OqStXX8yRDSZXr3sk/Az47NuDqi9agKcNt7cY3vTMLyJ+tF7bPFx2odFGtUIZAh\nEPAcdr++iUWTxlfw5XNSSt//g7q2PFwFVsDKhc11WVUIZif990yESG3LDIzK0Cn8\nDPsMbahy6dQ5GQAAAIBYYQvam6nYLIXFwJPInFTx+fgrlVE8jrBfC5HXhropd0x8\nTDezjVQ79mUZbmPJaNA6rvqXsInlbGjQnqRVsB1Y8ERmxt83UNZ0azAfeppTT1h4\nHIwbuyR3MB4fhzcJ3FtSMLvXw+bdl7S0950bQM/TCo2yJWYP+aeobwrJatIGqgAA\nAIEA1VHvftXNd9vs/UHqv++rPizSe0nEdB3QUZUY97XMXpYpNc8UsuJ0eXD9ZmTm\n4czSU+RPteouzxy+gAQmTUfWpgSlPMhuDuLGRqU4tqQI76uO0ofLbbNnJCiU7thp\nDl2gbyW/kGhgP20AincqXU+S21Mao8Chm0N6lpdJSwsbPncAAACBAN+fIM+qmSvm\n+4pUnYqGNOpkujjcreAJ9Iok2Ojx5oA2BBYekIfpToEryfSTtC22tym3VrMIWCfi\nrxgndOL/sOXgzkyoyqKhJ8U9fP6QvA5NjQCgsOymZtfJb1cnAoegsW1fzG5miL8X\nEhQYwHCHcFednzr0Dxazl2gf/N4PIPZVAAAAAAEC\n-----END OPENSSH PRIVATE KEY-----\n",
            "private_key_pem": "-----BEGIN RSA PRIVATE KEY-----\nMIIEpAIBAAKCAQEAulb42oVdU+YuYoPsndRGquSZNeKtodxc+omvIR2c7poL/cP+\njd36xyERlkWe9GF9iLOsmGmOQNwcEPqeWyszNbAmL33pe49vk7NiSstyZ7wjw2aL\nkIyw2wyGu/gmPUCutPmIVyyfZD8NH8w3L6CXa0k+z0lG7zs+pszYKltR4jt++rQW\nWDjU3Bl9FIcl3rol0pAgGEX1zGIXF2k7LuMpGoDBcII1XfAhM2oRCUPiOVrbCIdv\n4mTe0snlfJBn/4Uo2SXjY60qAN/d2rjQW5dbCJs45Uf+MFH9o3f7qeigPBQZo3bf\nOaD/NQei7SHyyNGPvXNptUp0yX5LN73ZpfIXgwIDAQABAoIBAQCr1sq1Einn1izO\ncuSBBCKLNDbKB5mh28ruzIvxWRLAwtTuF5GnGJ9MhYVndBrLOSCAMVmoUCd8Tr+f\nNM9WOfeGukPspgvsA3Gc3t91JDsDyO+eIfHwwp3R07Joo8X31K+Ie1mtMpxm4PJk\ncXou9MTOjoRaujOtKJB1WBC8tuxDWJGl5CDGObNHjOvHXoDOJ8Ex9ErWfxjg6pK1\ndfzJENJleveyT8DPjs24OqL1qApw23txje9MwvIn60Xts8XHah0Ua1QhkCEQ8Bx2\nv76JRZPGV/Dlc1JK3/+DurY8XAVWwMqFzXVZVQhmJ/33TIRIbcsMjMrQKfwM+wxt\nqHLp1DkZAoGBANVR737VzXfb7P1B6r/vqz4s0ntJxHQd0FGVGPe1zF6WKTXPFLLi\ndHlw/WZk5uHM0lPkT7XqLs8cvoAEJk1H1qYEpTzIbg7ixkalOLakCO+rjtKHy22z\nZyQolO7YaQ5doG8lv5BoYD9tAIp3Kl1PkttTGqPAoZtDepaXSUsLGz53AoGBAN+f\nIM+qmSvm+4pUnYqGNOpkujjcreAJ9Iok2Ojx5oA2BBYekIfpToEryfSTtC22tym3\nVrMIWCfirxgndOL/sOXgzkyoyqKhJ8U9fP6QvA5NjQCgsOymZtfJb1cnAoegsW1f\nzG5miL8XEhQYwHCHcFednzr0Dxazl2gf/N4PIPZVAoGAefxp7WkMH1+XjVf1ix7e\nGSb+klwjyJcH+q89YOIIZYqPNGMgHg+btZqkfbpzwWokWK712jx52hxA3+n/kS/k\nknmTmEexkDekVN/Ep8T0C0Ja4Q+giDIQaEAAsvj0Uq+9v/GhM05Mw9hsd8Ifas7H\nVz6VvFC62ZPj9Vu8IPrP8I8CgYEAn92fE1ce0af7w9TiG5n+UmNYTjZVh4kWbXwS\nJdZpttbm7PlE0iUUnnuzkUnW0aeCIiyTqsIYY8tG6bmrcmzhBjZExcEVvFYBnJxs\ns4C9MGx4lS5LzaLYewPiuSeGQ3e54DtQZsyejh3sKrnXOZtZ0Qk6QGciMlSJtULI\n/+dI5VECgYBYYQvam6nYLIXFwJPInFTx+fgrlVE8jrBfC5HXhropd0x8TDezjVQ7\n9mUZbmPJaNA6rvqXsInlbGjQnqRVsB1Y8ERmxt83UNZ0azAfeppTT1h4HIwbuyR3\nMB4fhzcJ3FtSMLvXw+bdl7S0950bQM/TCo2yJWYP+aeobwrJatIGqg==\n-----END RSA PRIVATE KEY-----\n",
            "private_key_pem_pkcs8": "-----BEGIN PRIVATE KEY-----\nMIIEvgIBADANBgkqhkiG9w0BAQEFAASCBKgwggSkAgEAAoIBAQC6VvjahV1T5i5i\ng+yd1Eaq5Jk14q2h3Fz6ia8hHZzumgv9w/6N3frHIRGWRZ70YX2Is6yYaY5A3BwQ\n+p5bKzM1sCYvfel7j2+Ts2JKy3JnvCPDZouQjLDbDIa7+CY9QK60+YhXLJ9kPw0f\nzDcvoJdrST7PSUbvOz6mzNgqW1HiO376tBZYONTcGX0UhyXeuiXSkCAYRfXMYhcX\naTsu4ykagMFwgjVd8CEzahEJQ+I5WtsIh2/iZN7SyeV8kGf/hSjZJeNjrSoA393a\nuNBbl1sImzjlR/4wUf2jd/up6KA8FBmjdt85oP81B6LtIfLI0Y+9c2m1SnTJfks3\nvdml8heDAgMBAAECggEBAKvWyrUSKefWLM5y5IEEIos0NsoHmaHbyu7Mi/FZEsDC\n1O4XkacYn0yFhWd0Gss5IIAxWahQJ3xOv580z1Y594a6Q+ymC+wDcZze33UkOwPI\n754h8fDCndHTsmijxffUr4h7Wa0ynGbg8mRxei70xM6OhFq6M60okHVYELy27ENY\nkaXkIMY5s0eM68degM4nwTH0StZ/GODqkrV1/MkQ0mV697JPwM+Ozbg6ovWoCnDb\ne3GN70zC8ifrRe2zxcdqHRRrVCGQIRDwHHa/volFk8ZX8OVzUkrf/4O6tjxcBVbA\nyoXNdVlVCGYn/fdMhEhtywyMytAp/Az7DG2ocunUORkCgYEA1VHvftXNd9vs/UHq\nv++rPizSe0nEdB3QUZUY97XMXpYpNc8UsuJ0eXD9ZmTm4czSU+RPteouzxy+gAQm\nTUfWpgSlPMhuDuLGRqU4tqQI76uO0ofLbbNnJCiU7thpDl2gbyW/kGhgP20Aincq\nXU+S21Mao8Chm0N6lpdJSwsbPncCgYEA358gz6qZK+b7ilSdioY06mS6ONyt4An0\niiTY6PHmgDYEFh6Qh+lOgSvJ9JO0Lba3KbdWswhYJ+KvGCd04v+w5eDOTKjKoqEn\nxT18/pC8Dk2NAKCw7KZm18lvVycCh6CxbV/MbmaIvxcSFBjAcIdwV52fOvQPFrOX\naB/83g8g9lUCgYB5/GntaQwfX5eNV/WLHt4ZJv6SXCPIlwf6rz1g4ghlio80YyAe\nD5u1mqR9unPBaiRYrvXaPHnaHEDf6f+RL+SSeZOYR7GQN6RU38SnxPQLQlrhD6CI\nMhBoQACy+PRSr72/8aEzTkzD2Gx3wh9qzsdXPpW8ULrZk+P1W7wg+s/wjwKBgQCf\n3Z8TVx7Rp/vD1OIbmf5SY1hONlWHiRZtfBIl1mm21ubs+UTSJRSee7ORSdbRp4Ii\nLJOqwhhjy0bpuatybOEGNkTFwRW8VgGcnGyzgL0wbHiVLkvNoth7A+K5J4ZDd7ng\nO1BmzJ6OHewqudc5m1nRCTpAZyIyVIm1Qsj/50jlUQKBgFhhC9qbqdgshcXAk8ic\nVPH5+CuVUTyOsF8LkdeGuil3THxMN7ONVDv2ZRluY8lo0Dqu+pewieVsaNCepFWw\nHVjwRGbG3zdQ1nRrMB96mlNPWHgcjBu7JHcwHh+HNwncW1Iwu9fD5t2XtLT3nRtA\nz9MKjbIlZg/5p6hvCslq0gaq\n-----END PRIVATE KEY-----\n",
            "public_key_fingerprint_md5": "b9:38:31:58:70:db:32:88:a1:77:6c:f6:5b:f4:dd:d4",
            "public_key_fingerprint_sha256": "SHA256:FichhOBsYwhF831P8w8upiw0aWVDZZ/k2nIfRDMOVvc",
            "public_key_openssh": "ssh-rsa AAAAB3NzaC1yc2EAAAADAQABAAABAQC6VvjahV1T5i5ig+yd1Eaq5Jk14q2h3Fz6ia8hHZzumgv9w/6N3frHIRGWRZ70YX2Is6yYaY5A3BwQ+p5bKzM1sCYvfel7j2+Ts2JKy3JnvCPDZouQjLDbDIa7+CY9QK60+YhXLJ9kPw0fzDcvoJdrST7PSUbvOz6mzNgqW1HiO376tBZYONTcGX0UhyXeuiXSkCAYRfXMYhcXaTsu4ykagMFwgjVd8CEzahEJQ+I5WtsIh2/iZN7SyeV8kGf/hSjZJeNjrSoA393auNBbl1sImzjlR/4wUf2jd/up6KA8FBmjdt85oP81B6LtIfLI0Y+9c2m1SnTJfks3vdml8heD\n",
            "public_key_pem": "-----BEGIN PUBLIC KEY-----\nMIIBIjANBgkqhkiG9w0BAQEFAAOCAQ8AMIIBCgKCAQEAulb42oVdU+YuYoPsndRG\nquSZNeKtodxc+omvIR2c7poL/cP+jd36xyERlkWe9GF9iLOsmGmOQNwcEPqeWysz\nNbAmL33pe49vk7NiSstyZ7wjw2aLkIyw2wyGu/gmPUCutPmIVyyfZD8NH8w3L6CX\na0k+z0lG7zs+pszYKltR4jt++rQWWDjU3Bl9FIcl3rol0pAgGEX1zGIXF2k7LuMp\nGoDBcII1XfAhM2oRCUPiOVrbCIdv4mTe0snlfJBn/4Uo2SXjY60qAN/d2rjQW5db\nCJs45Uf+MFH9o3f7qeigPBQZo3bfOaD/NQei7SHyyNGPvXNptUp0yX5LN73ZpfIX\ngwIDAQAB\n-----END PUBLIC KEY-----\n",
            "rsa_bits": 2048
          },
          "sensitive_attributes": []
        }
      ]
    }
  ]
}
