{
  "version": 4,
  "terraform_version": "1.0.7",
  "serial": 539,
  "lineage": "c9aac03b-45a8-3223-2cb3-7f0a98ce4c38",
  "outputs": {
    "ec2_global_kubernetes_ips": {
      "value": "",
      "type": "string"
    }
  },
  "resources": [
    {
      "mode": "data",
      "type": "http",
      "name": "MyPublicIp",
      "provider": "provider[\"registry.terraform.io/hashicorp/http\"]",
      "instances": [
        {
          "schema_version": 0,
          "attributes": {
            "body": "87.68.246.54\n",
            "ca_cert_pem": null,
            "id": "https://ipv4.icanhazip.com",
            "insecure": null,
            "method": null,
            "request_body": null,
            "request_headers": null,
            "request_timeout_ms": null,
            "response_body": "87.68.246.54\n",
            "response_body_base64": "ODcuNjguMjQ2LjU0Cg==",
            "response_headers": {
              "Access-Control-Allow-Methods": "GET",
              "Access-Control-Allow-Origin": "*",
              "Alt-Svc": "h3=\":443\"; ma=86400",
              "Cf-Ray": "860c04cca8d07da4-TLV",
              "Content-Length": "13",
              "Content-Type": "text/plain",
              "Date": "Thu, 07 Mar 2024 16:38:56 GMT",
              "Server": "cloudflare",
              "Set-Cookie": "__cf_bm=o2VZhfBQQTEOWe.lNCHbQ7WR11XdTNpMNn_fvO0NebU-1709829536-1.0.1.1-jhv4T.PHBHC9WrjkFEg2aFQOoT5ifjJQIMmRjKC4L7zrBmOT1pC8pmc5tFXfOXS_DwiNOhhI41RxqYE3uadUkA; path=/; expires=Thu, 07-Mar-24 17:08:56 GMT; domain=.icanhazip.com; HttpOnly; Secure; SameSite=None",
              "Vary": "Accept-Encoding"
            },
            "retry": null,
            "status_code": 200,
            "url": "https://ipv4.icanhazip.com"
          },
          "sensitive_attributes": []
        }
      ]
    },
    {
      "mode": "managed",
      "type": "aws_eip",
      "name": "kubernetes-cluster-ec2-elastic-ip",
      "provider": "provider[\"registry.terraform.io/hashicorp/aws\"]",
      "instances": [
        {
          "schema_version": 0,
          "attributes": {
            "address": null,
            "allocation_id": "eipalloc-0e4678f0dfe370b87",
            "associate_with_private_ip": null,
            "association_id": "eipassoc-06205de819696349d",
            "carrier_ip": "",
            "customer_owned_ip": "",
            "customer_owned_ipv4_pool": "",
            "domain": "vpc",
            "id": "eipalloc-0e4678f0dfe370b87",
            "instance": "i-0a3575e5d07a6af0f",
            "network_border_group": "eu-central-1",
            "network_interface": "eni-0f90ff8e03a59994a",
            "private_dns": "ip-10-0-1-85.eu-central-1.compute.internal",
            "private_ip": "10.0.1.85",
            "public_dns": "ec2-3-78-133-144.eu-central-1.compute.amazonaws.com",
            "public_ip": "3.78.133.144",
            "public_ipv4_pool": "amazon",
            "tags": {
              "kubernetes.io/cluster/kubernetes": "owned"
            },
            "tags_all": {
              "kubernetes.io/cluster/kubernetes": "owned"
            },
            "timeouts": null,
            "vpc": true
          },
          "sensitive_attributes": [],
          "private": "eyJlMmJmYjczMC1lY2FhLTExZTYtOGY4OC0zNDM2M2JjN2M0YzAiOnsiZGVsZXRlIjoxODAwMDAwMDAwMDAsInJlYWQiOjkwMDAwMDAwMDAwMCwidXBkYXRlIjozMDAwMDAwMDAwMDB9fQ==",
          "dependencies": [
            "aws_iam_instance_profile.kubernetes-cluster-ec2-instance-profile",
            "aws_iam_role.kubernetes-master-node-role1",
            "aws_instance.kubernetes-cluster-ec2",
            "aws_key_pair.kubernets-ec2-key-pair",
            "aws_security_group.kubernetes-cluster-security-group",
            "aws_subnet.kubernetes-vpc-public-subnet",
            "aws_vpc.kubernetes-vpc",
            "tls_private_key.kubernetes-managment-key-pair"
          ]
        }
      ]
    },
    {
      "mode": "managed",
      "type": "aws_iam_instance_profile",
      "name": "kubernetes-cluster-ec2-instance-profile",
      "provider": "provider[\"registry.terraform.io/hashicorp/aws\"]",
      "instances": [
        {
          "schema_version": 0,
          "attributes": {
            "arn": "arn:aws:iam::750353367788:instance-profile/kubernetes-cluster-ec2-instance-profile",
            "create_date": "2024-03-07T16:39:11Z",
            "id": "kubernetes-cluster-ec2-instance-profile",
            "name": "kubernetes-cluster-ec2-instance-profile",
            "name_prefix": "",
            "path": "/",
            "role": "kubernetes-master-node-role1",
            "tags": null,
            "tags_all": {},
            "unique_id": "AIPA25NELYLWKNE3JZYEU"
          },
          "sensitive_attributes": [],
          "private": "bnVsbA==",
          "dependencies": [
            "aws_iam_role.kubernetes-master-node-role1"
          ]
        }
      ]
    },
    {
      "mode": "managed",
      "type": "aws_iam_policy",
      "name": "kubernetes-master-node-policy1",
      "provider": "provider[\"registry.terraform.io/hashicorp/aws\"]",
      "instances": [
        {
          "schema_version": 0,
          "attributes": {
            "arn": "arn:aws:iam::750353367788:policy/kubernetes-master-node-policy1",
            "description": "",
            "id": "arn:aws:iam::750353367788:policy/kubernetes-master-node-policy1",
            "name": "kubernetes-master-node-policy1",
            "name_prefix": "",
            "path": "/",
            "policy": "{\"Statement\":[{\"Action\":[\"autoscaling:DescribeAutoScalingGroups\",\"autoscaling:DescribeLaunchConfigurations\",\"autoscaling:DescribeTags\",\"ec2:DescribeInstances\",\"ec2:DescribeRegions\",\"ec2:DescribeRouteTables\",\"ec2:DescribeSecurityGroups\",\"ec2:DescribeSubnets\",\"ec2:DescribeVolumes\",\"ec2:CreateSecurityGroup\",\"ec2:CreateTags\",\"ec2:CreateVolume\",\"ec2:ModifyInstanceAttribute\",\"ec2:ModifyVolume\",\"ec2:AttachVolume\",\"ec2:AuthorizeSecurityGroupIngress\",\"ec2:CreateRoute\",\"ec2:DeleteRoute\",\"ec2:DeleteSecurityGroup\",\"ec2:DeleteVolume\",\"ec2:DetachVolume\",\"ec2:RevokeSecurityGroupIngress\",\"ec2:DescribeVpcs\",\"elasticloadbalancing:AddTags\",\"elasticloadbalancing:AttachLoadBalancerToSubnets\",\"elasticloadbalancing:ApplySecurityGroupsToLoadBalancer\",\"elasticloadbalancing:CreateLoadBalancer\",\"elasticloadbalancing:CreateLoadBalancerPolicy\",\"elasticloadbalancing:CreateLoadBalancerListeners\",\"elasticloadbalancing:ConfigureHealthCheck\",\"elasticloadbalancing:DeleteLoadBalancer\",\"elasticloadbalancing:DeleteLoadBalancerListeners\",\"elasticloadbalancing:DescribeLoadBalancers\",\"elasticloadbalancing:DescribeLoadBalancerAttributes\",\"elasticloadbalancing:DetachLoadBalancerFromSubnets\",\"elasticloadbalancing:DeregisterInstancesFromLoadBalancer\",\"elasticloadbalancing:ModifyLoadBalancerAttributes\",\"elasticloadbalancing:RegisterInstancesWithLoadBalancer\",\"elasticloadbalancing:SetLoadBalancerPoliciesForBackendServer\",\"elasticloadbalancing:AddTags\",\"elasticloadbalancing:CreateListener\",\"elasticloadbalancing:CreateTargetGroup\",\"elasticloadbalancing:DeleteListener\",\"elasticloadbalancing:DeleteTargetGroup\",\"elasticloadbalancing:DescribeListeners\",\"elasticloadbalancing:DescribeLoadBalancerPolicies\",\"elasticloadbalancing:DescribeTargetGroups\",\"elasticloadbalancing:DescribeTargetHealth\",\"elasticloadbalancing:ModifyListener\",\"elasticloadbalancing:ModifyTargetGroup\",\"elasticloadbalancing:RegisterTargets\",\"elasticloadbalancing:SetLoadBalancerPoliciesOfListener\",\"iam:CreateServiceLinkedRole\",\"kms:DescribeKey\"],\"Effect\":\"Allow\",\"Resource\":[\"*\"]}],\"Version\":\"2012-10-17\"}",
            "policy_id": "ANPA25NELYLWAIVX6WMGW",
            "tags": {
              "kubernetes.io/cluster/kubernetes": "owned"
            },
            "tags_all": {
              "kubernetes.io/cluster/kubernetes": "owned"
            }
          },
          "sensitive_attributes": [],
          "private": "bnVsbA=="
        }
      ]
    },
    {
      "mode": "managed",
      "type": "aws_iam_policy",
      "name": "kubernetes-worker-node-policy1",
      "provider": "provider[\"registry.terraform.io/hashicorp/aws\"]",
      "instances": [
        {
          "schema_version": 0,
          "attributes": {
            "arn": "arn:aws:iam::750353367788:policy/kubernetes-worker-node-policy1",
            "description": "",
            "id": "arn:aws:iam::750353367788:policy/kubernetes-worker-node-policy1",
            "name": "kubernetes-worker-node-policy1",
            "name_prefix": "",
            "path": "/",
            "policy": "{\"Statement\":[{\"Action\":[\"ec2:DescribeInstances\",\"ec2:DescribeRegions\",\"ecr:GetAuthorizationToken\",\"ecr:BatchCheckLayerAvailability\",\"ecr:GetDownloadUrlForLayer\",\"ecr:GetRepositoryPolicy\",\"ecr:DescribeRepositories\",\"ecr:ListImages\",\"ecr:BatchGetImage\"],\"Effect\":\"Allow\",\"Resource\":\"*\"}],\"Version\":\"2012-10-17\"}",
            "policy_id": "ANPA25NELYLWDBX2CSWHT",
            "tags": {
              "kubernetes.io/cluster/kubernetes": "owned"
            },
            "tags_all": {
              "kubernetes.io/cluster/kubernetes": "owned"
            }
          },
          "sensitive_attributes": [],
          "private": "bnVsbA=="
        }
      ]
    },
    {
      "mode": "managed",
      "type": "aws_iam_policy_attachment",
      "name": "kubernetes-master-node-role-policy-attachment-master-policy",
      "provider": "provider[\"registry.terraform.io/hashicorp/aws\"]",
      "instances": [
        {
          "schema_version": 0,
          "attributes": {
            "groups": null,
            "id": "kubernetes-master-node-role-policy-attachment-master-policy",
            "name": "kubernetes-master-node-role-policy-attachment-master-policy",
            "policy_arn": "arn:aws:iam::750353367788:policy/kubernetes-master-node-policy1",
            "roles": [
              "kubernetes-master-node-role1"
            ],
            "users": null
          },
          "sensitive_attributes": [],
          "private": "bnVsbA==",
          "dependencies": [
            "aws_iam_policy.kubernetes-master-node-policy1",
            "aws_iam_role.kubernetes-master-node-role1"
          ]
        }
      ]
    },
    {
      "mode": "managed",
      "type": "aws_iam_policy_attachment",
      "name": "kubernetes-master-node-role-policy-attachment-worker-policy",
      "provider": "provider[\"registry.terraform.io/hashicorp/aws\"]",
      "instances": [
        {
          "schema_version": 0,
          "attributes": {
            "groups": null,
            "id": "kubernetes-master-node-role-policy-attachment-worker-policy",
            "name": "kubernetes-master-node-role-policy-attachment-worker-policy",
            "policy_arn": "arn:aws:iam::750353367788:policy/kubernetes-worker-node-policy1",
            "roles": [
              "kubernetes-master-node-role1"
            ],
            "users": null
          },
          "sensitive_attributes": [],
          "private": "bnVsbA==",
          "dependencies": [
            "aws_iam_policy.kubernetes-worker-node-policy1",
            "aws_iam_role.kubernetes-master-node-role1"
          ]
        }
      ]
    },
    {
      "mode": "managed",
      "type": "aws_iam_role",
      "name": "kubernetes-master-node-role1",
      "provider": "provider[\"registry.terraform.io/hashicorp/aws\"]",
      "instances": [
        {
          "schema_version": 0,
          "attributes": {
            "arn": "arn:aws:iam::750353367788:role/kubernetes-master-node-role1",
            "assume_role_policy": "{\"Statement\":[{\"Action\":\"sts:AssumeRole\",\"Effect\":\"Allow\",\"Principal\":{\"Service\":\"ec2.amazonaws.com\"}}],\"Version\":\"2012-10-17\"}",
            "create_date": "2024-03-07T16:39:10Z",
            "description": "",
            "force_detach_policies": false,
            "id": "kubernetes-master-node-role1",
            "inline_policy": [],
            "managed_policy_arns": [],
            "max_session_duration": 3600,
            "name": "kubernetes-master-node-role1",
            "name_prefix": "",
            "path": "/",
            "permissions_boundary": "",
            "tags": {
              "kubernetes.io/cluster/kubernetes": "owned"
            },
            "tags_all": {
              "kubernetes.io/cluster/kubernetes": "owned"
            },
            "unique_id": "AROA25NELYLWIWDCNRV72"
          },
          "sensitive_attributes": [],
          "private": "bnVsbA=="
        }
      ]
    },
    {
      "mode": "managed",
      "type": "aws_instance",
      "name": "kubernetes-cluster-ec2",
      "provider": "provider[\"registry.terraform.io/hashicorp/aws\"]",
      "instances": [
        {
          "schema_version": 1,
          "attributes": {
            "ami": "ami-0faab6bdbac9486fb",
            "arn": "arn:aws:ec2:eu-central-1:750353367788:instance/i-0a3575e5d07a6af0f",
            "associate_public_ip_address": false,
            "availability_zone": "eu-central-1c",
            "capacity_reservation_specification": [
              {
                "capacity_reservation_preference": "open",
                "capacity_reservation_target": []
              }
            ],
            "cpu_core_count": 1,
            "cpu_options": [
              {
                "amd_sev_snp": "",
                "core_count": 1,
                "threads_per_core": 2
              }
            ],
            "cpu_threads_per_core": 2,
            "credit_specification": [
              {
                "cpu_credits": "unlimited"
              }
            ],
            "disable_api_stop": false,
            "disable_api_termination": false,
            "ebs_block_device": [],
            "ebs_optimized": false,
            "enclave_options": [
              {
                "enabled": false
              }
            ],
            "ephemeral_block_device": [],
            "get_password_data": false,
            "hibernation": false,
            "host_id": "",
            "host_resource_group_arn": null,
            "iam_instance_profile": "kubernetes-cluster-ec2-instance-profile",
            "id": "i-0a3575e5d07a6af0f",
            "instance_initiated_shutdown_behavior": "stop",
            "instance_lifecycle": "",
            "instance_market_options": [],
            "instance_state": "running",
            "instance_type": "t3.medium",
            "ipv6_address_count": 0,
            "ipv6_addresses": [],
            "key_name": "kubernetes-managment-key-pair",
            "launch_template": [],
            "maintenance_options": [
              {
                "auto_recovery": "default"
              }
            ],
            "metadata_options": [
              {
                "http_endpoint": "enabled",
                "http_protocol_ipv6": "disabled",
                "http_put_response_hop_limit": 1,
                "http_tokens": "optional",
                "instance_metadata_tags": "disabled"
              }
            ],
            "monitoring": false,
            "network_interface": [],
            "outpost_arn": "",
            "password_data": "",
            "placement_group": "",
            "placement_partition_number": 0,
            "primary_network_interface_id": "eni-0f90ff8e03a59994a",
            "private_dns": "ip-10-0-1-85.eu-central-1.compute.internal",
            "private_dns_name_options": [
              {
                "enable_resource_name_dns_a_record": false,
                "enable_resource_name_dns_aaaa_record": false,
                "hostname_type": "ip-name"
              }
            ],
            "private_ip": "10.0.1.85",
            "public_dns": "",
            "public_ip": "",
            "root_block_device": [
              {
                "delete_on_termination": true,
                "device_name": "/dev/sda1",
                "encrypted": false,
                "iops": 100,
                "kms_key_id": "",
                "tags": {},
                "throughput": 0,
                "volume_id": "vol-01fdb238155daed40",
                "volume_size": 8,
                "volume_type": "gp2"
              }
            ],
            "secondary_private_ips": [],
            "security_groups": [],
            "source_dest_check": true,
            "spot_instance_request_id": "",
            "subnet_id": "subnet-067197e78e135f1e4",
            "tags": {
              "kubernetes.io/cluster/kubernetes": "owned"
            },
            "tags_all": {
              "kubernetes.io/cluster/kubernetes": "owned"
            },
            "tenancy": "default",
            "timeouts": null,
            "user_data": null,
            "user_data_base64": null,
            "user_data_replace_on_change": false,
            "volume_tags": null,
            "vpc_security_group_ids": [
              "sg-01fa98a4a0642c2d9"
            ]
          },
          "sensitive_attributes": [],
          "private": "eyJlMmJmYjczMC1lY2FhLTExZTYtOGY4OC0zNDM2M2JjN2M0YzAiOnsiY3JlYXRlIjo2MDAwMDAwMDAwMDAsImRlbGV0ZSI6MTIwMDAwMDAwMDAwMCwidXBkYXRlIjo2MDAwMDAwMDAwMDB9LCJzY2hlbWFfdmVyc2lvbiI6IjEifQ==",
          "dependencies": [
            "aws_iam_instance_profile.kubernetes-cluster-ec2-instance-profile",
            "aws_iam_role.kubernetes-master-node-role1",
            "aws_key_pair.kubernets-ec2-key-pair",
            "aws_security_group.kubernetes-cluster-security-group",
            "aws_subnet.kubernetes-vpc-public-subnet",
            "aws_vpc.kubernetes-vpc",
            "tls_private_key.kubernetes-managment-key-pair"
          ]
        }
      ]
    },
    {
      "mode": "managed",
      "type": "aws_internet_gateway",
      "name": "kubernetes-vpc-internet-gateway",
      "provider": "provider[\"registry.terraform.io/hashicorp/aws\"]",
      "instances": [
        {
          "schema_version": 0,
          "attributes": {
            "arn": "arn:aws:ec2:eu-central-1:750353367788:internet-gateway/igw-02c4e20628cbbf626",
            "id": "igw-02c4e20628cbbf626",
            "owner_id": "750353367788",
            "tags": {
              "kubernetes.io/cluster/kubernetes": "owned"
            },
            "tags_all": {
              "kubernetes.io/cluster/kubernetes": "owned"
            },
            "timeouts": null,
            "vpc_id": "vpc-075b5208b04f89b7b"
          },
          "sensitive_attributes": [],
          "private": "eyJlMmJmYjczMC1lY2FhLTExZTYtOGY4OC0zNDM2M2JjN2M0YzAiOnsiY3JlYXRlIjoxMjAwMDAwMDAwMDAwLCJkZWxldGUiOjEyMDAwMDAwMDAwMDAsInVwZGF0ZSI6MTIwMDAwMDAwMDAwMH19",
          "dependencies": [
            "aws_vpc.kubernetes-vpc"
          ]
        }
      ]
    },
    {
      "mode": "managed",
      "type": "aws_key_pair",
      "name": "kubernets-ec2-key-pair",
      "provider": "provider[\"registry.terraform.io/hashicorp/aws\"]",
      "instances": [
        {
          "schema_version": 1,
          "attributes": {
            "arn": "arn:aws:ec2:eu-central-1:750353367788:key-pair/kubernetes-managment-key-pair",
            "fingerprint": "93:43:79:49:d5:ae:e2:fd:c5:dc:cf:51:03:81:b1:02",
            "id": "kubernetes-managment-key-pair",
            "key_name": "kubernetes-managment-key-pair",
            "key_name_prefix": "",
            "key_pair_id": "key-03bc1561ecfa54120",
            "key_type": "rsa",
            "public_key": "ssh-rsa AAAAB3NzaC1yc2EAAAADAQABAAABAQD+OBKk68tNkE1/yWoLxdVtPwwhuAmyrLRsh3GT1Ms40WrhfVumhP8tdvYNiQvMwKbbaGB5Elg0SOo84m3S/ZyG4rLrhJpk68GAKF1aXpgiq/yWa7UbIiqZHmpTONs3TZ8LHx33d3PmTBhO32eUPnmHUE1YkMrc0zw/J7h9O0VIJ4ewfOlHc8DI+5bRfq3i6C2ziZ2Sdq1OAZQxUEZ6EYz0WiDn7fbpAYgVL8Q8R7tjs92TWryiaPG3b91FRAV3p9ZKgMHyz2OcABHIk1WxitkWfX9naTpkJGJ1xH0g0uRp1XxbheXGxA1evUXfv8NO01YRQ+5w9dXnNUJtDHe0IzFh",
            "tags": null,
            "tags_all": {}
          },
          "sensitive_attributes": [],
          "private": "eyJzY2hlbWFfdmVyc2lvbiI6IjEifQ==",
          "dependencies": [
            "tls_private_key.kubernetes-managment-key-pair"
          ]
        }
      ]
    },
    {
      "mode": "managed",
      "type": "aws_route_table",
      "name": "kubernetes-vpc-route-table",
      "provider": "provider[\"registry.terraform.io/hashicorp/aws\"]",
      "instances": [
        {
          "schema_version": 0,
          "attributes": {
            "arn": "arn:aws:ec2:eu-central-1:750353367788:route-table/rtb-08980837f8a8d182f",
            "id": "rtb-08980837f8a8d182f",
            "owner_id": "750353367788",
            "propagating_vgws": [],
            "route": [
              {
                "carrier_gateway_id": "",
                "cidr_block": "0.0.0.0/0",
                "core_network_arn": "",
                "destination_prefix_list_id": "",
                "egress_only_gateway_id": "",
                "gateway_id": "igw-02c4e20628cbbf626",
                "ipv6_cidr_block": "",
                "local_gateway_id": "",
                "nat_gateway_id": "",
                "network_interface_id": "",
                "transit_gateway_id": "",
                "vpc_endpoint_id": "",
                "vpc_peering_connection_id": ""
              }
            ],
            "tags": {
              "kubernetes.io/cluster/kubernetes": "owned"
            },
            "tags_all": {
              "kubernetes.io/cluster/kubernetes": "owned"
            },
            "timeouts": null,
            "vpc_id": "vpc-075b5208b04f89b7b"
          },
          "sensitive_attributes": [],
          "private": "eyJlMmJmYjczMC1lY2FhLTExZTYtOGY4OC0zNDM2M2JjN2M0YzAiOnsiY3JlYXRlIjozMDAwMDAwMDAwMDAsImRlbGV0ZSI6MzAwMDAwMDAwMDAwLCJ1cGRhdGUiOjEyMDAwMDAwMDAwMH19",
          "dependencies": [
            "aws_internet_gateway.kubernetes-vpc-internet-gateway",
            "aws_vpc.kubernetes-vpc"
          ]
        }
      ]
    },
    {
      "mode": "managed",
      "type": "aws_route_table_association",
      "name": "kubernetes-vpc-route-table-associate-to-public-subnets",
      "provider": "provider[\"registry.terraform.io/hashicorp/aws\"]",
      "instances": [
        {
          "schema_version": 0,
          "attributes": {
            "gateway_id": "",
            "id": "rtbassoc-0beebf74c5514483a",
            "route_table_id": "rtb-08980837f8a8d182f",
            "subnet_id": "subnet-067197e78e135f1e4",
            "timeouts": null
          },
          "sensitive_attributes": [],
          "private": "eyJlMmJmYjczMC1lY2FhLTExZTYtOGY4OC0zNDM2M2JjN2M0YzAiOnsiY3JlYXRlIjozMDAwMDAwMDAwMDAsImRlbGV0ZSI6MzAwMDAwMDAwMDAwLCJ1cGRhdGUiOjEyMDAwMDAwMDAwMH19",
          "dependencies": [
            "aws_internet_gateway.kubernetes-vpc-internet-gateway",
            "aws_route_table.kubernetes-vpc-route-table",
            "aws_subnet.kubernetes-vpc-public-subnet",
            "aws_vpc.kubernetes-vpc"
          ]
        }
      ]
    },
    {
      "mode": "managed",
      "type": "aws_security_group",
      "name": "kubernetes-cluster-security-group",
      "provider": "provider[\"registry.terraform.io/hashicorp/aws\"]",
      "instances": [
        {
          "schema_version": 1,
          "attributes": {
            "arn": "arn:aws:ec2:eu-central-1:750353367788:security-group/sg-01fa98a4a0642c2d9",
            "description": "Allow the Kuberntes cluster to communicate internally and to be managed externally",
            "egress": [],
            "id": "sg-01fa98a4a0642c2d9",
            "ingress": [],
            "name": "kubernetes-cluster-security-group",
            "name_prefix": "",
            "owner_id": "750353367788",
            "revoke_rules_on_delete": false,
            "tags": {
              "kubernetes.io/cluster/kubernetes": "owned"
            },
            "tags_all": {
              "kubernetes.io/cluster/kubernetes": "owned"
            },
            "timeouts": null,
            "vpc_id": "vpc-075b5208b04f89b7b"
          },
          "sensitive_attributes": [],
          "private": "eyJlMmJmYjczMC1lY2FhLTExZTYtOGY4OC0zNDM2M2JjN2M0YzAiOnsiY3JlYXRlIjo2MDAwMDAwMDAwMDAsImRlbGV0ZSI6OTAwMDAwMDAwMDAwfSwic2NoZW1hX3ZlcnNpb24iOiIxIn0=",
          "dependencies": [
            "aws_vpc.kubernetes-vpc"
          ]
        }
      ]
    },
    {
      "mode": "managed",
      "type": "aws_subnet",
      "name": "kubernetes-vpc-public-subnet",
      "provider": "provider[\"registry.terraform.io/hashicorp/aws\"]",
      "instances": [
        {
          "schema_version": 1,
          "attributes": {
            "arn": "arn:aws:ec2:eu-central-1:750353367788:subnet/subnet-067197e78e135f1e4",
            "assign_ipv6_address_on_creation": false,
            "availability_zone": "eu-central-1c",
            "availability_zone_id": "euc1-az1",
            "cidr_block": "10.0.1.0/24",
            "customer_owned_ipv4_pool": "",
            "enable_dns64": false,
            "enable_lni_at_device_index": 0,
            "enable_resource_name_dns_a_record_on_launch": false,
            "enable_resource_name_dns_aaaa_record_on_launch": false,
            "id": "subnet-067197e78e135f1e4",
            "ipv6_cidr_block": "",
            "ipv6_cidr_block_association_id": "",
            "ipv6_native": false,
            "map_customer_owned_ip_on_launch": false,
            "map_public_ip_on_launch": false,
            "outpost_arn": "",
            "owner_id": "750353367788",
            "private_dns_hostname_type_on_launch": "ip-name",
            "tags": {
              "kubernetes.io/cluster/kubernetes": "owned"
            },
            "tags_all": {
              "kubernetes.io/cluster/kubernetes": "owned"
            },
            "timeouts": null,
            "vpc_id": "vpc-075b5208b04f89b7b"
          },
          "sensitive_attributes": [],
          "private": "eyJlMmJmYjczMC1lY2FhLTExZTYtOGY4OC0zNDM2M2JjN2M0YzAiOnsiY3JlYXRlIjo2MDAwMDAwMDAwMDAsImRlbGV0ZSI6MTIwMDAwMDAwMDAwMH0sInNjaGVtYV92ZXJzaW9uIjoiMSJ9",
          "dependencies": [
            "aws_vpc.kubernetes-vpc"
          ]
        }
      ]
    },
    {
      "mode": "managed",
      "type": "aws_vpc",
      "name": "kubernetes-vpc",
      "provider": "provider[\"registry.terraform.io/hashicorp/aws\"]",
      "instances": [
        {
          "schema_version": 1,
          "attributes": {
            "arn": "arn:aws:ec2:eu-central-1:750353367788:vpc/vpc-075b5208b04f89b7b",
            "assign_generated_ipv6_cidr_block": false,
            "cidr_block": "10.0.0.0/16",
            "default_network_acl_id": "acl-06ff1ec3b765b4177",
            "default_route_table_id": "rtb-03e6d286b1c499c53",
            "default_security_group_id": "sg-00ce0191193cd8e45",
            "dhcp_options_id": "dopt-0e9da1acacc25594b",
            "enable_dns_hostnames": false,
            "enable_dns_support": true,
            "enable_network_address_usage_metrics": false,
            "id": "vpc-075b5208b04f89b7b",
            "instance_tenancy": "default",
            "ipv4_ipam_pool_id": null,
            "ipv4_netmask_length": null,
            "ipv6_association_id": "",
            "ipv6_cidr_block": "",
            "ipv6_cidr_block_network_border_group": "",
            "ipv6_ipam_pool_id": "",
            "ipv6_netmask_length": 0,
            "main_route_table_id": "rtb-03e6d286b1c499c53",
            "owner_id": "750353367788",
            "tags": {
              "kubernetes.io/cluster/kubernetes": "owned"
            },
            "tags_all": {
              "kubernetes.io/cluster/kubernetes": "owned"
            }
          },
          "sensitive_attributes": [],
          "private": "eyJzY2hlbWFfdmVyc2lvbiI6IjEifQ=="
        }
      ]
    },
    {
      "mode": "managed",
      "type": "aws_vpc_security_group_egress_rule",
      "name": "OutboundSecurityGroupAllowAllPublicTraffic",
      "provider": "provider[\"registry.terraform.io/hashicorp/aws\"]",
      "instances": [
        {
          "schema_version": 0,
          "attributes": {
            "arn": "arn:aws:ec2:eu-central-1:750353367788:security-group-rule/sgr-041305c86aca63955",
            "cidr_ipv4": "0.0.0.0/0",
            "cidr_ipv6": null,
            "description": null,
            "from_port": null,
            "id": "sgr-041305c86aca63955",
            "ip_protocol": "-1",
            "prefix_list_id": null,
            "referenced_security_group_id": null,
            "security_group_id": "sg-01fa98a4a0642c2d9",
            "security_group_rule_id": "sgr-041305c86aca63955",
            "tags": null,
            "tags_all": {},
            "to_port": null
          },
          "sensitive_attributes": [],
          "dependencies": [
            "aws_security_group.kubernetes-cluster-security-group",
            "aws_vpc.kubernetes-vpc"
          ]
        }
      ]
    },
    {
      "mode": "managed",
      "type": "aws_vpc_security_group_ingress_rule",
      "name": "InboundSecurityGroupAllowAllPrivateTraffic",
      "provider": "provider[\"registry.terraform.io/hashicorp/aws\"]",
      "instances": [
        {
          "schema_version": 0,
          "attributes": {
            "arn": "arn:aws:ec2:eu-central-1:750353367788:security-group-rule/sgr-0fee3bc543a18d8c2",
            "cidr_ipv4": "10.0.0.0/16",
            "cidr_ipv6": null,
            "description": null,
            "from_port": null,
            "id": "sgr-0fee3bc543a18d8c2",
            "ip_protocol": "-1",
            "prefix_list_id": null,
            "referenced_security_group_id": null,
            "security_group_id": "sg-01fa98a4a0642c2d9",
            "security_group_rule_id": "sgr-0fee3bc543a18d8c2",
            "tags": null,
            "tags_all": {},
            "to_port": null
          },
          "sensitive_attributes": [],
          "dependencies": [
            "aws_security_group.kubernetes-cluster-security-group",
            "aws_vpc.kubernetes-vpc"
          ]
        }
      ]
    },
    {
      "mode": "managed",
      "type": "aws_vpc_security_group_ingress_rule",
      "name": "InboundSecurityGroupAllowAllPublicTraffic",
      "provider": "provider[\"registry.terraform.io/hashicorp/aws\"]",
      "instances": [
        {
          "index_key": 0,
          "schema_version": 0,
          "attributes": {
            "arn": "arn:aws:ec2:eu-central-1:750353367788:security-group-rule/sgr-00b5504056fcfeb9d",
            "cidr_ipv4": "87.68.246.54/32",
            "cidr_ipv6": null,
            "description": null,
            "from_port": null,
            "id": "sgr-00b5504056fcfeb9d",
            "ip_protocol": "-1",
            "prefix_list_id": null,
            "referenced_security_group_id": null,
            "security_group_id": "sg-01fa98a4a0642c2d9",
            "security_group_rule_id": "sgr-00b5504056fcfeb9d",
            "tags": null,
            "tags_all": {},
            "to_port": null
          },
          "sensitive_attributes": [],
          "dependencies": [
            "aws_security_group.kubernetes-cluster-security-group",
            "aws_vpc.kubernetes-vpc",
            "data.http.MyPublicIp"
          ]
        }
      ]
    },
    {
      "mode": "managed",
      "type": "local_file",
      "name": "kubernetes-ec2-generated-public-key-file",
      "provider": "provider[\"registry.terraform.io/hashicorp/local\"]",
      "instances": [
        {
          "schema_version": 0,
          "attributes": {
            "content": "-----BEGIN RSA PRIVATE KEY-----\nMIIEpAIBAAKCAQEA/jgSpOvLTZBNf8lqC8XVbT8MIbgJsqy0bIdxk9TLONFq4X1b\npoT/LXb2DYkLzMCm22hgeRJYNEjqPOJt0v2chuKy64SaZOvBgChdWl6YIqv8lmu1\nGyIqmR5qUzjbN02fCx8d93dz5kwYTt9nlD55h1BNWJDK3NM8Pye4fTtFSCeHsHzp\nR3PAyPuW0X6t4ugts4mdknatTgGUMVBGehGM9Fog5+326QGIFS/EPEe7Y7Pdk1q8\nomjxt2/dRUQFd6fWSoDB8s9jnAARyJNVsYrZFn1/Z2k6ZCRidcR9INLkadV8W4Xl\nxsQNXr1F37/DTtNWEUPucPXV5zVCbQx3tCMxYQIDAQABAoIBAQDbbZrqL3z0HjJG\nspuOPdzSxzC5ihkU2G2DoAUxDOO8z0XqDEInoXSA0cXgOQKuYTuk9psO5f6sYqOM\nmgUhsTaCVvsIvxRlN/l1nWG2tx+qDbmgPKe+G+eY8t/jpZfSTHWTK/C5wamQhu4U\nZlEJbEOJwI6Ce7gek1XVTXu43IgYlg3rExWGnXRRmdwtONYqqPTAq/x3aZwDgpLm\nEK4HvGY6mZZ11ql+Ekd8irrv0KdRb62CwpoU34WUs931IKxYdQerF5ym/kIfTZdd\n13MP2nnOByeqnzQSm7+WmtDkY+2wvdjz4R0TsJ/f/9wJGyeFRiOugR10vYHhhcxZ\nMF3Lj+thAoGBAP+bCDsbf96p5P4DBjs/WfJ9lO/cK0bD8LUGdc5Sqd/VxAyF6bck\noVVq9mzYlL4wl826IoTzS9B+WdmtOaIjf9O3ui4HhvkPNi5fLfjXfKPtSUCow6Za\nuXQZ2kz0MGZtCZJj6s7bHpx0UI95WjZcR2oShkn8SoZzHD/YX0/pDoJzAoGBAP6c\nfjMIkVJ3puq9piiMmyiqtgWjAaMV9yNDvuY/wmnIvzPrWioq/2Yd0GNAvvC8Zonr\nCBSIOSQHHhybRNnkdcaw5p6kTzexrpirsPP4qMGFvNqhzBG6yG/HSR4vODktp/3f\nKJuDyWl0b7L+D08uXdRecWoj9OIxjkkApvgYNMPbAoGBAIQxQ9J96GXZ6+pK2iAu\nJXC57hsW/PK+R3D4BFlOezieL6RiZXsoYJ/yj7u/Tz4Fl5z4VP35bg5IKmPfqNzo\nCyYN8SX5Ep8gdN8KrpXxrC6De80K+xS/+wXGkRYXfCic38RsFHYi8PPtW/S3yCYx\nF2YOapE8/7YFNmj2mGSVncFtAoGAbJ3qIG9JP3sX1BBvr+C72E9rM2BktGQMeBjQ\neX09vM8M8mM2pcKODcwuOAlI634T6EZBvjCW383BhMagSqvxqn+RAqBpwwKjzzF/\nXbT4mQYqmMJpQi8CjtzfTmcqfwoBHoZy1lUUOU6Y0C0d7tOC57QaggMw1sX5Qx9q\nG3CIIf0CgYBjZI86eVnTwO7K3MrflaMBiViGPB6nKjkzBzAdrP3yPetQGq7LsiOi\nX3ykV2fdWZavWpeykx4OVgGzv4Kldb3vUS69hoz6tNa+gFdue7Wh5LegKsqxxmu3\nkuCk8N9mpVl14f0qBwNa8IlUyj/NQhrr+YYG7bjlaBZmFwbHiE5UnA==\n-----END RSA PRIVATE KEY-----\n",
            "content_base64": null,
            "content_base64sha256": "eYpvNWDPxQTKroa0AiTvNmIQgIqogS62Ru/+5WryPuU=",
            "content_base64sha512": "XIaaq55C3kfiPbKirciiFCZxyxbaX4oB7N34zHaPUxwjMkF+R5ZgNjucTgfRihG5hQkjEO7732uatK8J6OuprQ==",
            "content_md5": "3f9dec6a5031e931e2e25dab1fc5504c",
            "content_sha1": "7d5690e86fd1f511c2affd42de2f494fe7a47663",
            "content_sha256": "798a6f3560cfc504caae86b40224ef366210808aa8812eb646effee56af23ee5",
            "content_sha512": "5c869aab9e42de47e23db2a2adc8a2142671cb16da5f8a01ecddf8cc768f531c2332417e479660363b9c4e07d18a11b985092310eefbdf6b9ab4af09e8eba9ad",
            "directory_permission": "0777",
            "file_permission": "0777",
            "filename": "/Terraform/PrivateFiles/kubernetes-managment-key-pair-private.pem",
            "id": "7d5690e86fd1f511c2affd42de2f494fe7a47663",
            "sensitive_content": null,
            "source": null
          },
          "sensitive_attributes": [
            [
              {
                "type": "get_attr",
                "value": "content"
              }
            ]
          ],
          "dependencies": [
            "tls_private_key.kubernetes-managment-key-pair"
          ]
        }
      ]
    },
    {
      "mode": "managed",
      "type": "tls_private_key",
      "name": "kubernetes-managment-key-pair",
      "provider": "provider[\"registry.terraform.io/hashicorp/tls\"]",
      "instances": [
        {
          "schema_version": 1,
          "attributes": {
            "algorithm": "RSA",
            "ecdsa_curve": "P224",
            "id": "f448cc4ee233143cfeff167321471755d78f7746",
            "private_key_openssh": "-----BEGIN OPENSSH PRIVATE KEY-----\nb3BlbnNzaC1rZXktdjEAAAAABG5vbmUAAAAEbm9uZQAAAAAAAAABAAABFwAAAAdz\nc2gtcnNhAAAAAwEAAQAAAQEA/jgSpOvLTZBNf8lqC8XVbT8MIbgJsqy0bIdxk9TL\nONFq4X1bpoT/LXb2DYkLzMCm22hgeRJYNEjqPOJt0v2chuKy64SaZOvBgChdWl6Y\nIqv8lmu1GyIqmR5qUzjbN02fCx8d93dz5kwYTt9nlD55h1BNWJDK3NM8Pye4fTtF\nSCeHsHzpR3PAyPuW0X6t4ugts4mdknatTgGUMVBGehGM9Fog5+326QGIFS/EPEe7\nY7Pdk1q8omjxt2/dRUQFd6fWSoDB8s9jnAARyJNVsYrZFn1/Z2k6ZCRidcR9INLk\nadV8W4XlxsQNXr1F37/DTtNWEUPucPXV5zVCbQx3tCMxYQAAA7gfeaueH3mrngAA\nAAdzc2gtcnNhAAABAQD+OBKk68tNkE1/yWoLxdVtPwwhuAmyrLRsh3GT1Ms40Wrh\nfVumhP8tdvYNiQvMwKbbaGB5Elg0SOo84m3S/ZyG4rLrhJpk68GAKF1aXpgiq/yW\na7UbIiqZHmpTONs3TZ8LHx33d3PmTBhO32eUPnmHUE1YkMrc0zw/J7h9O0VIJ4ew\nfOlHc8DI+5bRfq3i6C2ziZ2Sdq1OAZQxUEZ6EYz0WiDn7fbpAYgVL8Q8R7tjs92T\nWryiaPG3b91FRAV3p9ZKgMHyz2OcABHIk1WxitkWfX9naTpkJGJ1xH0g0uRp1Xxb\nheXGxA1evUXfv8NO01YRQ+5w9dXnNUJtDHe0IzFhAAAAAwEAAQAAAQEA222a6i98\n9B4yRrKbjj3c0scwuYoZFNhtg6AFMQzjvM9F6gxCJ6F0gNHF4DkCrmE7pPabDuX+\nrGKjjJoFIbE2glb7CL8UZTf5dZ1htrcfqg25oDynvhvnmPLf46WX0kx1kyvwucGp\nkIbuFGZRCWxDicCOgnu4HpNV1U17uNyIGJYN6xMVhp10UZncLTjWKqj0wKv8d2mc\nA4KS5hCuB7xmOpmWddapfhJHfIq679CnUW+tgsKaFN+FlLPd9SCsWHUHqxecpv5C\nH02XXddzD9p5zgcnqp80Epu/lprQ5GPtsL3Y8+EdE7Cf3//cCRsnhUYjroEddL2B\n4YXMWTBdy4/rYQAAAIBjZI86eVnTwO7K3MrflaMBiViGPB6nKjkzBzAdrP3yPetQ\nGq7LsiOiX3ykV2fdWZavWpeykx4OVgGzv4Kldb3vUS69hoz6tNa+gFdue7Wh5Leg\nKsqxxmu3kuCk8N9mpVl14f0qBwNa8IlUyj/NQhrr+YYG7bjlaBZmFwbHiE5UnAAA\nAIEA/5sIOxt/3qnk/gMGOz9Z8n2U79wrRsPwtQZ1zlKp39XEDIXptyShVWr2bNiU\nvjCXzboihPNL0H5Z2a05oiN/07e6LgeG+Q82Ll8t+Nd8o+1JQKjDplq5dBnaTPQw\nZm0JkmPqztsenHRQj3laNlxHahKGSfxKhnMcP9hfT+kOgnMAAACBAP6cfjMIkVJ3\npuq9piiMmyiqtgWjAaMV9yNDvuY/wmnIvzPrWioq/2Yd0GNAvvC8ZonrCBSIOSQH\nHhybRNnkdcaw5p6kTzexrpirsPP4qMGFvNqhzBG6yG/HSR4vODktp/3fKJuDyWl0\nb7L+D08uXdRecWoj9OIxjkkApvgYNMPbAAAAAAEC\n-----END OPENSSH PRIVATE KEY-----\n",
            "private_key_pem": "-----BEGIN RSA PRIVATE KEY-----\nMIIEpAIBAAKCAQEA/jgSpOvLTZBNf8lqC8XVbT8MIbgJsqy0bIdxk9TLONFq4X1b\npoT/LXb2DYkLzMCm22hgeRJYNEjqPOJt0v2chuKy64SaZOvBgChdWl6YIqv8lmu1\nGyIqmR5qUzjbN02fCx8d93dz5kwYTt9nlD55h1BNWJDK3NM8Pye4fTtFSCeHsHzp\nR3PAyPuW0X6t4ugts4mdknatTgGUMVBGehGM9Fog5+326QGIFS/EPEe7Y7Pdk1q8\nomjxt2/dRUQFd6fWSoDB8s9jnAARyJNVsYrZFn1/Z2k6ZCRidcR9INLkadV8W4Xl\nxsQNXr1F37/DTtNWEUPucPXV5zVCbQx3tCMxYQIDAQABAoIBAQDbbZrqL3z0HjJG\nspuOPdzSxzC5ihkU2G2DoAUxDOO8z0XqDEInoXSA0cXgOQKuYTuk9psO5f6sYqOM\nmgUhsTaCVvsIvxRlN/l1nWG2tx+qDbmgPKe+G+eY8t/jpZfSTHWTK/C5wamQhu4U\nZlEJbEOJwI6Ce7gek1XVTXu43IgYlg3rExWGnXRRmdwtONYqqPTAq/x3aZwDgpLm\nEK4HvGY6mZZ11ql+Ekd8irrv0KdRb62CwpoU34WUs931IKxYdQerF5ym/kIfTZdd\n13MP2nnOByeqnzQSm7+WmtDkY+2wvdjz4R0TsJ/f/9wJGyeFRiOugR10vYHhhcxZ\nMF3Lj+thAoGBAP+bCDsbf96p5P4DBjs/WfJ9lO/cK0bD8LUGdc5Sqd/VxAyF6bck\noVVq9mzYlL4wl826IoTzS9B+WdmtOaIjf9O3ui4HhvkPNi5fLfjXfKPtSUCow6Za\nuXQZ2kz0MGZtCZJj6s7bHpx0UI95WjZcR2oShkn8SoZzHD/YX0/pDoJzAoGBAP6c\nfjMIkVJ3puq9piiMmyiqtgWjAaMV9yNDvuY/wmnIvzPrWioq/2Yd0GNAvvC8Zonr\nCBSIOSQHHhybRNnkdcaw5p6kTzexrpirsPP4qMGFvNqhzBG6yG/HSR4vODktp/3f\nKJuDyWl0b7L+D08uXdRecWoj9OIxjkkApvgYNMPbAoGBAIQxQ9J96GXZ6+pK2iAu\nJXC57hsW/PK+R3D4BFlOezieL6RiZXsoYJ/yj7u/Tz4Fl5z4VP35bg5IKmPfqNzo\nCyYN8SX5Ep8gdN8KrpXxrC6De80K+xS/+wXGkRYXfCic38RsFHYi8PPtW/S3yCYx\nF2YOapE8/7YFNmj2mGSVncFtAoGAbJ3qIG9JP3sX1BBvr+C72E9rM2BktGQMeBjQ\neX09vM8M8mM2pcKODcwuOAlI634T6EZBvjCW383BhMagSqvxqn+RAqBpwwKjzzF/\nXbT4mQYqmMJpQi8CjtzfTmcqfwoBHoZy1lUUOU6Y0C0d7tOC57QaggMw1sX5Qx9q\nG3CIIf0CgYBjZI86eVnTwO7K3MrflaMBiViGPB6nKjkzBzAdrP3yPetQGq7LsiOi\nX3ykV2fdWZavWpeykx4OVgGzv4Kldb3vUS69hoz6tNa+gFdue7Wh5LegKsqxxmu3\nkuCk8N9mpVl14f0qBwNa8IlUyj/NQhrr+YYG7bjlaBZmFwbHiE5UnA==\n-----END RSA PRIVATE KEY-----\n",
            "private_key_pem_pkcs8": "-----BEGIN PRIVATE KEY-----\nMIIEvgIBADANBgkqhkiG9w0BAQEFAASCBKgwggSkAgEAAoIBAQD+OBKk68tNkE1/\nyWoLxdVtPwwhuAmyrLRsh3GT1Ms40WrhfVumhP8tdvYNiQvMwKbbaGB5Elg0SOo8\n4m3S/ZyG4rLrhJpk68GAKF1aXpgiq/yWa7UbIiqZHmpTONs3TZ8LHx33d3PmTBhO\n32eUPnmHUE1YkMrc0zw/J7h9O0VIJ4ewfOlHc8DI+5bRfq3i6C2ziZ2Sdq1OAZQx\nUEZ6EYz0WiDn7fbpAYgVL8Q8R7tjs92TWryiaPG3b91FRAV3p9ZKgMHyz2OcABHI\nk1WxitkWfX9naTpkJGJ1xH0g0uRp1XxbheXGxA1evUXfv8NO01YRQ+5w9dXnNUJt\nDHe0IzFhAgMBAAECggEBANttmuovfPQeMkaym4493NLHMLmKGRTYbYOgBTEM47zP\nReoMQiehdIDRxeA5Aq5hO6T2mw7l/qxio4yaBSGxNoJW+wi/FGU3+XWdYba3H6oN\nuaA8p74b55jy3+Oll9JMdZMr8LnBqZCG7hRmUQlsQ4nAjoJ7uB6TVdVNe7jciBiW\nDesTFYaddFGZ3C041iqo9MCr/HdpnAOCkuYQrge8ZjqZlnXWqX4SR3yKuu/Qp1Fv\nrYLCmhTfhZSz3fUgrFh1B6sXnKb+Qh9Nl13Xcw/aec4HJ6qfNBKbv5aa0ORj7bC9\n2PPhHROwn9//3AkbJ4VGI66BHXS9geGFzFkwXcuP62ECgYEA/5sIOxt/3qnk/gMG\nOz9Z8n2U79wrRsPwtQZ1zlKp39XEDIXptyShVWr2bNiUvjCXzboihPNL0H5Z2a05\noiN/07e6LgeG+Q82Ll8t+Nd8o+1JQKjDplq5dBnaTPQwZm0JkmPqztsenHRQj3la\nNlxHahKGSfxKhnMcP9hfT+kOgnMCgYEA/px+MwiRUnem6r2mKIybKKq2BaMBoxX3\nI0O+5j/Caci/M+taKir/Zh3QY0C+8LxmiesIFIg5JAceHJtE2eR1xrDmnqRPN7Gu\nmKuw8/iowYW82qHMEbrIb8dJHi84OS2n/d8om4PJaXRvsv4PTy5d1F5xaiP04jGO\nSQCm+Bg0w9sCgYEAhDFD0n3oZdnr6kraIC4lcLnuGxb88r5HcPgEWU57OJ4vpGJl\neyhgn/KPu79PPgWXnPhU/fluDkgqY9+o3OgLJg3xJfkSnyB03wqulfGsLoN7zQr7\nFL/7BcaRFhd8KJzfxGwUdiLw8+1b9LfIJjEXZg5qkTz/tgU2aPaYZJWdwW0CgYBs\nneogb0k/exfUEG+v4LvYT2szYGS0ZAx4GNB5fT28zwzyYzalwo4NzC44CUjrfhPo\nRkG+MJbfzcGExqBKq/Gqf5ECoGnDAqPPMX9dtPiZBiqYwmlCLwKO3N9OZyp/CgEe\nhnLWVRQ5TpjQLR3u04LntBqCAzDWxflDH2obcIgh/QKBgGNkjzp5WdPA7srcyt+V\nowGJWIY8HqcqOTMHMB2s/fI961AarsuyI6JffKRXZ91Zlq9al7KTHg5WAbO/gqV1\nve9RLr2GjPq01r6AV257taHkt6AqyrHGa7eS4KTw32alWXXh/SoHA1rwiVTKP81C\nGuv5hgbtuOVoFmYXBseITlSc\n-----END PRIVATE KEY-----\n",
            "public_key_fingerprint_md5": "5b:9f:0a:ac:8f:91:76:98:9d:8f:68:13:b4:66:6f:b6",
            "public_key_fingerprint_sha256": "SHA256:sJTomGLKI9Jun7v7yuVBzIFJns/rQ9SVKCG0xe3HXCU",
            "public_key_openssh": "ssh-rsa AAAAB3NzaC1yc2EAAAADAQABAAABAQD+OBKk68tNkE1/yWoLxdVtPwwhuAmyrLRsh3GT1Ms40WrhfVumhP8tdvYNiQvMwKbbaGB5Elg0SOo84m3S/ZyG4rLrhJpk68GAKF1aXpgiq/yWa7UbIiqZHmpTONs3TZ8LHx33d3PmTBhO32eUPnmHUE1YkMrc0zw/J7h9O0VIJ4ewfOlHc8DI+5bRfq3i6C2ziZ2Sdq1OAZQxUEZ6EYz0WiDn7fbpAYgVL8Q8R7tjs92TWryiaPG3b91FRAV3p9ZKgMHyz2OcABHIk1WxitkWfX9naTpkJGJ1xH0g0uRp1XxbheXGxA1evUXfv8NO01YRQ+5w9dXnNUJtDHe0IzFh\n",
            "public_key_pem": "-----BEGIN PUBLIC KEY-----\nMIIBIjANBgkqhkiG9w0BAQEFAAOCAQ8AMIIBCgKCAQEA/jgSpOvLTZBNf8lqC8XV\nbT8MIbgJsqy0bIdxk9TLONFq4X1bpoT/LXb2DYkLzMCm22hgeRJYNEjqPOJt0v2c\nhuKy64SaZOvBgChdWl6YIqv8lmu1GyIqmR5qUzjbN02fCx8d93dz5kwYTt9nlD55\nh1BNWJDK3NM8Pye4fTtFSCeHsHzpR3PAyPuW0X6t4ugts4mdknatTgGUMVBGehGM\n9Fog5+326QGIFS/EPEe7Y7Pdk1q8omjxt2/dRUQFd6fWSoDB8s9jnAARyJNVsYrZ\nFn1/Z2k6ZCRidcR9INLkadV8W4XlxsQNXr1F37/DTtNWEUPucPXV5zVCbQx3tCMx\nYQIDAQAB\n-----END PUBLIC KEY-----\n",
            "rsa_bits": 2048
          },
          "sensitive_attributes": []
        }
      ]
    }
  ]
}
