{
  "version": 4,
  "terraform_version": "1.0.7",
  "serial": 583,
  "lineage": "c9aac03b-45a8-3223-2cb3-7f0a98ce4c38",
  "outputs": {
    "ec2_global_kubernetes_ips": {
      "value": "3.65.95.243",
      "type": "string"
    }
  },
  "resources": [
    {
      "mode": "data",
      "type": "http",
      "name": "MyPublicIp",
      "provider": "provider[\"registry.terraform.io/hashicorp/http\"]",
      "instances": [
        {
          "schema_version": 0,
          "attributes": {
            "body": "147.235.201.113\n",
            "ca_cert_pem": null,
            "id": "https://ipv4.icanhazip.com",
            "insecure": null,
            "method": null,
            "request_body": null,
            "request_headers": null,
            "request_timeout_ms": null,
            "response_body": "147.235.201.113\n",
            "response_body_base64": "MTQ3LjIzNS4yMDEuMTEzCg==",
            "response_headers": {
              "Access-Control-Allow-Methods": "GET",
              "Access-Control-Allow-Origin": "*",
              "Alt-Svc": "h3=\":443\"; ma=86400",
              "Cf-Ray": "861d20ae4b2de3d7-TLV",
              "Content-Length": "16",
              "Content-Type": "text/plain",
              "Date": "Sat, 09 Mar 2024 18:28:56 GMT",
              "Server": "cloudflare",
              "Set-Cookie": "__cf_bm=jxk.83UjJNJomFrTfXrBdIjZFjftGqrMSiEx0vhfCMc-1710008936-1.0.1.1-0ob70P.HAkIgiDxW_KJImad7XcDN21KAE2UBd8M4O.V2Y2aC5AGFRv752wFhSbuB37cCOwHVK2wz20vlIqIGqw; path=/; expires=Sat, 09-Mar-24 18:58:56 GMT; domain=.icanhazip.com; HttpOnly; Secure; SameSite=None",
              "Vary": "Accept-Encoding"
            },
            "retry": null,
            "status_code": 200,
            "url": "https://ipv4.icanhazip.com"
          },
          "sensitive_attributes": []
        }
      ]
    },
    {
      "mode": "managed",
      "type": "aws_eip",
      "name": "kubernetes-cluster-ec2-elastic-ip",
      "provider": "provider[\"registry.terraform.io/hashicorp/aws\"]",
      "instances": [
        {
          "schema_version": 0,
          "attributes": {
            "address": null,
            "allocation_id": "eipalloc-07fce0eca057f7a0d",
            "associate_with_private_ip": null,
            "association_id": "eipassoc-00a567c9cb4b7cbe3",
            "carrier_ip": "",
            "customer_owned_ip": "",
            "customer_owned_ipv4_pool": "",
            "domain": "vpc",
            "id": "eipalloc-07fce0eca057f7a0d",
            "instance": "i-062ec8aacaa7083d5",
            "network_border_group": "eu-central-1",
            "network_interface": "eni-0ad3d5ddc5501796f",
            "private_dns": "ip-10-0-1-121.eu-central-1.compute.internal",
            "private_ip": "10.0.1.121",
            "public_dns": "ec2-3-65-95-243.eu-central-1.compute.amazonaws.com",
            "public_ip": "3.65.95.243",
            "public_ipv4_pool": "amazon",
            "tags": {
              "kubernetes.io/cluster/kubernetes": "owned"
            },
            "tags_all": {
              "kubernetes.io/cluster/kubernetes": "owned"
            },
            "timeouts": null,
            "vpc": true
          },
          "sensitive_attributes": [],
          "private": "eyJlMmJmYjczMC1lY2FhLTExZTYtOGY4OC0zNDM2M2JjN2M0YzAiOnsiZGVsZXRlIjoxODAwMDAwMDAwMDAsInJlYWQiOjkwMDAwMDAwMDAwMCwidXBkYXRlIjozMDAwMDAwMDAwMDB9fQ==",
          "dependencies": [
            "aws_security_group.kubernetes-cluster-security-group",
            "aws_subnet.kubernetes-vpc-public-subnet",
            "aws_vpc.kubernetes-vpc",
            "tls_private_key.kubernetes-managment-key-pair",
            "aws_iam_instance_profile.kubernetes-cluster-ec2-instance-profile",
            "aws_iam_role.kubernetes-master-node-role1",
            "aws_instance.kubernetes-cluster-ec2",
            "aws_key_pair.kubernets-ec2-key-pair"
          ]
        }
      ]
    },
    {
      "mode": "managed",
      "type": "aws_iam_instance_profile",
      "name": "kubernetes-cluster-ec2-instance-profile",
      "provider": "provider[\"registry.terraform.io/hashicorp/aws\"]",
      "instances": [
        {
          "schema_version": 0,
          "attributes": {
            "arn": "arn:aws:iam::750353367788:instance-profile/kubernetes-cluster-ec2-instance-profile",
            "create_date": "2024-03-09T18:24:49Z",
            "id": "kubernetes-cluster-ec2-instance-profile",
            "name": "kubernetes-cluster-ec2-instance-profile",
            "name_prefix": "",
            "path": "/",
            "role": "kubernetes-master-node-role1",
            "tags": {},
            "tags_all": {},
            "unique_id": "AIPA25NELYLWKTCKS5PBH"
          },
          "sensitive_attributes": [],
          "private": "bnVsbA==",
          "dependencies": [
            "aws_iam_role.kubernetes-master-node-role1"
          ]
        }
      ]
    },
    {
      "mode": "managed",
      "type": "aws_iam_policy",
      "name": "kubernetes-master-node-policy1",
      "provider": "provider[\"registry.terraform.io/hashicorp/aws\"]",
      "instances": [
        {
          "schema_version": 0,
          "attributes": {
            "arn": "arn:aws:iam::750353367788:policy/kubernetes-master-node-policy1",
            "description": "",
            "id": "arn:aws:iam::750353367788:policy/kubernetes-master-node-policy1",
            "name": "kubernetes-master-node-policy1",
            "name_prefix": "",
            "path": "/",
            "policy": "{\"Statement\":[{\"Action\":[\"autoscaling:DescribeAutoScalingGroups\",\"autoscaling:DescribeLaunchConfigurations\",\"autoscaling:DescribeTags\",\"ec2:DescribeInstances\",\"ec2:DescribeRegions\",\"ec2:DescribeRouteTables\",\"ec2:DescribeSecurityGroups\",\"ec2:DescribeSubnets\",\"ec2:DescribeVolumes\",\"ec2:CreateSecurityGroup\",\"ec2:CreateTags\",\"ec2:CreateVolume\",\"ec2:ModifyInstanceAttribute\",\"ec2:ModifyVolume\",\"ec2:AttachVolume\",\"ec2:AuthorizeSecurityGroupIngress\",\"ec2:CreateRoute\",\"ec2:DeleteRoute\",\"ec2:DeleteSecurityGroup\",\"ec2:DeleteVolume\",\"ec2:DetachVolume\",\"ec2:RevokeSecurityGroupIngress\",\"ec2:DescribeVpcs\",\"elasticloadbalancing:AddTags\",\"elasticloadbalancing:AttachLoadBalancerToSubnets\",\"elasticloadbalancing:ApplySecurityGroupsToLoadBalancer\",\"elasticloadbalancing:CreateLoadBalancer\",\"elasticloadbalancing:CreateLoadBalancerPolicy\",\"elasticloadbalancing:CreateLoadBalancerListeners\",\"elasticloadbalancing:ConfigureHealthCheck\",\"elasticloadbalancing:DeleteLoadBalancer\",\"elasticloadbalancing:DeleteLoadBalancerListeners\",\"elasticloadbalancing:DescribeLoadBalancers\",\"elasticloadbalancing:DescribeLoadBalancerAttributes\",\"elasticloadbalancing:DetachLoadBalancerFromSubnets\",\"elasticloadbalancing:DeregisterInstancesFromLoadBalancer\",\"elasticloadbalancing:ModifyLoadBalancerAttributes\",\"elasticloadbalancing:RegisterInstancesWithLoadBalancer\",\"elasticloadbalancing:SetLoadBalancerPoliciesForBackendServer\",\"elasticloadbalancing:AddTags\",\"elasticloadbalancing:CreateListener\",\"elasticloadbalancing:CreateTargetGroup\",\"elasticloadbalancing:DeleteListener\",\"elasticloadbalancing:DeleteTargetGroup\",\"elasticloadbalancing:DescribeListeners\",\"elasticloadbalancing:DescribeLoadBalancerPolicies\",\"elasticloadbalancing:DescribeTargetGroups\",\"elasticloadbalancing:DescribeTargetHealth\",\"elasticloadbalancing:ModifyListener\",\"elasticloadbalancing:ModifyTargetGroup\",\"elasticloadbalancing:RegisterTargets\",\"elasticloadbalancing:SetLoadBalancerPoliciesOfListener\",\"iam:CreateServiceLinkedRole\",\"kms:DescribeKey\"],\"Effect\":\"Allow\",\"Resource\":[\"*\"]}],\"Version\":\"2012-10-17\"}",
            "policy_id": "ANPA25NELYLWM4C2TJBFQ",
            "tags": {
              "kubernetes.io/cluster/kubernetes": "owned"
            },
            "tags_all": {
              "kubernetes.io/cluster/kubernetes": "owned"
            }
          },
          "sensitive_attributes": [],
          "private": "bnVsbA=="
        }
      ]
    },
    {
      "mode": "managed",
      "type": "aws_iam_policy",
      "name": "kubernetes-worker-node-policy1",
      "provider": "provider[\"registry.terraform.io/hashicorp/aws\"]",
      "instances": [
        {
          "schema_version": 0,
          "attributes": {
            "arn": "arn:aws:iam::750353367788:policy/kubernetes-worker-node-policy1",
            "description": "",
            "id": "arn:aws:iam::750353367788:policy/kubernetes-worker-node-policy1",
            "name": "kubernetes-worker-node-policy1",
            "name_prefix": "",
            "path": "/",
            "policy": "{\"Statement\":[{\"Action\":[\"ec2:DescribeInstances\",\"ec2:DescribeRegions\",\"ecr:GetAuthorizationToken\",\"ecr:BatchCheckLayerAvailability\",\"ecr:GetDownloadUrlForLayer\",\"ecr:GetRepositoryPolicy\",\"ecr:DescribeRepositories\",\"ecr:ListImages\",\"ecr:BatchGetImage\"],\"Effect\":\"Allow\",\"Resource\":\"*\"}],\"Version\":\"2012-10-17\"}",
            "policy_id": "ANPA25NELYLWIRPGKRQCH",
            "tags": {
              "kubernetes.io/cluster/kubernetes": "owned"
            },
            "tags_all": {
              "kubernetes.io/cluster/kubernetes": "owned"
            }
          },
          "sensitive_attributes": [],
          "private": "bnVsbA=="
        }
      ]
    },
    {
      "mode": "managed",
      "type": "aws_iam_policy_attachment",
      "name": "kubernetes-master-node-role-policy-attachment-master-policy",
      "provider": "provider[\"registry.terraform.io/hashicorp/aws\"]",
      "instances": [
        {
          "schema_version": 0,
          "attributes": {
            "groups": [],
            "id": "kubernetes-master-node-role-policy-attachment-master-policy",
            "name": "kubernetes-master-node-role-policy-attachment-master-policy",
            "policy_arn": "arn:aws:iam::750353367788:policy/kubernetes-master-node-policy1",
            "roles": [
              "kubernetes-master-node-role1"
            ],
            "users": []
          },
          "sensitive_attributes": [],
          "private": "bnVsbA==",
          "dependencies": [
            "aws_iam_policy.kubernetes-master-node-policy1",
            "aws_iam_role.kubernetes-master-node-role1"
          ]
        }
      ]
    },
    {
      "mode": "managed",
      "type": "aws_iam_policy_attachment",
      "name": "kubernetes-master-node-role-policy-attachment-worker-policy",
      "provider": "provider[\"registry.terraform.io/hashicorp/aws\"]",
      "instances": [
        {
          "schema_version": 0,
          "attributes": {
            "groups": [],
            "id": "kubernetes-master-node-role-policy-attachment-worker-policy",
            "name": "kubernetes-master-node-role-policy-attachment-worker-policy",
            "policy_arn": "arn:aws:iam::750353367788:policy/kubernetes-worker-node-policy1",
            "roles": [
              "kubernetes-master-node-role1"
            ],
            "users": []
          },
          "sensitive_attributes": [],
          "private": "bnVsbA==",
          "dependencies": [
            "aws_iam_policy.kubernetes-worker-node-policy1",
            "aws_iam_role.kubernetes-master-node-role1"
          ]
        }
      ]
    },
    {
      "mode": "managed",
      "type": "aws_iam_role",
      "name": "kubernetes-master-node-role1",
      "provider": "provider[\"registry.terraform.io/hashicorp/aws\"]",
      "instances": [
        {
          "schema_version": 0,
          "attributes": {
            "arn": "arn:aws:iam::750353367788:role/kubernetes-master-node-role1",
            "assume_role_policy": "{\"Statement\":[{\"Action\":\"sts:AssumeRole\",\"Effect\":\"Allow\",\"Principal\":{\"Service\":\"ec2.amazonaws.com\"}}],\"Version\":\"2012-10-17\"}",
            "create_date": "2024-03-09T18:24:49Z",
            "description": "",
            "force_detach_policies": false,
            "id": "kubernetes-master-node-role1",
            "inline_policy": [],
            "managed_policy_arns": [
              "arn:aws:iam::750353367788:policy/kubernetes-master-node-policy1",
              "arn:aws:iam::750353367788:policy/kubernetes-worker-node-policy1"
            ],
            "max_session_duration": 3600,
            "name": "kubernetes-master-node-role1",
            "name_prefix": "",
            "path": "/",
            "permissions_boundary": "",
            "tags": {
              "kubernetes.io/cluster/kubernetes": "owned"
            },
            "tags_all": {
              "kubernetes.io/cluster/kubernetes": "owned"
            },
            "unique_id": "AROA25NELYLWKWRGTFJLV"
          },
          "sensitive_attributes": [],
          "private": "bnVsbA=="
        }
      ]
    },
    {
      "mode": "managed",
      "type": "aws_instance",
      "name": "kubernetes-cluster-ec2",
      "provider": "provider[\"registry.terraform.io/hashicorp/aws\"]",
      "instances": [
        {
          "schema_version": 1,
          "attributes": {
            "ami": "ami-0faab6bdbac9486fb",
            "arn": "arn:aws:ec2:eu-central-1:750353367788:instance/i-062ec8aacaa7083d5",
            "associate_public_ip_address": true,
            "availability_zone": "eu-central-1a",
            "capacity_reservation_specification": [
              {
                "capacity_reservation_preference": "open",
                "capacity_reservation_target": []
              }
            ],
            "cpu_core_count": 1,
            "cpu_options": [
              {
                "amd_sev_snp": "",
                "core_count": 1,
                "threads_per_core": 2
              }
            ],
            "cpu_threads_per_core": 2,
            "credit_specification": [
              {
                "cpu_credits": "unlimited"
              }
            ],
            "disable_api_stop": false,
            "disable_api_termination": false,
            "ebs_block_device": [],
            "ebs_optimized": false,
            "enclave_options": [
              {
                "enabled": false
              }
            ],
            "ephemeral_block_device": [],
            "get_password_data": false,
            "hibernation": false,
            "host_id": "",
            "host_resource_group_arn": null,
            "iam_instance_profile": "kubernetes-cluster-ec2-instance-profile",
            "id": "i-062ec8aacaa7083d5",
            "instance_initiated_shutdown_behavior": "stop",
            "instance_lifecycle": "",
            "instance_market_options": [],
            "instance_state": "running",
            "instance_type": "t3.medium",
            "ipv6_address_count": 0,
            "ipv6_addresses": [],
            "key_name": "kubernetes-managment-key-pair",
            "launch_template": [],
            "maintenance_options": [
              {
                "auto_recovery": "default"
              }
            ],
            "metadata_options": [
              {
                "http_endpoint": "enabled",
                "http_protocol_ipv6": "disabled",
                "http_put_response_hop_limit": 1,
                "http_tokens": "optional",
                "instance_metadata_tags": "disabled"
              }
            ],
            "monitoring": false,
            "network_interface": [],
            "outpost_arn": "",
            "password_data": "",
            "placement_group": "",
            "placement_partition_number": 0,
            "primary_network_interface_id": "eni-0ad3d5ddc5501796f",
            "private_dns": "ip-10-0-1-121.eu-central-1.compute.internal",
            "private_dns_name_options": [
              {
                "enable_resource_name_dns_a_record": false,
                "enable_resource_name_dns_aaaa_record": false,
                "hostname_type": "ip-name"
              }
            ],
            "private_ip": "10.0.1.121",
            "public_dns": "",
            "public_ip": "3.65.95.243",
            "root_block_device": [
              {
                "delete_on_termination": true,
                "device_name": "/dev/sda1",
                "encrypted": false,
                "iops": 100,
                "kms_key_id": "",
                "tags": {},
                "throughput": 0,
                "volume_id": "vol-03363d15b221a124b",
                "volume_size": 8,
                "volume_type": "gp2"
              }
            ],
            "secondary_private_ips": [],
            "security_groups": [],
            "source_dest_check": true,
            "spot_instance_request_id": "",
            "subnet_id": "subnet-0daabe3e4c63b8a20",
            "tags": {
              "kubernetes.io/cluster/kubernetes": "owned"
            },
            "tags_all": {
              "kubernetes.io/cluster/kubernetes": "owned"
            },
            "tenancy": "default",
            "timeouts": null,
            "user_data": null,
            "user_data_base64": null,
            "user_data_replace_on_change": false,
            "volume_tags": null,
            "vpc_security_group_ids": [
              "sg-094cb76f0a37afa8c"
            ]
          },
          "sensitive_attributes": [],
          "private": "eyJlMmJmYjczMC1lY2FhLTExZTYtOGY4OC0zNDM2M2JjN2M0YzAiOnsiY3JlYXRlIjo2MDAwMDAwMDAwMDAsImRlbGV0ZSI6MTIwMDAwMDAwMDAwMCwidXBkYXRlIjo2MDAwMDAwMDAwMDB9LCJzY2hlbWFfdmVyc2lvbiI6IjEifQ==",
          "dependencies": [
            "aws_vpc.kubernetes-vpc",
            "tls_private_key.kubernetes-managment-key-pair",
            "aws_iam_instance_profile.kubernetes-cluster-ec2-instance-profile",
            "aws_iam_role.kubernetes-master-node-role1",
            "aws_key_pair.kubernets-ec2-key-pair",
            "aws_security_group.kubernetes-cluster-security-group",
            "aws_subnet.kubernetes-vpc-public-subnet"
          ]
        }
      ]
    },
    {
      "mode": "managed",
      "type": "aws_internet_gateway",
      "name": "kubernetes-vpc-internet-gateway",
      "provider": "provider[\"registry.terraform.io/hashicorp/aws\"]",
      "instances": [
        {
          "schema_version": 0,
          "attributes": {
            "arn": "arn:aws:ec2:eu-central-1:750353367788:internet-gateway/igw-0cc415880be513a1c",
            "id": "igw-0cc415880be513a1c",
            "owner_id": "750353367788",
            "tags": {
              "kubernetes.io/cluster/kubernetes": "owned"
            },
            "tags_all": {
              "kubernetes.io/cluster/kubernetes": "owned"
            },
            "timeouts": null,
            "vpc_id": "vpc-0904b3a4f8aac0269"
          },
          "sensitive_attributes": [],
          "private": "eyJlMmJmYjczMC1lY2FhLTExZTYtOGY4OC0zNDM2M2JjN2M0YzAiOnsiY3JlYXRlIjoxMjAwMDAwMDAwMDAwLCJkZWxldGUiOjEyMDAwMDAwMDAwMDAsInVwZGF0ZSI6MTIwMDAwMDAwMDAwMH19",
          "dependencies": [
            "aws_vpc.kubernetes-vpc"
          ]
        }
      ]
    },
    {
      "mode": "managed",
      "type": "aws_key_pair",
      "name": "kubernets-ec2-key-pair",
      "provider": "provider[\"registry.terraform.io/hashicorp/aws\"]",
      "instances": [
        {
          "schema_version": 1,
          "attributes": {
            "arn": "arn:aws:ec2:eu-central-1:750353367788:key-pair/kubernetes-managment-key-pair",
            "fingerprint": "bb:e9:6f:5c:c8:88:91:fc:43:5f:ae:78:cc:ef:09:34",
            "id": "kubernetes-managment-key-pair",
            "key_name": "kubernetes-managment-key-pair",
            "key_name_prefix": "",
            "key_pair_id": "key-0d5998f48e8f6a508",
            "key_type": "rsa",
            "public_key": "ssh-rsa AAAAB3NzaC1yc2EAAAADAQABAAABAQD6Mozss5DEw3c+uFSWnUA4ngpzVxdvoZLptCCPRVe+FmT15Uu28JUgawMjzSeMna/AL0sLljJmZ6YDTnkuEYu4XPh49A3tsIlEEzvA+GA1GAQahSvSSiW04zhnAIjewYmnE5bTLwHzwqaEs3gTS9is1iZAjYCp+h0pm/1E+jidOhrn66AIGNr3QYZxb2UohnAKt6ZorMVLXvW5t39jidE7z2k4yy8SlGxBfPIry9QkGsPObYOVfy+6iwWEDEVODFo5ZDsR7oLTf/umFtO9Bg2+H1Tl6j37naDYxy5fY2m7v9I6buxNRbqMN20otEWt4gn2Q7xaPHdq5BujD0e9fqzF",
            "tags": {},
            "tags_all": {}
          },
          "sensitive_attributes": [],
          "private": "eyJzY2hlbWFfdmVyc2lvbiI6IjEifQ==",
          "dependencies": [
            "tls_private_key.kubernetes-managment-key-pair"
          ]
        }
      ]
    },
    {
      "mode": "managed",
      "type": "aws_route_table",
      "name": "kubernetes-vpc-route-table",
      "provider": "provider[\"registry.terraform.io/hashicorp/aws\"]",
      "instances": [
        {
          "schema_version": 0,
          "attributes": {
            "arn": "arn:aws:ec2:eu-central-1:750353367788:route-table/rtb-06a36e78808da6968",
            "id": "rtb-06a36e78808da6968",
            "owner_id": "750353367788",
            "propagating_vgws": [],
            "route": [
              {
                "carrier_gateway_id": "",
                "cidr_block": "0.0.0.0/0",
                "core_network_arn": "",
                "destination_prefix_list_id": "",
                "egress_only_gateway_id": "",
                "gateway_id": "igw-0cc415880be513a1c",
                "ipv6_cidr_block": "",
                "local_gateway_id": "",
                "nat_gateway_id": "",
                "network_interface_id": "",
                "transit_gateway_id": "",
                "vpc_endpoint_id": "",
                "vpc_peering_connection_id": ""
              }
            ],
            "tags": {
              "kubernetes.io/cluster/kubernetes": "owned"
            },
            "tags_all": {
              "kubernetes.io/cluster/kubernetes": "owned"
            },
            "timeouts": null,
            "vpc_id": "vpc-0904b3a4f8aac0269"
          },
          "sensitive_attributes": [],
          "private": "eyJlMmJmYjczMC1lY2FhLTExZTYtOGY4OC0zNDM2M2JjN2M0YzAiOnsiY3JlYXRlIjozMDAwMDAwMDAwMDAsImRlbGV0ZSI6MzAwMDAwMDAwMDAwLCJ1cGRhdGUiOjEyMDAwMDAwMDAwMH19",
          "dependencies": [
            "aws_internet_gateway.kubernetes-vpc-internet-gateway",
            "aws_vpc.kubernetes-vpc"
          ]
        }
      ]
    },
    {
      "mode": "managed",
      "type": "aws_route_table_association",
      "name": "kubernetes-vpc-route-table-associate-to-public-subnets",
      "provider": "provider[\"registry.terraform.io/hashicorp/aws\"]",
      "instances": [
        {
          "schema_version": 0,
          "attributes": {
            "gateway_id": "",
            "id": "rtbassoc-0a0cede868a167b2a",
            "route_table_id": "rtb-06a36e78808da6968",
            "subnet_id": "subnet-0daabe3e4c63b8a20",
            "timeouts": null
          },
          "sensitive_attributes": [],
          "private": "eyJlMmJmYjczMC1lY2FhLTExZTYtOGY4OC0zNDM2M2JjN2M0YzAiOnsiY3JlYXRlIjozMDAwMDAwMDAwMDAsImRlbGV0ZSI6MzAwMDAwMDAwMDAwLCJ1cGRhdGUiOjEyMDAwMDAwMDAwMH19",
          "dependencies": [
            "aws_internet_gateway.kubernetes-vpc-internet-gateway",
            "aws_route_table.kubernetes-vpc-route-table",
            "aws_subnet.kubernetes-vpc-public-subnet",
            "aws_vpc.kubernetes-vpc"
          ]
        }
      ]
    },
    {
      "mode": "managed",
      "type": "aws_security_group",
      "name": "kubernetes-cluster-security-group",
      "provider": "provider[\"registry.terraform.io/hashicorp/aws\"]",
      "instances": [
        {
          "schema_version": 1,
          "attributes": {
            "arn": "arn:aws:ec2:eu-central-1:750353367788:security-group/sg-094cb76f0a37afa8c",
            "description": "Allow the Kuberntes cluster to communicate internally and to be managed externally",
            "egress": [
              {
                "cidr_blocks": [
                  "0.0.0.0/0"
                ],
                "description": "",
                "from_port": 0,
                "ipv6_cidr_blocks": [],
                "prefix_list_ids": [],
                "protocol": "-1",
                "security_groups": [],
                "self": false,
                "to_port": 0
              }
            ],
            "id": "sg-094cb76f0a37afa8c",
            "ingress": [
              {
                "cidr_blocks": [
                  "147.235.201.113/32",
                  "10.0.0.0/16"
                ],
                "description": "",
                "from_port": 0,
                "ipv6_cidr_blocks": [],
                "prefix_list_ids": [],
                "protocol": "-1",
                "security_groups": [],
                "self": false,
                "to_port": 0
              }
            ],
            "name": "kubernetes-cluster-security-group",
            "name_prefix": "",
            "owner_id": "750353367788",
            "revoke_rules_on_delete": false,
            "tags": {
              "kubernetes.io/cluster/kubernetes": "owned"
            },
            "tags_all": {
              "kubernetes.io/cluster/kubernetes": "owned"
            },
            "timeouts": null,
            "vpc_id": "vpc-0904b3a4f8aac0269"
          },
          "sensitive_attributes": [],
          "private": "eyJlMmJmYjczMC1lY2FhLTExZTYtOGY4OC0zNDM2M2JjN2M0YzAiOnsiY3JlYXRlIjo2MDAwMDAwMDAwMDAsImRlbGV0ZSI6OTAwMDAwMDAwMDAwfSwic2NoZW1hX3ZlcnNpb24iOiIxIn0=",
          "dependencies": [
            "aws_vpc.kubernetes-vpc"
          ]
        }
      ]
    },
    {
      "mode": "managed",
      "type": "aws_subnet",
      "name": "kubernetes-vpc-public-subnet",
      "provider": "provider[\"registry.terraform.io/hashicorp/aws\"]",
      "instances": [
        {
          "schema_version": 1,
          "attributes": {
            "arn": "arn:aws:ec2:eu-central-1:750353367788:subnet/subnet-0daabe3e4c63b8a20",
            "assign_ipv6_address_on_creation": false,
            "availability_zone": "eu-central-1a",
            "availability_zone_id": "euc1-az2",
            "cidr_block": "10.0.1.0/24",
            "customer_owned_ipv4_pool": "",
            "enable_dns64": false,
            "enable_lni_at_device_index": 0,
            "enable_resource_name_dns_a_record_on_launch": false,
            "enable_resource_name_dns_aaaa_record_on_launch": false,
            "id": "subnet-0daabe3e4c63b8a20",
            "ipv6_cidr_block": "",
            "ipv6_cidr_block_association_id": "",
            "ipv6_native": false,
            "map_customer_owned_ip_on_launch": false,
            "map_public_ip_on_launch": false,
            "outpost_arn": "",
            "owner_id": "750353367788",
            "private_dns_hostname_type_on_launch": "ip-name",
            "tags": {
              "kubernetes.io/cluster/kubernetes": "owned"
            },
            "tags_all": {
              "kubernetes.io/cluster/kubernetes": "owned"
            },
            "timeouts": null,
            "vpc_id": "vpc-0904b3a4f8aac0269"
          },
          "sensitive_attributes": [],
          "private": "eyJlMmJmYjczMC1lY2FhLTExZTYtOGY4OC0zNDM2M2JjN2M0YzAiOnsiY3JlYXRlIjo2MDAwMDAwMDAwMDAsImRlbGV0ZSI6MTIwMDAwMDAwMDAwMH0sInNjaGVtYV92ZXJzaW9uIjoiMSJ9",
          "dependencies": [
            "aws_vpc.kubernetes-vpc"
          ]
        }
      ]
    },
    {
      "mode": "managed",
      "type": "aws_vpc",
      "name": "kubernetes-vpc",
      "provider": "provider[\"registry.terraform.io/hashicorp/aws\"]",
      "instances": [
        {
          "schema_version": 1,
          "attributes": {
            "arn": "arn:aws:ec2:eu-central-1:750353367788:vpc/vpc-0904b3a4f8aac0269",
            "assign_generated_ipv6_cidr_block": false,
            "cidr_block": "10.0.0.0/16",
            "default_network_acl_id": "acl-0ef75a207aa6b575f",
            "default_route_table_id": "rtb-0f8ec0186577c0057",
            "default_security_group_id": "sg-021c68f0a2b5e3243",
            "dhcp_options_id": "dopt-0e9da1acacc25594b",
            "enable_dns_hostnames": false,
            "enable_dns_support": true,
            "enable_network_address_usage_metrics": false,
            "id": "vpc-0904b3a4f8aac0269",
            "instance_tenancy": "default",
            "ipv4_ipam_pool_id": null,
            "ipv4_netmask_length": null,
            "ipv6_association_id": "",
            "ipv6_cidr_block": "",
            "ipv6_cidr_block_network_border_group": "",
            "ipv6_ipam_pool_id": "",
            "ipv6_netmask_length": 0,
            "main_route_table_id": "rtb-0f8ec0186577c0057",
            "owner_id": "750353367788",
            "tags": {
              "kubernetes.io/cluster/kubernetes": "owned"
            },
            "tags_all": {
              "kubernetes.io/cluster/kubernetes": "owned"
            }
          },
          "sensitive_attributes": [],
          "private": "eyJzY2hlbWFfdmVyc2lvbiI6IjEifQ=="
        }
      ]
    },
    {
      "mode": "managed",
      "type": "aws_vpc_security_group_egress_rule",
      "name": "OutboundSecurityGroupAllowAllPublicTraffic",
      "provider": "provider[\"registry.terraform.io/hashicorp/aws\"]",
      "instances": [
        {
          "schema_version": 0,
          "attributes": {
            "arn": "arn:aws:ec2:eu-central-1:750353367788:security-group-rule/sgr-02c90abe63ddabe4f",
            "cidr_ipv4": "0.0.0.0/0",
            "cidr_ipv6": null,
            "description": null,
            "from_port": null,
            "id": "sgr-02c90abe63ddabe4f",
            "ip_protocol": "-1",
            "prefix_list_id": null,
            "referenced_security_group_id": null,
            "security_group_id": "sg-094cb76f0a37afa8c",
            "security_group_rule_id": "sgr-02c90abe63ddabe4f",
            "tags": null,
            "tags_all": {},
            "to_port": null
          },
          "sensitive_attributes": [],
          "dependencies": [
            "aws_security_group.kubernetes-cluster-security-group",
            "aws_vpc.kubernetes-vpc"
          ]
        }
      ]
    },
    {
      "mode": "managed",
      "type": "aws_vpc_security_group_ingress_rule",
      "name": "InboundSecurityGroupAllowAllPrivateTraffic",
      "provider": "provider[\"registry.terraform.io/hashicorp/aws\"]",
      "instances": [
        {
          "schema_version": 0,
          "attributes": {
            "arn": "arn:aws:ec2:eu-central-1:750353367788:security-group-rule/sgr-0a5f2a6440d8e89b1",
            "cidr_ipv4": "10.0.0.0/16",
            "cidr_ipv6": null,
            "description": null,
            "from_port": null,
            "id": "sgr-0a5f2a6440d8e89b1",
            "ip_protocol": "-1",
            "prefix_list_id": null,
            "referenced_security_group_id": null,
            "security_group_id": "sg-094cb76f0a37afa8c",
            "security_group_rule_id": "sgr-0a5f2a6440d8e89b1",
            "tags": null,
            "tags_all": {},
            "to_port": null
          },
          "sensitive_attributes": [],
          "dependencies": [
            "aws_security_group.kubernetes-cluster-security-group",
            "aws_vpc.kubernetes-vpc"
          ]
        }
      ]
    },
    {
      "mode": "managed",
      "type": "aws_vpc_security_group_ingress_rule",
      "name": "InboundSecurityGroupAllowAllPublicTraffic",
      "provider": "provider[\"registry.terraform.io/hashicorp/aws\"]",
      "instances": [
        {
          "index_key": 0,
          "schema_version": 0,
          "attributes": {
            "arn": "arn:aws:ec2:eu-central-1:750353367788:security-group-rule/sgr-05358c5e3e21ba4f6",
            "cidr_ipv4": "147.235.201.113/32",
            "cidr_ipv6": null,
            "description": null,
            "from_port": null,
            "id": "sgr-05358c5e3e21ba4f6",
            "ip_protocol": "-1",
            "prefix_list_id": null,
            "referenced_security_group_id": null,
            "security_group_id": "sg-094cb76f0a37afa8c",
            "security_group_rule_id": "sgr-05358c5e3e21ba4f6",
            "tags": null,
            "tags_all": {},
            "to_port": null
          },
          "sensitive_attributes": [],
          "dependencies": [
            "aws_security_group.kubernetes-cluster-security-group",
            "aws_vpc.kubernetes-vpc",
            "data.http.MyPublicIp"
          ]
        }
      ]
    },
    {
      "mode": "managed",
      "type": "local_file",
      "name": "kubernetes-ec2-generated-public-key-file",
      "provider": "provider[\"registry.terraform.io/hashicorp/local\"]",
      "instances": [
        {
          "schema_version": 0,
          "attributes": {
            "content": "-----BEGIN RSA PRIVATE KEY-----\nMIIEpQIBAAKCAQEA+jKM7LOQxMN3PrhUlp1AOJ4Kc1cXb6GS6bQgj0VXvhZk9eVL\ntvCVIGsDI80njJ2vwC9LC5YyZmemA055LhGLuFz4ePQN7bCJRBM7wPhgNRgEGoUr\n0koltOM4ZwCI3sGJpxOW0y8B88KmhLN4E0vYrNYmQI2AqfodKZv9RPo4nToa5+ug\nCBja90GGcW9lKIZwCremaKzFS171ubd/Y4nRO89pOMsvEpRsQXzyK8vUJBrDzm2D\nlX8vuosFhAxFTgxaOWQ7Ee6C03/7phbTvQYNvh9U5eo9+52g2McuX2Npu7/SOm7s\nTUW6jDdtKLRFreIJ9kO8Wjx3auQbow9HvX6sxQIDAQABAoIBAAM34T4uNR+C0Cbb\nYiMp1Kilx8aiCSgjcOtWqNCO+Mj2KshK8cVhpNls5vZv7iFN6fPT5+g3P2C31pfW\nS5K/IQf3Ei8kHIXBLpLUmIEr8LjeHTdmHSEwWPnRrmkMxbXv0WB3zQncYe8Lwu6U\nDGhbImdevdE4wL3u/K8LVZ+shEvpa+pSGfJlyCBxmHOFOfj4GNxMSLjabokczl6s\n6glc5D10eId33DoUhyHe8Z7+qfnK2Y5nYbnj4M2OpTPArwTagV+p9FzvxSW8ziq3\nJRcu5F3Zavqcb1UE9ZIXB1ljfNw73AnZx49/DVLf9NOrq8ZwXhI47brYGYP+8Xya\n6XvnnqUCgYEA/3+eyLCINFACpCZwwvdhPwkxcV7Wt905Frg74kYtMVcCWyShnDJ0\nqVY3W6AAUKwyooEmbnt6F2tx5ORaAyqioSMXGi+/L3EswngSRWa8e0Jsp+6kHF3v\nu/hzB8ziiFyx885eG8giEHbcbZBBMe+ckv1Tbhln1HIFHRvO2RW2RicCgYEA+rBE\nQcgCESzysV2d6hqm6dNSRbLwDPYXc6lUhtyzSxACz4oss/6Q9/EEwWIayEO6Kz8G\nDlaSZesNW2qWY67yAU+YvGY+e+w1ffTU8AWDtheMxKTaChhGxKvqCK9m/gBkVY04\nxmo6zGvRhe8makIGJRqlnZUAQcQyDicrJdQWlTMCgYEAzUgMm9K6nM1sUddQ4lVA\nnRUV1LEOc8wbAlYkRzl7NhlimzhjYMxpT2UmNUfo+OhiBo8eAcbT4d1CNVYDvGeV\nI0K+XRvf0I5uGBHBHGHfLmnAQ21KDkCrTavhQHMtz8IqeGlm04uJUxEtKhqtRyHt\n+2vujJd9BQRXd3vQRjtbqCECgYEAkezrPrNzaJYWi+Jn2u86vB/T41ie3Zye2Cf4\nWSy9fXNLf436KaiEsJ9u2jcGSg8KnsPn/Y6tV4B03QL1mf8rRlIUIY8OzkoYdUKA\ndVtwaR3aRlmDxp6NC0zbRcT8mdyWiypSo0URBw+3/lPQs8fNFeol/83NQXs4e/6W\n4kVMA/sCgYEAounhSgsgvE+zkaqnBf2jAeUnV5nUmhwwvWVq3eA8Gowv4TTgj2X3\nOxdICSwCGlkeMuDtfDmq0lwtuyWqeUWzg2UPo0bVVgHGuCx1U95zP1w14xSs50K/\nXXYJzW3oQntqJgiukGoCZikgRQTaW+KeyDRHU/svC+URZ3BzU3nSIzM=\n-----END RSA PRIVATE KEY-----\n",
            "content_base64": null,
            "content_base64sha256": "rtrpfEZ20tpiorfVzPtZeYwLvkFO+Opp0VL6R7NgqOs=",
            "content_base64sha512": "gR/JxOfAvNpuDK/YBmx9CuI3j7aTlGtZE9il+VtixYaWfp0PKmB+ZcTp0wE+RVjjFN/W4uOik4NiClj4PQG0Zg==",
            "content_md5": "f5dec5a11d6b0bd3d2db074c360b38f1",
            "content_sha1": "ec881d5c2d7413a9e0856a44e6f9c980c71ef492",
            "content_sha256": "aedae97c4676d2da62a2b7d5ccfb59798c0bbe414ef8ea69d152fa47b360a8eb",
            "content_sha512": "811fc9c4e7c0bcda6e0cafd8066c7d0ae2378fb693946b5913d8a5f95b62c586967e9d0f2a607e65c4e9d3013e4558e314dfd6e2e3a29383620a58f83d01b466",
            "directory_permission": "0777",
            "file_permission": "0777",
            "filename": "/Terraform/PrivateFiles/kubernetes-managment-key-pair-private.pem",
            "id": "ec881d5c2d7413a9e0856a44e6f9c980c71ef492",
            "sensitive_content": null,
            "source": null
          },
          "sensitive_attributes": [
            [
              {
                "type": "get_attr",
                "value": "content"
              }
            ]
          ],
          "dependencies": [
            "tls_private_key.kubernetes-managment-key-pair"
          ]
        }
      ]
    },
    {
      "mode": "managed",
      "type": "tls_private_key",
      "name": "kubernetes-managment-key-pair",
      "provider": "provider[\"registry.terraform.io/hashicorp/tls\"]",
      "instances": [
        {
          "schema_version": 1,
          "attributes": {
            "algorithm": "RSA",
            "ecdsa_curve": "P224",
            "id": "bd95d3244e9195be93fbb13379142278f671586f",
            "private_key_openssh": "-----BEGIN OPENSSH PRIVATE KEY-----\nb3BlbnNzaC1rZXktdjEAAAAABG5vbmUAAAAEbm9uZQAAAAAAAAABAAABFwAAAAdz\nc2gtcnNhAAAAAwEAAQAAAQEA+jKM7LOQxMN3PrhUlp1AOJ4Kc1cXb6GS6bQgj0VX\nvhZk9eVLtvCVIGsDI80njJ2vwC9LC5YyZmemA055LhGLuFz4ePQN7bCJRBM7wPhg\nNRgEGoUr0koltOM4ZwCI3sGJpxOW0y8B88KmhLN4E0vYrNYmQI2AqfodKZv9RPo4\nnToa5+ugCBja90GGcW9lKIZwCremaKzFS171ubd/Y4nRO89pOMsvEpRsQXzyK8vU\nJBrDzm2DlX8vuosFhAxFTgxaOWQ7Ee6C03/7phbTvQYNvh9U5eo9+52g2McuX2Np\nu7/SOm7sTUW6jDdtKLRFreIJ9kO8Wjx3auQbow9HvX6sxQAAA7g+1JdYPtSXWAAA\nAAdzc2gtcnNhAAABAQD6Mozss5DEw3c+uFSWnUA4ngpzVxdvoZLptCCPRVe+FmT1\n5Uu28JUgawMjzSeMna/AL0sLljJmZ6YDTnkuEYu4XPh49A3tsIlEEzvA+GA1GAQa\nhSvSSiW04zhnAIjewYmnE5bTLwHzwqaEs3gTS9is1iZAjYCp+h0pm/1E+jidOhrn\n66AIGNr3QYZxb2UohnAKt6ZorMVLXvW5t39jidE7z2k4yy8SlGxBfPIry9QkGsPO\nbYOVfy+6iwWEDEVODFo5ZDsR7oLTf/umFtO9Bg2+H1Tl6j37naDYxy5fY2m7v9I6\nbuxNRbqMN20otEWt4gn2Q7xaPHdq5BujD0e9fqzFAAAAAwEAAQAAAQADN+E+LjUf\ngtAm22IjKdSopcfGogkoI3DrVqjQjvjI9irISvHFYaTZbOb2b+4hTenz0+foNz9g\nt9aX1kuSvyEH9xIvJByFwS6S1JiBK/C43h03Zh0hMFj50a5pDMW179Fgd80J3GHv\nC8LulAxoWyJnXr3ROMC97vyvC1WfrIRL6WvqUhnyZcggcZhzhTn4+BjcTEi42m6J\nHM5erOoJXOQ9dHiHd9w6FIch3vGe/qn5ytmOZ2G54+DNjqUzwK8E2oFfqfRc78Ul\nvM4qtyUXLuRd2Wr6nG9VBPWSFwdZY3zcO9wJ2cePfw1S3/TTq6vGcF4SOO262BmD\n/vF8mul7556lAAAAgQCi6eFKCyC8T7ORqqcF/aMB5SdXmdSaHDC9ZWrd4DwajC/h\nNOCPZfc7F0gJLAIaWR4y4O18OarSXC27Jap5RbODZQ+jRtVWAca4LHVT3nM/XDXj\nFKznQr9ddgnNbehCe2omCK6QagJmKSBFBNpb4p7INEdT+y8L5RFncHNTedIjMwAA\nAIEA/3+eyLCINFACpCZwwvdhPwkxcV7Wt905Frg74kYtMVcCWyShnDJ0qVY3W6AA\nUKwyooEmbnt6F2tx5ORaAyqioSMXGi+/L3EswngSRWa8e0Jsp+6kHF3vu/hzB8zi\niFyx885eG8giEHbcbZBBMe+ckv1Tbhln1HIFHRvO2RW2RicAAACBAPqwREHIAhEs\n8rFdneoapunTUkWy8Az2F3OpVIbcs0sQAs+KLLP+kPfxBMFiGshDuis/Bg5WkmXr\nDVtqlmOu8gFPmLxmPnvsNX301PAFg7YXjMSk2goYRsSr6givZv4AZFWNOMZqOsxr\n0YXvJmpCBiUapZ2VAEHEMg4nKyXUFpUzAAAAAAEC\n-----END OPENSSH PRIVATE KEY-----\n",
            "private_key_pem": "-----BEGIN RSA PRIVATE KEY-----\nMIIEpQIBAAKCAQEA+jKM7LOQxMN3PrhUlp1AOJ4Kc1cXb6GS6bQgj0VXvhZk9eVL\ntvCVIGsDI80njJ2vwC9LC5YyZmemA055LhGLuFz4ePQN7bCJRBM7wPhgNRgEGoUr\n0koltOM4ZwCI3sGJpxOW0y8B88KmhLN4E0vYrNYmQI2AqfodKZv9RPo4nToa5+ug\nCBja90GGcW9lKIZwCremaKzFS171ubd/Y4nRO89pOMsvEpRsQXzyK8vUJBrDzm2D\nlX8vuosFhAxFTgxaOWQ7Ee6C03/7phbTvQYNvh9U5eo9+52g2McuX2Npu7/SOm7s\nTUW6jDdtKLRFreIJ9kO8Wjx3auQbow9HvX6sxQIDAQABAoIBAAM34T4uNR+C0Cbb\nYiMp1Kilx8aiCSgjcOtWqNCO+Mj2KshK8cVhpNls5vZv7iFN6fPT5+g3P2C31pfW\nS5K/IQf3Ei8kHIXBLpLUmIEr8LjeHTdmHSEwWPnRrmkMxbXv0WB3zQncYe8Lwu6U\nDGhbImdevdE4wL3u/K8LVZ+shEvpa+pSGfJlyCBxmHOFOfj4GNxMSLjabokczl6s\n6glc5D10eId33DoUhyHe8Z7+qfnK2Y5nYbnj4M2OpTPArwTagV+p9FzvxSW8ziq3\nJRcu5F3Zavqcb1UE9ZIXB1ljfNw73AnZx49/DVLf9NOrq8ZwXhI47brYGYP+8Xya\n6XvnnqUCgYEA/3+eyLCINFACpCZwwvdhPwkxcV7Wt905Frg74kYtMVcCWyShnDJ0\nqVY3W6AAUKwyooEmbnt6F2tx5ORaAyqioSMXGi+/L3EswngSRWa8e0Jsp+6kHF3v\nu/hzB8ziiFyx885eG8giEHbcbZBBMe+ckv1Tbhln1HIFHRvO2RW2RicCgYEA+rBE\nQcgCESzysV2d6hqm6dNSRbLwDPYXc6lUhtyzSxACz4oss/6Q9/EEwWIayEO6Kz8G\nDlaSZesNW2qWY67yAU+YvGY+e+w1ffTU8AWDtheMxKTaChhGxKvqCK9m/gBkVY04\nxmo6zGvRhe8makIGJRqlnZUAQcQyDicrJdQWlTMCgYEAzUgMm9K6nM1sUddQ4lVA\nnRUV1LEOc8wbAlYkRzl7NhlimzhjYMxpT2UmNUfo+OhiBo8eAcbT4d1CNVYDvGeV\nI0K+XRvf0I5uGBHBHGHfLmnAQ21KDkCrTavhQHMtz8IqeGlm04uJUxEtKhqtRyHt\n+2vujJd9BQRXd3vQRjtbqCECgYEAkezrPrNzaJYWi+Jn2u86vB/T41ie3Zye2Cf4\nWSy9fXNLf436KaiEsJ9u2jcGSg8KnsPn/Y6tV4B03QL1mf8rRlIUIY8OzkoYdUKA\ndVtwaR3aRlmDxp6NC0zbRcT8mdyWiypSo0URBw+3/lPQs8fNFeol/83NQXs4e/6W\n4kVMA/sCgYEAounhSgsgvE+zkaqnBf2jAeUnV5nUmhwwvWVq3eA8Gowv4TTgj2X3\nOxdICSwCGlkeMuDtfDmq0lwtuyWqeUWzg2UPo0bVVgHGuCx1U95zP1w14xSs50K/\nXXYJzW3oQntqJgiukGoCZikgRQTaW+KeyDRHU/svC+URZ3BzU3nSIzM=\n-----END RSA PRIVATE KEY-----\n",
            "private_key_pem_pkcs8": "-----BEGIN PRIVATE KEY-----\nMIIEvwIBADANBgkqhkiG9w0BAQEFAASCBKkwggSlAgEAAoIBAQD6Mozss5DEw3c+\nuFSWnUA4ngpzVxdvoZLptCCPRVe+FmT15Uu28JUgawMjzSeMna/AL0sLljJmZ6YD\nTnkuEYu4XPh49A3tsIlEEzvA+GA1GAQahSvSSiW04zhnAIjewYmnE5bTLwHzwqaE\ns3gTS9is1iZAjYCp+h0pm/1E+jidOhrn66AIGNr3QYZxb2UohnAKt6ZorMVLXvW5\nt39jidE7z2k4yy8SlGxBfPIry9QkGsPObYOVfy+6iwWEDEVODFo5ZDsR7oLTf/um\nFtO9Bg2+H1Tl6j37naDYxy5fY2m7v9I6buxNRbqMN20otEWt4gn2Q7xaPHdq5Buj\nD0e9fqzFAgMBAAECggEAAzfhPi41H4LQJttiIynUqKXHxqIJKCNw61ao0I74yPYq\nyErxxWGk2Wzm9m/uIU3p89Pn6Dc/YLfWl9ZLkr8hB/cSLyQchcEuktSYgSvwuN4d\nN2YdITBY+dGuaQzFte/RYHfNCdxh7wvC7pQMaFsiZ1690TjAve78rwtVn6yES+lr\n6lIZ8mXIIHGYc4U5+PgY3ExIuNpuiRzOXqzqCVzkPXR4h3fcOhSHId7xnv6p+crZ\njmdhuePgzY6lM8CvBNqBX6n0XO/FJbzOKrclFy7kXdlq+pxvVQT1khcHWWN83Dvc\nCdnHj38NUt/006urxnBeEjjtutgZg/7xfJrpe+eepQKBgQD/f57IsIg0UAKkJnDC\n92E/CTFxXta33TkWuDviRi0xVwJbJKGcMnSpVjdboABQrDKigSZue3oXa3Hk5FoD\nKqKhIxcaL78vcSzCeBJFZrx7Qmyn7qQcXe+7+HMHzOKIXLHzzl4byCIQdtxtkEEx\n75yS/VNuGWfUcgUdG87ZFbZGJwKBgQD6sERByAIRLPKxXZ3qGqbp01JFsvAM9hdz\nqVSG3LNLEALPiiyz/pD38QTBYhrIQ7orPwYOVpJl6w1bapZjrvIBT5i8Zj577DV9\n9NTwBYO2F4zEpNoKGEbEq+oIr2b+AGRVjTjGajrMa9GF7yZqQgYlGqWdlQBBxDIO\nJysl1BaVMwKBgQDNSAyb0rqczWxR11DiVUCdFRXUsQ5zzBsCViRHOXs2GWKbOGNg\nzGlPZSY1R+j46GIGjx4BxtPh3UI1VgO8Z5UjQr5dG9/Qjm4YEcEcYd8uacBDbUoO\nQKtNq+FAcy3Pwip4aWbTi4lTES0qGq1HIe37a+6Ml30FBFd3e9BGO1uoIQKBgQCR\n7Os+s3NolhaL4mfa7zq8H9PjWJ7dnJ7YJ/hZLL19c0t/jfopqISwn27aNwZKDwqe\nw+f9jq1XgHTdAvWZ/ytGUhQhjw7OShh1QoB1W3BpHdpGWYPGno0LTNtFxPyZ3JaL\nKlKjRREHD7f+U9Czx80V6iX/zc1Bezh7/pbiRUwD+wKBgQCi6eFKCyC8T7ORqqcF\n/aMB5SdXmdSaHDC9ZWrd4DwajC/hNOCPZfc7F0gJLAIaWR4y4O18OarSXC27Jap5\nRbODZQ+jRtVWAca4LHVT3nM/XDXjFKznQr9ddgnNbehCe2omCK6QagJmKSBFBNpb\n4p7INEdT+y8L5RFncHNTedIjMw==\n-----END PRIVATE KEY-----\n",
            "public_key_fingerprint_md5": "84:c8:a0:76:48:9b:8b:13:3e:8c:d6:3e:eb:13:21:c9",
            "public_key_fingerprint_sha256": "SHA256:OHj0HTnUqCrS1/Z0JAIlEIdy+YnWb1HIc5ywSe6nL9A",
            "public_key_openssh": "ssh-rsa AAAAB3NzaC1yc2EAAAADAQABAAABAQD6Mozss5DEw3c+uFSWnUA4ngpzVxdvoZLptCCPRVe+FmT15Uu28JUgawMjzSeMna/AL0sLljJmZ6YDTnkuEYu4XPh49A3tsIlEEzvA+GA1GAQahSvSSiW04zhnAIjewYmnE5bTLwHzwqaEs3gTS9is1iZAjYCp+h0pm/1E+jidOhrn66AIGNr3QYZxb2UohnAKt6ZorMVLXvW5t39jidE7z2k4yy8SlGxBfPIry9QkGsPObYOVfy+6iwWEDEVODFo5ZDsR7oLTf/umFtO9Bg2+H1Tl6j37naDYxy5fY2m7v9I6buxNRbqMN20otEWt4gn2Q7xaPHdq5BujD0e9fqzF\n",
            "public_key_pem": "-----BEGIN PUBLIC KEY-----\nMIIBIjANBgkqhkiG9w0BAQEFAAOCAQ8AMIIBCgKCAQEA+jKM7LOQxMN3PrhUlp1A\nOJ4Kc1cXb6GS6bQgj0VXvhZk9eVLtvCVIGsDI80njJ2vwC9LC5YyZmemA055LhGL\nuFz4ePQN7bCJRBM7wPhgNRgEGoUr0koltOM4ZwCI3sGJpxOW0y8B88KmhLN4E0vY\nrNYmQI2AqfodKZv9RPo4nToa5+ugCBja90GGcW9lKIZwCremaKzFS171ubd/Y4nR\nO89pOMsvEpRsQXzyK8vUJBrDzm2DlX8vuosFhAxFTgxaOWQ7Ee6C03/7phbTvQYN\nvh9U5eo9+52g2McuX2Npu7/SOm7sTUW6jDdtKLRFreIJ9kO8Wjx3auQbow9HvX6s\nxQIDAQAB\n-----END PUBLIC KEY-----\n",
            "rsa_bits": 2048
          },
          "sensitive_attributes": []
        }
      ]
    }
  ]
}
