{
  "version": 4,
  "terraform_version": "1.0.7",
  "serial": 124,
  "lineage": "70fe86f9-3c36-9f14-0f1e-99f83fd959ca",
  "outputs": {
    "ec2_global_kubernetes_ips": {
      "value": "35.156.37.198",
      "type": "string"
    }
  },
  "resources": [
    {
      "mode": "data",
      "type": "http",
      "name": "MyPublicIp",
      "provider": "provider[\"registry.terraform.io/hashicorp/http\"]",
      "instances": [
        {
          "schema_version": 0,
          "attributes": {
            "body": "147.235.201.113\n",
            "ca_cert_pem": null,
            "id": "https://ipv4.icanhazip.com",
            "insecure": null,
            "method": null,
            "request_body": null,
            "request_headers": null,
            "request_timeout_ms": null,
            "response_body": "147.235.201.113\n",
            "response_body_base64": "MTQ3LjIzNS4yMDEuMTEzCg==",
            "response_headers": {
              "Access-Control-Allow-Methods": "GET",
              "Access-Control-Allow-Origin": "*",
              "Alt-Svc": "h3=\":443\"; ma=86400",
              "Cf-Ray": "8622321dfaf8e3cf-TLV",
              "Content-Length": "16",
              "Content-Type": "text/plain",
              "Date": "Sun, 10 Mar 2024 09:14:39 GMT",
              "Server": "cloudflare",
              "Set-Cookie": "__cf_bm=BGTsDJmH2LcdL9Nsl6s4yi.xtpMlv_O2tifNyeVjj7A-1710062079-1.0.1.1-_cHb5g8tzsxTpPQKlk4EIYInmeemsyMChKHKcC6zAj_wEecKOg7Pn3Gfk0MZQ2w7o3ovElo1j3nllhF6yUOHNQ; path=/; expires=Sun, 10-Mar-24 09:44:39 GMT; domain=.icanhazip.com; HttpOnly; Secure; SameSite=None",
              "Vary": "Accept-Encoding"
            },
            "retry": null,
            "status_code": 200,
            "url": "https://ipv4.icanhazip.com"
          },
          "sensitive_attributes": []
        }
      ]
    },
    {
      "mode": "managed",
      "type": "aws_eip",
      "name": "kubernetes-cluster-ec2-elastic-ip",
      "provider": "provider[\"registry.terraform.io/hashicorp/aws\"]",
      "instances": [
        {
          "schema_version": 0,
          "attributes": {
            "address": null,
            "allocation_id": "eipalloc-0820351968267def6",
            "associate_with_private_ip": null,
            "association_id": "eipassoc-07b13d58b5e672f8b",
            "carrier_ip": "",
            "customer_owned_ip": "",
            "customer_owned_ipv4_pool": "",
            "domain": "vpc",
            "id": "eipalloc-0820351968267def6",
            "instance": "i-01aa7ba1d866d493b",
            "network_border_group": "eu-central-1",
            "network_interface": "eni-087303836d917f34c",
            "private_dns": "ip-10-0-1-185.eu-central-1.compute.internal",
            "private_ip": "10.0.1.185",
            "public_dns": "ec2-35-156-37-198.eu-central-1.compute.amazonaws.com",
            "public_ip": "35.156.37.198",
            "public_ipv4_pool": "amazon",
            "tags": {
              "kubernetes.io/cluster/kubernetes": "owned"
            },
            "tags_all": {
              "kubernetes.io/cluster/kubernetes": "owned"
            },
            "timeouts": null,
            "vpc": true
          },
          "sensitive_attributes": [],
          "private": "eyJlMmJmYjczMC1lY2FhLTExZTYtOGY4OC0zNDM2M2JjN2M0YzAiOnsiZGVsZXRlIjoxODAwMDAwMDAwMDAsInJlYWQiOjkwMDAwMDAwMDAwMCwidXBkYXRlIjozMDAwMDAwMDAwMDB9fQ==",
          "dependencies": [
            "aws_security_group.kubernetes-cluster-security-group",
            "aws_subnet.kubernetes-vpc-public-subnet",
            "aws_vpc.kubernetes-vpc",
            "tls_private_key.kubernetes-managment-key-pair",
            "aws_iam_instance_profile.kubernetes-cluster-ec2-instance-profile",
            "aws_iam_role.kubernetes-master-node-role1",
            "aws_instance.kubernetes-cluster-ec2",
            "aws_key_pair.kubernets-ec2-key-pair"
          ]
        }
      ]
    },
    {
      "mode": "managed",
      "type": "aws_iam_instance_profile",
      "name": "kubernetes-cluster-ec2-instance-profile",
      "provider": "provider[\"registry.terraform.io/hashicorp/aws\"]",
      "instances": [
        {
          "schema_version": 0,
          "attributes": {
            "arn": "arn:aws:iam::750353367788:instance-profile/kubernetes-cluster-ec2-instance-profile",
            "create_date": "2024-03-10T09:10:03Z",
            "id": "kubernetes-cluster-ec2-instance-profile",
            "name": "kubernetes-cluster-ec2-instance-profile",
            "name_prefix": "",
            "path": "/",
            "role": "kubernetes-master-node-role1",
            "tags": {},
            "tags_all": {},
            "unique_id": "AIPA25NELYLWLYE5SJ4BA"
          },
          "sensitive_attributes": [],
          "private": "bnVsbA==",
          "dependencies": [
            "aws_iam_role.kubernetes-master-node-role1"
          ]
        }
      ]
    },
    {
      "mode": "managed",
      "type": "aws_iam_policy",
      "name": "kubernetes-master-node-policy1",
      "provider": "provider[\"registry.terraform.io/hashicorp/aws\"]",
      "instances": [
        {
          "schema_version": 0,
          "attributes": {
            "arn": "arn:aws:iam::750353367788:policy/kubernetes-master-node-policy1",
            "description": "",
            "id": "arn:aws:iam::750353367788:policy/kubernetes-master-node-policy1",
            "name": "kubernetes-master-node-policy1",
            "name_prefix": "",
            "path": "/",
            "policy": "{\"Statement\":[{\"Action\":[\"autoscaling:DescribeAutoScalingGroups\",\"autoscaling:DescribeLaunchConfigurations\",\"autoscaling:DescribeTags\",\"ec2:DescribeInstances\",\"ec2:DescribeRegions\",\"ec2:DescribeRouteTables\",\"ec2:DescribeSecurityGroups\",\"ec2:DescribeSubnets\",\"ec2:DescribeVolumes\",\"ec2:CreateSecurityGroup\",\"ec2:CreateTags\",\"ec2:CreateVolume\",\"ec2:ModifyInstanceAttribute\",\"ec2:ModifyVolume\",\"ec2:AttachVolume\",\"ec2:AuthorizeSecurityGroupIngress\",\"ec2:CreateRoute\",\"ec2:DeleteRoute\",\"ec2:DeleteSecurityGroup\",\"ec2:DeleteVolume\",\"ec2:DetachVolume\",\"ec2:RevokeSecurityGroupIngress\",\"ec2:DescribeVpcs\",\"elasticloadbalancing:AddTags\",\"elasticloadbalancing:AttachLoadBalancerToSubnets\",\"elasticloadbalancing:ApplySecurityGroupsToLoadBalancer\",\"elasticloadbalancing:CreateLoadBalancer\",\"elasticloadbalancing:CreateLoadBalancerPolicy\",\"elasticloadbalancing:CreateLoadBalancerListeners\",\"elasticloadbalancing:ConfigureHealthCheck\",\"elasticloadbalancing:DeleteLoadBalancer\",\"elasticloadbalancing:DeleteLoadBalancerListeners\",\"elasticloadbalancing:DescribeLoadBalancers\",\"elasticloadbalancing:DescribeLoadBalancerAttributes\",\"elasticloadbalancing:DetachLoadBalancerFromSubnets\",\"elasticloadbalancing:DeregisterInstancesFromLoadBalancer\",\"elasticloadbalancing:ModifyLoadBalancerAttributes\",\"elasticloadbalancing:RegisterInstancesWithLoadBalancer\",\"elasticloadbalancing:SetLoadBalancerPoliciesForBackendServer\",\"elasticloadbalancing:AddTags\",\"elasticloadbalancing:CreateListener\",\"elasticloadbalancing:CreateTargetGroup\",\"elasticloadbalancing:DeleteListener\",\"elasticloadbalancing:DeleteTargetGroup\",\"elasticloadbalancing:DescribeListeners\",\"elasticloadbalancing:DescribeLoadBalancerPolicies\",\"elasticloadbalancing:DescribeTargetGroups\",\"elasticloadbalancing:DescribeTargetHealth\",\"elasticloadbalancing:ModifyListener\",\"elasticloadbalancing:ModifyTargetGroup\",\"elasticloadbalancing:RegisterTargets\",\"elasticloadbalancing:SetLoadBalancerPoliciesOfListener\",\"iam:CreateServiceLinkedRole\",\"kms:DescribeKey\"],\"Effect\":\"Allow\",\"Resource\":[\"*\"]}],\"Version\":\"2012-10-17\"}",
            "policy_id": "ANPA25NELYLWAR4RL3BZS",
            "tags": {
              "kubernetes.io/cluster/kubernetes": "owned"
            },
            "tags_all": {
              "kubernetes.io/cluster/kubernetes": "owned"
            }
          },
          "sensitive_attributes": [],
          "private": "bnVsbA=="
        }
      ]
    },
    {
      "mode": "managed",
      "type": "aws_iam_policy",
      "name": "kubernetes-worker-node-policy1",
      "provider": "provider[\"registry.terraform.io/hashicorp/aws\"]",
      "instances": [
        {
          "schema_version": 0,
          "attributes": {
            "arn": "arn:aws:iam::750353367788:policy/kubernetes-worker-node-policy1",
            "description": "",
            "id": "arn:aws:iam::750353367788:policy/kubernetes-worker-node-policy1",
            "name": "kubernetes-worker-node-policy1",
            "name_prefix": "",
            "path": "/",
            "policy": "{\"Statement\":[{\"Action\":[\"ec2:DescribeInstances\",\"ec2:DescribeRegions\",\"ecr:GetAuthorizationToken\",\"ecr:BatchCheckLayerAvailability\",\"ecr:GetDownloadUrlForLayer\",\"ecr:GetRepositoryPolicy\",\"ecr:DescribeRepositories\",\"ecr:ListImages\",\"ecr:BatchGetImage\"],\"Effect\":\"Allow\",\"Resource\":\"*\"}],\"Version\":\"2012-10-17\"}",
            "policy_id": "ANPA25NELYLWAQBHLD26D",
            "tags": {
              "kubernetes.io/cluster/kubernetes": "owned"
            },
            "tags_all": {
              "kubernetes.io/cluster/kubernetes": "owned"
            }
          },
          "sensitive_attributes": [],
          "private": "bnVsbA=="
        }
      ]
    },
    {
      "mode": "managed",
      "type": "aws_iam_policy_attachment",
      "name": "kubernetes-master-node-role-policy-attachment-master-policy",
      "provider": "provider[\"registry.terraform.io/hashicorp/aws\"]",
      "instances": [
        {
          "schema_version": 0,
          "attributes": {
            "groups": [],
            "id": "kubernetes-master-node-role-policy-attachment-master-policy",
            "name": "kubernetes-master-node-role-policy-attachment-master-policy",
            "policy_arn": "arn:aws:iam::750353367788:policy/kubernetes-master-node-policy1",
            "roles": [
              "kubernetes-master-node-role1"
            ],
            "users": []
          },
          "sensitive_attributes": [],
          "private": "bnVsbA==",
          "dependencies": [
            "aws_iam_policy.kubernetes-master-node-policy1",
            "aws_iam_role.kubernetes-master-node-role1"
          ]
        }
      ]
    },
    {
      "mode": "managed",
      "type": "aws_iam_policy_attachment",
      "name": "kubernetes-master-node-role-policy-attachment-worker-policy",
      "provider": "provider[\"registry.terraform.io/hashicorp/aws\"]",
      "instances": [
        {
          "schema_version": 0,
          "attributes": {
            "groups": [],
            "id": "kubernetes-master-node-role-policy-attachment-worker-policy",
            "name": "kubernetes-master-node-role-policy-attachment-worker-policy",
            "policy_arn": "arn:aws:iam::750353367788:policy/kubernetes-worker-node-policy1",
            "roles": [
              "kubernetes-master-node-role1"
            ],
            "users": []
          },
          "sensitive_attributes": [],
          "private": "bnVsbA==",
          "dependencies": [
            "aws_iam_policy.kubernetes-worker-node-policy1",
            "aws_iam_role.kubernetes-master-node-role1"
          ]
        }
      ]
    },
    {
      "mode": "managed",
      "type": "aws_iam_role",
      "name": "kubernetes-master-node-role1",
      "provider": "provider[\"registry.terraform.io/hashicorp/aws\"]",
      "instances": [
        {
          "schema_version": 0,
          "attributes": {
            "arn": "arn:aws:iam::750353367788:role/kubernetes-master-node-role1",
            "assume_role_policy": "{\"Statement\":[{\"Action\":\"sts:AssumeRole\",\"Effect\":\"Allow\",\"Principal\":{\"Service\":\"ec2.amazonaws.com\"}}],\"Version\":\"2012-10-17\"}",
            "create_date": "2024-03-10T09:10:02Z",
            "description": "",
            "force_detach_policies": false,
            "id": "kubernetes-master-node-role1",
            "inline_policy": [],
            "managed_policy_arns": [
              "arn:aws:iam::750353367788:policy/kubernetes-master-node-policy1",
              "arn:aws:iam::750353367788:policy/kubernetes-worker-node-policy1"
            ],
            "max_session_duration": 3600,
            "name": "kubernetes-master-node-role1",
            "name_prefix": "",
            "path": "/",
            "permissions_boundary": "",
            "tags": {
              "kubernetes.io/cluster/kubernetes": "owned"
            },
            "tags_all": {
              "kubernetes.io/cluster/kubernetes": "owned"
            },
            "unique_id": "AROA25NELYLWH3M7JU2LA"
          },
          "sensitive_attributes": [],
          "private": "bnVsbA=="
        }
      ]
    },
    {
      "mode": "managed",
      "type": "aws_instance",
      "name": "kubernetes-cluster-ec2",
      "provider": "provider[\"registry.terraform.io/hashicorp/aws\"]",
      "instances": [
        {
          "schema_version": 1,
          "attributes": {
            "ami": "ami-0faab6bdbac9486fb",
            "arn": "arn:aws:ec2:eu-central-1:750353367788:instance/i-01aa7ba1d866d493b",
            "associate_public_ip_address": true,
            "availability_zone": "eu-central-1b",
            "capacity_reservation_specification": [
              {
                "capacity_reservation_preference": "open",
                "capacity_reservation_target": []
              }
            ],
            "cpu_core_count": 1,
            "cpu_options": [
              {
                "amd_sev_snp": "",
                "core_count": 1,
                "threads_per_core": 2
              }
            ],
            "cpu_threads_per_core": 2,
            "credit_specification": [
              {
                "cpu_credits": "unlimited"
              }
            ],
            "disable_api_stop": false,
            "disable_api_termination": false,
            "ebs_block_device": [],
            "ebs_optimized": false,
            "enclave_options": [
              {
                "enabled": false
              }
            ],
            "ephemeral_block_device": [],
            "get_password_data": false,
            "hibernation": false,
            "host_id": "",
            "host_resource_group_arn": null,
            "iam_instance_profile": "kubernetes-cluster-ec2-instance-profile",
            "id": "i-01aa7ba1d866d493b",
            "instance_initiated_shutdown_behavior": "stop",
            "instance_lifecycle": "",
            "instance_market_options": [],
            "instance_state": "running",
            "instance_type": "t3.medium",
            "ipv6_address_count": 0,
            "ipv6_addresses": [],
            "key_name": "kubernetes-managment-key-pair",
            "launch_template": [],
            "maintenance_options": [
              {
                "auto_recovery": "default"
              }
            ],
            "metadata_options": [
              {
                "http_endpoint": "enabled",
                "http_protocol_ipv6": "disabled",
                "http_put_response_hop_limit": 1,
                "http_tokens": "optional",
                "instance_metadata_tags": "disabled"
              }
            ],
            "monitoring": false,
            "network_interface": [],
            "outpost_arn": "",
            "password_data": "",
            "placement_group": "",
            "placement_partition_number": 0,
            "primary_network_interface_id": "eni-087303836d917f34c",
            "private_dns": "ip-10-0-1-185.eu-central-1.compute.internal",
            "private_dns_name_options": [
              {
                "enable_resource_name_dns_a_record": false,
                "enable_resource_name_dns_aaaa_record": false,
                "hostname_type": "ip-name"
              }
            ],
            "private_ip": "10.0.1.185",
            "public_dns": "",
            "public_ip": "35.156.37.198",
            "root_block_device": [
              {
                "delete_on_termination": true,
                "device_name": "/dev/sda1",
                "encrypted": false,
                "iops": 100,
                "kms_key_id": "",
                "tags": {},
                "tags_all": {},
                "throughput": 0,
                "volume_id": "vol-039e83427c29f9718",
                "volume_size": 8,
                "volume_type": "gp2"
              }
            ],
            "secondary_private_ips": [],
            "security_groups": [],
            "source_dest_check": true,
            "spot_instance_request_id": "",
            "subnet_id": "subnet-0caffd6bdaccf7ff9",
            "tags": {
              "kubernetes.io/cluster/kubernetes": "owned"
            },
            "tags_all": {
              "kubernetes.io/cluster/kubernetes": "owned"
            },
            "tenancy": "default",
            "timeouts": null,
            "user_data": null,
            "user_data_base64": null,
            "user_data_replace_on_change": false,
            "volume_tags": null,
            "vpc_security_group_ids": [
              "sg-089d92e69e980fe6d"
            ]
          },
          "sensitive_attributes": [],
          "private": "eyJlMmJmYjczMC1lY2FhLTExZTYtOGY4OC0zNDM2M2JjN2M0YzAiOnsiY3JlYXRlIjo2MDAwMDAwMDAwMDAsImRlbGV0ZSI6MTIwMDAwMDAwMDAwMCwicmVhZCI6OTAwMDAwMDAwMDAwLCJ1cGRhdGUiOjYwMDAwMDAwMDAwMH0sInNjaGVtYV92ZXJzaW9uIjoiMSJ9",
          "dependencies": [
            "aws_subnet.kubernetes-vpc-public-subnet",
            "aws_vpc.kubernetes-vpc",
            "tls_private_key.kubernetes-managment-key-pair",
            "aws_iam_instance_profile.kubernetes-cluster-ec2-instance-profile",
            "aws_iam_role.kubernetes-master-node-role1",
            "aws_key_pair.kubernets-ec2-key-pair",
            "aws_security_group.kubernetes-cluster-security-group"
          ]
        }
      ]
    },
    {
      "mode": "managed",
      "type": "aws_internet_gateway",
      "name": "kubernetes-vpc-internet-gateway",
      "provider": "provider[\"registry.terraform.io/hashicorp/aws\"]",
      "instances": [
        {
          "schema_version": 0,
          "attributes": {
            "arn": "arn:aws:ec2:eu-central-1:750353367788:internet-gateway/igw-08626f69a89fe7454",
            "id": "igw-08626f69a89fe7454",
            "owner_id": "750353367788",
            "tags": {
              "kubernetes.io/cluster/kubernetes": "owned"
            },
            "tags_all": {
              "kubernetes.io/cluster/kubernetes": "owned"
            },
            "timeouts": null,
            "vpc_id": "vpc-01d1525f234c9964d"
          },
          "sensitive_attributes": [],
          "private": "eyJlMmJmYjczMC1lY2FhLTExZTYtOGY4OC0zNDM2M2JjN2M0YzAiOnsiY3JlYXRlIjoxMjAwMDAwMDAwMDAwLCJkZWxldGUiOjEyMDAwMDAwMDAwMDAsInVwZGF0ZSI6MTIwMDAwMDAwMDAwMH19",
          "dependencies": [
            "aws_vpc.kubernetes-vpc"
          ]
        }
      ]
    },
    {
      "mode": "managed",
      "type": "aws_key_pair",
      "name": "kubernets-ec2-key-pair",
      "provider": "provider[\"registry.terraform.io/hashicorp/aws\"]",
      "instances": [
        {
          "schema_version": 1,
          "attributes": {
            "arn": "arn:aws:ec2:eu-central-1:750353367788:key-pair/kubernetes-managment-key-pair",
            "fingerprint": "e2:66:e4:11:aa:c9:e9:a9:df:37:21:4b:6c:88:53:c6",
            "id": "kubernetes-managment-key-pair",
            "key_name": "kubernetes-managment-key-pair",
            "key_name_prefix": "",
            "key_pair_id": "key-01e32eace66065af3",
            "key_type": "rsa",
            "public_key": "ssh-rsa AAAAB3NzaC1yc2EAAAADAQABAAABAQC+IpoFVfvJ3V/o28MFbXMrNpVTHvGss1QJOx4b6JrjRmxhQtFA/48mDSr2fEWhaLY/b4BxGnk8jl9gNi+SSkKrrputSHzwCNaHAaKFUsig9F6H0XFv/r7D5UoNcWCXn2e+E0FREo9M2dpmeiCUq4ZsjAdc5cwFXVdiUfQ4qI8hoEqm22Xlz93eoaF57GwbhAEIwn0Ku6GQeZKD0LNB0eGULG64MjsEzxcnBIQU8slE35sWDGRwajQplFmiY0qA/y1K9/ZeWaZMETX9fe/T/RmtjzUTysrrkoHzdfJZAyAmXgkNQWIXUAB7CJhB7d/luG/hW0DrkMqHARdgxTVZgM1H",
            "tags": {},
            "tags_all": {}
          },
          "sensitive_attributes": [],
          "private": "eyJzY2hlbWFfdmVyc2lvbiI6IjEifQ==",
          "dependencies": [
            "tls_private_key.kubernetes-managment-key-pair"
          ]
        }
      ]
    },
    {
      "mode": "managed",
      "type": "aws_route_table",
      "name": "kubernetes-vpc-route-table",
      "provider": "provider[\"registry.terraform.io/hashicorp/aws\"]",
      "instances": [
        {
          "schema_version": 0,
          "attributes": {
            "arn": "arn:aws:ec2:eu-central-1:750353367788:route-table/rtb-0a3cd8d4ba91797be",
            "id": "rtb-0a3cd8d4ba91797be",
            "owner_id": "750353367788",
            "propagating_vgws": [],
            "route": [
              {
                "carrier_gateway_id": "",
                "cidr_block": "0.0.0.0/0",
                "core_network_arn": "",
                "destination_prefix_list_id": "",
                "egress_only_gateway_id": "",
                "gateway_id": "igw-08626f69a89fe7454",
                "ipv6_cidr_block": "",
                "local_gateway_id": "",
                "nat_gateway_id": "",
                "network_interface_id": "",
                "transit_gateway_id": "",
                "vpc_endpoint_id": "",
                "vpc_peering_connection_id": ""
              }
            ],
            "tags": {
              "kubernetes.io/cluster/kubernetes": "owned"
            },
            "tags_all": {
              "kubernetes.io/cluster/kubernetes": "owned"
            },
            "timeouts": null,
            "vpc_id": "vpc-01d1525f234c9964d"
          },
          "sensitive_attributes": [],
          "private": "eyJlMmJmYjczMC1lY2FhLTExZTYtOGY4OC0zNDM2M2JjN2M0YzAiOnsiY3JlYXRlIjozMDAwMDAwMDAwMDAsImRlbGV0ZSI6MzAwMDAwMDAwMDAwLCJ1cGRhdGUiOjEyMDAwMDAwMDAwMH19",
          "dependencies": [
            "aws_internet_gateway.kubernetes-vpc-internet-gateway",
            "aws_vpc.kubernetes-vpc"
          ]
        }
      ]
    },
    {
      "mode": "managed",
      "type": "aws_route_table_association",
      "name": "kubernetes-vpc-route-table-associate-to-public-subnets",
      "provider": "provider[\"registry.terraform.io/hashicorp/aws\"]",
      "instances": [
        {
          "schema_version": 0,
          "attributes": {
            "gateway_id": "",
            "id": "rtbassoc-0f247c3f2da4cd85a",
            "route_table_id": "rtb-0a3cd8d4ba91797be",
            "subnet_id": "subnet-0caffd6bdaccf7ff9",
            "timeouts": null
          },
          "sensitive_attributes": [],
          "private": "eyJlMmJmYjczMC1lY2FhLTExZTYtOGY4OC0zNDM2M2JjN2M0YzAiOnsiY3JlYXRlIjozMDAwMDAwMDAwMDAsImRlbGV0ZSI6MzAwMDAwMDAwMDAwLCJ1cGRhdGUiOjEyMDAwMDAwMDAwMH19",
          "dependencies": [
            "aws_subnet.kubernetes-vpc-public-subnet",
            "aws_vpc.kubernetes-vpc",
            "aws_internet_gateway.kubernetes-vpc-internet-gateway",
            "aws_route_table.kubernetes-vpc-route-table"
          ]
        }
      ]
    },
    {
      "mode": "managed",
      "type": "aws_security_group",
      "name": "kubernetes-cluster-security-group",
      "provider": "provider[\"registry.terraform.io/hashicorp/aws\"]",
      "instances": [
        {
          "schema_version": 1,
          "attributes": {
            "arn": "arn:aws:ec2:eu-central-1:750353367788:security-group/sg-089d92e69e980fe6d",
            "description": "Allow the Kuberntes cluster to communicate internally and to be managed externally",
            "egress": [
              {
                "cidr_blocks": [
                  "0.0.0.0/0"
                ],
                "description": "",
                "from_port": 0,
                "ipv6_cidr_blocks": [],
                "prefix_list_ids": [],
                "protocol": "-1",
                "security_groups": [],
                "self": false,
                "to_port": 0
              }
            ],
            "id": "sg-089d92e69e980fe6d",
            "ingress": [
              {
                "cidr_blocks": [
                  "147.235.201.113/32",
                  "10.0.0.0/16"
                ],
                "description": "",
                "from_port": 0,
                "ipv6_cidr_blocks": [],
                "prefix_list_ids": [],
                "protocol": "-1",
                "security_groups": [],
                "self": false,
                "to_port": 0
              }
            ],
            "name": "kubernetes-cluster-security-group",
            "name_prefix": "",
            "owner_id": "750353367788",
            "revoke_rules_on_delete": false,
            "tags": {
              "kubernetes.io/cluster/kubernetes": "owned"
            },
            "tags_all": {
              "kubernetes.io/cluster/kubernetes": "owned"
            },
            "timeouts": null,
            "vpc_id": "vpc-01d1525f234c9964d"
          },
          "sensitive_attributes": [],
          "private": "eyJlMmJmYjczMC1lY2FhLTExZTYtOGY4OC0zNDM2M2JjN2M0YzAiOnsiY3JlYXRlIjo2MDAwMDAwMDAwMDAsImRlbGV0ZSI6OTAwMDAwMDAwMDAwfSwic2NoZW1hX3ZlcnNpb24iOiIxIn0=",
          "dependencies": [
            "aws_vpc.kubernetes-vpc"
          ]
        }
      ]
    },
    {
      "mode": "managed",
      "type": "aws_subnet",
      "name": "kubernetes-vpc-public-subnet",
      "provider": "provider[\"registry.terraform.io/hashicorp/aws\"]",
      "instances": [
        {
          "schema_version": 1,
          "attributes": {
            "arn": "arn:aws:ec2:eu-central-1:750353367788:subnet/subnet-0caffd6bdaccf7ff9",
            "assign_ipv6_address_on_creation": false,
            "availability_zone": "eu-central-1b",
            "availability_zone_id": "euc1-az3",
            "cidr_block": "10.0.1.0/24",
            "customer_owned_ipv4_pool": "",
            "enable_dns64": false,
            "enable_lni_at_device_index": 0,
            "enable_resource_name_dns_a_record_on_launch": false,
            "enable_resource_name_dns_aaaa_record_on_launch": false,
            "id": "subnet-0caffd6bdaccf7ff9",
            "ipv6_cidr_block": "",
            "ipv6_cidr_block_association_id": "",
            "ipv6_native": false,
            "map_customer_owned_ip_on_launch": false,
            "map_public_ip_on_launch": false,
            "outpost_arn": "",
            "owner_id": "750353367788",
            "private_dns_hostname_type_on_launch": "ip-name",
            "tags": {
              "kubernetes.io/cluster/kubernetes": "owned"
            },
            "tags_all": {
              "kubernetes.io/cluster/kubernetes": "owned"
            },
            "timeouts": null,
            "vpc_id": "vpc-01d1525f234c9964d"
          },
          "sensitive_attributes": [],
          "private": "eyJlMmJmYjczMC1lY2FhLTExZTYtOGY4OC0zNDM2M2JjN2M0YzAiOnsiY3JlYXRlIjo2MDAwMDAwMDAwMDAsImRlbGV0ZSI6MTIwMDAwMDAwMDAwMH0sInNjaGVtYV92ZXJzaW9uIjoiMSJ9",
          "dependencies": [
            "aws_vpc.kubernetes-vpc"
          ]
        }
      ]
    },
    {
      "mode": "managed",
      "type": "aws_vpc",
      "name": "kubernetes-vpc",
      "provider": "provider[\"registry.terraform.io/hashicorp/aws\"]",
      "instances": [
        {
          "schema_version": 1,
          "attributes": {
            "arn": "arn:aws:ec2:eu-central-1:750353367788:vpc/vpc-01d1525f234c9964d",
            "assign_generated_ipv6_cidr_block": false,
            "cidr_block": "10.0.0.0/16",
            "default_network_acl_id": "acl-08d558c835ab3e88d",
            "default_route_table_id": "rtb-07aaec031fe235215",
            "default_security_group_id": "sg-008301d423d675810",
            "dhcp_options_id": "dopt-0e9da1acacc25594b",
            "enable_dns_hostnames": false,
            "enable_dns_support": true,
            "enable_network_address_usage_metrics": false,
            "id": "vpc-01d1525f234c9964d",
            "instance_tenancy": "default",
            "ipv4_ipam_pool_id": null,
            "ipv4_netmask_length": null,
            "ipv6_association_id": "",
            "ipv6_cidr_block": "",
            "ipv6_cidr_block_network_border_group": "",
            "ipv6_ipam_pool_id": "",
            "ipv6_netmask_length": 0,
            "main_route_table_id": "rtb-07aaec031fe235215",
            "owner_id": "750353367788",
            "tags": {
              "kubernetes.io/cluster/kubernetes": "owned"
            },
            "tags_all": {
              "kubernetes.io/cluster/kubernetes": "owned"
            }
          },
          "sensitive_attributes": [],
          "private": "eyJzY2hlbWFfdmVyc2lvbiI6IjEifQ=="
        }
      ]
    },
    {
      "mode": "managed",
      "type": "aws_vpc_security_group_egress_rule",
      "name": "OutboundSecurityGroupAllowAllPublicTraffic",
      "provider": "provider[\"registry.terraform.io/hashicorp/aws\"]",
      "instances": [
        {
          "schema_version": 0,
          "attributes": {
            "arn": "arn:aws:ec2:eu-central-1:750353367788:security-group-rule/sgr-05dc0220171359468",
            "cidr_ipv4": "0.0.0.0/0",
            "cidr_ipv6": null,
            "description": null,
            "from_port": null,
            "id": "sgr-05dc0220171359468",
            "ip_protocol": "-1",
            "prefix_list_id": null,
            "referenced_security_group_id": null,
            "security_group_id": "sg-089d92e69e980fe6d",
            "security_group_rule_id": "sgr-05dc0220171359468",
            "tags": null,
            "tags_all": {},
            "to_port": null
          },
          "sensitive_attributes": [],
          "dependencies": [
            "aws_security_group.kubernetes-cluster-security-group",
            "aws_vpc.kubernetes-vpc"
          ]
        }
      ]
    },
    {
      "mode": "managed",
      "type": "aws_vpc_security_group_ingress_rule",
      "name": "InboundSecurityGroupAllowAllPrivateTraffic",
      "provider": "provider[\"registry.terraform.io/hashicorp/aws\"]",
      "instances": [
        {
          "schema_version": 0,
          "attributes": {
            "arn": "arn:aws:ec2:eu-central-1:750353367788:security-group-rule/sgr-0c9418d90feb73f19",
            "cidr_ipv4": "10.0.0.0/16",
            "cidr_ipv6": null,
            "description": null,
            "from_port": null,
            "id": "sgr-0c9418d90feb73f19",
            "ip_protocol": "-1",
            "prefix_list_id": null,
            "referenced_security_group_id": null,
            "security_group_id": "sg-089d92e69e980fe6d",
            "security_group_rule_id": "sgr-0c9418d90feb73f19",
            "tags": null,
            "tags_all": {},
            "to_port": null
          },
          "sensitive_attributes": [],
          "dependencies": [
            "aws_vpc.kubernetes-vpc",
            "aws_security_group.kubernetes-cluster-security-group"
          ]
        }
      ]
    },
    {
      "mode": "managed",
      "type": "aws_vpc_security_group_ingress_rule",
      "name": "InboundSecurityGroupAllowAllPublicTraffic",
      "provider": "provider[\"registry.terraform.io/hashicorp/aws\"]",
      "instances": [
        {
          "index_key": 0,
          "schema_version": 0,
          "attributes": {
            "arn": "arn:aws:ec2:eu-central-1:750353367788:security-group-rule/sgr-0d0d71d4d2bd3e85d",
            "cidr_ipv4": "147.235.201.113/32",
            "cidr_ipv6": null,
            "description": null,
            "from_port": null,
            "id": "sgr-0d0d71d4d2bd3e85d",
            "ip_protocol": "-1",
            "prefix_list_id": null,
            "referenced_security_group_id": null,
            "security_group_id": "sg-089d92e69e980fe6d",
            "security_group_rule_id": "sgr-0d0d71d4d2bd3e85d",
            "tags": null,
            "tags_all": {},
            "to_port": null
          },
          "sensitive_attributes": [],
          "dependencies": [
            "aws_security_group.kubernetes-cluster-security-group",
            "aws_vpc.kubernetes-vpc",
            "data.http.MyPublicIp"
          ]
        }
      ]
    },
    {
      "mode": "managed",
      "type": "local_file",
      "name": "kubernetes-ec2-generated-public-key-file",
      "provider": "provider[\"registry.terraform.io/hashicorp/local\"]",
      "instances": [
        {
          "schema_version": 0,
          "attributes": {
            "content": "-----BEGIN RSA PRIVATE KEY-----\nMIIEogIBAAKCAQEAviKaBVX7yd1f6NvDBW1zKzaVUx7xrLNUCTseG+ia40ZsYULR\nQP+PJg0q9nxFoWi2P2+AcRp5PI5fYDYvkkpCq66brUh88AjWhwGihVLIoPReh9Fx\nb/6+w+VKDXFgl59nvhNBURKPTNnaZnoglKuGbIwHXOXMBV1XYlH0OKiPIaBKpttl\n5c/d3qGheexsG4QBCMJ9CruhkHmSg9CzQdHhlCxuuDI7BM8XJwSEFPLJRN+bFgxk\ncGo0KZRZomNKgP8tSvf2XlmmTBE1/X3v0/0ZrY81E8rK65KB83XyWQMgJl4JDUFi\nF1AAewiYQe3f5bhv4VtA65DKhwEXYMU1WYDNRwIDAQABAoIBAAxY8uelzdQuLCxT\nGTchBHmp8ciUGd29R5fR3wKw+F4KFL+8NxqhfgpakI+xQlRZGHzGIPE3Zugn1snI\nuw4lBG9hx3pZWsO7zzK1SHigB6dsNzdawqMjSAAww75bvooaMAKH/ZXmPqge/a/p\n/nOpL/Gcpl3CDp3KkgIwkEudpq3oPh+7XsP73h3Qm5hWqbKaaBJVqw8wVFL54lxP\n8s90IrNkew8PGnmCvn0RQ8wSyau8aL4hWuOSrXlxW+NtY+sZcF+RVlhjy2f+gT7F\nB5wbnp7z/CJGbG/Pdk0MO0hoTRHxx3nU4o08nmuzNyTqNPXnnKNShRT2IRnY7Y7s\noX7TbQECgYEAxmYL2XP9cydZERD84xkcJOtcis5VpkyXe7Ws/4rr0VQ0KSGix3el\n7v38JCHXv0qhLszJFmCltpj1ZYgFrNslZjyo4PAGMM0jR3usBGDNULvn1LPPVmhx\nLggaPxHOJGvSUhdHHyHjhWumGVev8ylXLkMvsc7vVgldXFsOfJrenOsCgYEA9VZf\n//jhsGOhgHkpKDYg9ku6y3KSCnb/mkg5497m5XOB/THb3tKfDTlokDrj1his1I3y\n4fnHUJCw6ydIAEPYIASU+9LEy2c8Sw/g7zssQJvXytNRL85xzWR4Ekb9y/Rb/XsC\nLah7LZE2DdMQGP/0WfuS/k0J/h3CFQQjcsMmShUCgYAeAmd+b94BYg1F2JT34N9x\n8ivgTw+DhQhQzQ0q5h9/XUY6hnzxwPZXbRGLgZb5t1ckFhPAj8PhF8feoLGDEO7a\nRQiiZYv6K71PXbSKQP4tXQ7XDI+rGUctWEpoCdBtj+WTRzQZ0G1yy/Km2K2jkTg/\npif7tDpdgDMf+iH51Q8hGwKBgGPJXgKfGCzGWUoH/dV9Lqr+4lsdnojjHdOCzQkC\nAKgS8ywou2VGBas7Tmxbh4/tOV663a9MCOWb9FmxAHgbICzlsDM85w5UTxG4w6SK\nTNV6jarRiJQJRABmfO/yMAhku4W+IoSvompGRdYZotKISLrQuFj2vLm/INGrfT+Q\nYGKBAoGAWgMkYi0c4OtlWYfgpqLQlKW307IrNur0FaphRaRxDlWgrRPP+wOX4YFG\nEx+eb2MyuD5qQVShTr180p8OgNlosESV+FsKaeyOVYoXq9TzA6fvHPC6ymSNHCt8\ncOqdFGNE7KcP7xpd0UIv0jL56Kj+Ldn7yqWSpcC+okdVv2txbo8=\n-----END RSA PRIVATE KEY-----\n",
            "content_base64": null,
            "content_base64sha256": "ma/MLtwDCY3W2ltewEurFCUJwFWEC3vDAeFGLcXt3QY=",
            "content_base64sha512": "hg+VK9LjNEDZauH4RNQZV1L4jqUCBICEIq+j4X7DczoBg0y7ZzSQ+mtDM5UVz/82g3KkIgw+KjjT3lpO3SXK+w==",
            "content_md5": "cd142730b69ed985d97594c076ee27af",
            "content_sha1": "e739e6ada6063278b26dd3f9d421ce75ba35abcd",
            "content_sha256": "99afcc2edc03098dd6da5b5ec04bab142509c055840b7bc301e1462dc5eddd06",
            "content_sha512": "860f952bd2e33440d96ae1f844d4195752f88ea50204808422afa3e17ec3733a01834cbb673490fa6b43339515cfff368372a4220c3e2a38d3de5a4edd25cafb",
            "directory_permission": "0777",
            "file_permission": "0777",
            "filename": "/Terraform/SSHPEMfile/kubernetes-managment-key-pair-private.pem",
            "id": "e739e6ada6063278b26dd3f9d421ce75ba35abcd",
            "sensitive_content": null,
            "source": null
          },
          "sensitive_attributes": [
            [
              {
                "type": "get_attr",
                "value": "content"
              }
            ]
          ],
          "dependencies": [
            "tls_private_key.kubernetes-managment-key-pair"
          ]
        }
      ]
    },
    {
      "mode": "managed",
      "type": "tls_private_key",
      "name": "kubernetes-managment-key-pair",
      "provider": "provider[\"registry.terraform.io/hashicorp/tls\"]",
      "instances": [
        {
          "schema_version": 1,
          "attributes": {
            "algorithm": "RSA",
            "ecdsa_curve": "P224",
            "id": "4cc38905fa22ab7b5cc97834022945e1ae6cd346",
            "private_key_openssh": "-----BEGIN OPENSSH PRIVATE KEY-----\nb3BlbnNzaC1rZXktdjEAAAAABG5vbmUAAAAEbm9uZQAAAAAAAAABAAABFwAAAAdz\nc2gtcnNhAAAAAwEAAQAAAQEAviKaBVX7yd1f6NvDBW1zKzaVUx7xrLNUCTseG+ia\n40ZsYULRQP+PJg0q9nxFoWi2P2+AcRp5PI5fYDYvkkpCq66brUh88AjWhwGihVLI\noPReh9Fxb/6+w+VKDXFgl59nvhNBURKPTNnaZnoglKuGbIwHXOXMBV1XYlH0OKiP\nIaBKpttl5c/d3qGheexsG4QBCMJ9CruhkHmSg9CzQdHhlCxuuDI7BM8XJwSEFPLJ\nRN+bFgxkcGo0KZRZomNKgP8tSvf2XlmmTBE1/X3v0/0ZrY81E8rK65KB83XyWQMg\nJl4JDUFiF1AAewiYQe3f5bhv4VtA65DKhwEXYMU1WYDNRwAAA7gH3tO7B97TuwAA\nAAdzc2gtcnNhAAABAQC+IpoFVfvJ3V/o28MFbXMrNpVTHvGss1QJOx4b6JrjRmxh\nQtFA/48mDSr2fEWhaLY/b4BxGnk8jl9gNi+SSkKrrputSHzwCNaHAaKFUsig9F6H\n0XFv/r7D5UoNcWCXn2e+E0FREo9M2dpmeiCUq4ZsjAdc5cwFXVdiUfQ4qI8hoEqm\n22Xlz93eoaF57GwbhAEIwn0Ku6GQeZKD0LNB0eGULG64MjsEzxcnBIQU8slE35sW\nDGRwajQplFmiY0qA/y1K9/ZeWaZMETX9fe/T/RmtjzUTysrrkoHzdfJZAyAmXgkN\nQWIXUAB7CJhB7d/luG/hW0DrkMqHARdgxTVZgM1HAAAAAwEAAQAAAQAMWPLnpc3U\nLiwsUxk3IQR5qfHIlBndvUeX0d8CsPheChS/vDcaoX4KWpCPsUJUWRh8xiDxN2bo\nJ9bJyLsOJQRvYcd6WVrDu88ytUh4oAenbDc3WsKjI0gAMMO+W76KGjACh/2V5j6o\nHv2v6f5zqS/xnKZdwg6dypICMJBLnaat6D4fu17D+94d0JuYVqmymmgSVasPMFRS\n+eJcT/LPdCKzZHsPDxp5gr59EUPMEsmrvGi+IVrjkq15cVvjbWPrGXBfkVZYY8tn\n/oE+xQecG56e8/wiRmxvz3ZNDDtIaE0R8cd51OKNPJ5rszck6jT155yjUoUU9iEZ\n2O2O7KF+020BAAAAgFoDJGItHODrZVmH4Kai0JSlt9OyKzbq9BWqYUWkcQ5VoK0T\nz/sDl+GBRhMfnm9jMrg+akFUoU69fNKfDoDZaLBElfhbCmnsjlWKF6vU8wOn7xzw\nuspkjRwrfHDqnRRjROynD+8aXdFCL9Iy+eio/i3Z+8qlkqXAvqJHVb9rcW6PAAAA\ngQDGZgvZc/1zJ1kREPzjGRwk61yKzlWmTJd7taz/iuvRVDQpIaLHd6Xu/fwkIde/\nSqEuzMkWYKW2mPVliAWs2yVmPKjg8AYwzSNHe6wEYM1Qu+fUs89WaHEuCBo/Ec4k\na9JSF0cfIeOFa6YZV6/zKVcuQy+xzu9WCV1cWw58mt6c6wAAAIEA9VZf//jhsGOh\ngHkpKDYg9ku6y3KSCnb/mkg5497m5XOB/THb3tKfDTlokDrj1his1I3y4fnHUJCw\n6ydIAEPYIASU+9LEy2c8Sw/g7zssQJvXytNRL85xzWR4Ekb9y/Rb/XsCLah7LZE2\nDdMQGP/0WfuS/k0J/h3CFQQjcsMmShUAAAAAAQID\n-----END OPENSSH PRIVATE KEY-----\n",
            "private_key_pem": "-----BEGIN RSA PRIVATE KEY-----\nMIIEogIBAAKCAQEAviKaBVX7yd1f6NvDBW1zKzaVUx7xrLNUCTseG+ia40ZsYULR\nQP+PJg0q9nxFoWi2P2+AcRp5PI5fYDYvkkpCq66brUh88AjWhwGihVLIoPReh9Fx\nb/6+w+VKDXFgl59nvhNBURKPTNnaZnoglKuGbIwHXOXMBV1XYlH0OKiPIaBKpttl\n5c/d3qGheexsG4QBCMJ9CruhkHmSg9CzQdHhlCxuuDI7BM8XJwSEFPLJRN+bFgxk\ncGo0KZRZomNKgP8tSvf2XlmmTBE1/X3v0/0ZrY81E8rK65KB83XyWQMgJl4JDUFi\nF1AAewiYQe3f5bhv4VtA65DKhwEXYMU1WYDNRwIDAQABAoIBAAxY8uelzdQuLCxT\nGTchBHmp8ciUGd29R5fR3wKw+F4KFL+8NxqhfgpakI+xQlRZGHzGIPE3Zugn1snI\nuw4lBG9hx3pZWsO7zzK1SHigB6dsNzdawqMjSAAww75bvooaMAKH/ZXmPqge/a/p\n/nOpL/Gcpl3CDp3KkgIwkEudpq3oPh+7XsP73h3Qm5hWqbKaaBJVqw8wVFL54lxP\n8s90IrNkew8PGnmCvn0RQ8wSyau8aL4hWuOSrXlxW+NtY+sZcF+RVlhjy2f+gT7F\nB5wbnp7z/CJGbG/Pdk0MO0hoTRHxx3nU4o08nmuzNyTqNPXnnKNShRT2IRnY7Y7s\noX7TbQECgYEAxmYL2XP9cydZERD84xkcJOtcis5VpkyXe7Ws/4rr0VQ0KSGix3el\n7v38JCHXv0qhLszJFmCltpj1ZYgFrNslZjyo4PAGMM0jR3usBGDNULvn1LPPVmhx\nLggaPxHOJGvSUhdHHyHjhWumGVev8ylXLkMvsc7vVgldXFsOfJrenOsCgYEA9VZf\n//jhsGOhgHkpKDYg9ku6y3KSCnb/mkg5497m5XOB/THb3tKfDTlokDrj1his1I3y\n4fnHUJCw6ydIAEPYIASU+9LEy2c8Sw/g7zssQJvXytNRL85xzWR4Ekb9y/Rb/XsC\nLah7LZE2DdMQGP/0WfuS/k0J/h3CFQQjcsMmShUCgYAeAmd+b94BYg1F2JT34N9x\n8ivgTw+DhQhQzQ0q5h9/XUY6hnzxwPZXbRGLgZb5t1ckFhPAj8PhF8feoLGDEO7a\nRQiiZYv6K71PXbSKQP4tXQ7XDI+rGUctWEpoCdBtj+WTRzQZ0G1yy/Km2K2jkTg/\npif7tDpdgDMf+iH51Q8hGwKBgGPJXgKfGCzGWUoH/dV9Lqr+4lsdnojjHdOCzQkC\nAKgS8ywou2VGBas7Tmxbh4/tOV663a9MCOWb9FmxAHgbICzlsDM85w5UTxG4w6SK\nTNV6jarRiJQJRABmfO/yMAhku4W+IoSvompGRdYZotKISLrQuFj2vLm/INGrfT+Q\nYGKBAoGAWgMkYi0c4OtlWYfgpqLQlKW307IrNur0FaphRaRxDlWgrRPP+wOX4YFG\nEx+eb2MyuD5qQVShTr180p8OgNlosESV+FsKaeyOVYoXq9TzA6fvHPC6ymSNHCt8\ncOqdFGNE7KcP7xpd0UIv0jL56Kj+Ldn7yqWSpcC+okdVv2txbo8=\n-----END RSA PRIVATE KEY-----\n",
            "private_key_pem_pkcs8": "-----BEGIN PRIVATE KEY-----\nMIIEvAIBADANBgkqhkiG9w0BAQEFAASCBKYwggSiAgEAAoIBAQC+IpoFVfvJ3V/o\n28MFbXMrNpVTHvGss1QJOx4b6JrjRmxhQtFA/48mDSr2fEWhaLY/b4BxGnk8jl9g\nNi+SSkKrrputSHzwCNaHAaKFUsig9F6H0XFv/r7D5UoNcWCXn2e+E0FREo9M2dpm\neiCUq4ZsjAdc5cwFXVdiUfQ4qI8hoEqm22Xlz93eoaF57GwbhAEIwn0Ku6GQeZKD\n0LNB0eGULG64MjsEzxcnBIQU8slE35sWDGRwajQplFmiY0qA/y1K9/ZeWaZMETX9\nfe/T/RmtjzUTysrrkoHzdfJZAyAmXgkNQWIXUAB7CJhB7d/luG/hW0DrkMqHARdg\nxTVZgM1HAgMBAAECggEADFjy56XN1C4sLFMZNyEEeanxyJQZ3b1Hl9HfArD4XgoU\nv7w3GqF+ClqQj7FCVFkYfMYg8Tdm6CfWyci7DiUEb2HHellaw7vPMrVIeKAHp2w3\nN1rCoyNIADDDvlu+ihowAof9leY+qB79r+n+c6kv8ZymXcIOncqSAjCQS52mreg+\nH7tew/veHdCbmFapsppoElWrDzBUUvniXE/yz3Qis2R7Dw8aeYK+fRFDzBLJq7xo\nviFa45KteXFb421j6xlwX5FWWGPLZ/6BPsUHnBuenvP8IkZsb892TQw7SGhNEfHH\nedTijTyea7M3JOo09eeco1KFFPYhGdjtjuyhftNtAQKBgQDGZgvZc/1zJ1kREPzj\nGRwk61yKzlWmTJd7taz/iuvRVDQpIaLHd6Xu/fwkIde/SqEuzMkWYKW2mPVliAWs\n2yVmPKjg8AYwzSNHe6wEYM1Qu+fUs89WaHEuCBo/Ec4ka9JSF0cfIeOFa6YZV6/z\nKVcuQy+xzu9WCV1cWw58mt6c6wKBgQD1Vl//+OGwY6GAeSkoNiD2S7rLcpIKdv+a\nSDnj3ublc4H9Mdve0p8NOWiQOuPWGKzUjfLh+cdQkLDrJ0gAQ9ggBJT70sTLZzxL\nD+DvOyxAm9fK01EvznHNZHgSRv3L9Fv9ewItqHstkTYN0xAY//RZ+5L+TQn+HcIV\nBCNywyZKFQKBgB4CZ35v3gFiDUXYlPfg33HyK+BPD4OFCFDNDSrmH39dRjqGfPHA\n9ldtEYuBlvm3VyQWE8CPw+EXx96gsYMQ7tpFCKJli/orvU9dtIpA/i1dDtcMj6sZ\nRy1YSmgJ0G2P5ZNHNBnQbXLL8qbYraOROD+mJ/u0Ol2AMx/6IfnVDyEbAoGAY8le\nAp8YLMZZSgf91X0uqv7iWx2eiOMd04LNCQIAqBLzLCi7ZUYFqztObFuHj+05Xrrd\nr0wI5Zv0WbEAeBsgLOWwMzznDlRPEbjDpIpM1XqNqtGIlAlEAGZ87/IwCGS7hb4i\nhK+iakZF1hmi0ohIutC4WPa8ub8g0at9P5BgYoECgYBaAyRiLRzg62VZh+CmotCU\npbfTsis26vQVqmFFpHEOVaCtE8/7A5fhgUYTH55vYzK4PmpBVKFOvXzSnw6A2Wiw\nRJX4Wwpp7I5Viher1PMDp+8c8LrKZI0cK3xw6p0UY0Tspw/vGl3RQi/SMvnoqP4t\n2fvKpZKlwL6iR1W/a3Fujw==\n-----END PRIVATE KEY-----\n",
            "public_key_fingerprint_md5": "82:b5:83:33:55:fb:e6:c7:9d:16:49:59:e8:13:fc:aa",
            "public_key_fingerprint_sha256": "SHA256:Fpoxiw9wVSWxCHPB2bHL+0ZfW0Eh6xL0HsZh3amQGUI",
            "public_key_openssh": "ssh-rsa AAAAB3NzaC1yc2EAAAADAQABAAABAQC+IpoFVfvJ3V/o28MFbXMrNpVTHvGss1QJOx4b6JrjRmxhQtFA/48mDSr2fEWhaLY/b4BxGnk8jl9gNi+SSkKrrputSHzwCNaHAaKFUsig9F6H0XFv/r7D5UoNcWCXn2e+E0FREo9M2dpmeiCUq4ZsjAdc5cwFXVdiUfQ4qI8hoEqm22Xlz93eoaF57GwbhAEIwn0Ku6GQeZKD0LNB0eGULG64MjsEzxcnBIQU8slE35sWDGRwajQplFmiY0qA/y1K9/ZeWaZMETX9fe/T/RmtjzUTysrrkoHzdfJZAyAmXgkNQWIXUAB7CJhB7d/luG/hW0DrkMqHARdgxTVZgM1H\n",
            "public_key_pem": "-----BEGIN PUBLIC KEY-----\nMIIBIjANBgkqhkiG9w0BAQEFAAOCAQ8AMIIBCgKCAQEAviKaBVX7yd1f6NvDBW1z\nKzaVUx7xrLNUCTseG+ia40ZsYULRQP+PJg0q9nxFoWi2P2+AcRp5PI5fYDYvkkpC\nq66brUh88AjWhwGihVLIoPReh9Fxb/6+w+VKDXFgl59nvhNBURKPTNnaZnoglKuG\nbIwHXOXMBV1XYlH0OKiPIaBKpttl5c/d3qGheexsG4QBCMJ9CruhkHmSg9CzQdHh\nlCxuuDI7BM8XJwSEFPLJRN+bFgxkcGo0KZRZomNKgP8tSvf2XlmmTBE1/X3v0/0Z\nrY81E8rK65KB83XyWQMgJl4JDUFiF1AAewiYQe3f5bhv4VtA65DKhwEXYMU1WYDN\nRwIDAQAB\n-----END PUBLIC KEY-----\n",
            "rsa_bits": 2048
          },
          "sensitive_attributes": []
        }
      ]
    }
  ]
}
