{
  "version": 4,
  "terraform_version": "1.0.7",
  "serial": 412,
  "lineage": "c9aac03b-45a8-3223-2cb3-7f0a98ce4c38",
  "outputs": {
    "ec2_global_kubernetes_ips": {
      "value": "",
      "type": "string"
    }
  },
  "resources": [
    {
      "mode": "data",
      "type": "http",
      "name": "MyPublicIp",
      "provider": "provider[\"registry.terraform.io/hashicorp/http\"]",
      "instances": [
        {
          "schema_version": 0,
          "attributes": {
            "body": "87.68.246.54\n",
            "ca_cert_pem": null,
            "id": "https://ipv4.icanhazip.com",
            "insecure": null,
            "method": null,
            "request_body": null,
            "request_headers": null,
            "request_timeout_ms": null,
            "response_body": "87.68.246.54\n",
            "response_body_base64": "ODcuNjguMjQ2LjU0Cg==",
            "response_headers": {
              "Access-Control-Allow-Methods": "GET",
              "Access-Control-Allow-Origin": "*",
              "Alt-Svc": "h3=\":443\"; ma=86400",
              "Cf-Ray": "860bb2aa4d7f59e3-MXP",
              "Content-Length": "13",
              "Content-Type": "text/plain",
              "Date": "Thu, 07 Mar 2024 15:42:52 GMT",
              "Server": "cloudflare",
              "Set-Cookie": "__cf_bm=cHH39euJsTvyOOJkYwHO6RGN7X5bGeSJK7esjSGI7CA-1709826172-1.0.1.1-IymZQ3SBWl10z7msoH9GQqEsZ5b1nNJ8lkwIUealJAZhwr6BA61rsDo_nkjUqUSiJAgOEBYFKfpE_BgHJ4owHw; path=/; expires=Thu, 07-Mar-24 16:12:52 GMT; domain=.icanhazip.com; HttpOnly; Secure; SameSite=None",
              "Vary": "Accept-Encoding"
            },
            "retry": null,
            "status_code": 200,
            "url": "https://ipv4.icanhazip.com"
          },
          "sensitive_attributes": []
        }
      ]
    },
    {
      "mode": "managed",
      "type": "aws_eip",
      "name": "kubernetes-cluster-ec2-elastic-ip",
      "provider": "provider[\"registry.terraform.io/hashicorp/aws\"]",
      "instances": [
        {
          "schema_version": 0,
          "attributes": {
            "address": null,
            "allocation_id": "eipalloc-0fb477cee5790cdbc",
            "associate_with_private_ip": null,
            "association_id": "eipassoc-0b14fc32557c5b6d5",
            "carrier_ip": "",
            "customer_owned_ip": "",
            "customer_owned_ipv4_pool": "",
            "domain": "vpc",
            "id": "eipalloc-0fb477cee5790cdbc",
            "instance": "i-07020ef93abba83ad",
            "network_border_group": "eu-central-1",
            "network_interface": "eni-02d8cbfe37bf22af4",
            "private_dns": "ip-10-0-1-11.eu-central-1.compute.internal",
            "private_ip": "10.0.1.11",
            "public_dns": "ec2-3-121-150-185.eu-central-1.compute.amazonaws.com",
            "public_ip": "3.121.150.185",
            "public_ipv4_pool": "amazon",
            "tags": {
              "kubernetes.io/cluster/kubernetes": "owned"
            },
            "tags_all": {
              "kubernetes.io/cluster/kubernetes": "owned"
            },
            "timeouts": null,
            "vpc": true
          },
          "sensitive_attributes": [],
          "private": "eyJlMmJmYjczMC1lY2FhLTExZTYtOGY4OC0zNDM2M2JjN2M0YzAiOnsiZGVsZXRlIjoxODAwMDAwMDAwMDAsInJlYWQiOjkwMDAwMDAwMDAwMCwidXBkYXRlIjozMDAwMDAwMDAwMDB9fQ==",
          "dependencies": [
            "aws_iam_instance_profile.kubernetes-cluster-ec2-instance-profile",
            "aws_iam_role.kubernetes-master-node-role1",
            "aws_instance.kubernetes-cluster-ec2",
            "aws_key_pair.kubernets-ec2-key-pair",
            "aws_security_group.kubernetes-cluster-security-group",
            "aws_subnet.kubernetes-vpc-public-subnet",
            "aws_vpc.kubernetes-vpc",
            "tls_private_key.kubernetes-managment-key-pair"
          ]
        }
      ]
    },
    {
      "mode": "managed",
      "type": "aws_iam_instance_profile",
      "name": "kubernetes-cluster-ec2-instance-profile",
      "provider": "provider[\"registry.terraform.io/hashicorp/aws\"]",
      "instances": [
        {
          "schema_version": 0,
          "attributes": {
            "arn": "arn:aws:iam::750353367788:instance-profile/kubernetes-cluster-ec2-instance-profile",
            "create_date": "2024-03-07T15:43:09Z",
            "id": "kubernetes-cluster-ec2-instance-profile",
            "name": "kubernetes-cluster-ec2-instance-profile",
            "name_prefix": "",
            "path": "/",
            "role": "kubernetes-master-node-role1",
            "tags": null,
            "tags_all": {},
            "unique_id": "AIPA25NELYLWO65DSUBXN"
          },
          "sensitive_attributes": [],
          "private": "bnVsbA==",
          "dependencies": [
            "aws_iam_role.kubernetes-master-node-role1"
          ]
        }
      ]
    },
    {
      "mode": "managed",
      "type": "aws_iam_policy",
      "name": "kubernetes-master-node-policy1",
      "provider": "provider[\"registry.terraform.io/hashicorp/aws\"]",
      "instances": [
        {
          "schema_version": 0,
          "attributes": {
            "arn": "arn:aws:iam::750353367788:policy/kubernetes-master-node-policy1",
            "description": "",
            "id": "arn:aws:iam::750353367788:policy/kubernetes-master-node-policy1",
            "name": "kubernetes-master-node-policy1",
            "name_prefix": "",
            "path": "/",
            "policy": "{\"Statement\":[{\"Action\":[\"autoscaling:DescribeAutoScalingGroups\",\"autoscaling:DescribeLaunchConfigurations\",\"autoscaling:DescribeTags\",\"ec2:DescribeInstances\",\"ec2:DescribeRegions\",\"ec2:DescribeRouteTables\",\"ec2:DescribeSecurityGroups\",\"ec2:DescribeSubnets\",\"ec2:DescribeVolumes\",\"ec2:CreateSecurityGroup\",\"ec2:CreateTags\",\"ec2:CreateVolume\",\"ec2:ModifyInstanceAttribute\",\"ec2:ModifyVolume\",\"ec2:AttachVolume\",\"ec2:AuthorizeSecurityGroupIngress\",\"ec2:CreateRoute\",\"ec2:DeleteRoute\",\"ec2:DeleteSecurityGroup\",\"ec2:DeleteVolume\",\"ec2:DetachVolume\",\"ec2:RevokeSecurityGroupIngress\",\"ec2:DescribeVpcs\",\"elasticloadbalancing:AddTags\",\"elasticloadbalancing:AttachLoadBalancerToSubnets\",\"elasticloadbalancing:ApplySecurityGroupsToLoadBalancer\",\"elasticloadbalancing:CreateLoadBalancer\",\"elasticloadbalancing:CreateLoadBalancerPolicy\",\"elasticloadbalancing:CreateLoadBalancerListeners\",\"elasticloadbalancing:ConfigureHealthCheck\",\"elasticloadbalancing:DeleteLoadBalancer\",\"elasticloadbalancing:DeleteLoadBalancerListeners\",\"elasticloadbalancing:DescribeLoadBalancers\",\"elasticloadbalancing:DescribeLoadBalancerAttributes\",\"elasticloadbalancing:DetachLoadBalancerFromSubnets\",\"elasticloadbalancing:DeregisterInstancesFromLoadBalancer\",\"elasticloadbalancing:ModifyLoadBalancerAttributes\",\"elasticloadbalancing:RegisterInstancesWithLoadBalancer\",\"elasticloadbalancing:SetLoadBalancerPoliciesForBackendServer\",\"elasticloadbalancing:AddTags\",\"elasticloadbalancing:CreateListener\",\"elasticloadbalancing:CreateTargetGroup\",\"elasticloadbalancing:DeleteListener\",\"elasticloadbalancing:DeleteTargetGroup\",\"elasticloadbalancing:DescribeListeners\",\"elasticloadbalancing:DescribeLoadBalancerPolicies\",\"elasticloadbalancing:DescribeTargetGroups\",\"elasticloadbalancing:DescribeTargetHealth\",\"elasticloadbalancing:ModifyListener\",\"elasticloadbalancing:ModifyTargetGroup\",\"elasticloadbalancing:RegisterTargets\",\"elasticloadbalancing:SetLoadBalancerPoliciesOfListener\",\"iam:CreateServiceLinkedRole\",\"kms:DescribeKey\"],\"Effect\":\"Allow\",\"Resource\":[\"*\"]}],\"Version\":\"2012-10-17\"}",
            "policy_id": "ANPA25NELYLWKEGFXOITV",
            "tags": {
              "kubernetes.io/cluster/kubernetes": "owned"
            },
            "tags_all": {
              "kubernetes.io/cluster/kubernetes": "owned"
            }
          },
          "sensitive_attributes": [],
          "private": "bnVsbA=="
        }
      ]
    },
    {
      "mode": "managed",
      "type": "aws_iam_policy",
      "name": "kubernetes-worker-node-policy1",
      "provider": "provider[\"registry.terraform.io/hashicorp/aws\"]",
      "instances": [
        {
          "schema_version": 0,
          "attributes": {
            "arn": "arn:aws:iam::750353367788:policy/kubernetes-worker-node-policy1",
            "description": "",
            "id": "arn:aws:iam::750353367788:policy/kubernetes-worker-node-policy1",
            "name": "kubernetes-worker-node-policy1",
            "name_prefix": "",
            "path": "/",
            "policy": "{\"Statement\":[{\"Action\":[\"ec2:DescribeInstances\",\"ec2:DescribeRegions\",\"ecr:GetAuthorizationToken\",\"ecr:BatchCheckLayerAvailability\",\"ecr:GetDownloadUrlForLayer\",\"ecr:GetRepositoryPolicy\",\"ecr:DescribeRepositories\",\"ecr:ListImages\",\"ecr:BatchGetImage\"],\"Effect\":\"Allow\",\"Resource\":\"*\"}],\"Version\":\"2012-10-17\"}",
            "policy_id": "ANPA25NELYLWJ2RORFIXP",
            "tags": {
              "kubernetes.io/cluster/kubernetes": "owned"
            },
            "tags_all": {
              "kubernetes.io/cluster/kubernetes": "owned"
            }
          },
          "sensitive_attributes": [],
          "private": "bnVsbA=="
        }
      ]
    },
    {
      "mode": "managed",
      "type": "aws_iam_policy_attachment",
      "name": "kubernetes-master-node-role-policy-attachment-master-policy",
      "provider": "provider[\"registry.terraform.io/hashicorp/aws\"]",
      "instances": [
        {
          "schema_version": 0,
          "attributes": {
            "groups": null,
            "id": "kubernetes-master-node-role-policy-attachment-master-policy",
            "name": "kubernetes-master-node-role-policy-attachment-master-policy",
            "policy_arn": "arn:aws:iam::750353367788:policy/kubernetes-master-node-policy1",
            "roles": [
              "kubernetes-master-node-role1"
            ],
            "users": null
          },
          "sensitive_attributes": [],
          "private": "bnVsbA==",
          "dependencies": [
            "aws_iam_policy.kubernetes-master-node-policy1",
            "aws_iam_role.kubernetes-master-node-role1"
          ]
        }
      ]
    },
    {
      "mode": "managed",
      "type": "aws_iam_policy_attachment",
      "name": "kubernetes-master-node-role-policy-attachment-worker-policy",
      "provider": "provider[\"registry.terraform.io/hashicorp/aws\"]",
      "instances": [
        {
          "schema_version": 0,
          "attributes": {
            "groups": null,
            "id": "kubernetes-master-node-role-policy-attachment-worker-policy",
            "name": "kubernetes-master-node-role-policy-attachment-worker-policy",
            "policy_arn": "arn:aws:iam::750353367788:policy/kubernetes-worker-node-policy1",
            "roles": [
              "kubernetes-master-node-role1"
            ],
            "users": null
          },
          "sensitive_attributes": [],
          "private": "bnVsbA==",
          "dependencies": [
            "aws_iam_policy.kubernetes-worker-node-policy1",
            "aws_iam_role.kubernetes-master-node-role1"
          ]
        }
      ]
    },
    {
      "mode": "managed",
      "type": "aws_iam_role",
      "name": "kubernetes-master-node-role1",
      "provider": "provider[\"registry.terraform.io/hashicorp/aws\"]",
      "instances": [
        {
          "schema_version": 0,
          "attributes": {
            "arn": "arn:aws:iam::750353367788:role/kubernetes-master-node-role1",
            "assume_role_policy": "{\"Statement\":[{\"Action\":\"sts:AssumeRole\",\"Effect\":\"Allow\",\"Principal\":{\"Service\":\"ec2.amazonaws.com\"}}],\"Version\":\"2012-10-17\"}",
            "create_date": "2024-03-07T15:43:08Z",
            "description": "",
            "force_detach_policies": false,
            "id": "kubernetes-master-node-role1",
            "inline_policy": [],
            "managed_policy_arns": [],
            "max_session_duration": 3600,
            "name": "kubernetes-master-node-role1",
            "name_prefix": "",
            "path": "/",
            "permissions_boundary": "",
            "tags": {
              "kubernetes.io/cluster/kubernetes": "owned"
            },
            "tags_all": {
              "kubernetes.io/cluster/kubernetes": "owned"
            },
            "unique_id": "AROA25NELYLWE6ONLO4UB"
          },
          "sensitive_attributes": [],
          "private": "bnVsbA=="
        }
      ]
    },
    {
      "mode": "managed",
      "type": "aws_instance",
      "name": "kubernetes-cluster-ec2",
      "provider": "provider[\"registry.terraform.io/hashicorp/aws\"]",
      "instances": [
        {
          "schema_version": 1,
          "attributes": {
            "ami": "ami-0faab6bdbac9486fb",
            "arn": "arn:aws:ec2:eu-central-1:750353367788:instance/i-07020ef93abba83ad",
            "associate_public_ip_address": false,
            "availability_zone": "eu-central-1b",
            "capacity_reservation_specification": [
              {
                "capacity_reservation_preference": "open",
                "capacity_reservation_target": []
              }
            ],
            "cpu_core_count": 1,
            "cpu_options": [
              {
                "amd_sev_snp": "",
                "core_count": 1,
                "threads_per_core": 2
              }
            ],
            "cpu_threads_per_core": 2,
            "credit_specification": [
              {
                "cpu_credits": "unlimited"
              }
            ],
            "disable_api_stop": false,
            "disable_api_termination": false,
            "ebs_block_device": [],
            "ebs_optimized": false,
            "enclave_options": [
              {
                "enabled": false
              }
            ],
            "ephemeral_block_device": [],
            "get_password_data": false,
            "hibernation": false,
            "host_id": "",
            "host_resource_group_arn": null,
            "iam_instance_profile": "kubernetes-cluster-ec2-instance-profile",
            "id": "i-07020ef93abba83ad",
            "instance_initiated_shutdown_behavior": "stop",
            "instance_lifecycle": "",
            "instance_market_options": [],
            "instance_state": "running",
            "instance_type": "t3.medium",
            "ipv6_address_count": 0,
            "ipv6_addresses": [],
            "key_name": "kubernetes-managment-key-pair",
            "launch_template": [],
            "maintenance_options": [
              {
                "auto_recovery": "default"
              }
            ],
            "metadata_options": [
              {
                "http_endpoint": "enabled",
                "http_protocol_ipv6": "disabled",
                "http_put_response_hop_limit": 1,
                "http_tokens": "optional",
                "instance_metadata_tags": "disabled"
              }
            ],
            "monitoring": false,
            "network_interface": [],
            "outpost_arn": "",
            "password_data": "",
            "placement_group": "",
            "placement_partition_number": 0,
            "primary_network_interface_id": "eni-02d8cbfe37bf22af4",
            "private_dns": "ip-10-0-1-11.eu-central-1.compute.internal",
            "private_dns_name_options": [
              {
                "enable_resource_name_dns_a_record": false,
                "enable_resource_name_dns_aaaa_record": false,
                "hostname_type": "ip-name"
              }
            ],
            "private_ip": "10.0.1.11",
            "public_dns": "",
            "public_ip": "",
            "root_block_device": [
              {
                "delete_on_termination": true,
                "device_name": "/dev/sda1",
                "encrypted": false,
                "iops": 100,
                "kms_key_id": "",
                "tags": {},
                "throughput": 0,
                "volume_id": "vol-05c954071e6e7c78e",
                "volume_size": 8,
                "volume_type": "gp2"
              }
            ],
            "secondary_private_ips": [],
            "security_groups": [],
            "source_dest_check": true,
            "spot_instance_request_id": "",
            "subnet_id": "subnet-070cb5e8b61cda26c",
            "tags": {
              "kubernetes.io/cluster/kubernetes": "owned"
            },
            "tags_all": {
              "kubernetes.io/cluster/kubernetes": "owned"
            },
            "tenancy": "default",
            "timeouts": null,
            "user_data": null,
            "user_data_base64": null,
            "user_data_replace_on_change": false,
            "volume_tags": null,
            "vpc_security_group_ids": [
              "sg-0a0d1974130d719bd"
            ]
          },
          "sensitive_attributes": [],
          "private": "eyJlMmJmYjczMC1lY2FhLTExZTYtOGY4OC0zNDM2M2JjN2M0YzAiOnsiY3JlYXRlIjo2MDAwMDAwMDAwMDAsImRlbGV0ZSI6MTIwMDAwMDAwMDAwMCwidXBkYXRlIjo2MDAwMDAwMDAwMDB9LCJzY2hlbWFfdmVyc2lvbiI6IjEifQ==",
          "dependencies": [
            "aws_iam_instance_profile.kubernetes-cluster-ec2-instance-profile",
            "aws_iam_role.kubernetes-master-node-role1",
            "aws_key_pair.kubernets-ec2-key-pair",
            "aws_security_group.kubernetes-cluster-security-group",
            "aws_subnet.kubernetes-vpc-public-subnet",
            "aws_vpc.kubernetes-vpc",
            "tls_private_key.kubernetes-managment-key-pair"
          ]
        }
      ]
    },
    {
      "mode": "managed",
      "type": "aws_internet_gateway",
      "name": "kubernetes-vpc-internet-gateway",
      "provider": "provider[\"registry.terraform.io/hashicorp/aws\"]",
      "instances": [
        {
          "schema_version": 0,
          "attributes": {
            "arn": "arn:aws:ec2:eu-central-1:750353367788:internet-gateway/igw-0bc111aabcddbd243",
            "id": "igw-0bc111aabcddbd243",
            "owner_id": "750353367788",
            "tags": {
              "kubernetes.io/cluster/kubernetes": "owned"
            },
            "tags_all": {
              "kubernetes.io/cluster/kubernetes": "owned"
            },
            "timeouts": null,
            "vpc_id": "vpc-063a8aa8e0a33851f"
          },
          "sensitive_attributes": [],
          "private": "eyJlMmJmYjczMC1lY2FhLTExZTYtOGY4OC0zNDM2M2JjN2M0YzAiOnsiY3JlYXRlIjoxMjAwMDAwMDAwMDAwLCJkZWxldGUiOjEyMDAwMDAwMDAwMDAsInVwZGF0ZSI6MTIwMDAwMDAwMDAwMH19",
          "dependencies": [
            "aws_vpc.kubernetes-vpc"
          ]
        }
      ]
    },
    {
      "mode": "managed",
      "type": "aws_key_pair",
      "name": "kubernets-ec2-key-pair",
      "provider": "provider[\"registry.terraform.io/hashicorp/aws\"]",
      "instances": [
        {
          "schema_version": 1,
          "attributes": {
            "arn": "arn:aws:ec2:eu-central-1:750353367788:key-pair/kubernetes-managment-key-pair",
            "fingerprint": "28:8c:28:23:27:e8:30:bf:ef:94:06:77:4e:3c:3c:5e",
            "id": "kubernetes-managment-key-pair",
            "key_name": "kubernetes-managment-key-pair",
            "key_name_prefix": "",
            "key_pair_id": "key-01b4bc77a49dc490d",
            "key_type": "rsa",
            "public_key": "ssh-rsa AAAAB3NzaC1yc2EAAAADAQABAAABAQDdm0DmY5cTynK8tyBiF28CWgKtn5VLz7ouDQD5LtmHeizknV6cD9uwMUcMVO6Y7sPZcPS8pMUIceJ5ZLp4sqUlP8iVrKl+ZVi6pycGRSyfb3Ba1kXnSQSl4Z4wV70b7K0MhQpHGCyij/qolLOZIzMozLkJ4gSOAFGvifsE+l0ZmZUFjJb/0oa9Ts1v5O1fD/YCxmzR7kyMv57ToUjW63CyFj3CQ7PjeUsi/XLKuLxfOAyX3xeILzh2v2z5eYWmu9iBHhpIJeX9cURnPDAqWvjJy7Z7Fi8snlUzCsVYDrhxsOrpS+jbfUgNXOOhqMwG+32L1BZqqEwK8JitOIHOJvcj",
            "tags": null,
            "tags_all": {}
          },
          "sensitive_attributes": [],
          "private": "eyJzY2hlbWFfdmVyc2lvbiI6IjEifQ==",
          "dependencies": [
            "tls_private_key.kubernetes-managment-key-pair"
          ]
        }
      ]
    },
    {
      "mode": "managed",
      "type": "aws_route_table",
      "name": "kubernetes-vpc-route-table",
      "provider": "provider[\"registry.terraform.io/hashicorp/aws\"]",
      "instances": [
        {
          "schema_version": 0,
          "attributes": {
            "arn": "arn:aws:ec2:eu-central-1:750353367788:route-table/rtb-04f11b67d092d6748",
            "id": "rtb-04f11b67d092d6748",
            "owner_id": "750353367788",
            "propagating_vgws": [],
            "route": [
              {
                "carrier_gateway_id": "",
                "cidr_block": "0.0.0.0/0",
                "core_network_arn": "",
                "destination_prefix_list_id": "",
                "egress_only_gateway_id": "",
                "gateway_id": "igw-0bc111aabcddbd243",
                "ipv6_cidr_block": "",
                "local_gateway_id": "",
                "nat_gateway_id": "",
                "network_interface_id": "",
                "transit_gateway_id": "",
                "vpc_endpoint_id": "",
                "vpc_peering_connection_id": ""
              }
            ],
            "tags": {
              "kubernetes.io/cluster/kubernetes": "owned"
            },
            "tags_all": {
              "kubernetes.io/cluster/kubernetes": "owned"
            },
            "timeouts": null,
            "vpc_id": "vpc-063a8aa8e0a33851f"
          },
          "sensitive_attributes": [],
          "private": "eyJlMmJmYjczMC1lY2FhLTExZTYtOGY4OC0zNDM2M2JjN2M0YzAiOnsiY3JlYXRlIjozMDAwMDAwMDAwMDAsImRlbGV0ZSI6MzAwMDAwMDAwMDAwLCJ1cGRhdGUiOjEyMDAwMDAwMDAwMH19",
          "dependencies": [
            "aws_internet_gateway.kubernetes-vpc-internet-gateway",
            "aws_vpc.kubernetes-vpc"
          ]
        }
      ]
    },
    {
      "mode": "managed",
      "type": "aws_route_table_association",
      "name": "kubernetes-vpc-route-table-associate-to-public-subnets",
      "provider": "provider[\"registry.terraform.io/hashicorp/aws\"]",
      "instances": [
        {
          "schema_version": 0,
          "attributes": {
            "gateway_id": "",
            "id": "rtbassoc-06e2b3b303b5b61e5",
            "route_table_id": "rtb-04f11b67d092d6748",
            "subnet_id": "subnet-070cb5e8b61cda26c",
            "timeouts": null
          },
          "sensitive_attributes": [],
          "private": "eyJlMmJmYjczMC1lY2FhLTExZTYtOGY4OC0zNDM2M2JjN2M0YzAiOnsiY3JlYXRlIjozMDAwMDAwMDAwMDAsImRlbGV0ZSI6MzAwMDAwMDAwMDAwLCJ1cGRhdGUiOjEyMDAwMDAwMDAwMH19",
          "dependencies": [
            "aws_internet_gateway.kubernetes-vpc-internet-gateway",
            "aws_route_table.kubernetes-vpc-route-table",
            "aws_subnet.kubernetes-vpc-public-subnet",
            "aws_vpc.kubernetes-vpc"
          ]
        }
      ]
    },
    {
      "mode": "managed",
      "type": "aws_security_group",
      "name": "kubernetes-cluster-security-group",
      "provider": "provider[\"registry.terraform.io/hashicorp/aws\"]",
      "instances": [
        {
          "schema_version": 1,
          "attributes": {
            "arn": "arn:aws:ec2:eu-central-1:750353367788:security-group/sg-0a0d1974130d719bd",
            "description": "Allow the Kuberntes cluster to communicate internally and to be managed externally",
            "egress": [],
            "id": "sg-0a0d1974130d719bd",
            "ingress": [],
            "name": "kubernetes-cluster-security-group",
            "name_prefix": "",
            "owner_id": "750353367788",
            "revoke_rules_on_delete": false,
            "tags": {
              "kubernetes.io/cluster/kubernetes": "owned"
            },
            "tags_all": {
              "kubernetes.io/cluster/kubernetes": "owned"
            },
            "timeouts": null,
            "vpc_id": "vpc-063a8aa8e0a33851f"
          },
          "sensitive_attributes": [],
          "private": "eyJlMmJmYjczMC1lY2FhLTExZTYtOGY4OC0zNDM2M2JjN2M0YzAiOnsiY3JlYXRlIjo2MDAwMDAwMDAwMDAsImRlbGV0ZSI6OTAwMDAwMDAwMDAwfSwic2NoZW1hX3ZlcnNpb24iOiIxIn0=",
          "dependencies": [
            "aws_vpc.kubernetes-vpc"
          ]
        }
      ]
    },
    {
      "mode": "managed",
      "type": "aws_subnet",
      "name": "kubernetes-vpc-public-subnet",
      "provider": "provider[\"registry.terraform.io/hashicorp/aws\"]",
      "instances": [
        {
          "schema_version": 1,
          "attributes": {
            "arn": "arn:aws:ec2:eu-central-1:750353367788:subnet/subnet-070cb5e8b61cda26c",
            "assign_ipv6_address_on_creation": false,
            "availability_zone": "eu-central-1b",
            "availability_zone_id": "euc1-az3",
            "cidr_block": "10.0.1.0/24",
            "customer_owned_ipv4_pool": "",
            "enable_dns64": false,
            "enable_lni_at_device_index": 0,
            "enable_resource_name_dns_a_record_on_launch": false,
            "enable_resource_name_dns_aaaa_record_on_launch": false,
            "id": "subnet-070cb5e8b61cda26c",
            "ipv6_cidr_block": "",
            "ipv6_cidr_block_association_id": "",
            "ipv6_native": false,
            "map_customer_owned_ip_on_launch": false,
            "map_public_ip_on_launch": false,
            "outpost_arn": "",
            "owner_id": "750353367788",
            "private_dns_hostname_type_on_launch": "ip-name",
            "tags": {
              "kubernetes.io/cluster/kubernetes": "owned"
            },
            "tags_all": {
              "kubernetes.io/cluster/kubernetes": "owned"
            },
            "timeouts": null,
            "vpc_id": "vpc-063a8aa8e0a33851f"
          },
          "sensitive_attributes": [],
          "private": "eyJlMmJmYjczMC1lY2FhLTExZTYtOGY4OC0zNDM2M2JjN2M0YzAiOnsiY3JlYXRlIjo2MDAwMDAwMDAwMDAsImRlbGV0ZSI6MTIwMDAwMDAwMDAwMH0sInNjaGVtYV92ZXJzaW9uIjoiMSJ9",
          "dependencies": [
            "aws_vpc.kubernetes-vpc"
          ]
        }
      ]
    },
    {
      "mode": "managed",
      "type": "aws_vpc",
      "name": "kubernetes-vpc",
      "provider": "provider[\"registry.terraform.io/hashicorp/aws\"]",
      "instances": [
        {
          "schema_version": 1,
          "attributes": {
            "arn": "arn:aws:ec2:eu-central-1:750353367788:vpc/vpc-063a8aa8e0a33851f",
            "assign_generated_ipv6_cidr_block": false,
            "cidr_block": "10.0.0.0/16",
            "default_network_acl_id": "acl-0b3eec2c58a82a945",
            "default_route_table_id": "rtb-0be7b3d3df5468fc1",
            "default_security_group_id": "sg-0f50aff90d587798c",
            "dhcp_options_id": "dopt-0e9da1acacc25594b",
            "enable_dns_hostnames": false,
            "enable_dns_support": true,
            "enable_network_address_usage_metrics": false,
            "id": "vpc-063a8aa8e0a33851f",
            "instance_tenancy": "default",
            "ipv4_ipam_pool_id": null,
            "ipv4_netmask_length": null,
            "ipv6_association_id": "",
            "ipv6_cidr_block": "",
            "ipv6_cidr_block_network_border_group": "",
            "ipv6_ipam_pool_id": "",
            "ipv6_netmask_length": 0,
            "main_route_table_id": "rtb-0be7b3d3df5468fc1",
            "owner_id": "750353367788",
            "tags": {
              "kubernetes.io/cluster/kubernetes": "owned"
            },
            "tags_all": {
              "kubernetes.io/cluster/kubernetes": "owned"
            }
          },
          "sensitive_attributes": [],
          "private": "eyJzY2hlbWFfdmVyc2lvbiI6IjEifQ=="
        }
      ]
    },
    {
      "mode": "managed",
      "type": "aws_vpc_security_group_egress_rule",
      "name": "OutboundSecurityGroupAllowAllPublicTraffic",
      "provider": "provider[\"registry.terraform.io/hashicorp/aws\"]",
      "instances": [
        {
          "schema_version": 0,
          "attributes": {
            "arn": "arn:aws:ec2:eu-central-1:750353367788:security-group-rule/sgr-0c3829704af8b90c4",
            "cidr_ipv4": "0.0.0.0/0",
            "cidr_ipv6": null,
            "description": null,
            "from_port": null,
            "id": "sgr-0c3829704af8b90c4",
            "ip_protocol": "-1",
            "prefix_list_id": null,
            "referenced_security_group_id": null,
            "security_group_id": "sg-0a0d1974130d719bd",
            "security_group_rule_id": "sgr-0c3829704af8b90c4",
            "tags": null,
            "tags_all": {},
            "to_port": null
          },
          "sensitive_attributes": [],
          "dependencies": [
            "aws_security_group.kubernetes-cluster-security-group",
            "aws_vpc.kubernetes-vpc"
          ]
        }
      ]
    },
    {
      "mode": "managed",
      "type": "aws_vpc_security_group_ingress_rule",
      "name": "InboundSecurityGroupAllowAllPrivateTraffic",
      "provider": "provider[\"registry.terraform.io/hashicorp/aws\"]",
      "instances": [
        {
          "schema_version": 0,
          "attributes": {
            "arn": "arn:aws:ec2:eu-central-1:750353367788:security-group-rule/sgr-0f6d92f4177cbf306",
            "cidr_ipv4": "10.0.0.0/16",
            "cidr_ipv6": null,
            "description": null,
            "from_port": null,
            "id": "sgr-0f6d92f4177cbf306",
            "ip_protocol": "-1",
            "prefix_list_id": null,
            "referenced_security_group_id": null,
            "security_group_id": "sg-0a0d1974130d719bd",
            "security_group_rule_id": "sgr-0f6d92f4177cbf306",
            "tags": null,
            "tags_all": {},
            "to_port": null
          },
          "sensitive_attributes": [],
          "dependencies": [
            "aws_security_group.kubernetes-cluster-security-group",
            "aws_vpc.kubernetes-vpc"
          ]
        }
      ]
    },
    {
      "mode": "managed",
      "type": "aws_vpc_security_group_ingress_rule",
      "name": "InboundSecurityGroupAllowAllPublicTraffic",
      "provider": "provider[\"registry.terraform.io/hashicorp/aws\"]",
      "instances": [
        {
          "index_key": 0,
          "schema_version": 0,
          "attributes": {
            "arn": "arn:aws:ec2:eu-central-1:750353367788:security-group-rule/sgr-0a8d2ada6127ad4c4",
            "cidr_ipv4": "87.68.246.54/32",
            "cidr_ipv6": null,
            "description": null,
            "from_port": null,
            "id": "sgr-0a8d2ada6127ad4c4",
            "ip_protocol": "-1",
            "prefix_list_id": null,
            "referenced_security_group_id": null,
            "security_group_id": "sg-0a0d1974130d719bd",
            "security_group_rule_id": "sgr-0a8d2ada6127ad4c4",
            "tags": null,
            "tags_all": {},
            "to_port": null
          },
          "sensitive_attributes": [],
          "dependencies": [
            "aws_security_group.kubernetes-cluster-security-group",
            "aws_vpc.kubernetes-vpc",
            "data.http.MyPublicIp"
          ]
        }
      ]
    },
    {
      "mode": "managed",
      "type": "local_file",
      "name": "kubernetes-ec2-generated-public-key-file",
      "provider": "provider[\"registry.terraform.io/hashicorp/local\"]",
      "instances": [
        {
          "schema_version": 0,
          "attributes": {
            "content": "-----BEGIN RSA PRIVATE KEY-----\nMIIEowIBAAKCAQEA3ZtA5mOXE8pyvLcgYhdvAloCrZ+VS8+6Lg0A+S7Zh3os5J1e\nnA/bsDFHDFTumO7D2XD0vKTFCHHieWS6eLKlJT/IlaypfmVYuqcnBkUsn29wWtZF\n50kEpeGeMFe9G+ytDIUKRxgsoo/6qJSzmSMzKMy5CeIEjgBRr4n7BPpdGZmVBYyW\n/9KGvU7Nb+TtXw/2AsZs0e5MjL+e06FI1utwshY9wkOz43lLIv1yyri8XzgMl98X\niC84dr9s+XmFprvYgR4aSCXl/XFEZzwwKlr4ycu2exYvLJ5VMwrFWA64cbDq6Uvo\n231IDVzjoajMBvt9i9QWaqhMCvCYrTiBzib3IwIDAQABAoIBAGFmrKbWnP+I2tdR\nUf1rOVJ6R3USkCcrHTTCaGwdiGTAcVzmQkArxC5z6jtkVR6IyzIWMKt9bFCi5Zzf\nhgoo0udFWp9WrYStfMtFTqS14MAO1f5G8aCPemiCeunalnbglsrK6tKGsI+e4tgX\ny7yCOSk0mhva6I+VWlHiPp9Yf3URNx41ZYFmnFFhgEa1bHcVVlkHqvnn+aRYTanT\nW6yTzEftJpODWwKn+hucD/k4vdkVn+nK0DSYGTpzVYDu0PUwQtlz5jLLnaTllDrk\nrXCK5SsJLgqYyJwPveSqOUxS9idSJY3g+87hyBHQ+TY5/RpuQYdk0LKv5ZfWTWU7\nvG6maSECgYEA/dt30ENsYOI/8/GC7Wubbd27eSge4Tr8MbM0eIP3vN/fLiikhReC\nAuInj1VLmIlLhP3wecJupxh0kUBapqZAwjDKzn3o/fyU/7+BWlgM2U1ElEU1jpbS\nHTRJEHIm+jiO3KoGy5Zw5skgXitzYhsjOv7BfTUQm8xeGENMV3lEH9ECgYEA33oZ\nJsP4Ug+53OnXpiGHaeFJF5JtlRrXDu/63Vp79ufBEWzLbaFTFzLjxjU6BzqT7EFz\nvWhllvQegsa03SKvrqCtmDcJ2DS732gGsdWt7Bm01OkJ/LZ26NT56RjzrK1S0lZa\nwf90h/vANrobLywUTaC4MhE2GlgLWYSZ5e5fOLMCgYEA095ctAPhq0aJS6awuEiM\nE3jw46B5jU82dqBzVXYGyKsr0JF5Jd9F0fRAQh9VFXzY+6kZD/YXdfwyJZxJTDcL\na0dfrFFnqLsq+/wwEF/WcXJMn1bX6Sa1PEyMAl7TaxjTGxYIz9fCaMtJ6W5oQWQW\n1kES6dXlA7LggW2BhKwgEFECgYBgY35zrPTvGB9XfHjqC+4nKednxl2DgVce9z0h\nukRbo2wvwtgfSgTXrbh2pkCIG6jvru9n0551tIdwappaAvr5fA5D6AFUArLB0lGI\n5JwmiJPpfTY0jNLO7AV6l6uKYBun410z7aXqfRhTwoO1HfMH5HluBuRqCm2ix8HF\nXcIuZwKBgBKiuAW/2u+RlNII4cpkpIKCt7NIl5SyOyJZt9aN/J2xg63TKybllAUE\nDL7u0v2I+lSflNFU7vRpkWr/LXs3AQ2ZnJDG7+HijOWhJ/1bBFV0wnuNszc1N69R\nQMyCdYch0iezeKiAQDKiib+Ubu2hh+Qy37cyRURPYbWRYsdMjrCy\n-----END RSA PRIVATE KEY-----\n",
            "content_base64": null,
            "content_base64sha256": "nU9LdO0hTldgC9uL87j/QdEUyUOm+OsYzWMTP/U9Vnw=",
            "content_base64sha512": "GHfqKAWngymhIxSp7gU82VacBJy6NnDYuqV18jC6VK05Nx7O53/BvNRQ7avPMmPq3Lf5a6cnIkFOGTOm/H/jrw==",
            "content_md5": "35b1b386c97a39a843438ed0c62adc4d",
            "content_sha1": "6ac1ecd3f92c656afd1362a130d7b1e248ca40be",
            "content_sha256": "9d4f4b74ed214e57600bdb8bf3b8ff41d114c943a6f8eb18cd63133ff53d567c",
            "content_sha512": "1877ea2805a78329a12314a9ee053cd9569c049cba3670d8baa575f230ba54ad39371ecee77fc1bcd450edabcf3263eadcb7f96ba72722414e1933a6fc7fe3af",
            "directory_permission": "0777",
            "file_permission": "0400",
            "filename": "/Terraform/PrivateFiles/kubernetes-managment-key-pair-private.pem",
            "id": "6ac1ecd3f92c656afd1362a130d7b1e248ca40be",
            "sensitive_content": null,
            "source": null
          },
          "sensitive_attributes": [
            [
              {
                "type": "get_attr",
                "value": "content"
              }
            ]
          ],
          "dependencies": [
            "tls_private_key.kubernetes-managment-key-pair"
          ]
        }
      ]
    },
    {
      "mode": "managed",
      "type": "tls_private_key",
      "name": "kubernetes-managment-key-pair",
      "provider": "provider[\"registry.terraform.io/hashicorp/tls\"]",
      "instances": [
        {
          "schema_version": 1,
          "attributes": {
            "algorithm": "RSA",
            "ecdsa_curve": "P224",
            "id": "388caf64a5b2e2d4758a0f9f05d59fe03c08d67f",
            "private_key_openssh": "-----BEGIN OPENSSH PRIVATE KEY-----\nb3BlbnNzaC1rZXktdjEAAAAABG5vbmUAAAAEbm9uZQAAAAAAAAABAAABFwAAAAdz\nc2gtcnNhAAAAAwEAAQAAAQEA3ZtA5mOXE8pyvLcgYhdvAloCrZ+VS8+6Lg0A+S7Z\nh3os5J1enA/bsDFHDFTumO7D2XD0vKTFCHHieWS6eLKlJT/IlaypfmVYuqcnBkUs\nn29wWtZF50kEpeGeMFe9G+ytDIUKRxgsoo/6qJSzmSMzKMy5CeIEjgBRr4n7BPpd\nGZmVBYyW/9KGvU7Nb+TtXw/2AsZs0e5MjL+e06FI1utwshY9wkOz43lLIv1yyri8\nXzgMl98XiC84dr9s+XmFprvYgR4aSCXl/XFEZzwwKlr4ycu2exYvLJ5VMwrFWA64\ncbDq6Uvo231IDVzjoajMBvt9i9QWaqhMCvCYrTiBzib3IwAAA7iedUt4nnVLeAAA\nAAdzc2gtcnNhAAABAQDdm0DmY5cTynK8tyBiF28CWgKtn5VLz7ouDQD5LtmHeizk\nnV6cD9uwMUcMVO6Y7sPZcPS8pMUIceJ5ZLp4sqUlP8iVrKl+ZVi6pycGRSyfb3Ba\n1kXnSQSl4Z4wV70b7K0MhQpHGCyij/qolLOZIzMozLkJ4gSOAFGvifsE+l0ZmZUF\njJb/0oa9Ts1v5O1fD/YCxmzR7kyMv57ToUjW63CyFj3CQ7PjeUsi/XLKuLxfOAyX\n3xeILzh2v2z5eYWmu9iBHhpIJeX9cURnPDAqWvjJy7Z7Fi8snlUzCsVYDrhxsOrp\nS+jbfUgNXOOhqMwG+32L1BZqqEwK8JitOIHOJvcjAAAAAwEAAQAAAQBhZqym1pz/\niNrXUVH9azlSekd1EpAnKx00wmhsHYhkwHFc5kJAK8Quc+o7ZFUeiMsyFjCrfWxQ\nouWc34YKKNLnRVqfVq2ErXzLRU6kteDADtX+RvGgj3pognrp2pZ24JbKyurShrCP\nnuLYF8u8gjkpNJob2uiPlVpR4j6fWH91ETceNWWBZpxRYYBGtWx3FVZZB6r55/mk\nWE2p01usk8xH7SaTg1sCp/obnA/5OL3ZFZ/pytA0mBk6c1WA7tD1MELZc+Yyy52k\n5ZQ65K1wiuUrCS4KmMicD73kqjlMUvYnUiWN4PvO4cgR0Pk2Of0abkGHZNCyr+WX\n1k1lO7xupmkhAAAAgBKiuAW/2u+RlNII4cpkpIKCt7NIl5SyOyJZt9aN/J2xg63T\nKybllAUEDL7u0v2I+lSflNFU7vRpkWr/LXs3AQ2ZnJDG7+HijOWhJ/1bBFV0wnuN\nszc1N69RQMyCdYch0iezeKiAQDKiib+Ubu2hh+Qy37cyRURPYbWRYsdMjrCyAAAA\ngQD923fQQ2xg4j/z8YLta5tt3bt5KB7hOvwxszR4g/e8398uKKSFF4IC4iePVUuY\niUuE/fB5wm6nGHSRQFqmpkDCMMrOfej9/JT/v4FaWAzZTUSURTWOltIdNEkQcib6\nOI7cqgbLlnDmySBeK3NiGyM6/sF9NRCbzF4YQ0xXeUQf0QAAAIEA33oZJsP4Ug+5\n3OnXpiGHaeFJF5JtlRrXDu/63Vp79ufBEWzLbaFTFzLjxjU6BzqT7EFzvWhllvQe\ngsa03SKvrqCtmDcJ2DS732gGsdWt7Bm01OkJ/LZ26NT56RjzrK1S0lZawf90h/vA\nNrobLywUTaC4MhE2GlgLWYSZ5e5fOLMAAAAAAQID\n-----END OPENSSH PRIVATE KEY-----\n",
            "private_key_pem": "-----BEGIN RSA PRIVATE KEY-----\nMIIEowIBAAKCAQEA3ZtA5mOXE8pyvLcgYhdvAloCrZ+VS8+6Lg0A+S7Zh3os5J1e\nnA/bsDFHDFTumO7D2XD0vKTFCHHieWS6eLKlJT/IlaypfmVYuqcnBkUsn29wWtZF\n50kEpeGeMFe9G+ytDIUKRxgsoo/6qJSzmSMzKMy5CeIEjgBRr4n7BPpdGZmVBYyW\n/9KGvU7Nb+TtXw/2AsZs0e5MjL+e06FI1utwshY9wkOz43lLIv1yyri8XzgMl98X\niC84dr9s+XmFprvYgR4aSCXl/XFEZzwwKlr4ycu2exYvLJ5VMwrFWA64cbDq6Uvo\n231IDVzjoajMBvt9i9QWaqhMCvCYrTiBzib3IwIDAQABAoIBAGFmrKbWnP+I2tdR\nUf1rOVJ6R3USkCcrHTTCaGwdiGTAcVzmQkArxC5z6jtkVR6IyzIWMKt9bFCi5Zzf\nhgoo0udFWp9WrYStfMtFTqS14MAO1f5G8aCPemiCeunalnbglsrK6tKGsI+e4tgX\ny7yCOSk0mhva6I+VWlHiPp9Yf3URNx41ZYFmnFFhgEa1bHcVVlkHqvnn+aRYTanT\nW6yTzEftJpODWwKn+hucD/k4vdkVn+nK0DSYGTpzVYDu0PUwQtlz5jLLnaTllDrk\nrXCK5SsJLgqYyJwPveSqOUxS9idSJY3g+87hyBHQ+TY5/RpuQYdk0LKv5ZfWTWU7\nvG6maSECgYEA/dt30ENsYOI/8/GC7Wubbd27eSge4Tr8MbM0eIP3vN/fLiikhReC\nAuInj1VLmIlLhP3wecJupxh0kUBapqZAwjDKzn3o/fyU/7+BWlgM2U1ElEU1jpbS\nHTRJEHIm+jiO3KoGy5Zw5skgXitzYhsjOv7BfTUQm8xeGENMV3lEH9ECgYEA33oZ\nJsP4Ug+53OnXpiGHaeFJF5JtlRrXDu/63Vp79ufBEWzLbaFTFzLjxjU6BzqT7EFz\nvWhllvQegsa03SKvrqCtmDcJ2DS732gGsdWt7Bm01OkJ/LZ26NT56RjzrK1S0lZa\nwf90h/vANrobLywUTaC4MhE2GlgLWYSZ5e5fOLMCgYEA095ctAPhq0aJS6awuEiM\nE3jw46B5jU82dqBzVXYGyKsr0JF5Jd9F0fRAQh9VFXzY+6kZD/YXdfwyJZxJTDcL\na0dfrFFnqLsq+/wwEF/WcXJMn1bX6Sa1PEyMAl7TaxjTGxYIz9fCaMtJ6W5oQWQW\n1kES6dXlA7LggW2BhKwgEFECgYBgY35zrPTvGB9XfHjqC+4nKednxl2DgVce9z0h\nukRbo2wvwtgfSgTXrbh2pkCIG6jvru9n0551tIdwappaAvr5fA5D6AFUArLB0lGI\n5JwmiJPpfTY0jNLO7AV6l6uKYBun410z7aXqfRhTwoO1HfMH5HluBuRqCm2ix8HF\nXcIuZwKBgBKiuAW/2u+RlNII4cpkpIKCt7NIl5SyOyJZt9aN/J2xg63TKybllAUE\nDL7u0v2I+lSflNFU7vRpkWr/LXs3AQ2ZnJDG7+HijOWhJ/1bBFV0wnuNszc1N69R\nQMyCdYch0iezeKiAQDKiib+Ubu2hh+Qy37cyRURPYbWRYsdMjrCy\n-----END RSA PRIVATE KEY-----\n",
            "private_key_pem_pkcs8": "-----BEGIN PRIVATE KEY-----\nMIIEvQIBADANBgkqhkiG9w0BAQEFAASCBKcwggSjAgEAAoIBAQDdm0DmY5cTynK8\ntyBiF28CWgKtn5VLz7ouDQD5LtmHeizknV6cD9uwMUcMVO6Y7sPZcPS8pMUIceJ5\nZLp4sqUlP8iVrKl+ZVi6pycGRSyfb3Ba1kXnSQSl4Z4wV70b7K0MhQpHGCyij/qo\nlLOZIzMozLkJ4gSOAFGvifsE+l0ZmZUFjJb/0oa9Ts1v5O1fD/YCxmzR7kyMv57T\noUjW63CyFj3CQ7PjeUsi/XLKuLxfOAyX3xeILzh2v2z5eYWmu9iBHhpIJeX9cURn\nPDAqWvjJy7Z7Fi8snlUzCsVYDrhxsOrpS+jbfUgNXOOhqMwG+32L1BZqqEwK8Jit\nOIHOJvcjAgMBAAECggEAYWasptac/4ja11FR/Ws5UnpHdRKQJysdNMJobB2IZMBx\nXOZCQCvELnPqO2RVHojLMhYwq31sUKLlnN+GCijS50Van1athK18y0VOpLXgwA7V\n/kbxoI96aIJ66dqWduCWysrq0oawj57i2BfLvII5KTSaG9roj5VaUeI+n1h/dRE3\nHjVlgWacUWGARrVsdxVWWQeq+ef5pFhNqdNbrJPMR+0mk4NbAqf6G5wP+Ti92RWf\n6crQNJgZOnNVgO7Q9TBC2XPmMsudpOWUOuStcIrlKwkuCpjInA+95Ko5TFL2J1Il\njeD7zuHIEdD5Njn9Gm5Bh2TQsq/ll9ZNZTu8bqZpIQKBgQD923fQQ2xg4j/z8YLt\na5tt3bt5KB7hOvwxszR4g/e8398uKKSFF4IC4iePVUuYiUuE/fB5wm6nGHSRQFqm\npkDCMMrOfej9/JT/v4FaWAzZTUSURTWOltIdNEkQcib6OI7cqgbLlnDmySBeK3Ni\nGyM6/sF9NRCbzF4YQ0xXeUQf0QKBgQDfehkmw/hSD7nc6demIYdp4UkXkm2VGtcO\n7/rdWnv258ERbMttoVMXMuPGNToHOpPsQXO9aGWW9B6CxrTdIq+uoK2YNwnYNLvf\naAax1a3sGbTU6Qn8tnbo1PnpGPOsrVLSVlrB/3SH+8A2uhsvLBRNoLgyETYaWAtZ\nhJnl7l84swKBgQDT3ly0A+GrRolLprC4SIwTePDjoHmNTzZ2oHNVdgbIqyvQkXkl\n30XR9EBCH1UVfNj7qRkP9hd1/DIlnElMNwtrR1+sUWeouyr7/DAQX9ZxckyfVtfp\nJrU8TIwCXtNrGNMbFgjP18Joy0npbmhBZBbWQRLp1eUDsuCBbYGErCAQUQKBgGBj\nfnOs9O8YH1d8eOoL7icp52fGXYOBVx73PSG6RFujbC/C2B9KBNetuHamQIgbqO+u\n72fTnnW0h3BqmloC+vl8DkPoAVQCssHSUYjknCaIk+l9NjSM0s7sBXqXq4pgG6fj\nXTPtpep9GFPCg7Ud8wfkeW4G5GoKbaLHwcVdwi5nAoGAEqK4Bb/a75GU0gjhymSk\ngoK3s0iXlLI7Ilm31o38nbGDrdMrJuWUBQQMvu7S/Yj6VJ+U0VTu9GmRav8tezcB\nDZmckMbv4eKM5aEn/VsEVXTCe42zNzU3r1FAzIJ1hyHSJ7N4qIBAMqKJv5Ru7aGH\n5DLftzJFRE9htZFix0yOsLI=\n-----END PRIVATE KEY-----\n",
            "public_key_fingerprint_md5": "91:0b:c3:63:fb:5a:4b:74:1b:21:81:33:b1:da:d9:f5",
            "public_key_fingerprint_sha256": "SHA256:Ir2rohE7lENexRyVSNRjCe0iezzd+SPennG/ueF3des",
            "public_key_openssh": "ssh-rsa AAAAB3NzaC1yc2EAAAADAQABAAABAQDdm0DmY5cTynK8tyBiF28CWgKtn5VLz7ouDQD5LtmHeizknV6cD9uwMUcMVO6Y7sPZcPS8pMUIceJ5ZLp4sqUlP8iVrKl+ZVi6pycGRSyfb3Ba1kXnSQSl4Z4wV70b7K0MhQpHGCyij/qolLOZIzMozLkJ4gSOAFGvifsE+l0ZmZUFjJb/0oa9Ts1v5O1fD/YCxmzR7kyMv57ToUjW63CyFj3CQ7PjeUsi/XLKuLxfOAyX3xeILzh2v2z5eYWmu9iBHhpIJeX9cURnPDAqWvjJy7Z7Fi8snlUzCsVYDrhxsOrpS+jbfUgNXOOhqMwG+32L1BZqqEwK8JitOIHOJvcj\n",
            "public_key_pem": "-----BEGIN PUBLIC KEY-----\nMIIBIjANBgkqhkiG9w0BAQEFAAOCAQ8AMIIBCgKCAQEA3ZtA5mOXE8pyvLcgYhdv\nAloCrZ+VS8+6Lg0A+S7Zh3os5J1enA/bsDFHDFTumO7D2XD0vKTFCHHieWS6eLKl\nJT/IlaypfmVYuqcnBkUsn29wWtZF50kEpeGeMFe9G+ytDIUKRxgsoo/6qJSzmSMz\nKMy5CeIEjgBRr4n7BPpdGZmVBYyW/9KGvU7Nb+TtXw/2AsZs0e5MjL+e06FI1utw\nshY9wkOz43lLIv1yyri8XzgMl98XiC84dr9s+XmFprvYgR4aSCXl/XFEZzwwKlr4\nycu2exYvLJ5VMwrFWA64cbDq6Uvo231IDVzjoajMBvt9i9QWaqhMCvCYrTiBzib3\nIwIDAQAB\n-----END PUBLIC KEY-----\n",
            "rsa_bits": 2048
          },
          "sensitive_attributes": []
        }
      ]
    }
  ]
}
