{
  "version": 4,
  "terraform_version": "1.0.7",
  "serial": 369,
  "lineage": "c9aac03b-45a8-3223-2cb3-7f0a98ce4c38",
  "outputs": {
    "ec2_global_kubernetes_ips": {
      "value": "18.184.102.243",
      "type": "string"
    }
  },
  "resources": [
    {
      "mode": "data",
      "type": "http",
      "name": "MyPublicIp",
      "provider": "provider[\"registry.terraform.io/hashicorp/http\"]",
      "instances": [
        {
          "schema_version": 0,
          "attributes": {
            "body": "147.235.194.96\n",
            "ca_cert_pem": null,
            "id": "https://ipv4.icanhazip.com",
            "insecure": null,
            "method": null,
            "request_body": null,
            "request_headers": null,
            "request_timeout_ms": null,
            "response_body": "147.235.194.96\n",
            "response_body_base64": "MTQ3LjIzNS4xOTQuOTYK",
            "response_headers": {
              "Access-Control-Allow-Methods": "GET",
              "Access-Control-Allow-Origin": "*",
              "Alt-Svc": "h3=\":443\"; ma=86400",
              "Cf-Ray": "8570ca44ba459253-FRA",
              "Content-Length": "15",
              "Content-Type": "text/plain",
              "Date": "Sat, 17 Feb 2024 20:30:46 GMT",
              "Server": "cloudflare",
              "Set-Cookie": "__cf_bm=6LYVAMujdGXDW0BEFi.trtMmkpUYPb3oAqykILKrf4I-1708201846-1.0-AcAUAWp3TQotE3TZXTw5j/OvZFydczz0Bt33PVIrjodnMhdVoGPI5Z+RWEKdkDdERFw1Dg+v2Z4llS+54dZbGUY=; path=/; expires=Sat, 17-Feb-24 21:00:46 GMT; domain=.icanhazip.com; HttpOnly; Secure; SameSite=None",
              "Vary": "Accept-Encoding"
            },
            "retry": null,
            "status_code": 200,
            "url": "https://ipv4.icanhazip.com"
          },
          "sensitive_attributes": []
        }
      ]
    },
    {
      "mode": "managed",
      "type": "aws_eip",
      "name": "kubernetes-cluster-ec2-elastic-ip",
      "provider": "provider[\"registry.terraform.io/hashicorp/aws\"]",
      "instances": [
        {
          "schema_version": 0,
          "attributes": {
            "address": null,
            "allocation_id": "eipalloc-03c95a73990bfaf68",
            "associate_with_private_ip": null,
            "association_id": "eipassoc-04eaabaf49e75fb77",
            "carrier_ip": "",
            "customer_owned_ip": "",
            "customer_owned_ipv4_pool": "",
            "domain": "vpc",
            "id": "eipalloc-03c95a73990bfaf68",
            "instance": "i-07e9b598ab661b550",
            "network_border_group": "eu-central-1",
            "network_interface": "eni-0164869ed2005962b",
            "private_dns": "ip-10-0-1-52.eu-central-1.compute.internal",
            "private_ip": "10.0.1.52",
            "public_dns": "ec2-18-184-102-243.eu-central-1.compute.amazonaws.com",
            "public_ip": "18.184.102.243",
            "public_ipv4_pool": "amazon",
            "tags": {
              "kubernetes.io/cluster/kubernetes": "owned"
            },
            "tags_all": {
              "kubernetes.io/cluster/kubernetes": "owned"
            },
            "timeouts": null,
            "vpc": true
          },
          "sensitive_attributes": [],
          "private": "eyJlMmJmYjczMC1lY2FhLTExZTYtOGY4OC0zNDM2M2JjN2M0YzAiOnsiZGVsZXRlIjoxODAwMDAwMDAwMDAsInJlYWQiOjkwMDAwMDAwMDAwMCwidXBkYXRlIjozMDAwMDAwMDAwMDB9fQ==",
          "dependencies": [
            "aws_key_pair.kubernets-ec2-key-pair",
            "aws_security_group.kubernetes-cluster-security-group",
            "aws_subnet.kubernetes-vpc-public-subnet",
            "aws_vpc.kubernetes-vpc",
            "tls_private_key.kubernetes-managment-key-pair",
            "aws_iam_instance_profile.kubernetes-cluster-ec2-instance-profile",
            "aws_iam_role.kubernetes-master-node-role1",
            "aws_instance.kubernetes-cluster-ec2"
          ]
        }
      ]
    },
    {
      "mode": "managed",
      "type": "aws_iam_instance_profile",
      "name": "kubernetes-cluster-ec2-instance-profile",
      "provider": "provider[\"registry.terraform.io/hashicorp/aws\"]",
      "instances": [
        {
          "schema_version": 0,
          "attributes": {
            "arn": "arn:aws:iam::750353367788:instance-profile/kubernetes-cluster-ec2-instance-profile",
            "create_date": "2024-02-17T19:04:35Z",
            "id": "kubernetes-cluster-ec2-instance-profile",
            "name": "kubernetes-cluster-ec2-instance-profile",
            "name_prefix": "",
            "path": "/",
            "role": "kubernetes-master-node-role1",
            "tags": {},
            "tags_all": {},
            "unique_id": "AIPA25NELYLWCXE5UYPJD"
          },
          "sensitive_attributes": [],
          "private": "bnVsbA==",
          "dependencies": [
            "aws_iam_role.kubernetes-master-node-role1"
          ]
        }
      ]
    },
    {
      "mode": "managed",
      "type": "aws_iam_policy",
      "name": "kubernetes-master-node-policy1",
      "provider": "provider[\"registry.terraform.io/hashicorp/aws\"]",
      "instances": [
        {
          "schema_version": 0,
          "attributes": {
            "arn": "arn:aws:iam::750353367788:policy/kubernetes-master-node-policy1",
            "description": "",
            "id": "arn:aws:iam::750353367788:policy/kubernetes-master-node-policy1",
            "name": "kubernetes-master-node-policy1",
            "name_prefix": "",
            "path": "/",
            "policy": "{\"Statement\":[{\"Action\":[\"autoscaling:DescribeAutoScalingGroups\",\"autoscaling:DescribeLaunchConfigurations\",\"autoscaling:DescribeTags\",\"ec2:DescribeInstances\",\"ec2:DescribeRegions\",\"ec2:DescribeRouteTables\",\"ec2:DescribeSecurityGroups\",\"ec2:DescribeSubnets\",\"ec2:DescribeVolumes\",\"ec2:CreateSecurityGroup\",\"ec2:CreateTags\",\"ec2:CreateVolume\",\"ec2:ModifyInstanceAttribute\",\"ec2:ModifyVolume\",\"ec2:AttachVolume\",\"ec2:AuthorizeSecurityGroupIngress\",\"ec2:CreateRoute\",\"ec2:DeleteRoute\",\"ec2:DeleteSecurityGroup\",\"ec2:DeleteVolume\",\"ec2:DetachVolume\",\"ec2:RevokeSecurityGroupIngress\",\"ec2:DescribeVpcs\",\"elasticloadbalancing:AddTags\",\"elasticloadbalancing:AttachLoadBalancerToSubnets\",\"elasticloadbalancing:ApplySecurityGroupsToLoadBalancer\",\"elasticloadbalancing:CreateLoadBalancer\",\"elasticloadbalancing:CreateLoadBalancerPolicy\",\"elasticloadbalancing:CreateLoadBalancerListeners\",\"elasticloadbalancing:ConfigureHealthCheck\",\"elasticloadbalancing:DeleteLoadBalancer\",\"elasticloadbalancing:DeleteLoadBalancerListeners\",\"elasticloadbalancing:DescribeLoadBalancers\",\"elasticloadbalancing:DescribeLoadBalancerAttributes\",\"elasticloadbalancing:DetachLoadBalancerFromSubnets\",\"elasticloadbalancing:DeregisterInstancesFromLoadBalancer\",\"elasticloadbalancing:ModifyLoadBalancerAttributes\",\"elasticloadbalancing:RegisterInstancesWithLoadBalancer\",\"elasticloadbalancing:SetLoadBalancerPoliciesForBackendServer\",\"elasticloadbalancing:AddTags\",\"elasticloadbalancing:CreateListener\",\"elasticloadbalancing:CreateTargetGroup\",\"elasticloadbalancing:DeleteListener\",\"elasticloadbalancing:DeleteTargetGroup\",\"elasticloadbalancing:DescribeListeners\",\"elasticloadbalancing:DescribeLoadBalancerPolicies\",\"elasticloadbalancing:DescribeTargetGroups\",\"elasticloadbalancing:DescribeTargetHealth\",\"elasticloadbalancing:ModifyListener\",\"elasticloadbalancing:ModifyTargetGroup\",\"elasticloadbalancing:RegisterTargets\",\"elasticloadbalancing:SetLoadBalancerPoliciesOfListener\",\"iam:CreateServiceLinkedRole\",\"kms:DescribeKey\"],\"Effect\":\"Allow\",\"Resource\":[\"*\"]}],\"Version\":\"2012-10-17\"}",
            "policy_id": "ANPA25NELYLWOIJGA7PO7",
            "tags": {
              "kubernetes.io/cluster/kubernetes": "owned"
            },
            "tags_all": {
              "kubernetes.io/cluster/kubernetes": "owned"
            }
          },
          "sensitive_attributes": [],
          "private": "bnVsbA=="
        }
      ]
    },
    {
      "mode": "managed",
      "type": "aws_iam_policy",
      "name": "kubernetes-worker-node-policy1",
      "provider": "provider[\"registry.terraform.io/hashicorp/aws\"]",
      "instances": [
        {
          "schema_version": 0,
          "attributes": {
            "arn": "arn:aws:iam::750353367788:policy/kubernetes-worker-node-policy1",
            "description": "",
            "id": "arn:aws:iam::750353367788:policy/kubernetes-worker-node-policy1",
            "name": "kubernetes-worker-node-policy1",
            "name_prefix": "",
            "path": "/",
            "policy": "{\"Statement\":[{\"Action\":[\"ec2:DescribeInstances\",\"ec2:DescribeRegions\",\"ecr:GetAuthorizationToken\",\"ecr:BatchCheckLayerAvailability\",\"ecr:GetDownloadUrlForLayer\",\"ecr:GetRepositoryPolicy\",\"ecr:DescribeRepositories\",\"ecr:ListImages\",\"ecr:BatchGetImage\"],\"Effect\":\"Allow\",\"Resource\":\"*\"}],\"Version\":\"2012-10-17\"}",
            "policy_id": "ANPA25NELYLWEKQVRTR47",
            "tags": {
              "kubernetes.io/cluster/kubernetes": "owned"
            },
            "tags_all": {
              "kubernetes.io/cluster/kubernetes": "owned"
            }
          },
          "sensitive_attributes": [],
          "private": "bnVsbA=="
        }
      ]
    },
    {
      "mode": "managed",
      "type": "aws_iam_policy_attachment",
      "name": "kubernetes-master-node-role-policy-attachment-master-policy",
      "provider": "provider[\"registry.terraform.io/hashicorp/aws\"]",
      "instances": [
        {
          "schema_version": 0,
          "attributes": {
            "groups": [],
            "id": "kubernetes-master-node-role-policy-attachment-master-policy",
            "name": "kubernetes-master-node-role-policy-attachment-master-policy",
            "policy_arn": "arn:aws:iam::750353367788:policy/kubernetes-master-node-policy1",
            "roles": [
              "kubernetes-master-node-role1"
            ],
            "users": []
          },
          "sensitive_attributes": [],
          "private": "bnVsbA==",
          "dependencies": [
            "aws_iam_policy.kubernetes-master-node-policy1",
            "aws_iam_role.kubernetes-master-node-role1"
          ]
        }
      ]
    },
    {
      "mode": "managed",
      "type": "aws_iam_policy_attachment",
      "name": "kubernetes-master-node-role-policy-attachment-worker-policy",
      "provider": "provider[\"registry.terraform.io/hashicorp/aws\"]",
      "instances": [
        {
          "schema_version": 0,
          "attributes": {
            "groups": [],
            "id": "kubernetes-master-node-role-policy-attachment-worker-policy",
            "name": "kubernetes-master-node-role-policy-attachment-worker-policy",
            "policy_arn": "arn:aws:iam::750353367788:policy/kubernetes-worker-node-policy1",
            "roles": [
              "kubernetes-master-node-role1"
            ],
            "users": []
          },
          "sensitive_attributes": [],
          "private": "bnVsbA==",
          "dependencies": [
            "aws_iam_policy.kubernetes-worker-node-policy1",
            "aws_iam_role.kubernetes-master-node-role1"
          ]
        }
      ]
    },
    {
      "mode": "managed",
      "type": "aws_iam_role",
      "name": "kubernetes-master-node-role1",
      "provider": "provider[\"registry.terraform.io/hashicorp/aws\"]",
      "instances": [
        {
          "schema_version": 0,
          "attributes": {
            "arn": "arn:aws:iam::750353367788:role/kubernetes-master-node-role1",
            "assume_role_policy": "{\"Statement\":[{\"Action\":\"sts:AssumeRole\",\"Effect\":\"Allow\",\"Principal\":{\"Service\":\"ec2.amazonaws.com\"}}],\"Version\":\"2012-10-17\"}",
            "create_date": "2024-02-17T19:04:34Z",
            "description": "",
            "force_detach_policies": false,
            "id": "kubernetes-master-node-role1",
            "inline_policy": [],
            "managed_policy_arns": [
              "arn:aws:iam::750353367788:policy/kubernetes-master-node-policy1",
              "arn:aws:iam::750353367788:policy/kubernetes-worker-node-policy1"
            ],
            "max_session_duration": 3600,
            "name": "kubernetes-master-node-role1",
            "name_prefix": "",
            "path": "/",
            "permissions_boundary": "",
            "tags": {
              "kubernetes.io/cluster/kubernetes": "owned"
            },
            "tags_all": {
              "kubernetes.io/cluster/kubernetes": "owned"
            },
            "unique_id": "AROA25NELYLWJBQK7OSIP"
          },
          "sensitive_attributes": [],
          "private": "bnVsbA=="
        }
      ]
    },
    {
      "mode": "managed",
      "type": "aws_instance",
      "name": "kubernetes-cluster-ec2",
      "provider": "provider[\"registry.terraform.io/hashicorp/aws\"]",
      "instances": [
        {
          "schema_version": 1,
          "attributes": {
            "ami": "ami-0faab6bdbac9486fb",
            "arn": "arn:aws:ec2:eu-central-1:750353367788:instance/i-07e9b598ab661b550",
            "associate_public_ip_address": true,
            "availability_zone": "eu-central-1c",
            "capacity_reservation_specification": [
              {
                "capacity_reservation_preference": "open",
                "capacity_reservation_target": []
              }
            ],
            "cpu_core_count": 1,
            "cpu_options": [
              {
                "amd_sev_snp": "",
                "core_count": 1,
                "threads_per_core": 2
              }
            ],
            "cpu_threads_per_core": 2,
            "credit_specification": [
              {
                "cpu_credits": "unlimited"
              }
            ],
            "disable_api_stop": false,
            "disable_api_termination": false,
            "ebs_block_device": [],
            "ebs_optimized": false,
            "enclave_options": [
              {
                "enabled": false
              }
            ],
            "ephemeral_block_device": [],
            "get_password_data": false,
            "hibernation": false,
            "host_id": "",
            "host_resource_group_arn": null,
            "iam_instance_profile": "kubernetes-cluster-ec2-instance-profile",
            "id": "i-07e9b598ab661b550",
            "instance_initiated_shutdown_behavior": "stop",
            "instance_lifecycle": "",
            "instance_market_options": [],
            "instance_state": "running",
            "instance_type": "t3.medium",
            "ipv6_address_count": 0,
            "ipv6_addresses": [],
            "key_name": "kubernetes-managment-key-pair",
            "launch_template": [],
            "maintenance_options": [
              {
                "auto_recovery": "default"
              }
            ],
            "metadata_options": [
              {
                "http_endpoint": "enabled",
                "http_protocol_ipv6": "disabled",
                "http_put_response_hop_limit": 1,
                "http_tokens": "optional",
                "instance_metadata_tags": "disabled"
              }
            ],
            "monitoring": false,
            "network_interface": [],
            "outpost_arn": "",
            "password_data": "",
            "placement_group": "",
            "placement_partition_number": 0,
            "primary_network_interface_id": "eni-0164869ed2005962b",
            "private_dns": "ip-10-0-1-52.eu-central-1.compute.internal",
            "private_dns_name_options": [
              {
                "enable_resource_name_dns_a_record": false,
                "enable_resource_name_dns_aaaa_record": false,
                "hostname_type": "ip-name"
              }
            ],
            "private_ip": "10.0.1.52",
            "public_dns": "",
            "public_ip": "18.184.102.243",
            "root_block_device": [
              {
                "delete_on_termination": true,
                "device_name": "/dev/sda1",
                "encrypted": false,
                "iops": 100,
                "kms_key_id": "",
                "tags": {},
                "throughput": 0,
                "volume_id": "vol-0d8248cc0b6e36f93",
                "volume_size": 8,
                "volume_type": "gp2"
              }
            ],
            "secondary_private_ips": [],
            "security_groups": [],
            "source_dest_check": true,
            "spot_instance_request_id": "",
            "subnet_id": "subnet-037235863713e201e",
            "tags": {
              "kubernetes.io/cluster/kubernetes": "owned"
            },
            "tags_all": {
              "kubernetes.io/cluster/kubernetes": "owned"
            },
            "tenancy": "default",
            "timeouts": null,
            "user_data": null,
            "user_data_base64": null,
            "user_data_replace_on_change": false,
            "volume_tags": null,
            "vpc_security_group_ids": [
              "sg-0f90f42df539fb053"
            ]
          },
          "sensitive_attributes": [],
          "private": "eyJlMmJmYjczMC1lY2FhLTExZTYtOGY4OC0zNDM2M2JjN2M0YzAiOnsiY3JlYXRlIjo2MDAwMDAwMDAwMDAsImRlbGV0ZSI6MTIwMDAwMDAwMDAwMCwidXBkYXRlIjo2MDAwMDAwMDAwMDB9LCJzY2hlbWFfdmVyc2lvbiI6IjEifQ==",
          "dependencies": [
            "aws_iam_instance_profile.kubernetes-cluster-ec2-instance-profile",
            "aws_iam_role.kubernetes-master-node-role1",
            "aws_key_pair.kubernets-ec2-key-pair",
            "aws_security_group.kubernetes-cluster-security-group",
            "aws_subnet.kubernetes-vpc-public-subnet",
            "aws_vpc.kubernetes-vpc",
            "tls_private_key.kubernetes-managment-key-pair"
          ]
        }
      ]
    },
    {
      "mode": "managed",
      "type": "aws_internet_gateway",
      "name": "kubernetes-vpc-internet-gateway",
      "provider": "provider[\"registry.terraform.io/hashicorp/aws\"]",
      "instances": [
        {
          "schema_version": 0,
          "attributes": {
            "arn": "arn:aws:ec2:eu-central-1:750353367788:internet-gateway/igw-0345462dc6a08728e",
            "id": "igw-0345462dc6a08728e",
            "owner_id": "750353367788",
            "tags": {
              "kubernetes.io/cluster/kubernetes": "owned"
            },
            "tags_all": {
              "kubernetes.io/cluster/kubernetes": "owned"
            },
            "timeouts": null,
            "vpc_id": "vpc-024e744aba6ad59f9"
          },
          "sensitive_attributes": [],
          "private": "eyJlMmJmYjczMC1lY2FhLTExZTYtOGY4OC0zNDM2M2JjN2M0YzAiOnsiY3JlYXRlIjoxMjAwMDAwMDAwMDAwLCJkZWxldGUiOjEyMDAwMDAwMDAwMDAsInVwZGF0ZSI6MTIwMDAwMDAwMDAwMH19",
          "dependencies": [
            "aws_vpc.kubernetes-vpc"
          ]
        }
      ]
    },
    {
      "mode": "managed",
      "type": "aws_key_pair",
      "name": "kubernets-ec2-key-pair",
      "provider": "provider[\"registry.terraform.io/hashicorp/aws\"]",
      "instances": [
        {
          "schema_version": 1,
          "attributes": {
            "arn": "arn:aws:ec2:eu-central-1:750353367788:key-pair/kubernetes-managment-key-pair",
            "fingerprint": "e7:19:18:07:52:42:cf:f0:ae:96:45:4d:fe:b1:cf:e7",
            "id": "kubernetes-managment-key-pair",
            "key_name": "kubernetes-managment-key-pair",
            "key_name_prefix": "",
            "key_pair_id": "key-01d352aa34ea457ab",
            "key_type": "rsa",
            "public_key": "ssh-rsa AAAAB3NzaC1yc2EAAAADAQABAAABAQDk5Zha7du27D2DuJQZb3a+6QclsPSvU6mzFqTf3ijPMzsxwnQ5nFj3J3IvAYiTHjGYEjjaDEYWnm6+v/4Yhi83+QAWiy8dNftv6Eqq+MIw1h3FKpAknEwQVq3xEZhTzBFlFCG6G0vp28IzO5oLdhSKhCL43gtDFTutsthkM9+RLBwXEhzNbNEV1ddVaaJTrMdD3eigxwsJ3TvojLzYGeBhdmDGhfAclFffJn1NpO0SnTbntPSh7IBjWkPGWvgyTIBQT4fvpNDiWU6A2BnXzCEypclQRGlv7cQzJWFNmDQnyc6apkU8ivE7lV9tJEvnNNlHN+kBz9/mtKycBQo2x84r",
            "tags": {},
            "tags_all": {}
          },
          "sensitive_attributes": [],
          "private": "eyJzY2hlbWFfdmVyc2lvbiI6IjEifQ==",
          "dependencies": [
            "tls_private_key.kubernetes-managment-key-pair"
          ]
        }
      ]
    },
    {
      "mode": "managed",
      "type": "aws_route_table",
      "name": "kubernetes-vpc-route-table",
      "provider": "provider[\"registry.terraform.io/hashicorp/aws\"]",
      "instances": [
        {
          "schema_version": 0,
          "attributes": {
            "arn": "arn:aws:ec2:eu-central-1:750353367788:route-table/rtb-0af323618a85358f0",
            "id": "rtb-0af323618a85358f0",
            "owner_id": "750353367788",
            "propagating_vgws": [],
            "route": [
              {
                "carrier_gateway_id": "",
                "cidr_block": "0.0.0.0/0",
                "core_network_arn": "",
                "destination_prefix_list_id": "",
                "egress_only_gateway_id": "",
                "gateway_id": "igw-0345462dc6a08728e",
                "ipv6_cidr_block": "",
                "local_gateway_id": "",
                "nat_gateway_id": "",
                "network_interface_id": "",
                "transit_gateway_id": "",
                "vpc_endpoint_id": "",
                "vpc_peering_connection_id": ""
              }
            ],
            "tags": {
              "kubernetes.io/cluster/kubernetes": "owned"
            },
            "tags_all": {
              "kubernetes.io/cluster/kubernetes": "owned"
            },
            "timeouts": null,
            "vpc_id": "vpc-024e744aba6ad59f9"
          },
          "sensitive_attributes": [],
          "private": "eyJlMmJmYjczMC1lY2FhLTExZTYtOGY4OC0zNDM2M2JjN2M0YzAiOnsiY3JlYXRlIjozMDAwMDAwMDAwMDAsImRlbGV0ZSI6MzAwMDAwMDAwMDAwLCJ1cGRhdGUiOjEyMDAwMDAwMDAwMH19",
          "dependencies": [
            "aws_internet_gateway.kubernetes-vpc-internet-gateway",
            "aws_vpc.kubernetes-vpc"
          ]
        }
      ]
    },
    {
      "mode": "managed",
      "type": "aws_route_table_association",
      "name": "kubernetes-vpc-route-table-associate-to-public-subnets",
      "provider": "provider[\"registry.terraform.io/hashicorp/aws\"]",
      "instances": [
        {
          "schema_version": 0,
          "attributes": {
            "gateway_id": "",
            "id": "rtbassoc-02260e70918f866ab",
            "route_table_id": "rtb-0af323618a85358f0",
            "subnet_id": "subnet-037235863713e201e",
            "timeouts": null
          },
          "sensitive_attributes": [],
          "private": "eyJlMmJmYjczMC1lY2FhLTExZTYtOGY4OC0zNDM2M2JjN2M0YzAiOnsiY3JlYXRlIjozMDAwMDAwMDAwMDAsImRlbGV0ZSI6MzAwMDAwMDAwMDAwLCJ1cGRhdGUiOjEyMDAwMDAwMDAwMH19",
          "dependencies": [
            "aws_subnet.kubernetes-vpc-public-subnet",
            "aws_vpc.kubernetes-vpc",
            "aws_internet_gateway.kubernetes-vpc-internet-gateway",
            "aws_route_table.kubernetes-vpc-route-table"
          ]
        }
      ]
    },
    {
      "mode": "managed",
      "type": "aws_security_group",
      "name": "kubernetes-cluster-security-group",
      "provider": "provider[\"registry.terraform.io/hashicorp/aws\"]",
      "instances": [
        {
          "schema_version": 1,
          "attributes": {
            "arn": "arn:aws:ec2:eu-central-1:750353367788:security-group/sg-0f90f42df539fb053",
            "description": "Allow the Kuberntes cluster to communicate internally and to be managed externally",
            "egress": [
              {
                "cidr_blocks": [
                  "0.0.0.0/0"
                ],
                "description": "",
                "from_port": 0,
                "ipv6_cidr_blocks": [],
                "prefix_list_ids": [],
                "protocol": "-1",
                "security_groups": [],
                "self": false,
                "to_port": 0
              }
            ],
            "id": "sg-0f90f42df539fb053",
            "ingress": [
              {
                "cidr_blocks": [
                  "10.0.0.0/16",
                  "147.235.194.96/32"
                ],
                "description": "",
                "from_port": 0,
                "ipv6_cidr_blocks": [],
                "prefix_list_ids": [],
                "protocol": "-1",
                "security_groups": [],
                "self": false,
                "to_port": 0
              }
            ],
            "name": "kubernetes-cluster-security-group",
            "name_prefix": "",
            "owner_id": "750353367788",
            "revoke_rules_on_delete": false,
            "tags": {
              "kubernetes.io/cluster/kubernetes": "owned"
            },
            "tags_all": {
              "kubernetes.io/cluster/kubernetes": "owned"
            },
            "timeouts": null,
            "vpc_id": "vpc-024e744aba6ad59f9"
          },
          "sensitive_attributes": [],
          "private": "eyJlMmJmYjczMC1lY2FhLTExZTYtOGY4OC0zNDM2M2JjN2M0YzAiOnsiY3JlYXRlIjo2MDAwMDAwMDAwMDAsImRlbGV0ZSI6OTAwMDAwMDAwMDAwfSwic2NoZW1hX3ZlcnNpb24iOiIxIn0=",
          "dependencies": [
            "aws_vpc.kubernetes-vpc"
          ]
        }
      ]
    },
    {
      "mode": "managed",
      "type": "aws_subnet",
      "name": "kubernetes-vpc-public-subnet",
      "provider": "provider[\"registry.terraform.io/hashicorp/aws\"]",
      "instances": [
        {
          "schema_version": 1,
          "attributes": {
            "arn": "arn:aws:ec2:eu-central-1:750353367788:subnet/subnet-037235863713e201e",
            "assign_ipv6_address_on_creation": false,
            "availability_zone": "eu-central-1c",
            "availability_zone_id": "euc1-az1",
            "cidr_block": "10.0.1.0/24",
            "customer_owned_ipv4_pool": "",
            "enable_dns64": false,
            "enable_lni_at_device_index": 0,
            "enable_resource_name_dns_a_record_on_launch": false,
            "enable_resource_name_dns_aaaa_record_on_launch": false,
            "id": "subnet-037235863713e201e",
            "ipv6_cidr_block": "",
            "ipv6_cidr_block_association_id": "",
            "ipv6_native": false,
            "map_customer_owned_ip_on_launch": false,
            "map_public_ip_on_launch": false,
            "outpost_arn": "",
            "owner_id": "750353367788",
            "private_dns_hostname_type_on_launch": "ip-name",
            "tags": {
              "kubernetes.io/cluster/kubernetes": "owned"
            },
            "tags_all": {
              "kubernetes.io/cluster/kubernetes": "owned"
            },
            "timeouts": null,
            "vpc_id": "vpc-024e744aba6ad59f9"
          },
          "sensitive_attributes": [],
          "private": "eyJlMmJmYjczMC1lY2FhLTExZTYtOGY4OC0zNDM2M2JjN2M0YzAiOnsiY3JlYXRlIjo2MDAwMDAwMDAwMDAsImRlbGV0ZSI6MTIwMDAwMDAwMDAwMH0sInNjaGVtYV92ZXJzaW9uIjoiMSJ9",
          "dependencies": [
            "aws_vpc.kubernetes-vpc"
          ]
        }
      ]
    },
    {
      "mode": "managed",
      "type": "aws_vpc",
      "name": "kubernetes-vpc",
      "provider": "provider[\"registry.terraform.io/hashicorp/aws\"]",
      "instances": [
        {
          "schema_version": 1,
          "attributes": {
            "arn": "arn:aws:ec2:eu-central-1:750353367788:vpc/vpc-024e744aba6ad59f9",
            "assign_generated_ipv6_cidr_block": false,
            "cidr_block": "10.0.0.0/16",
            "default_network_acl_id": "acl-095a34cee58f8446d",
            "default_route_table_id": "rtb-0878512a1bdf235c7",
            "default_security_group_id": "sg-0dd2f9e9084565aab",
            "dhcp_options_id": "dopt-0e9da1acacc25594b",
            "enable_dns_hostnames": false,
            "enable_dns_support": true,
            "enable_network_address_usage_metrics": false,
            "id": "vpc-024e744aba6ad59f9",
            "instance_tenancy": "default",
            "ipv4_ipam_pool_id": null,
            "ipv4_netmask_length": null,
            "ipv6_association_id": "",
            "ipv6_cidr_block": "",
            "ipv6_cidr_block_network_border_group": "",
            "ipv6_ipam_pool_id": "",
            "ipv6_netmask_length": 0,
            "main_route_table_id": "rtb-0878512a1bdf235c7",
            "owner_id": "750353367788",
            "tags": {
              "kubernetes.io/cluster/kubernetes": "owned"
            },
            "tags_all": {
              "kubernetes.io/cluster/kubernetes": "owned"
            }
          },
          "sensitive_attributes": [],
          "private": "eyJzY2hlbWFfdmVyc2lvbiI6IjEifQ=="
        }
      ]
    },
    {
      "mode": "managed",
      "type": "aws_vpc_security_group_egress_rule",
      "name": "OutboundSecurityGroupAllowAllPublicTraffic",
      "provider": "provider[\"registry.terraform.io/hashicorp/aws\"]",
      "instances": [
        {
          "schema_version": 0,
          "attributes": {
            "arn": "arn:aws:ec2:eu-central-1:750353367788:security-group-rule/sgr-027effb8d54248a52",
            "cidr_ipv4": "0.0.0.0/0",
            "cidr_ipv6": null,
            "description": null,
            "from_port": null,
            "id": "sgr-027effb8d54248a52",
            "ip_protocol": "-1",
            "prefix_list_id": null,
            "referenced_security_group_id": null,
            "security_group_id": "sg-0f90f42df539fb053",
            "security_group_rule_id": "sgr-027effb8d54248a52",
            "tags": null,
            "tags_all": {},
            "to_port": null
          },
          "sensitive_attributes": [],
          "dependencies": [
            "aws_security_group.kubernetes-cluster-security-group",
            "aws_vpc.kubernetes-vpc"
          ]
        }
      ]
    },
    {
      "mode": "managed",
      "type": "aws_vpc_security_group_ingress_rule",
      "name": "InboundSecurityGroupAllowAllPrivateTraffic",
      "provider": "provider[\"registry.terraform.io/hashicorp/aws\"]",
      "instances": [
        {
          "schema_version": 0,
          "attributes": {
            "arn": "arn:aws:ec2:eu-central-1:750353367788:security-group-rule/sgr-0b162e356365184a7",
            "cidr_ipv4": "10.0.0.0/16",
            "cidr_ipv6": null,
            "description": null,
            "from_port": null,
            "id": "sgr-0b162e356365184a7",
            "ip_protocol": "-1",
            "prefix_list_id": null,
            "referenced_security_group_id": null,
            "security_group_id": "sg-0f90f42df539fb053",
            "security_group_rule_id": "sgr-0b162e356365184a7",
            "tags": null,
            "tags_all": {},
            "to_port": null
          },
          "sensitive_attributes": [],
          "dependencies": [
            "aws_security_group.kubernetes-cluster-security-group",
            "aws_vpc.kubernetes-vpc"
          ]
        }
      ]
    },
    {
      "mode": "managed",
      "type": "aws_vpc_security_group_ingress_rule",
      "name": "InboundSecurityGroupAllowAllPublicTraffic",
      "provider": "provider[\"registry.terraform.io/hashicorp/aws\"]",
      "instances": [
        {
          "index_key": 0,
          "schema_version": 0,
          "attributes": {
            "arn": "arn:aws:ec2:eu-central-1:750353367788:security-group-rule/sgr-065f905b2846f8a5f",
            "cidr_ipv4": "147.235.194.96/32",
            "cidr_ipv6": null,
            "description": null,
            "from_port": null,
            "id": "sgr-065f905b2846f8a5f",
            "ip_protocol": "-1",
            "prefix_list_id": null,
            "referenced_security_group_id": null,
            "security_group_id": "sg-0f90f42df539fb053",
            "security_group_rule_id": "sgr-065f905b2846f8a5f",
            "tags": null,
            "tags_all": {},
            "to_port": null
          },
          "sensitive_attributes": [],
          "dependencies": [
            "aws_security_group.kubernetes-cluster-security-group",
            "aws_vpc.kubernetes-vpc",
            "data.http.MyPublicIp"
          ]
        }
      ]
    },
    {
      "mode": "managed",
      "type": "local_file",
      "name": "kubernetes-ec2-generated-public-key-file",
      "provider": "provider[\"registry.terraform.io/hashicorp/local\"]",
      "instances": [
        {
          "schema_version": 0,
          "attributes": {
            "content": "-----BEGIN RSA PRIVATE KEY-----\nMIIEpAIBAAKCAQEA5OWYWu3btuw9g7iUGW92vukHJbD0r1Opsxak394ozzM7McJ0\nOZxY9ydyLwGIkx4xmBI42gxGFp5uvr/+GIYvN/kAFosvHTX7b+hKqvjCMNYdxSqQ\nJJxMEFat8RGYU8wRZRQhuhtL6dvCMzuaC3YUioQi+N4LQxU7rbLYZDPfkSwcFxIc\nzWzRFdXXVWmiU6zHQ93ooMcLCd076Iy82BngYXZgxoXwHJRX3yZ9TaTtEp0257T0\noeyAY1pDxlr4MkyAUE+H76TQ4llOgNgZ18whMqXJUERpb+3EMyVhTZg0J8nOmqZF\nPIrxO5VfbSRL5zTZRzfpAc/f5rSsnAUKNsfOKwIDAQABAoIBAQDA1dxg3np3xNae\nHeZG92ymsVLgIhBBlM4mnjEQmOzwgkygQx3/WwRoU8cSasxQhONrJg7XQ/fYHmlW\nMhEzP/iPwyqb025BwbSuNpiRKTkQQ5KZBJ6i+Tnrmdq4eQZHsmgFK8yuKUjvH8Cf\nwNqqRTRQ7bk4yHfccAry7vT2le0HMvXzBfBRqVyshHvH8zDVLKnwgfeCHTZp3urS\nGXyPV7njwiRLi2FQoTu6OBCBRsShLso3QBqkJ/FKUSdhxQ0ZQAAlqNbf2dFyIYs8\nUpi9NvZ0V5tU5DQLh06yg2CITABqndqTY5OnhYbYpRu91i3yTq72KP14rnBWiyku\n1TNGjfSBAoGBAOp38nvntaZ8PgMeDpFBL5GCyjqCf1cEDeYfdD8W51Vqe52lrEKr\nPRuYphjw//0KShWnIvOkdoleGzWxYFMCxxW/ZguIt91BBvEYp3lLUdU9zd/6fijb\nM/rLD1hZP3RyAxGr0NYJk+p/kEIOo/lJafS6n+rorcYOKwfrUr2jAYpbAoGBAPnq\nqizjveNVubGf6IAJD3kqfyh9Lh/3/Ie6IIc1q1mriAz5MvBSct5NRaRcPVhzXEH1\nicdmwcbv3oL329gtqVDyBJlGq3BR31T6Z1EAutJ6kvTU6gZFeoz910vC3JNQ0O7k\nWEklPCOLwv506lFtWH2qsfprDerczkRxMznYofRxAoGAf2+aF8YkcMxuV/tqJ4Cq\nfgf8KjjrRTwq4byOzguAyGgLr+9v5Px1Rh59iGjUeY+yHHqvAIWO97JyT4iMthF4\na1WP/QzeAh9pynh/7ekGHURuNSJMl6AsbE8ZlAdN+dhN2rjr1Kl3/6g9m+mhLci9\nEgqtCFxWtqLUuIUqf2+tUqkCgYB8SvtLzBBaif4Kmy70zozFhB8tseRIvfr4PdeD\np2uK80Z8vUtaPocmjGPAdKeF4AnYPBfD9hUVraKKnF7YSw1UVql22bDV8cIS716G\n6MgBejiwT1v8tn1WtcBny4gMNDtVNHe8GSqpuw7ForwOt0U1armNg8SuNBbZ7zq8\n4ELb4QKBgQCh1LqdGJ79GlUAJd2Ll6syBKi1+lxwmm8wFJuMJsVEx/W3svxs5d+S\nU45YFupEzgvnieJBcQ7ErwgdlC9m4a3iCASayXyFMBt6qxMe3oRmCZQEF/Fg3mHY\nkWZRJau8RSaN6ntEqf74qE4E0ugWVjTYvbwlkVVtWGPWLvZxSrk8Ew==\n-----END RSA PRIVATE KEY-----\n",
            "content_base64": null,
            "content_base64sha256": "kDLjl1bH734owoehaCqE8+FZv5U9JmqMiD5b7SCPi+E=",
            "content_base64sha512": "ycqOGsG8rlCn4p4iTLBpGnFCTyWEKzXMQSzchTHPP0THQuC3PdQSEo2u7k2RqhLp+p6MIz140lFcyKSkN39EDA==",
            "content_md5": "26c10694e6ca48ca24b06b87f9ee2cf5",
            "content_sha1": "cf5dd5cd948a889a93a15680031531bd315356dd",
            "content_sha256": "9032e39756c7ef7e28c287a1682a84f3e159bf953d266a8c883e5bed208f8be1",
            "content_sha512": "c9ca8e1ac1bcae50a7e29e224cb0691a71424f25842b35cc412cdc8531cf3f44c742e0b73dd412128daeee4d91aa12e9fa9e8c233d78d2515cc8a4a4377f440c",
            "directory_permission": "0777",
            "file_permission": "0400",
            "filename": "/Terraform/PrivateFiles/kubernetes-managment-key-pair-private.pem",
            "id": "cf5dd5cd948a889a93a15680031531bd315356dd",
            "sensitive_content": null,
            "source": null
          },
          "sensitive_attributes": [
            [
              {
                "type": "get_attr",
                "value": "content"
              }
            ]
          ],
          "dependencies": [
            "tls_private_key.kubernetes-managment-key-pair"
          ]
        }
      ]
    },
    {
      "mode": "managed",
      "type": "tls_private_key",
      "name": "kubernetes-managment-key-pair",
      "provider": "provider[\"registry.terraform.io/hashicorp/tls\"]",
      "instances": [
        {
          "schema_version": 1,
          "attributes": {
            "algorithm": "RSA",
            "ecdsa_curve": "P224",
            "id": "9aacf821112d631ee50fbaa2a56d19f3dba40e92",
            "private_key_openssh": "-----BEGIN OPENSSH PRIVATE KEY-----\nb3BlbnNzaC1rZXktdjEAAAAABG5vbmUAAAAEbm9uZQAAAAAAAAABAAABFwAAAAdz\nc2gtcnNhAAAAAwEAAQAAAQEA5OWYWu3btuw9g7iUGW92vukHJbD0r1Opsxak394o\nzzM7McJ0OZxY9ydyLwGIkx4xmBI42gxGFp5uvr/+GIYvN/kAFosvHTX7b+hKqvjC\nMNYdxSqQJJxMEFat8RGYU8wRZRQhuhtL6dvCMzuaC3YUioQi+N4LQxU7rbLYZDPf\nkSwcFxIczWzRFdXXVWmiU6zHQ93ooMcLCd076Iy82BngYXZgxoXwHJRX3yZ9TaTt\nEp0257T0oeyAY1pDxlr4MkyAUE+H76TQ4llOgNgZ18whMqXJUERpb+3EMyVhTZg0\nJ8nOmqZFPIrxO5VfbSRL5zTZRzfpAc/f5rSsnAUKNsfOKwAAA7ioOQ0AqDkNAAAA\nAAdzc2gtcnNhAAABAQDk5Zha7du27D2DuJQZb3a+6QclsPSvU6mzFqTf3ijPMzsx\nwnQ5nFj3J3IvAYiTHjGYEjjaDEYWnm6+v/4Yhi83+QAWiy8dNftv6Eqq+MIw1h3F\nKpAknEwQVq3xEZhTzBFlFCG6G0vp28IzO5oLdhSKhCL43gtDFTutsthkM9+RLBwX\nEhzNbNEV1ddVaaJTrMdD3eigxwsJ3TvojLzYGeBhdmDGhfAclFffJn1NpO0SnTbn\ntPSh7IBjWkPGWvgyTIBQT4fvpNDiWU6A2BnXzCEypclQRGlv7cQzJWFNmDQnyc6a\npkU8ivE7lV9tJEvnNNlHN+kBz9/mtKycBQo2x84rAAAAAwEAAQAAAQEAwNXcYN56\nd8TWnh3mRvdsprFS4CIQQZTOJp4xEJjs8IJMoEMd/1sEaFPHEmrMUITjayYO10P3\n2B5pVjIRMz/4j8Mqm9NuQcG0rjaYkSk5EEOSmQSeovk565nauHkGR7JoBSvMrilI\n7x/An8DaqkU0UO25OMh33HAK8u709pXtBzL18wXwUalcrIR7x/Mw1Syp8IH3gh02\nad7q0hl8j1e548IkS4thUKE7ujgQgUbEoS7KN0AapCfxSlEnYcUNGUAAJajW39nR\nciGLPFKYvTb2dFebVOQ0C4dOsoNgiEwAap3ak2OTp4WG2KUbvdYt8k6u9ij9eK5w\nVospLtUzRo30gQAAAIEAodS6nRie/RpVACXdi5erMgSotfpccJpvMBSbjCbFRMf1\nt7L8bOXfklOOWBbqRM4L54niQXEOxK8IHZQvZuGt4ggEmsl8hTAbeqsTHt6EZgmU\nBBfxYN5h2JFmUSWrvEUmjep7RKn++KhOBNLoFlY02L28JZFVbVhj1i72cUq5PBMA\nAACBAOp38nvntaZ8PgMeDpFBL5GCyjqCf1cEDeYfdD8W51Vqe52lrEKrPRuYphjw\n//0KShWnIvOkdoleGzWxYFMCxxW/ZguIt91BBvEYp3lLUdU9zd/6fijbM/rLD1hZ\nP3RyAxGr0NYJk+p/kEIOo/lJafS6n+rorcYOKwfrUr2jAYpbAAAAgQD56qos473j\nVbmxn+iACQ95Kn8ofS4f9/yHuiCHNatZq4gM+TLwUnLeTUWkXD1Yc1xB9YnHZsHG\n796C99vYLalQ8gSZRqtwUd9U+mdRALrSepL01OoGRXqM/ddLwtyTUNDu5FhJJTwj\ni8L+dOpRbVh9qrH6aw3q3M5EcTM52KH0cQAAAAAB\n-----END OPENSSH PRIVATE KEY-----\n",
            "private_key_pem": "-----BEGIN RSA PRIVATE KEY-----\nMIIEpAIBAAKCAQEA5OWYWu3btuw9g7iUGW92vukHJbD0r1Opsxak394ozzM7McJ0\nOZxY9ydyLwGIkx4xmBI42gxGFp5uvr/+GIYvN/kAFosvHTX7b+hKqvjCMNYdxSqQ\nJJxMEFat8RGYU8wRZRQhuhtL6dvCMzuaC3YUioQi+N4LQxU7rbLYZDPfkSwcFxIc\nzWzRFdXXVWmiU6zHQ93ooMcLCd076Iy82BngYXZgxoXwHJRX3yZ9TaTtEp0257T0\noeyAY1pDxlr4MkyAUE+H76TQ4llOgNgZ18whMqXJUERpb+3EMyVhTZg0J8nOmqZF\nPIrxO5VfbSRL5zTZRzfpAc/f5rSsnAUKNsfOKwIDAQABAoIBAQDA1dxg3np3xNae\nHeZG92ymsVLgIhBBlM4mnjEQmOzwgkygQx3/WwRoU8cSasxQhONrJg7XQ/fYHmlW\nMhEzP/iPwyqb025BwbSuNpiRKTkQQ5KZBJ6i+Tnrmdq4eQZHsmgFK8yuKUjvH8Cf\nwNqqRTRQ7bk4yHfccAry7vT2le0HMvXzBfBRqVyshHvH8zDVLKnwgfeCHTZp3urS\nGXyPV7njwiRLi2FQoTu6OBCBRsShLso3QBqkJ/FKUSdhxQ0ZQAAlqNbf2dFyIYs8\nUpi9NvZ0V5tU5DQLh06yg2CITABqndqTY5OnhYbYpRu91i3yTq72KP14rnBWiyku\n1TNGjfSBAoGBAOp38nvntaZ8PgMeDpFBL5GCyjqCf1cEDeYfdD8W51Vqe52lrEKr\nPRuYphjw//0KShWnIvOkdoleGzWxYFMCxxW/ZguIt91BBvEYp3lLUdU9zd/6fijb\nM/rLD1hZP3RyAxGr0NYJk+p/kEIOo/lJafS6n+rorcYOKwfrUr2jAYpbAoGBAPnq\nqizjveNVubGf6IAJD3kqfyh9Lh/3/Ie6IIc1q1mriAz5MvBSct5NRaRcPVhzXEH1\nicdmwcbv3oL329gtqVDyBJlGq3BR31T6Z1EAutJ6kvTU6gZFeoz910vC3JNQ0O7k\nWEklPCOLwv506lFtWH2qsfprDerczkRxMznYofRxAoGAf2+aF8YkcMxuV/tqJ4Cq\nfgf8KjjrRTwq4byOzguAyGgLr+9v5Px1Rh59iGjUeY+yHHqvAIWO97JyT4iMthF4\na1WP/QzeAh9pynh/7ekGHURuNSJMl6AsbE8ZlAdN+dhN2rjr1Kl3/6g9m+mhLci9\nEgqtCFxWtqLUuIUqf2+tUqkCgYB8SvtLzBBaif4Kmy70zozFhB8tseRIvfr4PdeD\np2uK80Z8vUtaPocmjGPAdKeF4AnYPBfD9hUVraKKnF7YSw1UVql22bDV8cIS716G\n6MgBejiwT1v8tn1WtcBny4gMNDtVNHe8GSqpuw7ForwOt0U1armNg8SuNBbZ7zq8\n4ELb4QKBgQCh1LqdGJ79GlUAJd2Ll6syBKi1+lxwmm8wFJuMJsVEx/W3svxs5d+S\nU45YFupEzgvnieJBcQ7ErwgdlC9m4a3iCASayXyFMBt6qxMe3oRmCZQEF/Fg3mHY\nkWZRJau8RSaN6ntEqf74qE4E0ugWVjTYvbwlkVVtWGPWLvZxSrk8Ew==\n-----END RSA PRIVATE KEY-----\n",
            "private_key_pem_pkcs8": "-----BEGIN PRIVATE KEY-----\nMIIEvgIBADANBgkqhkiG9w0BAQEFAASCBKgwggSkAgEAAoIBAQDk5Zha7du27D2D\nuJQZb3a+6QclsPSvU6mzFqTf3ijPMzsxwnQ5nFj3J3IvAYiTHjGYEjjaDEYWnm6+\nv/4Yhi83+QAWiy8dNftv6Eqq+MIw1h3FKpAknEwQVq3xEZhTzBFlFCG6G0vp28Iz\nO5oLdhSKhCL43gtDFTutsthkM9+RLBwXEhzNbNEV1ddVaaJTrMdD3eigxwsJ3Tvo\njLzYGeBhdmDGhfAclFffJn1NpO0SnTbntPSh7IBjWkPGWvgyTIBQT4fvpNDiWU6A\n2BnXzCEypclQRGlv7cQzJWFNmDQnyc6apkU8ivE7lV9tJEvnNNlHN+kBz9/mtKyc\nBQo2x84rAgMBAAECggEBAMDV3GDeenfE1p4d5kb3bKaxUuAiEEGUziaeMRCY7PCC\nTKBDHf9bBGhTxxJqzFCE42smDtdD99geaVYyETM/+I/DKpvTbkHBtK42mJEpORBD\nkpkEnqL5OeuZ2rh5BkeyaAUrzK4pSO8fwJ/A2qpFNFDtuTjId9xwCvLu9PaV7Qcy\n9fMF8FGpXKyEe8fzMNUsqfCB94IdNmne6tIZfI9XuePCJEuLYVChO7o4EIFGxKEu\nyjdAGqQn8UpRJ2HFDRlAACWo1t/Z0XIhizxSmL029nRXm1TkNAuHTrKDYIhMAGqd\n2pNjk6eFhtilG73WLfJOrvYo/XiucFaLKS7VM0aN9IECgYEA6nfye+e1pnw+Ax4O\nkUEvkYLKOoJ/VwQN5h90PxbnVWp7naWsQqs9G5imGPD//QpKFaci86R2iV4bNbFg\nUwLHFb9mC4i33UEG8RineUtR1T3N3/p+KNsz+ssPWFk/dHIDEavQ1gmT6n+QQg6j\n+Ulp9Lqf6uitxg4rB+tSvaMBilsCgYEA+eqqLOO941W5sZ/ogAkPeSp/KH0uH/f8\nh7oghzWrWauIDPky8FJy3k1FpFw9WHNcQfWJx2bBxu/egvfb2C2pUPIEmUarcFHf\nVPpnUQC60nqS9NTqBkV6jP3XS8Lck1DQ7uRYSSU8I4vC/nTqUW1Yfaqx+msN6tzO\nRHEzOdih9HECgYB/b5oXxiRwzG5X+2ongKp+B/wqOOtFPCrhvI7OC4DIaAuv72/k\n/HVGHn2IaNR5j7Iceq8AhY73snJPiIy2EXhrVY/9DN4CH2nKeH/t6QYdRG41IkyX\noCxsTxmUB0352E3auOvUqXf/qD2b6aEtyL0SCq0IXFa2otS4hSp/b61SqQKBgHxK\n+0vMEFqJ/gqbLvTOjMWEHy2x5Ei9+vg914Ona4rzRny9S1o+hyaMY8B0p4XgCdg8\nF8P2FRWtooqcXthLDVRWqXbZsNXxwhLvXoboyAF6OLBPW/y2fVa1wGfLiAw0O1U0\nd7wZKqm7DsWivA63RTVquY2DxK40FtnvOrzgQtvhAoGBAKHUup0Ynv0aVQAl3YuX\nqzIEqLX6XHCabzAUm4wmxUTH9bey/Gzl35JTjlgW6kTOC+eJ4kFxDsSvCB2UL2bh\nreIIBJrJfIUwG3qrEx7ehGYJlAQX8WDeYdiRZlElq7xFJo3qe0Sp/vioTgTS6BZW\nNNi9vCWRVW1YY9Yu9nFKuTwT\n-----END PRIVATE KEY-----\n",
            "public_key_fingerprint_md5": "ca:00:6a:d2:29:96:b6:fd:b8:6e:1e:16:ee:54:80:97",
            "public_key_fingerprint_sha256": "SHA256:/IDEXf9hjMi+KozDVwh0SSJj3uMhXj/I90OkBxAl61I",
            "public_key_openssh": "ssh-rsa AAAAB3NzaC1yc2EAAAADAQABAAABAQDk5Zha7du27D2DuJQZb3a+6QclsPSvU6mzFqTf3ijPMzsxwnQ5nFj3J3IvAYiTHjGYEjjaDEYWnm6+v/4Yhi83+QAWiy8dNftv6Eqq+MIw1h3FKpAknEwQVq3xEZhTzBFlFCG6G0vp28IzO5oLdhSKhCL43gtDFTutsthkM9+RLBwXEhzNbNEV1ddVaaJTrMdD3eigxwsJ3TvojLzYGeBhdmDGhfAclFffJn1NpO0SnTbntPSh7IBjWkPGWvgyTIBQT4fvpNDiWU6A2BnXzCEypclQRGlv7cQzJWFNmDQnyc6apkU8ivE7lV9tJEvnNNlHN+kBz9/mtKycBQo2x84r\n",
            "public_key_pem": "-----BEGIN PUBLIC KEY-----\nMIIBIjANBgkqhkiG9w0BAQEFAAOCAQ8AMIIBCgKCAQEA5OWYWu3btuw9g7iUGW92\nvukHJbD0r1Opsxak394ozzM7McJ0OZxY9ydyLwGIkx4xmBI42gxGFp5uvr/+GIYv\nN/kAFosvHTX7b+hKqvjCMNYdxSqQJJxMEFat8RGYU8wRZRQhuhtL6dvCMzuaC3YU\nioQi+N4LQxU7rbLYZDPfkSwcFxIczWzRFdXXVWmiU6zHQ93ooMcLCd076Iy82Bng\nYXZgxoXwHJRX3yZ9TaTtEp0257T0oeyAY1pDxlr4MkyAUE+H76TQ4llOgNgZ18wh\nMqXJUERpb+3EMyVhTZg0J8nOmqZFPIrxO5VfbSRL5zTZRzfpAc/f5rSsnAUKNsfO\nKwIDAQAB\n-----END PUBLIC KEY-----\n",
            "rsa_bits": 2048
          },
          "sensitive_attributes": []
        }
      ]
    }
  ]
}
