{
  "version": 4,
  "terraform_version": "1.0.7",
  "serial": 670,
  "lineage": "c9aac03b-45a8-3223-2cb3-7f0a98ce4c38",
  "outputs": {
    "ec2_global_kubernetes_ips": {
      "value": "",
      "type": "string"
    }
  },
  "resources": [
    {
      "mode": "data",
      "type": "http",
      "name": "MyPublicIp",
      "provider": "provider[\"registry.terraform.io/hashicorp/http\"]",
      "instances": [
        {
          "schema_version": 0,
          "attributes": {
            "body": "147.235.201.113\n",
            "ca_cert_pem": null,
            "id": "https://ipv4.icanhazip.com",
            "insecure": null,
            "method": null,
            "request_body": null,
            "request_headers": null,
            "request_timeout_ms": null,
            "response_body": "147.235.201.113\n",
            "response_body_base64": "MTQ3LjIzNS4yMDEuMTEzCg==",
            "response_headers": {
              "Access-Control-Allow-Methods": "GET",
              "Access-Control-Allow-Origin": "*",
              "Alt-Svc": "h3=\":443\"; ma=86400",
              "Cf-Ray": "861d7266a998e3cb-TLV",
              "Content-Length": "16",
              "Content-Type": "text/plain",
              "Date": "Sat, 09 Mar 2024 19:24:43 GMT",
              "Server": "cloudflare",
              "Set-Cookie": "__cf_bm=1UL5j1G3fTGsDQr8aMMQ3N_S3P7JMAhFIKHL0Cffayo-1710012283-1.0.1.1-BoSNcm5fhBB7rsU5Zt.N.Rh2wTQymStXOaoON592uIFLMsDUASYTFgW0rrbUHFsmHGutADSa671r2cUUMiQ9LA; path=/; expires=Sat, 09-Mar-24 19:54:43 GMT; domain=.icanhazip.com; HttpOnly; Secure; SameSite=None",
              "Vary": "Accept-Encoding"
            },
            "retry": null,
            "status_code": 200,
            "url": "https://ipv4.icanhazip.com"
          },
          "sensitive_attributes": []
        }
      ]
    },
    {
      "mode": "managed",
      "type": "aws_eip",
      "name": "kubernetes-cluster-ec2-elastic-ip",
      "provider": "provider[\"registry.terraform.io/hashicorp/aws\"]",
      "instances": [
        {
          "schema_version": 0,
          "attributes": {
            "address": null,
            "allocation_id": "eipalloc-05d2dd2fa60a3e9fb",
            "associate_with_private_ip": null,
            "association_id": "eipassoc-0b480c9b4b2dd6315",
            "carrier_ip": "",
            "customer_owned_ip": "",
            "customer_owned_ipv4_pool": "",
            "domain": "vpc",
            "id": "eipalloc-05d2dd2fa60a3e9fb",
            "instance": "i-0f126828baeefcdfc",
            "network_border_group": "eu-central-1",
            "network_interface": "eni-0f24d6cfa1bd885a0",
            "private_dns": "ip-10-0-1-5.eu-central-1.compute.internal",
            "private_ip": "10.0.1.5",
            "public_dns": "ec2-3-123-202-174.eu-central-1.compute.amazonaws.com",
            "public_ip": "3.123.202.174",
            "public_ipv4_pool": "amazon",
            "tags": {
              "kubernetes.io/cluster/kubernetes": "owned"
            },
            "tags_all": {
              "kubernetes.io/cluster/kubernetes": "owned"
            },
            "timeouts": null,
            "vpc": true
          },
          "sensitive_attributes": [],
          "private": "eyJlMmJmYjczMC1lY2FhLTExZTYtOGY4OC0zNDM2M2JjN2M0YzAiOnsiZGVsZXRlIjoxODAwMDAwMDAwMDAsInJlYWQiOjkwMDAwMDAwMDAwMCwidXBkYXRlIjozMDAwMDAwMDAwMDB9fQ==",
          "dependencies": [
            "aws_iam_instance_profile.kubernetes-cluster-ec2-instance-profile",
            "aws_iam_role.kubernetes-master-node-role1",
            "aws_instance.kubernetes-cluster-ec2",
            "aws_key_pair.kubernets-ec2-key-pair",
            "aws_security_group.kubernetes-cluster-security-group",
            "aws_subnet.kubernetes-vpc-public-subnet",
            "aws_vpc.kubernetes-vpc",
            "tls_private_key.kubernetes-managment-key-pair"
          ]
        }
      ]
    },
    {
      "mode": "managed",
      "type": "aws_iam_instance_profile",
      "name": "kubernetes-cluster-ec2-instance-profile",
      "provider": "provider[\"registry.terraform.io/hashicorp/aws\"]",
      "instances": [
        {
          "schema_version": 0,
          "attributes": {
            "arn": "arn:aws:iam::750353367788:instance-profile/kubernetes-cluster-ec2-instance-profile",
            "create_date": "2024-03-09T19:25:00Z",
            "id": "kubernetes-cluster-ec2-instance-profile",
            "name": "kubernetes-cluster-ec2-instance-profile",
            "name_prefix": "",
            "path": "/",
            "role": "kubernetes-master-node-role1",
            "tags": null,
            "tags_all": {},
            "unique_id": "AIPA25NELYLWA6P5MXEBW"
          },
          "sensitive_attributes": [],
          "private": "bnVsbA==",
          "dependencies": [
            "aws_iam_role.kubernetes-master-node-role1"
          ]
        }
      ]
    },
    {
      "mode": "managed",
      "type": "aws_iam_policy",
      "name": "kubernetes-master-node-policy1",
      "provider": "provider[\"registry.terraform.io/hashicorp/aws\"]",
      "instances": [
        {
          "schema_version": 0,
          "attributes": {
            "arn": "arn:aws:iam::750353367788:policy/kubernetes-master-node-policy1",
            "description": "",
            "id": "arn:aws:iam::750353367788:policy/kubernetes-master-node-policy1",
            "name": "kubernetes-master-node-policy1",
            "name_prefix": "",
            "path": "/",
            "policy": "{\"Statement\":[{\"Action\":[\"autoscaling:DescribeAutoScalingGroups\",\"autoscaling:DescribeLaunchConfigurations\",\"autoscaling:DescribeTags\",\"ec2:DescribeInstances\",\"ec2:DescribeRegions\",\"ec2:DescribeRouteTables\",\"ec2:DescribeSecurityGroups\",\"ec2:DescribeSubnets\",\"ec2:DescribeVolumes\",\"ec2:CreateSecurityGroup\",\"ec2:CreateTags\",\"ec2:CreateVolume\",\"ec2:ModifyInstanceAttribute\",\"ec2:ModifyVolume\",\"ec2:AttachVolume\",\"ec2:AuthorizeSecurityGroupIngress\",\"ec2:CreateRoute\",\"ec2:DeleteRoute\",\"ec2:DeleteSecurityGroup\",\"ec2:DeleteVolume\",\"ec2:DetachVolume\",\"ec2:RevokeSecurityGroupIngress\",\"ec2:DescribeVpcs\",\"elasticloadbalancing:AddTags\",\"elasticloadbalancing:AttachLoadBalancerToSubnets\",\"elasticloadbalancing:ApplySecurityGroupsToLoadBalancer\",\"elasticloadbalancing:CreateLoadBalancer\",\"elasticloadbalancing:CreateLoadBalancerPolicy\",\"elasticloadbalancing:CreateLoadBalancerListeners\",\"elasticloadbalancing:ConfigureHealthCheck\",\"elasticloadbalancing:DeleteLoadBalancer\",\"elasticloadbalancing:DeleteLoadBalancerListeners\",\"elasticloadbalancing:DescribeLoadBalancers\",\"elasticloadbalancing:DescribeLoadBalancerAttributes\",\"elasticloadbalancing:DetachLoadBalancerFromSubnets\",\"elasticloadbalancing:DeregisterInstancesFromLoadBalancer\",\"elasticloadbalancing:ModifyLoadBalancerAttributes\",\"elasticloadbalancing:RegisterInstancesWithLoadBalancer\",\"elasticloadbalancing:SetLoadBalancerPoliciesForBackendServer\",\"elasticloadbalancing:AddTags\",\"elasticloadbalancing:CreateListener\",\"elasticloadbalancing:CreateTargetGroup\",\"elasticloadbalancing:DeleteListener\",\"elasticloadbalancing:DeleteTargetGroup\",\"elasticloadbalancing:DescribeListeners\",\"elasticloadbalancing:DescribeLoadBalancerPolicies\",\"elasticloadbalancing:DescribeTargetGroups\",\"elasticloadbalancing:DescribeTargetHealth\",\"elasticloadbalancing:ModifyListener\",\"elasticloadbalancing:ModifyTargetGroup\",\"elasticloadbalancing:RegisterTargets\",\"elasticloadbalancing:SetLoadBalancerPoliciesOfListener\",\"iam:CreateServiceLinkedRole\",\"kms:DescribeKey\"],\"Effect\":\"Allow\",\"Resource\":[\"*\"]}],\"Version\":\"2012-10-17\"}",
            "policy_id": "ANPA25NELYLWE5VLLN7B7",
            "tags": {
              "kubernetes.io/cluster/kubernetes": "owned"
            },
            "tags_all": {
              "kubernetes.io/cluster/kubernetes": "owned"
            }
          },
          "sensitive_attributes": [],
          "private": "bnVsbA=="
        }
      ]
    },
    {
      "mode": "managed",
      "type": "aws_iam_policy",
      "name": "kubernetes-worker-node-policy1",
      "provider": "provider[\"registry.terraform.io/hashicorp/aws\"]",
      "instances": [
        {
          "schema_version": 0,
          "attributes": {
            "arn": "arn:aws:iam::750353367788:policy/kubernetes-worker-node-policy1",
            "description": "",
            "id": "arn:aws:iam::750353367788:policy/kubernetes-worker-node-policy1",
            "name": "kubernetes-worker-node-policy1",
            "name_prefix": "",
            "path": "/",
            "policy": "{\"Statement\":[{\"Action\":[\"ec2:DescribeInstances\",\"ec2:DescribeRegions\",\"ecr:GetAuthorizationToken\",\"ecr:BatchCheckLayerAvailability\",\"ecr:GetDownloadUrlForLayer\",\"ecr:GetRepositoryPolicy\",\"ecr:DescribeRepositories\",\"ecr:ListImages\",\"ecr:BatchGetImage\"],\"Effect\":\"Allow\",\"Resource\":\"*\"}],\"Version\":\"2012-10-17\"}",
            "policy_id": "ANPA25NELYLWLQPHBMHPZ",
            "tags": {
              "kubernetes.io/cluster/kubernetes": "owned"
            },
            "tags_all": {
              "kubernetes.io/cluster/kubernetes": "owned"
            }
          },
          "sensitive_attributes": [],
          "private": "bnVsbA=="
        }
      ]
    },
    {
      "mode": "managed",
      "type": "aws_iam_policy_attachment",
      "name": "kubernetes-master-node-role-policy-attachment-master-policy",
      "provider": "provider[\"registry.terraform.io/hashicorp/aws\"]",
      "instances": [
        {
          "schema_version": 0,
          "attributes": {
            "groups": null,
            "id": "kubernetes-master-node-role-policy-attachment-master-policy",
            "name": "kubernetes-master-node-role-policy-attachment-master-policy",
            "policy_arn": "arn:aws:iam::750353367788:policy/kubernetes-master-node-policy1",
            "roles": [
              "kubernetes-master-node-role1"
            ],
            "users": null
          },
          "sensitive_attributes": [],
          "private": "bnVsbA==",
          "dependencies": [
            "aws_iam_policy.kubernetes-master-node-policy1",
            "aws_iam_role.kubernetes-master-node-role1"
          ]
        }
      ]
    },
    {
      "mode": "managed",
      "type": "aws_iam_policy_attachment",
      "name": "kubernetes-master-node-role-policy-attachment-worker-policy",
      "provider": "provider[\"registry.terraform.io/hashicorp/aws\"]",
      "instances": [
        {
          "schema_version": 0,
          "attributes": {
            "groups": null,
            "id": "kubernetes-master-node-role-policy-attachment-worker-policy",
            "name": "kubernetes-master-node-role-policy-attachment-worker-policy",
            "policy_arn": "arn:aws:iam::750353367788:policy/kubernetes-worker-node-policy1",
            "roles": [
              "kubernetes-master-node-role1"
            ],
            "users": null
          },
          "sensitive_attributes": [],
          "private": "bnVsbA==",
          "dependencies": [
            "aws_iam_policy.kubernetes-worker-node-policy1",
            "aws_iam_role.kubernetes-master-node-role1"
          ]
        }
      ]
    },
    {
      "mode": "managed",
      "type": "aws_iam_role",
      "name": "kubernetes-master-node-role1",
      "provider": "provider[\"registry.terraform.io/hashicorp/aws\"]",
      "instances": [
        {
          "schema_version": 0,
          "attributes": {
            "arn": "arn:aws:iam::750353367788:role/kubernetes-master-node-role1",
            "assume_role_policy": "{\"Statement\":[{\"Action\":\"sts:AssumeRole\",\"Effect\":\"Allow\",\"Principal\":{\"Service\":\"ec2.amazonaws.com\"}}],\"Version\":\"2012-10-17\"}",
            "create_date": "2024-03-09T19:25:00Z",
            "description": "",
            "force_detach_policies": false,
            "id": "kubernetes-master-node-role1",
            "inline_policy": [],
            "managed_policy_arns": [],
            "max_session_duration": 3600,
            "name": "kubernetes-master-node-role1",
            "name_prefix": "",
            "path": "/",
            "permissions_boundary": "",
            "tags": {
              "kubernetes.io/cluster/kubernetes": "owned"
            },
            "tags_all": {
              "kubernetes.io/cluster/kubernetes": "owned"
            },
            "unique_id": "AROA25NELYLWFW3EALWD5"
          },
          "sensitive_attributes": [],
          "private": "bnVsbA=="
        }
      ]
    },
    {
      "mode": "managed",
      "type": "aws_instance",
      "name": "kubernetes-cluster-ec2",
      "provider": "provider[\"registry.terraform.io/hashicorp/aws\"]",
      "instances": [
        {
          "schema_version": 1,
          "attributes": {
            "ami": "ami-0faab6bdbac9486fb",
            "arn": "arn:aws:ec2:eu-central-1:750353367788:instance/i-0f126828baeefcdfc",
            "associate_public_ip_address": false,
            "availability_zone": "eu-central-1a",
            "capacity_reservation_specification": [
              {
                "capacity_reservation_preference": "open",
                "capacity_reservation_target": []
              }
            ],
            "cpu_core_count": 1,
            "cpu_options": [
              {
                "amd_sev_snp": "",
                "core_count": 1,
                "threads_per_core": 2
              }
            ],
            "cpu_threads_per_core": 2,
            "credit_specification": [
              {
                "cpu_credits": "unlimited"
              }
            ],
            "disable_api_stop": false,
            "disable_api_termination": false,
            "ebs_block_device": [],
            "ebs_optimized": false,
            "enclave_options": [
              {
                "enabled": false
              }
            ],
            "ephemeral_block_device": [],
            "get_password_data": false,
            "hibernation": false,
            "host_id": "",
            "host_resource_group_arn": null,
            "iam_instance_profile": "kubernetes-cluster-ec2-instance-profile",
            "id": "i-0f126828baeefcdfc",
            "instance_initiated_shutdown_behavior": "stop",
            "instance_lifecycle": "",
            "instance_market_options": [],
            "instance_state": "running",
            "instance_type": "t3.medium",
            "ipv6_address_count": 0,
            "ipv6_addresses": [],
            "key_name": "kubernetes-managment-key-pair",
            "launch_template": [],
            "maintenance_options": [
              {
                "auto_recovery": "default"
              }
            ],
            "metadata_options": [
              {
                "http_endpoint": "enabled",
                "http_protocol_ipv6": "disabled",
                "http_put_response_hop_limit": 1,
                "http_tokens": "optional",
                "instance_metadata_tags": "disabled"
              }
            ],
            "monitoring": false,
            "network_interface": [],
            "outpost_arn": "",
            "password_data": "",
            "placement_group": "",
            "placement_partition_number": 0,
            "primary_network_interface_id": "eni-0f24d6cfa1bd885a0",
            "private_dns": "ip-10-0-1-5.eu-central-1.compute.internal",
            "private_dns_name_options": [
              {
                "enable_resource_name_dns_a_record": false,
                "enable_resource_name_dns_aaaa_record": false,
                "hostname_type": "ip-name"
              }
            ],
            "private_ip": "10.0.1.5",
            "public_dns": "",
            "public_ip": "",
            "root_block_device": [
              {
                "delete_on_termination": true,
                "device_name": "/dev/sda1",
                "encrypted": false,
                "iops": 100,
                "kms_key_id": "",
                "tags": {},
                "throughput": 0,
                "volume_id": "vol-09f182816ad0c32f3",
                "volume_size": 8,
                "volume_type": "gp2"
              }
            ],
            "secondary_private_ips": [],
            "security_groups": [],
            "source_dest_check": true,
            "spot_instance_request_id": "",
            "subnet_id": "subnet-0e983b967ae8ddb9d",
            "tags": {
              "kubernetes.io/cluster/kubernetes": "owned"
            },
            "tags_all": {
              "kubernetes.io/cluster/kubernetes": "owned"
            },
            "tenancy": "default",
            "timeouts": null,
            "user_data": null,
            "user_data_base64": null,
            "user_data_replace_on_change": false,
            "volume_tags": null,
            "vpc_security_group_ids": [
              "sg-01897f4b8ebaf04c1"
            ]
          },
          "sensitive_attributes": [],
          "private": "eyJlMmJmYjczMC1lY2FhLTExZTYtOGY4OC0zNDM2M2JjN2M0YzAiOnsiY3JlYXRlIjo2MDAwMDAwMDAwMDAsImRlbGV0ZSI6MTIwMDAwMDAwMDAwMCwidXBkYXRlIjo2MDAwMDAwMDAwMDB9LCJzY2hlbWFfdmVyc2lvbiI6IjEifQ==",
          "dependencies": [
            "aws_iam_instance_profile.kubernetes-cluster-ec2-instance-profile",
            "aws_iam_role.kubernetes-master-node-role1",
            "aws_key_pair.kubernets-ec2-key-pair",
            "aws_security_group.kubernetes-cluster-security-group",
            "aws_subnet.kubernetes-vpc-public-subnet",
            "aws_vpc.kubernetes-vpc",
            "tls_private_key.kubernetes-managment-key-pair"
          ]
        }
      ]
    },
    {
      "mode": "managed",
      "type": "aws_internet_gateway",
      "name": "kubernetes-vpc-internet-gateway",
      "provider": "provider[\"registry.terraform.io/hashicorp/aws\"]",
      "instances": [
        {
          "schema_version": 0,
          "attributes": {
            "arn": "arn:aws:ec2:eu-central-1:750353367788:internet-gateway/igw-03e6e34306e64def2",
            "id": "igw-03e6e34306e64def2",
            "owner_id": "750353367788",
            "tags": {
              "kubernetes.io/cluster/kubernetes": "owned"
            },
            "tags_all": {
              "kubernetes.io/cluster/kubernetes": "owned"
            },
            "timeouts": null,
            "vpc_id": "vpc-0126c322fee71dfa7"
          },
          "sensitive_attributes": [],
          "private": "eyJlMmJmYjczMC1lY2FhLTExZTYtOGY4OC0zNDM2M2JjN2M0YzAiOnsiY3JlYXRlIjoxMjAwMDAwMDAwMDAwLCJkZWxldGUiOjEyMDAwMDAwMDAwMDAsInVwZGF0ZSI6MTIwMDAwMDAwMDAwMH19",
          "dependencies": [
            "aws_vpc.kubernetes-vpc"
          ]
        }
      ]
    },
    {
      "mode": "managed",
      "type": "aws_key_pair",
      "name": "kubernets-ec2-key-pair",
      "provider": "provider[\"registry.terraform.io/hashicorp/aws\"]",
      "instances": [
        {
          "schema_version": 1,
          "attributes": {
            "arn": "arn:aws:ec2:eu-central-1:750353367788:key-pair/kubernetes-managment-key-pair",
            "fingerprint": "d4:e6:23:47:7a:47:ba:7c:28:94:bc:74:51:32:35:2c",
            "id": "kubernetes-managment-key-pair",
            "key_name": "kubernetes-managment-key-pair",
            "key_name_prefix": "",
            "key_pair_id": "key-05e7d0e802ba4ee9c",
            "key_type": "rsa",
            "public_key": "ssh-rsa AAAAB3NzaC1yc2EAAAADAQABAAABAQCmm2sLO4Fy6zDSz6Oaobm4CZtKBaOSbmWdsSPB3IxyhfdM12xXJrh9AmfzL4/MBCT0JLqmqbHa4GBjmne/BFP8wslooOLz9j1mz5847O4kdw7HGrD1We8zg/T4msrzXqEai/frEHqQTjSZ444Hu0vdLr1Gh5L9XI579BxZvG9KegYZ6IZZ3Pefppis5v9p2PhvHPh10H0HaTc+s3lGOvYlphyZICrYq8jsduHLouNiyW+Bd/NWb5BP6jvmqKJdNYukG+XrGp6X61OFSikzsrLAjzoqpy1D1IUdhPeOQRXegkUS2x9FPoSKnDXm2KM/aj7R+BI2c0knXlPBp4ql9UFL",
            "tags": null,
            "tags_all": {}
          },
          "sensitive_attributes": [],
          "private": "eyJzY2hlbWFfdmVyc2lvbiI6IjEifQ==",
          "dependencies": [
            "tls_private_key.kubernetes-managment-key-pair"
          ]
        }
      ]
    },
    {
      "mode": "managed",
      "type": "aws_route_table",
      "name": "kubernetes-vpc-route-table",
      "provider": "provider[\"registry.terraform.io/hashicorp/aws\"]",
      "instances": [
        {
          "schema_version": 0,
          "attributes": {
            "arn": "arn:aws:ec2:eu-central-1:750353367788:route-table/rtb-08c0c71719e9b0fe7",
            "id": "rtb-08c0c71719e9b0fe7",
            "owner_id": "750353367788",
            "propagating_vgws": [],
            "route": [
              {
                "carrier_gateway_id": "",
                "cidr_block": "0.0.0.0/0",
                "core_network_arn": "",
                "destination_prefix_list_id": "",
                "egress_only_gateway_id": "",
                "gateway_id": "igw-03e6e34306e64def2",
                "ipv6_cidr_block": "",
                "local_gateway_id": "",
                "nat_gateway_id": "",
                "network_interface_id": "",
                "transit_gateway_id": "",
                "vpc_endpoint_id": "",
                "vpc_peering_connection_id": ""
              }
            ],
            "tags": {
              "kubernetes.io/cluster/kubernetes": "owned"
            },
            "tags_all": {
              "kubernetes.io/cluster/kubernetes": "owned"
            },
            "timeouts": null,
            "vpc_id": "vpc-0126c322fee71dfa7"
          },
          "sensitive_attributes": [],
          "private": "eyJlMmJmYjczMC1lY2FhLTExZTYtOGY4OC0zNDM2M2JjN2M0YzAiOnsiY3JlYXRlIjozMDAwMDAwMDAwMDAsImRlbGV0ZSI6MzAwMDAwMDAwMDAwLCJ1cGRhdGUiOjEyMDAwMDAwMDAwMH19",
          "dependencies": [
            "aws_internet_gateway.kubernetes-vpc-internet-gateway",
            "aws_vpc.kubernetes-vpc"
          ]
        }
      ]
    },
    {
      "mode": "managed",
      "type": "aws_route_table_association",
      "name": "kubernetes-vpc-route-table-associate-to-public-subnets",
      "provider": "provider[\"registry.terraform.io/hashicorp/aws\"]",
      "instances": [
        {
          "schema_version": 0,
          "attributes": {
            "gateway_id": "",
            "id": "rtbassoc-0afebc27eeda98c8d",
            "route_table_id": "rtb-08c0c71719e9b0fe7",
            "subnet_id": "subnet-0e983b967ae8ddb9d",
            "timeouts": null
          },
          "sensitive_attributes": [],
          "private": "eyJlMmJmYjczMC1lY2FhLTExZTYtOGY4OC0zNDM2M2JjN2M0YzAiOnsiY3JlYXRlIjozMDAwMDAwMDAwMDAsImRlbGV0ZSI6MzAwMDAwMDAwMDAwLCJ1cGRhdGUiOjEyMDAwMDAwMDAwMH19",
          "dependencies": [
            "aws_internet_gateway.kubernetes-vpc-internet-gateway",
            "aws_route_table.kubernetes-vpc-route-table",
            "aws_subnet.kubernetes-vpc-public-subnet",
            "aws_vpc.kubernetes-vpc"
          ]
        }
      ]
    },
    {
      "mode": "managed",
      "type": "aws_security_group",
      "name": "kubernetes-cluster-security-group",
      "provider": "provider[\"registry.terraform.io/hashicorp/aws\"]",
      "instances": [
        {
          "schema_version": 1,
          "attributes": {
            "arn": "arn:aws:ec2:eu-central-1:750353367788:security-group/sg-01897f4b8ebaf04c1",
            "description": "Allow the Kuberntes cluster to communicate internally and to be managed externally",
            "egress": [],
            "id": "sg-01897f4b8ebaf04c1",
            "ingress": [],
            "name": "kubernetes-cluster-security-group",
            "name_prefix": "",
            "owner_id": "750353367788",
            "revoke_rules_on_delete": false,
            "tags": {
              "kubernetes.io/cluster/kubernetes": "owned"
            },
            "tags_all": {
              "kubernetes.io/cluster/kubernetes": "owned"
            },
            "timeouts": null,
            "vpc_id": "vpc-0126c322fee71dfa7"
          },
          "sensitive_attributes": [],
          "private": "eyJlMmJmYjczMC1lY2FhLTExZTYtOGY4OC0zNDM2M2JjN2M0YzAiOnsiY3JlYXRlIjo2MDAwMDAwMDAwMDAsImRlbGV0ZSI6OTAwMDAwMDAwMDAwfSwic2NoZW1hX3ZlcnNpb24iOiIxIn0=",
          "dependencies": [
            "aws_vpc.kubernetes-vpc"
          ]
        }
      ]
    },
    {
      "mode": "managed",
      "type": "aws_subnet",
      "name": "kubernetes-vpc-public-subnet",
      "provider": "provider[\"registry.terraform.io/hashicorp/aws\"]",
      "instances": [
        {
          "schema_version": 1,
          "attributes": {
            "arn": "arn:aws:ec2:eu-central-1:750353367788:subnet/subnet-0e983b967ae8ddb9d",
            "assign_ipv6_address_on_creation": false,
            "availability_zone": "eu-central-1a",
            "availability_zone_id": "euc1-az2",
            "cidr_block": "10.0.1.0/24",
            "customer_owned_ipv4_pool": "",
            "enable_dns64": false,
            "enable_lni_at_device_index": 0,
            "enable_resource_name_dns_a_record_on_launch": false,
            "enable_resource_name_dns_aaaa_record_on_launch": false,
            "id": "subnet-0e983b967ae8ddb9d",
            "ipv6_cidr_block": "",
            "ipv6_cidr_block_association_id": "",
            "ipv6_native": false,
            "map_customer_owned_ip_on_launch": false,
            "map_public_ip_on_launch": false,
            "outpost_arn": "",
            "owner_id": "750353367788",
            "private_dns_hostname_type_on_launch": "ip-name",
            "tags": {
              "kubernetes.io/cluster/kubernetes": "owned"
            },
            "tags_all": {
              "kubernetes.io/cluster/kubernetes": "owned"
            },
            "timeouts": null,
            "vpc_id": "vpc-0126c322fee71dfa7"
          },
          "sensitive_attributes": [],
          "private": "eyJlMmJmYjczMC1lY2FhLTExZTYtOGY4OC0zNDM2M2JjN2M0YzAiOnsiY3JlYXRlIjo2MDAwMDAwMDAwMDAsImRlbGV0ZSI6MTIwMDAwMDAwMDAwMH0sInNjaGVtYV92ZXJzaW9uIjoiMSJ9",
          "dependencies": [
            "aws_vpc.kubernetes-vpc"
          ]
        }
      ]
    },
    {
      "mode": "managed",
      "type": "aws_vpc",
      "name": "kubernetes-vpc",
      "provider": "provider[\"registry.terraform.io/hashicorp/aws\"]",
      "instances": [
        {
          "schema_version": 1,
          "attributes": {
            "arn": "arn:aws:ec2:eu-central-1:750353367788:vpc/vpc-0126c322fee71dfa7",
            "assign_generated_ipv6_cidr_block": false,
            "cidr_block": "10.0.0.0/16",
            "default_network_acl_id": "acl-0d67da02589e9bdb6",
            "default_route_table_id": "rtb-03a716d3c037cdb83",
            "default_security_group_id": "sg-00553ac4aec29f65b",
            "dhcp_options_id": "dopt-0e9da1acacc25594b",
            "enable_dns_hostnames": false,
            "enable_dns_support": true,
            "enable_network_address_usage_metrics": false,
            "id": "vpc-0126c322fee71dfa7",
            "instance_tenancy": "default",
            "ipv4_ipam_pool_id": null,
            "ipv4_netmask_length": null,
            "ipv6_association_id": "",
            "ipv6_cidr_block": "",
            "ipv6_cidr_block_network_border_group": "",
            "ipv6_ipam_pool_id": "",
            "ipv6_netmask_length": 0,
            "main_route_table_id": "rtb-03a716d3c037cdb83",
            "owner_id": "750353367788",
            "tags": {
              "kubernetes.io/cluster/kubernetes": "owned"
            },
            "tags_all": {
              "kubernetes.io/cluster/kubernetes": "owned"
            }
          },
          "sensitive_attributes": [],
          "private": "eyJzY2hlbWFfdmVyc2lvbiI6IjEifQ=="
        }
      ]
    },
    {
      "mode": "managed",
      "type": "aws_vpc_security_group_egress_rule",
      "name": "OutboundSecurityGroupAllowAllPublicTraffic",
      "provider": "provider[\"registry.terraform.io/hashicorp/aws\"]",
      "instances": [
        {
          "schema_version": 0,
          "attributes": {
            "arn": "arn:aws:ec2:eu-central-1:750353367788:security-group-rule/sgr-00a2e5d793801118a",
            "cidr_ipv4": "0.0.0.0/0",
            "cidr_ipv6": null,
            "description": null,
            "from_port": null,
            "id": "sgr-00a2e5d793801118a",
            "ip_protocol": "-1",
            "prefix_list_id": null,
            "referenced_security_group_id": null,
            "security_group_id": "sg-01897f4b8ebaf04c1",
            "security_group_rule_id": "sgr-00a2e5d793801118a",
            "tags": null,
            "tags_all": {},
            "to_port": null
          },
          "sensitive_attributes": [],
          "dependencies": [
            "aws_security_group.kubernetes-cluster-security-group",
            "aws_vpc.kubernetes-vpc"
          ]
        }
      ]
    },
    {
      "mode": "managed",
      "type": "aws_vpc_security_group_ingress_rule",
      "name": "InboundSecurityGroupAllowAllPrivateTraffic",
      "provider": "provider[\"registry.terraform.io/hashicorp/aws\"]",
      "instances": [
        {
          "schema_version": 0,
          "attributes": {
            "arn": "arn:aws:ec2:eu-central-1:750353367788:security-group-rule/sgr-036df85b567cc8d20",
            "cidr_ipv4": "10.0.0.0/16",
            "cidr_ipv6": null,
            "description": null,
            "from_port": null,
            "id": "sgr-036df85b567cc8d20",
            "ip_protocol": "-1",
            "prefix_list_id": null,
            "referenced_security_group_id": null,
            "security_group_id": "sg-01897f4b8ebaf04c1",
            "security_group_rule_id": "sgr-036df85b567cc8d20",
            "tags": null,
            "tags_all": {},
            "to_port": null
          },
          "sensitive_attributes": [],
          "dependencies": [
            "aws_security_group.kubernetes-cluster-security-group",
            "aws_vpc.kubernetes-vpc"
          ]
        }
      ]
    },
    {
      "mode": "managed",
      "type": "aws_vpc_security_group_ingress_rule",
      "name": "InboundSecurityGroupAllowAllPublicTraffic",
      "provider": "provider[\"registry.terraform.io/hashicorp/aws\"]",
      "instances": [
        {
          "index_key": 0,
          "schema_version": 0,
          "attributes": {
            "arn": "arn:aws:ec2:eu-central-1:750353367788:security-group-rule/sgr-05109e901e5a55200",
            "cidr_ipv4": "147.235.201.113/32",
            "cidr_ipv6": null,
            "description": null,
            "from_port": null,
            "id": "sgr-05109e901e5a55200",
            "ip_protocol": "-1",
            "prefix_list_id": null,
            "referenced_security_group_id": null,
            "security_group_id": "sg-01897f4b8ebaf04c1",
            "security_group_rule_id": "sgr-05109e901e5a55200",
            "tags": null,
            "tags_all": {},
            "to_port": null
          },
          "sensitive_attributes": [],
          "dependencies": [
            "aws_security_group.kubernetes-cluster-security-group",
            "aws_vpc.kubernetes-vpc",
            "data.http.MyPublicIp"
          ]
        }
      ]
    },
    {
      "mode": "managed",
      "type": "local_file",
      "name": "kubernetes-ec2-generated-public-key-file",
      "provider": "provider[\"registry.terraform.io/hashicorp/local\"]",
      "instances": [
        {
          "schema_version": 0,
          "attributes": {
            "content": "-----BEGIN RSA PRIVATE KEY-----\nMIIEogIBAAKCAQEApptrCzuBcusw0s+jmqG5uAmbSgWjkm5lnbEjwdyMcoX3TNds\nVya4fQJn8y+PzAQk9CS6pqmx2uBgY5p3vwRT/MLJaKDi8/Y9Zs+fOOzuJHcOxxqw\n9VnvM4P0+JrK816hGov36xB6kE40meOOB7tL3S69RoeS/VyOe/QcWbxvSnoGGeiG\nWdz3n6aYrOb/adj4bxz4ddB9B2k3PrN5Rjr2JaYcmSAq2KvI7Hbhy6LjYslvgXfz\nVm+QT+o75qiiXTWLpBvl6xqel+tThUopM7KywI86KqctQ9SFHYT3jkEV3oJFEtsf\nRT6Eipw15tijP2o+0fgSNnNJJ15TwaeKpfVBSwIDAQABAoIBAE0fSojTjdOlfV9I\nkMImtPK1N7YnMBW7lrxNYHD/59+nlddzLQqWuPXdJENVM+pLzNNbIS+/A75++P+C\nZIX+ueYaQON2/jfSN5Ac8eaG/qHQnv2ZpGqeq/Sb08000lef6VGBk0yzvxiHqx/F\nT1zS3YZQeXtpjKhNrQNB99GuQZImdO83LJqzTPbHSpF7eMjxrfVwwifgitLvAMW3\n8QORgbG+fhFE/5TGoQUtG+MCM8suZIOMBWRGSvaY9o7rDoKT/vEHh4yW8l5d0a3G\nwVzt8OFnfMA07KR93uhsMw67zuhM6rAB/+snYsEJUz3rinXCLrdYeNPquJVevdI8\nmvyiSAECgYEA0StYr2Mz+p/ScAXxEvD+9HXOX1LzQ7O+37qBP4jIo+abm2/cSMdD\njgrz34yd147njTirIEOpQdihynz+X5zmaMAlRagesrEbiYZqKOe76c39dJqADxtN\nZKKpdDy7gosJhlnHxFTiqd3LXj3PToUur5JV4tJb234PukeIxtjr1AECgYEAy+iY\nS/CLACNG4uJeHLQJHspfzsqf+Jlk/xU03FIyXy4wDJfcMQmqz9KiLiJPoLBP9XUO\nRBJDNjbqFyNkZPsja5aacmwo8yxI2z0sT0i86Bdd5hIo4frFDc+2613AF2NntSvR\nLCEHnO9lLDiJISPgtMutjw4w5EOnVEOppPs6JUsCgYAIqk4LPgXaPSK/p09cZIV7\nZSH+ivYu+NRQem5+TlFZkOUjZFfw3+hpiwSdXzruwinPjOhx9rudUbcqJ1F2bo6R\nClzA7P0QlAu6/8mIFkmPnwv/96KUfaIQKDjy6s0t1Eq5uSBwfr/BH8IcDl13OEc9\n2MccFXDev/Mw2WPOMRBcAQKBgDJcPdDzlcDw9X7vnYLFTENYhBUUojHJ4NHHMQkB\nHAO56pARqYZK9u7g/MEcJEJxiS38PQu+3u6y3Vndmdv+0p6t0XNVF0AHve63ywvB\n0TYZH03FSmeVgbmJhYnX26trF5/9NGoLtk+iKIClbejLbaH5c+ITBSw7MUZ0d5+R\nlKjFAoGAVMwhgN09SrbRqcl4CxiIOg28o9jgSvklPdXJAPqOCfGFSHQD53kk4wL1\nVXyqTkPwtCFSKV/4qeEZUvUuUAMh0QqrhMvMJLbIDljBeQskuXhuYcQKulCnCabU\nFU6vND4hFjqPP+U7B7AGZkFF+QIhDdoj0bOMNrRxn4yOeFIVwVs=\n-----END RSA PRIVATE KEY-----\n",
            "content_base64": null,
            "content_base64sha256": "U7R5aNQ60UmPua0KYuZZJ0RT8NcdX4aeAvS2e1SR6mg=",
            "content_base64sha512": "AgEdW3iXvBauVHfP7pl599iDs0nnQ9FiYqUNruyhrr41Suv66Ue6arw4SP7l5OqkX8kHlleowfXtIyKOehsN3g==",
            "content_md5": "3e459c05c8b1c721d73b63bcaa525dbd",
            "content_sha1": "db3ba13897cade747e5feec260c47ca9008ae1c4",
            "content_sha256": "53b47968d43ad1498fb9ad0a62e659274453f0d71d5f869e02f4b67b5491ea68",
            "content_sha512": "02011d5b7897bc16ae5477cfee9979f7d883b349e743d16262a50daeeca1aebe354aebfae947ba6abc3848fee5e4eaa45fc9079657a8c1f5ed23228e7a1b0dde",
            "directory_permission": "0777",
            "file_permission": "0777",
            "filename": "/Terraform/PrivateFiles/kubernetes-managment-key-pair-private.pem",
            "id": "db3ba13897cade747e5feec260c47ca9008ae1c4",
            "sensitive_content": null,
            "source": null
          },
          "sensitive_attributes": [
            [
              {
                "type": "get_attr",
                "value": "content"
              }
            ]
          ],
          "dependencies": [
            "tls_private_key.kubernetes-managment-key-pair"
          ]
        }
      ]
    },
    {
      "mode": "managed",
      "type": "tls_private_key",
      "name": "kubernetes-managment-key-pair",
      "provider": "provider[\"registry.terraform.io/hashicorp/tls\"]",
      "instances": [
        {
          "schema_version": 1,
          "attributes": {
            "algorithm": "RSA",
            "ecdsa_curve": "P224",
            "id": "fca89ba792a86f0f1f7462892c04e7375d8507f7",
            "private_key_openssh": "-----BEGIN OPENSSH PRIVATE KEY-----\nb3BlbnNzaC1rZXktdjEAAAAABG5vbmUAAAAEbm9uZQAAAAAAAAABAAABFwAAAAdz\nc2gtcnNhAAAAAwEAAQAAAQEApptrCzuBcusw0s+jmqG5uAmbSgWjkm5lnbEjwdyM\ncoX3TNdsVya4fQJn8y+PzAQk9CS6pqmx2uBgY5p3vwRT/MLJaKDi8/Y9Zs+fOOzu\nJHcOxxqw9VnvM4P0+JrK816hGov36xB6kE40meOOB7tL3S69RoeS/VyOe/QcWbxv\nSnoGGeiGWdz3n6aYrOb/adj4bxz4ddB9B2k3PrN5Rjr2JaYcmSAq2KvI7Hbhy6Lj\nYslvgXfzVm+QT+o75qiiXTWLpBvl6xqel+tThUopM7KywI86KqctQ9SFHYT3jkEV\n3oJFEtsfRT6Eipw15tijP2o+0fgSNnNJJ15TwaeKpfVBSwAAA7hFgUYxRYFGMQAA\nAAdzc2gtcnNhAAABAQCmm2sLO4Fy6zDSz6Oaobm4CZtKBaOSbmWdsSPB3IxyhfdM\n12xXJrh9AmfzL4/MBCT0JLqmqbHa4GBjmne/BFP8wslooOLz9j1mz5847O4kdw7H\nGrD1We8zg/T4msrzXqEai/frEHqQTjSZ444Hu0vdLr1Gh5L9XI579BxZvG9KegYZ\n6IZZ3Pefppis5v9p2PhvHPh10H0HaTc+s3lGOvYlphyZICrYq8jsduHLouNiyW+B\nd/NWb5BP6jvmqKJdNYukG+XrGp6X61OFSikzsrLAjzoqpy1D1IUdhPeOQRXegkUS\n2x9FPoSKnDXm2KM/aj7R+BI2c0knXlPBp4ql9UFLAAAAAwEAAQAAAQBNH0qI043T\npX1fSJDCJrTytTe2JzAVu5a8TWBw/+ffp5XXcy0Klrj13SRDVTPqS8zTWyEvvwO+\nfvj/gmSF/rnmGkDjdv430jeQHPHmhv6h0J79maRqnqv0m9PNNNJXn+lRgZNMs78Y\nh6sfxU9c0t2GUHl7aYyoTa0DQffRrkGSJnTvNyyas0z2x0qRe3jI8a31cMIn4IrS\n7wDFt/EDkYGxvn4RRP+UxqEFLRvjAjPLLmSDjAVkRkr2mPaO6w6Ck/7xB4eMlvJe\nXdGtxsFc7fDhZ3zANOykfd7obDMOu87oTOqwAf/rJ2LBCVM964p1wi63WHjT6riV\nXr3SPJr8okgBAAAAgFTMIYDdPUq20anJeAsYiDoNvKPY4Er5JT3VyQD6jgnxhUh0\nA+d5JOMC9VV8qk5D8LQhUilf+KnhGVL1LlADIdEKq4TLzCS2yA5YwXkLJLl4bmHE\nCrpQpwmm1BVOrzQ+IRY6jz/lOwewBmZBRfkCIQ3aI9GzjDa0cZ+MjnhSFcFbAAAA\ngQDRK1ivYzP6n9JwBfES8P70dc5fUvNDs77fuoE/iMij5pubb9xIx0OOCvPfjJ3X\njueNOKsgQ6lB2KHKfP5fnOZowCVFqB6ysRuJhmoo57vpzf10moAPG01koql0PLuC\niwmGWcfEVOKp3ctePc9OhS6vklXi0lvbfg+6R4jG2OvUAQAAAIEAy+iYS/CLACNG\n4uJeHLQJHspfzsqf+Jlk/xU03FIyXy4wDJfcMQmqz9KiLiJPoLBP9XUORBJDNjbq\nFyNkZPsja5aacmwo8yxI2z0sT0i86Bdd5hIo4frFDc+2613AF2NntSvRLCEHnO9l\nLDiJISPgtMutjw4w5EOnVEOppPs6JUsAAAAAAQID\n-----END OPENSSH PRIVATE KEY-----\n",
            "private_key_pem": "-----BEGIN RSA PRIVATE KEY-----\nMIIEogIBAAKCAQEApptrCzuBcusw0s+jmqG5uAmbSgWjkm5lnbEjwdyMcoX3TNds\nVya4fQJn8y+PzAQk9CS6pqmx2uBgY5p3vwRT/MLJaKDi8/Y9Zs+fOOzuJHcOxxqw\n9VnvM4P0+JrK816hGov36xB6kE40meOOB7tL3S69RoeS/VyOe/QcWbxvSnoGGeiG\nWdz3n6aYrOb/adj4bxz4ddB9B2k3PrN5Rjr2JaYcmSAq2KvI7Hbhy6LjYslvgXfz\nVm+QT+o75qiiXTWLpBvl6xqel+tThUopM7KywI86KqctQ9SFHYT3jkEV3oJFEtsf\nRT6Eipw15tijP2o+0fgSNnNJJ15TwaeKpfVBSwIDAQABAoIBAE0fSojTjdOlfV9I\nkMImtPK1N7YnMBW7lrxNYHD/59+nlddzLQqWuPXdJENVM+pLzNNbIS+/A75++P+C\nZIX+ueYaQON2/jfSN5Ac8eaG/qHQnv2ZpGqeq/Sb08000lef6VGBk0yzvxiHqx/F\nT1zS3YZQeXtpjKhNrQNB99GuQZImdO83LJqzTPbHSpF7eMjxrfVwwifgitLvAMW3\n8QORgbG+fhFE/5TGoQUtG+MCM8suZIOMBWRGSvaY9o7rDoKT/vEHh4yW8l5d0a3G\nwVzt8OFnfMA07KR93uhsMw67zuhM6rAB/+snYsEJUz3rinXCLrdYeNPquJVevdI8\nmvyiSAECgYEA0StYr2Mz+p/ScAXxEvD+9HXOX1LzQ7O+37qBP4jIo+abm2/cSMdD\njgrz34yd147njTirIEOpQdihynz+X5zmaMAlRagesrEbiYZqKOe76c39dJqADxtN\nZKKpdDy7gosJhlnHxFTiqd3LXj3PToUur5JV4tJb234PukeIxtjr1AECgYEAy+iY\nS/CLACNG4uJeHLQJHspfzsqf+Jlk/xU03FIyXy4wDJfcMQmqz9KiLiJPoLBP9XUO\nRBJDNjbqFyNkZPsja5aacmwo8yxI2z0sT0i86Bdd5hIo4frFDc+2613AF2NntSvR\nLCEHnO9lLDiJISPgtMutjw4w5EOnVEOppPs6JUsCgYAIqk4LPgXaPSK/p09cZIV7\nZSH+ivYu+NRQem5+TlFZkOUjZFfw3+hpiwSdXzruwinPjOhx9rudUbcqJ1F2bo6R\nClzA7P0QlAu6/8mIFkmPnwv/96KUfaIQKDjy6s0t1Eq5uSBwfr/BH8IcDl13OEc9\n2MccFXDev/Mw2WPOMRBcAQKBgDJcPdDzlcDw9X7vnYLFTENYhBUUojHJ4NHHMQkB\nHAO56pARqYZK9u7g/MEcJEJxiS38PQu+3u6y3Vndmdv+0p6t0XNVF0AHve63ywvB\n0TYZH03FSmeVgbmJhYnX26trF5/9NGoLtk+iKIClbejLbaH5c+ITBSw7MUZ0d5+R\nlKjFAoGAVMwhgN09SrbRqcl4CxiIOg28o9jgSvklPdXJAPqOCfGFSHQD53kk4wL1\nVXyqTkPwtCFSKV/4qeEZUvUuUAMh0QqrhMvMJLbIDljBeQskuXhuYcQKulCnCabU\nFU6vND4hFjqPP+U7B7AGZkFF+QIhDdoj0bOMNrRxn4yOeFIVwVs=\n-----END RSA PRIVATE KEY-----\n",
            "private_key_pem_pkcs8": "-----BEGIN PRIVATE KEY-----\nMIIEvAIBADANBgkqhkiG9w0BAQEFAASCBKYwggSiAgEAAoIBAQCmm2sLO4Fy6zDS\nz6Oaobm4CZtKBaOSbmWdsSPB3IxyhfdM12xXJrh9AmfzL4/MBCT0JLqmqbHa4GBj\nmne/BFP8wslooOLz9j1mz5847O4kdw7HGrD1We8zg/T4msrzXqEai/frEHqQTjSZ\n444Hu0vdLr1Gh5L9XI579BxZvG9KegYZ6IZZ3Pefppis5v9p2PhvHPh10H0HaTc+\ns3lGOvYlphyZICrYq8jsduHLouNiyW+Bd/NWb5BP6jvmqKJdNYukG+XrGp6X61OF\nSikzsrLAjzoqpy1D1IUdhPeOQRXegkUS2x9FPoSKnDXm2KM/aj7R+BI2c0knXlPB\np4ql9UFLAgMBAAECggEATR9KiNON06V9X0iQwia08rU3ticwFbuWvE1gcP/n36eV\n13MtCpa49d0kQ1Uz6kvM01shL78Dvn74/4Jkhf655hpA43b+N9I3kBzx5ob+odCe\n/Zmkap6r9JvTzTTSV5/pUYGTTLO/GIerH8VPXNLdhlB5e2mMqE2tA0H30a5BkiZ0\n7zcsmrNM9sdKkXt4yPGt9XDCJ+CK0u8AxbfxA5GBsb5+EUT/lMahBS0b4wIzyy5k\ng4wFZEZK9pj2jusOgpP+8QeHjJbyXl3RrcbBXO3w4Wd8wDTspH3e6GwzDrvO6Ezq\nsAH/6ydiwQlTPeuKdcIut1h40+q4lV690jya/KJIAQKBgQDRK1ivYzP6n9JwBfES\n8P70dc5fUvNDs77fuoE/iMij5pubb9xIx0OOCvPfjJ3XjueNOKsgQ6lB2KHKfP5f\nnOZowCVFqB6ysRuJhmoo57vpzf10moAPG01koql0PLuCiwmGWcfEVOKp3ctePc9O\nhS6vklXi0lvbfg+6R4jG2OvUAQKBgQDL6JhL8IsAI0bi4l4ctAkeyl/Oyp/4mWT/\nFTTcUjJfLjAMl9wxCarP0qIuIk+gsE/1dQ5EEkM2NuoXI2Rk+yNrlppybCjzLEjb\nPSxPSLzoF13mEijh+sUNz7brXcAXY2e1K9EsIQec72UsOIkhI+C0y62PDjDkQ6dU\nQ6mk+zolSwKBgAiqTgs+Bdo9Ir+nT1xkhXtlIf6K9i741FB6bn5OUVmQ5SNkV/Df\n6GmLBJ1fOu7CKc+M6HH2u51RtyonUXZujpEKXMDs/RCUC7r/yYgWSY+fC//3opR9\nohAoOPLqzS3USrm5IHB+v8EfwhwOXXc4Rz3YxxwVcN6/8zDZY84xEFwBAoGAMlw9\n0POVwPD1fu+dgsVMQ1iEFRSiMcng0ccxCQEcA7nqkBGphkr27uD8wRwkQnGJLfw9\nC77e7rLdWd2Z2/7Snq3Rc1UXQAe97rfLC8HRNhkfTcVKZ5WBuYmFidfbq2sXn/00\nagu2T6IogKVt6Mttoflz4hMFLDsxRnR3n5GUqMUCgYBUzCGA3T1KttGpyXgLGIg6\nDbyj2OBK+SU91ckA+o4J8YVIdAPneSTjAvVVfKpOQ/C0IVIpX/ip4RlS9S5QAyHR\nCquEy8wktsgOWMF5CyS5eG5hxAq6UKcJptQVTq80PiEWOo8/5TsHsAZmQUX5AiEN\n2iPRs4w2tHGfjI54UhXBWw==\n-----END PRIVATE KEY-----\n",
            "public_key_fingerprint_md5": "4b:1a:82:7b:cb:26:04:b6:51:10:a1:f8:ec:77:c5:6c",
            "public_key_fingerprint_sha256": "SHA256:OJhMp1vzjdYSRlIHc/RSRNqygj2OazIwz05TTNGmdv4",
            "public_key_openssh": "ssh-rsa AAAAB3NzaC1yc2EAAAADAQABAAABAQCmm2sLO4Fy6zDSz6Oaobm4CZtKBaOSbmWdsSPB3IxyhfdM12xXJrh9AmfzL4/MBCT0JLqmqbHa4GBjmne/BFP8wslooOLz9j1mz5847O4kdw7HGrD1We8zg/T4msrzXqEai/frEHqQTjSZ444Hu0vdLr1Gh5L9XI579BxZvG9KegYZ6IZZ3Pefppis5v9p2PhvHPh10H0HaTc+s3lGOvYlphyZICrYq8jsduHLouNiyW+Bd/NWb5BP6jvmqKJdNYukG+XrGp6X61OFSikzsrLAjzoqpy1D1IUdhPeOQRXegkUS2x9FPoSKnDXm2KM/aj7R+BI2c0knXlPBp4ql9UFL\n",
            "public_key_pem": "-----BEGIN PUBLIC KEY-----\nMIIBIjANBgkqhkiG9w0BAQEFAAOCAQ8AMIIBCgKCAQEApptrCzuBcusw0s+jmqG5\nuAmbSgWjkm5lnbEjwdyMcoX3TNdsVya4fQJn8y+PzAQk9CS6pqmx2uBgY5p3vwRT\n/MLJaKDi8/Y9Zs+fOOzuJHcOxxqw9VnvM4P0+JrK816hGov36xB6kE40meOOB7tL\n3S69RoeS/VyOe/QcWbxvSnoGGeiGWdz3n6aYrOb/adj4bxz4ddB9B2k3PrN5Rjr2\nJaYcmSAq2KvI7Hbhy6LjYslvgXfzVm+QT+o75qiiXTWLpBvl6xqel+tThUopM7Ky\nwI86KqctQ9SFHYT3jkEV3oJFEtsfRT6Eipw15tijP2o+0fgSNnNJJ15TwaeKpfVB\nSwIDAQAB\n-----END PUBLIC KEY-----\n",
            "rsa_bits": 2048
          },
          "sensitive_attributes": []
        }
      ]
    }
  ]
}
