{
  "version": 4,
  "terraform_version": "1.0.7",
  "serial": 211,
  "lineage": "70fe86f9-3c36-9f14-0f1e-99f83fd959ca",
  "outputs": {
    "ec2_global_kubernetes_ips": {
      "value": "",
      "type": "string"
    }
  },
  "resources": [
    {
      "mode": "data",
      "type": "http",
      "name": "MyPublicIp",
      "provider": "provider[\"registry.terraform.io/hashicorp/http\"]",
      "instances": [
        {
          "schema_version": 0,
          "attributes": {
            "body": "147.235.201.113\n",
            "ca_cert_pem": null,
            "id": "https://ipv4.icanhazip.com",
            "insecure": null,
            "method": null,
            "request_body": null,
            "request_headers": null,
            "request_timeout_ms": null,
            "response_body": "147.235.201.113\n",
            "response_body_base64": "MTQ3LjIzNS4yMDEuMTEzCg==",
            "response_headers": {
              "Access-Control-Allow-Methods": "GET",
              "Access-Control-Allow-Origin": "*",
              "Alt-Svc": "h3=\":443\"; ma=86400",
              "Cf-Ray": "8622b8cceb91e3cb-TLV",
              "Content-Length": "16",
              "Content-Type": "text/plain",
              "Date": "Sun, 10 Mar 2024 10:46:36 GMT",
              "Server": "cloudflare",
              "Set-Cookie": "__cf_bm=NZ8g9h1AjRjyvLXmMWC0_4se6OTJu2QJz.w.Rm36HxM-1710067596-1.0.1.1-GZhHBYo60O8ALM6HZ_7fEJx9Y3B05nzQC8DCD3ft0ojceLhKp8L1gqiNXvMjPN8VGNNYooR_U37OPVW2iw2hkA; path=/; expires=Sun, 10-Mar-24 11:16:36 GMT; domain=.icanhazip.com; HttpOnly; Secure; SameSite=None",
              "Vary": "Accept-Encoding"
            },
            "retry": null,
            "status_code": 200,
            "url": "https://ipv4.icanhazip.com"
          },
          "sensitive_attributes": []
        }
      ]
    },
    {
      "mode": "managed",
      "type": "aws_eip",
      "name": "kubernetes-cluster-ec2-elastic-ip",
      "provider": "provider[\"registry.terraform.io/hashicorp/aws\"]",
      "instances": [
        {
          "schema_version": 0,
          "attributes": {
            "address": null,
            "allocation_id": "eipalloc-0a7396d3f3cf6e114",
            "associate_with_private_ip": null,
            "association_id": "eipassoc-083cf6fcd9f2b9fb9",
            "carrier_ip": "",
            "customer_owned_ip": "",
            "customer_owned_ipv4_pool": "",
            "domain": "vpc",
            "id": "eipalloc-0a7396d3f3cf6e114",
            "instance": "i-06d25a33b94a5d0bc",
            "network_border_group": "eu-central-1",
            "network_interface": "eni-00053f0f1fbc57e8e",
            "private_dns": "ip-10-0-1-247.eu-central-1.compute.internal",
            "private_ip": "10.0.1.247",
            "public_dns": "ec2-3-75-119-48.eu-central-1.compute.amazonaws.com",
            "public_ip": "3.75.119.48",
            "public_ipv4_pool": "amazon",
            "tags": {
              "kubernetes.io/cluster/kubernetes": "owned"
            },
            "tags_all": {
              "kubernetes.io/cluster/kubernetes": "owned"
            },
            "timeouts": null,
            "vpc": true
          },
          "sensitive_attributes": [],
          "private": "eyJlMmJmYjczMC1lY2FhLTExZTYtOGY4OC0zNDM2M2JjN2M0YzAiOnsiZGVsZXRlIjoxODAwMDAwMDAwMDAsInJlYWQiOjkwMDAwMDAwMDAwMCwidXBkYXRlIjozMDAwMDAwMDAwMDB9fQ==",
          "dependencies": [
            "aws_iam_instance_profile.kubernetes-cluster-ec2-instance-profile",
            "aws_iam_role.kubernetes-master-node-role1",
            "aws_instance.kubernetes-cluster-ec2",
            "aws_key_pair.kubernets-ec2-key-pair",
            "aws_security_group.kubernetes-cluster-security-group",
            "aws_subnet.kubernetes-vpc-public-subnet",
            "aws_vpc.kubernetes-vpc",
            "tls_private_key.kubernetes-managment-key-pair"
          ]
        }
      ]
    },
    {
      "mode": "managed",
      "type": "aws_iam_instance_profile",
      "name": "kubernetes-cluster-ec2-instance-profile",
      "provider": "provider[\"registry.terraform.io/hashicorp/aws\"]",
      "instances": [
        {
          "schema_version": 0,
          "attributes": {
            "arn": "arn:aws:iam::750353367788:instance-profile/kubernetes-cluster-ec2-instance-profile",
            "create_date": "2024-03-10T10:46:53Z",
            "id": "kubernetes-cluster-ec2-instance-profile",
            "name": "kubernetes-cluster-ec2-instance-profile",
            "name_prefix": "",
            "path": "/",
            "role": "kubernetes-master-node-role1",
            "tags": null,
            "tags_all": {},
            "unique_id": "AIPA25NELYLWKTRCZC6QC"
          },
          "sensitive_attributes": [],
          "private": "bnVsbA==",
          "dependencies": [
            "aws_iam_role.kubernetes-master-node-role1"
          ]
        }
      ]
    },
    {
      "mode": "managed",
      "type": "aws_iam_policy",
      "name": "kubernetes-master-node-policy1",
      "provider": "provider[\"registry.terraform.io/hashicorp/aws\"]",
      "instances": [
        {
          "schema_version": 0,
          "attributes": {
            "arn": "arn:aws:iam::750353367788:policy/kubernetes-master-node-policy1",
            "description": "",
            "id": "arn:aws:iam::750353367788:policy/kubernetes-master-node-policy1",
            "name": "kubernetes-master-node-policy1",
            "name_prefix": "",
            "path": "/",
            "policy": "{\"Statement\":[{\"Action\":[\"autoscaling:DescribeAutoScalingGroups\",\"autoscaling:DescribeLaunchConfigurations\",\"autoscaling:DescribeTags\",\"ec2:DescribeInstances\",\"ec2:DescribeRegions\",\"ec2:DescribeRouteTables\",\"ec2:DescribeSecurityGroups\",\"ec2:DescribeSubnets\",\"ec2:DescribeVolumes\",\"ec2:CreateSecurityGroup\",\"ec2:CreateTags\",\"ec2:CreateVolume\",\"ec2:ModifyInstanceAttribute\",\"ec2:ModifyVolume\",\"ec2:AttachVolume\",\"ec2:AuthorizeSecurityGroupIngress\",\"ec2:CreateRoute\",\"ec2:DeleteRoute\",\"ec2:DeleteSecurityGroup\",\"ec2:DeleteVolume\",\"ec2:DetachVolume\",\"ec2:RevokeSecurityGroupIngress\",\"ec2:DescribeVpcs\",\"elasticloadbalancing:AddTags\",\"elasticloadbalancing:AttachLoadBalancerToSubnets\",\"elasticloadbalancing:ApplySecurityGroupsToLoadBalancer\",\"elasticloadbalancing:CreateLoadBalancer\",\"elasticloadbalancing:CreateLoadBalancerPolicy\",\"elasticloadbalancing:CreateLoadBalancerListeners\",\"elasticloadbalancing:ConfigureHealthCheck\",\"elasticloadbalancing:DeleteLoadBalancer\",\"elasticloadbalancing:DeleteLoadBalancerListeners\",\"elasticloadbalancing:DescribeLoadBalancers\",\"elasticloadbalancing:DescribeLoadBalancerAttributes\",\"elasticloadbalancing:DetachLoadBalancerFromSubnets\",\"elasticloadbalancing:DeregisterInstancesFromLoadBalancer\",\"elasticloadbalancing:ModifyLoadBalancerAttributes\",\"elasticloadbalancing:RegisterInstancesWithLoadBalancer\",\"elasticloadbalancing:SetLoadBalancerPoliciesForBackendServer\",\"elasticloadbalancing:AddTags\",\"elasticloadbalancing:CreateListener\",\"elasticloadbalancing:CreateTargetGroup\",\"elasticloadbalancing:DeleteListener\",\"elasticloadbalancing:DeleteTargetGroup\",\"elasticloadbalancing:DescribeListeners\",\"elasticloadbalancing:DescribeLoadBalancerPolicies\",\"elasticloadbalancing:DescribeTargetGroups\",\"elasticloadbalancing:DescribeTargetHealth\",\"elasticloadbalancing:ModifyListener\",\"elasticloadbalancing:ModifyTargetGroup\",\"elasticloadbalancing:RegisterTargets\",\"elasticloadbalancing:SetLoadBalancerPoliciesOfListener\",\"iam:CreateServiceLinkedRole\",\"kms:DescribeKey\"],\"Effect\":\"Allow\",\"Resource\":[\"*\"]}],\"Version\":\"2012-10-17\"}",
            "policy_id": "ANPA25NELYLWPGGQXEW3T",
            "tags": {
              "kubernetes.io/cluster/kubernetes": "owned"
            },
            "tags_all": {
              "kubernetes.io/cluster/kubernetes": "owned"
            }
          },
          "sensitive_attributes": [],
          "private": "bnVsbA=="
        }
      ]
    },
    {
      "mode": "managed",
      "type": "aws_iam_policy",
      "name": "kubernetes-worker-node-policy1",
      "provider": "provider[\"registry.terraform.io/hashicorp/aws\"]",
      "instances": [
        {
          "schema_version": 0,
          "attributes": {
            "arn": "arn:aws:iam::750353367788:policy/kubernetes-worker-node-policy1",
            "description": "",
            "id": "arn:aws:iam::750353367788:policy/kubernetes-worker-node-policy1",
            "name": "kubernetes-worker-node-policy1",
            "name_prefix": "",
            "path": "/",
            "policy": "{\"Statement\":[{\"Action\":[\"ec2:DescribeInstances\",\"ec2:DescribeRegions\",\"ecr:GetAuthorizationToken\",\"ecr:BatchCheckLayerAvailability\",\"ecr:GetDownloadUrlForLayer\",\"ecr:GetRepositoryPolicy\",\"ecr:DescribeRepositories\",\"ecr:ListImages\",\"ecr:BatchGetImage\"],\"Effect\":\"Allow\",\"Resource\":\"*\"}],\"Version\":\"2012-10-17\"}",
            "policy_id": "ANPA25NELYLWOHEQR5QSQ",
            "tags": {
              "kubernetes.io/cluster/kubernetes": "owned"
            },
            "tags_all": {
              "kubernetes.io/cluster/kubernetes": "owned"
            }
          },
          "sensitive_attributes": [],
          "private": "bnVsbA=="
        }
      ]
    },
    {
      "mode": "managed",
      "type": "aws_iam_policy_attachment",
      "name": "kubernetes-master-node-role-policy-attachment-master-policy",
      "provider": "provider[\"registry.terraform.io/hashicorp/aws\"]",
      "instances": [
        {
          "schema_version": 0,
          "attributes": {
            "groups": null,
            "id": "kubernetes-master-node-role-policy-attachment-master-policy",
            "name": "kubernetes-master-node-role-policy-attachment-master-policy",
            "policy_arn": "arn:aws:iam::750353367788:policy/kubernetes-master-node-policy1",
            "roles": [
              "kubernetes-master-node-role1"
            ],
            "users": null
          },
          "sensitive_attributes": [],
          "private": "bnVsbA==",
          "dependencies": [
            "aws_iam_policy.kubernetes-master-node-policy1",
            "aws_iam_role.kubernetes-master-node-role1"
          ]
        }
      ]
    },
    {
      "mode": "managed",
      "type": "aws_iam_policy_attachment",
      "name": "kubernetes-master-node-role-policy-attachment-worker-policy",
      "provider": "provider[\"registry.terraform.io/hashicorp/aws\"]",
      "instances": [
        {
          "schema_version": 0,
          "attributes": {
            "groups": null,
            "id": "kubernetes-master-node-role-policy-attachment-worker-policy",
            "name": "kubernetes-master-node-role-policy-attachment-worker-policy",
            "policy_arn": "arn:aws:iam::750353367788:policy/kubernetes-worker-node-policy1",
            "roles": [
              "kubernetes-master-node-role1"
            ],
            "users": null
          },
          "sensitive_attributes": [],
          "private": "bnVsbA==",
          "dependencies": [
            "aws_iam_policy.kubernetes-worker-node-policy1",
            "aws_iam_role.kubernetes-master-node-role1"
          ]
        }
      ]
    },
    {
      "mode": "managed",
      "type": "aws_iam_role",
      "name": "kubernetes-master-node-role1",
      "provider": "provider[\"registry.terraform.io/hashicorp/aws\"]",
      "instances": [
        {
          "schema_version": 0,
          "attributes": {
            "arn": "arn:aws:iam::750353367788:role/kubernetes-master-node-role1",
            "assume_role_policy": "{\"Statement\":[{\"Action\":\"sts:AssumeRole\",\"Effect\":\"Allow\",\"Principal\":{\"Service\":\"ec2.amazonaws.com\"}}],\"Version\":\"2012-10-17\"}",
            "create_date": "2024-03-10T10:46:52Z",
            "description": "",
            "force_detach_policies": false,
            "id": "kubernetes-master-node-role1",
            "inline_policy": [],
            "managed_policy_arns": [],
            "max_session_duration": 3600,
            "name": "kubernetes-master-node-role1",
            "name_prefix": "",
            "path": "/",
            "permissions_boundary": "",
            "tags": {
              "kubernetes.io/cluster/kubernetes": "owned"
            },
            "tags_all": {
              "kubernetes.io/cluster/kubernetes": "owned"
            },
            "unique_id": "AROA25NELYLWHBYUQQKCZ"
          },
          "sensitive_attributes": [],
          "private": "bnVsbA=="
        }
      ]
    },
    {
      "mode": "managed",
      "type": "aws_instance",
      "name": "kubernetes-cluster-ec2",
      "provider": "provider[\"registry.terraform.io/hashicorp/aws\"]",
      "instances": [
        {
          "schema_version": 1,
          "attributes": {
            "ami": "ami-0faab6bdbac9486fb",
            "arn": "arn:aws:ec2:eu-central-1:750353367788:instance/i-06d25a33b94a5d0bc",
            "associate_public_ip_address": false,
            "availability_zone": "eu-central-1b",
            "capacity_reservation_specification": [
              {
                "capacity_reservation_preference": "open",
                "capacity_reservation_target": []
              }
            ],
            "cpu_core_count": 1,
            "cpu_options": [
              {
                "amd_sev_snp": "",
                "core_count": 1,
                "threads_per_core": 2
              }
            ],
            "cpu_threads_per_core": 2,
            "credit_specification": [
              {
                "cpu_credits": "unlimited"
              }
            ],
            "disable_api_stop": false,
            "disable_api_termination": false,
            "ebs_block_device": [],
            "ebs_optimized": false,
            "enclave_options": [
              {
                "enabled": false
              }
            ],
            "ephemeral_block_device": [],
            "get_password_data": false,
            "hibernation": false,
            "host_id": "",
            "host_resource_group_arn": null,
            "iam_instance_profile": "kubernetes-cluster-ec2-instance-profile",
            "id": "i-06d25a33b94a5d0bc",
            "instance_initiated_shutdown_behavior": "stop",
            "instance_lifecycle": "",
            "instance_market_options": [],
            "instance_state": "running",
            "instance_type": "t3.medium",
            "ipv6_address_count": 0,
            "ipv6_addresses": [],
            "key_name": "kubernetes-managment-key-pair",
            "launch_template": [],
            "maintenance_options": [
              {
                "auto_recovery": "default"
              }
            ],
            "metadata_options": [
              {
                "http_endpoint": "enabled",
                "http_protocol_ipv6": "disabled",
                "http_put_response_hop_limit": 1,
                "http_tokens": "optional",
                "instance_metadata_tags": "disabled"
              }
            ],
            "monitoring": false,
            "network_interface": [],
            "outpost_arn": "",
            "password_data": "",
            "placement_group": "",
            "placement_partition_number": 0,
            "primary_network_interface_id": "eni-00053f0f1fbc57e8e",
            "private_dns": "ip-10-0-1-247.eu-central-1.compute.internal",
            "private_dns_name_options": [
              {
                "enable_resource_name_dns_a_record": false,
                "enable_resource_name_dns_aaaa_record": false,
                "hostname_type": "ip-name"
              }
            ],
            "private_ip": "10.0.1.247",
            "public_dns": "",
            "public_ip": "",
            "root_block_device": [
              {
                "delete_on_termination": true,
                "device_name": "/dev/sda1",
                "encrypted": false,
                "iops": 100,
                "kms_key_id": "",
                "tags": {},
                "tags_all": {},
                "throughput": 0,
                "volume_id": "vol-020c1e2ab9bb24e35",
                "volume_size": 8,
                "volume_type": "gp2"
              }
            ],
            "secondary_private_ips": [],
            "security_groups": [],
            "source_dest_check": true,
            "spot_instance_request_id": "",
            "subnet_id": "subnet-0897b807df957db0b",
            "tags": {
              "kubernetes.io/cluster/kubernetes": "owned"
            },
            "tags_all": {
              "kubernetes.io/cluster/kubernetes": "owned"
            },
            "tenancy": "default",
            "timeouts": null,
            "user_data": null,
            "user_data_base64": null,
            "user_data_replace_on_change": false,
            "volume_tags": null,
            "vpc_security_group_ids": [
              "sg-0783b806b64bf9ad3"
            ]
          },
          "sensitive_attributes": [],
          "private": "eyJlMmJmYjczMC1lY2FhLTExZTYtOGY4OC0zNDM2M2JjN2M0YzAiOnsiY3JlYXRlIjo2MDAwMDAwMDAwMDAsImRlbGV0ZSI6MTIwMDAwMDAwMDAwMCwicmVhZCI6OTAwMDAwMDAwMDAwLCJ1cGRhdGUiOjYwMDAwMDAwMDAwMH0sInNjaGVtYV92ZXJzaW9uIjoiMSJ9",
          "dependencies": [
            "aws_iam_instance_profile.kubernetes-cluster-ec2-instance-profile",
            "aws_iam_role.kubernetes-master-node-role1",
            "aws_key_pair.kubernets-ec2-key-pair",
            "aws_security_group.kubernetes-cluster-security-group",
            "aws_subnet.kubernetes-vpc-public-subnet",
            "aws_vpc.kubernetes-vpc",
            "tls_private_key.kubernetes-managment-key-pair"
          ]
        }
      ]
    },
    {
      "mode": "managed",
      "type": "aws_internet_gateway",
      "name": "kubernetes-vpc-internet-gateway",
      "provider": "provider[\"registry.terraform.io/hashicorp/aws\"]",
      "instances": [
        {
          "schema_version": 0,
          "attributes": {
            "arn": "arn:aws:ec2:eu-central-1:750353367788:internet-gateway/igw-008cc03a5e17052ec",
            "id": "igw-008cc03a5e17052ec",
            "owner_id": "750353367788",
            "tags": {
              "kubernetes.io/cluster/kubernetes": "owned"
            },
            "tags_all": {
              "kubernetes.io/cluster/kubernetes": "owned"
            },
            "timeouts": null,
            "vpc_id": "vpc-03e1a58df9274ff56"
          },
          "sensitive_attributes": [],
          "private": "eyJlMmJmYjczMC1lY2FhLTExZTYtOGY4OC0zNDM2M2JjN2M0YzAiOnsiY3JlYXRlIjoxMjAwMDAwMDAwMDAwLCJkZWxldGUiOjEyMDAwMDAwMDAwMDAsInVwZGF0ZSI6MTIwMDAwMDAwMDAwMH19",
          "dependencies": [
            "aws_vpc.kubernetes-vpc"
          ]
        }
      ]
    },
    {
      "mode": "managed",
      "type": "aws_key_pair",
      "name": "kubernets-ec2-key-pair",
      "provider": "provider[\"registry.terraform.io/hashicorp/aws\"]",
      "instances": [
        {
          "schema_version": 1,
          "attributes": {
            "arn": "arn:aws:ec2:eu-central-1:750353367788:key-pair/kubernetes-managment-key-pair",
            "fingerprint": "84:54:3a:6c:12:0c:9f:43:ec:c6:87:15:97:2c:f5:19",
            "id": "kubernetes-managment-key-pair",
            "key_name": "kubernetes-managment-key-pair",
            "key_name_prefix": "",
            "key_pair_id": "key-05f29e215001695f2",
            "key_type": "rsa",
            "public_key": "ssh-rsa AAAAB3NzaC1yc2EAAAADAQABAAABAQDh/J0ZhppzCrBRu2olslYD65tSiqYy9wIgBJIBLEijM20+8V5g1EkeLdKpJj4qIgrIuWIMJJP0JoX5YHwQ/cyXfy41BGnlxtSBgrHq/JmkezT9JY9u5FeyZOc4lg5C9b7a1clu/1Nf5aVaUoPGAp+s/jgDUPNO06coXehYasuQ2uWAlWR28CSqo290G8YulSPK6h0CIumsb+onma5auJ7UA7iLh7fPJeIr2oFoQlYAv+D3wQGeiVwh8Y4Pnlm6Y60Q7BO6bomROkPNtQhXk1yWGsbT+JWlSTrE8T7Qe2FPIQ0eu/o+/s++zM4WdW1D8lH/+fYR1Ap2qdAnBpIqZum/",
            "tags": null,
            "tags_all": {}
          },
          "sensitive_attributes": [],
          "private": "eyJzY2hlbWFfdmVyc2lvbiI6IjEifQ==",
          "dependencies": [
            "tls_private_key.kubernetes-managment-key-pair"
          ]
        }
      ]
    },
    {
      "mode": "managed",
      "type": "aws_route_table",
      "name": "kubernetes-vpc-route-table",
      "provider": "provider[\"registry.terraform.io/hashicorp/aws\"]",
      "instances": [
        {
          "schema_version": 0,
          "attributes": {
            "arn": "arn:aws:ec2:eu-central-1:750353367788:route-table/rtb-08637e4b64aa2aa1f",
            "id": "rtb-08637e4b64aa2aa1f",
            "owner_id": "750353367788",
            "propagating_vgws": [],
            "route": [
              {
                "carrier_gateway_id": "",
                "cidr_block": "0.0.0.0/0",
                "core_network_arn": "",
                "destination_prefix_list_id": "",
                "egress_only_gateway_id": "",
                "gateway_id": "igw-008cc03a5e17052ec",
                "ipv6_cidr_block": "",
                "local_gateway_id": "",
                "nat_gateway_id": "",
                "network_interface_id": "",
                "transit_gateway_id": "",
                "vpc_endpoint_id": "",
                "vpc_peering_connection_id": ""
              }
            ],
            "tags": {
              "kubernetes.io/cluster/kubernetes": "owned"
            },
            "tags_all": {
              "kubernetes.io/cluster/kubernetes": "owned"
            },
            "timeouts": null,
            "vpc_id": "vpc-03e1a58df9274ff56"
          },
          "sensitive_attributes": [],
          "private": "eyJlMmJmYjczMC1lY2FhLTExZTYtOGY4OC0zNDM2M2JjN2M0YzAiOnsiY3JlYXRlIjozMDAwMDAwMDAwMDAsImRlbGV0ZSI6MzAwMDAwMDAwMDAwLCJ1cGRhdGUiOjEyMDAwMDAwMDAwMH19",
          "dependencies": [
            "aws_internet_gateway.kubernetes-vpc-internet-gateway",
            "aws_vpc.kubernetes-vpc"
          ]
        }
      ]
    },
    {
      "mode": "managed",
      "type": "aws_route_table_association",
      "name": "kubernetes-vpc-route-table-associate-to-public-subnets",
      "provider": "provider[\"registry.terraform.io/hashicorp/aws\"]",
      "instances": [
        {
          "schema_version": 0,
          "attributes": {
            "gateway_id": "",
            "id": "rtbassoc-0299e660871d6ee3c",
            "route_table_id": "rtb-08637e4b64aa2aa1f",
            "subnet_id": "subnet-0897b807df957db0b",
            "timeouts": null
          },
          "sensitive_attributes": [],
          "private": "eyJlMmJmYjczMC1lY2FhLTExZTYtOGY4OC0zNDM2M2JjN2M0YzAiOnsiY3JlYXRlIjozMDAwMDAwMDAwMDAsImRlbGV0ZSI6MzAwMDAwMDAwMDAwLCJ1cGRhdGUiOjEyMDAwMDAwMDAwMH19",
          "dependencies": [
            "aws_internet_gateway.kubernetes-vpc-internet-gateway",
            "aws_route_table.kubernetes-vpc-route-table",
            "aws_subnet.kubernetes-vpc-public-subnet",
            "aws_vpc.kubernetes-vpc"
          ]
        }
      ]
    },
    {
      "mode": "managed",
      "type": "aws_security_group",
      "name": "kubernetes-cluster-security-group",
      "provider": "provider[\"registry.terraform.io/hashicorp/aws\"]",
      "instances": [
        {
          "schema_version": 1,
          "attributes": {
            "arn": "arn:aws:ec2:eu-central-1:750353367788:security-group/sg-0783b806b64bf9ad3",
            "description": "Allow the Kuberntes cluster to communicate internally and to be managed externally",
            "egress": [],
            "id": "sg-0783b806b64bf9ad3",
            "ingress": [],
            "name": "kubernetes-cluster-security-group",
            "name_prefix": "",
            "owner_id": "750353367788",
            "revoke_rules_on_delete": false,
            "tags": {
              "kubernetes.io/cluster/kubernetes": "owned"
            },
            "tags_all": {
              "kubernetes.io/cluster/kubernetes": "owned"
            },
            "timeouts": null,
            "vpc_id": "vpc-03e1a58df9274ff56"
          },
          "sensitive_attributes": [],
          "private": "eyJlMmJmYjczMC1lY2FhLTExZTYtOGY4OC0zNDM2M2JjN2M0YzAiOnsiY3JlYXRlIjo2MDAwMDAwMDAwMDAsImRlbGV0ZSI6OTAwMDAwMDAwMDAwfSwic2NoZW1hX3ZlcnNpb24iOiIxIn0=",
          "dependencies": [
            "aws_vpc.kubernetes-vpc"
          ]
        }
      ]
    },
    {
      "mode": "managed",
      "type": "aws_subnet",
      "name": "kubernetes-vpc-public-subnet",
      "provider": "provider[\"registry.terraform.io/hashicorp/aws\"]",
      "instances": [
        {
          "schema_version": 1,
          "attributes": {
            "arn": "arn:aws:ec2:eu-central-1:750353367788:subnet/subnet-0897b807df957db0b",
            "assign_ipv6_address_on_creation": false,
            "availability_zone": "eu-central-1b",
            "availability_zone_id": "euc1-az3",
            "cidr_block": "10.0.1.0/24",
            "customer_owned_ipv4_pool": "",
            "enable_dns64": false,
            "enable_lni_at_device_index": 0,
            "enable_resource_name_dns_a_record_on_launch": false,
            "enable_resource_name_dns_aaaa_record_on_launch": false,
            "id": "subnet-0897b807df957db0b",
            "ipv6_cidr_block": "",
            "ipv6_cidr_block_association_id": "",
            "ipv6_native": false,
            "map_customer_owned_ip_on_launch": false,
            "map_public_ip_on_launch": false,
            "outpost_arn": "",
            "owner_id": "750353367788",
            "private_dns_hostname_type_on_launch": "ip-name",
            "tags": {
              "kubernetes.io/cluster/kubernetes": "owned"
            },
            "tags_all": {
              "kubernetes.io/cluster/kubernetes": "owned"
            },
            "timeouts": null,
            "vpc_id": "vpc-03e1a58df9274ff56"
          },
          "sensitive_attributes": [],
          "private": "eyJlMmJmYjczMC1lY2FhLTExZTYtOGY4OC0zNDM2M2JjN2M0YzAiOnsiY3JlYXRlIjo2MDAwMDAwMDAwMDAsImRlbGV0ZSI6MTIwMDAwMDAwMDAwMH0sInNjaGVtYV92ZXJzaW9uIjoiMSJ9",
          "dependencies": [
            "aws_vpc.kubernetes-vpc"
          ]
        }
      ]
    },
    {
      "mode": "managed",
      "type": "aws_vpc",
      "name": "kubernetes-vpc",
      "provider": "provider[\"registry.terraform.io/hashicorp/aws\"]",
      "instances": [
        {
          "schema_version": 1,
          "attributes": {
            "arn": "arn:aws:ec2:eu-central-1:750353367788:vpc/vpc-03e1a58df9274ff56",
            "assign_generated_ipv6_cidr_block": false,
            "cidr_block": "10.0.0.0/16",
            "default_network_acl_id": "acl-062a47c0600be54f4",
            "default_route_table_id": "rtb-0e0ecbb9e9d991e2f",
            "default_security_group_id": "sg-05f8f7f24a7a06ef0",
            "dhcp_options_id": "dopt-0e9da1acacc25594b",
            "enable_dns_hostnames": false,
            "enable_dns_support": true,
            "enable_network_address_usage_metrics": false,
            "id": "vpc-03e1a58df9274ff56",
            "instance_tenancy": "default",
            "ipv4_ipam_pool_id": null,
            "ipv4_netmask_length": null,
            "ipv6_association_id": "",
            "ipv6_cidr_block": "",
            "ipv6_cidr_block_network_border_group": "",
            "ipv6_ipam_pool_id": "",
            "ipv6_netmask_length": 0,
            "main_route_table_id": "rtb-0e0ecbb9e9d991e2f",
            "owner_id": "750353367788",
            "tags": {
              "kubernetes.io/cluster/kubernetes": "owned"
            },
            "tags_all": {
              "kubernetes.io/cluster/kubernetes": "owned"
            }
          },
          "sensitive_attributes": [],
          "private": "eyJzY2hlbWFfdmVyc2lvbiI6IjEifQ=="
        }
      ]
    },
    {
      "mode": "managed",
      "type": "aws_vpc_security_group_egress_rule",
      "name": "OutboundSecurityGroupAllowAllPublicTraffic",
      "provider": "provider[\"registry.terraform.io/hashicorp/aws\"]",
      "instances": [
        {
          "schema_version": 0,
          "attributes": {
            "arn": "arn:aws:ec2:eu-central-1:750353367788:security-group-rule/sgr-0e4f1fa8665b1b496",
            "cidr_ipv4": "0.0.0.0/0",
            "cidr_ipv6": null,
            "description": null,
            "from_port": null,
            "id": "sgr-0e4f1fa8665b1b496",
            "ip_protocol": "-1",
            "prefix_list_id": null,
            "referenced_security_group_id": null,
            "security_group_id": "sg-0783b806b64bf9ad3",
            "security_group_rule_id": "sgr-0e4f1fa8665b1b496",
            "tags": null,
            "tags_all": {},
            "to_port": null
          },
          "sensitive_attributes": [],
          "dependencies": [
            "aws_security_group.kubernetes-cluster-security-group",
            "aws_vpc.kubernetes-vpc"
          ]
        }
      ]
    },
    {
      "mode": "managed",
      "type": "aws_vpc_security_group_ingress_rule",
      "name": "InboundSecurityGroupAllowAllPrivateTraffic",
      "provider": "provider[\"registry.terraform.io/hashicorp/aws\"]",
      "instances": [
        {
          "schema_version": 0,
          "attributes": {
            "arn": "arn:aws:ec2:eu-central-1:750353367788:security-group-rule/sgr-04c65df62f28eb2ab",
            "cidr_ipv4": "10.0.0.0/16",
            "cidr_ipv6": null,
            "description": null,
            "from_port": null,
            "id": "sgr-04c65df62f28eb2ab",
            "ip_protocol": "-1",
            "prefix_list_id": null,
            "referenced_security_group_id": null,
            "security_group_id": "sg-0783b806b64bf9ad3",
            "security_group_rule_id": "sgr-04c65df62f28eb2ab",
            "tags": null,
            "tags_all": {},
            "to_port": null
          },
          "sensitive_attributes": [],
          "dependencies": [
            "aws_security_group.kubernetes-cluster-security-group",
            "aws_vpc.kubernetes-vpc"
          ]
        }
      ]
    },
    {
      "mode": "managed",
      "type": "aws_vpc_security_group_ingress_rule",
      "name": "InboundSecurityGroupAllowAllPublicTraffic",
      "provider": "provider[\"registry.terraform.io/hashicorp/aws\"]",
      "instances": [
        {
          "index_key": 0,
          "schema_version": 0,
          "attributes": {
            "arn": "arn:aws:ec2:eu-central-1:750353367788:security-group-rule/sgr-0b21a43c8d84b1e5a",
            "cidr_ipv4": "147.235.201.113/32",
            "cidr_ipv6": null,
            "description": null,
            "from_port": null,
            "id": "sgr-0b21a43c8d84b1e5a",
            "ip_protocol": "-1",
            "prefix_list_id": null,
            "referenced_security_group_id": null,
            "security_group_id": "sg-0783b806b64bf9ad3",
            "security_group_rule_id": "sgr-0b21a43c8d84b1e5a",
            "tags": null,
            "tags_all": {},
            "to_port": null
          },
          "sensitive_attributes": [],
          "dependencies": [
            "aws_security_group.kubernetes-cluster-security-group",
            "aws_vpc.kubernetes-vpc",
            "data.http.MyPublicIp"
          ]
        }
      ]
    },
    {
      "mode": "managed",
      "type": "local_file",
      "name": "kubernetes-ec2-generated-public-key-file",
      "provider": "provider[\"registry.terraform.io/hashicorp/local\"]",
      "instances": [
        {
          "schema_version": 0,
          "attributes": {
            "content": "-----BEGIN RSA PRIVATE KEY-----\nMIIEpAIBAAKCAQEA4fydGYaacwqwUbtqJbJWA+ubUoqmMvcCIASSASxIozNtPvFe\nYNRJHi3SqSY+KiIKyLliDCST9CaF+WB8EP3Ml38uNQRp5cbUgYKx6vyZpHs0/SWP\nbuRXsmTnOJYOQvW+2tXJbv9TX+WlWlKDxgKfrP44A1DzTtOnKF3oWGrLkNrlgJVk\ndvAkqqNvdBvGLpUjyuodAiLprG/qJ5muWrie1AO4i4e3zyXiK9qBaEJWAL/g98EB\nnolcIfGOD55ZumOtEOwTum6JkTpDzbUIV5NclhrG0/iVpUk6xPE+0HthTyENHrv6\nPv7PvszOFnVtQ/JR//n2EdQKdqnQJwaSKmbpvwIDAQABAoIBAQCg2YQcYhFW5vm/\nAw23jSrqGW3xn1xSlDv//CDMEvAUsYsFrRlHBHKSt3zlBqJirN5OJp1iFTr2IeFk\nMce89FkGT/DcraqOcSpakGMA5hCZ4VRDBtQD0yWUhXuKbEv0XyQccOSyS6vVawh5\ntJe0fbOXl07ZFWpI5h9pfQXewQzpqX4aOmXe21XDjh9nzoDn21IvSR8kCKGbEdNy\n43T1WjaeHKvN147PS3FakxZrTAQGZgj4QOc6+0s3RkmKbkaKt19fxx6lamiet0tX\nFMIOc1sfHiGOoc3cc47N1pZYRPyHZULp+DyIJ3dRtkOid3pgLVlwEJDESVtf2mFT\nhr5nOc9pAoGBAPNs8UZ0zri5qHXHar3jWkwrKhKYGwRh7/FaCtoWwccvadgvbM8e\nafM05zgV2q59njq18gvfliqaBbU4n6Ua84wOPh5crtUo7lLVwcNcuLvGwct0uaHY\n0zKan7iV4SwSOmvqipxUNHBMGI7gHQjfynffwoRKGyUtioLeZKRyA8urAoGBAO2p\nD5PmlcOwo61uB5zzme138Z3/Uqk56D8+TIpFfpPw3doAeDOrKZHX/W2miLIsVoTh\n/mEb2pm9bqkg4wH0Yzyw9ciPG5zNfw/bzThfbOLtVpiuojvIojQgsh+i8yzr40Za\nk0VAdtCmC/+ijVYFHZM5R8cadB22XkgQq7VpzCY9AoGAVJy9kPvxDwyZnbbfR3nL\nXUZzrVrpqTBRstbVhtD6Mj4s0FRLwgKUWVE+PaR7CsPnSAkORUpGbDB1Y3R3KXCg\nz0H0HaGhs74yeOCMJVgJblu76Ph9veAcKS7N7d9LEYKUhAZWf9hVEeOhdag472i6\ne8hvWIRZwyZ9Stf6q55l61kCgYBVB9/i8uUylsh5DJz8ssuoAvoXpXpVwboupoOM\nFUEsfUli7jgThHHjFHw/9w2Bcguij5kL9YNI7lXhfTq7QE0hMc8+arVebMfBTMso\nGDxFFNWe2xyAd1BRhkE0wIBw2hT+3vlCFcZs8HvqgqY+2KW0PxJHUlepKc6hyhUl\nWy0HoQKBgQCUCLP0g+qPtqAgxLuqlyyQOo0FbB0Pcte33uur72OxvXyZacLXJtQO\nWiKSMxAwZZWGtyQ1oqSFVadV81Qla7n5gfyFPwlXy4WSJE7kOylm/sDkDIRghmwU\n9kvQeIGOyMi4b4igUB2gBotp+5ECb+FLfFPn6v74DSXgAxYWDGqNQw==\n-----END RSA PRIVATE KEY-----\n",
            "content_base64": null,
            "content_base64sha256": "6Kn9KycMs8/UFKutE0NYS/lrWy3inRgXd4WaIn5CK5Y=",
            "content_base64sha512": "PbbCJl3bFOMJ8nyHpn7W0P1cxKPc/AupGIFkoCztjsEE+KCSmBpRhuMLOogJTZBY8t6h/q52EBXmNLakhkyuhA==",
            "content_md5": "5fa311d01fe6dd3501fedab7cdf3213f",
            "content_sha1": "897367d9cf473910739e599da61fa413dc558370",
            "content_sha256": "e8a9fd2b270cb3cfd414abad1343584bf96b5b2de29d181777859a227e422b96",
            "content_sha512": "3db6c2265ddb14e309f27c87a67ed6d0fd5cc4a3dcfc0ba9188164a02ced8ec104f8a092981a5186e30b3a88094d9058f2dea1feae761015e634b6a4864cae84",
            "directory_permission": "0777",
            "file_permission": "0777",
            "filename": "/Terraform/SSHPEMfile/kubernetes-managment-key-pair-private.pem",
            "id": "897367d9cf473910739e599da61fa413dc558370",
            "sensitive_content": null,
            "source": null
          },
          "sensitive_attributes": [
            [
              {
                "type": "get_attr",
                "value": "content"
              }
            ]
          ],
          "dependencies": [
            "tls_private_key.kubernetes-managment-key-pair"
          ]
        }
      ]
    },
    {
      "mode": "managed",
      "type": "tls_private_key",
      "name": "kubernetes-managment-key-pair",
      "provider": "provider[\"registry.terraform.io/hashicorp/tls\"]",
      "instances": [
        {
          "schema_version": 1,
          "attributes": {
            "algorithm": "RSA",
            "ecdsa_curve": "P224",
            "id": "a1d4cc645dfc5add7686208e2138f687a470bf15",
            "private_key_openssh": "-----BEGIN OPENSSH PRIVATE KEY-----\nb3BlbnNzaC1rZXktdjEAAAAABG5vbmUAAAAEbm9uZQAAAAAAAAABAAABFwAAAAdz\nc2gtcnNhAAAAAwEAAQAAAQEA4fydGYaacwqwUbtqJbJWA+ubUoqmMvcCIASSASxI\nozNtPvFeYNRJHi3SqSY+KiIKyLliDCST9CaF+WB8EP3Ml38uNQRp5cbUgYKx6vyZ\npHs0/SWPbuRXsmTnOJYOQvW+2tXJbv9TX+WlWlKDxgKfrP44A1DzTtOnKF3oWGrL\nkNrlgJVkdvAkqqNvdBvGLpUjyuodAiLprG/qJ5muWrie1AO4i4e3zyXiK9qBaEJW\nAL/g98EBnolcIfGOD55ZumOtEOwTum6JkTpDzbUIV5NclhrG0/iVpUk6xPE+0Hth\nTyENHrv6Pv7PvszOFnVtQ/JR//n2EdQKdqnQJwaSKmbpvwAAA7j45ORW+OTkVgAA\nAAdzc2gtcnNhAAABAQDh/J0ZhppzCrBRu2olslYD65tSiqYy9wIgBJIBLEijM20+\n8V5g1EkeLdKpJj4qIgrIuWIMJJP0JoX5YHwQ/cyXfy41BGnlxtSBgrHq/JmkezT9\nJY9u5FeyZOc4lg5C9b7a1clu/1Nf5aVaUoPGAp+s/jgDUPNO06coXehYasuQ2uWA\nlWR28CSqo290G8YulSPK6h0CIumsb+onma5auJ7UA7iLh7fPJeIr2oFoQlYAv+D3\nwQGeiVwh8Y4Pnlm6Y60Q7BO6bomROkPNtQhXk1yWGsbT+JWlSTrE8T7Qe2FPIQ0e\nu/o+/s++zM4WdW1D8lH/+fYR1Ap2qdAnBpIqZum/AAAAAwEAAQAAAQEAoNmEHGIR\nVub5vwMNt40q6hlt8Z9cUpQ7//wgzBLwFLGLBa0ZRwRykrd85QaiYqzeTiadYhU6\n9iHhZDHHvPRZBk/w3K2qjnEqWpBjAOYQmeFUQwbUA9MllIV7imxL9F8kHHDkskur\n1WsIebSXtH2zl5dO2RVqSOYfaX0F3sEM6al+Gjpl3ttVw44fZ86A59tSL0kfJAih\nmxHTcuN09Vo2nhyrzdeOz0txWpMWa0wEBmYI+EDnOvtLN0ZJim5GirdfX8cepWpo\nnrdLVxTCDnNbHx4hjqHN3HOOzdaWWET8h2VC6fg8iCd3UbZDond6YC1ZcBCQxElb\nX9phU4a+ZznPaQAAAIEAlAiz9IPqj7agIMS7qpcskDqNBWwdD3LXt97rq+9jsb18\nmWnC1ybUDloikjMQMGWVhrckNaKkhVWnVfNUJWu5+YH8hT8JV8uFkiRO5DspZv7A\n5AyEYIZsFPZL0HiBjsjIuG+IoFAdoAaLafuRAm/hS3xT5+r++A0l4AMWFgxqjUMA\nAACBAPNs8UZ0zri5qHXHar3jWkwrKhKYGwRh7/FaCtoWwccvadgvbM8eafM05zgV\n2q59njq18gvfliqaBbU4n6Ua84wOPh5crtUo7lLVwcNcuLvGwct0uaHY0zKan7iV\n4SwSOmvqipxUNHBMGI7gHQjfynffwoRKGyUtioLeZKRyA8urAAAAgQDtqQ+T5pXD\nsKOtbgec85ntd/Gd/1KpOeg/PkyKRX6T8N3aAHgzqymR1/1tpoiyLFaE4f5hG9qZ\nvW6pIOMB9GM8sPXIjxuczX8P2804X2zi7VaYrqI7yKI0ILIfovMs6+NGWpNFQHbQ\npgv/oo1WBR2TOUfHGnQdtl5IEKu1acwmPQAAAAAB\n-----END OPENSSH PRIVATE KEY-----\n",
            "private_key_pem": "-----BEGIN RSA PRIVATE KEY-----\nMIIEpAIBAAKCAQEA4fydGYaacwqwUbtqJbJWA+ubUoqmMvcCIASSASxIozNtPvFe\nYNRJHi3SqSY+KiIKyLliDCST9CaF+WB8EP3Ml38uNQRp5cbUgYKx6vyZpHs0/SWP\nbuRXsmTnOJYOQvW+2tXJbv9TX+WlWlKDxgKfrP44A1DzTtOnKF3oWGrLkNrlgJVk\ndvAkqqNvdBvGLpUjyuodAiLprG/qJ5muWrie1AO4i4e3zyXiK9qBaEJWAL/g98EB\nnolcIfGOD55ZumOtEOwTum6JkTpDzbUIV5NclhrG0/iVpUk6xPE+0HthTyENHrv6\nPv7PvszOFnVtQ/JR//n2EdQKdqnQJwaSKmbpvwIDAQABAoIBAQCg2YQcYhFW5vm/\nAw23jSrqGW3xn1xSlDv//CDMEvAUsYsFrRlHBHKSt3zlBqJirN5OJp1iFTr2IeFk\nMce89FkGT/DcraqOcSpakGMA5hCZ4VRDBtQD0yWUhXuKbEv0XyQccOSyS6vVawh5\ntJe0fbOXl07ZFWpI5h9pfQXewQzpqX4aOmXe21XDjh9nzoDn21IvSR8kCKGbEdNy\n43T1WjaeHKvN147PS3FakxZrTAQGZgj4QOc6+0s3RkmKbkaKt19fxx6lamiet0tX\nFMIOc1sfHiGOoc3cc47N1pZYRPyHZULp+DyIJ3dRtkOid3pgLVlwEJDESVtf2mFT\nhr5nOc9pAoGBAPNs8UZ0zri5qHXHar3jWkwrKhKYGwRh7/FaCtoWwccvadgvbM8e\nafM05zgV2q59njq18gvfliqaBbU4n6Ua84wOPh5crtUo7lLVwcNcuLvGwct0uaHY\n0zKan7iV4SwSOmvqipxUNHBMGI7gHQjfynffwoRKGyUtioLeZKRyA8urAoGBAO2p\nD5PmlcOwo61uB5zzme138Z3/Uqk56D8+TIpFfpPw3doAeDOrKZHX/W2miLIsVoTh\n/mEb2pm9bqkg4wH0Yzyw9ciPG5zNfw/bzThfbOLtVpiuojvIojQgsh+i8yzr40Za\nk0VAdtCmC/+ijVYFHZM5R8cadB22XkgQq7VpzCY9AoGAVJy9kPvxDwyZnbbfR3nL\nXUZzrVrpqTBRstbVhtD6Mj4s0FRLwgKUWVE+PaR7CsPnSAkORUpGbDB1Y3R3KXCg\nz0H0HaGhs74yeOCMJVgJblu76Ph9veAcKS7N7d9LEYKUhAZWf9hVEeOhdag472i6\ne8hvWIRZwyZ9Stf6q55l61kCgYBVB9/i8uUylsh5DJz8ssuoAvoXpXpVwboupoOM\nFUEsfUli7jgThHHjFHw/9w2Bcguij5kL9YNI7lXhfTq7QE0hMc8+arVebMfBTMso\nGDxFFNWe2xyAd1BRhkE0wIBw2hT+3vlCFcZs8HvqgqY+2KW0PxJHUlepKc6hyhUl\nWy0HoQKBgQCUCLP0g+qPtqAgxLuqlyyQOo0FbB0Pcte33uur72OxvXyZacLXJtQO\nWiKSMxAwZZWGtyQ1oqSFVadV81Qla7n5gfyFPwlXy4WSJE7kOylm/sDkDIRghmwU\n9kvQeIGOyMi4b4igUB2gBotp+5ECb+FLfFPn6v74DSXgAxYWDGqNQw==\n-----END RSA PRIVATE KEY-----\n",
            "private_key_pem_pkcs8": "-----BEGIN PRIVATE KEY-----\nMIIEvgIBADANBgkqhkiG9w0BAQEFAASCBKgwggSkAgEAAoIBAQDh/J0ZhppzCrBR\nu2olslYD65tSiqYy9wIgBJIBLEijM20+8V5g1EkeLdKpJj4qIgrIuWIMJJP0JoX5\nYHwQ/cyXfy41BGnlxtSBgrHq/JmkezT9JY9u5FeyZOc4lg5C9b7a1clu/1Nf5aVa\nUoPGAp+s/jgDUPNO06coXehYasuQ2uWAlWR28CSqo290G8YulSPK6h0CIumsb+on\nma5auJ7UA7iLh7fPJeIr2oFoQlYAv+D3wQGeiVwh8Y4Pnlm6Y60Q7BO6bomROkPN\ntQhXk1yWGsbT+JWlSTrE8T7Qe2FPIQ0eu/o+/s++zM4WdW1D8lH/+fYR1Ap2qdAn\nBpIqZum/AgMBAAECggEBAKDZhBxiEVbm+b8DDbeNKuoZbfGfXFKUO//8IMwS8BSx\niwWtGUcEcpK3fOUGomKs3k4mnWIVOvYh4WQxx7z0WQZP8Nytqo5xKlqQYwDmEJnh\nVEMG1APTJZSFe4psS/RfJBxw5LJLq9VrCHm0l7R9s5eXTtkVakjmH2l9Bd7BDOmp\nfho6Zd7bVcOOH2fOgOfbUi9JHyQIoZsR03LjdPVaNp4cq83Xjs9LcVqTFmtMBAZm\nCPhA5zr7SzdGSYpuRoq3X1/HHqVqaJ63S1cUwg5zWx8eIY6hzdxzjs3WllhE/Idl\nQun4PIgnd1G2Q6J3emAtWXAQkMRJW1/aYVOGvmc5z2kCgYEA82zxRnTOuLmodcdq\nveNaTCsqEpgbBGHv8VoK2hbBxy9p2C9szx5p8zTnOBXarn2eOrXyC9+WKpoFtTif\npRrzjA4+Hlyu1SjuUtXBw1y4u8bBy3S5odjTMpqfuJXhLBI6a+qKnFQ0cEwYjuAd\nCN/Kd9/ChEobJS2Kgt5kpHIDy6sCgYEA7akPk+aVw7CjrW4HnPOZ7Xfxnf9SqTno\nPz5MikV+k/Dd2gB4M6spkdf9baaIsixWhOH+YRvamb1uqSDjAfRjPLD1yI8bnM1/\nD9vNOF9s4u1WmK6iO8iiNCCyH6LzLOvjRlqTRUB20KYL/6KNVgUdkzlHxxp0HbZe\nSBCrtWnMJj0CgYBUnL2Q+/EPDJmdtt9HectdRnOtWumpMFGy1tWG0PoyPizQVEvC\nApRZUT49pHsKw+dICQ5FSkZsMHVjdHcpcKDPQfQdoaGzvjJ44IwlWAluW7vo+H29\n4BwpLs3t30sRgpSEBlZ/2FUR46F1qDjvaLp7yG9YhFnDJn1K1/qrnmXrWQKBgFUH\n3+Ly5TKWyHkMnPyyy6gC+helelXBui6mg4wVQSx9SWLuOBOEceMUfD/3DYFyC6KP\nmQv1g0juVeF9OrtATSExzz5qtV5sx8FMyygYPEUU1Z7bHIB3UFGGQTTAgHDaFP7e\n+UIVxmzwe+qCpj7YpbQ/EkdSV6kpzqHKFSVbLQehAoGBAJQIs/SD6o+2oCDEu6qX\nLJA6jQVsHQ9y17fe66vvY7G9fJlpwtcm1A5aIpIzEDBllYa3JDWipIVVp1XzVCVr\nufmB/IU/CVfLhZIkTuQ7KWb+wOQMhGCGbBT2S9B4gY7IyLhviKBQHaAGi2n7kQJv\n4Ut8U+fq/vgNJeADFhYMao1D\n-----END PRIVATE KEY-----\n",
            "public_key_fingerprint_md5": "f7:e7:35:24:a9:9f:5b:2f:ed:14:fc:20:16:be:7f:c3",
            "public_key_fingerprint_sha256": "SHA256:QaqTzDwCR1w2qo+d/UdZWhKHQNytOapXWV5meB8Kbvk",
            "public_key_openssh": "ssh-rsa AAAAB3NzaC1yc2EAAAADAQABAAABAQDh/J0ZhppzCrBRu2olslYD65tSiqYy9wIgBJIBLEijM20+8V5g1EkeLdKpJj4qIgrIuWIMJJP0JoX5YHwQ/cyXfy41BGnlxtSBgrHq/JmkezT9JY9u5FeyZOc4lg5C9b7a1clu/1Nf5aVaUoPGAp+s/jgDUPNO06coXehYasuQ2uWAlWR28CSqo290G8YulSPK6h0CIumsb+onma5auJ7UA7iLh7fPJeIr2oFoQlYAv+D3wQGeiVwh8Y4Pnlm6Y60Q7BO6bomROkPNtQhXk1yWGsbT+JWlSTrE8T7Qe2FPIQ0eu/o+/s++zM4WdW1D8lH/+fYR1Ap2qdAnBpIqZum/\n",
            "public_key_pem": "-----BEGIN PUBLIC KEY-----\nMIIBIjANBgkqhkiG9w0BAQEFAAOCAQ8AMIIBCgKCAQEA4fydGYaacwqwUbtqJbJW\nA+ubUoqmMvcCIASSASxIozNtPvFeYNRJHi3SqSY+KiIKyLliDCST9CaF+WB8EP3M\nl38uNQRp5cbUgYKx6vyZpHs0/SWPbuRXsmTnOJYOQvW+2tXJbv9TX+WlWlKDxgKf\nrP44A1DzTtOnKF3oWGrLkNrlgJVkdvAkqqNvdBvGLpUjyuodAiLprG/qJ5muWrie\n1AO4i4e3zyXiK9qBaEJWAL/g98EBnolcIfGOD55ZumOtEOwTum6JkTpDzbUIV5Nc\nlhrG0/iVpUk6xPE+0HthTyENHrv6Pv7PvszOFnVtQ/JR//n2EdQKdqnQJwaSKmbp\nvwIDAQAB\n-----END PUBLIC KEY-----\n",
            "rsa_bits": 2048
          },
          "sensitive_attributes": []
        }
      ]
    }
  ]
}
