{
  "version": 4,
  "terraform_version": "1.0.7",
  "serial": 185,
  "lineage": "c9aac03b-45a8-3223-2cb3-7f0a98ce4c38",
  "outputs": {},
  "resources": [
    {
      "mode": "data",
      "type": "aws_eip",
      "name": "pre_created_elastic_ip",
      "provider": "provider[\"registry.terraform.io/hashicorp/aws\"]",
      "instances": [
        {
          "schema_version": 0,
          "attributes": {
            "association_id": "",
            "carrier_ip": "",
            "customer_owned_ip": "",
            "customer_owned_ipv4_pool": "",
            "domain": "vpc",
            "filter": null,
            "id": "eipalloc-0525d74cfd39791cb",
            "instance_id": "",
            "network_interface_id": "",
            "network_interface_owner_id": "",
            "private_dns": null,
            "private_ip": "",
            "public_dns": "ec2-3-74-189-204.eu-central-1.compute.amazonaws.com",
            "public_ip": "3.74.189.204",
            "public_ipv4_pool": "amazon",
            "tags": {
              "Name": "pre-created-elastic-ip",
              "kubernetes.io/cluster/kubernetes": "owned"
            },
            "timeouts": null
          },
          "sensitive_attributes": []
        }
      ]
    },
    {
      "mode": "data",
      "type": "http",
      "name": "MyPublicIp",
      "provider": "provider[\"registry.terraform.io/hashicorp/http\"]",
      "instances": [
        {
          "schema_version": 0,
          "attributes": {
            "body": "87.68.246.54\n",
            "ca_cert_pem": null,
            "id": "https://ipv4.icanhazip.com",
            "insecure": null,
            "method": null,
            "request_body": null,
            "request_headers": null,
            "request_timeout_ms": null,
            "response_body": "87.68.246.54\n",
            "response_body_base64": "ODcuNjguMjQ2LjU0Cg==",
            "response_headers": {
              "Access-Control-Allow-Methods": "GET",
              "Access-Control-Allow-Origin": "*",
              "Alt-Svc": "h3=\":443\"; ma=86400",
              "Cf-Ray": "8544ad0aed587d9e-TLV",
              "Content-Length": "13",
              "Content-Type": "text/plain",
              "Date": "Mon, 12 Feb 2024 12:01:15 GMT",
              "Server": "cloudflare",
              "Set-Cookie": "__cf_bm=252Jfo.vH_JMZmHdIIxMBlvb69uPDN.H4JCyRh.878c-1707739275-1-Aew4iBKUw/nt2z5bnGjyNJeFfwObzXvZlTfp0WcS18+iMCRekQsVNllEo7VeeQlVWUr3NMD24gNObCGkeC9viFg=; path=/; expires=Mon, 12-Feb-24 12:31:15 GMT; domain=.icanhazip.com; HttpOnly; Secure; SameSite=None",
              "Vary": "Accept-Encoding"
            },
            "retry": null,
            "status_code": 200,
            "url": "https://ipv4.icanhazip.com"
          },
          "sensitive_attributes": []
        }
      ]
    },
    {
      "mode": "managed",
      "type": "aws_eip_association",
      "name": "eip_assoc",
      "provider": "provider[\"registry.terraform.io/hashicorp/aws\"]",
      "instances": [
        {
          "schema_version": 0,
          "attributes": {
            "allocation_id": "eipalloc-0525d74cfd39791cb",
            "allow_reassociation": null,
            "id": "eipassoc-05d6b2eecb661e0cd",
            "instance_id": "i-0fc7ea763ba242649",
            "network_interface_id": "eni-0769cdde19f64e5c3",
            "private_ip_address": "10.0.1.225",
            "public_ip": "3.74.189.204"
          },
          "sensitive_attributes": [],
          "private": "bnVsbA==",
          "dependencies": [
            "aws_iam_instance_profile.kubernetes-cluster-ec2-instance-profile",
            "aws_iam_role.kubernetes-master-node-role1",
            "aws_instance.kubernetes-cluster-ec2",
            "aws_key_pair.kubernets-ec2-key-pair",
            "aws_security_group.kubernetes-cluster-security-group",
            "aws_subnet.kubernetes-vpc-public-subnet",
            "aws_vpc.kubernetes-vpc",
            "data.aws_eip.pre_created_elastic_ip",
            "tls_private_key.kubernetes-managment-key-pair"
          ]
        }
      ]
    },
    {
      "mode": "managed",
      "type": "aws_iam_instance_profile",
      "name": "kubernetes-cluster-ec2-instance-profile",
      "provider": "provider[\"registry.terraform.io/hashicorp/aws\"]",
      "instances": [
        {
          "schema_version": 0,
          "attributes": {
            "arn": "arn:aws:iam::750353367788:instance-profile/kubernetes-cluster-ec2-instance-profile",
            "create_date": "2024-02-12T12:01:29Z",
            "id": "kubernetes-cluster-ec2-instance-profile",
            "name": "kubernetes-cluster-ec2-instance-profile",
            "name_prefix": "",
            "path": "/",
            "role": "kubernetes-master-node-role1",
            "tags": null,
            "tags_all": {},
            "unique_id": "AIPA25NELYLWG2FIGA3M7"
          },
          "sensitive_attributes": [],
          "private": "bnVsbA==",
          "dependencies": [
            "aws_iam_role.kubernetes-master-node-role1"
          ]
        }
      ]
    },
    {
      "mode": "managed",
      "type": "aws_iam_policy",
      "name": "kubernetes-master-node-policy1",
      "provider": "provider[\"registry.terraform.io/hashicorp/aws\"]",
      "instances": [
        {
          "schema_version": 0,
          "attributes": {
            "arn": "arn:aws:iam::750353367788:policy/kubernetes-master-node-policy1",
            "description": "",
            "id": "arn:aws:iam::750353367788:policy/kubernetes-master-node-policy1",
            "name": "kubernetes-master-node-policy1",
            "name_prefix": "",
            "path": "/",
            "policy": "{\"Statement\":[{\"Action\":[\"autoscaling:DescribeAutoScalingGroups\",\"autoscaling:DescribeLaunchConfigurations\",\"autoscaling:DescribeTags\",\"ec2:DescribeInstances\",\"ec2:DescribeRegions\",\"ec2:DescribeRouteTables\",\"ec2:DescribeSecurityGroups\",\"ec2:DescribeSubnets\",\"ec2:DescribeVolumes\",\"ec2:CreateSecurityGroup\",\"ec2:CreateTags\",\"ec2:CreateVolume\",\"ec2:ModifyInstanceAttribute\",\"ec2:ModifyVolume\",\"ec2:AttachVolume\",\"ec2:AuthorizeSecurityGroupIngress\",\"ec2:CreateRoute\",\"ec2:DeleteRoute\",\"ec2:DeleteSecurityGroup\",\"ec2:DeleteVolume\",\"ec2:DetachVolume\",\"ec2:RevokeSecurityGroupIngress\",\"ec2:DescribeVpcs\",\"elasticloadbalancing:AddTags\",\"elasticloadbalancing:AttachLoadBalancerToSubnets\",\"elasticloadbalancing:ApplySecurityGroupsToLoadBalancer\",\"elasticloadbalancing:CreateLoadBalancer\",\"elasticloadbalancing:CreateLoadBalancerPolicy\",\"elasticloadbalancing:CreateLoadBalancerListeners\",\"elasticloadbalancing:ConfigureHealthCheck\",\"elasticloadbalancing:DeleteLoadBalancer\",\"elasticloadbalancing:DeleteLoadBalancerListeners\",\"elasticloadbalancing:DescribeLoadBalancers\",\"elasticloadbalancing:DescribeLoadBalancerAttributes\",\"elasticloadbalancing:DetachLoadBalancerFromSubnets\",\"elasticloadbalancing:DeregisterInstancesFromLoadBalancer\",\"elasticloadbalancing:ModifyLoadBalancerAttributes\",\"elasticloadbalancing:RegisterInstancesWithLoadBalancer\",\"elasticloadbalancing:SetLoadBalancerPoliciesForBackendServer\",\"elasticloadbalancing:AddTags\",\"elasticloadbalancing:CreateListener\",\"elasticloadbalancing:CreateTargetGroup\",\"elasticloadbalancing:DeleteListener\",\"elasticloadbalancing:DeleteTargetGroup\",\"elasticloadbalancing:DescribeListeners\",\"elasticloadbalancing:DescribeLoadBalancerPolicies\",\"elasticloadbalancing:DescribeTargetGroups\",\"elasticloadbalancing:DescribeTargetHealth\",\"elasticloadbalancing:ModifyListener\",\"elasticloadbalancing:ModifyTargetGroup\",\"elasticloadbalancing:RegisterTargets\",\"elasticloadbalancing:SetLoadBalancerPoliciesOfListener\",\"iam:CreateServiceLinkedRole\",\"kms:DescribeKey\"],\"Effect\":\"Allow\",\"Resource\":[\"*\"]}],\"Version\":\"2012-10-17\"}",
            "policy_id": "ANPA25NELYLWP57RRWEG3",
            "tags": {
              "kubernetes.io/cluster/kubernetes": "owned"
            },
            "tags_all": {
              "kubernetes.io/cluster/kubernetes": "owned"
            }
          },
          "sensitive_attributes": [],
          "private": "bnVsbA=="
        }
      ]
    },
    {
      "mode": "managed",
      "type": "aws_iam_policy",
      "name": "kubernetes-worker-node-policy1",
      "provider": "provider[\"registry.terraform.io/hashicorp/aws\"]",
      "instances": [
        {
          "schema_version": 0,
          "attributes": {
            "arn": "arn:aws:iam::750353367788:policy/kubernetes-worker-node-policy1",
            "description": "",
            "id": "arn:aws:iam::750353367788:policy/kubernetes-worker-node-policy1",
            "name": "kubernetes-worker-node-policy1",
            "name_prefix": "",
            "path": "/",
            "policy": "{\"Statement\":[{\"Action\":[\"ec2:DescribeInstances\",\"ec2:DescribeRegions\",\"ecr:GetAuthorizationToken\",\"ecr:BatchCheckLayerAvailability\",\"ecr:GetDownloadUrlForLayer\",\"ecr:GetRepositoryPolicy\",\"ecr:DescribeRepositories\",\"ecr:ListImages\",\"ecr:BatchGetImage\"],\"Effect\":\"Allow\",\"Resource\":\"*\"}],\"Version\":\"2012-10-17\"}",
            "policy_id": "ANPA25NELYLWK7QVFU6OH",
            "tags": {
              "kubernetes.io/cluster/kubernetes": "owned"
            },
            "tags_all": {
              "kubernetes.io/cluster/kubernetes": "owned"
            }
          },
          "sensitive_attributes": [],
          "private": "bnVsbA=="
        }
      ]
    },
    {
      "mode": "managed",
      "type": "aws_iam_policy_attachment",
      "name": "kubernetes-master-node-role-policy-attachment-master-policy",
      "provider": "provider[\"registry.terraform.io/hashicorp/aws\"]",
      "instances": [
        {
          "schema_version": 0,
          "attributes": {
            "groups": null,
            "id": "kubernetes-master-node-role-policy-attachment-master-policy",
            "name": "kubernetes-master-node-role-policy-attachment-master-policy",
            "policy_arn": "arn:aws:iam::750353367788:policy/kubernetes-master-node-policy1",
            "roles": [
              "kubernetes-master-node-role1"
            ],
            "users": null
          },
          "sensitive_attributes": [],
          "private": "bnVsbA==",
          "dependencies": [
            "aws_iam_policy.kubernetes-master-node-policy1",
            "aws_iam_role.kubernetes-master-node-role1"
          ]
        }
      ]
    },
    {
      "mode": "managed",
      "type": "aws_iam_policy_attachment",
      "name": "kubernetes-master-node-role-policy-attachment-worker-policy",
      "provider": "provider[\"registry.terraform.io/hashicorp/aws\"]",
      "instances": [
        {
          "schema_version": 0,
          "attributes": {
            "groups": null,
            "id": "kubernetes-master-node-role-policy-attachment-worker-policy",
            "name": "kubernetes-master-node-role-policy-attachment-worker-policy",
            "policy_arn": "arn:aws:iam::750353367788:policy/kubernetes-worker-node-policy1",
            "roles": [
              "kubernetes-master-node-role1"
            ],
            "users": null
          },
          "sensitive_attributes": [],
          "private": "bnVsbA==",
          "dependencies": [
            "aws_iam_policy.kubernetes-worker-node-policy1",
            "aws_iam_role.kubernetes-master-node-role1"
          ]
        }
      ]
    },
    {
      "mode": "managed",
      "type": "aws_iam_role",
      "name": "kubernetes-master-node-role1",
      "provider": "provider[\"registry.terraform.io/hashicorp/aws\"]",
      "instances": [
        {
          "schema_version": 0,
          "attributes": {
            "arn": "arn:aws:iam::750353367788:role/kubernetes-master-node-role1",
            "assume_role_policy": "{\"Statement\":[{\"Action\":\"sts:AssumeRole\",\"Effect\":\"Allow\",\"Principal\":{\"Service\":\"ec2.amazonaws.com\"}}],\"Version\":\"2012-10-17\"}",
            "create_date": "2024-02-12T12:01:28Z",
            "description": "",
            "force_detach_policies": false,
            "id": "kubernetes-master-node-role1",
            "inline_policy": [],
            "managed_policy_arns": [],
            "max_session_duration": 3600,
            "name": "kubernetes-master-node-role1",
            "name_prefix": "",
            "path": "/",
            "permissions_boundary": "",
            "tags": {
              "kubernetes.io/cluster/kubernetes": "owned"
            },
            "tags_all": {
              "kubernetes.io/cluster/kubernetes": "owned"
            },
            "unique_id": "AROA25NELYLWMYXRZP46C"
          },
          "sensitive_attributes": [],
          "private": "bnVsbA=="
        }
      ]
    },
    {
      "mode": "managed",
      "type": "aws_instance",
      "name": "kubernetes-cluster-ec2",
      "provider": "provider[\"registry.terraform.io/hashicorp/aws\"]",
      "instances": [
        {
          "schema_version": 1,
          "attributes": {
            "ami": "ami-0faab6bdbac9486fb",
            "arn": "arn:aws:ec2:eu-central-1:750353367788:instance/i-0fc7ea763ba242649",
            "associate_public_ip_address": false,
            "availability_zone": "eu-central-1a",
            "capacity_reservation_specification": [
              {
                "capacity_reservation_preference": "open",
                "capacity_reservation_target": []
              }
            ],
            "cpu_core_count": 1,
            "cpu_options": [
              {
                "amd_sev_snp": "",
                "core_count": 1,
                "threads_per_core": 2
              }
            ],
            "cpu_threads_per_core": 2,
            "credit_specification": [
              {
                "cpu_credits": "unlimited"
              }
            ],
            "disable_api_stop": false,
            "disable_api_termination": false,
            "ebs_block_device": [],
            "ebs_optimized": false,
            "enclave_options": [
              {
                "enabled": false
              }
            ],
            "ephemeral_block_device": [],
            "get_password_data": false,
            "hibernation": false,
            "host_id": "",
            "host_resource_group_arn": null,
            "iam_instance_profile": "kubernetes-cluster-ec2-instance-profile",
            "id": "i-0fc7ea763ba242649",
            "instance_initiated_shutdown_behavior": "stop",
            "instance_lifecycle": "",
            "instance_market_options": [],
            "instance_state": "running",
            "instance_type": "t3.medium",
            "ipv6_address_count": 0,
            "ipv6_addresses": [],
            "key_name": "kubernetes-managment-key-pair",
            "launch_template": [],
            "maintenance_options": [
              {
                "auto_recovery": "default"
              }
            ],
            "metadata_options": [
              {
                "http_endpoint": "enabled",
                "http_protocol_ipv6": "disabled",
                "http_put_response_hop_limit": 1,
                "http_tokens": "optional",
                "instance_metadata_tags": "disabled"
              }
            ],
            "monitoring": false,
            "network_interface": [],
            "outpost_arn": "",
            "password_data": "",
            "placement_group": "",
            "placement_partition_number": 0,
            "primary_network_interface_id": "eni-0769cdde19f64e5c3",
            "private_dns": "ip-10-0-1-225.eu-central-1.compute.internal",
            "private_dns_name_options": [
              {
                "enable_resource_name_dns_a_record": false,
                "enable_resource_name_dns_aaaa_record": false,
                "hostname_type": "ip-name"
              }
            ],
            "private_ip": "10.0.1.225",
            "public_dns": "",
            "public_ip": "",
            "root_block_device": [
              {
                "delete_on_termination": true,
                "device_name": "/dev/sda1",
                "encrypted": false,
                "iops": 100,
                "kms_key_id": "",
                "tags": {},
                "throughput": 0,
                "volume_id": "vol-0a1e7ff27fb5b21f5",
                "volume_size": 8,
                "volume_type": "gp2"
              }
            ],
            "secondary_private_ips": [],
            "security_groups": [],
            "source_dest_check": true,
            "spot_instance_request_id": "",
            "subnet_id": "subnet-0d5b6875865693e68",
            "tags": {
              "kubernetes.io/cluster/kubernetes": "owned"
            },
            "tags_all": {
              "kubernetes.io/cluster/kubernetes": "owned"
            },
            "tenancy": "default",
            "timeouts": null,
            "user_data": null,
            "user_data_base64": null,
            "user_data_replace_on_change": false,
            "volume_tags": null,
            "vpc_security_group_ids": [
              "sg-01d141b2f3e21bc1a"
            ]
          },
          "sensitive_attributes": [],
          "private": "eyJlMmJmYjczMC1lY2FhLTExZTYtOGY4OC0zNDM2M2JjN2M0YzAiOnsiY3JlYXRlIjo2MDAwMDAwMDAwMDAsImRlbGV0ZSI6MTIwMDAwMDAwMDAwMCwidXBkYXRlIjo2MDAwMDAwMDAwMDB9LCJzY2hlbWFfdmVyc2lvbiI6IjEifQ==",
          "dependencies": [
            "aws_iam_instance_profile.kubernetes-cluster-ec2-instance-profile",
            "aws_iam_role.kubernetes-master-node-role1",
            "aws_key_pair.kubernets-ec2-key-pair",
            "aws_security_group.kubernetes-cluster-security-group",
            "aws_subnet.kubernetes-vpc-public-subnet",
            "aws_vpc.kubernetes-vpc",
            "tls_private_key.kubernetes-managment-key-pair"
          ]
        }
      ]
    },
    {
      "mode": "managed",
      "type": "aws_internet_gateway",
      "name": "kubernetes-vpc-internet-gateway",
      "provider": "provider[\"registry.terraform.io/hashicorp/aws\"]",
      "instances": [
        {
          "schema_version": 0,
          "attributes": {
            "arn": "arn:aws:ec2:eu-central-1:750353367788:internet-gateway/igw-022dd9d5ead28f350",
            "id": "igw-022dd9d5ead28f350",
            "owner_id": "750353367788",
            "tags": {
              "kubernetes.io/cluster/kubernetes": "owned"
            },
            "tags_all": {
              "kubernetes.io/cluster/kubernetes": "owned"
            },
            "timeouts": null,
            "vpc_id": "vpc-095956a15c9026396"
          },
          "sensitive_attributes": [],
          "private": "eyJlMmJmYjczMC1lY2FhLTExZTYtOGY4OC0zNDM2M2JjN2M0YzAiOnsiY3JlYXRlIjoxMjAwMDAwMDAwMDAwLCJkZWxldGUiOjEyMDAwMDAwMDAwMDAsInVwZGF0ZSI6MTIwMDAwMDAwMDAwMH19",
          "dependencies": [
            "aws_vpc.kubernetes-vpc"
          ]
        }
      ]
    },
    {
      "mode": "managed",
      "type": "aws_key_pair",
      "name": "kubernets-ec2-key-pair",
      "provider": "provider[\"registry.terraform.io/hashicorp/aws\"]",
      "instances": [
        {
          "schema_version": 1,
          "attributes": {
            "arn": "arn:aws:ec2:eu-central-1:750353367788:key-pair/kubernetes-managment-key-pair",
            "fingerprint": "d2:fd:b6:fa:2c:98:32:6a:4e:e5:a7:95:3c:6a:09:66",
            "id": "kubernetes-managment-key-pair",
            "key_name": "kubernetes-managment-key-pair",
            "key_name_prefix": "",
            "key_pair_id": "key-0fb1aa85b964a4f22",
            "key_type": "rsa",
            "public_key": "ssh-rsa AAAAB3NzaC1yc2EAAAADAQABAAABAQDnZgx5/wuK7uzCQtGTcc+/u2oPFfJONQj6eKBfl2NhiNoRLkKw3ffs6JY9HaHIaHMXdO+qHhKQ62PjXN/v83cyioCtx0Q/LfLmgZ2mmOJ3zobmBveYLS/Ue5QHLCBlk3put+7hcygxDWCjxZApAU4XZPaXSX4slSpo4wEXxBrQ3HnMK4kWns3kxVvwrjHAq4pmvx14F0C2MZoR9m7KhDTQNRAVeBjYTAnVyvyQfdIVODH+1mJdzGJmJQ2Qq/3sQyf2Btx1VW2djRNE9akhiwxH2gdQIOF0Sox+PMeCLdxQ0n8oxH5LB9ISPRkPP5hgqzAwyK0f/jXPcaFeO3Obt65b",
            "tags": null,
            "tags_all": {}
          },
          "sensitive_attributes": [],
          "private": "eyJzY2hlbWFfdmVyc2lvbiI6IjEifQ==",
          "dependencies": [
            "tls_private_key.kubernetes-managment-key-pair"
          ]
        }
      ]
    },
    {
      "mode": "managed",
      "type": "aws_route_table",
      "name": "kubernetes-vpc-route-table",
      "provider": "provider[\"registry.terraform.io/hashicorp/aws\"]",
      "instances": [
        {
          "schema_version": 0,
          "attributes": {
            "arn": "arn:aws:ec2:eu-central-1:750353367788:route-table/rtb-091c0fbd79ccc9a97",
            "id": "rtb-091c0fbd79ccc9a97",
            "owner_id": "750353367788",
            "propagating_vgws": [],
            "route": [
              {
                "carrier_gateway_id": "",
                "cidr_block": "0.0.0.0/0",
                "core_network_arn": "",
                "destination_prefix_list_id": "",
                "egress_only_gateway_id": "",
                "gateway_id": "igw-022dd9d5ead28f350",
                "ipv6_cidr_block": "",
                "local_gateway_id": "",
                "nat_gateway_id": "",
                "network_interface_id": "",
                "transit_gateway_id": "",
                "vpc_endpoint_id": "",
                "vpc_peering_connection_id": ""
              }
            ],
            "tags": {
              "kubernetes.io/cluster/kubernetes": "owned"
            },
            "tags_all": {
              "kubernetes.io/cluster/kubernetes": "owned"
            },
            "timeouts": null,
            "vpc_id": "vpc-095956a15c9026396"
          },
          "sensitive_attributes": [],
          "private": "eyJlMmJmYjczMC1lY2FhLTExZTYtOGY4OC0zNDM2M2JjN2M0YzAiOnsiY3JlYXRlIjozMDAwMDAwMDAwMDAsImRlbGV0ZSI6MzAwMDAwMDAwMDAwLCJ1cGRhdGUiOjEyMDAwMDAwMDAwMH19",
          "dependencies": [
            "aws_internet_gateway.kubernetes-vpc-internet-gateway",
            "aws_vpc.kubernetes-vpc"
          ]
        }
      ]
    },
    {
      "mode": "managed",
      "type": "aws_route_table_association",
      "name": "kubernetes-vpc-route-table-associate-to-public-subnets",
      "provider": "provider[\"registry.terraform.io/hashicorp/aws\"]",
      "instances": [
        {
          "schema_version": 0,
          "attributes": {
            "gateway_id": "",
            "id": "rtbassoc-02d146309be61da75",
            "route_table_id": "rtb-091c0fbd79ccc9a97",
            "subnet_id": "subnet-0d5b6875865693e68",
            "timeouts": null
          },
          "sensitive_attributes": [],
          "private": "eyJlMmJmYjczMC1lY2FhLTExZTYtOGY4OC0zNDM2M2JjN2M0YzAiOnsiY3JlYXRlIjozMDAwMDAwMDAwMDAsImRlbGV0ZSI6MzAwMDAwMDAwMDAwLCJ1cGRhdGUiOjEyMDAwMDAwMDAwMH19",
          "dependencies": [
            "aws_internet_gateway.kubernetes-vpc-internet-gateway",
            "aws_route_table.kubernetes-vpc-route-table",
            "aws_subnet.kubernetes-vpc-public-subnet",
            "aws_vpc.kubernetes-vpc"
          ]
        }
      ]
    },
    {
      "mode": "managed",
      "type": "aws_security_group",
      "name": "kubernetes-cluster-security-group",
      "provider": "provider[\"registry.terraform.io/hashicorp/aws\"]",
      "instances": [
        {
          "schema_version": 1,
          "attributes": {
            "arn": "arn:aws:ec2:eu-central-1:750353367788:security-group/sg-01d141b2f3e21bc1a",
            "description": "Allow the Kuberntes cluster to communicate internally and to be managed externally",
            "egress": [],
            "id": "sg-01d141b2f3e21bc1a",
            "ingress": [],
            "name": "kubernetes-cluster-security-group",
            "name_prefix": "",
            "owner_id": "750353367788",
            "revoke_rules_on_delete": false,
            "tags": {
              "kubernetes.io/cluster/kubernetes": "owned"
            },
            "tags_all": {
              "kubernetes.io/cluster/kubernetes": "owned"
            },
            "timeouts": null,
            "vpc_id": "vpc-095956a15c9026396"
          },
          "sensitive_attributes": [],
          "private": "eyJlMmJmYjczMC1lY2FhLTExZTYtOGY4OC0zNDM2M2JjN2M0YzAiOnsiY3JlYXRlIjo2MDAwMDAwMDAwMDAsImRlbGV0ZSI6OTAwMDAwMDAwMDAwfSwic2NoZW1hX3ZlcnNpb24iOiIxIn0=",
          "dependencies": [
            "aws_vpc.kubernetes-vpc"
          ]
        }
      ]
    },
    {
      "mode": "managed",
      "type": "aws_subnet",
      "name": "kubernetes-vpc-public-subnet",
      "provider": "provider[\"registry.terraform.io/hashicorp/aws\"]",
      "instances": [
        {
          "schema_version": 1,
          "attributes": {
            "arn": "arn:aws:ec2:eu-central-1:750353367788:subnet/subnet-0d5b6875865693e68",
            "assign_ipv6_address_on_creation": false,
            "availability_zone": "eu-central-1a",
            "availability_zone_id": "euc1-az2",
            "cidr_block": "10.0.1.0/24",
            "customer_owned_ipv4_pool": "",
            "enable_dns64": false,
            "enable_lni_at_device_index": 0,
            "enable_resource_name_dns_a_record_on_launch": false,
            "enable_resource_name_dns_aaaa_record_on_launch": false,
            "id": "subnet-0d5b6875865693e68",
            "ipv6_cidr_block": "",
            "ipv6_cidr_block_association_id": "",
            "ipv6_native": false,
            "map_customer_owned_ip_on_launch": false,
            "map_public_ip_on_launch": false,
            "outpost_arn": "",
            "owner_id": "750353367788",
            "private_dns_hostname_type_on_launch": "ip-name",
            "tags": {
              "kubernetes.io/cluster/kubernetes": "owned"
            },
            "tags_all": {
              "kubernetes.io/cluster/kubernetes": "owned"
            },
            "timeouts": null,
            "vpc_id": "vpc-095956a15c9026396"
          },
          "sensitive_attributes": [],
          "private": "eyJlMmJmYjczMC1lY2FhLTExZTYtOGY4OC0zNDM2M2JjN2M0YzAiOnsiY3JlYXRlIjo2MDAwMDAwMDAwMDAsImRlbGV0ZSI6MTIwMDAwMDAwMDAwMH0sInNjaGVtYV92ZXJzaW9uIjoiMSJ9",
          "dependencies": [
            "aws_vpc.kubernetes-vpc"
          ]
        }
      ]
    },
    {
      "mode": "managed",
      "type": "aws_vpc",
      "name": "kubernetes-vpc",
      "provider": "provider[\"registry.terraform.io/hashicorp/aws\"]",
      "instances": [
        {
          "schema_version": 1,
          "attributes": {
            "arn": "arn:aws:ec2:eu-central-1:750353367788:vpc/vpc-095956a15c9026396",
            "assign_generated_ipv6_cidr_block": false,
            "cidr_block": "10.0.0.0/16",
            "default_network_acl_id": "acl-0be78e5e4b5232c85",
            "default_route_table_id": "rtb-0b9f12901e5848c51",
            "default_security_group_id": "sg-0602b0e08759e8c43",
            "dhcp_options_id": "dopt-0e9da1acacc25594b",
            "enable_dns_hostnames": false,
            "enable_dns_support": true,
            "enable_network_address_usage_metrics": false,
            "id": "vpc-095956a15c9026396",
            "instance_tenancy": "default",
            "ipv4_ipam_pool_id": null,
            "ipv4_netmask_length": null,
            "ipv6_association_id": "",
            "ipv6_cidr_block": "",
            "ipv6_cidr_block_network_border_group": "",
            "ipv6_ipam_pool_id": "",
            "ipv6_netmask_length": 0,
            "main_route_table_id": "rtb-0b9f12901e5848c51",
            "owner_id": "750353367788",
            "tags": {
              "kubernetes.io/cluster/kubernetes": "owned"
            },
            "tags_all": {
              "kubernetes.io/cluster/kubernetes": "owned"
            }
          },
          "sensitive_attributes": [],
          "private": "eyJzY2hlbWFfdmVyc2lvbiI6IjEifQ=="
        }
      ]
    },
    {
      "mode": "managed",
      "type": "aws_vpc_security_group_egress_rule",
      "name": "OutboundSecurityGroupAllowAllPublicTraffic",
      "provider": "provider[\"registry.terraform.io/hashicorp/aws\"]",
      "instances": [
        {
          "schema_version": 0,
          "attributes": {
            "arn": "arn:aws:ec2:eu-central-1:750353367788:security-group-rule/sgr-0b9d49eec4affc2fc",
            "cidr_ipv4": "0.0.0.0/0",
            "cidr_ipv6": null,
            "description": null,
            "from_port": null,
            "id": "sgr-0b9d49eec4affc2fc",
            "ip_protocol": "-1",
            "prefix_list_id": null,
            "referenced_security_group_id": null,
            "security_group_id": "sg-01d141b2f3e21bc1a",
            "security_group_rule_id": "sgr-0b9d49eec4affc2fc",
            "tags": null,
            "tags_all": {},
            "to_port": null
          },
          "sensitive_attributes": [],
          "dependencies": [
            "aws_security_group.kubernetes-cluster-security-group",
            "aws_vpc.kubernetes-vpc"
          ]
        }
      ]
    },
    {
      "mode": "managed",
      "type": "aws_vpc_security_group_ingress_rule",
      "name": "InboundSecurityGroupAllowAllPrivateTraffic",
      "provider": "provider[\"registry.terraform.io/hashicorp/aws\"]",
      "instances": [
        {
          "schema_version": 0,
          "attributes": {
            "arn": "arn:aws:ec2:eu-central-1:750353367788:security-group-rule/sgr-0a37b2d18da4b5a4a",
            "cidr_ipv4": "10.0.0.0/16",
            "cidr_ipv6": null,
            "description": null,
            "from_port": null,
            "id": "sgr-0a37b2d18da4b5a4a",
            "ip_protocol": "-1",
            "prefix_list_id": null,
            "referenced_security_group_id": null,
            "security_group_id": "sg-01d141b2f3e21bc1a",
            "security_group_rule_id": "sgr-0a37b2d18da4b5a4a",
            "tags": null,
            "tags_all": {},
            "to_port": null
          },
          "sensitive_attributes": [],
          "dependencies": [
            "aws_security_group.kubernetes-cluster-security-group",
            "aws_vpc.kubernetes-vpc"
          ]
        }
      ]
    },
    {
      "mode": "managed",
      "type": "aws_vpc_security_group_ingress_rule",
      "name": "InboundSecurityGroupAllowAllPublicTraffic",
      "provider": "provider[\"registry.terraform.io/hashicorp/aws\"]",
      "instances": [
        {
          "index_key": 0,
          "schema_version": 0,
          "attributes": {
            "arn": "arn:aws:ec2:eu-central-1:750353367788:security-group-rule/sgr-008633fd10fb8db8e",
            "cidr_ipv4": "87.68.246.54/32",
            "cidr_ipv6": null,
            "description": null,
            "from_port": null,
            "id": "sgr-008633fd10fb8db8e",
            "ip_protocol": "-1",
            "prefix_list_id": null,
            "referenced_security_group_id": null,
            "security_group_id": "sg-01d141b2f3e21bc1a",
            "security_group_rule_id": "sgr-008633fd10fb8db8e",
            "tags": null,
            "tags_all": {},
            "to_port": null
          },
          "sensitive_attributes": [],
          "dependencies": [
            "aws_security_group.kubernetes-cluster-security-group",
            "aws_vpc.kubernetes-vpc",
            "data.http.MyPublicIp"
          ]
        }
      ]
    },
    {
      "mode": "managed",
      "type": "local_file",
      "name": "kubernetes-ec2-generated-public-key-file",
      "provider": "provider[\"registry.terraform.io/hashicorp/local\"]",
      "instances": [
        {
          "schema_version": 0,
          "attributes": {
            "content": "-----BEGIN RSA PRIVATE KEY-----\nMIIEpgIBAAKCAQEA52YMef8Liu7swkLRk3HPv7tqDxXyTjUI+nigX5djYYjaES5C\nsN337OiWPR2hyGhzF3Tvqh4SkOtj41zf7/N3MoqArcdEPy3y5oGdppjid86G5gb3\nmC0v1HuUBywgZZN6brfu4XMoMQ1go8WQKQFOF2T2l0l+LJUqaOMBF8Qa0Nx5zCuJ\nFp7N5MVb8K4xwKuKZr8deBdAtjGaEfZuyoQ00DUQFXgY2EwJ1cr8kH3SFTgx/tZi\nXcxiZiUNkKv97EMn9gbcdVVtnY0TRPWpIYsMR9oHUCDhdEqMfjzHgi3cUNJ/KMR+\nSwfSEj0ZDz+YYKswMMitH/41z3GhXjtzm7euWwIDAQABAoIBAQDIuCx6ZlGM4lNc\n7rj8PO0IU3lcPJ1CWZ7AJYJ3aMo8AImn/Yi8As7cIaSwvtNnE7NB1Z1O42cXbhfn\nUNivO3FZ1epo00DPzPu2Fxi5OkS3x94cCk8bIZcrqUZuMkin05WQFNyRk2J5qjD5\n3pV9/DPQ9zMvaACai4mOEdsQ0nqwT+i85J7sI8bWVpbS95Yfhglug+h9Hl4w6LyG\nbLxvstZ/bobGRdlyUXvj3qi+uxKsd75ceFCZihR9c6dzI7jTX4fG5l1lb4kCPhZX\nFcgHdFyvYaCvyGQx/nWiPHD0e83/N8y2iUW2aBDPQN/IAEMicuqmg69hvKzEuYHs\nWiBVejwBAoGBAPjgRPbtNtPVu7Q5AnNH+yw4EtcgKcMdz84jLfrL1gvRBbj+daRo\nt2g7dgf84CFFeCmrhldpGweonrFy2hHw0ylaIBtfGkFJPsBmqRcEEoFl5+qhYHYc\njYo6HUSoBWlz4zwgx8IHtjDTJbnlNTle8yx+tWhwD5uTkKTJ6O+Uv7dhAoGBAO4F\ntQSmCykik0luQdvomkecDz4NihSMB6vfnEXA72lBvPdPusO6ZKcgcd0HBpd8xYgg\nV4ykBMyey0qTyl/hrWePOof3+7PZyTSVU/7/cQfNtPCUoMVJ5HV5SbgYIxsN51q+\nZTo1/9GPa+SQbQgsDtmTLCvy9TzrqC4NdYw+L0s7AoGBALlMaayb47WHLjE6PRvO\nHTHIMibf+JggqyckxEg12hGEOEmLk9Wsbdn6Y6AA5HOBQL1tyyFrzUc/gaBHDhxL\nfT0NsFgQ0ACJ42HnTcAoNQsI78qfCq4GBlBDgqUqoJTqRubu1SwfB8SEgVNOV/l2\nO4IGeVTgEo7YKNq4xmkTDEchAoGBAJFz+V/C3FUh5OHdt+9b4FPcYVApU/UkcVet\nyUCzG1q2KnTzSw1q7TFYWVyZe4S9YbTDFt1CKhClBVQopmYbci0z0K/gcfdBIny4\nuGC+1uLO6UCPgwOtGShUmyEd1u4ke/nvGcsNzqvQOj2tqINy8QwyrK6axRSaaebi\noK+4HIybAoGBAISn9+APG1BLD+x6mfS+j6wfSJumZ/2K6VAZCauGH1aGYXJPhKHJ\nvG7eP8ma98N1nR5ixPRcImZQix7cgxum8l9pTspfGXBFSR9MtViQ4uFhfeMf4AHH\nUkzAFdrbPk41l8Tw1lWO7hnLNnZ0ZrYCOYMVrkOXAM9l/98VZnDzfrKw\n-----END RSA PRIVATE KEY-----\n",
            "content_base64": null,
            "content_base64sha256": "ltb72NyBZJ4lJfXTE/ziXyDPLR29tb8BcKO4Co6PdRI=",
            "content_base64sha512": "WZ5K3kyR+z6R0CpsE7zNYLjoUPMIX+23n/lFbBJykkNfnGk/oXdVghmHZPv9R3tBznFzDBCHR7traOSV3WW1Sw==",
            "content_md5": "0109570ff4831b8403230d8eebcd02f1",
            "content_sha1": "915e94c1081176d22b9eeedb971659b0c0cc11d1",
            "content_sha256": "96d6fbd8dc81649e2525f5d313fce25f20cf2d1dbdb5bf0170a3b80a8e8f7512",
            "content_sha512": "599e4ade4c91fb3e91d02a6c13bccd60b8e850f3085fedb79ff9456c127292435f9c693fa1775582198764fbfd477b41ce71730c108747bb6b68e495dd65b54b",
            "directory_permission": "0777",
            "file_permission": "0400",
            "filename": "/Terraform/PrivateFiles/kubernetes-managment-key-pair-private.pem",
            "id": "915e94c1081176d22b9eeedb971659b0c0cc11d1",
            "sensitive_content": null,
            "source": null
          },
          "sensitive_attributes": [
            [
              {
                "type": "get_attr",
                "value": "content"
              }
            ]
          ],
          "dependencies": [
            "tls_private_key.kubernetes-managment-key-pair"
          ]
        }
      ]
    },
    {
      "mode": "managed",
      "type": "tls_private_key",
      "name": "kubernetes-managment-key-pair",
      "provider": "provider[\"registry.terraform.io/hashicorp/tls\"]",
      "instances": [
        {
          "schema_version": 1,
          "attributes": {
            "algorithm": "RSA",
            "ecdsa_curve": "P224",
            "id": "f72aa381186fe3b17a576a7301055e85aecc3c8b",
            "private_key_openssh": "-----BEGIN OPENSSH PRIVATE KEY-----\nb3BlbnNzaC1rZXktdjEAAAAABG5vbmUAAAAEbm9uZQAAAAAAAAABAAABFwAAAAdz\nc2gtcnNhAAAAAwEAAQAAAQEA52YMef8Liu7swkLRk3HPv7tqDxXyTjUI+nigX5dj\nYYjaES5CsN337OiWPR2hyGhzF3Tvqh4SkOtj41zf7/N3MoqArcdEPy3y5oGdppji\nd86G5gb3mC0v1HuUBywgZZN6brfu4XMoMQ1go8WQKQFOF2T2l0l+LJUqaOMBF8Qa\n0Nx5zCuJFp7N5MVb8K4xwKuKZr8deBdAtjGaEfZuyoQ00DUQFXgY2EwJ1cr8kH3S\nFTgx/tZiXcxiZiUNkKv97EMn9gbcdVVtnY0TRPWpIYsMR9oHUCDhdEqMfjzHgi3c\nUNJ/KMR+SwfSEj0ZDz+YYKswMMitH/41z3GhXjtzm7euWwAAA7j2pusb9qbrGwAA\nAAdzc2gtcnNhAAABAQDnZgx5/wuK7uzCQtGTcc+/u2oPFfJONQj6eKBfl2NhiNoR\nLkKw3ffs6JY9HaHIaHMXdO+qHhKQ62PjXN/v83cyioCtx0Q/LfLmgZ2mmOJ3zobm\nBveYLS/Ue5QHLCBlk3put+7hcygxDWCjxZApAU4XZPaXSX4slSpo4wEXxBrQ3HnM\nK4kWns3kxVvwrjHAq4pmvx14F0C2MZoR9m7KhDTQNRAVeBjYTAnVyvyQfdIVODH+\n1mJdzGJmJQ2Qq/3sQyf2Btx1VW2djRNE9akhiwxH2gdQIOF0Sox+PMeCLdxQ0n8o\nxH5LB9ISPRkPP5hgqzAwyK0f/jXPcaFeO3Obt65bAAAAAwEAAQAAAQEAyLgsemZR\njOJTXO64/DztCFN5XDydQlmewCWCd2jKPACJp/2IvALO3CGksL7TZxOzQdWdTuNn\nF24X51DYrztxWdXqaNNAz8z7thcYuTpEt8feHApPGyGXK6lGbjJIp9OVkBTckZNi\neaow+d6Vffwz0PczL2gAmouJjhHbENJ6sE/ovOSe7CPG1laW0veWH4YJboPofR5e\nMOi8hmy8b7LWf26GxkXZclF7496ovrsSrHe+XHhQmYoUfXOncyO401+HxuZdZW+J\nAj4WVxXIB3Rcr2Ggr8hkMf51ojxw9HvN/zfMtolFtmgQz0DfyABDInLqpoOvYbys\nxLmB7FogVXo8AQAAAIEAhKf34A8bUEsP7HqZ9L6PrB9Im6Zn/YrpUBkJq4YfVoZh\nck+Eocm8bt4/yZr3w3WdHmLE9FwiZlCLHtyDG6byX2lOyl8ZcEVJH0y1WJDi4WF9\n4x/gAcdSTMAV2ts+TjWXxPDWVY7uGcs2dnRmtgI5gxWuQ5cAz2X/3xVmcPN+srAA\nAACBAPjgRPbtNtPVu7Q5AnNH+yw4EtcgKcMdz84jLfrL1gvRBbj+daRot2g7dgf8\n4CFFeCmrhldpGweonrFy2hHw0ylaIBtfGkFJPsBmqRcEEoFl5+qhYHYcjYo6HUSo\nBWlz4zwgx8IHtjDTJbnlNTle8yx+tWhwD5uTkKTJ6O+Uv7dhAAAAgQDuBbUEpgsp\nIpNJbkHb6JpHnA8+DYoUjAer35xFwO9pQbz3T7rDumSnIHHdBwaXfMWIIFeMpATM\nnstKk8pf4a1njzqH9/uz2ck0lVP+/3EHzbTwlKDFSeR1eUm4GCMbDedavmU6Nf/R\nj2vkkG0ILA7Zkywr8vU866guDXWMPi9LOwAAAAAB\n-----END OPENSSH PRIVATE KEY-----\n",
            "private_key_pem": "-----BEGIN RSA PRIVATE KEY-----\nMIIEpgIBAAKCAQEA52YMef8Liu7swkLRk3HPv7tqDxXyTjUI+nigX5djYYjaES5C\nsN337OiWPR2hyGhzF3Tvqh4SkOtj41zf7/N3MoqArcdEPy3y5oGdppjid86G5gb3\nmC0v1HuUBywgZZN6brfu4XMoMQ1go8WQKQFOF2T2l0l+LJUqaOMBF8Qa0Nx5zCuJ\nFp7N5MVb8K4xwKuKZr8deBdAtjGaEfZuyoQ00DUQFXgY2EwJ1cr8kH3SFTgx/tZi\nXcxiZiUNkKv97EMn9gbcdVVtnY0TRPWpIYsMR9oHUCDhdEqMfjzHgi3cUNJ/KMR+\nSwfSEj0ZDz+YYKswMMitH/41z3GhXjtzm7euWwIDAQABAoIBAQDIuCx6ZlGM4lNc\n7rj8PO0IU3lcPJ1CWZ7AJYJ3aMo8AImn/Yi8As7cIaSwvtNnE7NB1Z1O42cXbhfn\nUNivO3FZ1epo00DPzPu2Fxi5OkS3x94cCk8bIZcrqUZuMkin05WQFNyRk2J5qjD5\n3pV9/DPQ9zMvaACai4mOEdsQ0nqwT+i85J7sI8bWVpbS95Yfhglug+h9Hl4w6LyG\nbLxvstZ/bobGRdlyUXvj3qi+uxKsd75ceFCZihR9c6dzI7jTX4fG5l1lb4kCPhZX\nFcgHdFyvYaCvyGQx/nWiPHD0e83/N8y2iUW2aBDPQN/IAEMicuqmg69hvKzEuYHs\nWiBVejwBAoGBAPjgRPbtNtPVu7Q5AnNH+yw4EtcgKcMdz84jLfrL1gvRBbj+daRo\nt2g7dgf84CFFeCmrhldpGweonrFy2hHw0ylaIBtfGkFJPsBmqRcEEoFl5+qhYHYc\njYo6HUSoBWlz4zwgx8IHtjDTJbnlNTle8yx+tWhwD5uTkKTJ6O+Uv7dhAoGBAO4F\ntQSmCykik0luQdvomkecDz4NihSMB6vfnEXA72lBvPdPusO6ZKcgcd0HBpd8xYgg\nV4ykBMyey0qTyl/hrWePOof3+7PZyTSVU/7/cQfNtPCUoMVJ5HV5SbgYIxsN51q+\nZTo1/9GPa+SQbQgsDtmTLCvy9TzrqC4NdYw+L0s7AoGBALlMaayb47WHLjE6PRvO\nHTHIMibf+JggqyckxEg12hGEOEmLk9Wsbdn6Y6AA5HOBQL1tyyFrzUc/gaBHDhxL\nfT0NsFgQ0ACJ42HnTcAoNQsI78qfCq4GBlBDgqUqoJTqRubu1SwfB8SEgVNOV/l2\nO4IGeVTgEo7YKNq4xmkTDEchAoGBAJFz+V/C3FUh5OHdt+9b4FPcYVApU/UkcVet\nyUCzG1q2KnTzSw1q7TFYWVyZe4S9YbTDFt1CKhClBVQopmYbci0z0K/gcfdBIny4\nuGC+1uLO6UCPgwOtGShUmyEd1u4ke/nvGcsNzqvQOj2tqINy8QwyrK6axRSaaebi\noK+4HIybAoGBAISn9+APG1BLD+x6mfS+j6wfSJumZ/2K6VAZCauGH1aGYXJPhKHJ\nvG7eP8ma98N1nR5ixPRcImZQix7cgxum8l9pTspfGXBFSR9MtViQ4uFhfeMf4AHH\nUkzAFdrbPk41l8Tw1lWO7hnLNnZ0ZrYCOYMVrkOXAM9l/98VZnDzfrKw\n-----END RSA PRIVATE KEY-----\n",
            "private_key_pem_pkcs8": "-----BEGIN PRIVATE KEY-----\nMIIEwAIBADANBgkqhkiG9w0BAQEFAASCBKowggSmAgEAAoIBAQDnZgx5/wuK7uzC\nQtGTcc+/u2oPFfJONQj6eKBfl2NhiNoRLkKw3ffs6JY9HaHIaHMXdO+qHhKQ62Pj\nXN/v83cyioCtx0Q/LfLmgZ2mmOJ3zobmBveYLS/Ue5QHLCBlk3put+7hcygxDWCj\nxZApAU4XZPaXSX4slSpo4wEXxBrQ3HnMK4kWns3kxVvwrjHAq4pmvx14F0C2MZoR\n9m7KhDTQNRAVeBjYTAnVyvyQfdIVODH+1mJdzGJmJQ2Qq/3sQyf2Btx1VW2djRNE\n9akhiwxH2gdQIOF0Sox+PMeCLdxQ0n8oxH5LB9ISPRkPP5hgqzAwyK0f/jXPcaFe\nO3Obt65bAgMBAAECggEBAMi4LHpmUYziU1zuuPw87QhTeVw8nUJZnsAlgndoyjwA\niaf9iLwCztwhpLC+02cTs0HVnU7jZxduF+dQ2K87cVnV6mjTQM/M+7YXGLk6RLfH\n3hwKTxshlyupRm4ySKfTlZAU3JGTYnmqMPnelX38M9D3My9oAJqLiY4R2xDSerBP\n6LzknuwjxtZWltL3lh+GCW6D6H0eXjDovIZsvG+y1n9uhsZF2XJRe+PeqL67Eqx3\nvlx4UJmKFH1zp3MjuNNfh8bmXWVviQI+FlcVyAd0XK9hoK/IZDH+daI8cPR7zf83\nzLaJRbZoEM9A38gAQyJy6qaDr2G8rMS5gexaIFV6PAECgYEA+OBE9u0209W7tDkC\nc0f7LDgS1yApwx3PziMt+svWC9EFuP51pGi3aDt2B/zgIUV4KauGV2kbB6iesXLa\nEfDTKVogG18aQUk+wGapFwQSgWXn6qFgdhyNijodRKgFaXPjPCDHwge2MNMlueU1\nOV7zLH61aHAPm5OQpMno75S/t2ECgYEA7gW1BKYLKSKTSW5B2+iaR5wPPg2KFIwH\nq9+cRcDvaUG890+6w7pkpyBx3QcGl3zFiCBXjKQEzJ7LSpPKX+GtZ486h/f7s9nJ\nNJVT/v9xB8208JSgxUnkdXlJuBgjGw3nWr5lOjX/0Y9r5JBtCCwO2ZMsK/L1POuo\nLg11jD4vSzsCgYEAuUxprJvjtYcuMTo9G84dMcgyJt/4mCCrJyTESDXaEYQ4SYuT\n1axt2fpjoADkc4FAvW3LIWvNRz+BoEcOHEt9PQ2wWBDQAInjYedNwCg1Cwjvyp8K\nrgYGUEOCpSqglOpG5u7VLB8HxISBU05X+XY7ggZ5VOASjtgo2rjGaRMMRyECgYEA\nkXP5X8LcVSHk4d2371vgU9xhUClT9SRxV63JQLMbWrYqdPNLDWrtMVhZXJl7hL1h\ntMMW3UIqEKUFVCimZhtyLTPQr+Bx90EifLi4YL7W4s7pQI+DA60ZKFSbIR3W7iR7\n+e8Zyw3Oq9A6Pa2og3LxDDKsrprFFJpp5uKgr7gcjJsCgYEAhKf34A8bUEsP7HqZ\n9L6PrB9Im6Zn/YrpUBkJq4YfVoZhck+Eocm8bt4/yZr3w3WdHmLE9FwiZlCLHtyD\nG6byX2lOyl8ZcEVJH0y1WJDi4WF94x/gAcdSTMAV2ts+TjWXxPDWVY7uGcs2dnRm\ntgI5gxWuQ5cAz2X/3xVmcPN+srA=\n-----END PRIVATE KEY-----\n",
            "public_key_fingerprint_md5": "61:53:32:3c:58:44:14:fd:50:5e:eb:98:5c:51:c8:de",
            "public_key_fingerprint_sha256": "SHA256:un06yHSQg3OcuMETD3hY0enw0R05gmF2LFXvhNgE2pM",
            "public_key_openssh": "ssh-rsa AAAAB3NzaC1yc2EAAAADAQABAAABAQDnZgx5/wuK7uzCQtGTcc+/u2oPFfJONQj6eKBfl2NhiNoRLkKw3ffs6JY9HaHIaHMXdO+qHhKQ62PjXN/v83cyioCtx0Q/LfLmgZ2mmOJ3zobmBveYLS/Ue5QHLCBlk3put+7hcygxDWCjxZApAU4XZPaXSX4slSpo4wEXxBrQ3HnMK4kWns3kxVvwrjHAq4pmvx14F0C2MZoR9m7KhDTQNRAVeBjYTAnVyvyQfdIVODH+1mJdzGJmJQ2Qq/3sQyf2Btx1VW2djRNE9akhiwxH2gdQIOF0Sox+PMeCLdxQ0n8oxH5LB9ISPRkPP5hgqzAwyK0f/jXPcaFeO3Obt65b\n",
            "public_key_pem": "-----BEGIN PUBLIC KEY-----\nMIIBIjANBgkqhkiG9w0BAQEFAAOCAQ8AMIIBCgKCAQEA52YMef8Liu7swkLRk3HP\nv7tqDxXyTjUI+nigX5djYYjaES5CsN337OiWPR2hyGhzF3Tvqh4SkOtj41zf7/N3\nMoqArcdEPy3y5oGdppjid86G5gb3mC0v1HuUBywgZZN6brfu4XMoMQ1go8WQKQFO\nF2T2l0l+LJUqaOMBF8Qa0Nx5zCuJFp7N5MVb8K4xwKuKZr8deBdAtjGaEfZuyoQ0\n0DUQFXgY2EwJ1cr8kH3SFTgx/tZiXcxiZiUNkKv97EMn9gbcdVVtnY0TRPWpIYsM\nR9oHUCDhdEqMfjzHgi3cUNJ/KMR+SwfSEj0ZDz+YYKswMMitH/41z3GhXjtzm7eu\nWwIDAQAB\n-----END PUBLIC KEY-----\n",
            "rsa_bits": 2048
          },
          "sensitive_attributes": []
        }
      ]
    }
  ]
}
