{
  "version": 4,
  "terraform_version": "1.0.7",
  "serial": 626,
  "lineage": "c9aac03b-45a8-3223-2cb3-7f0a98ce4c38",
  "outputs": {
    "ec2_global_kubernetes_ips": {
      "value": "",
      "type": "string"
    }
  },
  "resources": [
    {
      "mode": "data",
      "type": "http",
      "name": "MyPublicIp",
      "provider": "provider[\"registry.terraform.io/hashicorp/http\"]",
      "instances": [
        {
          "schema_version": 0,
          "attributes": {
            "body": "147.235.201.113\n",
            "ca_cert_pem": null,
            "id": "https://ipv4.icanhazip.com",
            "insecure": null,
            "method": null,
            "request_body": null,
            "request_headers": null,
            "request_timeout_ms": null,
            "response_body": "147.235.201.113\n",
            "response_body_base64": "MTQ3LjIzNS4yMDEuMTEzCg==",
            "response_headers": {
              "Access-Control-Allow-Methods": "GET",
              "Access-Control-Allow-Origin": "*",
              "Alt-Svc": "h3=\":443\"; ma=86400",
              "Cf-Ray": "861d4e8fadb1e3df-TLV",
              "Content-Length": "16",
              "Content-Type": "text/plain",
              "Date": "Sat, 09 Mar 2024 19:00:15 GMT",
              "Server": "cloudflare",
              "Set-Cookie": "__cf_bm=9Ho8gqx.dujCLJs3ybTimT89JN8zpABC2NCNQqY7GVw-1710010815-1.0.1.1-7aEpCfXEzGWguAO2Ey7sPWNy2wQXUNer9h__ZPUMsG5Fa4BReleP1V_JJeqCmGVHNUo7VY3vKIEEJKa64I9nWQ; path=/; expires=Sat, 09-Mar-24 19:30:15 GMT; domain=.icanhazip.com; HttpOnly; Secure; SameSite=None",
              "Vary": "Accept-Encoding"
            },
            "retry": null,
            "status_code": 200,
            "url": "https://ipv4.icanhazip.com"
          },
          "sensitive_attributes": []
        }
      ]
    },
    {
      "mode": "managed",
      "type": "aws_eip",
      "name": "kubernetes-cluster-ec2-elastic-ip",
      "provider": "provider[\"registry.terraform.io/hashicorp/aws\"]",
      "instances": [
        {
          "schema_version": 0,
          "attributes": {
            "address": null,
            "allocation_id": "eipalloc-066ba589a25f089f1",
            "associate_with_private_ip": null,
            "association_id": "eipassoc-0b551be5bd6ec294c",
            "carrier_ip": "",
            "customer_owned_ip": "",
            "customer_owned_ipv4_pool": "",
            "domain": "vpc",
            "id": "eipalloc-066ba589a25f089f1",
            "instance": "i-0953d8cc10b595c5c",
            "network_border_group": "eu-central-1",
            "network_interface": "eni-05468c6cabe3ae4c6",
            "private_dns": "ip-10-0-1-246.eu-central-1.compute.internal",
            "private_ip": "10.0.1.246",
            "public_dns": "ec2-3-74-13-228.eu-central-1.compute.amazonaws.com",
            "public_ip": "3.74.13.228",
            "public_ipv4_pool": "amazon",
            "tags": {
              "kubernetes.io/cluster/kubernetes": "owned"
            },
            "tags_all": {
              "kubernetes.io/cluster/kubernetes": "owned"
            },
            "timeouts": null,
            "vpc": true
          },
          "sensitive_attributes": [],
          "private": "eyJlMmJmYjczMC1lY2FhLTExZTYtOGY4OC0zNDM2M2JjN2M0YzAiOnsiZGVsZXRlIjoxODAwMDAwMDAwMDAsInJlYWQiOjkwMDAwMDAwMDAwMCwidXBkYXRlIjozMDAwMDAwMDAwMDB9fQ==",
          "dependencies": [
            "aws_iam_instance_profile.kubernetes-cluster-ec2-instance-profile",
            "aws_iam_role.kubernetes-master-node-role1",
            "aws_instance.kubernetes-cluster-ec2",
            "aws_key_pair.kubernets-ec2-key-pair",
            "aws_security_group.kubernetes-cluster-security-group",
            "aws_subnet.kubernetes-vpc-public-subnet",
            "aws_vpc.kubernetes-vpc",
            "tls_private_key.kubernetes-managment-key-pair"
          ]
        }
      ]
    },
    {
      "mode": "managed",
      "type": "aws_iam_instance_profile",
      "name": "kubernetes-cluster-ec2-instance-profile",
      "provider": "provider[\"registry.terraform.io/hashicorp/aws\"]",
      "instances": [
        {
          "schema_version": 0,
          "attributes": {
            "arn": "arn:aws:iam::750353367788:instance-profile/kubernetes-cluster-ec2-instance-profile",
            "create_date": "2024-03-09T19:00:30Z",
            "id": "kubernetes-cluster-ec2-instance-profile",
            "name": "kubernetes-cluster-ec2-instance-profile",
            "name_prefix": "",
            "path": "/",
            "role": "kubernetes-master-node-role1",
            "tags": null,
            "tags_all": {},
            "unique_id": "AIPA25NELYLWAUAKEQLDY"
          },
          "sensitive_attributes": [],
          "private": "bnVsbA==",
          "dependencies": [
            "aws_iam_role.kubernetes-master-node-role1"
          ]
        }
      ]
    },
    {
      "mode": "managed",
      "type": "aws_iam_policy",
      "name": "kubernetes-master-node-policy1",
      "provider": "provider[\"registry.terraform.io/hashicorp/aws\"]",
      "instances": [
        {
          "schema_version": 0,
          "attributes": {
            "arn": "arn:aws:iam::750353367788:policy/kubernetes-master-node-policy1",
            "description": "",
            "id": "arn:aws:iam::750353367788:policy/kubernetes-master-node-policy1",
            "name": "kubernetes-master-node-policy1",
            "name_prefix": "",
            "path": "/",
            "policy": "{\"Statement\":[{\"Action\":[\"autoscaling:DescribeAutoScalingGroups\",\"autoscaling:DescribeLaunchConfigurations\",\"autoscaling:DescribeTags\",\"ec2:DescribeInstances\",\"ec2:DescribeRegions\",\"ec2:DescribeRouteTables\",\"ec2:DescribeSecurityGroups\",\"ec2:DescribeSubnets\",\"ec2:DescribeVolumes\",\"ec2:CreateSecurityGroup\",\"ec2:CreateTags\",\"ec2:CreateVolume\",\"ec2:ModifyInstanceAttribute\",\"ec2:ModifyVolume\",\"ec2:AttachVolume\",\"ec2:AuthorizeSecurityGroupIngress\",\"ec2:CreateRoute\",\"ec2:DeleteRoute\",\"ec2:DeleteSecurityGroup\",\"ec2:DeleteVolume\",\"ec2:DetachVolume\",\"ec2:RevokeSecurityGroupIngress\",\"ec2:DescribeVpcs\",\"elasticloadbalancing:AddTags\",\"elasticloadbalancing:AttachLoadBalancerToSubnets\",\"elasticloadbalancing:ApplySecurityGroupsToLoadBalancer\",\"elasticloadbalancing:CreateLoadBalancer\",\"elasticloadbalancing:CreateLoadBalancerPolicy\",\"elasticloadbalancing:CreateLoadBalancerListeners\",\"elasticloadbalancing:ConfigureHealthCheck\",\"elasticloadbalancing:DeleteLoadBalancer\",\"elasticloadbalancing:DeleteLoadBalancerListeners\",\"elasticloadbalancing:DescribeLoadBalancers\",\"elasticloadbalancing:DescribeLoadBalancerAttributes\",\"elasticloadbalancing:DetachLoadBalancerFromSubnets\",\"elasticloadbalancing:DeregisterInstancesFromLoadBalancer\",\"elasticloadbalancing:ModifyLoadBalancerAttributes\",\"elasticloadbalancing:RegisterInstancesWithLoadBalancer\",\"elasticloadbalancing:SetLoadBalancerPoliciesForBackendServer\",\"elasticloadbalancing:AddTags\",\"elasticloadbalancing:CreateListener\",\"elasticloadbalancing:CreateTargetGroup\",\"elasticloadbalancing:DeleteListener\",\"elasticloadbalancing:DeleteTargetGroup\",\"elasticloadbalancing:DescribeListeners\",\"elasticloadbalancing:DescribeLoadBalancerPolicies\",\"elasticloadbalancing:DescribeTargetGroups\",\"elasticloadbalancing:DescribeTargetHealth\",\"elasticloadbalancing:ModifyListener\",\"elasticloadbalancing:ModifyTargetGroup\",\"elasticloadbalancing:RegisterTargets\",\"elasticloadbalancing:SetLoadBalancerPoliciesOfListener\",\"iam:CreateServiceLinkedRole\",\"kms:DescribeKey\"],\"Effect\":\"Allow\",\"Resource\":[\"*\"]}],\"Version\":\"2012-10-17\"}",
            "policy_id": "ANPA25NELYLWD7ZX35IOH",
            "tags": {
              "kubernetes.io/cluster/kubernetes": "owned"
            },
            "tags_all": {
              "kubernetes.io/cluster/kubernetes": "owned"
            }
          },
          "sensitive_attributes": [],
          "private": "bnVsbA=="
        }
      ]
    },
    {
      "mode": "managed",
      "type": "aws_iam_policy",
      "name": "kubernetes-worker-node-policy1",
      "provider": "provider[\"registry.terraform.io/hashicorp/aws\"]",
      "instances": [
        {
          "schema_version": 0,
          "attributes": {
            "arn": "arn:aws:iam::750353367788:policy/kubernetes-worker-node-policy1",
            "description": "",
            "id": "arn:aws:iam::750353367788:policy/kubernetes-worker-node-policy1",
            "name": "kubernetes-worker-node-policy1",
            "name_prefix": "",
            "path": "/",
            "policy": "{\"Statement\":[{\"Action\":[\"ec2:DescribeInstances\",\"ec2:DescribeRegions\",\"ecr:GetAuthorizationToken\",\"ecr:BatchCheckLayerAvailability\",\"ecr:GetDownloadUrlForLayer\",\"ecr:GetRepositoryPolicy\",\"ecr:DescribeRepositories\",\"ecr:ListImages\",\"ecr:BatchGetImage\"],\"Effect\":\"Allow\",\"Resource\":\"*\"}],\"Version\":\"2012-10-17\"}",
            "policy_id": "ANPA25NELYLWB3VGRLYEE",
            "tags": {
              "kubernetes.io/cluster/kubernetes": "owned"
            },
            "tags_all": {
              "kubernetes.io/cluster/kubernetes": "owned"
            }
          },
          "sensitive_attributes": [],
          "private": "bnVsbA=="
        }
      ]
    },
    {
      "mode": "managed",
      "type": "aws_iam_policy_attachment",
      "name": "kubernetes-master-node-role-policy-attachment-master-policy",
      "provider": "provider[\"registry.terraform.io/hashicorp/aws\"]",
      "instances": [
        {
          "schema_version": 0,
          "attributes": {
            "groups": null,
            "id": "kubernetes-master-node-role-policy-attachment-master-policy",
            "name": "kubernetes-master-node-role-policy-attachment-master-policy",
            "policy_arn": "arn:aws:iam::750353367788:policy/kubernetes-master-node-policy1",
            "roles": [
              "kubernetes-master-node-role1"
            ],
            "users": null
          },
          "sensitive_attributes": [],
          "private": "bnVsbA==",
          "dependencies": [
            "aws_iam_policy.kubernetes-master-node-policy1",
            "aws_iam_role.kubernetes-master-node-role1"
          ]
        }
      ]
    },
    {
      "mode": "managed",
      "type": "aws_iam_policy_attachment",
      "name": "kubernetes-master-node-role-policy-attachment-worker-policy",
      "provider": "provider[\"registry.terraform.io/hashicorp/aws\"]",
      "instances": [
        {
          "schema_version": 0,
          "attributes": {
            "groups": null,
            "id": "kubernetes-master-node-role-policy-attachment-worker-policy",
            "name": "kubernetes-master-node-role-policy-attachment-worker-policy",
            "policy_arn": "arn:aws:iam::750353367788:policy/kubernetes-worker-node-policy1",
            "roles": [
              "kubernetes-master-node-role1"
            ],
            "users": null
          },
          "sensitive_attributes": [],
          "private": "bnVsbA==",
          "dependencies": [
            "aws_iam_policy.kubernetes-worker-node-policy1",
            "aws_iam_role.kubernetes-master-node-role1"
          ]
        }
      ]
    },
    {
      "mode": "managed",
      "type": "aws_iam_role",
      "name": "kubernetes-master-node-role1",
      "provider": "provider[\"registry.terraform.io/hashicorp/aws\"]",
      "instances": [
        {
          "schema_version": 0,
          "attributes": {
            "arn": "arn:aws:iam::750353367788:role/kubernetes-master-node-role1",
            "assume_role_policy": "{\"Statement\":[{\"Action\":\"sts:AssumeRole\",\"Effect\":\"Allow\",\"Principal\":{\"Service\":\"ec2.amazonaws.com\"}}],\"Version\":\"2012-10-17\"}",
            "create_date": "2024-03-09T19:00:29Z",
            "description": "",
            "force_detach_policies": false,
            "id": "kubernetes-master-node-role1",
            "inline_policy": [],
            "managed_policy_arns": [],
            "max_session_duration": 3600,
            "name": "kubernetes-master-node-role1",
            "name_prefix": "",
            "path": "/",
            "permissions_boundary": "",
            "tags": {
              "kubernetes.io/cluster/kubernetes": "owned"
            },
            "tags_all": {
              "kubernetes.io/cluster/kubernetes": "owned"
            },
            "unique_id": "AROA25NELYLWF5FQOHIAF"
          },
          "sensitive_attributes": [],
          "private": "bnVsbA=="
        }
      ]
    },
    {
      "mode": "managed",
      "type": "aws_instance",
      "name": "kubernetes-cluster-ec2",
      "provider": "provider[\"registry.terraform.io/hashicorp/aws\"]",
      "instances": [
        {
          "schema_version": 1,
          "attributes": {
            "ami": "ami-0faab6bdbac9486fb",
            "arn": "arn:aws:ec2:eu-central-1:750353367788:instance/i-0953d8cc10b595c5c",
            "associate_public_ip_address": false,
            "availability_zone": "eu-central-1c",
            "capacity_reservation_specification": [
              {
                "capacity_reservation_preference": "open",
                "capacity_reservation_target": []
              }
            ],
            "cpu_core_count": 1,
            "cpu_options": [
              {
                "amd_sev_snp": "",
                "core_count": 1,
                "threads_per_core": 2
              }
            ],
            "cpu_threads_per_core": 2,
            "credit_specification": [
              {
                "cpu_credits": "unlimited"
              }
            ],
            "disable_api_stop": false,
            "disable_api_termination": false,
            "ebs_block_device": [],
            "ebs_optimized": false,
            "enclave_options": [
              {
                "enabled": false
              }
            ],
            "ephemeral_block_device": [],
            "get_password_data": false,
            "hibernation": false,
            "host_id": "",
            "host_resource_group_arn": null,
            "iam_instance_profile": "kubernetes-cluster-ec2-instance-profile",
            "id": "i-0953d8cc10b595c5c",
            "instance_initiated_shutdown_behavior": "stop",
            "instance_lifecycle": "",
            "instance_market_options": [],
            "instance_state": "running",
            "instance_type": "t3.medium",
            "ipv6_address_count": 0,
            "ipv6_addresses": [],
            "key_name": "kubernetes-managment-key-pair",
            "launch_template": [],
            "maintenance_options": [
              {
                "auto_recovery": "default"
              }
            ],
            "metadata_options": [
              {
                "http_endpoint": "enabled",
                "http_protocol_ipv6": "disabled",
                "http_put_response_hop_limit": 1,
                "http_tokens": "optional",
                "instance_metadata_tags": "disabled"
              }
            ],
            "monitoring": false,
            "network_interface": [],
            "outpost_arn": "",
            "password_data": "",
            "placement_group": "",
            "placement_partition_number": 0,
            "primary_network_interface_id": "eni-05468c6cabe3ae4c6",
            "private_dns": "ip-10-0-1-246.eu-central-1.compute.internal",
            "private_dns_name_options": [
              {
                "enable_resource_name_dns_a_record": false,
                "enable_resource_name_dns_aaaa_record": false,
                "hostname_type": "ip-name"
              }
            ],
            "private_ip": "10.0.1.246",
            "public_dns": "",
            "public_ip": "",
            "root_block_device": [
              {
                "delete_on_termination": true,
                "device_name": "/dev/sda1",
                "encrypted": false,
                "iops": 100,
                "kms_key_id": "",
                "tags": {},
                "throughput": 0,
                "volume_id": "vol-0abe355902753ab5e",
                "volume_size": 8,
                "volume_type": "gp2"
              }
            ],
            "secondary_private_ips": [],
            "security_groups": [],
            "source_dest_check": true,
            "spot_instance_request_id": "",
            "subnet_id": "subnet-00c118fda5d16c40e",
            "tags": {
              "kubernetes.io/cluster/kubernetes": "owned"
            },
            "tags_all": {
              "kubernetes.io/cluster/kubernetes": "owned"
            },
            "tenancy": "default",
            "timeouts": null,
            "user_data": null,
            "user_data_base64": null,
            "user_data_replace_on_change": false,
            "volume_tags": null,
            "vpc_security_group_ids": [
              "sg-0552897273d8df682"
            ]
          },
          "sensitive_attributes": [],
          "private": "eyJlMmJmYjczMC1lY2FhLTExZTYtOGY4OC0zNDM2M2JjN2M0YzAiOnsiY3JlYXRlIjo2MDAwMDAwMDAwMDAsImRlbGV0ZSI6MTIwMDAwMDAwMDAwMCwidXBkYXRlIjo2MDAwMDAwMDAwMDB9LCJzY2hlbWFfdmVyc2lvbiI6IjEifQ==",
          "dependencies": [
            "aws_iam_instance_profile.kubernetes-cluster-ec2-instance-profile",
            "aws_iam_role.kubernetes-master-node-role1",
            "aws_key_pair.kubernets-ec2-key-pair",
            "aws_security_group.kubernetes-cluster-security-group",
            "aws_subnet.kubernetes-vpc-public-subnet",
            "aws_vpc.kubernetes-vpc",
            "tls_private_key.kubernetes-managment-key-pair"
          ]
        }
      ]
    },
    {
      "mode": "managed",
      "type": "aws_internet_gateway",
      "name": "kubernetes-vpc-internet-gateway",
      "provider": "provider[\"registry.terraform.io/hashicorp/aws\"]",
      "instances": [
        {
          "schema_version": 0,
          "attributes": {
            "arn": "arn:aws:ec2:eu-central-1:750353367788:internet-gateway/igw-0bcf1bc34ffbfbf1c",
            "id": "igw-0bcf1bc34ffbfbf1c",
            "owner_id": "750353367788",
            "tags": {
              "kubernetes.io/cluster/kubernetes": "owned"
            },
            "tags_all": {
              "kubernetes.io/cluster/kubernetes": "owned"
            },
            "timeouts": null,
            "vpc_id": "vpc-03aa5fef96ff5c909"
          },
          "sensitive_attributes": [],
          "private": "eyJlMmJmYjczMC1lY2FhLTExZTYtOGY4OC0zNDM2M2JjN2M0YzAiOnsiY3JlYXRlIjoxMjAwMDAwMDAwMDAwLCJkZWxldGUiOjEyMDAwMDAwMDAwMDAsInVwZGF0ZSI6MTIwMDAwMDAwMDAwMH19",
          "dependencies": [
            "aws_vpc.kubernetes-vpc"
          ]
        }
      ]
    },
    {
      "mode": "managed",
      "type": "aws_key_pair",
      "name": "kubernets-ec2-key-pair",
      "provider": "provider[\"registry.terraform.io/hashicorp/aws\"]",
      "instances": [
        {
          "schema_version": 1,
          "attributes": {
            "arn": "arn:aws:ec2:eu-central-1:750353367788:key-pair/kubernetes-managment-key-pair",
            "fingerprint": "8e:66:2f:69:13:a3:2e:f4:4d:00:09:e3:7b:13:73:c8",
            "id": "kubernetes-managment-key-pair",
            "key_name": "kubernetes-managment-key-pair",
            "key_name_prefix": "",
            "key_pair_id": "key-00544b02c619933f3",
            "key_type": "rsa",
            "public_key": "ssh-rsa AAAAB3NzaC1yc2EAAAADAQABAAABAQCrjyz61hL92hTVJp7x4ZBESKU3mo2ll37dBFEo0XrK3ISDo9qZTnrDzuqLu9vWme+nSROsdDqdCTBCIoKqZvCNpe7kus/+91jqIyhYwEnTNx6gUk2P9vhQ7rPcvdkmlERNrkuAA63KchJTzbrIi8Juc3ehVPIXMWq90iwSD1NweBphjsq6VdaHPpVuYf5q7MYX1jH8RIltqlCnobWB69VkTS6GTtiF7o8mvGm/W0JkwvRiENpLlp/bdAa4rk2h2ujYLr5ojpkIoVgalBAj3e2ZLfw63w6oYo6T6cuBt3UxsiTk3QaUWVPY0t5Xo/Np4dv8RLexORjaLL6cV1YpjOAn",
            "tags": null,
            "tags_all": {}
          },
          "sensitive_attributes": [],
          "private": "eyJzY2hlbWFfdmVyc2lvbiI6IjEifQ==",
          "dependencies": [
            "tls_private_key.kubernetes-managment-key-pair"
          ]
        }
      ]
    },
    {
      "mode": "managed",
      "type": "aws_route_table",
      "name": "kubernetes-vpc-route-table",
      "provider": "provider[\"registry.terraform.io/hashicorp/aws\"]",
      "instances": [
        {
          "schema_version": 0,
          "attributes": {
            "arn": "arn:aws:ec2:eu-central-1:750353367788:route-table/rtb-0920455d6a8f467b0",
            "id": "rtb-0920455d6a8f467b0",
            "owner_id": "750353367788",
            "propagating_vgws": [],
            "route": [
              {
                "carrier_gateway_id": "",
                "cidr_block": "0.0.0.0/0",
                "core_network_arn": "",
                "destination_prefix_list_id": "",
                "egress_only_gateway_id": "",
                "gateway_id": "igw-0bcf1bc34ffbfbf1c",
                "ipv6_cidr_block": "",
                "local_gateway_id": "",
                "nat_gateway_id": "",
                "network_interface_id": "",
                "transit_gateway_id": "",
                "vpc_endpoint_id": "",
                "vpc_peering_connection_id": ""
              }
            ],
            "tags": {
              "kubernetes.io/cluster/kubernetes": "owned"
            },
            "tags_all": {
              "kubernetes.io/cluster/kubernetes": "owned"
            },
            "timeouts": null,
            "vpc_id": "vpc-03aa5fef96ff5c909"
          },
          "sensitive_attributes": [],
          "private": "eyJlMmJmYjczMC1lY2FhLTExZTYtOGY4OC0zNDM2M2JjN2M0YzAiOnsiY3JlYXRlIjozMDAwMDAwMDAwMDAsImRlbGV0ZSI6MzAwMDAwMDAwMDAwLCJ1cGRhdGUiOjEyMDAwMDAwMDAwMH19",
          "dependencies": [
            "aws_internet_gateway.kubernetes-vpc-internet-gateway",
            "aws_vpc.kubernetes-vpc"
          ]
        }
      ]
    },
    {
      "mode": "managed",
      "type": "aws_route_table_association",
      "name": "kubernetes-vpc-route-table-associate-to-public-subnets",
      "provider": "provider[\"registry.terraform.io/hashicorp/aws\"]",
      "instances": [
        {
          "schema_version": 0,
          "attributes": {
            "gateway_id": "",
            "id": "rtbassoc-0960b6a199ee0c875",
            "route_table_id": "rtb-0920455d6a8f467b0",
            "subnet_id": "subnet-00c118fda5d16c40e",
            "timeouts": null
          },
          "sensitive_attributes": [],
          "private": "eyJlMmJmYjczMC1lY2FhLTExZTYtOGY4OC0zNDM2M2JjN2M0YzAiOnsiY3JlYXRlIjozMDAwMDAwMDAwMDAsImRlbGV0ZSI6MzAwMDAwMDAwMDAwLCJ1cGRhdGUiOjEyMDAwMDAwMDAwMH19",
          "dependencies": [
            "aws_internet_gateway.kubernetes-vpc-internet-gateway",
            "aws_route_table.kubernetes-vpc-route-table",
            "aws_subnet.kubernetes-vpc-public-subnet",
            "aws_vpc.kubernetes-vpc"
          ]
        }
      ]
    },
    {
      "mode": "managed",
      "type": "aws_security_group",
      "name": "kubernetes-cluster-security-group",
      "provider": "provider[\"registry.terraform.io/hashicorp/aws\"]",
      "instances": [
        {
          "schema_version": 1,
          "attributes": {
            "arn": "arn:aws:ec2:eu-central-1:750353367788:security-group/sg-0552897273d8df682",
            "description": "Allow the Kuberntes cluster to communicate internally and to be managed externally",
            "egress": [],
            "id": "sg-0552897273d8df682",
            "ingress": [],
            "name": "kubernetes-cluster-security-group",
            "name_prefix": "",
            "owner_id": "750353367788",
            "revoke_rules_on_delete": false,
            "tags": {
              "kubernetes.io/cluster/kubernetes": "owned"
            },
            "tags_all": {
              "kubernetes.io/cluster/kubernetes": "owned"
            },
            "timeouts": null,
            "vpc_id": "vpc-03aa5fef96ff5c909"
          },
          "sensitive_attributes": [],
          "private": "eyJlMmJmYjczMC1lY2FhLTExZTYtOGY4OC0zNDM2M2JjN2M0YzAiOnsiY3JlYXRlIjo2MDAwMDAwMDAwMDAsImRlbGV0ZSI6OTAwMDAwMDAwMDAwfSwic2NoZW1hX3ZlcnNpb24iOiIxIn0=",
          "dependencies": [
            "aws_vpc.kubernetes-vpc"
          ]
        }
      ]
    },
    {
      "mode": "managed",
      "type": "aws_subnet",
      "name": "kubernetes-vpc-public-subnet",
      "provider": "provider[\"registry.terraform.io/hashicorp/aws\"]",
      "instances": [
        {
          "schema_version": 1,
          "attributes": {
            "arn": "arn:aws:ec2:eu-central-1:750353367788:subnet/subnet-00c118fda5d16c40e",
            "assign_ipv6_address_on_creation": false,
            "availability_zone": "eu-central-1c",
            "availability_zone_id": "euc1-az1",
            "cidr_block": "10.0.1.0/24",
            "customer_owned_ipv4_pool": "",
            "enable_dns64": false,
            "enable_lni_at_device_index": 0,
            "enable_resource_name_dns_a_record_on_launch": false,
            "enable_resource_name_dns_aaaa_record_on_launch": false,
            "id": "subnet-00c118fda5d16c40e",
            "ipv6_cidr_block": "",
            "ipv6_cidr_block_association_id": "",
            "ipv6_native": false,
            "map_customer_owned_ip_on_launch": false,
            "map_public_ip_on_launch": false,
            "outpost_arn": "",
            "owner_id": "750353367788",
            "private_dns_hostname_type_on_launch": "ip-name",
            "tags": {
              "kubernetes.io/cluster/kubernetes": "owned"
            },
            "tags_all": {
              "kubernetes.io/cluster/kubernetes": "owned"
            },
            "timeouts": null,
            "vpc_id": "vpc-03aa5fef96ff5c909"
          },
          "sensitive_attributes": [],
          "private": "eyJlMmJmYjczMC1lY2FhLTExZTYtOGY4OC0zNDM2M2JjN2M0YzAiOnsiY3JlYXRlIjo2MDAwMDAwMDAwMDAsImRlbGV0ZSI6MTIwMDAwMDAwMDAwMH0sInNjaGVtYV92ZXJzaW9uIjoiMSJ9",
          "dependencies": [
            "aws_vpc.kubernetes-vpc"
          ]
        }
      ]
    },
    {
      "mode": "managed",
      "type": "aws_vpc",
      "name": "kubernetes-vpc",
      "provider": "provider[\"registry.terraform.io/hashicorp/aws\"]",
      "instances": [
        {
          "schema_version": 1,
          "attributes": {
            "arn": "arn:aws:ec2:eu-central-1:750353367788:vpc/vpc-03aa5fef96ff5c909",
            "assign_generated_ipv6_cidr_block": false,
            "cidr_block": "10.0.0.0/16",
            "default_network_acl_id": "acl-01d68b639dbf5d181",
            "default_route_table_id": "rtb-0050fe44c55a3735f",
            "default_security_group_id": "sg-01954047bcc93191b",
            "dhcp_options_id": "dopt-0e9da1acacc25594b",
            "enable_dns_hostnames": false,
            "enable_dns_support": true,
            "enable_network_address_usage_metrics": false,
            "id": "vpc-03aa5fef96ff5c909",
            "instance_tenancy": "default",
            "ipv4_ipam_pool_id": null,
            "ipv4_netmask_length": null,
            "ipv6_association_id": "",
            "ipv6_cidr_block": "",
            "ipv6_cidr_block_network_border_group": "",
            "ipv6_ipam_pool_id": "",
            "ipv6_netmask_length": 0,
            "main_route_table_id": "rtb-0050fe44c55a3735f",
            "owner_id": "750353367788",
            "tags": {
              "kubernetes.io/cluster/kubernetes": "owned"
            },
            "tags_all": {
              "kubernetes.io/cluster/kubernetes": "owned"
            }
          },
          "sensitive_attributes": [],
          "private": "eyJzY2hlbWFfdmVyc2lvbiI6IjEifQ=="
        }
      ]
    },
    {
      "mode": "managed",
      "type": "aws_vpc_security_group_egress_rule",
      "name": "OutboundSecurityGroupAllowAllPublicTraffic",
      "provider": "provider[\"registry.terraform.io/hashicorp/aws\"]",
      "instances": [
        {
          "schema_version": 0,
          "attributes": {
            "arn": "arn:aws:ec2:eu-central-1:750353367788:security-group-rule/sgr-0947a6ef690ea49e7",
            "cidr_ipv4": "0.0.0.0/0",
            "cidr_ipv6": null,
            "description": null,
            "from_port": null,
            "id": "sgr-0947a6ef690ea49e7",
            "ip_protocol": "-1",
            "prefix_list_id": null,
            "referenced_security_group_id": null,
            "security_group_id": "sg-0552897273d8df682",
            "security_group_rule_id": "sgr-0947a6ef690ea49e7",
            "tags": null,
            "tags_all": {},
            "to_port": null
          },
          "sensitive_attributes": [],
          "dependencies": [
            "aws_security_group.kubernetes-cluster-security-group",
            "aws_vpc.kubernetes-vpc"
          ]
        }
      ]
    },
    {
      "mode": "managed",
      "type": "aws_vpc_security_group_ingress_rule",
      "name": "InboundSecurityGroupAllowAllPrivateTraffic",
      "provider": "provider[\"registry.terraform.io/hashicorp/aws\"]",
      "instances": [
        {
          "schema_version": 0,
          "attributes": {
            "arn": "arn:aws:ec2:eu-central-1:750353367788:security-group-rule/sgr-01f369de75fd6c243",
            "cidr_ipv4": "10.0.0.0/16",
            "cidr_ipv6": null,
            "description": null,
            "from_port": null,
            "id": "sgr-01f369de75fd6c243",
            "ip_protocol": "-1",
            "prefix_list_id": null,
            "referenced_security_group_id": null,
            "security_group_id": "sg-0552897273d8df682",
            "security_group_rule_id": "sgr-01f369de75fd6c243",
            "tags": null,
            "tags_all": {},
            "to_port": null
          },
          "sensitive_attributes": [],
          "dependencies": [
            "aws_security_group.kubernetes-cluster-security-group",
            "aws_vpc.kubernetes-vpc"
          ]
        }
      ]
    },
    {
      "mode": "managed",
      "type": "aws_vpc_security_group_ingress_rule",
      "name": "InboundSecurityGroupAllowAllPublicTraffic",
      "provider": "provider[\"registry.terraform.io/hashicorp/aws\"]",
      "instances": [
        {
          "index_key": 0,
          "schema_version": 0,
          "attributes": {
            "arn": "arn:aws:ec2:eu-central-1:750353367788:security-group-rule/sgr-06f33b36e364227f6",
            "cidr_ipv4": "147.235.201.113/32",
            "cidr_ipv6": null,
            "description": null,
            "from_port": null,
            "id": "sgr-06f33b36e364227f6",
            "ip_protocol": "-1",
            "prefix_list_id": null,
            "referenced_security_group_id": null,
            "security_group_id": "sg-0552897273d8df682",
            "security_group_rule_id": "sgr-06f33b36e364227f6",
            "tags": null,
            "tags_all": {},
            "to_port": null
          },
          "sensitive_attributes": [],
          "dependencies": [
            "aws_security_group.kubernetes-cluster-security-group",
            "aws_vpc.kubernetes-vpc",
            "data.http.MyPublicIp"
          ]
        }
      ]
    },
    {
      "mode": "managed",
      "type": "local_file",
      "name": "kubernetes-ec2-generated-public-key-file",
      "provider": "provider[\"registry.terraform.io/hashicorp/local\"]",
      "instances": [
        {
          "schema_version": 0,
          "attributes": {
            "content": "-----BEGIN RSA PRIVATE KEY-----\nMIIEowIBAAKCAQEAq48s+tYS/doU1Sae8eGQREilN5qNpZd+3QRRKNF6ytyEg6Pa\nmU56w87qi7vb1pnvp0kTrHQ6nQkwQiKCqmbwjaXu5LrP/vdY6iMoWMBJ0zceoFJN\nj/b4UO6z3L3ZJpRETa5LgAOtynISU826yIvCbnN3oVTyFzFqvdIsEg9TcHgaYY7K\nulXWhz6VbmH+auzGF9Yx/ESJbapQp6G1gevVZE0uhk7Yhe6PJrxpv1tCZML0YhDa\nS5af23QGuK5Nodro2C6+aI6ZCKFYGpQQI93tmS38Ot8OqGKOk+nLgbd1MbIk5N0G\nlFlT2NLeV6PzaeHb/ES3sTkY2iy+nFdWKYzgJwIDAQABAoIBAE+A62RW/rgbb1oU\nKsaHNJcgX0h0XD4oBceg74eOBGysYtCqh2xSXTwO0MzuwwMhlVkd2Xsq5drOXknX\nulwDlmjeQ+ZF2Iwczly67ECs48l5Gr1LRtx3pD3FUR7z8AUb4sdpBV4O1mQiFvI1\nPeEgO3t6ES93sTUkVoYfNwMrjQxqKepF2Ub7dowcv7x/ggHIMpgTpeKG7SHQ/fiA\nxUqO9/0sLjLrft5/y8lHDwCbWcx/g+vGKu7Xv8u9J8vqP3Kunl1vUJ9B818tdaAR\nkIHEuhwJF/YatPC1LZOaa+s8BR6HIOtyxbCJmxSUm2kaeuR6907DTySxDkgoOOPB\nbmOQuEkCgYEA1vtCEp8nHPQ/pHjAEtfcuVzeiZoZVvc1rO0D52IWmRrjXOf1pzIQ\nS7RG+opKnlMH877tmXQKU5o6qG4AlnBjArt4NVVKQt/nmfpE1ZS86mJTzmqE06nS\n1A7luxhanm+eF0DuJMC/ae87MCDBfj1KuI9dD+1TzKQ435efHGfGEoMCgYEAzEr3\nU+td0FPxmWmwzT6AE+A6+zKlqGnG9+Oo7MUOz11ltfHqwai1ub2JuIsQZsYvsPrZ\noKwZRwqe7zQ/liBhzCIcP7QfeIgnGniNVFdEcxIByYxS9KzmPg60g6yEi53W7h5+\np/D9sS7ftQtduY0jbxqmC0dyZqSBHfm723pBOo0CgYEAxN7zcvosZ2eFoKizvI3R\npC5X3MsxyWI51VJ38Lzy1OK6s6n4XFSMd8dv+KAMFVEURzLhg1Ww3z6t2PBjuWDS\nSv5C5xRkHTnObkOyJaVAG6RP+wew++TZHTlHSD7VPaIZtFHRw/Z/VBOwsDJO/7xB\nYSJopt0/kHgTXS8Mloax7OECgYBNBSZh2SaxWDSJ5jLl7l5TIAKcmeeiqt58rrQN\nL+35d/jUs7QR9w0sTa0SijtQw/9O9gP+c2PESNjKziP68ZJtZ57G1Z3Xz10Oucxu\ns8f2qh9KYUEVReo4E0szKWN/T66sb4rIvi6nEkj89KANSIzHYoCfV/xlfje/mVud\nz2WwMQKBgAnayGCBboWH0hmCd6PqrOlxFeqlFzP0UE9iXjOWh2Z+pCEXR9klmLAL\n/0NyEk43LU9JYPSaoLfr/HhilX7UiViYvGFuywfFyY1ZN7Aru8r4rsJfYIWcC3h1\nyPCYb0+PNU9olf4/iNnjLCu38MuOGDH+cvgD43nAvV1LU1vxM0+l\n-----END RSA PRIVATE KEY-----\n",
            "content_base64": null,
            "content_base64sha256": "tEU5PeV+h2bwuX2ldNRgb+DQ2aunkIYZq9cfc7dYNms=",
            "content_base64sha512": "oHdM9DkL/V5qaR4X1AU6jot6KuBBipzzlOGt9fhjfvXNzUdzsHvEB/RT6L2UeeJD06FqriUc7hq0S14m9cg5Tg==",
            "content_md5": "b7b1eec806068fb7c76c4a3f858d4e72",
            "content_sha1": "f374e46e09f074d8fc1b3064874cbc3eed043c2a",
            "content_sha256": "b445393de57e8766f0b97da574d4606fe0d0d9aba7908619abd71f73b758366b",
            "content_sha512": "a0774cf4390bfd5e6a691e17d4053a8e8b7a2ae0418a9cf394e1adf5f8637ef5cdcd4773b07bc407f453e8bd9479e243d3a16aae251cee1ab44b5e26f5c8394e",
            "directory_permission": "0777",
            "file_permission": "0777",
            "filename": "/Terraform/PrivateFiles/kubernetes-managment-key-pair-private.pem",
            "id": "f374e46e09f074d8fc1b3064874cbc3eed043c2a",
            "sensitive_content": null,
            "source": null
          },
          "sensitive_attributes": [
            [
              {
                "type": "get_attr",
                "value": "content"
              }
            ]
          ],
          "dependencies": [
            "tls_private_key.kubernetes-managment-key-pair"
          ]
        }
      ]
    },
    {
      "mode": "managed",
      "type": "tls_private_key",
      "name": "kubernetes-managment-key-pair",
      "provider": "provider[\"registry.terraform.io/hashicorp/tls\"]",
      "instances": [
        {
          "schema_version": 1,
          "attributes": {
            "algorithm": "RSA",
            "ecdsa_curve": "P224",
            "id": "a281b459b7af573c185d43e9c80f65ad5fe997b2",
            "private_key_openssh": "-----BEGIN OPENSSH PRIVATE KEY-----\nb3BlbnNzaC1rZXktdjEAAAAABG5vbmUAAAAEbm9uZQAAAAAAAAABAAABFwAAAAdz\nc2gtcnNhAAAAAwEAAQAAAQEAq48s+tYS/doU1Sae8eGQREilN5qNpZd+3QRRKNF6\nytyEg6PamU56w87qi7vb1pnvp0kTrHQ6nQkwQiKCqmbwjaXu5LrP/vdY6iMoWMBJ\n0zceoFJNj/b4UO6z3L3ZJpRETa5LgAOtynISU826yIvCbnN3oVTyFzFqvdIsEg9T\ncHgaYY7KulXWhz6VbmH+auzGF9Yx/ESJbapQp6G1gevVZE0uhk7Yhe6PJrxpv1tC\nZML0YhDaS5af23QGuK5Nodro2C6+aI6ZCKFYGpQQI93tmS38Ot8OqGKOk+nLgbd1\nMbIk5N0GlFlT2NLeV6PzaeHb/ES3sTkY2iy+nFdWKYzgJwAAA7j3saGI97GhiAAA\nAAdzc2gtcnNhAAABAQCrjyz61hL92hTVJp7x4ZBESKU3mo2ll37dBFEo0XrK3ISD\no9qZTnrDzuqLu9vWme+nSROsdDqdCTBCIoKqZvCNpe7kus/+91jqIyhYwEnTNx6g\nUk2P9vhQ7rPcvdkmlERNrkuAA63KchJTzbrIi8Juc3ehVPIXMWq90iwSD1NweBph\njsq6VdaHPpVuYf5q7MYX1jH8RIltqlCnobWB69VkTS6GTtiF7o8mvGm/W0JkwvRi\nENpLlp/bdAa4rk2h2ujYLr5ojpkIoVgalBAj3e2ZLfw63w6oYo6T6cuBt3UxsiTk\n3QaUWVPY0t5Xo/Np4dv8RLexORjaLL6cV1YpjOAnAAAAAwEAAQAAAQBPgOtkVv64\nG29aFCrGhzSXIF9IdFw+KAXHoO+HjgRsrGLQqodsUl08DtDM7sMDIZVZHdl7KuXa\nzl5J17pcA5Zo3kPmRdiMHM5cuuxArOPJeRq9S0bcd6Q9xVEe8/AFG+LHaQVeDtZk\nIhbyNT3hIDt7ehEvd7E1JFaGHzcDK40MainqRdlG+3aMHL+8f4IByDKYE6Xihu0h\n0P34gMVKjvf9LC4y637ef8vJRw8Am1nMf4Prxiru17/LvSfL6j9yrp5db1CfQfNf\nLXWgEZCBxLocCRf2GrTwtS2TmmvrPAUehyDrcsWwiZsUlJtpGnrkevdOw08ksQ5I\nKDjjwW5jkLhJAAAAgAnayGCBboWH0hmCd6PqrOlxFeqlFzP0UE9iXjOWh2Z+pCEX\nR9klmLAL/0NyEk43LU9JYPSaoLfr/HhilX7UiViYvGFuywfFyY1ZN7Aru8r4rsJf\nYIWcC3h1yPCYb0+PNU9olf4/iNnjLCu38MuOGDH+cvgD43nAvV1LU1vxM0+lAAAA\ngQDW+0ISnycc9D+keMAS19y5XN6JmhlW9zWs7QPnYhaZGuNc5/WnMhBLtEb6ikqe\nUwfzvu2ZdApTmjqobgCWcGMCu3g1VUpC3+eZ+kTVlLzqYlPOaoTTqdLUDuW7GFqe\nb54XQO4kwL9p7zswIMF+PUq4j10P7VPMpDjfl58cZ8YSgwAAAIEAzEr3U+td0FPx\nmWmwzT6AE+A6+zKlqGnG9+Oo7MUOz11ltfHqwai1ub2JuIsQZsYvsPrZoKwZRwqe\n7zQ/liBhzCIcP7QfeIgnGniNVFdEcxIByYxS9KzmPg60g6yEi53W7h5+p/D9sS7f\ntQtduY0jbxqmC0dyZqSBHfm723pBOo0AAAAAAQID\n-----END OPENSSH PRIVATE KEY-----\n",
            "private_key_pem": "-----BEGIN RSA PRIVATE KEY-----\nMIIEowIBAAKCAQEAq48s+tYS/doU1Sae8eGQREilN5qNpZd+3QRRKNF6ytyEg6Pa\nmU56w87qi7vb1pnvp0kTrHQ6nQkwQiKCqmbwjaXu5LrP/vdY6iMoWMBJ0zceoFJN\nj/b4UO6z3L3ZJpRETa5LgAOtynISU826yIvCbnN3oVTyFzFqvdIsEg9TcHgaYY7K\nulXWhz6VbmH+auzGF9Yx/ESJbapQp6G1gevVZE0uhk7Yhe6PJrxpv1tCZML0YhDa\nS5af23QGuK5Nodro2C6+aI6ZCKFYGpQQI93tmS38Ot8OqGKOk+nLgbd1MbIk5N0G\nlFlT2NLeV6PzaeHb/ES3sTkY2iy+nFdWKYzgJwIDAQABAoIBAE+A62RW/rgbb1oU\nKsaHNJcgX0h0XD4oBceg74eOBGysYtCqh2xSXTwO0MzuwwMhlVkd2Xsq5drOXknX\nulwDlmjeQ+ZF2Iwczly67ECs48l5Gr1LRtx3pD3FUR7z8AUb4sdpBV4O1mQiFvI1\nPeEgO3t6ES93sTUkVoYfNwMrjQxqKepF2Ub7dowcv7x/ggHIMpgTpeKG7SHQ/fiA\nxUqO9/0sLjLrft5/y8lHDwCbWcx/g+vGKu7Xv8u9J8vqP3Kunl1vUJ9B818tdaAR\nkIHEuhwJF/YatPC1LZOaa+s8BR6HIOtyxbCJmxSUm2kaeuR6907DTySxDkgoOOPB\nbmOQuEkCgYEA1vtCEp8nHPQ/pHjAEtfcuVzeiZoZVvc1rO0D52IWmRrjXOf1pzIQ\nS7RG+opKnlMH877tmXQKU5o6qG4AlnBjArt4NVVKQt/nmfpE1ZS86mJTzmqE06nS\n1A7luxhanm+eF0DuJMC/ae87MCDBfj1KuI9dD+1TzKQ435efHGfGEoMCgYEAzEr3\nU+td0FPxmWmwzT6AE+A6+zKlqGnG9+Oo7MUOz11ltfHqwai1ub2JuIsQZsYvsPrZ\noKwZRwqe7zQ/liBhzCIcP7QfeIgnGniNVFdEcxIByYxS9KzmPg60g6yEi53W7h5+\np/D9sS7ftQtduY0jbxqmC0dyZqSBHfm723pBOo0CgYEAxN7zcvosZ2eFoKizvI3R\npC5X3MsxyWI51VJ38Lzy1OK6s6n4XFSMd8dv+KAMFVEURzLhg1Ww3z6t2PBjuWDS\nSv5C5xRkHTnObkOyJaVAG6RP+wew++TZHTlHSD7VPaIZtFHRw/Z/VBOwsDJO/7xB\nYSJopt0/kHgTXS8Mloax7OECgYBNBSZh2SaxWDSJ5jLl7l5TIAKcmeeiqt58rrQN\nL+35d/jUs7QR9w0sTa0SijtQw/9O9gP+c2PESNjKziP68ZJtZ57G1Z3Xz10Oucxu\ns8f2qh9KYUEVReo4E0szKWN/T66sb4rIvi6nEkj89KANSIzHYoCfV/xlfje/mVud\nz2WwMQKBgAnayGCBboWH0hmCd6PqrOlxFeqlFzP0UE9iXjOWh2Z+pCEXR9klmLAL\n/0NyEk43LU9JYPSaoLfr/HhilX7UiViYvGFuywfFyY1ZN7Aru8r4rsJfYIWcC3h1\nyPCYb0+PNU9olf4/iNnjLCu38MuOGDH+cvgD43nAvV1LU1vxM0+l\n-----END RSA PRIVATE KEY-----\n",
            "private_key_pem_pkcs8": "-----BEGIN PRIVATE KEY-----\nMIIEvQIBADANBgkqhkiG9w0BAQEFAASCBKcwggSjAgEAAoIBAQCrjyz61hL92hTV\nJp7x4ZBESKU3mo2ll37dBFEo0XrK3ISDo9qZTnrDzuqLu9vWme+nSROsdDqdCTBC\nIoKqZvCNpe7kus/+91jqIyhYwEnTNx6gUk2P9vhQ7rPcvdkmlERNrkuAA63KchJT\nzbrIi8Juc3ehVPIXMWq90iwSD1NweBphjsq6VdaHPpVuYf5q7MYX1jH8RIltqlCn\nobWB69VkTS6GTtiF7o8mvGm/W0JkwvRiENpLlp/bdAa4rk2h2ujYLr5ojpkIoVga\nlBAj3e2ZLfw63w6oYo6T6cuBt3UxsiTk3QaUWVPY0t5Xo/Np4dv8RLexORjaLL6c\nV1YpjOAnAgMBAAECggEAT4DrZFb+uBtvWhQqxoc0lyBfSHRcPigFx6Dvh44EbKxi\n0KqHbFJdPA7QzO7DAyGVWR3Zeyrl2s5eSde6XAOWaN5D5kXYjBzOXLrsQKzjyXka\nvUtG3HekPcVRHvPwBRvix2kFXg7WZCIW8jU94SA7e3oRL3exNSRWhh83AyuNDGop\n6kXZRvt2jBy/vH+CAcgymBOl4obtIdD9+IDFSo73/SwuMut+3n/LyUcPAJtZzH+D\n68Yq7te/y70ny+o/cq6eXW9Qn0HzXy11oBGQgcS6HAkX9hq08LUtk5pr6zwFHocg\n63LFsImbFJSbaRp65Hr3TsNPJLEOSCg448FuY5C4SQKBgQDW+0ISnycc9D+keMAS\n19y5XN6JmhlW9zWs7QPnYhaZGuNc5/WnMhBLtEb6ikqeUwfzvu2ZdApTmjqobgCW\ncGMCu3g1VUpC3+eZ+kTVlLzqYlPOaoTTqdLUDuW7GFqeb54XQO4kwL9p7zswIMF+\nPUq4j10P7VPMpDjfl58cZ8YSgwKBgQDMSvdT613QU/GZabDNPoAT4Dr7MqWoacb3\n46jsxQ7PXWW18erBqLW5vYm4ixBmxi+w+tmgrBlHCp7vND+WIGHMIhw/tB94iCca\neI1UV0RzEgHJjFL0rOY+DrSDrISLndbuHn6n8P2xLt+1C125jSNvGqYLR3JmpIEd\n+bvbekE6jQKBgQDE3vNy+ixnZ4WgqLO8jdGkLlfcyzHJYjnVUnfwvPLU4rqzqfhc\nVIx3x2/4oAwVURRHMuGDVbDfPq3Y8GO5YNJK/kLnFGQdOc5uQ7IlpUAbpE/7B7D7\n5NkdOUdIPtU9ohm0UdHD9n9UE7CwMk7/vEFhImim3T+QeBNdLwyWhrHs4QKBgE0F\nJmHZJrFYNInmMuXuXlMgApyZ56Kq3nyutA0v7fl3+NSztBH3DSxNrRKKO1DD/072\nA/5zY8RI2MrOI/rxkm1nnsbVndfPXQ65zG6zx/aqH0phQRVF6jgTSzMpY39Prqxv\nisi+LqcSSPz0oA1IjMdigJ9X/GV+N7+ZW53PZbAxAoGACdrIYIFuhYfSGYJ3o+qs\n6XEV6qUXM/RQT2JeM5aHZn6kIRdH2SWYsAv/Q3ISTjctT0lg9Jqgt+v8eGKVftSJ\nWJi8YW7LB8XJjVk3sCu7yviuwl9ghZwLeHXI8JhvT481T2iV/j+I2eMsK7fwy44Y\nMf5y+APjecC9XUtTW/EzT6U=\n-----END PRIVATE KEY-----\n",
            "public_key_fingerprint_md5": "a1:ca:88:77:bc:da:6a:7d:b0:19:3a:89:0d:3d:9a:10",
            "public_key_fingerprint_sha256": "SHA256:i0Q7AkCdzKt6Q323Ytp2MOWmQ0XEG+WB855fn3Epj4c",
            "public_key_openssh": "ssh-rsa AAAAB3NzaC1yc2EAAAADAQABAAABAQCrjyz61hL92hTVJp7x4ZBESKU3mo2ll37dBFEo0XrK3ISDo9qZTnrDzuqLu9vWme+nSROsdDqdCTBCIoKqZvCNpe7kus/+91jqIyhYwEnTNx6gUk2P9vhQ7rPcvdkmlERNrkuAA63KchJTzbrIi8Juc3ehVPIXMWq90iwSD1NweBphjsq6VdaHPpVuYf5q7MYX1jH8RIltqlCnobWB69VkTS6GTtiF7o8mvGm/W0JkwvRiENpLlp/bdAa4rk2h2ujYLr5ojpkIoVgalBAj3e2ZLfw63w6oYo6T6cuBt3UxsiTk3QaUWVPY0t5Xo/Np4dv8RLexORjaLL6cV1YpjOAn\n",
            "public_key_pem": "-----BEGIN PUBLIC KEY-----\nMIIBIjANBgkqhkiG9w0BAQEFAAOCAQ8AMIIBCgKCAQEAq48s+tYS/doU1Sae8eGQ\nREilN5qNpZd+3QRRKNF6ytyEg6PamU56w87qi7vb1pnvp0kTrHQ6nQkwQiKCqmbw\njaXu5LrP/vdY6iMoWMBJ0zceoFJNj/b4UO6z3L3ZJpRETa5LgAOtynISU826yIvC\nbnN3oVTyFzFqvdIsEg9TcHgaYY7KulXWhz6VbmH+auzGF9Yx/ESJbapQp6G1gevV\nZE0uhk7Yhe6PJrxpv1tCZML0YhDaS5af23QGuK5Nodro2C6+aI6ZCKFYGpQQI93t\nmS38Ot8OqGKOk+nLgbd1MbIk5N0GlFlT2NLeV6PzaeHb/ES3sTkY2iy+nFdWKYzg\nJwIDAQAB\n-----END PUBLIC KEY-----\n",
            "rsa_bits": 2048
          },
          "sensitive_attributes": []
        }
      ]
    }
  ]
}
