{
  "version": 4,
  "terraform_version": "1.0.7",
  "serial": 21,
  "lineage": "70fe86f9-3c36-9f14-0f1e-99f83fd959ca",
  "outputs": {
    "ec2_global_kubernetes_ips": {
      "value": "",
      "type": "string"
    }
  },
  "resources": [
    {
      "mode": "data",
      "type": "http",
      "name": "MyPublicIp",
      "provider": "provider[\"registry.terraform.io/hashicorp/http\"]",
      "instances": [
        {
          "schema_version": 0,
          "attributes": {
            "body": "147.235.201.113\n",
            "ca_cert_pem": null,
            "id": "https://ipv4.icanhazip.com",
            "insecure": null,
            "method": null,
            "request_body": null,
            "request_headers": null,
            "request_timeout_ms": null,
            "response_body": "147.235.201.113\n",
            "response_body_base64": "MTQ3LjIzNS4yMDEuMTEzCg==",
            "response_headers": {
              "Access-Control-Allow-Methods": "GET",
              "Access-Control-Allow-Origin": "*",
              "Alt-Svc": "h3=\":443\"; ma=86400",
              "Cf-Ray": "861da785f86de3c7-TLV",
              "Content-Length": "16",
              "Content-Type": "text/plain",
              "Date": "Sat, 09 Mar 2024 20:00:59 GMT",
              "Server": "cloudflare",
              "Set-Cookie": "__cf_bm=UkrmtmfjX.EUqcrThCYyhyvMlQCUqKIW5X.JW3a9itY-1710014459-1.0.1.1-PKRh8dNRmqndkAYr2bV9vVw_ksTvHHsNYGpYzpNjElvG_bkUUbHttkG.3hvY31Uv4hTZt2QFYsBeUwv2T50OLg; path=/; expires=Sat, 09-Mar-24 20:30:59 GMT; domain=.icanhazip.com; HttpOnly; Secure; SameSite=None",
              "Vary": "Accept-Encoding"
            },
            "retry": null,
            "status_code": 200,
            "url": "https://ipv4.icanhazip.com"
          },
          "sensitive_attributes": []
        }
      ]
    },
    {
      "mode": "managed",
      "type": "aws_eip",
      "name": "kubernetes-cluster-ec2-elastic-ip",
      "provider": "provider[\"registry.terraform.io/hashicorp/aws\"]",
      "instances": [
        {
          "schema_version": 0,
          "attributes": {
            "address": null,
            "allocation_id": "eipalloc-012fa751ae92bf8a3",
            "associate_with_private_ip": null,
            "association_id": "eipassoc-0cdebc2fe17e6b31c",
            "carrier_ip": "",
            "customer_owned_ip": "",
            "customer_owned_ipv4_pool": "",
            "domain": "vpc",
            "id": "eipalloc-012fa751ae92bf8a3",
            "instance": "i-07510b905b9adcb7e",
            "network_border_group": "eu-central-1",
            "network_interface": "eni-0a138e9c7147d5a6f",
            "private_dns": "ip-10-0-1-79.eu-central-1.compute.internal",
            "private_ip": "10.0.1.79",
            "public_dns": "ec2-3-126-119-200.eu-central-1.compute.amazonaws.com",
            "public_ip": "3.126.119.200",
            "public_ipv4_pool": "amazon",
            "tags": {
              "kubernetes.io/cluster/kubernetes": "owned"
            },
            "tags_all": {
              "kubernetes.io/cluster/kubernetes": "owned"
            },
            "timeouts": null,
            "vpc": true
          },
          "sensitive_attributes": [],
          "private": "eyJlMmJmYjczMC1lY2FhLTExZTYtOGY4OC0zNDM2M2JjN2M0YzAiOnsiZGVsZXRlIjoxODAwMDAwMDAwMDAsInJlYWQiOjkwMDAwMDAwMDAwMCwidXBkYXRlIjozMDAwMDAwMDAwMDB9fQ==",
          "dependencies": [
            "aws_iam_instance_profile.kubernetes-cluster-ec2-instance-profile",
            "aws_iam_role.kubernetes-master-node-role1",
            "aws_instance.kubernetes-cluster-ec2",
            "aws_key_pair.kubernets-ec2-key-pair",
            "aws_security_group.kubernetes-cluster-security-group",
            "aws_subnet.kubernetes-vpc-public-subnet",
            "aws_vpc.kubernetes-vpc",
            "tls_private_key.kubernetes-managment-key-pair"
          ]
        }
      ]
    },
    {
      "mode": "managed",
      "type": "aws_iam_instance_profile",
      "name": "kubernetes-cluster-ec2-instance-profile",
      "provider": "provider[\"registry.terraform.io/hashicorp/aws\"]",
      "instances": [
        {
          "schema_version": 0,
          "attributes": {
            "arn": "arn:aws:iam::750353367788:instance-profile/kubernetes-cluster-ec2-instance-profile",
            "create_date": "2024-03-09T20:01:16Z",
            "id": "kubernetes-cluster-ec2-instance-profile",
            "name": "kubernetes-cluster-ec2-instance-profile",
            "name_prefix": "",
            "path": "/",
            "role": "kubernetes-master-node-role1",
            "tags": null,
            "tags_all": {},
            "unique_id": "AIPA25NELYLWFINN72GD4"
          },
          "sensitive_attributes": [],
          "private": "bnVsbA==",
          "dependencies": [
            "aws_iam_role.kubernetes-master-node-role1"
          ]
        }
      ]
    },
    {
      "mode": "managed",
      "type": "aws_iam_policy",
      "name": "kubernetes-master-node-policy1",
      "provider": "provider[\"registry.terraform.io/hashicorp/aws\"]",
      "instances": [
        {
          "schema_version": 0,
          "attributes": {
            "arn": "arn:aws:iam::750353367788:policy/kubernetes-master-node-policy1",
            "description": "",
            "id": "arn:aws:iam::750353367788:policy/kubernetes-master-node-policy1",
            "name": "kubernetes-master-node-policy1",
            "name_prefix": "",
            "path": "/",
            "policy": "{\"Statement\":[{\"Action\":[\"autoscaling:DescribeAutoScalingGroups\",\"autoscaling:DescribeLaunchConfigurations\",\"autoscaling:DescribeTags\",\"ec2:DescribeInstances\",\"ec2:DescribeRegions\",\"ec2:DescribeRouteTables\",\"ec2:DescribeSecurityGroups\",\"ec2:DescribeSubnets\",\"ec2:DescribeVolumes\",\"ec2:CreateSecurityGroup\",\"ec2:CreateTags\",\"ec2:CreateVolume\",\"ec2:ModifyInstanceAttribute\",\"ec2:ModifyVolume\",\"ec2:AttachVolume\",\"ec2:AuthorizeSecurityGroupIngress\",\"ec2:CreateRoute\",\"ec2:DeleteRoute\",\"ec2:DeleteSecurityGroup\",\"ec2:DeleteVolume\",\"ec2:DetachVolume\",\"ec2:RevokeSecurityGroupIngress\",\"ec2:DescribeVpcs\",\"elasticloadbalancing:AddTags\",\"elasticloadbalancing:AttachLoadBalancerToSubnets\",\"elasticloadbalancing:ApplySecurityGroupsToLoadBalancer\",\"elasticloadbalancing:CreateLoadBalancer\",\"elasticloadbalancing:CreateLoadBalancerPolicy\",\"elasticloadbalancing:CreateLoadBalancerListeners\",\"elasticloadbalancing:ConfigureHealthCheck\",\"elasticloadbalancing:DeleteLoadBalancer\",\"elasticloadbalancing:DeleteLoadBalancerListeners\",\"elasticloadbalancing:DescribeLoadBalancers\",\"elasticloadbalancing:DescribeLoadBalancerAttributes\",\"elasticloadbalancing:DetachLoadBalancerFromSubnets\",\"elasticloadbalancing:DeregisterInstancesFromLoadBalancer\",\"elasticloadbalancing:ModifyLoadBalancerAttributes\",\"elasticloadbalancing:RegisterInstancesWithLoadBalancer\",\"elasticloadbalancing:SetLoadBalancerPoliciesForBackendServer\",\"elasticloadbalancing:AddTags\",\"elasticloadbalancing:CreateListener\",\"elasticloadbalancing:CreateTargetGroup\",\"elasticloadbalancing:DeleteListener\",\"elasticloadbalancing:DeleteTargetGroup\",\"elasticloadbalancing:DescribeListeners\",\"elasticloadbalancing:DescribeLoadBalancerPolicies\",\"elasticloadbalancing:DescribeTargetGroups\",\"elasticloadbalancing:DescribeTargetHealth\",\"elasticloadbalancing:ModifyListener\",\"elasticloadbalancing:ModifyTargetGroup\",\"elasticloadbalancing:RegisterTargets\",\"elasticloadbalancing:SetLoadBalancerPoliciesOfListener\",\"iam:CreateServiceLinkedRole\",\"kms:DescribeKey\"],\"Effect\":\"Allow\",\"Resource\":[\"*\"]}],\"Version\":\"2012-10-17\"}",
            "policy_id": "ANPA25NELYLWIXGSOOUFZ",
            "tags": {
              "kubernetes.io/cluster/kubernetes": "owned"
            },
            "tags_all": {
              "kubernetes.io/cluster/kubernetes": "owned"
            }
          },
          "sensitive_attributes": [],
          "private": "bnVsbA=="
        }
      ]
    },
    {
      "mode": "managed",
      "type": "aws_iam_policy",
      "name": "kubernetes-worker-node-policy1",
      "provider": "provider[\"registry.terraform.io/hashicorp/aws\"]",
      "instances": [
        {
          "schema_version": 0,
          "attributes": {
            "arn": "arn:aws:iam::750353367788:policy/kubernetes-worker-node-policy1",
            "description": "",
            "id": "arn:aws:iam::750353367788:policy/kubernetes-worker-node-policy1",
            "name": "kubernetes-worker-node-policy1",
            "name_prefix": "",
            "path": "/",
            "policy": "{\"Statement\":[{\"Action\":[\"ec2:DescribeInstances\",\"ec2:DescribeRegions\",\"ecr:GetAuthorizationToken\",\"ecr:BatchCheckLayerAvailability\",\"ecr:GetDownloadUrlForLayer\",\"ecr:GetRepositoryPolicy\",\"ecr:DescribeRepositories\",\"ecr:ListImages\",\"ecr:BatchGetImage\"],\"Effect\":\"Allow\",\"Resource\":\"*\"}],\"Version\":\"2012-10-17\"}",
            "policy_id": "ANPA25NELYLWGVDN3AA27",
            "tags": {
              "kubernetes.io/cluster/kubernetes": "owned"
            },
            "tags_all": {
              "kubernetes.io/cluster/kubernetes": "owned"
            }
          },
          "sensitive_attributes": [],
          "private": "bnVsbA=="
        }
      ]
    },
    {
      "mode": "managed",
      "type": "aws_iam_policy_attachment",
      "name": "kubernetes-master-node-role-policy-attachment-master-policy",
      "provider": "provider[\"registry.terraform.io/hashicorp/aws\"]",
      "instances": [
        {
          "schema_version": 0,
          "attributes": {
            "groups": null,
            "id": "kubernetes-master-node-role-policy-attachment-master-policy",
            "name": "kubernetes-master-node-role-policy-attachment-master-policy",
            "policy_arn": "arn:aws:iam::750353367788:policy/kubernetes-master-node-policy1",
            "roles": [
              "kubernetes-master-node-role1"
            ],
            "users": null
          },
          "sensitive_attributes": [],
          "private": "bnVsbA==",
          "dependencies": [
            "aws_iam_policy.kubernetes-master-node-policy1",
            "aws_iam_role.kubernetes-master-node-role1"
          ]
        }
      ]
    },
    {
      "mode": "managed",
      "type": "aws_iam_policy_attachment",
      "name": "kubernetes-master-node-role-policy-attachment-worker-policy",
      "provider": "provider[\"registry.terraform.io/hashicorp/aws\"]",
      "instances": [
        {
          "schema_version": 0,
          "attributes": {
            "groups": null,
            "id": "kubernetes-master-node-role-policy-attachment-worker-policy",
            "name": "kubernetes-master-node-role-policy-attachment-worker-policy",
            "policy_arn": "arn:aws:iam::750353367788:policy/kubernetes-worker-node-policy1",
            "roles": [
              "kubernetes-master-node-role1"
            ],
            "users": null
          },
          "sensitive_attributes": [],
          "private": "bnVsbA==",
          "dependencies": [
            "aws_iam_policy.kubernetes-worker-node-policy1",
            "aws_iam_role.kubernetes-master-node-role1"
          ]
        }
      ]
    },
    {
      "mode": "managed",
      "type": "aws_iam_role",
      "name": "kubernetes-master-node-role1",
      "provider": "provider[\"registry.terraform.io/hashicorp/aws\"]",
      "instances": [
        {
          "schema_version": 0,
          "attributes": {
            "arn": "arn:aws:iam::750353367788:role/kubernetes-master-node-role1",
            "assume_role_policy": "{\"Statement\":[{\"Action\":\"sts:AssumeRole\",\"Effect\":\"Allow\",\"Principal\":{\"Service\":\"ec2.amazonaws.com\"}}],\"Version\":\"2012-10-17\"}",
            "create_date": "2024-03-09T20:01:16Z",
            "description": "",
            "force_detach_policies": false,
            "id": "kubernetes-master-node-role1",
            "inline_policy": [],
            "managed_policy_arns": [],
            "max_session_duration": 3600,
            "name": "kubernetes-master-node-role1",
            "name_prefix": "",
            "path": "/",
            "permissions_boundary": "",
            "tags": {
              "kubernetes.io/cluster/kubernetes": "owned"
            },
            "tags_all": {
              "kubernetes.io/cluster/kubernetes": "owned"
            },
            "unique_id": "AROA25NELYLWI2HEDQYBF"
          },
          "sensitive_attributes": [],
          "private": "bnVsbA=="
        }
      ]
    },
    {
      "mode": "managed",
      "type": "aws_instance",
      "name": "kubernetes-cluster-ec2",
      "provider": "provider[\"registry.terraform.io/hashicorp/aws\"]",
      "instances": [
        {
          "schema_version": 1,
          "attributes": {
            "ami": "ami-0faab6bdbac9486fb",
            "arn": "arn:aws:ec2:eu-central-1:750353367788:instance/i-07510b905b9adcb7e",
            "associate_public_ip_address": false,
            "availability_zone": "eu-central-1b",
            "capacity_reservation_specification": [
              {
                "capacity_reservation_preference": "open",
                "capacity_reservation_target": []
              }
            ],
            "cpu_core_count": 1,
            "cpu_options": [
              {
                "amd_sev_snp": "",
                "core_count": 1,
                "threads_per_core": 2
              }
            ],
            "cpu_threads_per_core": 2,
            "credit_specification": [
              {
                "cpu_credits": "unlimited"
              }
            ],
            "disable_api_stop": false,
            "disable_api_termination": false,
            "ebs_block_device": [],
            "ebs_optimized": false,
            "enclave_options": [
              {
                "enabled": false
              }
            ],
            "ephemeral_block_device": [],
            "get_password_data": false,
            "hibernation": false,
            "host_id": "",
            "host_resource_group_arn": null,
            "iam_instance_profile": "kubernetes-cluster-ec2-instance-profile",
            "id": "i-07510b905b9adcb7e",
            "instance_initiated_shutdown_behavior": "stop",
            "instance_lifecycle": "",
            "instance_market_options": [],
            "instance_state": "running",
            "instance_type": "t3.medium",
            "ipv6_address_count": 0,
            "ipv6_addresses": [],
            "key_name": "kubernetes-managment-key-pair",
            "launch_template": [],
            "maintenance_options": [
              {
                "auto_recovery": "default"
              }
            ],
            "metadata_options": [
              {
                "http_endpoint": "enabled",
                "http_protocol_ipv6": "disabled",
                "http_put_response_hop_limit": 1,
                "http_tokens": "optional",
                "instance_metadata_tags": "disabled"
              }
            ],
            "monitoring": false,
            "network_interface": [],
            "outpost_arn": "",
            "password_data": "",
            "placement_group": "",
            "placement_partition_number": 0,
            "primary_network_interface_id": "eni-0a138e9c7147d5a6f",
            "private_dns": "ip-10-0-1-79.eu-central-1.compute.internal",
            "private_dns_name_options": [
              {
                "enable_resource_name_dns_a_record": false,
                "enable_resource_name_dns_aaaa_record": false,
                "hostname_type": "ip-name"
              }
            ],
            "private_ip": "10.0.1.79",
            "public_dns": "",
            "public_ip": "",
            "root_block_device": [
              {
                "delete_on_termination": true,
                "device_name": "/dev/sda1",
                "encrypted": false,
                "iops": 100,
                "kms_key_id": "",
                "tags": {},
                "tags_all": {},
                "throughput": 0,
                "volume_id": "vol-067d5f013e82b30c5",
                "volume_size": 8,
                "volume_type": "gp2"
              }
            ],
            "secondary_private_ips": [],
            "security_groups": [],
            "source_dest_check": true,
            "spot_instance_request_id": "",
            "subnet_id": "subnet-0fad86950f25e7bb1",
            "tags": {
              "kubernetes.io/cluster/kubernetes": "owned"
            },
            "tags_all": {
              "kubernetes.io/cluster/kubernetes": "owned"
            },
            "tenancy": "default",
            "timeouts": null,
            "user_data": null,
            "user_data_base64": null,
            "user_data_replace_on_change": false,
            "volume_tags": null,
            "vpc_security_group_ids": [
              "sg-0186d58ea54a8bc26"
            ]
          },
          "sensitive_attributes": [],
          "private": "eyJlMmJmYjczMC1lY2FhLTExZTYtOGY4OC0zNDM2M2JjN2M0YzAiOnsiY3JlYXRlIjo2MDAwMDAwMDAwMDAsImRlbGV0ZSI6MTIwMDAwMDAwMDAwMCwicmVhZCI6OTAwMDAwMDAwMDAwLCJ1cGRhdGUiOjYwMDAwMDAwMDAwMH0sInNjaGVtYV92ZXJzaW9uIjoiMSJ9",
          "dependencies": [
            "aws_iam_instance_profile.kubernetes-cluster-ec2-instance-profile",
            "aws_iam_role.kubernetes-master-node-role1",
            "aws_key_pair.kubernets-ec2-key-pair",
            "aws_security_group.kubernetes-cluster-security-group",
            "aws_subnet.kubernetes-vpc-public-subnet",
            "aws_vpc.kubernetes-vpc",
            "tls_private_key.kubernetes-managment-key-pair"
          ]
        }
      ]
    },
    {
      "mode": "managed",
      "type": "aws_internet_gateway",
      "name": "kubernetes-vpc-internet-gateway",
      "provider": "provider[\"registry.terraform.io/hashicorp/aws\"]",
      "instances": [
        {
          "schema_version": 0,
          "attributes": {
            "arn": "arn:aws:ec2:eu-central-1:750353367788:internet-gateway/igw-03a819f2af49aeadd",
            "id": "igw-03a819f2af49aeadd",
            "owner_id": "750353367788",
            "tags": {
              "kubernetes.io/cluster/kubernetes": "owned"
            },
            "tags_all": {
              "kubernetes.io/cluster/kubernetes": "owned"
            },
            "timeouts": null,
            "vpc_id": "vpc-0405fd5174a25f8a1"
          },
          "sensitive_attributes": [],
          "private": "eyJlMmJmYjczMC1lY2FhLTExZTYtOGY4OC0zNDM2M2JjN2M0YzAiOnsiY3JlYXRlIjoxMjAwMDAwMDAwMDAwLCJkZWxldGUiOjEyMDAwMDAwMDAwMDAsInVwZGF0ZSI6MTIwMDAwMDAwMDAwMH19",
          "dependencies": [
            "aws_vpc.kubernetes-vpc"
          ]
        }
      ]
    },
    {
      "mode": "managed",
      "type": "aws_key_pair",
      "name": "kubernets-ec2-key-pair",
      "provider": "provider[\"registry.terraform.io/hashicorp/aws\"]",
      "instances": [
        {
          "schema_version": 1,
          "attributes": {
            "arn": "arn:aws:ec2:eu-central-1:750353367788:key-pair/kubernetes-managment-key-pair",
            "fingerprint": "c4:2e:eb:7a:5d:47:43:4e:63:62:db:e5:d6:e9:50:05",
            "id": "kubernetes-managment-key-pair",
            "key_name": "kubernetes-managment-key-pair",
            "key_name_prefix": "",
            "key_pair_id": "key-08d23236ef2545805",
            "key_type": "rsa",
            "public_key": "ssh-rsa AAAAB3NzaC1yc2EAAAADAQABAAABAQC8fh5hn1Q8pEJcyh28COMboWfQ7vLjsPgsP2iYpnPA8/jdlMe7hbU1cUhbPjl07pWvQolXyQCbauTP8z/dCmkBwe1UT9H9h96JdzR/jZERvhTeYT+GIRoW8DLpyv0D5rT1LlhBMT8dFF7hT1g/wMo1WhZ56UOeW1h5BgnxSnDyeZ52nw+NiufGnHtc4Bp3b/tN5wW/QEDM70OF8CrCp9Ab7jdp+heSgVWg19nPYWTDCHrVmtG5LnRN48D+vWe8apB8lcWMxlfAmt2s1s+66gvJIM63g2CR+N26sgFr+Iklk6FgZSE6N2wmsFKl/WAY46FDa666BAwqLmwesdYnq5kv",
            "tags": null,
            "tags_all": {}
          },
          "sensitive_attributes": [],
          "private": "eyJzY2hlbWFfdmVyc2lvbiI6IjEifQ==",
          "dependencies": [
            "tls_private_key.kubernetes-managment-key-pair"
          ]
        }
      ]
    },
    {
      "mode": "managed",
      "type": "aws_route_table",
      "name": "kubernetes-vpc-route-table",
      "provider": "provider[\"registry.terraform.io/hashicorp/aws\"]",
      "instances": [
        {
          "schema_version": 0,
          "attributes": {
            "arn": "arn:aws:ec2:eu-central-1:750353367788:route-table/rtb-01f74ce480c704c25",
            "id": "rtb-01f74ce480c704c25",
            "owner_id": "750353367788",
            "propagating_vgws": [],
            "route": [
              {
                "carrier_gateway_id": "",
                "cidr_block": "0.0.0.0/0",
                "core_network_arn": "",
                "destination_prefix_list_id": "",
                "egress_only_gateway_id": "",
                "gateway_id": "igw-03a819f2af49aeadd",
                "ipv6_cidr_block": "",
                "local_gateway_id": "",
                "nat_gateway_id": "",
                "network_interface_id": "",
                "transit_gateway_id": "",
                "vpc_endpoint_id": "",
                "vpc_peering_connection_id": ""
              }
            ],
            "tags": {
              "kubernetes.io/cluster/kubernetes": "owned"
            },
            "tags_all": {
              "kubernetes.io/cluster/kubernetes": "owned"
            },
            "timeouts": null,
            "vpc_id": "vpc-0405fd5174a25f8a1"
          },
          "sensitive_attributes": [],
          "private": "eyJlMmJmYjczMC1lY2FhLTExZTYtOGY4OC0zNDM2M2JjN2M0YzAiOnsiY3JlYXRlIjozMDAwMDAwMDAwMDAsImRlbGV0ZSI6MzAwMDAwMDAwMDAwLCJ1cGRhdGUiOjEyMDAwMDAwMDAwMH19",
          "dependencies": [
            "aws_internet_gateway.kubernetes-vpc-internet-gateway",
            "aws_vpc.kubernetes-vpc"
          ]
        }
      ]
    },
    {
      "mode": "managed",
      "type": "aws_route_table_association",
      "name": "kubernetes-vpc-route-table-associate-to-public-subnets",
      "provider": "provider[\"registry.terraform.io/hashicorp/aws\"]",
      "instances": [
        {
          "schema_version": 0,
          "attributes": {
            "gateway_id": "",
            "id": "rtbassoc-0f17252c830385d87",
            "route_table_id": "rtb-01f74ce480c704c25",
            "subnet_id": "subnet-0fad86950f25e7bb1",
            "timeouts": null
          },
          "sensitive_attributes": [],
          "private": "eyJlMmJmYjczMC1lY2FhLTExZTYtOGY4OC0zNDM2M2JjN2M0YzAiOnsiY3JlYXRlIjozMDAwMDAwMDAwMDAsImRlbGV0ZSI6MzAwMDAwMDAwMDAwLCJ1cGRhdGUiOjEyMDAwMDAwMDAwMH19",
          "dependencies": [
            "aws_internet_gateway.kubernetes-vpc-internet-gateway",
            "aws_route_table.kubernetes-vpc-route-table",
            "aws_subnet.kubernetes-vpc-public-subnet",
            "aws_vpc.kubernetes-vpc"
          ]
        }
      ]
    },
    {
      "mode": "managed",
      "type": "aws_security_group",
      "name": "kubernetes-cluster-security-group",
      "provider": "provider[\"registry.terraform.io/hashicorp/aws\"]",
      "instances": [
        {
          "schema_version": 1,
          "attributes": {
            "arn": "arn:aws:ec2:eu-central-1:750353367788:security-group/sg-0186d58ea54a8bc26",
            "description": "Allow the Kuberntes cluster to communicate internally and to be managed externally",
            "egress": [],
            "id": "sg-0186d58ea54a8bc26",
            "ingress": [],
            "name": "kubernetes-cluster-security-group",
            "name_prefix": "",
            "owner_id": "750353367788",
            "revoke_rules_on_delete": false,
            "tags": {
              "kubernetes.io/cluster/kubernetes": "owned"
            },
            "tags_all": {
              "kubernetes.io/cluster/kubernetes": "owned"
            },
            "timeouts": null,
            "vpc_id": "vpc-0405fd5174a25f8a1"
          },
          "sensitive_attributes": [],
          "private": "eyJlMmJmYjczMC1lY2FhLTExZTYtOGY4OC0zNDM2M2JjN2M0YzAiOnsiY3JlYXRlIjo2MDAwMDAwMDAwMDAsImRlbGV0ZSI6OTAwMDAwMDAwMDAwfSwic2NoZW1hX3ZlcnNpb24iOiIxIn0=",
          "dependencies": [
            "aws_vpc.kubernetes-vpc"
          ]
        }
      ]
    },
    {
      "mode": "managed",
      "type": "aws_subnet",
      "name": "kubernetes-vpc-public-subnet",
      "provider": "provider[\"registry.terraform.io/hashicorp/aws\"]",
      "instances": [
        {
          "schema_version": 1,
          "attributes": {
            "arn": "arn:aws:ec2:eu-central-1:750353367788:subnet/subnet-0fad86950f25e7bb1",
            "assign_ipv6_address_on_creation": false,
            "availability_zone": "eu-central-1b",
            "availability_zone_id": "euc1-az3",
            "cidr_block": "10.0.1.0/24",
            "customer_owned_ipv4_pool": "",
            "enable_dns64": false,
            "enable_lni_at_device_index": 0,
            "enable_resource_name_dns_a_record_on_launch": false,
            "enable_resource_name_dns_aaaa_record_on_launch": false,
            "id": "subnet-0fad86950f25e7bb1",
            "ipv6_cidr_block": "",
            "ipv6_cidr_block_association_id": "",
            "ipv6_native": false,
            "map_customer_owned_ip_on_launch": false,
            "map_public_ip_on_launch": false,
            "outpost_arn": "",
            "owner_id": "750353367788",
            "private_dns_hostname_type_on_launch": "ip-name",
            "tags": {
              "kubernetes.io/cluster/kubernetes": "owned"
            },
            "tags_all": {
              "kubernetes.io/cluster/kubernetes": "owned"
            },
            "timeouts": null,
            "vpc_id": "vpc-0405fd5174a25f8a1"
          },
          "sensitive_attributes": [],
          "private": "eyJlMmJmYjczMC1lY2FhLTExZTYtOGY4OC0zNDM2M2JjN2M0YzAiOnsiY3JlYXRlIjo2MDAwMDAwMDAwMDAsImRlbGV0ZSI6MTIwMDAwMDAwMDAwMH0sInNjaGVtYV92ZXJzaW9uIjoiMSJ9",
          "dependencies": [
            "aws_vpc.kubernetes-vpc"
          ]
        }
      ]
    },
    {
      "mode": "managed",
      "type": "aws_vpc",
      "name": "kubernetes-vpc",
      "provider": "provider[\"registry.terraform.io/hashicorp/aws\"]",
      "instances": [
        {
          "schema_version": 1,
          "attributes": {
            "arn": "arn:aws:ec2:eu-central-1:750353367788:vpc/vpc-0405fd5174a25f8a1",
            "assign_generated_ipv6_cidr_block": false,
            "cidr_block": "10.0.0.0/16",
            "default_network_acl_id": "acl-0d81085bb7b391077",
            "default_route_table_id": "rtb-07407b2f0474fc340",
            "default_security_group_id": "sg-08ef9f283e3b6acf5",
            "dhcp_options_id": "dopt-0e9da1acacc25594b",
            "enable_dns_hostnames": false,
            "enable_dns_support": true,
            "enable_network_address_usage_metrics": false,
            "id": "vpc-0405fd5174a25f8a1",
            "instance_tenancy": "default",
            "ipv4_ipam_pool_id": null,
            "ipv4_netmask_length": null,
            "ipv6_association_id": "",
            "ipv6_cidr_block": "",
            "ipv6_cidr_block_network_border_group": "",
            "ipv6_ipam_pool_id": "",
            "ipv6_netmask_length": 0,
            "main_route_table_id": "rtb-07407b2f0474fc340",
            "owner_id": "750353367788",
            "tags": {
              "kubernetes.io/cluster/kubernetes": "owned"
            },
            "tags_all": {
              "kubernetes.io/cluster/kubernetes": "owned"
            }
          },
          "sensitive_attributes": [],
          "private": "eyJzY2hlbWFfdmVyc2lvbiI6IjEifQ=="
        }
      ]
    },
    {
      "mode": "managed",
      "type": "aws_vpc_security_group_egress_rule",
      "name": "OutboundSecurityGroupAllowAllPublicTraffic",
      "provider": "provider[\"registry.terraform.io/hashicorp/aws\"]",
      "instances": [
        {
          "schema_version": 0,
          "attributes": {
            "arn": "arn:aws:ec2:eu-central-1:750353367788:security-group-rule/sgr-03f751622d2e608f1",
            "cidr_ipv4": "0.0.0.0/0",
            "cidr_ipv6": null,
            "description": null,
            "from_port": null,
            "id": "sgr-03f751622d2e608f1",
            "ip_protocol": "-1",
            "prefix_list_id": null,
            "referenced_security_group_id": null,
            "security_group_id": "sg-0186d58ea54a8bc26",
            "security_group_rule_id": "sgr-03f751622d2e608f1",
            "tags": null,
            "tags_all": {},
            "to_port": null
          },
          "sensitive_attributes": [],
          "dependencies": [
            "aws_security_group.kubernetes-cluster-security-group",
            "aws_vpc.kubernetes-vpc"
          ]
        }
      ]
    },
    {
      "mode": "managed",
      "type": "aws_vpc_security_group_ingress_rule",
      "name": "InboundSecurityGroupAllowAllPrivateTraffic",
      "provider": "provider[\"registry.terraform.io/hashicorp/aws\"]",
      "instances": [
        {
          "schema_version": 0,
          "attributes": {
            "arn": "arn:aws:ec2:eu-central-1:750353367788:security-group-rule/sgr-066ebe6705e1ad042",
            "cidr_ipv4": "10.0.0.0/16",
            "cidr_ipv6": null,
            "description": null,
            "from_port": null,
            "id": "sgr-066ebe6705e1ad042",
            "ip_protocol": "-1",
            "prefix_list_id": null,
            "referenced_security_group_id": null,
            "security_group_id": "sg-0186d58ea54a8bc26",
            "security_group_rule_id": "sgr-066ebe6705e1ad042",
            "tags": null,
            "tags_all": {},
            "to_port": null
          },
          "sensitive_attributes": [],
          "dependencies": [
            "aws_security_group.kubernetes-cluster-security-group",
            "aws_vpc.kubernetes-vpc"
          ]
        }
      ]
    },
    {
      "mode": "managed",
      "type": "aws_vpc_security_group_ingress_rule",
      "name": "InboundSecurityGroupAllowAllPublicTraffic",
      "provider": "provider[\"registry.terraform.io/hashicorp/aws\"]",
      "instances": [
        {
          "index_key": 0,
          "schema_version": 0,
          "attributes": {
            "arn": "arn:aws:ec2:eu-central-1:750353367788:security-group-rule/sgr-0389f02783ce34e80",
            "cidr_ipv4": "147.235.201.113/32",
            "cidr_ipv6": null,
            "description": null,
            "from_port": null,
            "id": "sgr-0389f02783ce34e80",
            "ip_protocol": "-1",
            "prefix_list_id": null,
            "referenced_security_group_id": null,
            "security_group_id": "sg-0186d58ea54a8bc26",
            "security_group_rule_id": "sgr-0389f02783ce34e80",
            "tags": null,
            "tags_all": {},
            "to_port": null
          },
          "sensitive_attributes": [],
          "dependencies": [
            "aws_security_group.kubernetes-cluster-security-group",
            "aws_vpc.kubernetes-vpc",
            "data.http.MyPublicIp"
          ]
        }
      ]
    },
    {
      "mode": "managed",
      "type": "local_file",
      "name": "kubernetes-ec2-generated-public-key-file",
      "provider": "provider[\"registry.terraform.io/hashicorp/local\"]",
      "instances": [
        {
          "schema_version": 0,
          "attributes": {
            "content": "-----BEGIN RSA PRIVATE KEY-----\nMIIEpAIBAAKCAQEAvH4eYZ9UPKRCXModvAjjG6Fn0O7y47D4LD9omKZzwPP43ZTH\nu4W1NXFIWz45dO6Vr0KJV8kAm2rkz/M/3QppAcHtVE/R/YfeiXc0f42REb4U3mE/\nhiEaFvAy6cr9A+a09S5YQTE/HRRe4U9YP8DKNVoWeelDnltYeQYJ8Upw8nmedp8P\njYrnxpx7XOAad2/7TecFv0BAzO9DhfAqwqfQG+43afoXkoFVoNfZz2Fkwwh61ZrR\nuS50TePA/r1nvGqQfJXFjMZXwJrdrNbPuuoLySDOt4NgkfjdurIBa/iJJZOhYGUh\nOjdsJrBSpf1gGOOhQ2uuugQMKi5sHrHWJ6uZLwIDAQABAoIBAQCMN4WCOXQAaHC1\ndeUIq9PGChugYSBuIId84u58H9acAuFuc+7goGZcixi4R2GWiqTu6yAgHXZGJw5v\nYxRu6f+TPx+9SGN9pkT1Haf/+t+fwzbi9pS6woUV6zj0kfwFmumiOgeM94VrrGuo\nT83mHxRM++ccaVnTwz/dR5C93hKHTIopeG4c+OG0r9tTk5bB8p+rOt+CYexx2IlH\nNH8oyLWXYEJhWMiyPf6NXOeKWXvXTNl6F1xRzr+3eitpTjtxSKKrb/BBIjil5+Cq\nJYRMh73bzAor0mIMtGTavde7g/MPPpMhovi3tvFQdSBENU7EkvKAGSHskay61q9Q\nyFES1WWBAoGBAOidfGBf8fyXxL955LTu03eVs68t1bn6kO/msuFe9MoSeubSmSS/\naI7EbIkT+judi7d14XaoOnpNh/nUnV9IY5QeWnN1jYBWO178UCJxLRyLYQXvz3xY\n0P7aK5sDcvQQ6i+YaLfZBsXD+U/NAi+bfETfDMxBaT0FlR/wUUZRe1YVAoGBAM9x\nG9bOSQaAVMBST3GE3YkGHO7nxzQhEPj4Dp+wcxhaKP4UAFw1RxDniIcNkPf+Cafd\nKDl+ygtGtoBR5glLwv7If+a2FdbI47QHnovBJaY2ODvCF3aAc9BYvUAMIC5lJEPS\nn8U8+v/osDOyTdi5Ygfa244sC9joQbLPkNynW2czAoGAc5TtHCYQY2Y2CL5UeeLB\niIYGBmFL9WEfa1TCRWGdWFreXpr+JVhGZ8oJ9ALNL5oUtlAIe6ETjXnAus5+c73Q\nXOTIJN6gNMikL4pHdxWtSKWoy/5gpnSrRDa7vAZ2s/dDpeqg/dkEmHfMBW7kSyuD\nD+WUwlkuJXgEpR4QBFSwaBECgYEApJPtbVfOUg0gsFDdXIf4Jw0liVl0DuSpDY3o\nNEOOnORzH1mJC57tWfkHtXZK7KWszXRFxI/WBmo8wsO3SOrFstQpvUX7P6O0HBHr\ndJ9xmlPr+2U6rjatK8ArrZOxOH3f7rs9LQP7c2sN2IX/AxHZN7godrx1Tcq+zPmm\nyZkxiEcCgYBqAHmZODBb1IzyElHhZWSYZcY1dJMhY9FNK38HOMTeigg/vmLb6REz\nnrvY15NrwuOZfEK47McSXkQQpRWqswZTTLyTVOw03Vq2ryjANSqfn+sshdskUoOL\n1XKP90h8lQmFCQqK8J/rZ3KSwj/vuqhk3svwxwHagpBX5bNG0akveg==\n-----END RSA PRIVATE KEY-----\n",
            "content_base64": null,
            "content_base64sha256": "wukT/oD0K+uhfrorRX0Kt7G/FfQOY4MGsH2IihrYJE0=",
            "content_base64sha512": "OwCz19iYPYCdfSpdwASFcMTSzSLfX8MwH9p96jm2h/E2iNnPTxOwTQPM9cn+lwqOv7nnhXSTwaxtfz4exNdt9g==",
            "content_md5": "a2910371ca690c827fa44d13ba2cc592",
            "content_sha1": "80bd6ebc76c924f6030c69ea027cf89766e2997e",
            "content_sha256": "c2e913fe80f42beba17eba2b457d0ab7b1bf15f40e638306b07d888a1ad8244d",
            "content_sha512": "3b00b3d7d8983d809d7d2a5dc0048570c4d2cd22df5fc3301fda7dea39b687f13688d9cf4f13b04d03ccf5c9fe970a8ebfb9e7857493c1ac6d7f3e1ec4d76df6",
            "directory_permission": "0777",
            "file_permission": "0777",
            "filename": "/Terraform/PrivateFiles/kubernetes-managment-key-pair-private.pem",
            "id": "80bd6ebc76c924f6030c69ea027cf89766e2997e",
            "sensitive_content": null,
            "source": null
          },
          "sensitive_attributes": [
            [
              {
                "type": "get_attr",
                "value": "content"
              }
            ]
          ],
          "dependencies": [
            "tls_private_key.kubernetes-managment-key-pair"
          ]
        }
      ]
    },
    {
      "mode": "managed",
      "type": "tls_private_key",
      "name": "kubernetes-managment-key-pair",
      "provider": "provider[\"registry.terraform.io/hashicorp/tls\"]",
      "instances": [
        {
          "schema_version": 1,
          "attributes": {
            "algorithm": "RSA",
            "ecdsa_curve": "P224",
            "id": "eebcb0d4a498c3258736d8f95b5ec17e678eb299",
            "private_key_openssh": "-----BEGIN OPENSSH PRIVATE KEY-----\nb3BlbnNzaC1rZXktdjEAAAAABG5vbmUAAAAEbm9uZQAAAAAAAAABAAABFwAAAAdz\nc2gtcnNhAAAAAwEAAQAAAQEAvH4eYZ9UPKRCXModvAjjG6Fn0O7y47D4LD9omKZz\nwPP43ZTHu4W1NXFIWz45dO6Vr0KJV8kAm2rkz/M/3QppAcHtVE/R/YfeiXc0f42R\nEb4U3mE/hiEaFvAy6cr9A+a09S5YQTE/HRRe4U9YP8DKNVoWeelDnltYeQYJ8Upw\n8nmedp8PjYrnxpx7XOAad2/7TecFv0BAzO9DhfAqwqfQG+43afoXkoFVoNfZz2Fk\nwwh61ZrRuS50TePA/r1nvGqQfJXFjMZXwJrdrNbPuuoLySDOt4NgkfjdurIBa/iJ\nJZOhYGUhOjdsJrBSpf1gGOOhQ2uuugQMKi5sHrHWJ6uZLwAAA7jVl6d11ZendQAA\nAAdzc2gtcnNhAAABAQC8fh5hn1Q8pEJcyh28COMboWfQ7vLjsPgsP2iYpnPA8/jd\nlMe7hbU1cUhbPjl07pWvQolXyQCbauTP8z/dCmkBwe1UT9H9h96JdzR/jZERvhTe\nYT+GIRoW8DLpyv0D5rT1LlhBMT8dFF7hT1g/wMo1WhZ56UOeW1h5BgnxSnDyeZ52\nnw+NiufGnHtc4Bp3b/tN5wW/QEDM70OF8CrCp9Ab7jdp+heSgVWg19nPYWTDCHrV\nmtG5LnRN48D+vWe8apB8lcWMxlfAmt2s1s+66gvJIM63g2CR+N26sgFr+Iklk6Fg\nZSE6N2wmsFKl/WAY46FDa666BAwqLmwesdYnq5kvAAAAAwEAAQAAAQEAjDeFgjl0\nAGhwtXXlCKvTxgoboGEgbiCHfOLufB/WnALhbnPu4KBmXIsYuEdhloqk7usgIB12\nRicOb2MUbun/kz8fvUhjfaZE9R2n//rfn8M24vaUusKFFes49JH8BZrpojoHjPeF\na6xrqE/N5h8UTPvnHGlZ08M/3UeQvd4Sh0yKKXhuHPjhtK/bU5OWwfKfqzrfgmHs\ncdiJRzR/KMi1l2BCYVjIsj3+jVznill710zZehdcUc6/t3oraU47cUiiq2/wQSI4\npefgqiWETIe928wKK9JiDLRk2r3Xu4PzDz6TIaL4t7bxUHUgRDVOxJLygBkh7JGs\nutavUMhREtVlgQAAAIBqAHmZODBb1IzyElHhZWSYZcY1dJMhY9FNK38HOMTeigg/\nvmLb6REznrvY15NrwuOZfEK47McSXkQQpRWqswZTTLyTVOw03Vq2ryjANSqfn+ss\nhdskUoOL1XKP90h8lQmFCQqK8J/rZ3KSwj/vuqhk3svwxwHagpBX5bNG0akvegAA\nAIEA6J18YF/x/JfEv3nktO7Td5Wzry3VufqQ7+ay4V70yhJ65tKZJL9ojsRsiRP6\nO52Lt3Xhdqg6ek2H+dSdX0hjlB5ac3WNgFY7XvxQInEtHIthBe/PfFjQ/tormwNy\n9BDqL5hot9kGxcP5T80CL5t8RN8MzEFpPQWVH/BRRlF7VhUAAACBAM9xG9bOSQaA\nVMBST3GE3YkGHO7nxzQhEPj4Dp+wcxhaKP4UAFw1RxDniIcNkPf+CafdKDl+ygtG\ntoBR5glLwv7If+a2FdbI47QHnovBJaY2ODvCF3aAc9BYvUAMIC5lJEPSn8U8+v/o\nsDOyTdi5Ygfa244sC9joQbLPkNynW2czAAAAAAEC\n-----END OPENSSH PRIVATE KEY-----\n",
            "private_key_pem": "-----BEGIN RSA PRIVATE KEY-----\nMIIEpAIBAAKCAQEAvH4eYZ9UPKRCXModvAjjG6Fn0O7y47D4LD9omKZzwPP43ZTH\nu4W1NXFIWz45dO6Vr0KJV8kAm2rkz/M/3QppAcHtVE/R/YfeiXc0f42REb4U3mE/\nhiEaFvAy6cr9A+a09S5YQTE/HRRe4U9YP8DKNVoWeelDnltYeQYJ8Upw8nmedp8P\njYrnxpx7XOAad2/7TecFv0BAzO9DhfAqwqfQG+43afoXkoFVoNfZz2Fkwwh61ZrR\nuS50TePA/r1nvGqQfJXFjMZXwJrdrNbPuuoLySDOt4NgkfjdurIBa/iJJZOhYGUh\nOjdsJrBSpf1gGOOhQ2uuugQMKi5sHrHWJ6uZLwIDAQABAoIBAQCMN4WCOXQAaHC1\ndeUIq9PGChugYSBuIId84u58H9acAuFuc+7goGZcixi4R2GWiqTu6yAgHXZGJw5v\nYxRu6f+TPx+9SGN9pkT1Haf/+t+fwzbi9pS6woUV6zj0kfwFmumiOgeM94VrrGuo\nT83mHxRM++ccaVnTwz/dR5C93hKHTIopeG4c+OG0r9tTk5bB8p+rOt+CYexx2IlH\nNH8oyLWXYEJhWMiyPf6NXOeKWXvXTNl6F1xRzr+3eitpTjtxSKKrb/BBIjil5+Cq\nJYRMh73bzAor0mIMtGTavde7g/MPPpMhovi3tvFQdSBENU7EkvKAGSHskay61q9Q\nyFES1WWBAoGBAOidfGBf8fyXxL955LTu03eVs68t1bn6kO/msuFe9MoSeubSmSS/\naI7EbIkT+judi7d14XaoOnpNh/nUnV9IY5QeWnN1jYBWO178UCJxLRyLYQXvz3xY\n0P7aK5sDcvQQ6i+YaLfZBsXD+U/NAi+bfETfDMxBaT0FlR/wUUZRe1YVAoGBAM9x\nG9bOSQaAVMBST3GE3YkGHO7nxzQhEPj4Dp+wcxhaKP4UAFw1RxDniIcNkPf+Cafd\nKDl+ygtGtoBR5glLwv7If+a2FdbI47QHnovBJaY2ODvCF3aAc9BYvUAMIC5lJEPS\nn8U8+v/osDOyTdi5Ygfa244sC9joQbLPkNynW2czAoGAc5TtHCYQY2Y2CL5UeeLB\niIYGBmFL9WEfa1TCRWGdWFreXpr+JVhGZ8oJ9ALNL5oUtlAIe6ETjXnAus5+c73Q\nXOTIJN6gNMikL4pHdxWtSKWoy/5gpnSrRDa7vAZ2s/dDpeqg/dkEmHfMBW7kSyuD\nD+WUwlkuJXgEpR4QBFSwaBECgYEApJPtbVfOUg0gsFDdXIf4Jw0liVl0DuSpDY3o\nNEOOnORzH1mJC57tWfkHtXZK7KWszXRFxI/WBmo8wsO3SOrFstQpvUX7P6O0HBHr\ndJ9xmlPr+2U6rjatK8ArrZOxOH3f7rs9LQP7c2sN2IX/AxHZN7godrx1Tcq+zPmm\nyZkxiEcCgYBqAHmZODBb1IzyElHhZWSYZcY1dJMhY9FNK38HOMTeigg/vmLb6REz\nnrvY15NrwuOZfEK47McSXkQQpRWqswZTTLyTVOw03Vq2ryjANSqfn+sshdskUoOL\n1XKP90h8lQmFCQqK8J/rZ3KSwj/vuqhk3svwxwHagpBX5bNG0akveg==\n-----END RSA PRIVATE KEY-----\n",
            "private_key_pem_pkcs8": "-----BEGIN PRIVATE KEY-----\nMIIEvgIBADANBgkqhkiG9w0BAQEFAASCBKgwggSkAgEAAoIBAQC8fh5hn1Q8pEJc\nyh28COMboWfQ7vLjsPgsP2iYpnPA8/jdlMe7hbU1cUhbPjl07pWvQolXyQCbauTP\n8z/dCmkBwe1UT9H9h96JdzR/jZERvhTeYT+GIRoW8DLpyv0D5rT1LlhBMT8dFF7h\nT1g/wMo1WhZ56UOeW1h5BgnxSnDyeZ52nw+NiufGnHtc4Bp3b/tN5wW/QEDM70OF\n8CrCp9Ab7jdp+heSgVWg19nPYWTDCHrVmtG5LnRN48D+vWe8apB8lcWMxlfAmt2s\n1s+66gvJIM63g2CR+N26sgFr+Iklk6FgZSE6N2wmsFKl/WAY46FDa666BAwqLmwe\nsdYnq5kvAgMBAAECggEBAIw3hYI5dABocLV15Qir08YKG6BhIG4gh3zi7nwf1pwC\n4W5z7uCgZlyLGLhHYZaKpO7rICAddkYnDm9jFG7p/5M/H71IY32mRPUdp//635/D\nNuL2lLrChRXrOPSR/AWa6aI6B4z3hWusa6hPzeYfFEz75xxpWdPDP91HkL3eEodM\niil4bhz44bSv21OTlsHyn6s634Jh7HHYiUc0fyjItZdgQmFYyLI9/o1c54pZe9dM\n2XoXXFHOv7d6K2lOO3FIoqtv8EEiOKXn4KolhEyHvdvMCivSYgy0ZNq917uD8w8+\nkyGi+Le28VB1IEQ1TsSS8oAZIeyRrLrWr1DIURLVZYECgYEA6J18YF/x/JfEv3nk\ntO7Td5Wzry3VufqQ7+ay4V70yhJ65tKZJL9ojsRsiRP6O52Lt3Xhdqg6ek2H+dSd\nX0hjlB5ac3WNgFY7XvxQInEtHIthBe/PfFjQ/tormwNy9BDqL5hot9kGxcP5T80C\nL5t8RN8MzEFpPQWVH/BRRlF7VhUCgYEAz3Eb1s5JBoBUwFJPcYTdiQYc7ufHNCEQ\n+PgOn7BzGFoo/hQAXDVHEOeIhw2Q9/4Jp90oOX7KC0a2gFHmCUvC/sh/5rYV1sjj\ntAeei8ElpjY4O8IXdoBz0Fi9QAwgLmUkQ9KfxTz6/+iwM7JN2LliB9rbjiwL2OhB\nss+Q3KdbZzMCgYBzlO0cJhBjZjYIvlR54sGIhgYGYUv1YR9rVMJFYZ1YWt5emv4l\nWEZnygn0As0vmhS2UAh7oRONecC6zn5zvdBc5Mgk3qA0yKQvikd3Fa1IpajL/mCm\ndKtENru8Bnaz90Ol6qD92QSYd8wFbuRLK4MP5ZTCWS4leASlHhAEVLBoEQKBgQCk\nk+1tV85SDSCwUN1ch/gnDSWJWXQO5KkNjeg0Q46c5HMfWYkLnu1Z+Qe1dkrspazN\ndEXEj9YGajzCw7dI6sWy1Cm9Rfs/o7QcEet0n3GaU+v7ZTquNq0rwCutk7E4fd/u\nuz0tA/tzaw3Yhf8DEdk3uCh2vHVNyr7M+abJmTGIRwKBgGoAeZk4MFvUjPISUeFl\nZJhlxjV0kyFj0U0rfwc4xN6KCD++YtvpETOeu9jXk2vC45l8QrjsxxJeRBClFaqz\nBlNMvJNU7DTdWravKMA1Kp+f6yyF2yRSg4vVco/3SHyVCYUJCorwn+tncpLCP++6\nqGTey/DHAdqCkFfls0bRqS96\n-----END PRIVATE KEY-----\n",
            "public_key_fingerprint_md5": "75:69:ea:5a:0e:ae:62:b3:a2:5e:24:f3:da:f6:86:9b",
            "public_key_fingerprint_sha256": "SHA256:tI/qh0Qyk+WFM8TvlQ8iA+kVvV2QIu6X/ttWuizHbAU",
            "public_key_openssh": "ssh-rsa AAAAB3NzaC1yc2EAAAADAQABAAABAQC8fh5hn1Q8pEJcyh28COMboWfQ7vLjsPgsP2iYpnPA8/jdlMe7hbU1cUhbPjl07pWvQolXyQCbauTP8z/dCmkBwe1UT9H9h96JdzR/jZERvhTeYT+GIRoW8DLpyv0D5rT1LlhBMT8dFF7hT1g/wMo1WhZ56UOeW1h5BgnxSnDyeZ52nw+NiufGnHtc4Bp3b/tN5wW/QEDM70OF8CrCp9Ab7jdp+heSgVWg19nPYWTDCHrVmtG5LnRN48D+vWe8apB8lcWMxlfAmt2s1s+66gvJIM63g2CR+N26sgFr+Iklk6FgZSE6N2wmsFKl/WAY46FDa666BAwqLmwesdYnq5kv\n",
            "public_key_pem": "-----BEGIN PUBLIC KEY-----\nMIIBIjANBgkqhkiG9w0BAQEFAAOCAQ8AMIIBCgKCAQEAvH4eYZ9UPKRCXModvAjj\nG6Fn0O7y47D4LD9omKZzwPP43ZTHu4W1NXFIWz45dO6Vr0KJV8kAm2rkz/M/3Qpp\nAcHtVE/R/YfeiXc0f42REb4U3mE/hiEaFvAy6cr9A+a09S5YQTE/HRRe4U9YP8DK\nNVoWeelDnltYeQYJ8Upw8nmedp8PjYrnxpx7XOAad2/7TecFv0BAzO9DhfAqwqfQ\nG+43afoXkoFVoNfZz2Fkwwh61ZrRuS50TePA/r1nvGqQfJXFjMZXwJrdrNbPuuoL\nySDOt4NgkfjdurIBa/iJJZOhYGUhOjdsJrBSpf1gGOOhQ2uuugQMKi5sHrHWJ6uZ\nLwIDAQAB\n-----END PUBLIC KEY-----\n",
            "rsa_bits": 2048
          },
          "sensitive_attributes": []
        }
      ]
    }
  ]
}
