{
  "version": 4,
  "terraform_version": "1.0.7",
  "serial": 497,
  "lineage": "c9aac03b-45a8-3223-2cb3-7f0a98ce4c38",
  "outputs": {
    "ec2_global_kubernetes_ips": {
      "value": "",
      "type": "string"
    }
  },
  "resources": [
    {
      "mode": "data",
      "type": "http",
      "name": "MyPublicIp",
      "provider": "provider[\"registry.terraform.io/hashicorp/http\"]",
      "instances": [
        {
          "schema_version": 0,
          "attributes": {
            "body": "87.68.246.54\n",
            "ca_cert_pem": null,
            "id": "https://ipv4.icanhazip.com",
            "insecure": null,
            "method": null,
            "request_body": null,
            "request_headers": null,
            "request_timeout_ms": null,
            "response_body": "87.68.246.54\n",
            "response_body_base64": "ODcuNjguMjQ2LjU0Cg==",
            "response_headers": {
              "Access-Control-Allow-Methods": "GET",
              "Access-Control-Allow-Origin": "*",
              "Alt-Svc": "h3=\":443\"; ma=86400",
              "Cf-Ray": "860be80fd87d7d95-TLV",
              "Content-Length": "13",
              "Content-Type": "text/plain",
              "Date": "Thu, 07 Mar 2024 16:19:19 GMT",
              "Server": "cloudflare",
              "Set-Cookie": "__cf_bm=GJXDgGY9Dw2y5CnRj3DdFx3AE9vO6A6qtyCYo90WjKY-1709828359-1.0.1.1-m4DQ9KM7gGhSFDOI1EXGQtvTw28UNqfplMCPU0AJeZkBV1e0WayZLl4ghm.pJm768zK7Akx_JDrbt8t.By_9pg; path=/; expires=Thu, 07-Mar-24 16:49:19 GMT; domain=.icanhazip.com; HttpOnly; Secure; SameSite=None",
              "Vary": "Accept-Encoding"
            },
            "retry": null,
            "status_code": 200,
            "url": "https://ipv4.icanhazip.com"
          },
          "sensitive_attributes": []
        }
      ]
    },
    {
      "mode": "managed",
      "type": "aws_eip",
      "name": "kubernetes-cluster-ec2-elastic-ip",
      "provider": "provider[\"registry.terraform.io/hashicorp/aws\"]",
      "instances": [
        {
          "schema_version": 0,
          "attributes": {
            "address": null,
            "allocation_id": "eipalloc-0bff2d792d9d22b64",
            "associate_with_private_ip": null,
            "association_id": "eipassoc-0ccfe406badea79ce",
            "carrier_ip": "",
            "customer_owned_ip": "",
            "customer_owned_ipv4_pool": "",
            "domain": "vpc",
            "id": "eipalloc-0bff2d792d9d22b64",
            "instance": "i-0ff6c7401892e4a71",
            "network_border_group": "eu-central-1",
            "network_interface": "eni-045fe5ce4b9054c53",
            "private_dns": "ip-10-0-1-76.eu-central-1.compute.internal",
            "private_ip": "10.0.1.76",
            "public_dns": "ec2-3-77-243-35.eu-central-1.compute.amazonaws.com",
            "public_ip": "3.77.243.35",
            "public_ipv4_pool": "amazon",
            "tags": {
              "kubernetes.io/cluster/kubernetes": "owned"
            },
            "tags_all": {
              "kubernetes.io/cluster/kubernetes": "owned"
            },
            "timeouts": null,
            "vpc": true
          },
          "sensitive_attributes": [],
          "private": "eyJlMmJmYjczMC1lY2FhLTExZTYtOGY4OC0zNDM2M2JjN2M0YzAiOnsiZGVsZXRlIjoxODAwMDAwMDAwMDAsInJlYWQiOjkwMDAwMDAwMDAwMCwidXBkYXRlIjozMDAwMDAwMDAwMDB9fQ==",
          "dependencies": [
            "aws_iam_instance_profile.kubernetes-cluster-ec2-instance-profile",
            "aws_iam_role.kubernetes-master-node-role1",
            "aws_instance.kubernetes-cluster-ec2",
            "aws_key_pair.kubernets-ec2-key-pair",
            "aws_security_group.kubernetes-cluster-security-group",
            "aws_subnet.kubernetes-vpc-public-subnet",
            "aws_vpc.kubernetes-vpc",
            "tls_private_key.kubernetes-managment-key-pair"
          ]
        }
      ]
    },
    {
      "mode": "managed",
      "type": "aws_iam_instance_profile",
      "name": "kubernetes-cluster-ec2-instance-profile",
      "provider": "provider[\"registry.terraform.io/hashicorp/aws\"]",
      "instances": [
        {
          "schema_version": 0,
          "attributes": {
            "arn": "arn:aws:iam::750353367788:instance-profile/kubernetes-cluster-ec2-instance-profile",
            "create_date": "2024-03-07T16:19:37Z",
            "id": "kubernetes-cluster-ec2-instance-profile",
            "name": "kubernetes-cluster-ec2-instance-profile",
            "name_prefix": "",
            "path": "/",
            "role": "kubernetes-master-node-role1",
            "tags": null,
            "tags_all": {},
            "unique_id": "AIPA25NELYLWNBVJ7SELV"
          },
          "sensitive_attributes": [],
          "private": "bnVsbA==",
          "dependencies": [
            "aws_iam_role.kubernetes-master-node-role1"
          ]
        }
      ]
    },
    {
      "mode": "managed",
      "type": "aws_iam_policy",
      "name": "kubernetes-master-node-policy1",
      "provider": "provider[\"registry.terraform.io/hashicorp/aws\"]",
      "instances": [
        {
          "schema_version": 0,
          "attributes": {
            "arn": "arn:aws:iam::750353367788:policy/kubernetes-master-node-policy1",
            "description": "",
            "id": "arn:aws:iam::750353367788:policy/kubernetes-master-node-policy1",
            "name": "kubernetes-master-node-policy1",
            "name_prefix": "",
            "path": "/",
            "policy": "{\"Statement\":[{\"Action\":[\"autoscaling:DescribeAutoScalingGroups\",\"autoscaling:DescribeLaunchConfigurations\",\"autoscaling:DescribeTags\",\"ec2:DescribeInstances\",\"ec2:DescribeRegions\",\"ec2:DescribeRouteTables\",\"ec2:DescribeSecurityGroups\",\"ec2:DescribeSubnets\",\"ec2:DescribeVolumes\",\"ec2:CreateSecurityGroup\",\"ec2:CreateTags\",\"ec2:CreateVolume\",\"ec2:ModifyInstanceAttribute\",\"ec2:ModifyVolume\",\"ec2:AttachVolume\",\"ec2:AuthorizeSecurityGroupIngress\",\"ec2:CreateRoute\",\"ec2:DeleteRoute\",\"ec2:DeleteSecurityGroup\",\"ec2:DeleteVolume\",\"ec2:DetachVolume\",\"ec2:RevokeSecurityGroupIngress\",\"ec2:DescribeVpcs\",\"elasticloadbalancing:AddTags\",\"elasticloadbalancing:AttachLoadBalancerToSubnets\",\"elasticloadbalancing:ApplySecurityGroupsToLoadBalancer\",\"elasticloadbalancing:CreateLoadBalancer\",\"elasticloadbalancing:CreateLoadBalancerPolicy\",\"elasticloadbalancing:CreateLoadBalancerListeners\",\"elasticloadbalancing:ConfigureHealthCheck\",\"elasticloadbalancing:DeleteLoadBalancer\",\"elasticloadbalancing:DeleteLoadBalancerListeners\",\"elasticloadbalancing:DescribeLoadBalancers\",\"elasticloadbalancing:DescribeLoadBalancerAttributes\",\"elasticloadbalancing:DetachLoadBalancerFromSubnets\",\"elasticloadbalancing:DeregisterInstancesFromLoadBalancer\",\"elasticloadbalancing:ModifyLoadBalancerAttributes\",\"elasticloadbalancing:RegisterInstancesWithLoadBalancer\",\"elasticloadbalancing:SetLoadBalancerPoliciesForBackendServer\",\"elasticloadbalancing:AddTags\",\"elasticloadbalancing:CreateListener\",\"elasticloadbalancing:CreateTargetGroup\",\"elasticloadbalancing:DeleteListener\",\"elasticloadbalancing:DeleteTargetGroup\",\"elasticloadbalancing:DescribeListeners\",\"elasticloadbalancing:DescribeLoadBalancerPolicies\",\"elasticloadbalancing:DescribeTargetGroups\",\"elasticloadbalancing:DescribeTargetHealth\",\"elasticloadbalancing:ModifyListener\",\"elasticloadbalancing:ModifyTargetGroup\",\"elasticloadbalancing:RegisterTargets\",\"elasticloadbalancing:SetLoadBalancerPoliciesOfListener\",\"iam:CreateServiceLinkedRole\",\"kms:DescribeKey\"],\"Effect\":\"Allow\",\"Resource\":[\"*\"]}],\"Version\":\"2012-10-17\"}",
            "policy_id": "ANPA25NELYLWEV3T7ETDP",
            "tags": {
              "kubernetes.io/cluster/kubernetes": "owned"
            },
            "tags_all": {
              "kubernetes.io/cluster/kubernetes": "owned"
            }
          },
          "sensitive_attributes": [],
          "private": "bnVsbA=="
        }
      ]
    },
    {
      "mode": "managed",
      "type": "aws_iam_policy",
      "name": "kubernetes-worker-node-policy1",
      "provider": "provider[\"registry.terraform.io/hashicorp/aws\"]",
      "instances": [
        {
          "schema_version": 0,
          "attributes": {
            "arn": "arn:aws:iam::750353367788:policy/kubernetes-worker-node-policy1",
            "description": "",
            "id": "arn:aws:iam::750353367788:policy/kubernetes-worker-node-policy1",
            "name": "kubernetes-worker-node-policy1",
            "name_prefix": "",
            "path": "/",
            "policy": "{\"Statement\":[{\"Action\":[\"ec2:DescribeInstances\",\"ec2:DescribeRegions\",\"ecr:GetAuthorizationToken\",\"ecr:BatchCheckLayerAvailability\",\"ecr:GetDownloadUrlForLayer\",\"ecr:GetRepositoryPolicy\",\"ecr:DescribeRepositories\",\"ecr:ListImages\",\"ecr:BatchGetImage\"],\"Effect\":\"Allow\",\"Resource\":\"*\"}],\"Version\":\"2012-10-17\"}",
            "policy_id": "ANPA25NELYLWP3G4D2J7I",
            "tags": {
              "kubernetes.io/cluster/kubernetes": "owned"
            },
            "tags_all": {
              "kubernetes.io/cluster/kubernetes": "owned"
            }
          },
          "sensitive_attributes": [],
          "private": "bnVsbA=="
        }
      ]
    },
    {
      "mode": "managed",
      "type": "aws_iam_policy_attachment",
      "name": "kubernetes-master-node-role-policy-attachment-master-policy",
      "provider": "provider[\"registry.terraform.io/hashicorp/aws\"]",
      "instances": [
        {
          "schema_version": 0,
          "attributes": {
            "groups": null,
            "id": "kubernetes-master-node-role-policy-attachment-master-policy",
            "name": "kubernetes-master-node-role-policy-attachment-master-policy",
            "policy_arn": "arn:aws:iam::750353367788:policy/kubernetes-master-node-policy1",
            "roles": [
              "kubernetes-master-node-role1"
            ],
            "users": null
          },
          "sensitive_attributes": [],
          "private": "bnVsbA==",
          "dependencies": [
            "aws_iam_policy.kubernetes-master-node-policy1",
            "aws_iam_role.kubernetes-master-node-role1"
          ]
        }
      ]
    },
    {
      "mode": "managed",
      "type": "aws_iam_policy_attachment",
      "name": "kubernetes-master-node-role-policy-attachment-worker-policy",
      "provider": "provider[\"registry.terraform.io/hashicorp/aws\"]",
      "instances": [
        {
          "schema_version": 0,
          "attributes": {
            "groups": null,
            "id": "kubernetes-master-node-role-policy-attachment-worker-policy",
            "name": "kubernetes-master-node-role-policy-attachment-worker-policy",
            "policy_arn": "arn:aws:iam::750353367788:policy/kubernetes-worker-node-policy1",
            "roles": [
              "kubernetes-master-node-role1"
            ],
            "users": null
          },
          "sensitive_attributes": [],
          "private": "bnVsbA==",
          "dependencies": [
            "aws_iam_policy.kubernetes-worker-node-policy1",
            "aws_iam_role.kubernetes-master-node-role1"
          ]
        }
      ]
    },
    {
      "mode": "managed",
      "type": "aws_iam_role",
      "name": "kubernetes-master-node-role1",
      "provider": "provider[\"registry.terraform.io/hashicorp/aws\"]",
      "instances": [
        {
          "schema_version": 0,
          "attributes": {
            "arn": "arn:aws:iam::750353367788:role/kubernetes-master-node-role1",
            "assume_role_policy": "{\"Statement\":[{\"Action\":\"sts:AssumeRole\",\"Effect\":\"Allow\",\"Principal\":{\"Service\":\"ec2.amazonaws.com\"}}],\"Version\":\"2012-10-17\"}",
            "create_date": "2024-03-07T16:19:36Z",
            "description": "",
            "force_detach_policies": false,
            "id": "kubernetes-master-node-role1",
            "inline_policy": [],
            "managed_policy_arns": [],
            "max_session_duration": 3600,
            "name": "kubernetes-master-node-role1",
            "name_prefix": "",
            "path": "/",
            "permissions_boundary": "",
            "tags": {
              "kubernetes.io/cluster/kubernetes": "owned"
            },
            "tags_all": {
              "kubernetes.io/cluster/kubernetes": "owned"
            },
            "unique_id": "AROA25NELYLWCHR44BJOQ"
          },
          "sensitive_attributes": [],
          "private": "bnVsbA=="
        }
      ]
    },
    {
      "mode": "managed",
      "type": "aws_instance",
      "name": "kubernetes-cluster-ec2",
      "provider": "provider[\"registry.terraform.io/hashicorp/aws\"]",
      "instances": [
        {
          "schema_version": 1,
          "attributes": {
            "ami": "ami-0faab6bdbac9486fb",
            "arn": "arn:aws:ec2:eu-central-1:750353367788:instance/i-0ff6c7401892e4a71",
            "associate_public_ip_address": false,
            "availability_zone": "eu-central-1c",
            "capacity_reservation_specification": [
              {
                "capacity_reservation_preference": "open",
                "capacity_reservation_target": []
              }
            ],
            "cpu_core_count": 1,
            "cpu_options": [
              {
                "amd_sev_snp": "",
                "core_count": 1,
                "threads_per_core": 2
              }
            ],
            "cpu_threads_per_core": 2,
            "credit_specification": [
              {
                "cpu_credits": "unlimited"
              }
            ],
            "disable_api_stop": false,
            "disable_api_termination": false,
            "ebs_block_device": [],
            "ebs_optimized": false,
            "enclave_options": [
              {
                "enabled": false
              }
            ],
            "ephemeral_block_device": [],
            "get_password_data": false,
            "hibernation": false,
            "host_id": "",
            "host_resource_group_arn": null,
            "iam_instance_profile": "kubernetes-cluster-ec2-instance-profile",
            "id": "i-0ff6c7401892e4a71",
            "instance_initiated_shutdown_behavior": "stop",
            "instance_lifecycle": "",
            "instance_market_options": [],
            "instance_state": "running",
            "instance_type": "t3.medium",
            "ipv6_address_count": 0,
            "ipv6_addresses": [],
            "key_name": "kubernetes-managment-key-pair",
            "launch_template": [],
            "maintenance_options": [
              {
                "auto_recovery": "default"
              }
            ],
            "metadata_options": [
              {
                "http_endpoint": "enabled",
                "http_protocol_ipv6": "disabled",
                "http_put_response_hop_limit": 1,
                "http_tokens": "optional",
                "instance_metadata_tags": "disabled"
              }
            ],
            "monitoring": false,
            "network_interface": [],
            "outpost_arn": "",
            "password_data": "",
            "placement_group": "",
            "placement_partition_number": 0,
            "primary_network_interface_id": "eni-045fe5ce4b9054c53",
            "private_dns": "ip-10-0-1-76.eu-central-1.compute.internal",
            "private_dns_name_options": [
              {
                "enable_resource_name_dns_a_record": false,
                "enable_resource_name_dns_aaaa_record": false,
                "hostname_type": "ip-name"
              }
            ],
            "private_ip": "10.0.1.76",
            "public_dns": "",
            "public_ip": "",
            "root_block_device": [
              {
                "delete_on_termination": true,
                "device_name": "/dev/sda1",
                "encrypted": false,
                "iops": 100,
                "kms_key_id": "",
                "tags": {},
                "throughput": 0,
                "volume_id": "vol-0d0e4fa1e10a2e679",
                "volume_size": 8,
                "volume_type": "gp2"
              }
            ],
            "secondary_private_ips": [],
            "security_groups": [],
            "source_dest_check": true,
            "spot_instance_request_id": "",
            "subnet_id": "subnet-0ff1d93a0ac3f34fd",
            "tags": {
              "kubernetes.io/cluster/kubernetes": "owned"
            },
            "tags_all": {
              "kubernetes.io/cluster/kubernetes": "owned"
            },
            "tenancy": "default",
            "timeouts": null,
            "user_data": null,
            "user_data_base64": null,
            "user_data_replace_on_change": false,
            "volume_tags": null,
            "vpc_security_group_ids": [
              "sg-04603fa19f534cdc4"
            ]
          },
          "sensitive_attributes": [],
          "private": "eyJlMmJmYjczMC1lY2FhLTExZTYtOGY4OC0zNDM2M2JjN2M0YzAiOnsiY3JlYXRlIjo2MDAwMDAwMDAwMDAsImRlbGV0ZSI6MTIwMDAwMDAwMDAwMCwidXBkYXRlIjo2MDAwMDAwMDAwMDB9LCJzY2hlbWFfdmVyc2lvbiI6IjEifQ==",
          "dependencies": [
            "aws_iam_instance_profile.kubernetes-cluster-ec2-instance-profile",
            "aws_iam_role.kubernetes-master-node-role1",
            "aws_key_pair.kubernets-ec2-key-pair",
            "aws_security_group.kubernetes-cluster-security-group",
            "aws_subnet.kubernetes-vpc-public-subnet",
            "aws_vpc.kubernetes-vpc",
            "tls_private_key.kubernetes-managment-key-pair"
          ]
        }
      ]
    },
    {
      "mode": "managed",
      "type": "aws_internet_gateway",
      "name": "kubernetes-vpc-internet-gateway",
      "provider": "provider[\"registry.terraform.io/hashicorp/aws\"]",
      "instances": [
        {
          "schema_version": 0,
          "attributes": {
            "arn": "arn:aws:ec2:eu-central-1:750353367788:internet-gateway/igw-03b970b2f38859c4c",
            "id": "igw-03b970b2f38859c4c",
            "owner_id": "750353367788",
            "tags": {
              "kubernetes.io/cluster/kubernetes": "owned"
            },
            "tags_all": {
              "kubernetes.io/cluster/kubernetes": "owned"
            },
            "timeouts": null,
            "vpc_id": "vpc-0c97efdc9a8c1ce88"
          },
          "sensitive_attributes": [],
          "private": "eyJlMmJmYjczMC1lY2FhLTExZTYtOGY4OC0zNDM2M2JjN2M0YzAiOnsiY3JlYXRlIjoxMjAwMDAwMDAwMDAwLCJkZWxldGUiOjEyMDAwMDAwMDAwMDAsInVwZGF0ZSI6MTIwMDAwMDAwMDAwMH19",
          "dependencies": [
            "aws_vpc.kubernetes-vpc"
          ]
        }
      ]
    },
    {
      "mode": "managed",
      "type": "aws_key_pair",
      "name": "kubernets-ec2-key-pair",
      "provider": "provider[\"registry.terraform.io/hashicorp/aws\"]",
      "instances": [
        {
          "schema_version": 1,
          "attributes": {
            "arn": "arn:aws:ec2:eu-central-1:750353367788:key-pair/kubernetes-managment-key-pair",
            "fingerprint": "5a:4d:06:bb:0c:d0:00:69:28:e5:44:cc:81:25:c4:d0",
            "id": "kubernetes-managment-key-pair",
            "key_name": "kubernetes-managment-key-pair",
            "key_name_prefix": "",
            "key_pair_id": "key-0ca0a4f65170d24db",
            "key_type": "rsa",
            "public_key": "ssh-rsa AAAAB3NzaC1yc2EAAAADAQABAAABAQDPaw9tsdwKCgu2WARXi+d8Ru+xXiHhdWvxt3EGsaRtjYaSCsHfzle7f7JS6wGY7KO8JA5okJa7ZCeG0b7/L28hln/959CzcITnWlM0EvdWjQpfkYqJxKKcmwB8wDmQInEkCyiYbMIKlwZ4l1XsE09VlNtIFG+bxViIxZES2bjiz4S2V+legHL/RKbrRN1eNyjDSnYafxhzEmBwuDwfl49K7zi/sel9fJFjuvx+GzrEa8oAw6IAOYS5FhJXprTRFUsVDXMmSib8p6bgpxvuZXSrvrjbk9AB63K6sEO99SytKvYtsR8rJR+hLV6/AcpABEsExOYhz5QUcYxeQD3Z5313",
            "tags": null,
            "tags_all": {}
          },
          "sensitive_attributes": [],
          "private": "eyJzY2hlbWFfdmVyc2lvbiI6IjEifQ==",
          "dependencies": [
            "tls_private_key.kubernetes-managment-key-pair"
          ]
        }
      ]
    },
    {
      "mode": "managed",
      "type": "aws_route_table",
      "name": "kubernetes-vpc-route-table",
      "provider": "provider[\"registry.terraform.io/hashicorp/aws\"]",
      "instances": [
        {
          "schema_version": 0,
          "attributes": {
            "arn": "arn:aws:ec2:eu-central-1:750353367788:route-table/rtb-0fa7ea5239fd51063",
            "id": "rtb-0fa7ea5239fd51063",
            "owner_id": "750353367788",
            "propagating_vgws": [],
            "route": [
              {
                "carrier_gateway_id": "",
                "cidr_block": "0.0.0.0/0",
                "core_network_arn": "",
                "destination_prefix_list_id": "",
                "egress_only_gateway_id": "",
                "gateway_id": "igw-03b970b2f38859c4c",
                "ipv6_cidr_block": "",
                "local_gateway_id": "",
                "nat_gateway_id": "",
                "network_interface_id": "",
                "transit_gateway_id": "",
                "vpc_endpoint_id": "",
                "vpc_peering_connection_id": ""
              }
            ],
            "tags": {
              "kubernetes.io/cluster/kubernetes": "owned"
            },
            "tags_all": {
              "kubernetes.io/cluster/kubernetes": "owned"
            },
            "timeouts": null,
            "vpc_id": "vpc-0c97efdc9a8c1ce88"
          },
          "sensitive_attributes": [],
          "private": "eyJlMmJmYjczMC1lY2FhLTExZTYtOGY4OC0zNDM2M2JjN2M0YzAiOnsiY3JlYXRlIjozMDAwMDAwMDAwMDAsImRlbGV0ZSI6MzAwMDAwMDAwMDAwLCJ1cGRhdGUiOjEyMDAwMDAwMDAwMH19",
          "dependencies": [
            "aws_internet_gateway.kubernetes-vpc-internet-gateway",
            "aws_vpc.kubernetes-vpc"
          ]
        }
      ]
    },
    {
      "mode": "managed",
      "type": "aws_route_table_association",
      "name": "kubernetes-vpc-route-table-associate-to-public-subnets",
      "provider": "provider[\"registry.terraform.io/hashicorp/aws\"]",
      "instances": [
        {
          "schema_version": 0,
          "attributes": {
            "gateway_id": "",
            "id": "rtbassoc-0787604d03634eea8",
            "route_table_id": "rtb-0fa7ea5239fd51063",
            "subnet_id": "subnet-0ff1d93a0ac3f34fd",
            "timeouts": null
          },
          "sensitive_attributes": [],
          "private": "eyJlMmJmYjczMC1lY2FhLTExZTYtOGY4OC0zNDM2M2JjN2M0YzAiOnsiY3JlYXRlIjozMDAwMDAwMDAwMDAsImRlbGV0ZSI6MzAwMDAwMDAwMDAwLCJ1cGRhdGUiOjEyMDAwMDAwMDAwMH19",
          "dependencies": [
            "aws_internet_gateway.kubernetes-vpc-internet-gateway",
            "aws_route_table.kubernetes-vpc-route-table",
            "aws_subnet.kubernetes-vpc-public-subnet",
            "aws_vpc.kubernetes-vpc"
          ]
        }
      ]
    },
    {
      "mode": "managed",
      "type": "aws_security_group",
      "name": "kubernetes-cluster-security-group",
      "provider": "provider[\"registry.terraform.io/hashicorp/aws\"]",
      "instances": [
        {
          "schema_version": 1,
          "attributes": {
            "arn": "arn:aws:ec2:eu-central-1:750353367788:security-group/sg-04603fa19f534cdc4",
            "description": "Allow the Kuberntes cluster to communicate internally and to be managed externally",
            "egress": [],
            "id": "sg-04603fa19f534cdc4",
            "ingress": [],
            "name": "kubernetes-cluster-security-group",
            "name_prefix": "",
            "owner_id": "750353367788",
            "revoke_rules_on_delete": false,
            "tags": {
              "kubernetes.io/cluster/kubernetes": "owned"
            },
            "tags_all": {
              "kubernetes.io/cluster/kubernetes": "owned"
            },
            "timeouts": null,
            "vpc_id": "vpc-0c97efdc9a8c1ce88"
          },
          "sensitive_attributes": [],
          "private": "eyJlMmJmYjczMC1lY2FhLTExZTYtOGY4OC0zNDM2M2JjN2M0YzAiOnsiY3JlYXRlIjo2MDAwMDAwMDAwMDAsImRlbGV0ZSI6OTAwMDAwMDAwMDAwfSwic2NoZW1hX3ZlcnNpb24iOiIxIn0=",
          "dependencies": [
            "aws_vpc.kubernetes-vpc"
          ]
        }
      ]
    },
    {
      "mode": "managed",
      "type": "aws_subnet",
      "name": "kubernetes-vpc-public-subnet",
      "provider": "provider[\"registry.terraform.io/hashicorp/aws\"]",
      "instances": [
        {
          "schema_version": 1,
          "attributes": {
            "arn": "arn:aws:ec2:eu-central-1:750353367788:subnet/subnet-0ff1d93a0ac3f34fd",
            "assign_ipv6_address_on_creation": false,
            "availability_zone": "eu-central-1c",
            "availability_zone_id": "euc1-az1",
            "cidr_block": "10.0.1.0/24",
            "customer_owned_ipv4_pool": "",
            "enable_dns64": false,
            "enable_lni_at_device_index": 0,
            "enable_resource_name_dns_a_record_on_launch": false,
            "enable_resource_name_dns_aaaa_record_on_launch": false,
            "id": "subnet-0ff1d93a0ac3f34fd",
            "ipv6_cidr_block": "",
            "ipv6_cidr_block_association_id": "",
            "ipv6_native": false,
            "map_customer_owned_ip_on_launch": false,
            "map_public_ip_on_launch": false,
            "outpost_arn": "",
            "owner_id": "750353367788",
            "private_dns_hostname_type_on_launch": "ip-name",
            "tags": {
              "kubernetes.io/cluster/kubernetes": "owned"
            },
            "tags_all": {
              "kubernetes.io/cluster/kubernetes": "owned"
            },
            "timeouts": null,
            "vpc_id": "vpc-0c97efdc9a8c1ce88"
          },
          "sensitive_attributes": [],
          "private": "eyJlMmJmYjczMC1lY2FhLTExZTYtOGY4OC0zNDM2M2JjN2M0YzAiOnsiY3JlYXRlIjo2MDAwMDAwMDAwMDAsImRlbGV0ZSI6MTIwMDAwMDAwMDAwMH0sInNjaGVtYV92ZXJzaW9uIjoiMSJ9",
          "dependencies": [
            "aws_vpc.kubernetes-vpc"
          ]
        }
      ]
    },
    {
      "mode": "managed",
      "type": "aws_vpc",
      "name": "kubernetes-vpc",
      "provider": "provider[\"registry.terraform.io/hashicorp/aws\"]",
      "instances": [
        {
          "schema_version": 1,
          "attributes": {
            "arn": "arn:aws:ec2:eu-central-1:750353367788:vpc/vpc-0c97efdc9a8c1ce88",
            "assign_generated_ipv6_cidr_block": false,
            "cidr_block": "10.0.0.0/16",
            "default_network_acl_id": "acl-0603ad04d2abc341b",
            "default_route_table_id": "rtb-0e2d23343c17e2191",
            "default_security_group_id": "sg-062d1996eb6f3c5d2",
            "dhcp_options_id": "dopt-0e9da1acacc25594b",
            "enable_dns_hostnames": false,
            "enable_dns_support": true,
            "enable_network_address_usage_metrics": false,
            "id": "vpc-0c97efdc9a8c1ce88",
            "instance_tenancy": "default",
            "ipv4_ipam_pool_id": null,
            "ipv4_netmask_length": null,
            "ipv6_association_id": "",
            "ipv6_cidr_block": "",
            "ipv6_cidr_block_network_border_group": "",
            "ipv6_ipam_pool_id": "",
            "ipv6_netmask_length": 0,
            "main_route_table_id": "rtb-0e2d23343c17e2191",
            "owner_id": "750353367788",
            "tags": {
              "kubernetes.io/cluster/kubernetes": "owned"
            },
            "tags_all": {
              "kubernetes.io/cluster/kubernetes": "owned"
            }
          },
          "sensitive_attributes": [],
          "private": "eyJzY2hlbWFfdmVyc2lvbiI6IjEifQ=="
        }
      ]
    },
    {
      "mode": "managed",
      "type": "aws_vpc_security_group_egress_rule",
      "name": "OutboundSecurityGroupAllowAllPublicTraffic",
      "provider": "provider[\"registry.terraform.io/hashicorp/aws\"]",
      "instances": [
        {
          "schema_version": 0,
          "attributes": {
            "arn": "arn:aws:ec2:eu-central-1:750353367788:security-group-rule/sgr-0be9188ae378793ac",
            "cidr_ipv4": "0.0.0.0/0",
            "cidr_ipv6": null,
            "description": null,
            "from_port": null,
            "id": "sgr-0be9188ae378793ac",
            "ip_protocol": "-1",
            "prefix_list_id": null,
            "referenced_security_group_id": null,
            "security_group_id": "sg-04603fa19f534cdc4",
            "security_group_rule_id": "sgr-0be9188ae378793ac",
            "tags": null,
            "tags_all": {},
            "to_port": null
          },
          "sensitive_attributes": [],
          "dependencies": [
            "aws_security_group.kubernetes-cluster-security-group",
            "aws_vpc.kubernetes-vpc"
          ]
        }
      ]
    },
    {
      "mode": "managed",
      "type": "aws_vpc_security_group_ingress_rule",
      "name": "InboundSecurityGroupAllowAllPrivateTraffic",
      "provider": "provider[\"registry.terraform.io/hashicorp/aws\"]",
      "instances": [
        {
          "schema_version": 0,
          "attributes": {
            "arn": "arn:aws:ec2:eu-central-1:750353367788:security-group-rule/sgr-07fa9c051f39f2765",
            "cidr_ipv4": "10.0.0.0/16",
            "cidr_ipv6": null,
            "description": null,
            "from_port": null,
            "id": "sgr-07fa9c051f39f2765",
            "ip_protocol": "-1",
            "prefix_list_id": null,
            "referenced_security_group_id": null,
            "security_group_id": "sg-04603fa19f534cdc4",
            "security_group_rule_id": "sgr-07fa9c051f39f2765",
            "tags": null,
            "tags_all": {},
            "to_port": null
          },
          "sensitive_attributes": [],
          "dependencies": [
            "aws_security_group.kubernetes-cluster-security-group",
            "aws_vpc.kubernetes-vpc"
          ]
        }
      ]
    },
    {
      "mode": "managed",
      "type": "aws_vpc_security_group_ingress_rule",
      "name": "InboundSecurityGroupAllowAllPublicTraffic",
      "provider": "provider[\"registry.terraform.io/hashicorp/aws\"]",
      "instances": [
        {
          "index_key": 0,
          "schema_version": 0,
          "attributes": {
            "arn": "arn:aws:ec2:eu-central-1:750353367788:security-group-rule/sgr-059f281f1c921e5ab",
            "cidr_ipv4": "87.68.246.54/32",
            "cidr_ipv6": null,
            "description": null,
            "from_port": null,
            "id": "sgr-059f281f1c921e5ab",
            "ip_protocol": "-1",
            "prefix_list_id": null,
            "referenced_security_group_id": null,
            "security_group_id": "sg-04603fa19f534cdc4",
            "security_group_rule_id": "sgr-059f281f1c921e5ab",
            "tags": null,
            "tags_all": {},
            "to_port": null
          },
          "sensitive_attributes": [],
          "dependencies": [
            "aws_security_group.kubernetes-cluster-security-group",
            "aws_vpc.kubernetes-vpc",
            "data.http.MyPublicIp"
          ]
        }
      ]
    },
    {
      "mode": "managed",
      "type": "tls_private_key",
      "name": "kubernetes-managment-key-pair",
      "provider": "provider[\"registry.terraform.io/hashicorp/tls\"]",
      "instances": [
        {
          "schema_version": 1,
          "attributes": {
            "algorithm": "RSA",
            "ecdsa_curve": "P224",
            "id": "d28406e7616c2b4e9a8c0c4b79572f94d17a85b0",
            "private_key_openssh": "-----BEGIN OPENSSH PRIVATE KEY-----\nb3BlbnNzaC1rZXktdjEAAAAABG5vbmUAAAAEbm9uZQAAAAAAAAABAAABFwAAAAdz\nc2gtcnNhAAAAAwEAAQAAAQEAz2sPbbHcCgoLtlgEV4vnfEbvsV4h4XVr8bdxBrGk\nbY2GkgrB385Xu3+yUusBmOyjvCQOaJCWu2QnhtG+/y9vIZZ//efQs3CE51pTNBL3\nVo0KX5GKicSinJsAfMA5kCJxJAsomGzCCpcGeJdV7BNPVZTbSBRvm8VYiMWREtm4\n4s+EtlfpXoBy/0Sm60TdXjcow0p2Gn8YcxJgcLg8H5ePSu84v7HpfXyRY7r8fhs6\nxGvKAMOiADmEuRYSV6a00RVLFQ1zJkom/Kem4Kcb7mV0q76425PQAetyurBDvfUs\nrSr2LbEfKyUfoS1evwHKQARLBMTmIc+UFHGMXkA92ed9dwAAA7jb0NTU29DU1AAA\nAAdzc2gtcnNhAAABAQDPaw9tsdwKCgu2WARXi+d8Ru+xXiHhdWvxt3EGsaRtjYaS\nCsHfzle7f7JS6wGY7KO8JA5okJa7ZCeG0b7/L28hln/959CzcITnWlM0EvdWjQpf\nkYqJxKKcmwB8wDmQInEkCyiYbMIKlwZ4l1XsE09VlNtIFG+bxViIxZES2bjiz4S2\nV+legHL/RKbrRN1eNyjDSnYafxhzEmBwuDwfl49K7zi/sel9fJFjuvx+GzrEa8oA\nw6IAOYS5FhJXprTRFUsVDXMmSib8p6bgpxvuZXSrvrjbk9AB63K6sEO99SytKvYt\nsR8rJR+hLV6/AcpABEsExOYhz5QUcYxeQD3Z5313AAAAAwEAAQAAAQBG+ELXLbw0\nUyuewI77xYr3Iu5wqdy94AeHNVUfDTlNotcgsT2U7m1mYlMJvA9X2+BKR6wGazKn\n+6TqpGnNttU3kN9KaT8npqBS6Lz/XF30511dRdc5PGbHXuHTzZHkl2RPCOJjBRN/\nvB0iteVYWWMTzVMaXqOxkNyyL6dr48M3F1vJyCTh7tWEvaKTVsIqygvA/rwsbrDc\ntcWvhNStSz71LPouVTFVt9tGOSZxDvN7XI484raZ2eObcnMsj6YVtguB6xaoAfzk\n1udwK47v00QchKYxHBpn0LyL8rBrILAmkIcArUQiKFaE5A5/tgSOQ/EKuZN7Vm7F\nLICZh3kWiEpBAAAAgQCK0XcxjROLdXWtphQf3gGUmSgz5JaVBsSYco9GTZWNCFxg\ntHruWBw+5niLEyRNteF0Qz5g/4eO/xKS7JffLLua4XWmzLsu6bSpDxxmfa4nhwjX\nZPI2eGwnmTuNtJCX5eI+kmK/NUlyCWw0T2OYnvwgALrWODXOUoKDW6rMuNrAfwAA\nAIEA/fMIvX4EFm9+kgIEyzqYqYBeaYyA8Az9KMsBIQuZRPR7MQ3O8Sy7wHaFNg0M\nEP0GgFGlG8+aEp/gVboNR0nvIsi5K0WTF2mIGtrZUAX8YcTY34phCTLPB+zRQhyo\nJ/W4F61U7XiVbywYMiukrqt4fQ52BBfRgIcOONjoCat4qDMAAACBANEX1ixmsxMu\npzg+uHkke/2g33pMSxbTDlcYlKBOK/+f1pVPnzTVoDMhCQ+p5Y5Ov1JYEfjZZXrO\nKIJzAcnkt0SccTnebKljloCGi8ZMTRTp5zAbYNvFNh9nIf5GmMkWD0FOuASWMp2V\nYma11cxY/iiT0uBWx56EN7ISFZgHU+GtAAAAAAEC\n-----END OPENSSH PRIVATE KEY-----\n",
            "private_key_pem": "-----BEGIN RSA PRIVATE KEY-----\nMIIEowIBAAKCAQEAz2sPbbHcCgoLtlgEV4vnfEbvsV4h4XVr8bdxBrGkbY2GkgrB\n385Xu3+yUusBmOyjvCQOaJCWu2QnhtG+/y9vIZZ//efQs3CE51pTNBL3Vo0KX5GK\nicSinJsAfMA5kCJxJAsomGzCCpcGeJdV7BNPVZTbSBRvm8VYiMWREtm44s+Etlfp\nXoBy/0Sm60TdXjcow0p2Gn8YcxJgcLg8H5ePSu84v7HpfXyRY7r8fhs6xGvKAMOi\nADmEuRYSV6a00RVLFQ1zJkom/Kem4Kcb7mV0q76425PQAetyurBDvfUsrSr2LbEf\nKyUfoS1evwHKQARLBMTmIc+UFHGMXkA92ed9dwIDAQABAoIBAEb4QtctvDRTK57A\njvvFivci7nCp3L3gB4c1VR8NOU2i1yCxPZTubWZiUwm8D1fb4EpHrAZrMqf7pOqk\nac221TeQ30ppPyemoFLovP9cXfTnXV1F1zk8Zsde4dPNkeSXZE8I4mMFE3+8HSK1\n5VhZYxPNUxpeo7GQ3LIvp2vjwzcXW8nIJOHu1YS9opNWwirKC8D+vCxusNy1xa+E\n1K1LPvUs+i5VMVW320Y5JnEO83tcjjzitpnZ45tycyyPphW2C4HrFqgB/OTW53Ar\nju/TRByEpjEcGmfQvIvysGsgsCaQhwCtRCIoVoTkDn+2BI5D8Qq5k3tWbsUsgJmH\neRaISkECgYEA/fMIvX4EFm9+kgIEyzqYqYBeaYyA8Az9KMsBIQuZRPR7MQ3O8Sy7\nwHaFNg0MEP0GgFGlG8+aEp/gVboNR0nvIsi5K0WTF2mIGtrZUAX8YcTY34phCTLP\nB+zRQhyoJ/W4F61U7XiVbywYMiukrqt4fQ52BBfRgIcOONjoCat4qDMCgYEA0RfW\nLGazEy6nOD64eSR7/aDfekxLFtMOVxiUoE4r/5/WlU+fNNWgMyEJD6nljk6/UlgR\n+Nlles4ognMByeS3RJxxOd5sqWOWgIaLxkxNFOnnMBtg28U2H2ch/kaYyRYPQU64\nBJYynZViZrXVzFj+KJPS4FbHnoQ3shIVmAdT4a0CgYAL9zeiNh3bMMW1+4JeURSA\naBwKvSQWK4aCNY6IEBPYu+xSE2R82K7AEtWUBmlbI5D62t38wXtxBTd80pdtlH5A\nFVUkRNL5d2+CVG2I579MnAnb/pkz5cD7jp0NkGwb9egGtZQa3GOuKVW6h3PrBwlW\nWygUaUrl03dIFnBYhEvbIQKBgEXa59PHr9YdxQIWej0GwmHWyDKsoH2Mn4LblHQG\nCc8KEH+rrS3SnQXX6JYSFb44ctTI1aBEyRGBJKmIULWpssy6U12ZAMaKnfJsgPAL\n98if6Hv6+Z4SweU16HZyEYNE2m3gJbxqjZh2GvzjjP0LUkYuNMp8U46S76SPRCWZ\ndR21AoGBAIrRdzGNE4t1da2mFB/eAZSZKDPklpUGxJhyj0ZNlY0IXGC0eu5YHD7m\neIsTJE214XRDPmD/h47/EpLsl98su5rhdabMuy7ptKkPHGZ9rieHCNdk8jZ4bCeZ\nO420kJfl4j6SYr81SXIJbDRPY5ie/CAAutY4Nc5SgoNbqsy42sB/\n-----END RSA PRIVATE KEY-----\n",
            "private_key_pem_pkcs8": "-----BEGIN PRIVATE KEY-----\nMIIEvQIBADANBgkqhkiG9w0BAQEFAASCBKcwggSjAgEAAoIBAQDPaw9tsdwKCgu2\nWARXi+d8Ru+xXiHhdWvxt3EGsaRtjYaSCsHfzle7f7JS6wGY7KO8JA5okJa7ZCeG\n0b7/L28hln/959CzcITnWlM0EvdWjQpfkYqJxKKcmwB8wDmQInEkCyiYbMIKlwZ4\nl1XsE09VlNtIFG+bxViIxZES2bjiz4S2V+legHL/RKbrRN1eNyjDSnYafxhzEmBw\nuDwfl49K7zi/sel9fJFjuvx+GzrEa8oAw6IAOYS5FhJXprTRFUsVDXMmSib8p6bg\npxvuZXSrvrjbk9AB63K6sEO99SytKvYtsR8rJR+hLV6/AcpABEsExOYhz5QUcYxe\nQD3Z5313AgMBAAECggEARvhC1y28NFMrnsCO+8WK9yLucKncveAHhzVVHw05TaLX\nILE9lO5tZmJTCbwPV9vgSkesBmsyp/uk6qRpzbbVN5DfSmk/J6agUui8/1xd9Odd\nXUXXOTxmx17h082R5JdkTwjiYwUTf7wdIrXlWFljE81TGl6jsZDcsi+na+PDNxdb\nycgk4e7VhL2ik1bCKsoLwP68LG6w3LXFr4TUrUs+9Sz6LlUxVbfbRjkmcQ7ze1yO\nPOK2mdnjm3JzLI+mFbYLgesWqAH85NbncCuO79NEHISmMRwaZ9C8i/KwayCwJpCH\nAK1EIihWhOQOf7YEjkPxCrmTe1ZuxSyAmYd5FohKQQKBgQD98wi9fgQWb36SAgTL\nOpipgF5pjIDwDP0oywEhC5lE9HsxDc7xLLvAdoU2DQwQ/QaAUaUbz5oSn+BVug1H\nSe8iyLkrRZMXaYga2tlQBfxhxNjfimEJMs8H7NFCHKgn9bgXrVTteJVvLBgyK6Su\nq3h9DnYEF9GAhw442OgJq3ioMwKBgQDRF9YsZrMTLqc4Prh5JHv9oN96TEsW0w5X\nGJSgTiv/n9aVT5801aAzIQkPqeWOTr9SWBH42WV6ziiCcwHJ5LdEnHE53mypY5aA\nhovGTE0U6ecwG2DbxTYfZyH+RpjJFg9BTrgEljKdlWJmtdXMWP4ok9LgVseehDey\nEhWYB1PhrQKBgAv3N6I2HdswxbX7gl5RFIBoHAq9JBYrhoI1jogQE9i77FITZHzY\nrsAS1ZQGaVsjkPra3fzBe3EFN3zSl22UfkAVVSRE0vl3b4JUbYjnv0ycCdv+mTPl\nwPuOnQ2QbBv16Aa1lBrcY64pVbqHc+sHCVZbKBRpSuXTd0gWcFiES9shAoGARdrn\n08ev1h3FAhZ6PQbCYdbIMqygfYyfgtuUdAYJzwoQf6utLdKdBdfolhIVvjhy1MjV\noETJEYEkqYhQtamyzLpTXZkAxoqd8myA8Av3yJ/oe/r5nhLB5TXodnIRg0TabeAl\nvGqNmHYa/OOM/QtSRi40ynxTjpLvpI9EJZl1HbUCgYEAitF3MY0Ti3V1raYUH94B\nlJkoM+SWlQbEmHKPRk2VjQhcYLR67lgcPuZ4ixMkTbXhdEM+YP+Hjv8SkuyX3yy7\nmuF1psy7Lum0qQ8cZn2uJ4cI12TyNnhsJ5k7jbSQl+XiPpJivzVJcglsNE9jmJ78\nIAC61jg1zlKCg1uqzLjawH8=\n-----END PRIVATE KEY-----\n",
            "public_key_fingerprint_md5": "e5:3b:85:c6:aa:71:0d:3d:a0:53:7d:4b:ba:87:de:09",
            "public_key_fingerprint_sha256": "SHA256:7CIoIFtDqpqgFyYtoUaotXCrf5ptDLdb2V0DNluy+d4",
            "public_key_openssh": "ssh-rsa AAAAB3NzaC1yc2EAAAADAQABAAABAQDPaw9tsdwKCgu2WARXi+d8Ru+xXiHhdWvxt3EGsaRtjYaSCsHfzle7f7JS6wGY7KO8JA5okJa7ZCeG0b7/L28hln/959CzcITnWlM0EvdWjQpfkYqJxKKcmwB8wDmQInEkCyiYbMIKlwZ4l1XsE09VlNtIFG+bxViIxZES2bjiz4S2V+legHL/RKbrRN1eNyjDSnYafxhzEmBwuDwfl49K7zi/sel9fJFjuvx+GzrEa8oAw6IAOYS5FhJXprTRFUsVDXMmSib8p6bgpxvuZXSrvrjbk9AB63K6sEO99SytKvYtsR8rJR+hLV6/AcpABEsExOYhz5QUcYxeQD3Z5313\n",
            "public_key_pem": "-----BEGIN PUBLIC KEY-----\nMIIBIjANBgkqhkiG9w0BAQEFAAOCAQ8AMIIBCgKCAQEAz2sPbbHcCgoLtlgEV4vn\nfEbvsV4h4XVr8bdxBrGkbY2GkgrB385Xu3+yUusBmOyjvCQOaJCWu2QnhtG+/y9v\nIZZ//efQs3CE51pTNBL3Vo0KX5GKicSinJsAfMA5kCJxJAsomGzCCpcGeJdV7BNP\nVZTbSBRvm8VYiMWREtm44s+EtlfpXoBy/0Sm60TdXjcow0p2Gn8YcxJgcLg8H5eP\nSu84v7HpfXyRY7r8fhs6xGvKAMOiADmEuRYSV6a00RVLFQ1zJkom/Kem4Kcb7mV0\nq76425PQAetyurBDvfUsrSr2LbEfKyUfoS1evwHKQARLBMTmIc+UFHGMXkA92ed9\ndwIDAQAB\n-----END PUBLIC KEY-----\n",
            "rsa_bits": 2048
          },
          "sensitive_attributes": []
        }
      ]
    }
  ]
}
