{
  "version": 4,
  "terraform_version": "1.6.6",
  "serial": 485,
  "lineage": "617f3915-3d51-4159-64c7-9d3c6efe26be",
  "outputs": {},
  "resources": [
    {
      "mode": "data",
      "type": "aws_eip",
      "name": "pre_created_elastic_ip",
      "provider": "provider[\"registry.terraform.io/hashicorp/aws\"]",
      "instances": [
        {
          "schema_version": 0,
          "attributes": {
            "association_id": "",
            "carrier_ip": "",
            "customer_owned_ip": "",
            "customer_owned_ipv4_pool": "",
            "domain": "vpc",
            "filter": null,
            "id": "eipalloc-0525d74cfd39791cb",
            "instance_id": "",
            "network_interface_id": "",
            "network_interface_owner_id": "",
            "private_dns": null,
            "private_ip": "",
            "public_dns": "ec2-3-74-189-204.eu-central-1.compute.amazonaws.com",
            "public_ip": "3.74.189.204",
            "public_ipv4_pool": "amazon",
            "tags": {
              "Name": "pre-created-elastic-ip",
              "kubernetes.io/cluster/kubernetes": "owned"
            },
            "timeouts": null
          },
          "sensitive_attributes": []
        }
      ]
    },
    {
      "mode": "data",
      "type": "http",
      "name": "MyPublicIp",
      "provider": "provider[\"registry.terraform.io/hashicorp/http\"]",
      "instances": [
        {
          "schema_version": 0,
          "attributes": {
            "body": "147.235.207.112\n",
            "ca_cert_pem": null,
            "id": "https://ipv4.icanhazip.com",
            "insecure": null,
            "method": null,
            "request_body": null,
            "request_headers": null,
            "request_timeout_ms": null,
            "response_body": "147.235.207.112\n",
            "response_body_base64": "MTQ3LjIzNS4yMDcuMTEyCg==",
            "response_headers": {
              "Access-Control-Allow-Methods": "GET",
              "Access-Control-Allow-Origin": "*",
              "Alt-Svc": "h3=\":443\"; ma=86400",
              "Cf-Ray": "84a0e70f38fde3cf-TLV",
              "Content-Length": "16",
              "Content-Type": "text/plain",
              "Date": "Tue, 23 Jan 2024 14:59:47 GMT",
              "Server": "cloudflare",
              "Set-Cookie": "__cf_bm=aZhaZqNWUR6AWw1Q8dYIPPNW4Vz4My_ujm2pXAaC8Vw-1706021987-1-AfU0+tuPLEFEVW67EQX4WQm4mTa32qbflJJ+EiSaYC9WwPRL2fYtxKr4wC6r1yvHA/wq0OyIr8Dv4rugAUEIm8Q=; path=/; expires=Tue, 23-Jan-24 15:29:47 GMT; domain=.icanhazip.com; HttpOnly; Secure; SameSite=None",
              "Vary": "Accept-Encoding"
            },
            "retry": null,
            "status_code": 200,
            "url": "https://ipv4.icanhazip.com"
          },
          "sensitive_attributes": []
        }
      ]
    },
    {
      "mode": "managed",
      "type": "aws_eip_association",
      "name": "eip_assoc",
      "provider": "provider[\"registry.terraform.io/hashicorp/aws\"]",
      "instances": [
        {
          "schema_version": 0,
          "attributes": {
            "allocation_id": "eipalloc-0525d74cfd39791cb",
            "allow_reassociation": null,
            "id": "eipassoc-03e68f306d90ee3e0",
            "instance_id": "i-0036b25b1af6c9e5a",
            "network_interface_id": "eni-03eae7867c26d445d",
            "private_ip_address": "10.0.1.49",
            "public_ip": "3.74.189.204"
          },
          "sensitive_attributes": [],
          "private": "bnVsbA==",
          "dependencies": [
            "aws_iam_instance_profile.kubernetes-cluster-ec2-instance-profile",
            "aws_iam_role.kubernetes-master-node-role1",
            "aws_instance.kubernetes-cluster-ec2",
            "aws_key_pair.kubernets-ec2-key-pair",
            "aws_security_group.kubernetes-cluster-security-group",
            "aws_subnet.kubernetes-vpc-public-subnet",
            "aws_vpc.kubernetes-vpc",
            "data.aws_eip.pre_created_elastic_ip",
            "tls_private_key.kubernetes-managment-key-pair"
          ]
        }
      ]
    },
    {
      "mode": "managed",
      "type": "aws_iam_instance_profile",
      "name": "kubernetes-cluster-ec2-instance-profile",
      "provider": "provider[\"registry.terraform.io/hashicorp/aws\"]",
      "instances": [
        {
          "schema_version": 0,
          "attributes": {
            "arn": "arn:aws:iam::750353367788:instance-profile/kubernetes-cluster-ec2-instance-profile",
            "create_date": "2024-01-23T15:00:21Z",
            "id": "kubernetes-cluster-ec2-instance-profile",
            "name": "kubernetes-cluster-ec2-instance-profile",
            "name_prefix": "",
            "path": "/",
            "role": "kubernetes-master-node-role1",
            "tags": null,
            "tags_all": {},
            "unique_id": "AIPA25NELYLWDFDN4RWLH"
          },
          "sensitive_attributes": [],
          "private": "bnVsbA==",
          "dependencies": [
            "aws_iam_role.kubernetes-master-node-role1"
          ]
        }
      ]
    },
    {
      "mode": "managed",
      "type": "aws_iam_policy",
      "name": "kubernetes-master-node-policy1",
      "provider": "provider[\"registry.terraform.io/hashicorp/aws\"]",
      "instances": [
        {
          "schema_version": 0,
          "attributes": {
            "arn": "arn:aws:iam::750353367788:policy/kubernetes-master-node-policy1",
            "description": "",
            "id": "arn:aws:iam::750353367788:policy/kubernetes-master-node-policy1",
            "name": "kubernetes-master-node-policy1",
            "name_prefix": "",
            "path": "/",
            "policy": "{\"Statement\":[{\"Action\":[\"autoscaling:DescribeAutoScalingGroups\",\"autoscaling:DescribeLaunchConfigurations\",\"autoscaling:DescribeTags\",\"ec2:DescribeInstances\",\"ec2:DescribeRegions\",\"ec2:DescribeRouteTables\",\"ec2:DescribeSecurityGroups\",\"ec2:DescribeSubnets\",\"ec2:DescribeVolumes\",\"ec2:CreateSecurityGroup\",\"ec2:CreateTags\",\"ec2:CreateVolume\",\"ec2:ModifyInstanceAttribute\",\"ec2:ModifyVolume\",\"ec2:AttachVolume\",\"ec2:AuthorizeSecurityGroupIngress\",\"ec2:CreateRoute\",\"ec2:DeleteRoute\",\"ec2:DeleteSecurityGroup\",\"ec2:DeleteVolume\",\"ec2:DetachVolume\",\"ec2:RevokeSecurityGroupIngress\",\"ec2:DescribeVpcs\",\"elasticloadbalancing:AddTags\",\"elasticloadbalancing:AttachLoadBalancerToSubnets\",\"elasticloadbalancing:ApplySecurityGroupsToLoadBalancer\",\"elasticloadbalancing:CreateLoadBalancer\",\"elasticloadbalancing:CreateLoadBalancerPolicy\",\"elasticloadbalancing:CreateLoadBalancerListeners\",\"elasticloadbalancing:ConfigureHealthCheck\",\"elasticloadbalancing:DeleteLoadBalancer\",\"elasticloadbalancing:DeleteLoadBalancerListeners\",\"elasticloadbalancing:DescribeLoadBalancers\",\"elasticloadbalancing:DescribeLoadBalancerAttributes\",\"elasticloadbalancing:DetachLoadBalancerFromSubnets\",\"elasticloadbalancing:DeregisterInstancesFromLoadBalancer\",\"elasticloadbalancing:ModifyLoadBalancerAttributes\",\"elasticloadbalancing:RegisterInstancesWithLoadBalancer\",\"elasticloadbalancing:SetLoadBalancerPoliciesForBackendServer\",\"elasticloadbalancing:AddTags\",\"elasticloadbalancing:CreateListener\",\"elasticloadbalancing:CreateTargetGroup\",\"elasticloadbalancing:DeleteListener\",\"elasticloadbalancing:DeleteTargetGroup\",\"elasticloadbalancing:DescribeListeners\",\"elasticloadbalancing:DescribeLoadBalancerPolicies\",\"elasticloadbalancing:DescribeTargetGroups\",\"elasticloadbalancing:DescribeTargetHealth\",\"elasticloadbalancing:ModifyListener\",\"elasticloadbalancing:ModifyTargetGroup\",\"elasticloadbalancing:RegisterTargets\",\"elasticloadbalancing:SetLoadBalancerPoliciesOfListener\",\"iam:CreateServiceLinkedRole\",\"kms:DescribeKey\"],\"Effect\":\"Allow\",\"Resource\":[\"*\"]}],\"Version\":\"2012-10-17\"}",
            "policy_id": "ANPA25NELYLWBUXCFXAFS",
            "tags": {
              "kubernetes.io/cluster/kubernetes": "owned"
            },
            "tags_all": {
              "kubernetes.io/cluster/kubernetes": "owned"
            }
          },
          "sensitive_attributes": [],
          "private": "bnVsbA=="
        }
      ]
    },
    {
      "mode": "managed",
      "type": "aws_iam_policy",
      "name": "kubernetes-worker-node-policy1",
      "provider": "provider[\"registry.terraform.io/hashicorp/aws\"]",
      "instances": [
        {
          "schema_version": 0,
          "attributes": {
            "arn": "arn:aws:iam::750353367788:policy/kubernetes-worker-node-policy1",
            "description": "",
            "id": "arn:aws:iam::750353367788:policy/kubernetes-worker-node-policy1",
            "name": "kubernetes-worker-node-policy1",
            "name_prefix": "",
            "path": "/",
            "policy": "{\"Statement\":[{\"Action\":[\"ec2:DescribeInstances\",\"ec2:DescribeRegions\",\"ecr:GetAuthorizationToken\",\"ecr:BatchCheckLayerAvailability\",\"ecr:GetDownloadUrlForLayer\",\"ecr:GetRepositoryPolicy\",\"ecr:DescribeRepositories\",\"ecr:ListImages\",\"ecr:BatchGetImage\"],\"Effect\":\"Allow\",\"Resource\":\"*\"}],\"Version\":\"2012-10-17\"}",
            "policy_id": "ANPA25NELYLWEHHWV3LB5",
            "tags": {
              "kubernetes.io/cluster/kubernetes": "owned"
            },
            "tags_all": {
              "kubernetes.io/cluster/kubernetes": "owned"
            }
          },
          "sensitive_attributes": [],
          "private": "bnVsbA=="
        }
      ]
    },
    {
      "mode": "managed",
      "type": "aws_iam_policy_attachment",
      "name": "kubernetes-master-node-role-policy-attachment-master-policy",
      "provider": "provider[\"registry.terraform.io/hashicorp/aws\"]",
      "instances": [
        {
          "schema_version": 0,
          "attributes": {
            "groups": null,
            "id": "kubernetes-master-node-role-policy-attachment-master-policy",
            "name": "kubernetes-master-node-role-policy-attachment-master-policy",
            "policy_arn": "arn:aws:iam::750353367788:policy/kubernetes-master-node-policy1",
            "roles": [
              "kubernetes-master-node-role1"
            ],
            "users": null
          },
          "sensitive_attributes": [],
          "private": "bnVsbA==",
          "dependencies": [
            "aws_iam_policy.kubernetes-master-node-policy1",
            "aws_iam_role.kubernetes-master-node-role1"
          ]
        }
      ]
    },
    {
      "mode": "managed",
      "type": "aws_iam_policy_attachment",
      "name": "kubernetes-master-node-role-policy-attachment-worker-policy",
      "provider": "provider[\"registry.terraform.io/hashicorp/aws\"]",
      "instances": [
        {
          "schema_version": 0,
          "attributes": {
            "groups": null,
            "id": "kubernetes-master-node-role-policy-attachment-worker-policy",
            "name": "kubernetes-master-node-role-policy-attachment-worker-policy",
            "policy_arn": "arn:aws:iam::750353367788:policy/kubernetes-worker-node-policy1",
            "roles": [
              "kubernetes-master-node-role1"
            ],
            "users": null
          },
          "sensitive_attributes": [],
          "private": "bnVsbA==",
          "dependencies": [
            "aws_iam_policy.kubernetes-worker-node-policy1",
            "aws_iam_role.kubernetes-master-node-role1"
          ]
        }
      ]
    },
    {
      "mode": "managed",
      "type": "aws_iam_role",
      "name": "kubernetes-master-node-role1",
      "provider": "provider[\"registry.terraform.io/hashicorp/aws\"]",
      "instances": [
        {
          "schema_version": 0,
          "attributes": {
            "arn": "arn:aws:iam::750353367788:role/kubernetes-master-node-role1",
            "assume_role_policy": "{\"Statement\":[{\"Action\":\"sts:AssumeRole\",\"Effect\":\"Allow\",\"Principal\":{\"Service\":\"ec2.amazonaws.com\"}}],\"Version\":\"2012-10-17\"}",
            "create_date": "2024-01-23T15:00:20Z",
            "description": "",
            "force_detach_policies": false,
            "id": "kubernetes-master-node-role1",
            "inline_policy": [],
            "managed_policy_arns": [],
            "max_session_duration": 3600,
            "name": "kubernetes-master-node-role1",
            "name_prefix": "",
            "path": "/",
            "permissions_boundary": "",
            "tags": {
              "kubernetes.io/cluster/kubernetes": "owned"
            },
            "tags_all": {
              "kubernetes.io/cluster/kubernetes": "owned"
            },
            "unique_id": "AROA25NELYLWMFIRFEEUS"
          },
          "sensitive_attributes": [],
          "private": "bnVsbA=="
        }
      ]
    },
    {
      "mode": "managed",
      "type": "aws_instance",
      "name": "kubernetes-cluster-ec2",
      "provider": "provider[\"registry.terraform.io/hashicorp/aws\"]",
      "instances": [
        {
          "schema_version": 1,
          "attributes": {
            "ami": "ami-0faab6bdbac9486fb",
            "arn": "arn:aws:ec2:eu-central-1:750353367788:instance/i-0036b25b1af6c9e5a",
            "associate_public_ip_address": false,
            "availability_zone": "eu-central-1b",
            "capacity_reservation_specification": [
              {
                "capacity_reservation_preference": "open",
                "capacity_reservation_target": []
              }
            ],
            "cpu_core_count": 1,
            "cpu_options": [
              {
                "amd_sev_snp": "",
                "core_count": 1,
                "threads_per_core": 2
              }
            ],
            "cpu_threads_per_core": 2,
            "credit_specification": [
              {
                "cpu_credits": "unlimited"
              }
            ],
            "disable_api_stop": false,
            "disable_api_termination": false,
            "ebs_block_device": [],
            "ebs_optimized": false,
            "enclave_options": [
              {
                "enabled": false
              }
            ],
            "ephemeral_block_device": [],
            "get_password_data": false,
            "hibernation": false,
            "host_id": "",
            "host_resource_group_arn": null,
            "iam_instance_profile": "kubernetes-cluster-ec2-instance-profile",
            "id": "i-0036b25b1af6c9e5a",
            "instance_initiated_shutdown_behavior": "stop",
            "instance_lifecycle": "",
            "instance_market_options": [],
            "instance_state": "running",
            "instance_type": "t3.medium",
            "ipv6_address_count": 0,
            "ipv6_addresses": [],
            "key_name": "kubernetes-managment-key-pair",
            "launch_template": [],
            "maintenance_options": [
              {
                "auto_recovery": "default"
              }
            ],
            "metadata_options": [
              {
                "http_endpoint": "enabled",
                "http_protocol_ipv6": "disabled",
                "http_put_response_hop_limit": 1,
                "http_tokens": "optional",
                "instance_metadata_tags": "disabled"
              }
            ],
            "monitoring": false,
            "network_interface": [],
            "outpost_arn": "",
            "password_data": "",
            "placement_group": "",
            "placement_partition_number": 0,
            "primary_network_interface_id": "eni-03eae7867c26d445d",
            "private_dns": "ip-10-0-1-49.eu-central-1.compute.internal",
            "private_dns_name_options": [
              {
                "enable_resource_name_dns_a_record": false,
                "enable_resource_name_dns_aaaa_record": false,
                "hostname_type": "ip-name"
              }
            ],
            "private_ip": "10.0.1.49",
            "public_dns": "",
            "public_ip": "",
            "root_block_device": [
              {
                "delete_on_termination": true,
                "device_name": "/dev/sda1",
                "encrypted": false,
                "iops": 100,
                "kms_key_id": "",
                "tags": {},
                "throughput": 0,
                "volume_id": "vol-00485a2ec799ac615",
                "volume_size": 8,
                "volume_type": "gp2"
              }
            ],
            "secondary_private_ips": [],
            "security_groups": [],
            "source_dest_check": true,
            "spot_instance_request_id": "",
            "subnet_id": "subnet-04326d4ad1ad935ce",
            "tags": {
              "kubernetes.io/cluster/kubernetes": "owned"
            },
            "tags_all": {
              "kubernetes.io/cluster/kubernetes": "owned"
            },
            "tenancy": "default",
            "timeouts": null,
            "user_data": null,
            "user_data_base64": null,
            "user_data_replace_on_change": false,
            "volume_tags": null,
            "vpc_security_group_ids": [
              "sg-0c09ec9ef0a05f4c6"
            ]
          },
          "sensitive_attributes": [],
          "private": "eyJlMmJmYjczMC1lY2FhLTExZTYtOGY4OC0zNDM2M2JjN2M0YzAiOnsiY3JlYXRlIjo2MDAwMDAwMDAwMDAsImRlbGV0ZSI6MTIwMDAwMDAwMDAwMCwidXBkYXRlIjo2MDAwMDAwMDAwMDB9LCJzY2hlbWFfdmVyc2lvbiI6IjEifQ==",
          "dependencies": [
            "aws_iam_instance_profile.kubernetes-cluster-ec2-instance-profile",
            "aws_iam_role.kubernetes-master-node-role1",
            "aws_key_pair.kubernets-ec2-key-pair",
            "aws_security_group.kubernetes-cluster-security-group",
            "aws_subnet.kubernetes-vpc-public-subnet",
            "aws_vpc.kubernetes-vpc",
            "tls_private_key.kubernetes-managment-key-pair"
          ]
        }
      ]
    },
    {
      "mode": "managed",
      "type": "aws_internet_gateway",
      "name": "kubernetes-vpc-internet-gateway",
      "provider": "provider[\"registry.terraform.io/hashicorp/aws\"]",
      "instances": [
        {
          "schema_version": 0,
          "attributes": {
            "arn": "arn:aws:ec2:eu-central-1:750353367788:internet-gateway/igw-0bda2cd4fae4ccaff",
            "id": "igw-0bda2cd4fae4ccaff",
            "owner_id": "750353367788",
            "tags": {
              "kubernetes.io/cluster/kubernetes": "owned"
            },
            "tags_all": {
              "kubernetes.io/cluster/kubernetes": "owned"
            },
            "timeouts": null,
            "vpc_id": "vpc-077807f27cdf975b5"
          },
          "sensitive_attributes": [],
          "private": "eyJlMmJmYjczMC1lY2FhLTExZTYtOGY4OC0zNDM2M2JjN2M0YzAiOnsiY3JlYXRlIjoxMjAwMDAwMDAwMDAwLCJkZWxldGUiOjEyMDAwMDAwMDAwMDAsInVwZGF0ZSI6MTIwMDAwMDAwMDAwMH19",
          "dependencies": [
            "aws_vpc.kubernetes-vpc"
          ]
        }
      ]
    },
    {
      "mode": "managed",
      "type": "aws_key_pair",
      "name": "kubernets-ec2-key-pair",
      "provider": "provider[\"registry.terraform.io/hashicorp/aws\"]",
      "instances": [
        {
          "schema_version": 1,
          "attributes": {
            "arn": "arn:aws:ec2:eu-central-1:750353367788:key-pair/kubernetes-managment-key-pair",
            "fingerprint": "d4:00:46:e0:9d:f1:2c:29:ae:b3:51:33:d4:0f:89:b9",
            "id": "kubernetes-managment-key-pair",
            "key_name": "kubernetes-managment-key-pair",
            "key_name_prefix": "",
            "key_pair_id": "key-0084c15ba4a4a1192",
            "key_type": "rsa",
            "public_key": "ssh-rsa AAAAB3NzaC1yc2EAAAADAQABAAABAQCx66DCZGJlinWpIaOSoxw6oO3rGWfuhU3vUIufknSG5ENXmPSenysMjsH4WvSHw/5SPl2f5K5h4CNO3klgezfrouiN2j9KDR9mBeD5ZJAP/aQ7e9YGTJhTSuPkAu6BivXE8x6PIoBDLibDDE/FNj5ErN8LV5loYErePeGmYEWFs2VE9f0KuTb8fINXfojUOeuhLGm1BY22LOnu9Fo8EaSupsL+VPPZy3cp66Vn4/3UeN/0WK87rNCzKq8UxT9EWjoiS8B9lwsPK3i5RBR4ERhgqAgNQwTJIvmV9HK4foaGjhHVTmACKAY1609xCQ9oHtHz5hRiKdtUuTQUEIr5JhyZ",
            "tags": null,
            "tags_all": {}
          },
          "sensitive_attributes": [],
          "private": "eyJzY2hlbWFfdmVyc2lvbiI6IjEifQ==",
          "dependencies": [
            "tls_private_key.kubernetes-managment-key-pair"
          ]
        }
      ]
    },
    {
      "mode": "managed",
      "type": "aws_route_table",
      "name": "kubernetes-vpc-route-table",
      "provider": "provider[\"registry.terraform.io/hashicorp/aws\"]",
      "instances": [
        {
          "schema_version": 0,
          "attributes": {
            "arn": "arn:aws:ec2:eu-central-1:750353367788:route-table/rtb-0b72ac8bac67dcd33",
            "id": "rtb-0b72ac8bac67dcd33",
            "owner_id": "750353367788",
            "propagating_vgws": [],
            "route": [
              {
                "carrier_gateway_id": "",
                "cidr_block": "0.0.0.0/0",
                "core_network_arn": "",
                "destination_prefix_list_id": "",
                "egress_only_gateway_id": "",
                "gateway_id": "igw-0bda2cd4fae4ccaff",
                "ipv6_cidr_block": "",
                "local_gateway_id": "",
                "nat_gateway_id": "",
                "network_interface_id": "",
                "transit_gateway_id": "",
                "vpc_endpoint_id": "",
                "vpc_peering_connection_id": ""
              }
            ],
            "tags": {
              "kubernetes.io/cluster/kubernetes": "owned"
            },
            "tags_all": {
              "kubernetes.io/cluster/kubernetes": "owned"
            },
            "timeouts": null,
            "vpc_id": "vpc-077807f27cdf975b5"
          },
          "sensitive_attributes": [],
          "private": "eyJlMmJmYjczMC1lY2FhLTExZTYtOGY4OC0zNDM2M2JjN2M0YzAiOnsiY3JlYXRlIjozMDAwMDAwMDAwMDAsImRlbGV0ZSI6MzAwMDAwMDAwMDAwLCJ1cGRhdGUiOjEyMDAwMDAwMDAwMH19",
          "dependencies": [
            "aws_internet_gateway.kubernetes-vpc-internet-gateway",
            "aws_vpc.kubernetes-vpc"
          ]
        }
      ]
    },
    {
      "mode": "managed",
      "type": "aws_route_table_association",
      "name": "kubernetes-vpc-route-table-associate-to-public-subnets",
      "provider": "provider[\"registry.terraform.io/hashicorp/aws\"]",
      "instances": [
        {
          "schema_version": 0,
          "attributes": {
            "gateway_id": "",
            "id": "rtbassoc-02d87a4abce9623a0",
            "route_table_id": "rtb-0b72ac8bac67dcd33",
            "subnet_id": "subnet-04326d4ad1ad935ce",
            "timeouts": null
          },
          "sensitive_attributes": [],
          "private": "eyJlMmJmYjczMC1lY2FhLTExZTYtOGY4OC0zNDM2M2JjN2M0YzAiOnsiY3JlYXRlIjozMDAwMDAwMDAwMDAsImRlbGV0ZSI6MzAwMDAwMDAwMDAwLCJ1cGRhdGUiOjEyMDAwMDAwMDAwMH19",
          "dependencies": [
            "aws_internet_gateway.kubernetes-vpc-internet-gateway",
            "aws_route_table.kubernetes-vpc-route-table",
            "aws_subnet.kubernetes-vpc-public-subnet",
            "aws_vpc.kubernetes-vpc"
          ]
        }
      ]
    },
    {
      "mode": "managed",
      "type": "aws_security_group",
      "name": "kubernetes-cluster-security-group",
      "provider": "provider[\"registry.terraform.io/hashicorp/aws\"]",
      "instances": [
        {
          "schema_version": 1,
          "attributes": {
            "arn": "arn:aws:ec2:eu-central-1:750353367788:security-group/sg-0c09ec9ef0a05f4c6",
            "description": "Allow the Kuberntes cluster to communicate internally and to be managed externally",
            "egress": [],
            "id": "sg-0c09ec9ef0a05f4c6",
            "ingress": [],
            "name": "kubernetes-cluster-security-group",
            "name_prefix": "",
            "owner_id": "750353367788",
            "revoke_rules_on_delete": false,
            "tags": {
              "kubernetes.io/cluster/kubernetes": "owned"
            },
            "tags_all": {
              "kubernetes.io/cluster/kubernetes": "owned"
            },
            "timeouts": null,
            "vpc_id": "vpc-077807f27cdf975b5"
          },
          "sensitive_attributes": [],
          "private": "eyJlMmJmYjczMC1lY2FhLTExZTYtOGY4OC0zNDM2M2JjN2M0YzAiOnsiY3JlYXRlIjo2MDAwMDAwMDAwMDAsImRlbGV0ZSI6OTAwMDAwMDAwMDAwfSwic2NoZW1hX3ZlcnNpb24iOiIxIn0=",
          "dependencies": [
            "aws_vpc.kubernetes-vpc"
          ]
        }
      ]
    },
    {
      "mode": "managed",
      "type": "aws_subnet",
      "name": "kubernetes-vpc-public-subnet",
      "provider": "provider[\"registry.terraform.io/hashicorp/aws\"]",
      "instances": [
        {
          "schema_version": 1,
          "attributes": {
            "arn": "arn:aws:ec2:eu-central-1:750353367788:subnet/subnet-04326d4ad1ad935ce",
            "assign_ipv6_address_on_creation": false,
            "availability_zone": "eu-central-1b",
            "availability_zone_id": "euc1-az3",
            "cidr_block": "10.0.1.0/24",
            "customer_owned_ipv4_pool": "",
            "enable_dns64": false,
            "enable_lni_at_device_index": 0,
            "enable_resource_name_dns_a_record_on_launch": false,
            "enable_resource_name_dns_aaaa_record_on_launch": false,
            "id": "subnet-04326d4ad1ad935ce",
            "ipv6_cidr_block": "",
            "ipv6_cidr_block_association_id": "",
            "ipv6_native": false,
            "map_customer_owned_ip_on_launch": false,
            "map_public_ip_on_launch": false,
            "outpost_arn": "",
            "owner_id": "750353367788",
            "private_dns_hostname_type_on_launch": "ip-name",
            "tags": {
              "kubernetes.io/cluster/kubernetes": "owned"
            },
            "tags_all": {
              "kubernetes.io/cluster/kubernetes": "owned"
            },
            "timeouts": null,
            "vpc_id": "vpc-077807f27cdf975b5"
          },
          "sensitive_attributes": [],
          "private": "eyJlMmJmYjczMC1lY2FhLTExZTYtOGY4OC0zNDM2M2JjN2M0YzAiOnsiY3JlYXRlIjo2MDAwMDAwMDAwMDAsImRlbGV0ZSI6MTIwMDAwMDAwMDAwMH0sInNjaGVtYV92ZXJzaW9uIjoiMSJ9",
          "dependencies": [
            "aws_vpc.kubernetes-vpc"
          ]
        }
      ]
    },
    {
      "mode": "managed",
      "type": "aws_vpc",
      "name": "kubernetes-vpc",
      "provider": "provider[\"registry.terraform.io/hashicorp/aws\"]",
      "instances": [
        {
          "schema_version": 1,
          "attributes": {
            "arn": "arn:aws:ec2:eu-central-1:750353367788:vpc/vpc-077807f27cdf975b5",
            "assign_generated_ipv6_cidr_block": false,
            "cidr_block": "10.0.0.0/16",
            "default_network_acl_id": "acl-0445aa936f0827234",
            "default_route_table_id": "rtb-0bb2af47ee24f2367",
            "default_security_group_id": "sg-04dd496777c212251",
            "dhcp_options_id": "dopt-0e9da1acacc25594b",
            "enable_dns_hostnames": false,
            "enable_dns_support": true,
            "enable_network_address_usage_metrics": false,
            "id": "vpc-077807f27cdf975b5",
            "instance_tenancy": "default",
            "ipv4_ipam_pool_id": null,
            "ipv4_netmask_length": null,
            "ipv6_association_id": "",
            "ipv6_cidr_block": "",
            "ipv6_cidr_block_network_border_group": "",
            "ipv6_ipam_pool_id": "",
            "ipv6_netmask_length": 0,
            "main_route_table_id": "rtb-0bb2af47ee24f2367",
            "owner_id": "750353367788",
            "tags": {
              "kubernetes.io/cluster/kubernetes": "owned"
            },
            "tags_all": {
              "kubernetes.io/cluster/kubernetes": "owned"
            }
          },
          "sensitive_attributes": [],
          "private": "eyJzY2hlbWFfdmVyc2lvbiI6IjEifQ=="
        }
      ]
    },
    {
      "mode": "managed",
      "type": "aws_vpc_security_group_egress_rule",
      "name": "OutboundSecurityGroupAllowAllPublicTraffic",
      "provider": "provider[\"registry.terraform.io/hashicorp/aws\"]",
      "instances": [
        {
          "schema_version": 0,
          "attributes": {
            "arn": "arn:aws:ec2:eu-central-1:750353367788:security-group-rule/sgr-00370dff98588534a",
            "cidr_ipv4": "0.0.0.0/0",
            "cidr_ipv6": null,
            "description": null,
            "from_port": null,
            "id": "sgr-00370dff98588534a",
            "ip_protocol": "-1",
            "prefix_list_id": null,
            "referenced_security_group_id": null,
            "security_group_id": "sg-0c09ec9ef0a05f4c6",
            "security_group_rule_id": "sgr-00370dff98588534a",
            "tags": null,
            "tags_all": {},
            "to_port": null
          },
          "sensitive_attributes": [],
          "dependencies": [
            "aws_security_group.kubernetes-cluster-security-group",
            "aws_vpc.kubernetes-vpc"
          ]
        }
      ]
    },
    {
      "mode": "managed",
      "type": "aws_vpc_security_group_ingress_rule",
      "name": "InboundSecurityGroupAllowAllPrivateTraffic",
      "provider": "provider[\"registry.terraform.io/hashicorp/aws\"]",
      "instances": [
        {
          "schema_version": 0,
          "attributes": {
            "arn": "arn:aws:ec2:eu-central-1:750353367788:security-group-rule/sgr-0f0ed96d2dc1cdd2d",
            "cidr_ipv4": "10.0.0.0/16",
            "cidr_ipv6": null,
            "description": null,
            "from_port": null,
            "id": "sgr-0f0ed96d2dc1cdd2d",
            "ip_protocol": "-1",
            "prefix_list_id": null,
            "referenced_security_group_id": null,
            "security_group_id": "sg-0c09ec9ef0a05f4c6",
            "security_group_rule_id": "sgr-0f0ed96d2dc1cdd2d",
            "tags": null,
            "tags_all": {},
            "to_port": null
          },
          "sensitive_attributes": [],
          "dependencies": [
            "aws_security_group.kubernetes-cluster-security-group",
            "aws_vpc.kubernetes-vpc"
          ]
        }
      ]
    },
    {
      "mode": "managed",
      "type": "aws_vpc_security_group_ingress_rule",
      "name": "InboundSecurityGroupAllowAllPublicTraffic",
      "provider": "provider[\"registry.terraform.io/hashicorp/aws\"]",
      "instances": [
        {
          "index_key": 0,
          "schema_version": 0,
          "attributes": {
            "arn": "arn:aws:ec2:eu-central-1:750353367788:security-group-rule/sgr-0719a00522f417768",
            "cidr_ipv4": "147.235.207.112/32",
            "cidr_ipv6": null,
            "description": null,
            "from_port": null,
            "id": "sgr-0719a00522f417768",
            "ip_protocol": "-1",
            "prefix_list_id": null,
            "referenced_security_group_id": null,
            "security_group_id": "sg-0c09ec9ef0a05f4c6",
            "security_group_rule_id": "sgr-0719a00522f417768",
            "tags": null,
            "tags_all": {},
            "to_port": null
          },
          "sensitive_attributes": [],
          "dependencies": [
            "aws_security_group.kubernetes-cluster-security-group",
            "aws_vpc.kubernetes-vpc",
            "data.http.MyPublicIp"
          ]
        }
      ]
    },
    {
      "mode": "managed",
      "type": "local_file",
      "name": "kubernetes-ec2-generated-public-key-file",
      "provider": "provider[\"registry.terraform.io/hashicorp/local\"]",
      "instances": [
        {
          "schema_version": 0,
          "attributes": {
            "content": "-----BEGIN RSA PRIVATE KEY-----\nMIIEpAIBAAKCAQEAseugwmRiZYp1qSGjkqMcOqDt6xln7oVN71CLn5J0huRDV5j0\nnp8rDI7B+Fr0h8P+Uj5dn+SuYeAjTt5JYHs366Lojdo/Sg0fZgXg+WSQD/2kO3vW\nBkyYU0rj5ALugYr1xPMejyKAQy4mwwxPxTY+RKzfC1eZaGBK3j3hpmBFhbNlRPX9\nCrk2/HyDV36I1DnroSxptQWNtizp7vRaPBGkrqbC/lTz2ct3KeulZ+P91Hjf9Fiv\nO6zQsyqvFMU/RFo6IkvAfZcLDyt4uUQUeBEYYKgIDUMEySL5lfRyuH6Gho4R1U5g\nAigGNetPcQkPaB7R8+YUYinbVLk0FBCK+SYcmQIDAQABAoIBAQCrorlEjf52Iin7\nbN4VOZCj5ldeMvYWHTbfpH3tBCWxc0abnIxu8PFgfd8VLPk0d5hB0rQS6VJoTQcC\nsGFs17FMea2KGn5ve1VM4GL1c1OeeXsTfxUqon1X7KkHbuSSx3Dr+/UA87F0HXN7\nOcdCYl+TdIj+shTloe7Xki66h6jJnneyY+Mxl19lM5HNy3zrLaruBLFMjqZrw+dQ\ngrFTma10g0BQAvu9kdPk+w+Y+CmsYqzOrHEpDfkSWZWPB6iwvrY1x9+ojSIyIuVU\nfRvQoHo9RJjITmS/GGXjp96Cf3IRmLZTsdXbv6GnhHZPtHHSGndFuyXXFQPZkYAG\n2/5dWufhAoGBAOFyNGBMlP6bdf5TPdByXB1t4hPG4b6nJOlqjDOiqmo2Gyx1WrIR\nDJEqn8rLArPGc6BXSAGmMiH6Pk67brJWTDwv+SrU5JpYa7/0wuMtv4rnWCsbRlif\niaxXnQUwrJE+/pPdBZB1hf8aTA81kouv5RAI83FNImKqFcbEDQFVhyrNAoGBAMoI\niBtdM2acV7oMPaHApfVI4/U2qWOEi+e31Pp2JYmh5rNHiXBCR+TYEEV2rj3+dDE/\n4R3WqLaseS82lS1LMHBcA9yj4BBci0MdqJ9l2iM1A65HQkY+4H2+sdzPUDwjAD8+\n6QpSSzTsnDC9QPH6Tsqr4Bn3Zs+DDkmjL04HdBD9AoGBAI9psPvZe6aDiongth/V\nv9dQwVJHX++CMC70AoAOaE3sYVjkxm8j/VSTQtckUXG/OmqzWzEBYj7PC7fV79Mu\npoxbECw5BbtRqCmSMC+IOKLKDAJP9W4G/vNNQKu+jOhQpG23WgTNXhIrzlqWf8Sw\nfgy3RPW8VbVh8TxiFsvUdom5AoGANVTTOQX9T5Ttw3r/ufc01+8J3e00AcU3eU+Z\ntRQDDLXkRGcZ7LxSZiJzCSMvE8ZbvbRzJIFJwA7/Xms2LeKvQrnHezL3Ltp/GJR3\nsrwcPTb9ZcAByrFGaWsxYGyJbZZ/tjJRKhxXJf1fra4Hutise+urGK+qQBUEbIPb\nNOnaxbECgYBG05CybTRVYvVxzsEsAmr8Aj+BNXhL6kv9jIGiiwatAbe/SbwBgp0q\nJJKyZ9G77r4xbv0AoFpd2bw1V1YF4DYvTk2QJ2D9uVFmmEn6lHifS3K7hL4iQUHW\nqmAolj8Tzfgm0Vm1jVgGeb/UtX6XcFxX0iD7eBbrBSMky0iESLFaSQ==\n-----END RSA PRIVATE KEY-----\n",
            "content_base64": null,
            "content_base64sha256": "i4jbGSft9H3EVJJD4H/ILtCVlE457vi22R0QHdO0V8E=",
            "content_base64sha512": "DoZCPa6BMT3S+aT3kzosXVX/+0grDpIS4KTiuv9r1mOxwJYjCNIwrYMt8yYG1iVqsSOsVYyKpDKbXhnuNF2aBg==",
            "content_md5": "46fd1a01715f36472d868fefc3540915",
            "content_sha1": "e4a089a49fffcb339df810fb4730dedbacfb3302",
            "content_sha256": "8b88db1927edf47dc4549243e07fc82ed095944e39eef8b6d91d101dd3b457c1",
            "content_sha512": "0e86423dae81313dd2f9a4f7933a2c5d55fffb482b0e9212e0a4e2baff6bd663b1c0962308d230ad832df32606d6256ab123ac558c8aa4329b5e19ee345d9a06",
            "directory_permission": "0777",
            "file_permission": "0400",
            "filename": "../../PrivateFiles/kubernetes-managment-key-pair-private.pem",
            "id": "e4a089a49fffcb339df810fb4730dedbacfb3302",
            "sensitive_content": null,
            "source": null
          },
          "sensitive_attributes": [
            [
              {
                "type": "get_attr",
                "value": "content"
              }
            ]
          ],
          "dependencies": [
            "tls_private_key.kubernetes-managment-key-pair"
          ]
        }
      ]
    },
    {
      "mode": "managed",
      "type": "tls_private_key",
      "name": "kubernetes-managment-key-pair",
      "provider": "provider[\"registry.terraform.io/hashicorp/tls\"]",
      "instances": [
        {
          "schema_version": 1,
          "attributes": {
            "algorithm": "RSA",
            "ecdsa_curve": "P224",
            "id": "d65984af569bd36b5fcd633cac56f8f93b66aa95",
            "private_key_openssh": "-----BEGIN OPENSSH PRIVATE KEY-----\nb3BlbnNzaC1rZXktdjEAAAAABG5vbmUAAAAEbm9uZQAAAAAAAAABAAABFwAAAAdz\nc2gtcnNhAAAAAwEAAQAAAQEAseugwmRiZYp1qSGjkqMcOqDt6xln7oVN71CLn5J0\nhuRDV5j0np8rDI7B+Fr0h8P+Uj5dn+SuYeAjTt5JYHs366Lojdo/Sg0fZgXg+WSQ\nD/2kO3vWBkyYU0rj5ALugYr1xPMejyKAQy4mwwxPxTY+RKzfC1eZaGBK3j3hpmBF\nhbNlRPX9Crk2/HyDV36I1DnroSxptQWNtizp7vRaPBGkrqbC/lTz2ct3KeulZ+P9\n1Hjf9FivO6zQsyqvFMU/RFo6IkvAfZcLDyt4uUQUeBEYYKgIDUMEySL5lfRyuH6G\nho4R1U5gAigGNetPcQkPaB7R8+YUYinbVLk0FBCK+SYcmQAAA7ikx2dmpMdnZgAA\nAAdzc2gtcnNhAAABAQCx66DCZGJlinWpIaOSoxw6oO3rGWfuhU3vUIufknSG5ENX\nmPSenysMjsH4WvSHw/5SPl2f5K5h4CNO3klgezfrouiN2j9KDR9mBeD5ZJAP/aQ7\ne9YGTJhTSuPkAu6BivXE8x6PIoBDLibDDE/FNj5ErN8LV5loYErePeGmYEWFs2VE\n9f0KuTb8fINXfojUOeuhLGm1BY22LOnu9Fo8EaSupsL+VPPZy3cp66Vn4/3UeN/0\nWK87rNCzKq8UxT9EWjoiS8B9lwsPK3i5RBR4ERhgqAgNQwTJIvmV9HK4foaGjhHV\nTmACKAY1609xCQ9oHtHz5hRiKdtUuTQUEIr5JhyZAAAAAwEAAQAAAQEAq6K5RI3+\ndiIp+2zeFTmQo+ZXXjL2Fh0236R97QQlsXNGm5yMbvDxYH3fFSz5NHeYQdK0EulS\naE0HArBhbNexTHmtihp+b3tVTOBi9XNTnnl7E38VKqJ9V+ypB27kksdw6/v1APOx\ndB1zeznHQmJfk3SI/rIU5aHu15IuuoeoyZ53smPjMZdfZTORzct86y2q7gSxTI6m\na8PnUIKxU5mtdINAUAL7vZHT5PsPmPgprGKszqxxKQ35ElmVjweosL62NcffqI0i\nMiLlVH0b0KB6PUSYyE5kvxhl46fegn9yEZi2U7HV27+hp4R2T7Rx0hp3Rbsl1xUD\n2ZGABtv+XVrn4QAAAIBG05CybTRVYvVxzsEsAmr8Aj+BNXhL6kv9jIGiiwatAbe/\nSbwBgp0qJJKyZ9G77r4xbv0AoFpd2bw1V1YF4DYvTk2QJ2D9uVFmmEn6lHifS3K7\nhL4iQUHWqmAolj8Tzfgm0Vm1jVgGeb/UtX6XcFxX0iD7eBbrBSMky0iESLFaSQAA\nAIEA4XI0YEyU/pt1/lM90HJcHW3iE8bhvqck6WqMM6KqajYbLHVashEMkSqfyssC\ns8ZzoFdIAaYyIfo+TrtuslZMPC/5KtTkmlhrv/TC4y2/iudYKxtGWJ+JrFedBTCs\nkT7+k90FkHWF/xpMDzWSi6/lEAjzcU0iYqoVxsQNAVWHKs0AAACBAMoIiBtdM2ac\nV7oMPaHApfVI4/U2qWOEi+e31Pp2JYmh5rNHiXBCR+TYEEV2rj3+dDE/4R3WqLas\neS82lS1LMHBcA9yj4BBci0MdqJ9l2iM1A65HQkY+4H2+sdzPUDwjAD8+6QpSSzTs\nnDC9QPH6Tsqr4Bn3Zs+DDkmjL04HdBD9AAAAAAEC\n-----END OPENSSH PRIVATE KEY-----\n",
            "private_key_pem": "-----BEGIN RSA PRIVATE KEY-----\nMIIEpAIBAAKCAQEAseugwmRiZYp1qSGjkqMcOqDt6xln7oVN71CLn5J0huRDV5j0\nnp8rDI7B+Fr0h8P+Uj5dn+SuYeAjTt5JYHs366Lojdo/Sg0fZgXg+WSQD/2kO3vW\nBkyYU0rj5ALugYr1xPMejyKAQy4mwwxPxTY+RKzfC1eZaGBK3j3hpmBFhbNlRPX9\nCrk2/HyDV36I1DnroSxptQWNtizp7vRaPBGkrqbC/lTz2ct3KeulZ+P91Hjf9Fiv\nO6zQsyqvFMU/RFo6IkvAfZcLDyt4uUQUeBEYYKgIDUMEySL5lfRyuH6Gho4R1U5g\nAigGNetPcQkPaB7R8+YUYinbVLk0FBCK+SYcmQIDAQABAoIBAQCrorlEjf52Iin7\nbN4VOZCj5ldeMvYWHTbfpH3tBCWxc0abnIxu8PFgfd8VLPk0d5hB0rQS6VJoTQcC\nsGFs17FMea2KGn5ve1VM4GL1c1OeeXsTfxUqon1X7KkHbuSSx3Dr+/UA87F0HXN7\nOcdCYl+TdIj+shTloe7Xki66h6jJnneyY+Mxl19lM5HNy3zrLaruBLFMjqZrw+dQ\ngrFTma10g0BQAvu9kdPk+w+Y+CmsYqzOrHEpDfkSWZWPB6iwvrY1x9+ojSIyIuVU\nfRvQoHo9RJjITmS/GGXjp96Cf3IRmLZTsdXbv6GnhHZPtHHSGndFuyXXFQPZkYAG\n2/5dWufhAoGBAOFyNGBMlP6bdf5TPdByXB1t4hPG4b6nJOlqjDOiqmo2Gyx1WrIR\nDJEqn8rLArPGc6BXSAGmMiH6Pk67brJWTDwv+SrU5JpYa7/0wuMtv4rnWCsbRlif\niaxXnQUwrJE+/pPdBZB1hf8aTA81kouv5RAI83FNImKqFcbEDQFVhyrNAoGBAMoI\niBtdM2acV7oMPaHApfVI4/U2qWOEi+e31Pp2JYmh5rNHiXBCR+TYEEV2rj3+dDE/\n4R3WqLaseS82lS1LMHBcA9yj4BBci0MdqJ9l2iM1A65HQkY+4H2+sdzPUDwjAD8+\n6QpSSzTsnDC9QPH6Tsqr4Bn3Zs+DDkmjL04HdBD9AoGBAI9psPvZe6aDiongth/V\nv9dQwVJHX++CMC70AoAOaE3sYVjkxm8j/VSTQtckUXG/OmqzWzEBYj7PC7fV79Mu\npoxbECw5BbtRqCmSMC+IOKLKDAJP9W4G/vNNQKu+jOhQpG23WgTNXhIrzlqWf8Sw\nfgy3RPW8VbVh8TxiFsvUdom5AoGANVTTOQX9T5Ttw3r/ufc01+8J3e00AcU3eU+Z\ntRQDDLXkRGcZ7LxSZiJzCSMvE8ZbvbRzJIFJwA7/Xms2LeKvQrnHezL3Ltp/GJR3\nsrwcPTb9ZcAByrFGaWsxYGyJbZZ/tjJRKhxXJf1fra4Hutise+urGK+qQBUEbIPb\nNOnaxbECgYBG05CybTRVYvVxzsEsAmr8Aj+BNXhL6kv9jIGiiwatAbe/SbwBgp0q\nJJKyZ9G77r4xbv0AoFpd2bw1V1YF4DYvTk2QJ2D9uVFmmEn6lHifS3K7hL4iQUHW\nqmAolj8Tzfgm0Vm1jVgGeb/UtX6XcFxX0iD7eBbrBSMky0iESLFaSQ==\n-----END RSA PRIVATE KEY-----\n",
            "private_key_pem_pkcs8": "-----BEGIN PRIVATE KEY-----\nMIIEvgIBADANBgkqhkiG9w0BAQEFAASCBKgwggSkAgEAAoIBAQCx66DCZGJlinWp\nIaOSoxw6oO3rGWfuhU3vUIufknSG5ENXmPSenysMjsH4WvSHw/5SPl2f5K5h4CNO\n3klgezfrouiN2j9KDR9mBeD5ZJAP/aQ7e9YGTJhTSuPkAu6BivXE8x6PIoBDLibD\nDE/FNj5ErN8LV5loYErePeGmYEWFs2VE9f0KuTb8fINXfojUOeuhLGm1BY22LOnu\n9Fo8EaSupsL+VPPZy3cp66Vn4/3UeN/0WK87rNCzKq8UxT9EWjoiS8B9lwsPK3i5\nRBR4ERhgqAgNQwTJIvmV9HK4foaGjhHVTmACKAY1609xCQ9oHtHz5hRiKdtUuTQU\nEIr5JhyZAgMBAAECggEBAKuiuUSN/nYiKfts3hU5kKPmV14y9hYdNt+kfe0EJbFz\nRpucjG7w8WB93xUs+TR3mEHStBLpUmhNBwKwYWzXsUx5rYoafm97VUzgYvVzU555\nexN/FSqifVfsqQdu5JLHcOv79QDzsXQdc3s5x0JiX5N0iP6yFOWh7teSLrqHqMme\nd7Jj4zGXX2Uzkc3LfOstqu4EsUyOpmvD51CCsVOZrXSDQFAC+72R0+T7D5j4Kaxi\nrM6scSkN+RJZlY8HqLC+tjXH36iNIjIi5VR9G9Cgej1EmMhOZL8YZeOn3oJ/chGY\ntlOx1du/oaeEdk+0cdIad0W7JdcVA9mRgAbb/l1a5+ECgYEA4XI0YEyU/pt1/lM9\n0HJcHW3iE8bhvqck6WqMM6KqajYbLHVashEMkSqfyssCs8ZzoFdIAaYyIfo+Trtu\nslZMPC/5KtTkmlhrv/TC4y2/iudYKxtGWJ+JrFedBTCskT7+k90FkHWF/xpMDzWS\ni6/lEAjzcU0iYqoVxsQNAVWHKs0CgYEAygiIG10zZpxXugw9ocCl9Ujj9TapY4SL\n57fU+nYliaHms0eJcEJH5NgQRXauPf50MT/hHdaotqx5LzaVLUswcFwD3KPgEFyL\nQx2on2XaIzUDrkdCRj7gfb6x3M9QPCMAPz7pClJLNOycML1A8fpOyqvgGfdmz4MO\nSaMvTgd0EP0CgYEAj2mw+9l7poOKieC2H9W/11DBUkdf74IwLvQCgA5oTexhWOTG\nbyP9VJNC1yRRcb86arNbMQFiPs8Lt9Xv0y6mjFsQLDkFu1GoKZIwL4g4osoMAk/1\nbgb+801Aq76M6FCkbbdaBM1eEivOWpZ/xLB+DLdE9bxVtWHxPGIWy9R2ibkCgYA1\nVNM5Bf1PlO3Dev+59zTX7wnd7TQBxTd5T5m1FAMMteREZxnsvFJmInMJIy8Txlu9\ntHMkgUnADv9eazYt4q9Cucd7Mvcu2n8YlHeyvBw9Nv1lwAHKsUZpazFgbIltln+2\nMlEqHFcl/V+trge62Kx766sYr6pAFQRsg9s06drFsQKBgEbTkLJtNFVi9XHOwSwC\navwCP4E1eEvqS/2MgaKLBq0Bt79JvAGCnSokkrJn0bvuvjFu/QCgWl3ZvDVXVgXg\nNi9OTZAnYP25UWaYSfqUeJ9LcruEviJBQdaqYCiWPxPN+CbRWbWNWAZ5v9S1fpdw\nXFfSIPt4FusFIyTLSIRIsVpJ\n-----END PRIVATE KEY-----\n",
            "public_key_fingerprint_md5": "04:61:49:2a:ad:31:01:58:51:38:a9:44:a8:5b:b9:e3",
            "public_key_fingerprint_sha256": "SHA256:EMAEuHSA0GXFptvocesA4ow4lDXj7wO864wRH10EnoU",
            "public_key_openssh": "ssh-rsa AAAAB3NzaC1yc2EAAAADAQABAAABAQCx66DCZGJlinWpIaOSoxw6oO3rGWfuhU3vUIufknSG5ENXmPSenysMjsH4WvSHw/5SPl2f5K5h4CNO3klgezfrouiN2j9KDR9mBeD5ZJAP/aQ7e9YGTJhTSuPkAu6BivXE8x6PIoBDLibDDE/FNj5ErN8LV5loYErePeGmYEWFs2VE9f0KuTb8fINXfojUOeuhLGm1BY22LOnu9Fo8EaSupsL+VPPZy3cp66Vn4/3UeN/0WK87rNCzKq8UxT9EWjoiS8B9lwsPK3i5RBR4ERhgqAgNQwTJIvmV9HK4foaGjhHVTmACKAY1609xCQ9oHtHz5hRiKdtUuTQUEIr5JhyZ\n",
            "public_key_pem": "-----BEGIN PUBLIC KEY-----\nMIIBIjANBgkqhkiG9w0BAQEFAAOCAQ8AMIIBCgKCAQEAseugwmRiZYp1qSGjkqMc\nOqDt6xln7oVN71CLn5J0huRDV5j0np8rDI7B+Fr0h8P+Uj5dn+SuYeAjTt5JYHs3\n66Lojdo/Sg0fZgXg+WSQD/2kO3vWBkyYU0rj5ALugYr1xPMejyKAQy4mwwxPxTY+\nRKzfC1eZaGBK3j3hpmBFhbNlRPX9Crk2/HyDV36I1DnroSxptQWNtizp7vRaPBGk\nrqbC/lTz2ct3KeulZ+P91Hjf9FivO6zQsyqvFMU/RFo6IkvAfZcLDyt4uUQUeBEY\nYKgIDUMEySL5lfRyuH6Gho4R1U5gAigGNetPcQkPaB7R8+YUYinbVLk0FBCK+SYc\nmQIDAQAB\n-----END PUBLIC KEY-----\n",
            "rsa_bits": 2048
          },
          "sensitive_attributes": []
        }
      ]
    }
  ],
  "check_results": null
}
