{
  "version": 4,
  "terraform_version": "1.6.6",
  "serial": 356,
  "lineage": "617f3915-3d51-4159-64c7-9d3c6efe26be",
  "outputs": {},
  "resources": [
    {
      "mode": "data",
      "type": "http",
      "name": "MyPublicIp",
      "provider": "provider[\"registry.terraform.io/hashicorp/http\"]",
      "instances": [
        {
          "schema_version": 0,
          "attributes": {
            "body": "87.68.246.54\n",
            "ca_cert_pem": null,
            "id": "https://ipv4.icanhazip.com",
            "insecure": null,
            "method": null,
            "request_body": null,
            "request_headers": null,
            "request_timeout_ms": null,
            "response_body": "87.68.246.54\n",
            "response_body_base64": "ODcuNjguMjQ2LjU0Cg==",
            "response_headers": {
              "Access-Control-Allow-Methods": "GET",
              "Access-Control-Allow-Origin": "*",
              "Alt-Svc": "h3=\":443\"; ma=86400",
              "Cf-Ray": "848592f309907d95-TLV",
              "Content-Length": "13",
              "Content-Type": "text/plain",
              "Date": "Sat, 20 Jan 2024 07:23:47 GMT",
              "Server": "cloudflare",
              "Set-Cookie": "__cf_bm=LHeyCJFQoJfNuPQV3yzf_r3PWTSff1ZJf4qZh3lZYlQ-1705735427-1-AdVb5jy54xUcqe8SsYn1Ya5kYaqJKEEJ7w9NxlPmb80zWCubSzgXjGOoNUaG63kqFtgHVJ7rnLEMorZ6Td+5iYs=; path=/; expires=Sat, 20-Jan-24 07:53:47 GMT; domain=.icanhazip.com; HttpOnly; Secure; SameSite=None",
              "Vary": "Accept-Encoding"
            },
            "retry": null,
            "status_code": 200,
            "url": "https://ipv4.icanhazip.com"
          },
          "sensitive_attributes": []
        }
      ]
    },
    {
      "mode": "managed",
      "type": "aws_eip",
      "name": "kubernetes-cluster-ec2-elastic-ip",
      "provider": "provider[\"registry.terraform.io/hashicorp/aws\"]",
      "instances": [
        {
          "schema_version": 0,
          "attributes": {
            "address": null,
            "allocation_id": "eipalloc-0e7dbf2a338597d0f",
            "associate_with_private_ip": null,
            "association_id": "eipassoc-09a947e134169c1e4",
            "carrier_ip": "",
            "customer_owned_ip": "",
            "customer_owned_ipv4_pool": "",
            "domain": "vpc",
            "id": "eipalloc-0e7dbf2a338597d0f",
            "instance": "i-0c878a4a7881e5170",
            "network_border_group": "eu-central-1",
            "network_interface": "eni-0fb750f4536e744ec",
            "private_dns": "ip-10-0-1-142.eu-central-1.compute.internal",
            "private_ip": "10.0.1.142",
            "public_dns": "ec2-3-68-37-109.eu-central-1.compute.amazonaws.com",
            "public_ip": "3.68.37.109",
            "public_ipv4_pool": "amazon",
            "tags": {
              "kubernetes.io/cluster/kubernetes": "owned"
            },
            "tags_all": {
              "kubernetes.io/cluster/kubernetes": "owned"
            },
            "timeouts": null,
            "vpc": true
          },
          "sensitive_attributes": [],
          "private": "eyJlMmJmYjczMC1lY2FhLTExZTYtOGY4OC0zNDM2M2JjN2M0YzAiOnsiZGVsZXRlIjoxODAwMDAwMDAwMDAsInJlYWQiOjkwMDAwMDAwMDAwMCwidXBkYXRlIjozMDAwMDAwMDAwMDB9fQ==",
          "dependencies": [
            "aws_iam_instance_profile.kubernetes-cluster-ec2-instance-profile",
            "aws_iam_role.kubernetes-master-node-role1",
            "aws_instance.kubernetes-cluster-ec2",
            "aws_key_pair.kubernets-ec2-key-pair",
            "aws_security_group.kubernetes-cluster-security-group",
            "aws_subnet.kubernetes-vpc-public-subnet",
            "aws_vpc.kubernetes-vpc",
            "tls_private_key.kubernetes-managment-key-pair"
          ]
        }
      ]
    },
    {
      "mode": "managed",
      "type": "aws_iam_instance_profile",
      "name": "kubernetes-cluster-ec2-instance-profile",
      "provider": "provider[\"registry.terraform.io/hashicorp/aws\"]",
      "instances": [
        {
          "schema_version": 0,
          "attributes": {
            "arn": "arn:aws:iam::750353367788:instance-profile/kubernetes-cluster-ec2-instance-profile",
            "create_date": "2024-01-20T07:23:53Z",
            "id": "kubernetes-cluster-ec2-instance-profile",
            "name": "kubernetes-cluster-ec2-instance-profile",
            "name_prefix": "",
            "path": "/",
            "role": "kubernetes-master-node-role1",
            "tags": null,
            "tags_all": {},
            "unique_id": "AIPA25NELYLWBSSCNCJWM"
          },
          "sensitive_attributes": [],
          "private": "bnVsbA==",
          "dependencies": [
            "aws_iam_role.kubernetes-master-node-role1"
          ]
        }
      ]
    },
    {
      "mode": "managed",
      "type": "aws_iam_policy",
      "name": "kubernetes-master-node-policy1",
      "provider": "provider[\"registry.terraform.io/hashicorp/aws\"]",
      "instances": [
        {
          "schema_version": 0,
          "attributes": {
            "arn": "arn:aws:iam::750353367788:policy/kubernetes-master-node-policy1",
            "description": "",
            "id": "arn:aws:iam::750353367788:policy/kubernetes-master-node-policy1",
            "name": "kubernetes-master-node-policy1",
            "name_prefix": "",
            "path": "/",
            "policy": "{\"Statement\":[{\"Action\":[\"autoscaling:DescribeAutoScalingGroups\",\"autoscaling:DescribeLaunchConfigurations\",\"autoscaling:DescribeTags\",\"ec2:DescribeInstances\",\"ec2:DescribeRegions\",\"ec2:DescribeRouteTables\",\"ec2:DescribeSecurityGroups\",\"ec2:DescribeSubnets\",\"ec2:DescribeVolumes\",\"ec2:CreateSecurityGroup\",\"ec2:CreateTags\",\"ec2:CreateVolume\",\"ec2:ModifyInstanceAttribute\",\"ec2:ModifyVolume\",\"ec2:AttachVolume\",\"ec2:AuthorizeSecurityGroupIngress\",\"ec2:CreateRoute\",\"ec2:DeleteRoute\",\"ec2:DeleteSecurityGroup\",\"ec2:DeleteVolume\",\"ec2:DetachVolume\",\"ec2:RevokeSecurityGroupIngress\",\"ec2:DescribeVpcs\",\"elasticloadbalancing:AddTags\",\"elasticloadbalancing:AttachLoadBalancerToSubnets\",\"elasticloadbalancing:ApplySecurityGroupsToLoadBalancer\",\"elasticloadbalancing:CreateLoadBalancer\",\"elasticloadbalancing:CreateLoadBalancerPolicy\",\"elasticloadbalancing:CreateLoadBalancerListeners\",\"elasticloadbalancing:ConfigureHealthCheck\",\"elasticloadbalancing:DeleteLoadBalancer\",\"elasticloadbalancing:DeleteLoadBalancerListeners\",\"elasticloadbalancing:DescribeLoadBalancers\",\"elasticloadbalancing:DescribeLoadBalancerAttributes\",\"elasticloadbalancing:DetachLoadBalancerFromSubnets\",\"elasticloadbalancing:DeregisterInstancesFromLoadBalancer\",\"elasticloadbalancing:ModifyLoadBalancerAttributes\",\"elasticloadbalancing:RegisterInstancesWithLoadBalancer\",\"elasticloadbalancing:SetLoadBalancerPoliciesForBackendServer\",\"elasticloadbalancing:AddTags\",\"elasticloadbalancing:CreateListener\",\"elasticloadbalancing:CreateTargetGroup\",\"elasticloadbalancing:DeleteListener\",\"elasticloadbalancing:DeleteTargetGroup\",\"elasticloadbalancing:DescribeListeners\",\"elasticloadbalancing:DescribeLoadBalancerPolicies\",\"elasticloadbalancing:DescribeTargetGroups\",\"elasticloadbalancing:DescribeTargetHealth\",\"elasticloadbalancing:ModifyListener\",\"elasticloadbalancing:ModifyTargetGroup\",\"elasticloadbalancing:RegisterTargets\",\"elasticloadbalancing:SetLoadBalancerPoliciesOfListener\",\"iam:CreateServiceLinkedRole\",\"kms:DescribeKey\"],\"Effect\":\"Allow\",\"Resource\":[\"*\"]}],\"Version\":\"2012-10-17\"}",
            "policy_id": "ANPA25NELYLWBMLMN5ZPH",
            "tags": {
              "kubernetes.io/cluster/kubernetes": "owned"
            },
            "tags_all": {
              "kubernetes.io/cluster/kubernetes": "owned"
            }
          },
          "sensitive_attributes": [],
          "private": "bnVsbA=="
        }
      ]
    },
    {
      "mode": "managed",
      "type": "aws_iam_policy",
      "name": "kubernetes-worker-node-policy1",
      "provider": "provider[\"registry.terraform.io/hashicorp/aws\"]",
      "instances": [
        {
          "schema_version": 0,
          "attributes": {
            "arn": "arn:aws:iam::750353367788:policy/kubernetes-worker-node-policy1",
            "description": "",
            "id": "arn:aws:iam::750353367788:policy/kubernetes-worker-node-policy1",
            "name": "kubernetes-worker-node-policy1",
            "name_prefix": "",
            "path": "/",
            "policy": "{\"Statement\":[{\"Action\":[\"ec2:DescribeInstances\",\"ec2:DescribeRegions\",\"ecr:GetAuthorizationToken\",\"ecr:BatchCheckLayerAvailability\",\"ecr:GetDownloadUrlForLayer\",\"ecr:GetRepositoryPolicy\",\"ecr:DescribeRepositories\",\"ecr:ListImages\",\"ecr:BatchGetImage\"],\"Effect\":\"Allow\",\"Resource\":\"*\"}],\"Version\":\"2012-10-17\"}",
            "policy_id": "ANPA25NELYLWKADXOSMKW",
            "tags": {
              "kubernetes.io/cluster/kubernetes": "owned"
            },
            "tags_all": {
              "kubernetes.io/cluster/kubernetes": "owned"
            }
          },
          "sensitive_attributes": [],
          "private": "bnVsbA=="
        }
      ]
    },
    {
      "mode": "managed",
      "type": "aws_iam_policy_attachment",
      "name": "kubernetes-master-node-role-policy-attachment-master-policy",
      "provider": "provider[\"registry.terraform.io/hashicorp/aws\"]",
      "instances": [
        {
          "schema_version": 0,
          "attributes": {
            "groups": null,
            "id": "kubernetes-master-node-role-policy-attachment-master-policy",
            "name": "kubernetes-master-node-role-policy-attachment-master-policy",
            "policy_arn": "arn:aws:iam::750353367788:policy/kubernetes-master-node-policy1",
            "roles": [
              "kubernetes-master-node-role1"
            ],
            "users": null
          },
          "sensitive_attributes": [],
          "private": "bnVsbA==",
          "dependencies": [
            "aws_iam_policy.kubernetes-master-node-policy1",
            "aws_iam_role.kubernetes-master-node-role1"
          ]
        }
      ]
    },
    {
      "mode": "managed",
      "type": "aws_iam_policy_attachment",
      "name": "kubernetes-master-node-role-policy-attachment-worker-policy",
      "provider": "provider[\"registry.terraform.io/hashicorp/aws\"]",
      "instances": [
        {
          "schema_version": 0,
          "attributes": {
            "groups": null,
            "id": "kubernetes-master-node-role-policy-attachment-worker-policy",
            "name": "kubernetes-master-node-role-policy-attachment-worker-policy",
            "policy_arn": "arn:aws:iam::750353367788:policy/kubernetes-worker-node-policy1",
            "roles": [
              "kubernetes-master-node-role1"
            ],
            "users": null
          },
          "sensitive_attributes": [],
          "private": "bnVsbA==",
          "dependencies": [
            "aws_iam_policy.kubernetes-worker-node-policy1",
            "aws_iam_role.kubernetes-master-node-role1"
          ]
        }
      ]
    },
    {
      "mode": "managed",
      "type": "aws_iam_role",
      "name": "kubernetes-master-node-role1",
      "provider": "provider[\"registry.terraform.io/hashicorp/aws\"]",
      "instances": [
        {
          "schema_version": 0,
          "attributes": {
            "arn": "arn:aws:iam::750353367788:role/kubernetes-master-node-role1",
            "assume_role_policy": "{\"Statement\":[{\"Action\":\"sts:AssumeRole\",\"Effect\":\"Allow\",\"Principal\":{\"Service\":\"ec2.amazonaws.com\"}}],\"Version\":\"2012-10-17\"}",
            "create_date": "2024-01-20T07:23:52Z",
            "description": "",
            "force_detach_policies": false,
            "id": "kubernetes-master-node-role1",
            "inline_policy": [],
            "managed_policy_arns": [],
            "max_session_duration": 3600,
            "name": "kubernetes-master-node-role1",
            "name_prefix": "",
            "path": "/",
            "permissions_boundary": "",
            "tags": {
              "kubernetes.io/cluster/kubernetes": "owned"
            },
            "tags_all": {
              "kubernetes.io/cluster/kubernetes": "owned"
            },
            "unique_id": "AROA25NELYLWE65JFJNVZ"
          },
          "sensitive_attributes": [],
          "private": "bnVsbA=="
        }
      ]
    },
    {
      "mode": "managed",
      "type": "aws_instance",
      "name": "kubernetes-cluster-ec2",
      "provider": "provider[\"registry.terraform.io/hashicorp/aws\"]",
      "instances": [
        {
          "schema_version": 1,
          "attributes": {
            "ami": "ami-0faab6bdbac9486fb",
            "arn": "arn:aws:ec2:eu-central-1:750353367788:instance/i-0c878a4a7881e5170",
            "associate_public_ip_address": false,
            "availability_zone": "eu-central-1a",
            "capacity_reservation_specification": [
              {
                "capacity_reservation_preference": "open",
                "capacity_reservation_target": []
              }
            ],
            "cpu_core_count": 1,
            "cpu_options": [
              {
                "amd_sev_snp": "",
                "core_count": 1,
                "threads_per_core": 2
              }
            ],
            "cpu_threads_per_core": 2,
            "credit_specification": [
              {
                "cpu_credits": "unlimited"
              }
            ],
            "disable_api_stop": false,
            "disable_api_termination": false,
            "ebs_block_device": [],
            "ebs_optimized": false,
            "enclave_options": [
              {
                "enabled": false
              }
            ],
            "ephemeral_block_device": [],
            "get_password_data": false,
            "hibernation": false,
            "host_id": "",
            "host_resource_group_arn": null,
            "iam_instance_profile": "kubernetes-cluster-ec2-instance-profile",
            "id": "i-0c878a4a7881e5170",
            "instance_initiated_shutdown_behavior": "stop",
            "instance_lifecycle": "",
            "instance_market_options": [],
            "instance_state": "running",
            "instance_type": "t3.medium",
            "ipv6_address_count": 0,
            "ipv6_addresses": [],
            "key_name": "kubernetes-managment-key-pair",
            "launch_template": [],
            "maintenance_options": [
              {
                "auto_recovery": "default"
              }
            ],
            "metadata_options": [
              {
                "http_endpoint": "enabled",
                "http_protocol_ipv6": "disabled",
                "http_put_response_hop_limit": 1,
                "http_tokens": "optional",
                "instance_metadata_tags": "disabled"
              }
            ],
            "monitoring": false,
            "network_interface": [],
            "outpost_arn": "",
            "password_data": "",
            "placement_group": "",
            "placement_partition_number": 0,
            "primary_network_interface_id": "eni-0fb750f4536e744ec",
            "private_dns": "ip-10-0-1-142.eu-central-1.compute.internal",
            "private_dns_name_options": [
              {
                "enable_resource_name_dns_a_record": false,
                "enable_resource_name_dns_aaaa_record": false,
                "hostname_type": "ip-name"
              }
            ],
            "private_ip": "10.0.1.142",
            "public_dns": "",
            "public_ip": "",
            "root_block_device": [
              {
                "delete_on_termination": true,
                "device_name": "/dev/sda1",
                "encrypted": false,
                "iops": 100,
                "kms_key_id": "",
                "tags": {},
                "throughput": 0,
                "volume_id": "vol-0c3c14d92cb467f26",
                "volume_size": 8,
                "volume_type": "gp2"
              }
            ],
            "secondary_private_ips": [],
            "security_groups": [],
            "source_dest_check": true,
            "spot_instance_request_id": "",
            "subnet_id": "subnet-07406377f734796ff",
            "tags": {
              "kubernetes.io/cluster/kubernetes": "owned"
            },
            "tags_all": {
              "kubernetes.io/cluster/kubernetes": "owned"
            },
            "tenancy": "default",
            "timeouts": null,
            "user_data": null,
            "user_data_base64": null,
            "user_data_replace_on_change": false,
            "volume_tags": null,
            "vpc_security_group_ids": [
              "sg-06262245c774b5378"
            ]
          },
          "sensitive_attributes": [],
          "private": "eyJlMmJmYjczMC1lY2FhLTExZTYtOGY4OC0zNDM2M2JjN2M0YzAiOnsiY3JlYXRlIjo2MDAwMDAwMDAwMDAsImRlbGV0ZSI6MTIwMDAwMDAwMDAwMCwidXBkYXRlIjo2MDAwMDAwMDAwMDB9LCJzY2hlbWFfdmVyc2lvbiI6IjEifQ==",
          "dependencies": [
            "aws_iam_instance_profile.kubernetes-cluster-ec2-instance-profile",
            "aws_iam_role.kubernetes-master-node-role1",
            "aws_key_pair.kubernets-ec2-key-pair",
            "aws_security_group.kubernetes-cluster-security-group",
            "aws_subnet.kubernetes-vpc-public-subnet",
            "aws_vpc.kubernetes-vpc",
            "tls_private_key.kubernetes-managment-key-pair"
          ]
        }
      ]
    },
    {
      "mode": "managed",
      "type": "aws_internet_gateway",
      "name": "kubernetes-vpc-internet-gateway",
      "provider": "provider[\"registry.terraform.io/hashicorp/aws\"]",
      "instances": [
        {
          "schema_version": 0,
          "attributes": {
            "arn": "arn:aws:ec2:eu-central-1:750353367788:internet-gateway/igw-0370bc02ac3b8e105",
            "id": "igw-0370bc02ac3b8e105",
            "owner_id": "750353367788",
            "tags": {
              "kubernetes.io/cluster/kubernetes": "owned"
            },
            "tags_all": {
              "kubernetes.io/cluster/kubernetes": "owned"
            },
            "timeouts": null,
            "vpc_id": "vpc-0303e4218535836a5"
          },
          "sensitive_attributes": [],
          "private": "eyJlMmJmYjczMC1lY2FhLTExZTYtOGY4OC0zNDM2M2JjN2M0YzAiOnsiY3JlYXRlIjoxMjAwMDAwMDAwMDAwLCJkZWxldGUiOjEyMDAwMDAwMDAwMDAsInVwZGF0ZSI6MTIwMDAwMDAwMDAwMH19",
          "dependencies": [
            "aws_vpc.kubernetes-vpc"
          ]
        }
      ]
    },
    {
      "mode": "managed",
      "type": "aws_key_pair",
      "name": "kubernets-ec2-key-pair",
      "provider": "provider[\"registry.terraform.io/hashicorp/aws\"]",
      "instances": [
        {
          "schema_version": 1,
          "attributes": {
            "arn": "arn:aws:ec2:eu-central-1:750353367788:key-pair/kubernetes-managment-key-pair",
            "fingerprint": "f8:ef:ae:0d:5c:28:90:9d:4d:4a:7a:07:66:7c:f2:7d",
            "id": "kubernetes-managment-key-pair",
            "key_name": "kubernetes-managment-key-pair",
            "key_name_prefix": "",
            "key_pair_id": "key-048796b627d2dba63",
            "key_type": "rsa",
            "public_key": "ssh-rsa AAAAB3NzaC1yc2EAAAADAQABAAABAQDWKEohX7jIZthfsjcNzmxgowdGlqcxVj76mR/Eh9f2QXTSuelNsx1XcUpp8of93lD5BC9QJ0+lTn6ZentUEWSzZIe72RwtKny235cDyOTVW3WvWxC56vV+hTDX4vsq28lkREMy3lIJkUaWPHDKmYE69BIxhp7pJOt9H5h2NNqWrArqTRKAg0u1O4MxY1lC7YHteC4vf0CskdkV9UDtAUkKtfm0v/GNduaoxeJayjAGq9rbgpiDHG+jWUleNXJF54c9YCkD+WdhvzfdL2MfVh3i2G2QTFlBtbSc4ZNm/QhTKhDMgcXtewfFmg2ZBkUEBcIO/gL2N94zKi42RnPaa2fb",
            "tags": null,
            "tags_all": {}
          },
          "sensitive_attributes": [],
          "private": "eyJzY2hlbWFfdmVyc2lvbiI6IjEifQ==",
          "dependencies": [
            "tls_private_key.kubernetes-managment-key-pair"
          ]
        }
      ]
    },
    {
      "mode": "managed",
      "type": "aws_route_table",
      "name": "kubernetes-vpc-route-table",
      "provider": "provider[\"registry.terraform.io/hashicorp/aws\"]",
      "instances": [
        {
          "schema_version": 0,
          "attributes": {
            "arn": "arn:aws:ec2:eu-central-1:750353367788:route-table/rtb-0dffdb7dad5de0f3f",
            "id": "rtb-0dffdb7dad5de0f3f",
            "owner_id": "750353367788",
            "propagating_vgws": [],
            "route": [
              {
                "carrier_gateway_id": "",
                "cidr_block": "0.0.0.0/0",
                "core_network_arn": "",
                "destination_prefix_list_id": "",
                "egress_only_gateway_id": "",
                "gateway_id": "igw-0370bc02ac3b8e105",
                "ipv6_cidr_block": "",
                "local_gateway_id": "",
                "nat_gateway_id": "",
                "network_interface_id": "",
                "transit_gateway_id": "",
                "vpc_endpoint_id": "",
                "vpc_peering_connection_id": ""
              }
            ],
            "tags": {
              "kubernetes.io/cluster/kubernetes": "owned"
            },
            "tags_all": {
              "kubernetes.io/cluster/kubernetes": "owned"
            },
            "timeouts": null,
            "vpc_id": "vpc-0303e4218535836a5"
          },
          "sensitive_attributes": [],
          "private": "eyJlMmJmYjczMC1lY2FhLTExZTYtOGY4OC0zNDM2M2JjN2M0YzAiOnsiY3JlYXRlIjozMDAwMDAwMDAwMDAsImRlbGV0ZSI6MzAwMDAwMDAwMDAwLCJ1cGRhdGUiOjEyMDAwMDAwMDAwMH19",
          "dependencies": [
            "aws_internet_gateway.kubernetes-vpc-internet-gateway",
            "aws_vpc.kubernetes-vpc"
          ]
        }
      ]
    },
    {
      "mode": "managed",
      "type": "aws_route_table_association",
      "name": "kubernetes-vpc-route-table-associate-to-public-subnets",
      "provider": "provider[\"registry.terraform.io/hashicorp/aws\"]",
      "instances": [
        {
          "schema_version": 0,
          "attributes": {
            "gateway_id": "",
            "id": "rtbassoc-0e20f3b8dc1ff380e",
            "route_table_id": "rtb-0dffdb7dad5de0f3f",
            "subnet_id": "subnet-07406377f734796ff",
            "timeouts": null
          },
          "sensitive_attributes": [],
          "private": "eyJlMmJmYjczMC1lY2FhLTExZTYtOGY4OC0zNDM2M2JjN2M0YzAiOnsiY3JlYXRlIjozMDAwMDAwMDAwMDAsImRlbGV0ZSI6MzAwMDAwMDAwMDAwLCJ1cGRhdGUiOjEyMDAwMDAwMDAwMH19",
          "dependencies": [
            "aws_internet_gateway.kubernetes-vpc-internet-gateway",
            "aws_route_table.kubernetes-vpc-route-table",
            "aws_subnet.kubernetes-vpc-public-subnet",
            "aws_vpc.kubernetes-vpc"
          ]
        }
      ]
    },
    {
      "mode": "managed",
      "type": "aws_security_group",
      "name": "kubernetes-cluster-security-group",
      "provider": "provider[\"registry.terraform.io/hashicorp/aws\"]",
      "instances": [
        {
          "schema_version": 1,
          "attributes": {
            "arn": "arn:aws:ec2:eu-central-1:750353367788:security-group/sg-06262245c774b5378",
            "description": "Allow the Kuberntes cluster to communicate internally and to be managed externally",
            "egress": [],
            "id": "sg-06262245c774b5378",
            "ingress": [],
            "name": "kubernetes-cluster-security-group",
            "name_prefix": "",
            "owner_id": "750353367788",
            "revoke_rules_on_delete": false,
            "tags": {
              "kubernetes.io/cluster/kubernetes": "owned"
            },
            "tags_all": {
              "kubernetes.io/cluster/kubernetes": "owned"
            },
            "timeouts": null,
            "vpc_id": "vpc-0303e4218535836a5"
          },
          "sensitive_attributes": [],
          "private": "eyJlMmJmYjczMC1lY2FhLTExZTYtOGY4OC0zNDM2M2JjN2M0YzAiOnsiY3JlYXRlIjo2MDAwMDAwMDAwMDAsImRlbGV0ZSI6OTAwMDAwMDAwMDAwfSwic2NoZW1hX3ZlcnNpb24iOiIxIn0=",
          "dependencies": [
            "aws_vpc.kubernetes-vpc"
          ]
        }
      ]
    },
    {
      "mode": "managed",
      "type": "aws_subnet",
      "name": "kubernetes-vpc-public-subnet",
      "provider": "provider[\"registry.terraform.io/hashicorp/aws\"]",
      "instances": [
        {
          "schema_version": 1,
          "attributes": {
            "arn": "arn:aws:ec2:eu-central-1:750353367788:subnet/subnet-07406377f734796ff",
            "assign_ipv6_address_on_creation": false,
            "availability_zone": "eu-central-1a",
            "availability_zone_id": "euc1-az2",
            "cidr_block": "10.0.1.0/24",
            "customer_owned_ipv4_pool": "",
            "enable_dns64": false,
            "enable_lni_at_device_index": 0,
            "enable_resource_name_dns_a_record_on_launch": false,
            "enable_resource_name_dns_aaaa_record_on_launch": false,
            "id": "subnet-07406377f734796ff",
            "ipv6_cidr_block": "",
            "ipv6_cidr_block_association_id": "",
            "ipv6_native": false,
            "map_customer_owned_ip_on_launch": false,
            "map_public_ip_on_launch": false,
            "outpost_arn": "",
            "owner_id": "750353367788",
            "private_dns_hostname_type_on_launch": "ip-name",
            "tags": {
              "kubernetes.io/cluster/kubernetes": "owned"
            },
            "tags_all": {
              "kubernetes.io/cluster/kubernetes": "owned"
            },
            "timeouts": null,
            "vpc_id": "vpc-0303e4218535836a5"
          },
          "sensitive_attributes": [],
          "private": "eyJlMmJmYjczMC1lY2FhLTExZTYtOGY4OC0zNDM2M2JjN2M0YzAiOnsiY3JlYXRlIjo2MDAwMDAwMDAwMDAsImRlbGV0ZSI6MTIwMDAwMDAwMDAwMH0sInNjaGVtYV92ZXJzaW9uIjoiMSJ9",
          "dependencies": [
            "aws_vpc.kubernetes-vpc"
          ]
        }
      ]
    },
    {
      "mode": "managed",
      "type": "aws_vpc",
      "name": "kubernetes-vpc",
      "provider": "provider[\"registry.terraform.io/hashicorp/aws\"]",
      "instances": [
        {
          "schema_version": 1,
          "attributes": {
            "arn": "arn:aws:ec2:eu-central-1:750353367788:vpc/vpc-0303e4218535836a5",
            "assign_generated_ipv6_cidr_block": false,
            "cidr_block": "10.0.0.0/16",
            "default_network_acl_id": "acl-03d4540b6873a12a0",
            "default_route_table_id": "rtb-08d2345b6fe34f5a4",
            "default_security_group_id": "sg-0fcfd3212ec0771b6",
            "dhcp_options_id": "dopt-0e9da1acacc25594b",
            "enable_dns_hostnames": false,
            "enable_dns_support": true,
            "enable_network_address_usage_metrics": false,
            "id": "vpc-0303e4218535836a5",
            "instance_tenancy": "default",
            "ipv4_ipam_pool_id": null,
            "ipv4_netmask_length": null,
            "ipv6_association_id": "",
            "ipv6_cidr_block": "",
            "ipv6_cidr_block_network_border_group": "",
            "ipv6_ipam_pool_id": "",
            "ipv6_netmask_length": 0,
            "main_route_table_id": "rtb-08d2345b6fe34f5a4",
            "owner_id": "750353367788",
            "tags": {
              "kubernetes.io/cluster/kubernetes": "owned"
            },
            "tags_all": {
              "kubernetes.io/cluster/kubernetes": "owned"
            }
          },
          "sensitive_attributes": [],
          "private": "eyJzY2hlbWFfdmVyc2lvbiI6IjEifQ=="
        }
      ]
    },
    {
      "mode": "managed",
      "type": "aws_vpc_security_group_egress_rule",
      "name": "OutboundSecurityGroupAllowAllPublicTraffic",
      "provider": "provider[\"registry.terraform.io/hashicorp/aws\"]",
      "instances": [
        {
          "schema_version": 0,
          "attributes": {
            "arn": "arn:aws:ec2:eu-central-1:750353367788:security-group-rule/sgr-0fd26937c683295ac",
            "cidr_ipv4": "0.0.0.0/0",
            "cidr_ipv6": null,
            "description": null,
            "from_port": null,
            "id": "sgr-0fd26937c683295ac",
            "ip_protocol": "-1",
            "prefix_list_id": null,
            "referenced_security_group_id": null,
            "security_group_id": "sg-06262245c774b5378",
            "security_group_rule_id": "sgr-0fd26937c683295ac",
            "tags": null,
            "tags_all": {},
            "to_port": null
          },
          "sensitive_attributes": [],
          "dependencies": [
            "aws_security_group.kubernetes-cluster-security-group",
            "aws_vpc.kubernetes-vpc"
          ]
        }
      ]
    },
    {
      "mode": "managed",
      "type": "aws_vpc_security_group_ingress_rule",
      "name": "InboundSecurityGroupAllowAllPrivateTraffic",
      "provider": "provider[\"registry.terraform.io/hashicorp/aws\"]",
      "instances": [
        {
          "schema_version": 0,
          "attributes": {
            "arn": "arn:aws:ec2:eu-central-1:750353367788:security-group-rule/sgr-0c22728f5d1675f16",
            "cidr_ipv4": "10.0.0.0/16",
            "cidr_ipv6": null,
            "description": null,
            "from_port": null,
            "id": "sgr-0c22728f5d1675f16",
            "ip_protocol": "-1",
            "prefix_list_id": null,
            "referenced_security_group_id": null,
            "security_group_id": "sg-06262245c774b5378",
            "security_group_rule_id": "sgr-0c22728f5d1675f16",
            "tags": null,
            "tags_all": {},
            "to_port": null
          },
          "sensitive_attributes": [],
          "dependencies": [
            "aws_security_group.kubernetes-cluster-security-group",
            "aws_vpc.kubernetes-vpc"
          ]
        }
      ]
    },
    {
      "mode": "managed",
      "type": "aws_vpc_security_group_ingress_rule",
      "name": "InboundSecurityGroupAllowAllPublicTraffic",
      "provider": "provider[\"registry.terraform.io/hashicorp/aws\"]",
      "instances": [
        {
          "index_key": 0,
          "schema_version": 0,
          "attributes": {
            "arn": "arn:aws:ec2:eu-central-1:750353367788:security-group-rule/sgr-09361c6efbbb6a137",
            "cidr_ipv4": "87.68.246.54/32",
            "cidr_ipv6": null,
            "description": null,
            "from_port": null,
            "id": "sgr-09361c6efbbb6a137",
            "ip_protocol": "-1",
            "prefix_list_id": null,
            "referenced_security_group_id": null,
            "security_group_id": "sg-06262245c774b5378",
            "security_group_rule_id": "sgr-09361c6efbbb6a137",
            "tags": null,
            "tags_all": {},
            "to_port": null
          },
          "sensitive_attributes": [],
          "dependencies": [
            "aws_security_group.kubernetes-cluster-security-group",
            "aws_vpc.kubernetes-vpc",
            "data.http.MyPublicIp"
          ]
        }
      ]
    },
    {
      "mode": "managed",
      "type": "local_file",
      "name": "kubernetes-ec2-generated-public-key-file",
      "provider": "provider[\"registry.terraform.io/hashicorp/local\"]",
      "instances": [
        {
          "schema_version": 0,
          "attributes": {
            "content": "-----BEGIN RSA PRIVATE KEY-----\nMIIEogIBAAKCAQEA1ihKIV+4yGbYX7I3Dc5sYKMHRpanMVY++pkfxIfX9kF00rnp\nTbMdV3FKafKH/d5Q+QQvUCdPpU5+mXp7VBFks2SHu9kcLSp8tt+XA8jk1Vt1r1sQ\nuer1foUw1+L7KtvJZERDMt5SCZFGljxwypmBOvQSMYae6STrfR+YdjTalqwK6k0S\ngINLtTuDMWNZQu2B7XguL39ArJHZFfVA7QFJCrX5tL/xjXbmqMXiWsowBqva24KY\ngxxvo1lJXjVyReeHPWApA/lnYb833S9jH1Yd4thtkExZQbW0nOGTZv0IUyoQzIHF\n7XsHxZoNmQZFBAXCDv4C9jfeMyouNkZz2mtn2wIDAQABAoIBAGlMpiaCyni/GOT0\n290OAnwBrTIoIU1A+vZ9FAGuSaHrzWVPxEdQKr00F0LA3d0V0vqd9CWVLrQ5REZy\n0vEjHECYzaSvvAr5ORkyFy7lOJ8vuU3fmPnRbaQoGTwNfzIzn3KNnf0FE5FgvTRh\nw5PappA2Mjvn1XsNjDyZrH1yv4gVaSJMJMOZhMrdkrNPUM4Y3n0eDPxCi2oQUysu\n7qE91f9VHWQOlu3fvfYX+WkTf+tpewP5ZaWQpmxZfpDbYBhj0i6KXt2hR5wXz7ko\nqWvWpaQOWzyHTwBhP195+0YUvjgjpAyBHN1w2AWZO6fm59q+yK1WfOuh7g5CSBW8\nJW/vMwECgYEA3OWkVkHLTnuWoQLT6kNtBAc5YBC7W9EKF215sBn+PcJWbpLL4fqX\nvL6v89Hv/TrULv56HWzvx+3cuDrEaYq2IlmIRu/cFvG7glvTj37xUP1ADOTM/32a\nLbl5nSN2bpJyIIasci31xVyIGngNFTZwBmkqCSgDwMissRpEE9jYuJcCgYEA+DB4\nYJm+RysifN416lDGjoDWv6zARh+x+qOiw8tJR00deOIMgX4Zilg+OsrY2xlOFkZf\nWQeBuUYjgMk9zRYsOcfoC/YdhtySO5lQ3+ukeImpq5QWxkHRS+dFrxTgTma1rk0q\nKY8cGIo8ZQKzZ7fsZR3To9y0CbZfUC0CKL6Mj10CgYBtElca4FHq5stxpVvOCI0D\nuC10ac6Zf5ZkCwJTGgKXrCXRY1qYsovJ/r4Svk6p0yqCKdVSQkADkEe0EBB7rKpS\nO7M2k6kxCxtzOrQz3pJ5UxMVSsSOQw6mFTcfiCsqXdVMijMMDfWVBiOOLkkHeGHI\nSJUhAEkaH/xlVnrW8fPQ8QKBgAYSEW+zcv8EpBRPzxvLHAAyUI5hqFZOwiiyRfHq\nEAHJdhYV2V51eiRzIhqICaPaS5mp4P0pfNfOSmIFChjxGOXU6O0Z+QDqdj0089B2\nUBCOtXK37ZKt23Oy1XaB2TaxtnHr+0MG+BX1k6KY3VCFJCgZAas5Y8H1DwHECBB9\nEK0VAoGAfFaaYS+dsnYahD242Glq8aPiFWoF+jEurZRQEvPhtJu3J+uQp1/rHAZZ\ncZRhbr9a6W+U+Y8TIvcdSBv92dfeN950edlYoROhRmXMHNN8gr27xg8WD05rzEgV\nlbhbezmEPuM0VA2YV/8m3DpciRNavbxdWdrq7YhnDtpRZLi4zQU=\n-----END RSA PRIVATE KEY-----\n",
            "content_base64": null,
            "content_base64sha256": "C5afppZKaiCcM4QkOnwRMxUx++4dTy34gJJ01QFs0/I=",
            "content_base64sha512": "Rt+gTGzDCnXQP05ooF81LmzUg03x6aRCsDSZ368INxOROibjC1dsvB9y3c4K1dhjdYPxX9IiVFFDoCd1qaWN2A==",
            "content_md5": "5f6a007fd478ed993cd2a949876a2daa",
            "content_sha1": "308a87f920ba582cbca402144ff6d51a5df41522",
            "content_sha256": "0b969fa6964a6a209c3384243a7c11331531fbee1d4f2df8809274d5016cd3f2",
            "content_sha512": "46dfa04c6cc30a75d03f4e68a05f352e6cd4834df1e9a442b03499dfaf083713913a26e30b576cbc1f72ddce0ad5d8637583f15fd222545143a02775a9a58dd8",
            "directory_permission": "0777",
            "file_permission": "0400",
            "filename": "../../PrivateFiles/kubernetes-managment-key-pair-private.pem",
            "id": "308a87f920ba582cbca402144ff6d51a5df41522",
            "sensitive_content": null,
            "source": null
          },
          "sensitive_attributes": [
            [
              {
                "type": "get_attr",
                "value": "content"
              }
            ]
          ],
          "dependencies": [
            "tls_private_key.kubernetes-managment-key-pair"
          ]
        }
      ]
    },
    {
      "mode": "managed",
      "type": "tls_private_key",
      "name": "kubernetes-managment-key-pair",
      "provider": "provider[\"registry.terraform.io/hashicorp/tls\"]",
      "instances": [
        {
          "schema_version": 1,
          "attributes": {
            "algorithm": "RSA",
            "ecdsa_curve": "P224",
            "id": "03c0e07864468394d925711737e7aaa2b9b83c38",
            "private_key_openssh": "-----BEGIN OPENSSH PRIVATE KEY-----\nb3BlbnNzaC1rZXktdjEAAAAABG5vbmUAAAAEbm9uZQAAAAAAAAABAAABFwAAAAdz\nc2gtcnNhAAAAAwEAAQAAAQEA1ihKIV+4yGbYX7I3Dc5sYKMHRpanMVY++pkfxIfX\n9kF00rnpTbMdV3FKafKH/d5Q+QQvUCdPpU5+mXp7VBFks2SHu9kcLSp8tt+XA8jk\n1Vt1r1sQuer1foUw1+L7KtvJZERDMt5SCZFGljxwypmBOvQSMYae6STrfR+YdjTa\nlqwK6k0SgINLtTuDMWNZQu2B7XguL39ArJHZFfVA7QFJCrX5tL/xjXbmqMXiWsow\nBqva24KYgxxvo1lJXjVyReeHPWApA/lnYb833S9jH1Yd4thtkExZQbW0nOGTZv0I\nUyoQzIHF7XsHxZoNmQZFBAXCDv4C9jfeMyouNkZz2mtn2wAAA7jRwZto0cGbaAAA\nAAdzc2gtcnNhAAABAQDWKEohX7jIZthfsjcNzmxgowdGlqcxVj76mR/Eh9f2QXTS\nuelNsx1XcUpp8of93lD5BC9QJ0+lTn6ZentUEWSzZIe72RwtKny235cDyOTVW3Wv\nWxC56vV+hTDX4vsq28lkREMy3lIJkUaWPHDKmYE69BIxhp7pJOt9H5h2NNqWrArq\nTRKAg0u1O4MxY1lC7YHteC4vf0CskdkV9UDtAUkKtfm0v/GNduaoxeJayjAGq9rb\ngpiDHG+jWUleNXJF54c9YCkD+WdhvzfdL2MfVh3i2G2QTFlBtbSc4ZNm/QhTKhDM\ngcXtewfFmg2ZBkUEBcIO/gL2N94zKi42RnPaa2fbAAAAAwEAAQAAAQBpTKYmgsp4\nvxjk9NvdDgJ8Aa0yKCFNQPr2fRQBrkmh681lT8RHUCq9NBdCwN3dFdL6nfQllS60\nOURGctLxIxxAmM2kr7wK+TkZMhcu5TifL7lN35j50W2kKBk8DX8yM59yjZ39BROR\nYL00YcOT2qaQNjI759V7DYw8max9cr+IFWkiTCTDmYTK3ZKzT1DOGN59Hgz8Qotq\nEFMrLu6hPdX/VR1kDpbt3732F/lpE3/raXsD+WWlkKZsWX6Q22AYY9Iuil7doUec\nF8+5KKlr1qWkDls8h08AYT9feftGFL44I6QMgRzdcNgFmTun5ufavsitVnzroe4O\nQkgVvCVv7zMBAAAAgHxWmmEvnbJ2GoQ9uNhpavGj4hVqBfoxLq2UUBLz4bSbtyfr\nkKdf6xwGWXGUYW6/WulvlPmPEyL3HUgb/dnX3jfedHnZWKEToUZlzBzTfIK9u8YP\nFg9Oa8xIFZW4W3s5hD7jNFQNmFf/Jtw6XIkTWr28XVna6u2IZw7aUWS4uM0FAAAA\ngQDc5aRWQctOe5ahAtPqQ20EBzlgELtb0QoXbXmwGf49wlZuksvh+pe8vq/z0e/9\nOtQu/nodbO/H7dy4OsRpirYiWYhG79wW8buCW9OPfvFQ/UAM5Mz/fZotuXmdI3Zu\nknIghqxyLfXFXIgaeA0VNnAGaSoJKAPAyKyxGkQT2Ni4lwAAAIEA+DB4YJm+Rysi\nfN416lDGjoDWv6zARh+x+qOiw8tJR00deOIMgX4Zilg+OsrY2xlOFkZfWQeBuUYj\ngMk9zRYsOcfoC/YdhtySO5lQ3+ukeImpq5QWxkHRS+dFrxTgTma1rk0qKY8cGIo8\nZQKzZ7fsZR3To9y0CbZfUC0CKL6Mj10AAAAAAQID\n-----END OPENSSH PRIVATE KEY-----\n",
            "private_key_pem": "-----BEGIN RSA PRIVATE KEY-----\nMIIEogIBAAKCAQEA1ihKIV+4yGbYX7I3Dc5sYKMHRpanMVY++pkfxIfX9kF00rnp\nTbMdV3FKafKH/d5Q+QQvUCdPpU5+mXp7VBFks2SHu9kcLSp8tt+XA8jk1Vt1r1sQ\nuer1foUw1+L7KtvJZERDMt5SCZFGljxwypmBOvQSMYae6STrfR+YdjTalqwK6k0S\ngINLtTuDMWNZQu2B7XguL39ArJHZFfVA7QFJCrX5tL/xjXbmqMXiWsowBqva24KY\ngxxvo1lJXjVyReeHPWApA/lnYb833S9jH1Yd4thtkExZQbW0nOGTZv0IUyoQzIHF\n7XsHxZoNmQZFBAXCDv4C9jfeMyouNkZz2mtn2wIDAQABAoIBAGlMpiaCyni/GOT0\n290OAnwBrTIoIU1A+vZ9FAGuSaHrzWVPxEdQKr00F0LA3d0V0vqd9CWVLrQ5REZy\n0vEjHECYzaSvvAr5ORkyFy7lOJ8vuU3fmPnRbaQoGTwNfzIzn3KNnf0FE5FgvTRh\nw5PappA2Mjvn1XsNjDyZrH1yv4gVaSJMJMOZhMrdkrNPUM4Y3n0eDPxCi2oQUysu\n7qE91f9VHWQOlu3fvfYX+WkTf+tpewP5ZaWQpmxZfpDbYBhj0i6KXt2hR5wXz7ko\nqWvWpaQOWzyHTwBhP195+0YUvjgjpAyBHN1w2AWZO6fm59q+yK1WfOuh7g5CSBW8\nJW/vMwECgYEA3OWkVkHLTnuWoQLT6kNtBAc5YBC7W9EKF215sBn+PcJWbpLL4fqX\nvL6v89Hv/TrULv56HWzvx+3cuDrEaYq2IlmIRu/cFvG7glvTj37xUP1ADOTM/32a\nLbl5nSN2bpJyIIasci31xVyIGngNFTZwBmkqCSgDwMissRpEE9jYuJcCgYEA+DB4\nYJm+RysifN416lDGjoDWv6zARh+x+qOiw8tJR00deOIMgX4Zilg+OsrY2xlOFkZf\nWQeBuUYjgMk9zRYsOcfoC/YdhtySO5lQ3+ukeImpq5QWxkHRS+dFrxTgTma1rk0q\nKY8cGIo8ZQKzZ7fsZR3To9y0CbZfUC0CKL6Mj10CgYBtElca4FHq5stxpVvOCI0D\nuC10ac6Zf5ZkCwJTGgKXrCXRY1qYsovJ/r4Svk6p0yqCKdVSQkADkEe0EBB7rKpS\nO7M2k6kxCxtzOrQz3pJ5UxMVSsSOQw6mFTcfiCsqXdVMijMMDfWVBiOOLkkHeGHI\nSJUhAEkaH/xlVnrW8fPQ8QKBgAYSEW+zcv8EpBRPzxvLHAAyUI5hqFZOwiiyRfHq\nEAHJdhYV2V51eiRzIhqICaPaS5mp4P0pfNfOSmIFChjxGOXU6O0Z+QDqdj0089B2\nUBCOtXK37ZKt23Oy1XaB2TaxtnHr+0MG+BX1k6KY3VCFJCgZAas5Y8H1DwHECBB9\nEK0VAoGAfFaaYS+dsnYahD242Glq8aPiFWoF+jEurZRQEvPhtJu3J+uQp1/rHAZZ\ncZRhbr9a6W+U+Y8TIvcdSBv92dfeN950edlYoROhRmXMHNN8gr27xg8WD05rzEgV\nlbhbezmEPuM0VA2YV/8m3DpciRNavbxdWdrq7YhnDtpRZLi4zQU=\n-----END RSA PRIVATE KEY-----\n",
            "private_key_pem_pkcs8": "-----BEGIN PRIVATE KEY-----\nMIIEvAIBADANBgkqhkiG9w0BAQEFAASCBKYwggSiAgEAAoIBAQDWKEohX7jIZthf\nsjcNzmxgowdGlqcxVj76mR/Eh9f2QXTSuelNsx1XcUpp8of93lD5BC9QJ0+lTn6Z\nentUEWSzZIe72RwtKny235cDyOTVW3WvWxC56vV+hTDX4vsq28lkREMy3lIJkUaW\nPHDKmYE69BIxhp7pJOt9H5h2NNqWrArqTRKAg0u1O4MxY1lC7YHteC4vf0CskdkV\n9UDtAUkKtfm0v/GNduaoxeJayjAGq9rbgpiDHG+jWUleNXJF54c9YCkD+Wdhvzfd\nL2MfVh3i2G2QTFlBtbSc4ZNm/QhTKhDMgcXtewfFmg2ZBkUEBcIO/gL2N94zKi42\nRnPaa2fbAgMBAAECggEAaUymJoLKeL8Y5PTb3Q4CfAGtMighTUD69n0UAa5JoevN\nZU/ER1AqvTQXQsDd3RXS+p30JZUutDlERnLS8SMcQJjNpK+8Cvk5GTIXLuU4ny+5\nTd+Y+dFtpCgZPA1/MjOfco2d/QUTkWC9NGHDk9qmkDYyO+fVew2MPJmsfXK/iBVp\nIkwkw5mEyt2Ss09QzhjefR4M/EKLahBTKy7uoT3V/1UdZA6W7d+99hf5aRN/62l7\nA/llpZCmbFl+kNtgGGPSLope3aFHnBfPuSipa9alpA5bPIdPAGE/X3n7RhS+OCOk\nDIEc3XDYBZk7p+bn2r7IrVZ866HuDkJIFbwlb+8zAQKBgQDc5aRWQctOe5ahAtPq\nQ20EBzlgELtb0QoXbXmwGf49wlZuksvh+pe8vq/z0e/9OtQu/nodbO/H7dy4OsRp\nirYiWYhG79wW8buCW9OPfvFQ/UAM5Mz/fZotuXmdI3ZuknIghqxyLfXFXIgaeA0V\nNnAGaSoJKAPAyKyxGkQT2Ni4lwKBgQD4MHhgmb5HKyJ83jXqUMaOgNa/rMBGH7H6\no6LDy0lHTR144gyBfhmKWD46ytjbGU4WRl9ZB4G5RiOAyT3NFiw5x+gL9h2G3JI7\nmVDf66R4iamrlBbGQdFL50WvFOBOZrWuTSopjxwYijxlArNnt+xlHdOj3LQJtl9Q\nLQIovoyPXQKBgG0SVxrgUermy3GlW84IjQO4LXRpzpl/lmQLAlMaApesJdFjWpiy\ni8n+vhK+TqnTKoIp1VJCQAOQR7QQEHusqlI7szaTqTELG3M6tDPeknlTExVKxI5D\nDqYVNx+IKypd1UyKMwwN9ZUGI44uSQd4YchIlSEASRof/GVWetbx89DxAoGABhIR\nb7Ny/wSkFE/PG8scADJQjmGoVk7CKLJF8eoQAcl2FhXZXnV6JHMiGogJo9pLmang\n/Sl8185KYgUKGPEY5dTo7Rn5AOp2PTTz0HZQEI61crftkq3bc7LVdoHZNrG2cev7\nQwb4FfWTopjdUIUkKBkBqzljwfUPAcQIEH0QrRUCgYB8VpphL52ydhqEPbjYaWrx\no+IVagX6MS6tlFAS8+G0m7cn65CnX+scBllxlGFuv1rpb5T5jxMi9x1IG/3Z1943\n3nR52VihE6FGZcwc03yCvbvGDxYPTmvMSBWVuFt7OYQ+4zRUDZhX/ybcOlyJE1q9\nvF1Z2urtiGcO2lFkuLjNBQ==\n-----END PRIVATE KEY-----\n",
            "public_key_fingerprint_md5": "0e:a3:91:30:55:dc:28:33:99:bb:f4:7c:6e:04:9a:f6",
            "public_key_fingerprint_sha256": "SHA256:jpSMwcvbX9cqbQsZMUEpSUq8rpcLZ01ehB4/8y5VXA8",
            "public_key_openssh": "ssh-rsa AAAAB3NzaC1yc2EAAAADAQABAAABAQDWKEohX7jIZthfsjcNzmxgowdGlqcxVj76mR/Eh9f2QXTSuelNsx1XcUpp8of93lD5BC9QJ0+lTn6ZentUEWSzZIe72RwtKny235cDyOTVW3WvWxC56vV+hTDX4vsq28lkREMy3lIJkUaWPHDKmYE69BIxhp7pJOt9H5h2NNqWrArqTRKAg0u1O4MxY1lC7YHteC4vf0CskdkV9UDtAUkKtfm0v/GNduaoxeJayjAGq9rbgpiDHG+jWUleNXJF54c9YCkD+WdhvzfdL2MfVh3i2G2QTFlBtbSc4ZNm/QhTKhDMgcXtewfFmg2ZBkUEBcIO/gL2N94zKi42RnPaa2fb\n",
            "public_key_pem": "-----BEGIN PUBLIC KEY-----\nMIIBIjANBgkqhkiG9w0BAQEFAAOCAQ8AMIIBCgKCAQEA1ihKIV+4yGbYX7I3Dc5s\nYKMHRpanMVY++pkfxIfX9kF00rnpTbMdV3FKafKH/d5Q+QQvUCdPpU5+mXp7VBFk\ns2SHu9kcLSp8tt+XA8jk1Vt1r1sQuer1foUw1+L7KtvJZERDMt5SCZFGljxwypmB\nOvQSMYae6STrfR+YdjTalqwK6k0SgINLtTuDMWNZQu2B7XguL39ArJHZFfVA7QFJ\nCrX5tL/xjXbmqMXiWsowBqva24KYgxxvo1lJXjVyReeHPWApA/lnYb833S9jH1Yd\n4thtkExZQbW0nOGTZv0IUyoQzIHF7XsHxZoNmQZFBAXCDv4C9jfeMyouNkZz2mtn\n2wIDAQAB\n-----END PUBLIC KEY-----\n",
            "rsa_bits": 2048
          },
          "sensitive_attributes": []
        }
      ]
    }
  ],
  "check_results": null
}
