{
  "version": 4,
  "terraform_version": "1.6.6",
  "serial": 399,
  "lineage": "617f3915-3d51-4159-64c7-9d3c6efe26be",
  "outputs": {},
  "resources": [
    {
      "mode": "data",
      "type": "http",
      "name": "MyPublicIp",
      "provider": "provider[\"registry.terraform.io/hashicorp/http\"]",
      "instances": [
        {
          "schema_version": 0,
          "attributes": {
            "body": "87.68.246.54\n",
            "ca_cert_pem": null,
            "id": "https://ipv4.icanhazip.com",
            "insecure": null,
            "method": null,
            "request_body": null,
            "request_headers": null,
            "request_timeout_ms": null,
            "response_body": "87.68.246.54\n",
            "response_body_base64": "ODcuNjguMjQ2LjU0Cg==",
            "response_headers": {
              "Access-Control-Allow-Methods": "GET",
              "Access-Control-Allow-Origin": "*",
              "Alt-Svc": "h3=\":443\"; ma=86400",
              "Cf-Ray": "84893978e9fe7da4-TLV",
              "Content-Length": "13",
              "Content-Type": "text/plain",
              "Date": "Sat, 20 Jan 2024 18:01:45 GMT",
              "Server": "cloudflare",
              "Set-Cookie": "__cf_bm=0LpLbu_1R1ovXOcsNsJeVznkjhskH0sfH5Yan3zetRw-1705773705-1-ATOXe4l8EwW4mVekHaYLTvBT2RPhnVNyGlq5VBHKn6sj7pfnOMiTigY3jciaVP9q2Xy85hSf2lDXwsYebE88e40=; path=/; expires=Sat, 20-Jan-24 18:31:45 GMT; domain=.icanhazip.com; HttpOnly; Secure; SameSite=None",
              "Vary": "Accept-Encoding"
            },
            "retry": null,
            "status_code": 200,
            "url": "https://ipv4.icanhazip.com"
          },
          "sensitive_attributes": []
        }
      ]
    },
    {
      "mode": "managed",
      "type": "aws_eip",
      "name": "kubernetes-cluster-ec2-elastic-ip",
      "provider": "provider[\"registry.terraform.io/hashicorp/aws\"]",
      "instances": [
        {
          "schema_version": 0,
          "attributes": {
            "address": null,
            "allocation_id": "eipalloc-0c92ca94cd13d7f3e",
            "associate_with_private_ip": null,
            "association_id": "eipassoc-035f78e3f1253f1ba",
            "carrier_ip": "",
            "customer_owned_ip": "",
            "customer_owned_ipv4_pool": "",
            "domain": "vpc",
            "id": "eipalloc-0c92ca94cd13d7f3e",
            "instance": "i-0cd1b40d1819cc7ec",
            "network_border_group": "eu-central-1",
            "network_interface": "eni-0e41436fdab8816bb",
            "private_dns": "ip-10-0-1-80.eu-central-1.compute.internal",
            "private_ip": "10.0.1.80",
            "public_dns": "ec2-18-199-8-107.eu-central-1.compute.amazonaws.com",
            "public_ip": "18.199.8.107",
            "public_ipv4_pool": "amazon",
            "tags": {
              "kubernetes.io/cluster/kubernetes": "owned"
            },
            "tags_all": {
              "kubernetes.io/cluster/kubernetes": "owned"
            },
            "timeouts": null,
            "vpc": true
          },
          "sensitive_attributes": [],
          "private": "eyJlMmJmYjczMC1lY2FhLTExZTYtOGY4OC0zNDM2M2JjN2M0YzAiOnsiZGVsZXRlIjoxODAwMDAwMDAwMDAsInJlYWQiOjkwMDAwMDAwMDAwMCwidXBkYXRlIjozMDAwMDAwMDAwMDB9fQ==",
          "dependencies": [
            "aws_iam_instance_profile.kubernetes-cluster-ec2-instance-profile",
            "aws_iam_role.kubernetes-master-node-role1",
            "aws_instance.kubernetes-cluster-ec2",
            "aws_key_pair.kubernets-ec2-key-pair",
            "aws_security_group.kubernetes-cluster-security-group",
            "aws_subnet.kubernetes-vpc-public-subnet",
            "aws_vpc.kubernetes-vpc",
            "tls_private_key.kubernetes-managment-key-pair"
          ]
        }
      ]
    },
    {
      "mode": "managed",
      "type": "aws_iam_instance_profile",
      "name": "kubernetes-cluster-ec2-instance-profile",
      "provider": "provider[\"registry.terraform.io/hashicorp/aws\"]",
      "instances": [
        {
          "schema_version": 0,
          "attributes": {
            "arn": "arn:aws:iam::750353367788:instance-profile/kubernetes-cluster-ec2-instance-profile",
            "create_date": "2024-01-20T18:01:53Z",
            "id": "kubernetes-cluster-ec2-instance-profile",
            "name": "kubernetes-cluster-ec2-instance-profile",
            "name_prefix": "",
            "path": "/",
            "role": "kubernetes-master-node-role1",
            "tags": null,
            "tags_all": {},
            "unique_id": "AIPA25NELYLWBV2JJF3QQ"
          },
          "sensitive_attributes": [],
          "private": "bnVsbA==",
          "dependencies": [
            "aws_iam_role.kubernetes-master-node-role1"
          ]
        }
      ]
    },
    {
      "mode": "managed",
      "type": "aws_iam_policy",
      "name": "kubernetes-master-node-policy1",
      "provider": "provider[\"registry.terraform.io/hashicorp/aws\"]",
      "instances": [
        {
          "schema_version": 0,
          "attributes": {
            "arn": "arn:aws:iam::750353367788:policy/kubernetes-master-node-policy1",
            "description": "",
            "id": "arn:aws:iam::750353367788:policy/kubernetes-master-node-policy1",
            "name": "kubernetes-master-node-policy1",
            "name_prefix": "",
            "path": "/",
            "policy": "{\"Statement\":[{\"Action\":[\"autoscaling:DescribeAutoScalingGroups\",\"autoscaling:DescribeLaunchConfigurations\",\"autoscaling:DescribeTags\",\"ec2:DescribeInstances\",\"ec2:DescribeRegions\",\"ec2:DescribeRouteTables\",\"ec2:DescribeSecurityGroups\",\"ec2:DescribeSubnets\",\"ec2:DescribeVolumes\",\"ec2:CreateSecurityGroup\",\"ec2:CreateTags\",\"ec2:CreateVolume\",\"ec2:ModifyInstanceAttribute\",\"ec2:ModifyVolume\",\"ec2:AttachVolume\",\"ec2:AuthorizeSecurityGroupIngress\",\"ec2:CreateRoute\",\"ec2:DeleteRoute\",\"ec2:DeleteSecurityGroup\",\"ec2:DeleteVolume\",\"ec2:DetachVolume\",\"ec2:RevokeSecurityGroupIngress\",\"ec2:DescribeVpcs\",\"elasticloadbalancing:AddTags\",\"elasticloadbalancing:AttachLoadBalancerToSubnets\",\"elasticloadbalancing:ApplySecurityGroupsToLoadBalancer\",\"elasticloadbalancing:CreateLoadBalancer\",\"elasticloadbalancing:CreateLoadBalancerPolicy\",\"elasticloadbalancing:CreateLoadBalancerListeners\",\"elasticloadbalancing:ConfigureHealthCheck\",\"elasticloadbalancing:DeleteLoadBalancer\",\"elasticloadbalancing:DeleteLoadBalancerListeners\",\"elasticloadbalancing:DescribeLoadBalancers\",\"elasticloadbalancing:DescribeLoadBalancerAttributes\",\"elasticloadbalancing:DetachLoadBalancerFromSubnets\",\"elasticloadbalancing:DeregisterInstancesFromLoadBalancer\",\"elasticloadbalancing:ModifyLoadBalancerAttributes\",\"elasticloadbalancing:RegisterInstancesWithLoadBalancer\",\"elasticloadbalancing:SetLoadBalancerPoliciesForBackendServer\",\"elasticloadbalancing:AddTags\",\"elasticloadbalancing:CreateListener\",\"elasticloadbalancing:CreateTargetGroup\",\"elasticloadbalancing:DeleteListener\",\"elasticloadbalancing:DeleteTargetGroup\",\"elasticloadbalancing:DescribeListeners\",\"elasticloadbalancing:DescribeLoadBalancerPolicies\",\"elasticloadbalancing:DescribeTargetGroups\",\"elasticloadbalancing:DescribeTargetHealth\",\"elasticloadbalancing:ModifyListener\",\"elasticloadbalancing:ModifyTargetGroup\",\"elasticloadbalancing:RegisterTargets\",\"elasticloadbalancing:SetLoadBalancerPoliciesOfListener\",\"iam:CreateServiceLinkedRole\",\"kms:DescribeKey\"],\"Effect\":\"Allow\",\"Resource\":[\"*\"]}],\"Version\":\"2012-10-17\"}",
            "policy_id": "ANPA25NELYLWGBBCP7SXV",
            "tags": {
              "kubernetes.io/cluster/kubernetes": "owned"
            },
            "tags_all": {
              "kubernetes.io/cluster/kubernetes": "owned"
            }
          },
          "sensitive_attributes": [],
          "private": "bnVsbA=="
        }
      ]
    },
    {
      "mode": "managed",
      "type": "aws_iam_policy",
      "name": "kubernetes-worker-node-policy1",
      "provider": "provider[\"registry.terraform.io/hashicorp/aws\"]",
      "instances": [
        {
          "schema_version": 0,
          "attributes": {
            "arn": "arn:aws:iam::750353367788:policy/kubernetes-worker-node-policy1",
            "description": "",
            "id": "arn:aws:iam::750353367788:policy/kubernetes-worker-node-policy1",
            "name": "kubernetes-worker-node-policy1",
            "name_prefix": "",
            "path": "/",
            "policy": "{\"Statement\":[{\"Action\":[\"ec2:DescribeInstances\",\"ec2:DescribeRegions\",\"ecr:GetAuthorizationToken\",\"ecr:BatchCheckLayerAvailability\",\"ecr:GetDownloadUrlForLayer\",\"ecr:GetRepositoryPolicy\",\"ecr:DescribeRepositories\",\"ecr:ListImages\",\"ecr:BatchGetImage\"],\"Effect\":\"Allow\",\"Resource\":\"*\"}],\"Version\":\"2012-10-17\"}",
            "policy_id": "ANPA25NELYLWGNKE6TJSR",
            "tags": {
              "kubernetes.io/cluster/kubernetes": "owned"
            },
            "tags_all": {
              "kubernetes.io/cluster/kubernetes": "owned"
            }
          },
          "sensitive_attributes": [],
          "private": "bnVsbA=="
        }
      ]
    },
    {
      "mode": "managed",
      "type": "aws_iam_policy_attachment",
      "name": "kubernetes-master-node-role-policy-attachment-master-policy",
      "provider": "provider[\"registry.terraform.io/hashicorp/aws\"]",
      "instances": [
        {
          "schema_version": 0,
          "attributes": {
            "groups": null,
            "id": "kubernetes-master-node-role-policy-attachment-master-policy",
            "name": "kubernetes-master-node-role-policy-attachment-master-policy",
            "policy_arn": "arn:aws:iam::750353367788:policy/kubernetes-master-node-policy1",
            "roles": [
              "kubernetes-master-node-role1"
            ],
            "users": null
          },
          "sensitive_attributes": [],
          "private": "bnVsbA==",
          "dependencies": [
            "aws_iam_policy.kubernetes-master-node-policy1",
            "aws_iam_role.kubernetes-master-node-role1"
          ]
        }
      ]
    },
    {
      "mode": "managed",
      "type": "aws_iam_policy_attachment",
      "name": "kubernetes-master-node-role-policy-attachment-worker-policy",
      "provider": "provider[\"registry.terraform.io/hashicorp/aws\"]",
      "instances": [
        {
          "schema_version": 0,
          "attributes": {
            "groups": null,
            "id": "kubernetes-master-node-role-policy-attachment-worker-policy",
            "name": "kubernetes-master-node-role-policy-attachment-worker-policy",
            "policy_arn": "arn:aws:iam::750353367788:policy/kubernetes-worker-node-policy1",
            "roles": [
              "kubernetes-master-node-role1"
            ],
            "users": null
          },
          "sensitive_attributes": [],
          "private": "bnVsbA==",
          "dependencies": [
            "aws_iam_policy.kubernetes-worker-node-policy1",
            "aws_iam_role.kubernetes-master-node-role1"
          ]
        }
      ]
    },
    {
      "mode": "managed",
      "type": "aws_iam_role",
      "name": "kubernetes-master-node-role1",
      "provider": "provider[\"registry.terraform.io/hashicorp/aws\"]",
      "instances": [
        {
          "schema_version": 0,
          "attributes": {
            "arn": "arn:aws:iam::750353367788:role/kubernetes-master-node-role1",
            "assume_role_policy": "{\"Statement\":[{\"Action\":\"sts:AssumeRole\",\"Effect\":\"Allow\",\"Principal\":{\"Service\":\"ec2.amazonaws.com\"}}],\"Version\":\"2012-10-17\"}",
            "create_date": "2024-01-20T18:01:52Z",
            "description": "",
            "force_detach_policies": false,
            "id": "kubernetes-master-node-role1",
            "inline_policy": [],
            "managed_policy_arns": [],
            "max_session_duration": 3600,
            "name": "kubernetes-master-node-role1",
            "name_prefix": "",
            "path": "/",
            "permissions_boundary": "",
            "tags": {
              "kubernetes.io/cluster/kubernetes": "owned"
            },
            "tags_all": {
              "kubernetes.io/cluster/kubernetes": "owned"
            },
            "unique_id": "AROA25NELYLWODVXDQKOY"
          },
          "sensitive_attributes": [],
          "private": "bnVsbA=="
        }
      ]
    },
    {
      "mode": "managed",
      "type": "aws_instance",
      "name": "kubernetes-cluster-ec2",
      "provider": "provider[\"registry.terraform.io/hashicorp/aws\"]",
      "instances": [
        {
          "schema_version": 1,
          "attributes": {
            "ami": "ami-0faab6bdbac9486fb",
            "arn": "arn:aws:ec2:eu-central-1:750353367788:instance/i-0cd1b40d1819cc7ec",
            "associate_public_ip_address": false,
            "availability_zone": "eu-central-1a",
            "capacity_reservation_specification": [
              {
                "capacity_reservation_preference": "open",
                "capacity_reservation_target": []
              }
            ],
            "cpu_core_count": 1,
            "cpu_options": [
              {
                "amd_sev_snp": "",
                "core_count": 1,
                "threads_per_core": 2
              }
            ],
            "cpu_threads_per_core": 2,
            "credit_specification": [
              {
                "cpu_credits": "unlimited"
              }
            ],
            "disable_api_stop": false,
            "disable_api_termination": false,
            "ebs_block_device": [],
            "ebs_optimized": false,
            "enclave_options": [
              {
                "enabled": false
              }
            ],
            "ephemeral_block_device": [],
            "get_password_data": false,
            "hibernation": false,
            "host_id": "",
            "host_resource_group_arn": null,
            "iam_instance_profile": "kubernetes-cluster-ec2-instance-profile",
            "id": "i-0cd1b40d1819cc7ec",
            "instance_initiated_shutdown_behavior": "stop",
            "instance_lifecycle": "",
            "instance_market_options": [],
            "instance_state": "running",
            "instance_type": "t3.medium",
            "ipv6_address_count": 0,
            "ipv6_addresses": [],
            "key_name": "kubernetes-managment-key-pair",
            "launch_template": [],
            "maintenance_options": [
              {
                "auto_recovery": "default"
              }
            ],
            "metadata_options": [
              {
                "http_endpoint": "enabled",
                "http_protocol_ipv6": "disabled",
                "http_put_response_hop_limit": 1,
                "http_tokens": "optional",
                "instance_metadata_tags": "disabled"
              }
            ],
            "monitoring": false,
            "network_interface": [],
            "outpost_arn": "",
            "password_data": "",
            "placement_group": "",
            "placement_partition_number": 0,
            "primary_network_interface_id": "eni-0e41436fdab8816bb",
            "private_dns": "ip-10-0-1-80.eu-central-1.compute.internal",
            "private_dns_name_options": [
              {
                "enable_resource_name_dns_a_record": false,
                "enable_resource_name_dns_aaaa_record": false,
                "hostname_type": "ip-name"
              }
            ],
            "private_ip": "10.0.1.80",
            "public_dns": "",
            "public_ip": "",
            "root_block_device": [
              {
                "delete_on_termination": true,
                "device_name": "/dev/sda1",
                "encrypted": false,
                "iops": 100,
                "kms_key_id": "",
                "tags": {},
                "throughput": 0,
                "volume_id": "vol-0d6ec3157d943aacc",
                "volume_size": 8,
                "volume_type": "gp2"
              }
            ],
            "secondary_private_ips": [],
            "security_groups": [],
            "source_dest_check": true,
            "spot_instance_request_id": "",
            "subnet_id": "subnet-04c4cfe412941996b",
            "tags": {
              "kubernetes.io/cluster/kubernetes": "owned"
            },
            "tags_all": {
              "kubernetes.io/cluster/kubernetes": "owned"
            },
            "tenancy": "default",
            "timeouts": null,
            "user_data": null,
            "user_data_base64": null,
            "user_data_replace_on_change": false,
            "volume_tags": null,
            "vpc_security_group_ids": [
              "sg-0f2df6efe12d6dad5"
            ]
          },
          "sensitive_attributes": [],
          "private": "eyJlMmJmYjczMC1lY2FhLTExZTYtOGY4OC0zNDM2M2JjN2M0YzAiOnsiY3JlYXRlIjo2MDAwMDAwMDAwMDAsImRlbGV0ZSI6MTIwMDAwMDAwMDAwMCwidXBkYXRlIjo2MDAwMDAwMDAwMDB9LCJzY2hlbWFfdmVyc2lvbiI6IjEifQ==",
          "dependencies": [
            "aws_iam_instance_profile.kubernetes-cluster-ec2-instance-profile",
            "aws_iam_role.kubernetes-master-node-role1",
            "aws_key_pair.kubernets-ec2-key-pair",
            "aws_security_group.kubernetes-cluster-security-group",
            "aws_subnet.kubernetes-vpc-public-subnet",
            "aws_vpc.kubernetes-vpc",
            "tls_private_key.kubernetes-managment-key-pair"
          ]
        }
      ]
    },
    {
      "mode": "managed",
      "type": "aws_internet_gateway",
      "name": "kubernetes-vpc-internet-gateway",
      "provider": "provider[\"registry.terraform.io/hashicorp/aws\"]",
      "instances": [
        {
          "schema_version": 0,
          "attributes": {
            "arn": "arn:aws:ec2:eu-central-1:750353367788:internet-gateway/igw-04117d1bafd61d09d",
            "id": "igw-04117d1bafd61d09d",
            "owner_id": "750353367788",
            "tags": {
              "kubernetes.io/cluster/kubernetes": "owned"
            },
            "tags_all": {
              "kubernetes.io/cluster/kubernetes": "owned"
            },
            "timeouts": null,
            "vpc_id": "vpc-04397b8dbdc8dab7e"
          },
          "sensitive_attributes": [],
          "private": "eyJlMmJmYjczMC1lY2FhLTExZTYtOGY4OC0zNDM2M2JjN2M0YzAiOnsiY3JlYXRlIjoxMjAwMDAwMDAwMDAwLCJkZWxldGUiOjEyMDAwMDAwMDAwMDAsInVwZGF0ZSI6MTIwMDAwMDAwMDAwMH19",
          "dependencies": [
            "aws_vpc.kubernetes-vpc"
          ]
        }
      ]
    },
    {
      "mode": "managed",
      "type": "aws_key_pair",
      "name": "kubernets-ec2-key-pair",
      "provider": "provider[\"registry.terraform.io/hashicorp/aws\"]",
      "instances": [
        {
          "schema_version": 1,
          "attributes": {
            "arn": "arn:aws:ec2:eu-central-1:750353367788:key-pair/kubernetes-managment-key-pair",
            "fingerprint": "36:84:9a:90:5f:9a:92:1e:ab:12:ef:5e:ba:34:ae:d2",
            "id": "kubernetes-managment-key-pair",
            "key_name": "kubernetes-managment-key-pair",
            "key_name_prefix": "",
            "key_pair_id": "key-00cc72363600b8b32",
            "key_type": "rsa",
            "public_key": "ssh-rsa AAAAB3NzaC1yc2EAAAADAQABAAABAQC9Yo9xgj7cYhvHV1yddjD6c6j5WcNVQjDgpwLql5gKFDVTyj9IUpXxdHYkCvB4ofWBebN8QiQQmnR2QxH6Hmqy8G4bcCRIs7PGG4OQr4KBiwP1Nd+xp+EcLkSHqa/DfU1Aj7F02idny31FlEeWnTP2ecqOYOfVveVTnPEA4SIN88XtuW9RlrbdhGQ0LCj/CrKf6LtSOKP5Fm3oESHHTRydJZizK5wDSpMq9K07vZUe3mLzKNYKJSpOpG/pn0NGmXcnMvOD1i29K87TFYVb30PI0oW3TbQWS3hG/hMJ6QhQ5V4ofvGlUjFU0MDNFGEW6WirD8VDxXxaI64W3doOgt+r",
            "tags": null,
            "tags_all": {}
          },
          "sensitive_attributes": [],
          "private": "eyJzY2hlbWFfdmVyc2lvbiI6IjEifQ==",
          "dependencies": [
            "tls_private_key.kubernetes-managment-key-pair"
          ]
        }
      ]
    },
    {
      "mode": "managed",
      "type": "aws_route_table",
      "name": "kubernetes-vpc-route-table",
      "provider": "provider[\"registry.terraform.io/hashicorp/aws\"]",
      "instances": [
        {
          "schema_version": 0,
          "attributes": {
            "arn": "arn:aws:ec2:eu-central-1:750353367788:route-table/rtb-08e7db94c05e13d14",
            "id": "rtb-08e7db94c05e13d14",
            "owner_id": "750353367788",
            "propagating_vgws": [],
            "route": [
              {
                "carrier_gateway_id": "",
                "cidr_block": "0.0.0.0/0",
                "core_network_arn": "",
                "destination_prefix_list_id": "",
                "egress_only_gateway_id": "",
                "gateway_id": "igw-04117d1bafd61d09d",
                "ipv6_cidr_block": "",
                "local_gateway_id": "",
                "nat_gateway_id": "",
                "network_interface_id": "",
                "transit_gateway_id": "",
                "vpc_endpoint_id": "",
                "vpc_peering_connection_id": ""
              }
            ],
            "tags": {
              "kubernetes.io/cluster/kubernetes": "owned"
            },
            "tags_all": {
              "kubernetes.io/cluster/kubernetes": "owned"
            },
            "timeouts": null,
            "vpc_id": "vpc-04397b8dbdc8dab7e"
          },
          "sensitive_attributes": [],
          "private": "eyJlMmJmYjczMC1lY2FhLTExZTYtOGY4OC0zNDM2M2JjN2M0YzAiOnsiY3JlYXRlIjozMDAwMDAwMDAwMDAsImRlbGV0ZSI6MzAwMDAwMDAwMDAwLCJ1cGRhdGUiOjEyMDAwMDAwMDAwMH19",
          "dependencies": [
            "aws_internet_gateway.kubernetes-vpc-internet-gateway",
            "aws_vpc.kubernetes-vpc"
          ]
        }
      ]
    },
    {
      "mode": "managed",
      "type": "aws_route_table_association",
      "name": "kubernetes-vpc-route-table-associate-to-public-subnets",
      "provider": "provider[\"registry.terraform.io/hashicorp/aws\"]",
      "instances": [
        {
          "schema_version": 0,
          "attributes": {
            "gateway_id": "",
            "id": "rtbassoc-037966a1e99a62c04",
            "route_table_id": "rtb-08e7db94c05e13d14",
            "subnet_id": "subnet-04c4cfe412941996b",
            "timeouts": null
          },
          "sensitive_attributes": [],
          "private": "eyJlMmJmYjczMC1lY2FhLTExZTYtOGY4OC0zNDM2M2JjN2M0YzAiOnsiY3JlYXRlIjozMDAwMDAwMDAwMDAsImRlbGV0ZSI6MzAwMDAwMDAwMDAwLCJ1cGRhdGUiOjEyMDAwMDAwMDAwMH19",
          "dependencies": [
            "aws_internet_gateway.kubernetes-vpc-internet-gateway",
            "aws_route_table.kubernetes-vpc-route-table",
            "aws_subnet.kubernetes-vpc-public-subnet",
            "aws_vpc.kubernetes-vpc"
          ]
        }
      ]
    },
    {
      "mode": "managed",
      "type": "aws_security_group",
      "name": "kubernetes-cluster-security-group",
      "provider": "provider[\"registry.terraform.io/hashicorp/aws\"]",
      "instances": [
        {
          "schema_version": 1,
          "attributes": {
            "arn": "arn:aws:ec2:eu-central-1:750353367788:security-group/sg-0f2df6efe12d6dad5",
            "description": "Allow the Kuberntes cluster to communicate internally and to be managed externally",
            "egress": [],
            "id": "sg-0f2df6efe12d6dad5",
            "ingress": [],
            "name": "kubernetes-cluster-security-group",
            "name_prefix": "",
            "owner_id": "750353367788",
            "revoke_rules_on_delete": false,
            "tags": {
              "kubernetes.io/cluster/kubernetes": "owned"
            },
            "tags_all": {
              "kubernetes.io/cluster/kubernetes": "owned"
            },
            "timeouts": null,
            "vpc_id": "vpc-04397b8dbdc8dab7e"
          },
          "sensitive_attributes": [],
          "private": "eyJlMmJmYjczMC1lY2FhLTExZTYtOGY4OC0zNDM2M2JjN2M0YzAiOnsiY3JlYXRlIjo2MDAwMDAwMDAwMDAsImRlbGV0ZSI6OTAwMDAwMDAwMDAwfSwic2NoZW1hX3ZlcnNpb24iOiIxIn0=",
          "dependencies": [
            "aws_vpc.kubernetes-vpc"
          ]
        }
      ]
    },
    {
      "mode": "managed",
      "type": "aws_subnet",
      "name": "kubernetes-vpc-public-subnet",
      "provider": "provider[\"registry.terraform.io/hashicorp/aws\"]",
      "instances": [
        {
          "schema_version": 1,
          "attributes": {
            "arn": "arn:aws:ec2:eu-central-1:750353367788:subnet/subnet-04c4cfe412941996b",
            "assign_ipv6_address_on_creation": false,
            "availability_zone": "eu-central-1a",
            "availability_zone_id": "euc1-az2",
            "cidr_block": "10.0.1.0/24",
            "customer_owned_ipv4_pool": "",
            "enable_dns64": false,
            "enable_lni_at_device_index": 0,
            "enable_resource_name_dns_a_record_on_launch": false,
            "enable_resource_name_dns_aaaa_record_on_launch": false,
            "id": "subnet-04c4cfe412941996b",
            "ipv6_cidr_block": "",
            "ipv6_cidr_block_association_id": "",
            "ipv6_native": false,
            "map_customer_owned_ip_on_launch": false,
            "map_public_ip_on_launch": false,
            "outpost_arn": "",
            "owner_id": "750353367788",
            "private_dns_hostname_type_on_launch": "ip-name",
            "tags": {
              "kubernetes.io/cluster/kubernetes": "owned"
            },
            "tags_all": {
              "kubernetes.io/cluster/kubernetes": "owned"
            },
            "timeouts": null,
            "vpc_id": "vpc-04397b8dbdc8dab7e"
          },
          "sensitive_attributes": [],
          "private": "eyJlMmJmYjczMC1lY2FhLTExZTYtOGY4OC0zNDM2M2JjN2M0YzAiOnsiY3JlYXRlIjo2MDAwMDAwMDAwMDAsImRlbGV0ZSI6MTIwMDAwMDAwMDAwMH0sInNjaGVtYV92ZXJzaW9uIjoiMSJ9",
          "dependencies": [
            "aws_vpc.kubernetes-vpc"
          ]
        }
      ]
    },
    {
      "mode": "managed",
      "type": "aws_vpc",
      "name": "kubernetes-vpc",
      "provider": "provider[\"registry.terraform.io/hashicorp/aws\"]",
      "instances": [
        {
          "schema_version": 1,
          "attributes": {
            "arn": "arn:aws:ec2:eu-central-1:750353367788:vpc/vpc-04397b8dbdc8dab7e",
            "assign_generated_ipv6_cidr_block": false,
            "cidr_block": "10.0.0.0/16",
            "default_network_acl_id": "acl-027a8863a39b72cbc",
            "default_route_table_id": "rtb-0471efd988983f73d",
            "default_security_group_id": "sg-08eb97ce364c19415",
            "dhcp_options_id": "dopt-0e9da1acacc25594b",
            "enable_dns_hostnames": false,
            "enable_dns_support": true,
            "enable_network_address_usage_metrics": false,
            "id": "vpc-04397b8dbdc8dab7e",
            "instance_tenancy": "default",
            "ipv4_ipam_pool_id": null,
            "ipv4_netmask_length": null,
            "ipv6_association_id": "",
            "ipv6_cidr_block": "",
            "ipv6_cidr_block_network_border_group": "",
            "ipv6_ipam_pool_id": "",
            "ipv6_netmask_length": 0,
            "main_route_table_id": "rtb-0471efd988983f73d",
            "owner_id": "750353367788",
            "tags": {
              "kubernetes.io/cluster/kubernetes": "owned"
            },
            "tags_all": {
              "kubernetes.io/cluster/kubernetes": "owned"
            }
          },
          "sensitive_attributes": [],
          "private": "eyJzY2hlbWFfdmVyc2lvbiI6IjEifQ=="
        }
      ]
    },
    {
      "mode": "managed",
      "type": "aws_vpc_security_group_egress_rule",
      "name": "OutboundSecurityGroupAllowAllPublicTraffic",
      "provider": "provider[\"registry.terraform.io/hashicorp/aws\"]",
      "instances": [
        {
          "schema_version": 0,
          "attributes": {
            "arn": "arn:aws:ec2:eu-central-1:750353367788:security-group-rule/sgr-035608f6fc0714a61",
            "cidr_ipv4": "0.0.0.0/0",
            "cidr_ipv6": null,
            "description": null,
            "from_port": null,
            "id": "sgr-035608f6fc0714a61",
            "ip_protocol": "-1",
            "prefix_list_id": null,
            "referenced_security_group_id": null,
            "security_group_id": "sg-0f2df6efe12d6dad5",
            "security_group_rule_id": "sgr-035608f6fc0714a61",
            "tags": null,
            "tags_all": {},
            "to_port": null
          },
          "sensitive_attributes": [],
          "dependencies": [
            "aws_security_group.kubernetes-cluster-security-group",
            "aws_vpc.kubernetes-vpc"
          ]
        }
      ]
    },
    {
      "mode": "managed",
      "type": "aws_vpc_security_group_ingress_rule",
      "name": "InboundSecurityGroupAllowAllPrivateTraffic",
      "provider": "provider[\"registry.terraform.io/hashicorp/aws\"]",
      "instances": [
        {
          "schema_version": 0,
          "attributes": {
            "arn": "arn:aws:ec2:eu-central-1:750353367788:security-group-rule/sgr-01be577ad9f44a82c",
            "cidr_ipv4": "10.0.0.0/16",
            "cidr_ipv6": null,
            "description": null,
            "from_port": null,
            "id": "sgr-01be577ad9f44a82c",
            "ip_protocol": "-1",
            "prefix_list_id": null,
            "referenced_security_group_id": null,
            "security_group_id": "sg-0f2df6efe12d6dad5",
            "security_group_rule_id": "sgr-01be577ad9f44a82c",
            "tags": null,
            "tags_all": {},
            "to_port": null
          },
          "sensitive_attributes": [],
          "dependencies": [
            "aws_security_group.kubernetes-cluster-security-group",
            "aws_vpc.kubernetes-vpc"
          ]
        }
      ]
    },
    {
      "mode": "managed",
      "type": "aws_vpc_security_group_ingress_rule",
      "name": "InboundSecurityGroupAllowAllPublicTraffic",
      "provider": "provider[\"registry.terraform.io/hashicorp/aws\"]",
      "instances": [
        {
          "index_key": 0,
          "schema_version": 0,
          "attributes": {
            "arn": "arn:aws:ec2:eu-central-1:750353367788:security-group-rule/sgr-009312e6769a6fe05",
            "cidr_ipv4": "87.68.246.54/32",
            "cidr_ipv6": null,
            "description": null,
            "from_port": null,
            "id": "sgr-009312e6769a6fe05",
            "ip_protocol": "-1",
            "prefix_list_id": null,
            "referenced_security_group_id": null,
            "security_group_id": "sg-0f2df6efe12d6dad5",
            "security_group_rule_id": "sgr-009312e6769a6fe05",
            "tags": null,
            "tags_all": {},
            "to_port": null
          },
          "sensitive_attributes": [],
          "dependencies": [
            "aws_security_group.kubernetes-cluster-security-group",
            "aws_vpc.kubernetes-vpc",
            "data.http.MyPublicIp"
          ]
        }
      ]
    },
    {
      "mode": "managed",
      "type": "local_file",
      "name": "kubernetes-ec2-generated-public-key-file",
      "provider": "provider[\"registry.terraform.io/hashicorp/local\"]",
      "instances": [
        {
          "schema_version": 0,
          "attributes": {
            "content": "-----BEGIN RSA PRIVATE KEY-----\nMIIEpAIBAAKCAQEAvWKPcYI+3GIbx1dcnXYw+nOo+VnDVUIw4KcC6peYChQ1U8o/\nSFKV8XR2JArweKH1gXmzfEIkEJp0dkMR+h5qsvBuG3AkSLOzxhuDkK+CgYsD9TXf\nsafhHC5Eh6mvw31NQI+xdNonZ8t9RZRHlp0z9nnKjmDn1b3lU5zxAOEiDfPF7blv\nUZa23YRkNCwo/wqyn+i7Ujij+RZt6BEhx00cnSWYsyucA0qTKvStO72VHt5i8yjW\nCiUqTqRv6Z9DRpl3JzLzg9YtvSvO0xWFW99DyNKFt020Fkt4Rv4TCekIUOVeKH7x\npVIxVNDAzRRhFuloqw/FQ8V8WiOuFt3aDoLfqwIDAQABAoIBAENABH/iKEBJ9mNK\n+nBP0ASfnZkt7tcPshuUMszrF+o8UtN2NhKQgP5ExM73s3yixnM7rCirs/LRZhm4\np2GR+4GfLvo/UCMg7O2kR4vRRx6JJtakUtLbMmy3YU5rSya4D/6lB/beoK+S6uES\nTnmFSTZ0+SCl+K1FyXFvgYU2bMlW8nx2zaJgwMDoedNrtwgbXAhdPRWaA/pbKYHM\nGD12uZlv2nJXe2u39tRltyyapBdWxegCyvoW4Ea7xw1Eh21UURuRyPFVhIiJRQSe\nicsJJCsbWPeEWureFrJFzEiiEgSl6Num4LKM9/CPGsKfZUX5wJ2pdNXZIRAohJxe\nBgB5CgECgYEA6j6kBPcPaiFRulwwOZJxkjcjiKCVeNpkqIAvitSm4Z9QNS+kkmAR\nbEkXRRX7CV+ZMT9T3U2VbMOaMkoZOpb1iTsr2f2LSjLiME1v5caKrtW3TTq2FIfk\nirhrDoDFnz4E/Jz/bFdbT2pqzicoQytg64agYJk9q33mncHvjqrWUqECgYEAzvlY\nAqxjiUNEww6/tuJoU9mTaqHlEKvFtIruxIQhF7NeA6eWX+7eThVibX16jU82FoXj\nBOpNcsRfiiyNdmezb2ASUH3y/17WoGSx34tEC8tsI2wqTAzZ16Po1hZmnYmXzmMb\nlvo2IQpxFnI9slJUwjsd9pUUi1Lv1TppvH1LGssCgYAKLBo3VPtIYpYH/8TgWymv\nbdGPN1oGW4WPg7GM19s/ZQm4pY8CBEX9a9ck2uWB7LLcXqGntJzOklf54xnhX3je\nMsGev9HysO79pf87/Tk8im9hXTFXBue31nZftNvgJHNW/QJilBCVDEwDE9Q9xn54\n++mvCDiTX+5J34glq+mOwQKBgQCoHP/PrBZtN6ZyiVhPRDdZZDDJPBbDI8LCkta9\n6FS424hRj54k7fDDm7sHFBSnEt/sC3QKWgXuYnL32JhOxIyKuo4lsyfdJTtPrHqO\nCKCMs/5yBzmT7BxFe21z914CN/CGQxn11+Z/j+urP7+9SAJwgXQlBZJaWFNV7sxT\nvbFzYQKBgQDAoqtOQvaS/sWCHxLWe0AtakW45eTSnL6Zz8YDDiTeXfHZ2E7pqaHF\nKAFEUxrNL4SiL7zjcdkRQWU1qycoCKMRo3U++B73o+UlWYIP6aijouBJSfxuy0a8\nl3N8hWP/OxJsF5flSJCDKfN0P7zRBOgsO1accJjqriUIs4PRNFW5xQ==\n-----END RSA PRIVATE KEY-----\n",
            "content_base64": null,
            "content_base64sha256": "hH9sEqTvjyZ0Z12xkv+rXrFzSAPkQgMCHyO8z1TmrJA=",
            "content_base64sha512": "CdC3hLtW8DqZkhzewVtfmqHpY+ASTLu880ihnD+YScqWvKnURVUintKCITa36X5AlR2C/DdMIZQI+i8gF/zi6w==",
            "content_md5": "5e7649388ce9e78373fb06e4328616bc",
            "content_sha1": "614ecdb392261576314bb0f92050cd602d2d37d9",
            "content_sha256": "847f6c12a4ef8f2674675db192ffab5eb1734803e44203021f23bccf54e6ac90",
            "content_sha512": "09d0b784bb56f03a99921cdec15b5f9aa1e963e0124cbbbcf348a19c3f9849ca96bca9d44555229ed2822136b7e97e40951d82fc374c219408fa2f2017fce2eb",
            "directory_permission": "0777",
            "file_permission": "0400",
            "filename": "../../PrivateFiles/kubernetes-managment-key-pair-private.pem",
            "id": "614ecdb392261576314bb0f92050cd602d2d37d9",
            "sensitive_content": null,
            "source": null
          },
          "sensitive_attributes": [
            [
              {
                "type": "get_attr",
                "value": "content"
              }
            ]
          ],
          "dependencies": [
            "tls_private_key.kubernetes-managment-key-pair"
          ]
        }
      ]
    },
    {
      "mode": "managed",
      "type": "tls_private_key",
      "name": "kubernetes-managment-key-pair",
      "provider": "provider[\"registry.terraform.io/hashicorp/tls\"]",
      "instances": [
        {
          "schema_version": 1,
          "attributes": {
            "algorithm": "RSA",
            "ecdsa_curve": "P224",
            "id": "8cc5f3e120e20610356cf2c7d877f87225e1be3b",
            "private_key_openssh": "-----BEGIN OPENSSH PRIVATE KEY-----\nb3BlbnNzaC1rZXktdjEAAAAABG5vbmUAAAAEbm9uZQAAAAAAAAABAAABFwAAAAdz\nc2gtcnNhAAAAAwEAAQAAAQEAvWKPcYI+3GIbx1dcnXYw+nOo+VnDVUIw4KcC6peY\nChQ1U8o/SFKV8XR2JArweKH1gXmzfEIkEJp0dkMR+h5qsvBuG3AkSLOzxhuDkK+C\ngYsD9TXfsafhHC5Eh6mvw31NQI+xdNonZ8t9RZRHlp0z9nnKjmDn1b3lU5zxAOEi\nDfPF7blvUZa23YRkNCwo/wqyn+i7Ujij+RZt6BEhx00cnSWYsyucA0qTKvStO72V\nHt5i8yjWCiUqTqRv6Z9DRpl3JzLzg9YtvSvO0xWFW99DyNKFt020Fkt4Rv4TCekI\nUOVeKH7xpVIxVNDAzRRhFuloqw/FQ8V8WiOuFt3aDoLfqwAAA7gVDhIOFQ4SDgAA\nAAdzc2gtcnNhAAABAQC9Yo9xgj7cYhvHV1yddjD6c6j5WcNVQjDgpwLql5gKFDVT\nyj9IUpXxdHYkCvB4ofWBebN8QiQQmnR2QxH6Hmqy8G4bcCRIs7PGG4OQr4KBiwP1\nNd+xp+EcLkSHqa/DfU1Aj7F02idny31FlEeWnTP2ecqOYOfVveVTnPEA4SIN88Xt\nuW9RlrbdhGQ0LCj/CrKf6LtSOKP5Fm3oESHHTRydJZizK5wDSpMq9K07vZUe3mLz\nKNYKJSpOpG/pn0NGmXcnMvOD1i29K87TFYVb30PI0oW3TbQWS3hG/hMJ6QhQ5V4o\nfvGlUjFU0MDNFGEW6WirD8VDxXxaI64W3doOgt+rAAAAAwEAAQAAAQBDQAR/4ihA\nSfZjSvpwT9AEn52ZLe7XD7IblDLM6xfqPFLTdjYSkID+RMTO97N8osZzO6woq7Py\n0WYZuKdhkfuBny76P1AjIOztpEeL0UceiSbWpFLS2zJst2FOa0smuA/+pQf23qCv\nkurhEk55hUk2dPkgpfitRclxb4GFNmzJVvJ8ds2iYMDA6HnTa7cIG1wIXT0VmgP6\nWymBzBg9drmZb9pyV3trt/bUZbcsmqQXVsXoAsr6FuBGu8cNRIdtVFEbkcjxVYSI\niUUEnonLCSQrG1j3hFrq3hayRcxIohIEpejbpuCyjPfwjxrCn2VF+cCdqXTV2SEQ\nKIScXgYAeQoBAAAAgQDAoqtOQvaS/sWCHxLWe0AtakW45eTSnL6Zz8YDDiTeXfHZ\n2E7pqaHFKAFEUxrNL4SiL7zjcdkRQWU1qycoCKMRo3U++B73o+UlWYIP6aijouBJ\nSfxuy0a8l3N8hWP/OxJsF5flSJCDKfN0P7zRBOgsO1accJjqriUIs4PRNFW5xQAA\nAIEA6j6kBPcPaiFRulwwOZJxkjcjiKCVeNpkqIAvitSm4Z9QNS+kkmARbEkXRRX7\nCV+ZMT9T3U2VbMOaMkoZOpb1iTsr2f2LSjLiME1v5caKrtW3TTq2FIfkirhrDoDF\nnz4E/Jz/bFdbT2pqzicoQytg64agYJk9q33mncHvjqrWUqEAAACBAM75WAKsY4lD\nRMMOv7biaFPZk2qh5RCrxbSK7sSEIRezXgOnll/u3k4VYm19eo1PNhaF4wTqTXLE\nX4osjXZns29gElB98v9e1qBksd+LRAvLbCNsKkwM2dej6NYWZp2Jl85jG5b6NiEK\ncRZyPbJSVMI7HfaVFItS79U6abx9SxrLAAAAAAEC\n-----END OPENSSH PRIVATE KEY-----\n",
            "private_key_pem": "-----BEGIN RSA PRIVATE KEY-----\nMIIEpAIBAAKCAQEAvWKPcYI+3GIbx1dcnXYw+nOo+VnDVUIw4KcC6peYChQ1U8o/\nSFKV8XR2JArweKH1gXmzfEIkEJp0dkMR+h5qsvBuG3AkSLOzxhuDkK+CgYsD9TXf\nsafhHC5Eh6mvw31NQI+xdNonZ8t9RZRHlp0z9nnKjmDn1b3lU5zxAOEiDfPF7blv\nUZa23YRkNCwo/wqyn+i7Ujij+RZt6BEhx00cnSWYsyucA0qTKvStO72VHt5i8yjW\nCiUqTqRv6Z9DRpl3JzLzg9YtvSvO0xWFW99DyNKFt020Fkt4Rv4TCekIUOVeKH7x\npVIxVNDAzRRhFuloqw/FQ8V8WiOuFt3aDoLfqwIDAQABAoIBAENABH/iKEBJ9mNK\n+nBP0ASfnZkt7tcPshuUMszrF+o8UtN2NhKQgP5ExM73s3yixnM7rCirs/LRZhm4\np2GR+4GfLvo/UCMg7O2kR4vRRx6JJtakUtLbMmy3YU5rSya4D/6lB/beoK+S6uES\nTnmFSTZ0+SCl+K1FyXFvgYU2bMlW8nx2zaJgwMDoedNrtwgbXAhdPRWaA/pbKYHM\nGD12uZlv2nJXe2u39tRltyyapBdWxegCyvoW4Ea7xw1Eh21UURuRyPFVhIiJRQSe\nicsJJCsbWPeEWureFrJFzEiiEgSl6Num4LKM9/CPGsKfZUX5wJ2pdNXZIRAohJxe\nBgB5CgECgYEA6j6kBPcPaiFRulwwOZJxkjcjiKCVeNpkqIAvitSm4Z9QNS+kkmAR\nbEkXRRX7CV+ZMT9T3U2VbMOaMkoZOpb1iTsr2f2LSjLiME1v5caKrtW3TTq2FIfk\nirhrDoDFnz4E/Jz/bFdbT2pqzicoQytg64agYJk9q33mncHvjqrWUqECgYEAzvlY\nAqxjiUNEww6/tuJoU9mTaqHlEKvFtIruxIQhF7NeA6eWX+7eThVibX16jU82FoXj\nBOpNcsRfiiyNdmezb2ASUH3y/17WoGSx34tEC8tsI2wqTAzZ16Po1hZmnYmXzmMb\nlvo2IQpxFnI9slJUwjsd9pUUi1Lv1TppvH1LGssCgYAKLBo3VPtIYpYH/8TgWymv\nbdGPN1oGW4WPg7GM19s/ZQm4pY8CBEX9a9ck2uWB7LLcXqGntJzOklf54xnhX3je\nMsGev9HysO79pf87/Tk8im9hXTFXBue31nZftNvgJHNW/QJilBCVDEwDE9Q9xn54\n++mvCDiTX+5J34glq+mOwQKBgQCoHP/PrBZtN6ZyiVhPRDdZZDDJPBbDI8LCkta9\n6FS424hRj54k7fDDm7sHFBSnEt/sC3QKWgXuYnL32JhOxIyKuo4lsyfdJTtPrHqO\nCKCMs/5yBzmT7BxFe21z914CN/CGQxn11+Z/j+urP7+9SAJwgXQlBZJaWFNV7sxT\nvbFzYQKBgQDAoqtOQvaS/sWCHxLWe0AtakW45eTSnL6Zz8YDDiTeXfHZ2E7pqaHF\nKAFEUxrNL4SiL7zjcdkRQWU1qycoCKMRo3U++B73o+UlWYIP6aijouBJSfxuy0a8\nl3N8hWP/OxJsF5flSJCDKfN0P7zRBOgsO1accJjqriUIs4PRNFW5xQ==\n-----END RSA PRIVATE KEY-----\n",
            "private_key_pem_pkcs8": "-----BEGIN PRIVATE KEY-----\nMIIEvgIBADANBgkqhkiG9w0BAQEFAASCBKgwggSkAgEAAoIBAQC9Yo9xgj7cYhvH\nV1yddjD6c6j5WcNVQjDgpwLql5gKFDVTyj9IUpXxdHYkCvB4ofWBebN8QiQQmnR2\nQxH6Hmqy8G4bcCRIs7PGG4OQr4KBiwP1Nd+xp+EcLkSHqa/DfU1Aj7F02idny31F\nlEeWnTP2ecqOYOfVveVTnPEA4SIN88XtuW9RlrbdhGQ0LCj/CrKf6LtSOKP5Fm3o\nESHHTRydJZizK5wDSpMq9K07vZUe3mLzKNYKJSpOpG/pn0NGmXcnMvOD1i29K87T\nFYVb30PI0oW3TbQWS3hG/hMJ6QhQ5V4ofvGlUjFU0MDNFGEW6WirD8VDxXxaI64W\n3doOgt+rAgMBAAECggEAQ0AEf+IoQEn2Y0r6cE/QBJ+dmS3u1w+yG5QyzOsX6jxS\n03Y2EpCA/kTEzvezfKLGczusKKuz8tFmGbinYZH7gZ8u+j9QIyDs7aRHi9FHHokm\n1qRS0tsybLdhTmtLJrgP/qUH9t6gr5Lq4RJOeYVJNnT5IKX4rUXJcW+BhTZsyVby\nfHbNomDAwOh502u3CBtcCF09FZoD+lspgcwYPXa5mW/acld7a7f21GW3LJqkF1bF\n6ALK+hbgRrvHDUSHbVRRG5HI8VWEiIlFBJ6JywkkKxtY94Ra6t4WskXMSKISBKXo\n26bgsoz38I8awp9lRfnAnal01dkhECiEnF4GAHkKAQKBgQDqPqQE9w9qIVG6XDA5\nknGSNyOIoJV42mSogC+K1Kbhn1A1L6SSYBFsSRdFFfsJX5kxP1PdTZVsw5oyShk6\nlvWJOyvZ/YtKMuIwTW/lxoqu1bdNOrYUh+SKuGsOgMWfPgT8nP9sV1tPamrOJyhD\nK2DrhqBgmT2rfeadwe+OqtZSoQKBgQDO+VgCrGOJQ0TDDr+24mhT2ZNqoeUQq8W0\niu7EhCEXs14Dp5Zf7t5OFWJtfXqNTzYWheME6k1yxF+KLI12Z7NvYBJQffL/Xtag\nZLHfi0QLy2wjbCpMDNnXo+jWFmadiZfOYxuW+jYhCnEWcj2yUlTCOx32lRSLUu/V\nOmm8fUsaywKBgAosGjdU+0hilgf/xOBbKa9t0Y83WgZbhY+DsYzX2z9lCbiljwIE\nRf1r1yTa5YHsstxeoae0nM6SV/njGeFfeN4ywZ6/0fKw7v2l/zv9OTyKb2FdMVcG\n57fWdl+02+Akc1b9AmKUEJUMTAMT1D3Gfnj76a8IOJNf7knfiCWr6Y7BAoGBAKgc\n/8+sFm03pnKJWE9EN1lkMMk8FsMjwsKS1r3oVLjbiFGPniTt8MObuwcUFKcS3+wL\ndApaBe5icvfYmE7EjIq6jiWzJ90lO0+seo4IoIyz/nIHOZPsHEV7bXP3XgI38IZD\nGfXX5n+P66s/v71IAnCBdCUFklpYU1XuzFO9sXNhAoGBAMCiq05C9pL+xYIfEtZ7\nQC1qRbjl5NKcvpnPxgMOJN5d8dnYTumpocUoAURTGs0vhKIvvONx2RFBZTWrJygI\noxGjdT74Hvej5SVZgg/pqKOi4ElJ/G7LRryXc3yFY/87EmwXl+VIkIMp83Q/vNEE\n6Cw7VpxwmOquJQizg9E0VbnF\n-----END PRIVATE KEY-----\n",
            "public_key_fingerprint_md5": "5a:9f:a7:66:d6:cb:1f:5f:2d:a8:94:c6:76:66:76:d9",
            "public_key_fingerprint_sha256": "SHA256:SjjTOjU0PEkCHTfvHAbVJP49+QkwyWGPN8lsIUH7wpo",
            "public_key_openssh": "ssh-rsa AAAAB3NzaC1yc2EAAAADAQABAAABAQC9Yo9xgj7cYhvHV1yddjD6c6j5WcNVQjDgpwLql5gKFDVTyj9IUpXxdHYkCvB4ofWBebN8QiQQmnR2QxH6Hmqy8G4bcCRIs7PGG4OQr4KBiwP1Nd+xp+EcLkSHqa/DfU1Aj7F02idny31FlEeWnTP2ecqOYOfVveVTnPEA4SIN88XtuW9RlrbdhGQ0LCj/CrKf6LtSOKP5Fm3oESHHTRydJZizK5wDSpMq9K07vZUe3mLzKNYKJSpOpG/pn0NGmXcnMvOD1i29K87TFYVb30PI0oW3TbQWS3hG/hMJ6QhQ5V4ofvGlUjFU0MDNFGEW6WirD8VDxXxaI64W3doOgt+r\n",
            "public_key_pem": "-----BEGIN PUBLIC KEY-----\nMIIBIjANBgkqhkiG9w0BAQEFAAOCAQ8AMIIBCgKCAQEAvWKPcYI+3GIbx1dcnXYw\n+nOo+VnDVUIw4KcC6peYChQ1U8o/SFKV8XR2JArweKH1gXmzfEIkEJp0dkMR+h5q\nsvBuG3AkSLOzxhuDkK+CgYsD9TXfsafhHC5Eh6mvw31NQI+xdNonZ8t9RZRHlp0z\n9nnKjmDn1b3lU5zxAOEiDfPF7blvUZa23YRkNCwo/wqyn+i7Ujij+RZt6BEhx00c\nnSWYsyucA0qTKvStO72VHt5i8yjWCiUqTqRv6Z9DRpl3JzLzg9YtvSvO0xWFW99D\nyNKFt020Fkt4Rv4TCekIUOVeKH7xpVIxVNDAzRRhFuloqw/FQ8V8WiOuFt3aDoLf\nqwIDAQAB\n-----END PUBLIC KEY-----\n",
            "rsa_bits": 2048
          },
          "sensitive_attributes": []
        }
      ]
    }
  ],
  "check_results": null
}
