{
  "version": 4,
  "terraform_version": "1.6.6",
  "serial": 188,
  "lineage": "617f3915-3d51-4159-64c7-9d3c6efe26be",
  "outputs": {},
  "resources": [
    {
      "mode": "managed",
      "type": "aws_eip",
      "name": "kubernetes-cluster-ec2-elastic-ip",
      "provider": "provider[\"registry.terraform.io/hashicorp/aws\"]",
      "instances": [
        {
          "schema_version": 0,
          "attributes": {
            "address": null,
            "allocation_id": "eipalloc-0b816e3b43cc087d0",
            "associate_with_private_ip": null,
            "association_id": "eipassoc-032029b20b2bf1f83",
            "carrier_ip": "",
            "customer_owned_ip": "",
            "customer_owned_ipv4_pool": "",
            "domain": "vpc",
            "id": "eipalloc-0b816e3b43cc087d0",
            "instance": "i-0c4ef190ba49721b2",
            "network_border_group": "eu-central-1",
            "network_interface": "eni-014788e08ce36ee81",
            "private_dns": "ip-10-0-1-59.eu-central-1.compute.internal",
            "private_ip": "10.0.1.59",
            "public_dns": "ec2-3-74-255-188.eu-central-1.compute.amazonaws.com",
            "public_ip": "3.74.255.188",
            "public_ipv4_pool": "amazon",
            "tags": {},
            "tags_all": {},
            "timeouts": null,
            "vpc": true
          },
          "sensitive_attributes": [],
          "private": "eyJlMmJmYjczMC1lY2FhLTExZTYtOGY4OC0zNDM2M2JjN2M0YzAiOnsiZGVsZXRlIjoxODAwMDAwMDAwMDAsInJlYWQiOjkwMDAwMDAwMDAwMCwidXBkYXRlIjozMDAwMDAwMDAwMDB9fQ==",
          "dependencies": [
            "aws_iam_instance_profile.kubernetes-cluster-ec2-instance-profile",
            "aws_iam_role.kubernetes-master-node-role1",
            "aws_instance.kubernetes-cluster-ec2",
            "aws_key_pair.kubernets-ec2-key-pair",
            "aws_security_group.kubernetes-cluster-security-group",
            "aws_subnet.kubernetes-vpc-public-subnet",
            "aws_vpc.kubernetes-vpc",
            "tls_private_key.kubernetes-managment-key-pair"
          ]
        }
      ]
    },
    {
      "mode": "managed",
      "type": "aws_iam_instance_profile",
      "name": "kubernetes-cluster-ec2-instance-profile",
      "provider": "provider[\"registry.terraform.io/hashicorp/aws\"]",
      "instances": [
        {
          "schema_version": 0,
          "attributes": {
            "arn": "arn:aws:iam::750353367788:instance-profile/kubernetes-cluster-ec2-instance-profile",
            "create_date": "2024-01-14T17:28:04Z",
            "id": "kubernetes-cluster-ec2-instance-profile",
            "name": "kubernetes-cluster-ec2-instance-profile",
            "name_prefix": "",
            "path": "/",
            "role": "kubernetes-master-node-role1",
            "tags": {},
            "tags_all": {},
            "unique_id": "AIPA25NELYLWLFBEAIBI7"
          },
          "sensitive_attributes": [],
          "private": "bnVsbA==",
          "dependencies": [
            "aws_iam_role.kubernetes-master-node-role1"
          ]
        }
      ]
    },
    {
      "mode": "managed",
      "type": "aws_iam_policy",
      "name": "kubernetes-master-node-policy1",
      "provider": "provider[\"registry.terraform.io/hashicorp/aws\"]",
      "instances": [
        {
          "schema_version": 0,
          "attributes": {
            "arn": "arn:aws:iam::750353367788:policy/kubernetes-master-node-policy1",
            "description": "",
            "id": "arn:aws:iam::750353367788:policy/kubernetes-master-node-policy1",
            "name": "kubernetes-master-node-policy1",
            "name_prefix": "",
            "path": "/",
            "policy": "{\"Statement\":[{\"Action\":[\"autoscaling:DescribeAutoScalingGroups\",\"autoscaling:DescribeLaunchConfigurations\",\"autoscaling:DescribeTags\",\"ec2:DescribeInstances\",\"ec2:DescribeRegions\",\"ec2:DescribeRouteTables\",\"ec2:DescribeSecurityGroups\",\"ec2:DescribeSubnets\",\"ec2:DescribeVolumes\",\"ec2:CreateSecurityGroup\",\"ec2:CreateTags\",\"ec2:CreateVolume\",\"ec2:ModifyInstanceAttribute\",\"ec2:ModifyVolume\",\"ec2:AttachVolume\",\"ec2:AuthorizeSecurityGroupIngress\",\"ec2:CreateRoute\",\"ec2:DeleteRoute\",\"ec2:DeleteSecurityGroup\",\"ec2:DeleteVolume\",\"ec2:DetachVolume\",\"ec2:RevokeSecurityGroupIngress\",\"ec2:DescribeVpcs\",\"elasticloadbalancing:AddTags\",\"elasticloadbalancing:AttachLoadBalancerToSubnets\",\"elasticloadbalancing:ApplySecurityGroupsToLoadBalancer\",\"elasticloadbalancing:CreateLoadBalancer\",\"elasticloadbalancing:CreateLoadBalancerPolicy\",\"elasticloadbalancing:CreateLoadBalancerListeners\",\"elasticloadbalancing:ConfigureHealthCheck\",\"elasticloadbalancing:DeleteLoadBalancer\",\"elasticloadbalancing:DeleteLoadBalancerListeners\",\"elasticloadbalancing:DescribeLoadBalancers\",\"elasticloadbalancing:DescribeLoadBalancerAttributes\",\"elasticloadbalancing:DetachLoadBalancerFromSubnets\",\"elasticloadbalancing:DeregisterInstancesFromLoadBalancer\",\"elasticloadbalancing:ModifyLoadBalancerAttributes\",\"elasticloadbalancing:RegisterInstancesWithLoadBalancer\",\"elasticloadbalancing:SetLoadBalancerPoliciesForBackendServer\",\"elasticloadbalancing:AddTags\",\"elasticloadbalancing:CreateListener\",\"elasticloadbalancing:CreateTargetGroup\",\"elasticloadbalancing:DeleteListener\",\"elasticloadbalancing:DeleteTargetGroup\",\"elasticloadbalancing:DescribeListeners\",\"elasticloadbalancing:DescribeLoadBalancerPolicies\",\"elasticloadbalancing:DescribeTargetGroups\",\"elasticloadbalancing:DescribeTargetHealth\",\"elasticloadbalancing:ModifyListener\",\"elasticloadbalancing:ModifyTargetGroup\",\"elasticloadbalancing:RegisterTargets\",\"elasticloadbalancing:SetLoadBalancerPoliciesOfListener\",\"iam:CreateServiceLinkedRole\",\"kms:DescribeKey\"],\"Effect\":\"Allow\",\"Resource\":[\"*\"]}],\"Version\":\"2012-10-17\"}",
            "policy_id": "ANPA25NELYLWC3GZICWOI",
            "tags": {
              "kubernetes.io/cluster/kubernetes": "owned"
            },
            "tags_all": {
              "kubernetes.io/cluster/kubernetes": "owned"
            }
          },
          "sensitive_attributes": [],
          "private": "bnVsbA=="
        }
      ]
    },
    {
      "mode": "managed",
      "type": "aws_iam_policy",
      "name": "kubernetes-worker-node-policy1",
      "provider": "provider[\"registry.terraform.io/hashicorp/aws\"]",
      "instances": [
        {
          "schema_version": 0,
          "attributes": {
            "arn": "arn:aws:iam::750353367788:policy/kubernetes-worker-node-policy1",
            "description": "",
            "id": "arn:aws:iam::750353367788:policy/kubernetes-worker-node-policy1",
            "name": "kubernetes-worker-node-policy1",
            "name_prefix": "",
            "path": "/",
            "policy": "{\"Statement\":[{\"Action\":[\"ec2:DescribeInstances\",\"ec2:DescribeRegions\",\"ecr:GetAuthorizationToken\",\"ecr:BatchCheckLayerAvailability\",\"ecr:GetDownloadUrlForLayer\",\"ecr:GetRepositoryPolicy\",\"ecr:DescribeRepositories\",\"ecr:ListImages\",\"ecr:BatchGetImage\"],\"Effect\":\"Allow\",\"Resource\":\"*\"}],\"Version\":\"2012-10-17\"}",
            "policy_id": "ANPA25NELYLWBIW7UFEKU",
            "tags": {
              "kubernetes.io/cluster/kubernetes": "owned"
            },
            "tags_all": {
              "kubernetes.io/cluster/kubernetes": "owned"
            }
          },
          "sensitive_attributes": [],
          "private": "bnVsbA=="
        }
      ]
    },
    {
      "mode": "managed",
      "type": "aws_iam_policy_attachment",
      "name": "kubernetes-master-node-role-policy-attachment-master-policy",
      "provider": "provider[\"registry.terraform.io/hashicorp/aws\"]",
      "instances": [
        {
          "schema_version": 0,
          "attributes": {
            "groups": [],
            "id": "kubernetes-master-node-role-policy-attachment-master-policy",
            "name": "kubernetes-master-node-role-policy-attachment-master-policy",
            "policy_arn": "arn:aws:iam::750353367788:policy/kubernetes-master-node-policy1",
            "roles": [
              "kubernetes-master-node-role1"
            ],
            "users": []
          },
          "sensitive_attributes": [],
          "private": "bnVsbA==",
          "dependencies": [
            "aws_iam_policy.kubernetes-master-node-policy1",
            "aws_iam_role.kubernetes-master-node-role1"
          ]
        }
      ]
    },
    {
      "mode": "managed",
      "type": "aws_iam_policy_attachment",
      "name": "kubernetes-master-node-role-policy-attachment-worker-policy",
      "provider": "provider[\"registry.terraform.io/hashicorp/aws\"]",
      "instances": [
        {
          "schema_version": 0,
          "attributes": {
            "groups": [],
            "id": "kubernetes-master-node-role-policy-attachment-worker-policy",
            "name": "kubernetes-master-node-role-policy-attachment-worker-policy",
            "policy_arn": "arn:aws:iam::750353367788:policy/kubernetes-worker-node-policy1",
            "roles": [
              "kubernetes-master-node-role1"
            ],
            "users": []
          },
          "sensitive_attributes": [],
          "private": "bnVsbA==",
          "dependencies": [
            "aws_iam_policy.kubernetes-worker-node-policy1",
            "aws_iam_role.kubernetes-master-node-role1"
          ]
        }
      ]
    },
    {
      "mode": "managed",
      "type": "aws_iam_role",
      "name": "kubernetes-master-node-role1",
      "provider": "provider[\"registry.terraform.io/hashicorp/aws\"]",
      "instances": [
        {
          "schema_version": 0,
          "attributes": {
            "arn": "arn:aws:iam::750353367788:role/kubernetes-master-node-role1",
            "assume_role_policy": "{\"Statement\":[{\"Action\":\"sts:AssumeRole\",\"Effect\":\"Allow\",\"Principal\":{\"Service\":\"ec2.amazonaws.com\"}}],\"Version\":\"2012-10-17\"}",
            "create_date": "2024-01-14T17:28:04Z",
            "description": "",
            "force_detach_policies": false,
            "id": "kubernetes-master-node-role1",
            "inline_policy": [],
            "managed_policy_arns": [
              "arn:aws:iam::750353367788:policy/kubernetes-master-node-policy1",
              "arn:aws:iam::750353367788:policy/kubernetes-worker-node-policy1"
            ],
            "max_session_duration": 3600,
            "name": "kubernetes-master-node-role1",
            "name_prefix": "",
            "path": "/",
            "permissions_boundary": "",
            "tags": {
              "kubernetes.io/cluster/kubernetes": "owned"
            },
            "tags_all": {
              "kubernetes.io/cluster/kubernetes": "owned"
            },
            "unique_id": "AROA25NELYLWD56PXR23H"
          },
          "sensitive_attributes": [],
          "private": "bnVsbA=="
        }
      ]
    },
    {
      "mode": "managed",
      "type": "aws_instance",
      "name": "kubernetes-cluster-ec2",
      "provider": "provider[\"registry.terraform.io/hashicorp/aws\"]",
      "instances": [
        {
          "schema_version": 1,
          "attributes": {
            "ami": "ami-0faab6bdbac9486fb",
            "arn": "arn:aws:ec2:eu-central-1:750353367788:instance/i-0c4ef190ba49721b2",
            "associate_public_ip_address": true,
            "availability_zone": "eu-central-1a",
            "capacity_reservation_specification": [
              {
                "capacity_reservation_preference": "open",
                "capacity_reservation_target": []
              }
            ],
            "cpu_core_count": 1,
            "cpu_options": [
              {
                "amd_sev_snp": "",
                "core_count": 1,
                "threads_per_core": 2
              }
            ],
            "cpu_threads_per_core": 2,
            "credit_specification": [
              {
                "cpu_credits": "unlimited"
              }
            ],
            "disable_api_stop": false,
            "disable_api_termination": false,
            "ebs_block_device": [],
            "ebs_optimized": false,
            "enclave_options": [
              {
                "enabled": false
              }
            ],
            "ephemeral_block_device": [],
            "get_password_data": false,
            "hibernation": false,
            "host_id": "",
            "host_resource_group_arn": null,
            "iam_instance_profile": "kubernetes-cluster-ec2-instance-profile",
            "id": "i-0c4ef190ba49721b2",
            "instance_initiated_shutdown_behavior": "stop",
            "instance_lifecycle": "",
            "instance_market_options": [],
            "instance_state": "running",
            "instance_type": "t3.medium",
            "ipv6_address_count": 0,
            "ipv6_addresses": [],
            "key_name": "kubernetes-managment-key-pair",
            "launch_template": [],
            "maintenance_options": [
              {
                "auto_recovery": "default"
              }
            ],
            "metadata_options": [
              {
                "http_endpoint": "enabled",
                "http_protocol_ipv6": "disabled",
                "http_put_response_hop_limit": 1,
                "http_tokens": "optional",
                "instance_metadata_tags": "disabled"
              }
            ],
            "monitoring": false,
            "network_interface": [],
            "outpost_arn": "",
            "password_data": "",
            "placement_group": "",
            "placement_partition_number": 0,
            "primary_network_interface_id": "eni-014788e08ce36ee81",
            "private_dns": "ip-10-0-1-59.eu-central-1.compute.internal",
            "private_dns_name_options": [
              {
                "enable_resource_name_dns_a_record": false,
                "enable_resource_name_dns_aaaa_record": false,
                "hostname_type": "ip-name"
              }
            ],
            "private_ip": "10.0.1.59",
            "public_dns": "",
            "public_ip": "3.74.255.188",
            "root_block_device": [
              {
                "delete_on_termination": true,
                "device_name": "/dev/sda1",
                "encrypted": false,
                "iops": 100,
                "kms_key_id": "",
                "tags": {},
                "throughput": 0,
                "volume_id": "vol-01c669e3a94440ae3",
                "volume_size": 8,
                "volume_type": "gp2"
              }
            ],
            "secondary_private_ips": [],
            "security_groups": [],
            "source_dest_check": true,
            "spot_instance_request_id": "",
            "subnet_id": "subnet-01c66428ea5f3f169",
            "tags": {
              "kubernetes.io/cluster/kubernetes": "owned"
            },
            "tags_all": {
              "kubernetes.io/cluster/kubernetes": "owned"
            },
            "tenancy": "default",
            "timeouts": null,
            "user_data": null,
            "user_data_base64": null,
            "user_data_replace_on_change": false,
            "volume_tags": null,
            "vpc_security_group_ids": [
              "sg-091109bf098f9018d"
            ]
          },
          "sensitive_attributes": [],
          "private": "eyJlMmJmYjczMC1lY2FhLTExZTYtOGY4OC0zNDM2M2JjN2M0YzAiOnsiY3JlYXRlIjo2MDAwMDAwMDAwMDAsImRlbGV0ZSI6MTIwMDAwMDAwMDAwMCwidXBkYXRlIjo2MDAwMDAwMDAwMDB9LCJzY2hlbWFfdmVyc2lvbiI6IjEifQ==",
          "dependencies": [
            "aws_iam_instance_profile.kubernetes-cluster-ec2-instance-profile",
            "aws_iam_role.kubernetes-master-node-role1",
            "aws_key_pair.kubernets-ec2-key-pair",
            "aws_security_group.kubernetes-cluster-security-group",
            "aws_subnet.kubernetes-vpc-public-subnet",
            "aws_vpc.kubernetes-vpc",
            "tls_private_key.kubernetes-managment-key-pair"
          ]
        }
      ]
    },
    {
      "mode": "managed",
      "type": "aws_internet_gateway",
      "name": "kubernetes-vpc-internet-gateway",
      "provider": "provider[\"registry.terraform.io/hashicorp/aws\"]",
      "instances": [
        {
          "schema_version": 0,
          "attributes": {
            "arn": "arn:aws:ec2:eu-central-1:750353367788:internet-gateway/igw-0072972d743c78d14",
            "id": "igw-0072972d743c78d14",
            "owner_id": "750353367788",
            "tags": {
              "kubernetes.io/cluster/kubernetes": "owned"
            },
            "tags_all": {
              "kubernetes.io/cluster/kubernetes": "owned"
            },
            "timeouts": null,
            "vpc_id": "vpc-0f17abab17e937a51"
          },
          "sensitive_attributes": [],
          "private": "eyJlMmJmYjczMC1lY2FhLTExZTYtOGY4OC0zNDM2M2JjN2M0YzAiOnsiY3JlYXRlIjoxMjAwMDAwMDAwMDAwLCJkZWxldGUiOjEyMDAwMDAwMDAwMDAsInVwZGF0ZSI6MTIwMDAwMDAwMDAwMH19",
          "dependencies": [
            "aws_vpc.kubernetes-vpc"
          ]
        }
      ]
    },
    {
      "mode": "managed",
      "type": "aws_key_pair",
      "name": "kubernets-ec2-key-pair",
      "provider": "provider[\"registry.terraform.io/hashicorp/aws\"]",
      "instances": [
        {
          "schema_version": 1,
          "attributes": {
            "arn": "arn:aws:ec2:eu-central-1:750353367788:key-pair/kubernetes-managment-key-pair",
            "fingerprint": "e8:c6:55:1d:a0:03:f2:36:45:e8:7f:a0:08:42:c1:6d",
            "id": "kubernetes-managment-key-pair",
            "key_name": "kubernetes-managment-key-pair",
            "key_name_prefix": "",
            "key_pair_id": "key-01e7c6d52f6261700",
            "key_type": "rsa",
            "public_key": "ssh-rsa AAAAB3NzaC1yc2EAAAADAQABAAABAQC6hF0aYLhY9vwbVmiNROIpLHuvK7gM4T2/cWyceFLlUh6NjZLIliMZ0s+Klmdxl0xa3LS4sddjcQV2VS01E02Nn3T4Zxbi/WANeOxVo7urECB6lJfn8cr5HhxkXaNbE793K67fTbylnFdrpVmu13EJZ2eeC1RQdN7SDWRDd9wwdNsYR8b4bhSxmiFi0lqiqOnQXv5WDqXGDYHDu8+PalyWShOWy9iCqglqB74pE8goiHxVQ68aCAWLyh3wY1+XZzquX3NT3K4vMnCZknqPKDcNg7yXnEPRaFIhL8/VrqR3krifcyMUowKzpAzvaZqK5ZMeN9kgc30RoHoTspFIEfrz",
            "tags": {},
            "tags_all": {}
          },
          "sensitive_attributes": [],
          "private": "eyJzY2hlbWFfdmVyc2lvbiI6IjEifQ==",
          "dependencies": [
            "tls_private_key.kubernetes-managment-key-pair"
          ]
        }
      ]
    },
    {
      "mode": "managed",
      "type": "aws_route_table",
      "name": "kubernetes-vpc-route-table",
      "provider": "provider[\"registry.terraform.io/hashicorp/aws\"]",
      "instances": [
        {
          "schema_version": 0,
          "attributes": {
            "arn": "arn:aws:ec2:eu-central-1:750353367788:route-table/rtb-0dbe357b836eeab15",
            "id": "rtb-0dbe357b836eeab15",
            "owner_id": "750353367788",
            "propagating_vgws": [],
            "route": [
              {
                "carrier_gateway_id": "",
                "cidr_block": "0.0.0.0/0",
                "core_network_arn": "",
                "destination_prefix_list_id": "",
                "egress_only_gateway_id": "",
                "gateway_id": "igw-0072972d743c78d14",
                "ipv6_cidr_block": "",
                "local_gateway_id": "",
                "nat_gateway_id": "",
                "network_interface_id": "",
                "transit_gateway_id": "",
                "vpc_endpoint_id": "",
                "vpc_peering_connection_id": ""
              }
            ],
            "tags": {
              "kubernetes.io/cluster/kubernetes": "owned"
            },
            "tags_all": {
              "kubernetes.io/cluster/kubernetes": "owned"
            },
            "timeouts": null,
            "vpc_id": "vpc-0f17abab17e937a51"
          },
          "sensitive_attributes": [],
          "private": "eyJlMmJmYjczMC1lY2FhLTExZTYtOGY4OC0zNDM2M2JjN2M0YzAiOnsiY3JlYXRlIjozMDAwMDAwMDAwMDAsImRlbGV0ZSI6MzAwMDAwMDAwMDAwLCJ1cGRhdGUiOjEyMDAwMDAwMDAwMH19",
          "dependencies": [
            "aws_internet_gateway.kubernetes-vpc-internet-gateway",
            "aws_vpc.kubernetes-vpc"
          ]
        }
      ]
    },
    {
      "mode": "managed",
      "type": "aws_route_table_association",
      "name": "kubernetes-vpc-route-table-associate-to-public-subnets",
      "provider": "provider[\"registry.terraform.io/hashicorp/aws\"]",
      "instances": [
        {
          "schema_version": 0,
          "attributes": {
            "gateway_id": "",
            "id": "rtbassoc-069a659053d12dd4e",
            "route_table_id": "rtb-0dbe357b836eeab15",
            "subnet_id": "subnet-01c66428ea5f3f169",
            "timeouts": null
          },
          "sensitive_attributes": [],
          "private": "eyJlMmJmYjczMC1lY2FhLTExZTYtOGY4OC0zNDM2M2JjN2M0YzAiOnsiY3JlYXRlIjozMDAwMDAwMDAwMDAsImRlbGV0ZSI6MzAwMDAwMDAwMDAwLCJ1cGRhdGUiOjEyMDAwMDAwMDAwMH19",
          "dependencies": [
            "aws_internet_gateway.kubernetes-vpc-internet-gateway",
            "aws_route_table.kubernetes-vpc-route-table",
            "aws_subnet.kubernetes-vpc-public-subnet",
            "aws_vpc.kubernetes-vpc"
          ]
        }
      ]
    },
    {
      "mode": "managed",
      "type": "aws_security_group",
      "name": "kubernetes-cluster-security-group",
      "provider": "provider[\"registry.terraform.io/hashicorp/aws\"]",
      "instances": [
        {
          "schema_version": 1,
          "attributes": {
            "arn": "arn:aws:ec2:eu-central-1:750353367788:security-group/sg-091109bf098f9018d",
            "description": "Allow the Kuberntes cluster to communicate internally and to be managed externally",
            "egress": [
              {
                "cidr_blocks": [
                  "0.0.0.0/0"
                ],
                "description": "",
                "from_port": 0,
                "ipv6_cidr_blocks": [],
                "prefix_list_ids": [],
                "protocol": "-1",
                "security_groups": [],
                "self": false,
                "to_port": 0
              }
            ],
            "id": "sg-091109bf098f9018d",
            "ingress": [
              {
                "cidr_blocks": [
                  "10.0.0.0/16",
                  "147.235.207.112/32"
                ],
                "description": "",
                "from_port": 0,
                "ipv6_cidr_blocks": [],
                "prefix_list_ids": [],
                "protocol": "-1",
                "security_groups": [],
                "self": false,
                "to_port": 0
              }
            ],
            "name": "kubernetes-cluster-security-group",
            "name_prefix": "",
            "owner_id": "750353367788",
            "revoke_rules_on_delete": false,
            "tags": {
              "kubernetes.io/cluster/kubernetes": "owned"
            },
            "tags_all": {
              "kubernetes.io/cluster/kubernetes": "owned"
            },
            "timeouts": null,
            "vpc_id": "vpc-0f17abab17e937a51"
          },
          "sensitive_attributes": [],
          "private": "eyJlMmJmYjczMC1lY2FhLTExZTYtOGY4OC0zNDM2M2JjN2M0YzAiOnsiY3JlYXRlIjo2MDAwMDAwMDAwMDAsImRlbGV0ZSI6OTAwMDAwMDAwMDAwfSwic2NoZW1hX3ZlcnNpb24iOiIxIn0=",
          "dependencies": [
            "aws_vpc.kubernetes-vpc"
          ]
        }
      ]
    },
    {
      "mode": "managed",
      "type": "aws_subnet",
      "name": "kubernetes-vpc-public-subnet",
      "provider": "provider[\"registry.terraform.io/hashicorp/aws\"]",
      "instances": [
        {
          "schema_version": 1,
          "attributes": {
            "arn": "arn:aws:ec2:eu-central-1:750353367788:subnet/subnet-01c66428ea5f3f169",
            "assign_ipv6_address_on_creation": false,
            "availability_zone": "eu-central-1a",
            "availability_zone_id": "euc1-az2",
            "cidr_block": "10.0.1.0/24",
            "customer_owned_ipv4_pool": "",
            "enable_dns64": false,
            "enable_lni_at_device_index": 0,
            "enable_resource_name_dns_a_record_on_launch": false,
            "enable_resource_name_dns_aaaa_record_on_launch": false,
            "id": "subnet-01c66428ea5f3f169",
            "ipv6_cidr_block": "",
            "ipv6_cidr_block_association_id": "",
            "ipv6_native": false,
            "map_customer_owned_ip_on_launch": false,
            "map_public_ip_on_launch": false,
            "outpost_arn": "",
            "owner_id": "750353367788",
            "private_dns_hostname_type_on_launch": "ip-name",
            "tags": {
              "kubernetes.io/cluster/kubernetes": "owned"
            },
            "tags_all": {
              "kubernetes.io/cluster/kubernetes": "owned"
            },
            "timeouts": null,
            "vpc_id": "vpc-0f17abab17e937a51"
          },
          "sensitive_attributes": [],
          "private": "eyJlMmJmYjczMC1lY2FhLTExZTYtOGY4OC0zNDM2M2JjN2M0YzAiOnsiY3JlYXRlIjo2MDAwMDAwMDAwMDAsImRlbGV0ZSI6MTIwMDAwMDAwMDAwMH0sInNjaGVtYV92ZXJzaW9uIjoiMSJ9",
          "dependencies": [
            "aws_vpc.kubernetes-vpc"
          ]
        }
      ]
    },
    {
      "mode": "managed",
      "type": "aws_vpc",
      "name": "kubernetes-vpc",
      "provider": "provider[\"registry.terraform.io/hashicorp/aws\"]",
      "instances": [
        {
          "schema_version": 1,
          "attributes": {
            "arn": "arn:aws:ec2:eu-central-1:750353367788:vpc/vpc-0f17abab17e937a51",
            "assign_generated_ipv6_cidr_block": false,
            "cidr_block": "10.0.0.0/16",
            "default_network_acl_id": "acl-041a0de4d205d5ce5",
            "default_route_table_id": "rtb-09c54a7ae9701cb6c",
            "default_security_group_id": "sg-06b4d204c4b59c0cd",
            "dhcp_options_id": "dopt-0e9da1acacc25594b",
            "enable_dns_hostnames": false,
            "enable_dns_support": true,
            "enable_network_address_usage_metrics": false,
            "id": "vpc-0f17abab17e937a51",
            "instance_tenancy": "default",
            "ipv4_ipam_pool_id": null,
            "ipv4_netmask_length": null,
            "ipv6_association_id": "",
            "ipv6_cidr_block": "",
            "ipv6_cidr_block_network_border_group": "",
            "ipv6_ipam_pool_id": "",
            "ipv6_netmask_length": 0,
            "main_route_table_id": "rtb-09c54a7ae9701cb6c",
            "owner_id": "750353367788",
            "tags": {
              "kubernetes.io/cluster/kubernetes": "owned"
            },
            "tags_all": {
              "kubernetes.io/cluster/kubernetes": "owned"
            }
          },
          "sensitive_attributes": [],
          "private": "eyJzY2hlbWFfdmVyc2lvbiI6IjEifQ=="
        }
      ]
    },
    {
      "mode": "managed",
      "type": "aws_vpc_security_group_egress_rule",
      "name": "OutboundSecurityGroupAllowAllPublicTraffic",
      "provider": "provider[\"registry.terraform.io/hashicorp/aws\"]",
      "instances": [
        {
          "schema_version": 0,
          "attributes": {
            "arn": "arn:aws:ec2:eu-central-1:750353367788:security-group-rule/sgr-04af246da561e927a",
            "cidr_ipv4": "0.0.0.0/0",
            "cidr_ipv6": null,
            "description": null,
            "from_port": null,
            "id": "sgr-04af246da561e927a",
            "ip_protocol": "-1",
            "prefix_list_id": null,
            "referenced_security_group_id": null,
            "security_group_id": "sg-091109bf098f9018d",
            "security_group_rule_id": "sgr-04af246da561e927a",
            "tags": null,
            "tags_all": {},
            "to_port": null
          },
          "sensitive_attributes": [],
          "dependencies": [
            "aws_security_group.kubernetes-cluster-security-group",
            "aws_vpc.kubernetes-vpc"
          ]
        }
      ]
    },
    {
      "mode": "managed",
      "type": "aws_vpc_security_group_ingress_rule",
      "name": "InboundSecurityGroupAllowAllPrivateTraffic",
      "provider": "provider[\"registry.terraform.io/hashicorp/aws\"]",
      "instances": [
        {
          "schema_version": 0,
          "attributes": {
            "arn": "arn:aws:ec2:eu-central-1:750353367788:security-group-rule/sgr-07175b0df41dc9bcf",
            "cidr_ipv4": "10.0.0.0/16",
            "cidr_ipv6": null,
            "description": null,
            "from_port": null,
            "id": "sgr-07175b0df41dc9bcf",
            "ip_protocol": "-1",
            "prefix_list_id": null,
            "referenced_security_group_id": null,
            "security_group_id": "sg-091109bf098f9018d",
            "security_group_rule_id": "sgr-07175b0df41dc9bcf",
            "tags": null,
            "tags_all": {},
            "to_port": null
          },
          "sensitive_attributes": [],
          "dependencies": [
            "aws_security_group.kubernetes-cluster-security-group",
            "aws_vpc.kubernetes-vpc"
          ]
        }
      ]
    },
    {
      "mode": "managed",
      "type": "aws_vpc_security_group_ingress_rule",
      "name": "InboundSecurityGroupAllowAllPublicTraffic",
      "provider": "provider[\"registry.terraform.io/hashicorp/aws\"]",
      "instances": [
        {
          "index_key": 0,
          "schema_version": 0,
          "attributes": {
            "arn": "arn:aws:ec2:eu-central-1:750353367788:security-group-rule/sgr-03e0b28eb9b3c724a",
            "cidr_ipv4": "147.235.207.112/32",
            "cidr_ipv6": null,
            "description": null,
            "from_port": null,
            "id": "sgr-03e0b28eb9b3c724a",
            "ip_protocol": "-1",
            "prefix_list_id": null,
            "referenced_security_group_id": null,
            "security_group_id": "sg-091109bf098f9018d",
            "security_group_rule_id": "sgr-03e0b28eb9b3c724a",
            "tags": null,
            "tags_all": {},
            "to_port": null
          },
          "sensitive_attributes": [],
          "dependencies": [
            "aws_security_group.kubernetes-cluster-security-group",
            "aws_vpc.kubernetes-vpc"
          ]
        }
      ]
    },
    {
      "mode": "managed",
      "type": "local_file",
      "name": "kubernetes-ec2-generated-public-key-file",
      "provider": "provider[\"registry.terraform.io/hashicorp/local\"]",
      "instances": [
        {
          "schema_version": 0,
          "attributes": {
            "content": "-----BEGIN RSA PRIVATE KEY-----\nMIIEowIBAAKCAQEAuoRdGmC4WPb8G1ZojUTiKSx7ryu4DOE9v3FsnHhS5VIejY2S\nyJYjGdLPipZncZdMWty0uLHXY3EFdlUtNRNNjZ90+GcW4v1gDXjsVaO7qxAgepSX\n5/HK+R4cZF2jWxO/dyuu3028pZxXa6VZrtdxCWdnngtUUHTe0g1kQ3fcMHTbGEfG\n+G4UsZohYtJaoqjp0F7+Vg6lxg2Bw7vPj2pclkoTlsvYgqoJage+KRPIKIh8VUOv\nGggFi8od8GNfl2c6rl9zU9yuLzJwmZJ6jyg3DYO8l5xD0WhSIS/P1a6kd5K4n3Mj\nFKMCs6QM72maiuWTHjfZIHN9EaB6E7KRSBH68wIDAQABAoIBADQ7dxs49MctO4Ko\nWxUcsj0XkPeIRb2Nok4nhGP5KjXAHoBDolR7/w5vQ+GqpwNffGmBnzaNzySw9Pej\neMqBQlmjywz5SaZ9kFWVhJGjDZ4lIQNS84tn4hCLhyXwNxv9VsQXvpwYV/kE5FJn\n9sqI2MXqaFERGSaC5Bds2qQuP8JtrHU5KEW1nfMdVpFQ2zJiA0Qkz/ykr6awTHuw\nc2NeCzMIRCqjL3KEyRWAaDDifLDVNPUh16Og8YNUU0ZfJ8ZF/2IRhe0iYOIsIHT3\nSL+L4GDedq5AjenRvLlohZxJ5AUjY9ZE0xmvjZV5LogAQP5yTr5BtsXKHGGMxr1C\nF+I60wkCgYEA6feIC7uCN3n7U76ggoxvw4nAog3ThVGBEk4HN+BxKLYWr4NnBqB3\nZtjkXme/Hj2HrCKmKz8M+EEB0i2crd7nQXlw7qpTuJdsmdgZZs0tgaSN9bCItLFx\nVHkBKRHOYcOjtYlfmcjPsW8S6rWCmDMCcYkBAw3t0Q42enmP5gPM7M8CgYEAzBTp\nceliYHbNxdzj4Le7ZKbycPYwfmiGiF9OBt7za4QXVl2U+DDWUHYHcGt3mN5E+72h\nbIM/1LLT67NXyUm5A65pedCg/h8sJMT2t4R8IB7zWy5WPtEwBPbLJC4obTtiLDKe\nuZfkdORzLABsQspU9rJf33BXsdk+ucK25kr/QJ0CgYByKyPr9bf5MkD+AIt6qOTw\n2gtyCKUq7Ta6o/DJx2/wmcpAIzLm/O7G9RebKa0NKKFH0jCb8cx2Z+JnmXJXNepK\n/OOq0tq/vMR13gmnLIAEPzQ2q8pJwjy3J8T1MYcwFbORJlPMSz1uK/FjLudnNZz/\nogcoYmemF/VllmQtrbUV6QKBgEkPe3tiV+u83HHnYFVEsXuZINY77KR0eyU7KU3g\nZzioc0ph+kDYCwGHH6apcolxmTSecLnOSv20f5W0AMt47xlYST5o6BnRwxXuxXxx\nm5ZMPkb4UbvvW8eLKrJrK+HfDohQHu7GZ+1JE8o+5IMMuFoRBa2SJHLxGTmbcasE\nUlkpAoGBAI+QrwajY4PzuM49rM2FBFsbdDZEahpcr9wYIWOBNw7STqTr4I3oQouS\nti7RR1w1iBrrZ801Nj38VQtVu5oPiEHwWswTJA9blIYK6E7+U3VyHmE4aPTJeNdt\nQe1Yu9SKBT2RurM+C23ecHuGVgMcdPFc9rPEF4y0vOoBuX/uAj+d\n-----END RSA PRIVATE KEY-----\n",
            "content_base64": null,
            "content_base64sha256": "fo2hzOUAFCjXhk86WWFpuAF1vbWnfMJYN2y7VitR/Qc=",
            "content_base64sha512": "9fpsf4OI+CMcHwJHytOCHB+/ew0rinB14ZhcfqheszXrDfaXuBVCdpvoW9dnTpBCaaQLVaOnLhV/wzgIu6+sOg==",
            "content_md5": "eb17718eb9e81778e6cc639c2d6c29ea",
            "content_sha1": "a7499c237defd5bb74375c12930a124ae8128c19",
            "content_sha256": "7e8da1cce5001428d7864f3a596169b80175bdb5a77cc258376cbb562b51fd07",
            "content_sha512": "f5fa6c7f8388f8231c1f0247cad3821c1fbf7b0d2b8a7075e1985c7ea85eb335eb0df697b81542769be85bd7674e904269a40b55a3a72e157fc33808bbafac3a",
            "directory_permission": "0777",
            "file_permission": "0400",
            "filename": "kubernetes-managment-key-pair-private.pem",
            "id": "a7499c237defd5bb74375c12930a124ae8128c19",
            "sensitive_content": null,
            "source": null
          },
          "sensitive_attributes": [
            [
              {
                "type": "get_attr",
                "value": "content"
              }
            ]
          ],
          "dependencies": [
            "tls_private_key.kubernetes-managment-key-pair"
          ]
        }
      ]
    },
    {
      "mode": "managed",
      "type": "tls_private_key",
      "name": "kubernetes-managment-key-pair",
      "provider": "provider[\"registry.terraform.io/hashicorp/tls\"]",
      "instances": [
        {
          "schema_version": 1,
          "attributes": {
            "algorithm": "RSA",
            "ecdsa_curve": "P224",
            "id": "71e0b8727b884cf63d8d87e2a416683131a8dc8f",
            "private_key_openssh": "-----BEGIN OPENSSH PRIVATE KEY-----\nb3BlbnNzaC1rZXktdjEAAAAABG5vbmUAAAAEbm9uZQAAAAAAAAABAAABFwAAAAdz\nc2gtcnNhAAAAAwEAAQAAAQEAuoRdGmC4WPb8G1ZojUTiKSx7ryu4DOE9v3FsnHhS\n5VIejY2SyJYjGdLPipZncZdMWty0uLHXY3EFdlUtNRNNjZ90+GcW4v1gDXjsVaO7\nqxAgepSX5/HK+R4cZF2jWxO/dyuu3028pZxXa6VZrtdxCWdnngtUUHTe0g1kQ3fc\nMHTbGEfG+G4UsZohYtJaoqjp0F7+Vg6lxg2Bw7vPj2pclkoTlsvYgqoJage+KRPI\nKIh8VUOvGggFi8od8GNfl2c6rl9zU9yuLzJwmZJ6jyg3DYO8l5xD0WhSIS/P1a6k\nd5K4n3MjFKMCs6QM72maiuWTHjfZIHN9EaB6E7KRSBH68wAAA7iWh5HCloeRwgAA\nAAdzc2gtcnNhAAABAQC6hF0aYLhY9vwbVmiNROIpLHuvK7gM4T2/cWyceFLlUh6N\njZLIliMZ0s+Klmdxl0xa3LS4sddjcQV2VS01E02Nn3T4Zxbi/WANeOxVo7urECB6\nlJfn8cr5HhxkXaNbE793K67fTbylnFdrpVmu13EJZ2eeC1RQdN7SDWRDd9wwdNsY\nR8b4bhSxmiFi0lqiqOnQXv5WDqXGDYHDu8+PalyWShOWy9iCqglqB74pE8goiHxV\nQ68aCAWLyh3wY1+XZzquX3NT3K4vMnCZknqPKDcNg7yXnEPRaFIhL8/VrqR3krif\ncyMUowKzpAzvaZqK5ZMeN9kgc30RoHoTspFIEfrzAAAAAwEAAQAAAQA0O3cbOPTH\nLTuCqFsVHLI9F5D3iEW9jaJOJ4Rj+So1wB6AQ6JUe/8Ob0PhqqcDX3xpgZ82jc8k\nsPT3o3jKgUJZo8sM+UmmfZBVlYSRow2eJSEDUvOLZ+IQi4cl8Dcb/VbEF76cGFf5\nBORSZ/bKiNjF6mhRERkmguQXbNqkLj/Cbax1OShFtZ3zHVaRUNsyYgNEJM/8pK+m\nsEx7sHNjXgszCEQqoy9yhMkVgGgw4nyw1TT1IdejoPGDVFNGXyfGRf9iEYXtImDi\nLCB090i/i+Bg3nauQI3p0by5aIWcSeQFI2PWRNMZr42VeS6IAED+ck6+QbbFyhxh\njMa9QhfiOtMJAAAAgQCPkK8Go2OD87jOPazNhQRbG3Q2RGoaXK/cGCFjgTcO0k6k\n6+CN6EKLkrYu0UdcNYga62fNNTY9/FULVbuaD4hB8FrMEyQPW5SGCuhO/lN1ch5h\nOGj0yXjXbUHtWLvUigU9kbqzPgtt3nB7hlYDHHTxXPazxBeMtLzqAbl/7gI/nQAA\nAIEA6feIC7uCN3n7U76ggoxvw4nAog3ThVGBEk4HN+BxKLYWr4NnBqB3ZtjkXme/\nHj2HrCKmKz8M+EEB0i2crd7nQXlw7qpTuJdsmdgZZs0tgaSN9bCItLFxVHkBKRHO\nYcOjtYlfmcjPsW8S6rWCmDMCcYkBAw3t0Q42enmP5gPM7M8AAACBAMwU6XHpYmB2\nzcXc4+C3u2Sm8nD2MH5ohohfTgbe82uEF1ZdlPgw1lB2B3Brd5jeRPu9oWyDP9Sy\n0+uzV8lJuQOuaXnQoP4fLCTE9reEfCAe81suVj7RMAT2yyQuKG07YiwynrmX5HTk\ncywAbELKVPayX99wV7HZPrnCtuZK/0CdAAAAAAEC\n-----END OPENSSH PRIVATE KEY-----\n",
            "private_key_pem": "-----BEGIN RSA PRIVATE KEY-----\nMIIEowIBAAKCAQEAuoRdGmC4WPb8G1ZojUTiKSx7ryu4DOE9v3FsnHhS5VIejY2S\nyJYjGdLPipZncZdMWty0uLHXY3EFdlUtNRNNjZ90+GcW4v1gDXjsVaO7qxAgepSX\n5/HK+R4cZF2jWxO/dyuu3028pZxXa6VZrtdxCWdnngtUUHTe0g1kQ3fcMHTbGEfG\n+G4UsZohYtJaoqjp0F7+Vg6lxg2Bw7vPj2pclkoTlsvYgqoJage+KRPIKIh8VUOv\nGggFi8od8GNfl2c6rl9zU9yuLzJwmZJ6jyg3DYO8l5xD0WhSIS/P1a6kd5K4n3Mj\nFKMCs6QM72maiuWTHjfZIHN9EaB6E7KRSBH68wIDAQABAoIBADQ7dxs49MctO4Ko\nWxUcsj0XkPeIRb2Nok4nhGP5KjXAHoBDolR7/w5vQ+GqpwNffGmBnzaNzySw9Pej\neMqBQlmjywz5SaZ9kFWVhJGjDZ4lIQNS84tn4hCLhyXwNxv9VsQXvpwYV/kE5FJn\n9sqI2MXqaFERGSaC5Bds2qQuP8JtrHU5KEW1nfMdVpFQ2zJiA0Qkz/ykr6awTHuw\nc2NeCzMIRCqjL3KEyRWAaDDifLDVNPUh16Og8YNUU0ZfJ8ZF/2IRhe0iYOIsIHT3\nSL+L4GDedq5AjenRvLlohZxJ5AUjY9ZE0xmvjZV5LogAQP5yTr5BtsXKHGGMxr1C\nF+I60wkCgYEA6feIC7uCN3n7U76ggoxvw4nAog3ThVGBEk4HN+BxKLYWr4NnBqB3\nZtjkXme/Hj2HrCKmKz8M+EEB0i2crd7nQXlw7qpTuJdsmdgZZs0tgaSN9bCItLFx\nVHkBKRHOYcOjtYlfmcjPsW8S6rWCmDMCcYkBAw3t0Q42enmP5gPM7M8CgYEAzBTp\nceliYHbNxdzj4Le7ZKbycPYwfmiGiF9OBt7za4QXVl2U+DDWUHYHcGt3mN5E+72h\nbIM/1LLT67NXyUm5A65pedCg/h8sJMT2t4R8IB7zWy5WPtEwBPbLJC4obTtiLDKe\nuZfkdORzLABsQspU9rJf33BXsdk+ucK25kr/QJ0CgYByKyPr9bf5MkD+AIt6qOTw\n2gtyCKUq7Ta6o/DJx2/wmcpAIzLm/O7G9RebKa0NKKFH0jCb8cx2Z+JnmXJXNepK\n/OOq0tq/vMR13gmnLIAEPzQ2q8pJwjy3J8T1MYcwFbORJlPMSz1uK/FjLudnNZz/\nogcoYmemF/VllmQtrbUV6QKBgEkPe3tiV+u83HHnYFVEsXuZINY77KR0eyU7KU3g\nZzioc0ph+kDYCwGHH6apcolxmTSecLnOSv20f5W0AMt47xlYST5o6BnRwxXuxXxx\nm5ZMPkb4UbvvW8eLKrJrK+HfDohQHu7GZ+1JE8o+5IMMuFoRBa2SJHLxGTmbcasE\nUlkpAoGBAI+QrwajY4PzuM49rM2FBFsbdDZEahpcr9wYIWOBNw7STqTr4I3oQouS\nti7RR1w1iBrrZ801Nj38VQtVu5oPiEHwWswTJA9blIYK6E7+U3VyHmE4aPTJeNdt\nQe1Yu9SKBT2RurM+C23ecHuGVgMcdPFc9rPEF4y0vOoBuX/uAj+d\n-----END RSA PRIVATE KEY-----\n",
            "private_key_pem_pkcs8": "-----BEGIN PRIVATE KEY-----\nMIIEvQIBADANBgkqhkiG9w0BAQEFAASCBKcwggSjAgEAAoIBAQC6hF0aYLhY9vwb\nVmiNROIpLHuvK7gM4T2/cWyceFLlUh6NjZLIliMZ0s+Klmdxl0xa3LS4sddjcQV2\nVS01E02Nn3T4Zxbi/WANeOxVo7urECB6lJfn8cr5HhxkXaNbE793K67fTbylnFdr\npVmu13EJZ2eeC1RQdN7SDWRDd9wwdNsYR8b4bhSxmiFi0lqiqOnQXv5WDqXGDYHD\nu8+PalyWShOWy9iCqglqB74pE8goiHxVQ68aCAWLyh3wY1+XZzquX3NT3K4vMnCZ\nknqPKDcNg7yXnEPRaFIhL8/VrqR3krifcyMUowKzpAzvaZqK5ZMeN9kgc30RoHoT\nspFIEfrzAgMBAAECggEANDt3Gzj0xy07gqhbFRyyPReQ94hFvY2iTieEY/kqNcAe\ngEOiVHv/Dm9D4aqnA198aYGfNo3PJLD096N4yoFCWaPLDPlJpn2QVZWEkaMNniUh\nA1Lzi2fiEIuHJfA3G/1WxBe+nBhX+QTkUmf2yojYxepoUREZJoLkF2zapC4/wm2s\ndTkoRbWd8x1WkVDbMmIDRCTP/KSvprBMe7BzY14LMwhEKqMvcoTJFYBoMOJ8sNU0\n9SHXo6Dxg1RTRl8nxkX/YhGF7SJg4iwgdPdIv4vgYN52rkCN6dG8uWiFnEnkBSNj\n1kTTGa+NlXkuiABA/nJOvkG2xcocYYzGvUIX4jrTCQKBgQDp94gLu4I3eftTvqCC\njG/DicCiDdOFUYESTgc34HEothavg2cGoHdm2OReZ78ePYesIqYrPwz4QQHSLZyt\n3udBeXDuqlO4l2yZ2BlmzS2BpI31sIi0sXFUeQEpEc5hw6O1iV+ZyM+xbxLqtYKY\nMwJxiQEDDe3RDjZ6eY/mA8zszwKBgQDMFOlx6WJgds3F3OPgt7tkpvJw9jB+aIaI\nX04G3vNrhBdWXZT4MNZQdgdwa3eY3kT7vaFsgz/UstPrs1fJSbkDrml50KD+Hywk\nxPa3hHwgHvNbLlY+0TAE9sskLihtO2IsMp65l+R05HMsAGxCylT2sl/fcFex2T65\nwrbmSv9AnQKBgHIrI+v1t/kyQP4Ai3qo5PDaC3IIpSrtNrqj8MnHb/CZykAjMub8\n7sb1F5sprQ0ooUfSMJvxzHZn4meZclc16kr846rS2r+8xHXeCacsgAQ/NDaryknC\nPLcnxPUxhzAVs5EmU8xLPW4r8WMu52c1nP+iByhiZ6YX9WWWZC2ttRXpAoGASQ97\ne2JX67zccedgVUSxe5kg1jvspHR7JTspTeBnOKhzSmH6QNgLAYcfpqlyiXGZNJ5w\nuc5K/bR/lbQAy3jvGVhJPmjoGdHDFe7FfHGblkw+RvhRu+9bx4sqsmsr4d8OiFAe\n7sZn7UkTyj7kgwy4WhEFrZIkcvEZOZtxqwRSWSkCgYEAj5CvBqNjg/O4zj2szYUE\nWxt0NkRqGlyv3BghY4E3DtJOpOvgjehCi5K2LtFHXDWIGutnzTU2PfxVC1W7mg+I\nQfBazBMkD1uUhgroTv5TdXIeYTho9Ml4121B7Vi71IoFPZG6sz4Lbd5we4ZWAxx0\n8Vz2s8QXjLS86gG5f+4CP50=\n-----END PRIVATE KEY-----\n",
            "public_key_fingerprint_md5": "4d:53:97:23:0e:83:dc:e8:ff:1d:3c:39:1b:42:60:c2",
            "public_key_fingerprint_sha256": "SHA256:Mt1jwwMyrbm8tDrNxEcNF3MVbJd41V4WoSoGdoDRPbU",
            "public_key_openssh": "ssh-rsa AAAAB3NzaC1yc2EAAAADAQABAAABAQC6hF0aYLhY9vwbVmiNROIpLHuvK7gM4T2/cWyceFLlUh6NjZLIliMZ0s+Klmdxl0xa3LS4sddjcQV2VS01E02Nn3T4Zxbi/WANeOxVo7urECB6lJfn8cr5HhxkXaNbE793K67fTbylnFdrpVmu13EJZ2eeC1RQdN7SDWRDd9wwdNsYR8b4bhSxmiFi0lqiqOnQXv5WDqXGDYHDu8+PalyWShOWy9iCqglqB74pE8goiHxVQ68aCAWLyh3wY1+XZzquX3NT3K4vMnCZknqPKDcNg7yXnEPRaFIhL8/VrqR3krifcyMUowKzpAzvaZqK5ZMeN9kgc30RoHoTspFIEfrz\n",
            "public_key_pem": "-----BEGIN PUBLIC KEY-----\nMIIBIjANBgkqhkiG9w0BAQEFAAOCAQ8AMIIBCgKCAQEAuoRdGmC4WPb8G1ZojUTi\nKSx7ryu4DOE9v3FsnHhS5VIejY2SyJYjGdLPipZncZdMWty0uLHXY3EFdlUtNRNN\njZ90+GcW4v1gDXjsVaO7qxAgepSX5/HK+R4cZF2jWxO/dyuu3028pZxXa6VZrtdx\nCWdnngtUUHTe0g1kQ3fcMHTbGEfG+G4UsZohYtJaoqjp0F7+Vg6lxg2Bw7vPj2pc\nlkoTlsvYgqoJage+KRPIKIh8VUOvGggFi8od8GNfl2c6rl9zU9yuLzJwmZJ6jyg3\nDYO8l5xD0WhSIS/P1a6kd5K4n3MjFKMCs6QM72maiuWTHjfZIHN9EaB6E7KRSBH6\n8wIDAQAB\n-----END PUBLIC KEY-----\n",
            "rsa_bits": 2048
          },
          "sensitive_attributes": []
        }
      ]
    }
  ],
  "check_results": null
}
